{
  "version": 4,
  "terraform_version": "1.9.5",
  "serial": 71,
  "lineage": "4ad80326-3eb1-de54-e2a5-040273063e12",
  "outputs": {},
  "resources": [
    {
      "module": "module.aci",
      "mode": "data",
      "type": "utils_yaml_merge",
      "name": "defaults",
      "provider": "provider[\"registry.terraform.io/netascode/utils\"]",
      "instances": [
        {
          "schema_version": 0,
          "attributes": {
            "id": "18275245529382027051e3eebebf2b06f3fd89b4",
            "input": [
              "---\ndefaults:\n  apic:\n    version: \"5.2.1g\"\n    auto_generate_switch_pod_profiles: false\n    auto_generate_pod_profiles: false\n    auto_generate_fabric_leaf_switch_interface_profiles: false\n    auto_generate_fabric_spine_switch_interface_profiles: false\n    auto_generate_access_leaf_switch_interface_profiles: false\n    auto_generate_access_spine_switch_interface_profiles: false\n    new_interface_configuration: false\n    fabric_policies:\n      leaf_switch_profile_name: \"LEAF\\\\g\u003cid\u003e\"\n      leaf_interface_profile_name: \"LEAF\\\\g\u003cid\u003e\"\n      leaf_switch_selector_name: \"LEAF\\\\g\u003cid\u003e\"\n      leaf_interface_selector_name: \"ETH\\\\g\u003cmod\u003e-\\\\g\u003cport\u003e\"\n      spine_switch_profile_name: \"SPINE\\\\g\u003cid\u003e\"\n      spine_interface_profile_name: \"SPINE\\\\g\u003cid\u003e\"\n      spine_switch_selector_name: \"SPINE\\\\g\u003cid\u003e\"\n      spine_interface_selector_name: \"ETH\\\\g\u003cmod\u003e-\\\\g\u003cport\u003e\"\n      pod_profile_name: \"POD\\\\g\u003cid\u003e\"\n      pod_profile_pod_selector_name: \"POD\\\\g\u003cid\u003e\"\n      apic_conn_pref: inband\n      banners:\n        apic_gui_alias: \"\"\n        apic_gui_banner_url: \"\"\n        apic_cli_banner: \"\"\n        switch_cli_banner: \"\"\n      ep_loop_protection:\n        admin_state: false\n        detection_interval: 60\n        detection_multiplier: 4\n        action: bd-learn-disable\n      rogue_ep_control:\n        admin_state: true\n        detection_interval: 30\n        detection_multiplier: 10\n        hold_interval: 1800\n      global_settings:\n        domain_validation: true\n        enforce_subnet_check: true\n        opflex_authentication: false\n        disable_remote_endpoint_learn: false\n        overlapping_vlan_validation: true\n        remote_leaf_direct: true\n        reallocate_gipo: false\n      port_tracking:\n        admin_state: true\n        delay: 120\n        min_links: 0\n        include_apic: false\n      ptp:\n        admin_state: false\n        global_domain: 0\n        profile: aes67\n        announce_interval: 1\n        announce_timeout: 3\n        sync_interval: -3\n        delay_interval: -2\n      ip_aging: true\n      ignore_acked_faults: false\n      use_infra_gipo: false\n      fabric_isis_redistribute_metric: 60\n      fabric_isis_bfd: true\n      fabric_bgp_rr:\n        pod_id: 1\n      fabric_bgp_ext_rr:\n        pod_id: 1\n      date_time_format:\n        display_format: local\n        timezone: p0_UTC\n        show_offset: true\n      dns_policies:\n        name_suffix: \"\"\n        mgmt_epg: inb\n        mgmt_epg_oob: default\n        providers:\n          preferred: false\n        domains:\n          default: true\n      err_disabled_recovery:\n        interval: 300\n        mcp_loop: false\n        ep_move: false\n        bpdu_guard: false\n      coop_group_policy: strict\n      l2_port_mtu: 9000\n      pod_policy_groups:\n        name_suffix: \"\"\n      pod_profiles:\n        name_suffix: \"\"\n        selectors:\n          type: range\n          name_suffix: \"\"\n          pod_blocks:\n            name_suffix: \"\"\n      pod_policies:\n        date_time_policies:\n          name_suffix: \"\"\n          ntp_admin_state: true\n          ntp_auth_state: false\n          apic_ntp_server_state: false\n          apic_ntp_server_master_mode: false\n          apic_ntp_server_master_stratum: 8\n          ntp_servers:\n            preferred: true\n            mgmt_epg: inb\n        snmp_policies:\n          name_suffix: \"\"\n          admin_state: true\n          location: \"\"\n          contact: \"\"\n          users:\n            authorization_type: hmac-sha1-96\n            privacy_type: aes-128\n          trap_forwarders:\n            port: 162\n          clients:\n            name_suffix: \"\"\n        management_access_policies:\n          name_suffix: \"\"\n          telnet:\n            admin_state: false\n            port: 23\n          ssh:\n            admin_state: true\n            port: 22\n            password_auth: true\n            aes128_ctr: true\n            aes128_gcm: true\n            aes192_ctr: true\n            aes256_ctr: true\n            aes256_gcm: false\n            chacha: true\n            hmac_sha1: true\n            hmac_sha2_256: true\n            hmac_sha2_512: true\n            curve25519_sha256: false\n            curve25519_sha256_libssh: false\n            dh1_sha1: false\n            dh14_sha1: false\n            dh14_sha256: false\n            dh16_sha512: false\n            ecdh_sha2_nistp256: false\n            ecdh_sha2_nistp384: false\n            ecdh_sha2_nistp521: false\n          https:\n            admin_state: true\n            client_cert_auth_state: false\n            dh: \"none\"\n            port: 443\n            key_ring: default\n            tlsv1: false\n            tlsv1_1: true\n            tlsv1_2: true\n            tlsv1_3: false\n          http:\n            admin_state: false\n            port: 80\n      switch_policies:\n        node_control_policies:\n          name_suffix: \"\"\n          telemetry: telemetry\n          dom: true\n        psu_policies:\n          name_suffix: \"\"\n      leaf_switch_policy_groups:\n        name_suffix: \"\"\n      spine_switch_policy_groups:\n        name_suffix: \"\"\n      leaf_switch_profiles:\n        name_suffix: \"\"\n        selectors:\n          name_suffix: \"\"\n          node_blocks:\n            name_suffix: \"\"\n      spine_switch_profiles:\n        name_suffix: \"\"\n        selectors:\n          name_suffix: \"\"\n          node_blocks:\n            name_suffix: \"\"\n      leaf_interface_policy_groups:\n        name_suffix: \"\"\n      spine_interface_policy_groups:\n        name_suffix: \"\"\n      leaf_interface_profiles:\n        name_suffix: \"\"\n      spine_interface_profiles:\n        name_suffix: \"\"\n      external_connectivity_policy:\n        name_suffix: \"\"\n        fabric_id: 1\n        site_id: 1\n        route_target: extended:as2-nn4:5:16\n        routing_profiles:\n          name_suffix: \"\"\n      infra_dscp_translation_policy:\n        admin_state: false\n        control_plane: CS7\n        level_1: EF\n        level_2: CS3\n        level_3: CS0\n        level_4: AF11\n        level_5: AF21\n        level_6: AF31\n        policy_plane: CS4\n        span: CS1\n        traceroute: CS2\n      vmware_vmm_domains:\n        name_suffix: \"\"\n        access_mode: read-write\n        delimiter: \"\"\n        tag_collection: false\n        vswitch:\n          enhanced_lags:\n            name_suffix: \"\"\n            mode: active\n            lb_mode: src-dst-ip\n            num_links: 2\n        credential_policies:\n          name_suffix: \"\"\n        vcenters:\n          name_suffix: \"\"\n          mgmt_epg: inb\n          dvs_version: unmanaged\n          statistics: false\n      aaa:\n        remote_user_login_policy: no-login\n        default_fallback_check: false\n        default_realm: local\n        console_realm: local\n        security_domains:\n          restricted_rbac_domain: false\n        management_settings:\n          password_strength_check: false\n          password_strength_profile:\n            password_mininum_length: 8\n            password_maximum_length: 64\n            password_strength_test_type: default\n            password_class_flags:\n              - digits\n              - lowercase\n              - uppercase\n          password_change_during_interval: true\n          password_change_count: 2\n          password_change_interval: 48\n          password_no_change_interval: 24\n          password_history_count: 5\n          web_token_timeout: 600\n          web_token_max_validity: 24\n          web_session_idle_timeout: 1200\n          include_refresh_session_records: true\n          enable_login_block: false\n          login_block_duration: 60\n          login_max_failed_attempts: 5\n          login_max_failed_attempts_window: 5\n        tacacs_providers:\n          protocol: pap\n          monitoring: false\n          port: 49\n          retries: 1\n          timeout: 5\n          mgmt_epg: inb\n        radius_providers:\n          protocol: pap\n          monitoring: false\n          port: 1812\n          retries: 1\n          timeout: 5\n          mgmt_epg: inb\n        login_domains:\n          auth_choice: CiscoAVPair\n          tacacs_providers:\n            priority: 0\n          ldap_providers:\n            priority: 0\n          radius_providers:\n            priority: 0\n        users:\n          status: active\n          expires: false\n          domains:\n            roles:\n              privilege_type: write\n        ca_certificates:\n          name_suffix: \"\"\n        key_rings:\n          name_suffix: \"\"\n          modulus: \"mod2048\"\n        ldap:\n          providers:\n            enable_ssl: false\n            monitoring_username: default\n            server_monitoring: false\n            port: 389\n            retries: 1\n            ssl_validation_level: strict\n            timeout: 30\n            mgmt_epg: inb\n          group_map_rules:\n            security_domains:\n              roles:\n                privilege_type: write\n      remote_locations:\n        name_suffix: \"\"\n        auth_type: password\n        path: \"/\"\n        mgmt_epg: inb\n      geolocation:\n        sites:\n          name_suffix: \"\"\n          buildings:\n            name_suffix: \"\"\n            floors:\n              name_suffix: \"\"\n              rooms:\n                name_suffix: \"\"\n                rows:\n                  name_suffix: \"\"\n                  racks:\n                    name_suffix: \"\"\n      schedulers:\n        name_suffix: \"\"\n        recurring_windows:\n          name_suffix: \"\"\n          day: \"every-day\"\n          hour: 0\n          minute: 0\n      config_exports:\n        name_suffix: \"\"\n        format: \"json\"\n        snapshot: false\n      monitoring:\n        snmp_traps:\n          name_suffix: \"\"\n          destinations:\n            port: 162\n            version: v2c\n            security: priv\n            mgmt_epg: inb\n        syslogs:\n          name_suffix: \"\"\n          audit: true\n          events: true\n          faults: true\n          session: false\n          minimum_severity: warnings\n          format: aci\n          show_millisecond: false\n          show_timezone: false\n          admin_state: true\n          local_admin_state: true\n          local_severity: information\n          console_admin_state: true\n          console_severity: alerts\n          destinations:\n            port: 514\n            facility: local7\n            severity: warnings\n            admin_state: true\n            mgmt_epg: inb\n      span:\n        destination_groups:\n          name_suffix: \"\"\n          mtu: 1518\n          dscp: unspecified\n          flow_id: 1\n          ttl: 64\n          version: 2\n          enforce_version: false\n        source_groups:\n          name_suffix: \"\"\n          admin_state: true\n          sources:\n            name_suffix: \"\"\n            direction: both\n            span_drop: false\n            access_paths:\n              module: 1\n      smart_licensing:\n        mode: \"smart-licensing\"\n        url: \"https://tools.cisco.com/its/service/oddce/services/DDCEService\"\n        proxy:\n          port: \"443\"\n      l2_mtu_policies:\n        name_suffix: \"\"\n        port_mtu_size: 9000\n      system_performance:\n        admin_state: false\n        response_threshold: 85000\n        top_slowest_requests: 5\n        calculation_window: 300\n\n    access_policies:\n      leaf_switch_profile_name: \"LEAF\\\\g\u003cid\u003e\"\n      leaf_interface_profile_name: \"LEAF\\\\g\u003cid\u003e\"\n      leaf_switch_selector_name: \"LEAF\\\\g\u003cid\u003e\"\n      leaf_interface_selector_name: \"ETH\\\\g\u003cmod\u003e-\\\\g\u003cport\u003e\"\n      leaf_interface_selector_sub_port_name: \"ETH\\\\g\u003cmod\u003e-\\\\g\u003cport\u003e-\\\\g\u003csport\u003e\"\n      fex_profile_name: \"LEAF\\\\g\u003cid\u003e-FEX\\\\g\u003cfex\u003e\"\n      fex_interface_selector_name: \"ETH\\\\g\u003cmod\u003e-\\\\g\u003cport\u003e\"\n      spine_switch_profile_name: \"SPINE\\\\g\u003cid\u003e\"\n      spine_interface_profile_name: \"SPINE\\\\g\u003cid\u003e\"\n      spine_switch_selector_name: \"SPINE\\\\g\u003cid\u003e\"\n      spine_interface_selector_name: \"ETH\\\\g\u003cmod\u003e-\\\\g\u003cport\u003e\"\n      vpc_group_name: \"VPC\\\\g\u003cswitch1_id\u003e-\\\\g\u003cswitch2_id\u003e\"\n      vlan_pools:\n        name_suffix: \"\"\n        allocation: static\n        ranges:\n          allocation: inherit\n          role: external\n      physical_domains:\n        name_suffix: \"\"\n        allocation: static\n      routed_domains:\n        name_suffix: \"\"\n        allocation: static\n      aaeps:\n        name_suffix: \"\"\n        infra_vlan: false\n        endpoint_groups:\n          mode: regular\n          deployment_immediacy: lazy\n      ptp_profiles:\n        announce_interval: 1\n        announce_timeout: 3\n        delay_interval: -3\n        sync_interval: -3\n        priority: 128\n        template: aes67\n        forwardable: true\n        mismatch_handling: configured\n      dhcp_relay_policies:\n        name_suffix: \"\"\n      switch_policies:\n        vpc_policies:\n          name_suffix: \"\"\n          peer_dead_interval: 200\n        forwarding_scale_policies:\n          name_suffix: \"\"\n          profile: dual-stack\n        mst_policies:\n          name_suffix: \"\"\n        bfd_ipv4_policies:\n          name_suffix: \"\"\n          detection_multiplier: 3\n          min_transmit_interval: 50\n          min_receive_interval: 50\n          slow_timer_interval: 2000\n          echo_receive_interval: 50\n          echo_frame_source_address: 0.0.0.0\n        bfd_ipv6_policies:\n          name_suffix: \"\"\n          detection_multiplier: 3\n          min_transmit_interval: 50\n          min_receive_interval: 50\n          slow_timer_interval: 2000\n          echo_receive_interval: 50\n          echo_frame_source_address: 0.0.0.0\n      spine_switch_policy_groups:\n        name_suffix: \"\"\n      leaf_switch_policy_groups:\n        name_suffix: \"\"\n      leaf_switch_profiles:\n        name_suffix: \"\"\n        selectors:\n          name_suffix: \"\"\n          node_blocks:\n            name_suffix: \"\"\n      spine_switch_profiles:\n        name_suffix: \"\"\n        selectors:\n          name_suffix: \"\"\n          node_blocks:\n            name_suffix: \"\"\n      interface_policies:\n        cdp_policies:\n          name_suffix: \"\"\n        lldp_policies:\n          name_suffix: \"\"\n        link_level_policies:\n          name_suffix: \"\"\n          speed: inherit\n          auto: true\n          fec_mode: inherit\n        port_channel_policies:\n          name_suffix: \"\"\n          min_links: 1\n          max_links: 16\n          suspend_individual: true\n          graceful_convergence: true\n          fast_select_standby: true\n          load_defer: false\n          symmetric_hash: false\n        port_channel_member_policies:\n          name_suffix: \"\"\n          priority: 32768\n          rate: normal\n        l2_policies:\n          name_suffix: \"\"\n          vlan_scope: global\n          qinq: disabled\n          reflective_relay: false\n        mcp_policies:\n          name_suffix: \"\"\n        storm_control_policies:\n          name_suffix: \"\"\n          broadcast_burst_pps: unspecified\n          broadcast_pps: unspecified\n          broadcast_burst_rate: \"100.000000\"\n          broadcast_rate: \"100.000000\"\n          multicast_burst_pps: unspecified\n          multicast_pps: unspecified\n          multicast_burst_rate: \"100.000000\"\n          multicast_rate: \"100.000000\"\n          unknown_unicast_burst_pps: unspecified\n          unknown_unicast_pps: unspecified\n          unknown_unicast_burst_rate: \"100.000000\"\n          unknown_unicast_rate: \"100.000000\"\n          action: drop\n          rate: \"100.000000\"\n          rate_pps: unspecified\n          burst_rate: \"100.000000\"\n          burst_pps: unspecified\n        spanning_tree_policies:\n          name_suffix: \"\"\n          bpdu_guard: false\n          bpdu_filter: false\n      leaf_interface_policy_groups:\n        name_suffix: \"\"\n        map: none\n      spine_interface_policy_groups:\n        name_suffix: \"\"\n      spine_interface_profiles:\n        name_suffix: \"\"\n        selectors:\n          name_suffix: \"\"\n          port_blocks:\n            name_suffix: \"\"\n            from_module: 1\n      leaf_interface_profiles:\n        name_suffix: \"\"\n        selectors:\n          name_suffix: \"\"\n          port_blocks:\n            name_suffix: \"\"\n            from_module: 1\n          sub_port_blocks:\n            name_suffix: \"\"\n            from_module: 1\n      fex_interface_profiles:\n        name_suffix: \"\"\n        selectors:\n          name_suffix: \"\"\n          port_blocks:\n            name_suffix: \"\"\n            from_module: 1\n      mcp:\n        admin_state: true\n        per_vlan: true\n        action: true\n        key: cisco\n        loop_detection: 3\n        initial_delay: 180\n        frequency_sec: 2\n        frequency_msec: 0\n      qos:\n        preserve_cos: false\n        qos_classes:\n          - level: 1\n            admin_state: true\n            mtu: 9216\n            scheduling: wrr\n            bandwidth_percent: 20\n            congestion_algorithm: tail-drop\n            minimum_buffer: 0\n            pfc_state: false\n            no_drop_cos: \"\"\n            pfc_scope: tor\n            ecn: false\n            forward_non_ecn: false\n            wred_max_threshold: 100\n            wred_min_threshold: 0\n            wred_probability: 0\n            weight: 0\n          - level: 2\n            admin_state: true\n            mtu: 9216\n            scheduling: wrr\n            bandwidth_percent: 20\n            congestion_algorithm: tail-drop\n            minimum_buffer: 0\n            pfc_state: false\n            no_drop_cos: \"\"\n            pfc_scope: tor\n            ecn: false\n            forward_non_ecn: false\n            wred_max_threshold: 100\n            wred_min_threshold: 0\n            wred_probability: 0\n            weight: 0\n          - level: 3\n            admin_state: true\n            mtu: 9216\n            scheduling: wrr\n            bandwidth_percent: 20\n            congestion_algorithm: tail-drop\n            minimum_buffer: 0\n            pfc_state: false\n            no_drop_cos: \"\"\n            pfc_scope: tor\n            ecn: false\n            forward_non_ecn: false\n            wred_max_threshold: 100\n            wred_min_threshold: 0\n            wred_probability: 0\n            weight: 0\n          - level: 4\n            admin_state: true\n            mtu: 9216\n            scheduling: wrr\n            bandwidth_percent: 0\n            congestion_algorithm: tail-drop\n            minimum_buffer: 0\n            pfc_state: false\n            no_drop_cos: \"\"\n            pfc_scope: tor\n            ecn: false\n            forward_non_ecn: false\n            wred_max_threshold: 100\n            wred_min_threshold: 0\n            wred_probability: 0\n            weight: 0\n          - level: 5\n            admin_state: true\n            mtu: 9216\n            scheduling: wrr\n            bandwidth_percent: 0\n            congestion_algorithm: tail-drop\n            minimum_buffer: 0\n            pfc_state: false\n            no_drop_cos: \"\"\n            pfc_scope: tor\n            ecn: false\n            forward_non_ecn: false\n            wred_max_threshold: 100\n            wred_min_threshold: 0\n            wred_probability: 0\n            weight: 0\n          - level: 6\n            admin_state: true\n            mtu: 9216\n            scheduling: wrr\n            bandwidth_percent: 0\n            congestion_algorithm: tail-drop\n            minimum_buffer: 0\n            pfc_state: false\n            no_drop_cos: \"\"\n            pfc_scope: tor\n            ecn: false\n            forward_non_ecn: false\n            wred_max_threshold: 100\n            wred_min_threshold: 0\n            wred_probability: 0\n            weight: 0\n      span:\n        destination_groups:\n          name_suffix: \"\"\n          mtu: 1518\n          module: 1\n          dscp: unspecified\n          flow_id: 1\n          ttl: 64\n          version: 2\n          enforce_version: false\n        source_groups:\n          name_suffix: \"\"\n          admin_state: true\n          sources:\n            name_suffix: \"\"\n            direction: \"both\"\n            span_drop: false\n            access_paths:\n              module: 1\n              pod_id: 1\n        filter_groups:\n          name_suffix: \"\"\n          entries:\n            name_suffix: \"\"\n            destination_from_port: unspecified\n            source_from_port: unspecified\n            ip_protocol: unspecified\n      vspan:\n        destination_groups:\n          name_suffix: \"\"\n          destinations:\n            name_suffix: \"\"\n            mtu: 1518\n            flow_id: 1\n            ttl: 64\n            dscp: unspecified\n        sessions:\n          name_suffix: \"\"\n          admin_state: true\n          sources:\n            name_suffix: \"\"\n            direction: both\n            access_paths:\n              module: 1\n    node_policies:\n      oob_endpoint_group: default\n      inb_endpoint_group: default\n      update_groups:\n        name_suffix: \"\"\n        scheduler: default\n      vpc_groups:\n        mode: explicit\n      nodes:\n        pod: 1\n\n    interface_policies:\n      nodes:\n        interfaces:\n          from_module: 1\n          module: 1\n          fabric: false\n        fexes:\n          interfaces:\n            from_module: 1\n\n    tenants:\n      managed: true\n      vrfs:\n        name_suffix: \"\"\n        data_plane_learning: true\n        enforcement_direction: ingress\n        enforcement_preference: enforced\n        leaked_internal_prefixes:\n          public: false\n        pim:\n          mtu: 1500\n          bsr_forward_updates: false\n          bsr_listen_updates: false\n          auto_rp_forward_updates: false\n          auto_rp_listen_updates: false\n          fast_convergence: false\n          strict_rfc: false\n          max_multicast_entries: unlimited\n          reserved_multicast_entries: undefined\n          asm_sg_expiry: default-timeout\n          asm_traffic_registry_max_rate: 65535\n          asm_traffic_registry_source_ip: \"0.0.0.0\"\n        preferred_group: false\n      bridge_domains:\n        name_suffix: \"\"\n        mac: 00:22:BD:F8:19:FF\n        ep_move_detection: false\n        arp_flooding: true\n        ip_dataplane_learning: true\n        clear_remote_mac_entries: false\n        limit_ip_learn_to_subnets: true\n        multi_destination_flooding: bd-flood\n        unknown_unicast: flood\n        unknown_ipv4_multicast: flood\n        unknown_ipv6_multicast: flood\n        unicast_routing: true\n        advertise_host_routes: false\n        l3_multicast: false\n        dhcp_labels:\n          scope: tenant\n        subnets:\n          primary_ip: false\n          public: false\n          private: true\n          shared: false\n          virtual: false\n          igmp_querier: false\n          nd_ra_prefix: true\n          no_default_gateway: false\n      l3outs:\n        name_suffix: \"\"\n        target_dscp: unspecified\n        qos_class: unspecified\n        import_route_control_enforcement: false\n        export_route_control_enforcement: true\n        ospf:\n          auth_key_id: 1\n          auth_type: none\n          area_cost: 1\n          area_type: regular\n          area_control_redistribute: true\n          area_control_summary: true\n          area_control_suppress_fa: false\n        bgp_peers:\n          allow_self_as: false\n          as_override: false\n          disable_peer_as_check: false\n          next_hop_self: false\n          send_community: false\n          send_ext_community: false\n          allowed_self_as_count: 3\n          ttl: 1\n          weight: 0\n          bfd: false\n          disable_connected_check: false\n          remove_all_private_as: false\n          remove_private_as: false\n          replace_private_as_with_local_as: false\n          unicast_address_family: true\n          multicast_address_family: true\n          admin_state: true\n          as_propagate: none\n        redistribution_route_maps:\n          source: static\n        nodes:\n          pod: 1\n          router_id_as_loopback: true\n          static_routes:\n            preference: 1\n            bfd: false\n            next_hops:\n              preference: 1\n              type: prefix\n          interfaces:\n            pod: 1\n            module: 1\n            svi: false\n            multipod_direct: false\n            autostate: false\n            floating_svi: false\n            ip: 0.0.0.0\n            mac: 00:22:BD:F8:19:FF\n            mtu: inherit\n            mode: regular\n            scope: local\n            bgp_peers:\n              allow_self_as: false\n              as_override: false\n              disable_peer_as_check: false\n              next_hop_self: false\n              send_community: false\n              send_ext_community: false\n              allowed_self_as_count: 3\n              ttl: 1\n              weight: 0\n              bfd: false\n              disable_connected_check: false\n              remove_all_private_as: false\n              remove_private_as: false\n              replace_private_as_with_local_as: false\n              unicast_address_family: true\n              multicast_address_family: true\n              admin_state: true\n              as_propagate: none\n        node_profiles:\n          name_suffix: \"\"\n          bgp_peers:\n            allow_self_as: false\n            as_override: false\n            disable_peer_as_check: false\n            next_hop_self: false\n            send_community: false\n            send_ext_community: false\n            allowed_self_as_count: 3\n            ttl: 1\n            weight: 0\n            bfd: false\n            disable_connected_check: false\n            remove_all_private_as: false\n            remove_private_as: false\n            replace_private_as_with_local_as: false\n            unicast_address_family: true\n            multicast_address_family: true\n            admin_state: true\n            as_propagate: none\n          nodes:\n            pod: 1\n            router_id_as_loopback: true\n            static_routes:\n              preference: 1\n              bfd: false\n              next_hops:\n                preference: 1\n                type: prefix\n          interface_profiles:\n            name_suffix: \"\"\n            target_dscp: unspecified\n            qos_class: unspecified\n            ospf:\n              auth_key_id: 1\n              auth_type: none\n            interfaces:\n              pod: 1\n              module: 1\n              svi: false\n              autostate: false\n              floating_svi: false\n              multipod_direct: false\n              ip: 0.0.0.0\n              mac: 00:22:BD:F8:19:FF\n              mtu: inherit\n              mode: regular\n              scope: local\n              bgp_peers:\n                allow_self_as: false\n                as_override: false\n                disable_peer_as_check: false\n                next_hop_self: false\n                send_community: false\n                send_ext_community: false\n                allowed_self_as_count: 3\n                ttl: 1\n                weight: 0\n                bfd: false\n                disable_connected_check: false\n                remove_all_private_as: false\n                remove_private_as: false\n                replace_private_as_with_local_as: false\n                unicast_address_family: true\n                multicast_address_family: true\n                admin_state: true\n                as_propagate: none\n        external_endpoint_groups:\n          name_suffix: \"\"\n          preferred_group: false\n          qos_class: unspecified\n          target_dscp: unspecified\n          route_control_profiles:\n            name_suffix: \"\"\n            direction: import\n          subnets:\n            import_route_control: false\n            export_route_control: false\n            shared_route_control: false\n            import_security: true\n            shared_security: false\n            aggregate_import_route_control: false\n            aggregate_export_route_control: false\n            aggregate_shared_route_control: false\n            bgp_route_summarization: false\n            ospf_route_summarization: false\n            route_control_profiles:\n              name_suffix: \"\"\n              direction: import\n        import_route_map:\n          type: global\n          contexts:\n            name_suffix: \"\"\n            action: permit\n            order: 0\n        export_route_map:\n          type: global\n          contexts:\n            name_suffix: \"\"\n            action: permit\n            order: 0\n        default_route_leak_policy:\n          always: false\n          criteria: \"only\"\n          context_scope: false\n          outside_scope: true\n        l3_multicast_ipv4: false\n        multipod: true\n        remote_leaf: false\n      application_profiles:\n        name_suffix: \"\"\n        managed: true\n        endpoint_groups:\n          name_suffix: \"\"\n          flood_in_encap: false\n          intra_epg_isolation: false\n          proxy_arp: false\n          preferred_group: false\n          qos_class: unspecified\n          vmware_vmm_domains:\n            name_suffix: \"\"\n            u_segmentation: false\n            delimiter: \"\"\n            netflow: false\n            deployment_immediacy: lazy\n            resolution_immediacy: pre-provision\n            allow_promiscuous: reject\n            forged_transmits: reject\n            mac_changes: reject\n          static_ports:\n            module: 1\n            mode: regular\n            deployment_immediacy: lazy\n            ptp:\n              mode: multicast\n              source_ip: 0.0.0.0\n          static_leafs:\n            mode: regular\n            deployment_immediacy: lazy\n          static_endpoints:\n            name_suffix: \"\"\n            ip: \"0.0.0.0\"\n            module: 1\n          subnets:\n            primary_ip: false\n            public: false\n            private: true\n            shared: false\n            igmp_querier: false\n            nd_ra_prefix: true\n            no_default_gateway: false\n            virtual: false\n            nlb_group: 0.0.0.0\n            nlb_mac: 00:00:00:00:00:00\n            ip_pools:\n              name_suffix: \"\"\n              start_ip: 0.0.0.0\n              end_ip: 0.0.0.0\n        useg_endpoint_groups:\n          name_suffix: \"\"\n          flood_in_encap: false\n          intra_epg_isolation: false\n          preferred_group: false\n          qos_class: level3\n          vmware_vmm_domains:\n            name_suffix: \"\"\n            deployment_immediacy: immediate\n            netflow: false\n          useg_attributes:\n            match_type: any\n            ip_statements:\n              use_epg_subnet: true\n          subnets:\n            primary_ip: false\n            public: false\n            private: true\n            shared: false\n            igmp_querier: false\n            nd_ra_prefix: true\n            no_default_gateway: false\n            virtual: false\n            nlb_group: 0.0.0.0\n            nlb_mac: 00:00:00:00:00:00\n            ip_pools:\n              name_suffix: \"\"\n              start_ip: 0.0.0.0\n              end_ip: 0.0.0.0\n        endpoint_security_groups:\n          name_suffix: \"\"\n          shutdown: false\n          intra_esg_isolation: false\n          preferred_group: false\n          tag_selectors:\n            operator: equals\n      inb_endpoint_groups:\n        name_suffix: \"\"\n      oob_endpoint_groups:\n        name_suffix: \"\"\n        name: default\n      ext_mgmt_instances:\n        name_suffix: \"\"\n      sr_mpls_l3outs:\n        name_suffix: \"\"\n        transport_data_plane: sr_mpls\n        node_profiles:\n          name_suffix: \"\"\n          evpn_connectivity:\n            allow_self_as: false\n            disable_peer_as_check: false\n            ttl: 2\n            bfd: false\n            admin_state: true\n            as_propagate: none\n          nodes:\n            pod_id: 1\n          interface_profiles:\n            name_suffix: \"\"\n            interfaces:\n              pod_id: 1\n              module: 1\n              mac: 00:22:BD:F8:19:FF\n              mtu: inherit\n              bgp_peers:\n                allow_self_as: false\n                send_community: false\n                send_ext_community: false\n                bfd: false\n                unicast_address_family: true\n                admin_state: true\n                as_propagate: none\n        external_endpoint_groups:\n          name_suffix: \"\"\n          preferred_group: false\n          subnets:\n            route_leaking: false\n            security: false\n            aggregate_shared_route_control: false\n      contracts:\n        name_suffix: \"\"\n        scope: context\n        qos_class: unspecified\n        target_dscp: unspecified\n        subjects:\n          name_suffix: \"\"\n          qos_class: unspecified\n          target_dscp: unspecified\n          filters:\n            action: permit\n            priority: default\n            log: false\n            no_stats: false\n      imported_contracts:\n        name_suffix: \"\"\n      oob_contracts:\n        name_suffix: \"\"\n        scope: context\n        subjects:\n          name_suffix: \"\"\n      filters:\n        name_suffix: \"\"\n        entries:\n          name_suffix: \"\"\n          ethertype: ip\n          protocol: tcp\n          source_from_port: unspecified\n          destination_from_port: unspecified\n          stateful: false\n      policies:\n        custom_qos:\n          name_suffix: \"\"\n        ospf_interface_policies:\n          name_suffix: \"\"\n          cost: unspecified\n          passive_interface: false\n          mtu_ignore: false\n          advertise_subnet: false\n          bfd: false\n          hello_interval: 10\n          dead_interval: 40\n          network_type: p2p\n          priority: 1\n          lsa_retransmit_interval: 5\n          lsa_transmit_delay: 1\n        eigrp_interface_policies:\n          name_suffix: \"\"\n          bfd: false\n          self_nexthop: true\n          passive_interface: false\n          split_horizon: true\n          hello_interval: 5\n          hold_interval: 15\n          bandwidth: 0\n          delay: 0\n          delay_unit: tens-of-micro\n        ospf_timer_policies:\n          name_suffix: \"\"\n          reference_bandwidth: 40000\n          distance: 110\n          max_ecmp: 8\n          graceful_restart: false\n          router_id_lookup: false\n          prefix_suppression: false\n          spf_init_interval: 200\n          spf_hold_interval: 1000\n          spf_max_interval: 5000\n          lsa_group_pacing_interval: 10\n          lsa_start_interval: 0\n          lsa_hold_interval: 5000\n          lsa_max_interval: 5000\n          lsa_arrival_interval: 1000\n          max_lsa_num: 20000\n          max_lsa_threshold: 75\n          max_lsa_action: \"reject\"\n          max_lsa_reset_interval: 10\n          max_lsa_sleep_count: 5\n          max_lsa_sleep_interval: 5\n        bgp_best_path_policies:\n          name_suffix: \"\"\n          control_type: \"\"\n        bgp_timer_policies:\n          name_suffix: \"\"\n          keepalive_interval: 60\n          hold_interval: 180\n          stale_interval: default\n          graceful_restart_helper: true\n          maximum_as_limit: 0\n        bgp_peer_prefix_policies:\n          name_suffix: \"\"\n          action: \"reject\"\n          max_prefixes: 20000\n          threshold: 75\n          restart_time: 65534\n        bgp_address_family_context_policies:\n          name_suffix: \"\"\n          ebgp_distance: 20\n          ibgp_distance: 200\n          local_distance: 220\n          ebgp_max_ecmp: 16\n          ibgp_max_ecmp: 16\n          enable_host_route_leak: false\n        dhcp_relay_policies:\n          name_suffix: \"\"\n        dhcp_option_policies:\n          name_suffix: \"\"\n          options:\n            name_suffix: \"\"\n        route_tag_policies:\n          name_suffix: \"\"\n          tag: 4294967295\n        route_control_route_maps:\n          name_suffix: \"\"\n          contexts:\n            name_suffix: \"\"\n            action: \"permit\"\n            order: 0\n        match_rules:\n          name_suffix: \"\"\n          regex_community_terms:\n            name_suffix: \"\"\n            type: \"regular\"\n          community_terms:\n            name_suffix: \"\"\n            factors:\n              scope: \"transitive\"\n          prefixes:\n            aggregate: false\n            from_length: 0\n            to_length: 0\n        set_rules:\n          name_suffix: \"\"\n          community_mode: \"append\"\n          dampening:\n            half_life: 15\n            max_suppress_time: 60\n            reuse_limit: 750\n            suppress_limit: 2000\n          set_as_paths:\n            criteria: \"prepend\"\n            count: 0\n            asns:\n              order: 0\n          next_hop_propagation: false\n          multipath: false\n        bfd_interface_policies:\n          name_suffix: \"\"\n          subinterface_optimization: false\n          detection_multiplier: 3\n          echo_admin_state: true\n          echo_rx_interval: 50\n          min_rx_interval: 50\n          min_tx_interval: 50\n        igmp_snooping_policies:\n          name_suffix: \"\"\n          admin_state: true\n          last_member_query_interval: 1\n          query_interval: 125\n          query_response_interval: 10\n          start_query_count: 2\n          start_query_interval: 31\n          fast_leave: false\n          querier: false\n        multicast_route_maps:\n          name_suffix: \"\"\n          entries:\n            source_ip: \"0.0.0.0\"\n            group_ip: \"0.0.0.0\"\n            rp_ip: \"0.0.0.0\"\n            action: \"permit\"\n        pim_policies:\n          name_suffix: \"\"\n          auth_type: \"none\"\n          designated_router_delay: 3\n          designated_router_priority: 1\n          hello_interval: 30000\n          join_prune_interval: 60\n          mcast_dom_boundary: false\n          passive: false\n          strict_rfc: false\n        igmp_interface_policies:\n          name_suffix: \"\"\n          grp_timeout: 260\n          allow_v3_asm: false\n          fast_leave: false\n          report_link_local_groups: false\n          last_member_count: 2\n          last_member_response_time: 1\n          querier_timeout: 255\n          query_interval: 125\n          robustness_variable: 2\n          query_response_interval: 25\n          startup_query_count: 2\n          startup_query_interval: 31\n          version: \"v2\"\n          max_mcast_entries: unlimited\n          reserved_mcast_entries: undefined\n        qos:\n          name_suffix: \"\"\n          dscp_priority_maps:\n            priority: level3\n            dscp_target: unspecified\n            cos_target: unspecified\n          dot1p_classifiers:\n            priority: level3\n            dscp_target: unspecified\n            cos_target: unspecified\n        ip_sla_policies:\n          name_suffix: \"\"\n          multiplier: 3\n          frequency: 60\n          sla_type: icmp\n          port: 0\n        trust_control_policies:\n          name_suffix: \"\"\n          dhcp_v4_server: false\n          dhcp_v6_server: false\n          ipv6_router: false\n          arp: false\n          nd: false\n          ra: false\n        span:\n          source_groups:\n            name_suffix: \"\"\n            admin_state: false\n            sources:\n              direction: both\n          destination_groups:\n            name_suffix: \"\"\n            dscp: unspecified\n            flow_id: 1\n            mtu: 1518\n            ttl: 64\n            version: 2\n            enforce_version: false\n        mpls_custom_qos_policies:\n          name_suffix: \"\"\n          ingress_rules:\n            priority: unspecified\n            dscp_target: unspecified\n            cos_target: unspecified\n          egress_rules:\n            cos_target: unspecified\n            exp_target: unspecified\n        bfd_multihop_node_policies:\n          name_suffix: \"\"\n          detection_multiplier: 3\n          min_rx_interval: 250\n          min_tx_interval: 250\n        nd_interface_policies:\n          name_suffix: \"\"\n          hop_limit: 64\n          ns_tx_interval: 1000\n          mtu: 9000\n          retransmit_retry_count: 3\n          nud_retransmit_base: 1\n          nud_retransmit_interval: 1000\n          nud_retransmit_count: 3\n          route_advertise_interval: 600\n          router_lifetime: 1800\n          reachable_time: 0\n          retransmit_timer: 0\n        nd_ra_prefix_policies:\n          name_suffix: \"\"\n          valid_lifetime: 2592000\n          preferred_lifetime: 604800\n          auto_configuration: true\n          on_link: true\n          router_address: false\n        track_lists:\n          name_suffix: \"\"\n          type: percentage\n          percentage_up: 0\n          percentage_down: 1\n          weight_up: 0\n          weight_down: 1\n      services:\n        l4l7_devices:\n          name_suffix: \"\"\n          context_aware: single-Context\n          type: PHYSICAL\n          function: GoTo\n          copy_device: false\n          managed: false\n          promiscuous_mode: false\n          service_type: FW\n          trunking: false\n          concrete_devices:\n            name_suffix: \"\"\n            interfaces:\n              name_suffix: \"\"\n              module: 1\n          logical_interfaces:\n            name_suffix: \"\"\n            concrete_interfaces:\n              name_suffix: \"\"\n        redirect_policies:\n          name_suffix: \"\"\n          type: L3\n          anycast: false\n          hashing: sip-dip-prototype\n          threshold: false\n          max_threshold: 0\n          min_threshold: 0\n          threshold_down_action: permit\n          resilient_hashing: false\n          pod_aware: false\n          l3_destinations:\n            pod: 1\n        redirect_backup_policies:\n          name_suffix: \"\"\n          l3_destinations:\n            ip_2: \"0.0.0.0\"\n        service_epg_policies:\n          name_suffix: \"\"\n          preferred_group: false\n        redirect_health_groups:\n          name_suffix: \"\"\n        service_graph_templates:\n          name_suffix: \"\"\n          template_type: FW_ROUTED\n          redirect: false\n          share_encapsulation: false\n          consumer:\n            direct_connect: false\n          provider:\n            direct_connect: false\n        device_selection_policies:\n          consumer:\n            l3_destination: true\n            permit_logging: false\n            external_endpoint_group:\n              redistribute:\n                bgp: false\n                ospf: false\n                connected: false\n                static: false\n          provider:\n            l3_destination: true\n            permit_logging: false\n            external_endpoint_group:\n              redistribute:\n                bgp: false\n                ospf: false\n                connected: false\n                static: false\n          copy_service:\n            l3_destination: true\n            permit_logging: false\n",
              "\"defaults\": {}\n"
            ],
            "merge_list_items": true,
            "output": "defaults:\n    apic:\n        access_policies:\n            aaeps:\n                endpoint_groups:\n                    deployment_immediacy: lazy\n                    mode: regular\n                infra_vlan: false\n                name_suffix: \"\"\n            dhcp_relay_policies:\n                name_suffix: \"\"\n            fex_interface_profiles:\n                name_suffix: \"\"\n                selectors:\n                    name_suffix: \"\"\n                    port_blocks:\n                        from_module: 1\n                        name_suffix: \"\"\n            fex_interface_selector_name: ETH\\g\u003cmod\u003e-\\g\u003cport\u003e\n            fex_profile_name: LEAF\\g\u003cid\u003e-FEX\\g\u003cfex\u003e\n            interface_policies:\n                cdp_policies:\n                    name_suffix: \"\"\n                l2_policies:\n                    name_suffix: \"\"\n                    qinq: disabled\n                    reflective_relay: false\n                    vlan_scope: global\n                link_level_policies:\n                    auto: true\n                    fec_mode: inherit\n                    name_suffix: \"\"\n                    speed: inherit\n                lldp_policies:\n                    name_suffix: \"\"\n                mcp_policies:\n                    name_suffix: \"\"\n                port_channel_member_policies:\n                    name_suffix: \"\"\n                    priority: 32768\n                    rate: normal\n                port_channel_policies:\n                    fast_select_standby: true\n                    graceful_convergence: true\n                    load_defer: false\n                    max_links: 16\n                    min_links: 1\n                    name_suffix: \"\"\n                    suspend_individual: true\n                    symmetric_hash: false\n                spanning_tree_policies:\n                    bpdu_filter: false\n                    bpdu_guard: false\n                    name_suffix: \"\"\n                storm_control_policies:\n                    action: drop\n                    broadcast_burst_pps: unspecified\n                    broadcast_burst_rate: \"100.000000\"\n                    broadcast_pps: unspecified\n                    broadcast_rate: \"100.000000\"\n                    burst_pps: unspecified\n                    burst_rate: \"100.000000\"\n                    multicast_burst_pps: unspecified\n                    multicast_burst_rate: \"100.000000\"\n                    multicast_pps: unspecified\n                    multicast_rate: \"100.000000\"\n                    name_suffix: \"\"\n                    rate: \"100.000000\"\n                    rate_pps: unspecified\n                    unknown_unicast_burst_pps: unspecified\n                    unknown_unicast_burst_rate: \"100.000000\"\n                    unknown_unicast_pps: unspecified\n                    unknown_unicast_rate: \"100.000000\"\n            leaf_interface_policy_groups:\n                map: none\n                name_suffix: \"\"\n            leaf_interface_profile_name: LEAF\\g\u003cid\u003e\n            leaf_interface_profiles:\n                name_suffix: \"\"\n                selectors:\n                    name_suffix: \"\"\n                    port_blocks:\n                        from_module: 1\n                        name_suffix: \"\"\n                    sub_port_blocks:\n                        from_module: 1\n                        name_suffix: \"\"\n            leaf_interface_selector_name: ETH\\g\u003cmod\u003e-\\g\u003cport\u003e\n            leaf_interface_selector_sub_port_name: ETH\\g\u003cmod\u003e-\\g\u003cport\u003e-\\g\u003csport\u003e\n            leaf_switch_policy_groups:\n                name_suffix: \"\"\n            leaf_switch_profile_name: LEAF\\g\u003cid\u003e\n            leaf_switch_profiles:\n                name_suffix: \"\"\n                selectors:\n                    name_suffix: \"\"\n                    node_blocks:\n                        name_suffix: \"\"\n            leaf_switch_selector_name: LEAF\\g\u003cid\u003e\n            mcp:\n                action: true\n                admin_state: true\n                frequency_msec: 0\n                frequency_sec: 2\n                initial_delay: 180\n                key: cisco\n                loop_detection: 3\n                per_vlan: true\n            physical_domains:\n                allocation: static\n                name_suffix: \"\"\n            ptp_profiles:\n                announce_interval: 1\n                announce_timeout: 3\n                delay_interval: -3\n                forwardable: true\n                mismatch_handling: configured\n                priority: 128\n                sync_interval: -3\n                template: aes67\n            qos:\n                preserve_cos: false\n                qos_classes:\n                    - admin_state: true\n                      bandwidth_percent: 20\n                      congestion_algorithm: tail-drop\n                      ecn: false\n                      forward_non_ecn: false\n                      level: 1\n                      minimum_buffer: 0\n                      mtu: 9216\n                      no_drop_cos: \"\"\n                      pfc_scope: tor\n                      pfc_state: false\n                      scheduling: wrr\n                      weight: 0\n                      wred_max_threshold: 100\n                      wred_min_threshold: 0\n                      wred_probability: 0\n                    - admin_state: true\n                      bandwidth_percent: 20\n                      congestion_algorithm: tail-drop\n                      ecn: false\n                      forward_non_ecn: false\n                      level: 2\n                      minimum_buffer: 0\n                      mtu: 9216\n                      no_drop_cos: \"\"\n                      pfc_scope: tor\n                      pfc_state: false\n                      scheduling: wrr\n                      weight: 0\n                      wred_max_threshold: 100\n                      wred_min_threshold: 0\n                      wred_probability: 0\n                    - admin_state: true\n                      bandwidth_percent: 20\n                      congestion_algorithm: tail-drop\n                      ecn: false\n                      forward_non_ecn: false\n                      level: 3\n                      minimum_buffer: 0\n                      mtu: 9216\n                      no_drop_cos: \"\"\n                      pfc_scope: tor\n                      pfc_state: false\n                      scheduling: wrr\n                      weight: 0\n                      wred_max_threshold: 100\n                      wred_min_threshold: 0\n                      wred_probability: 0\n                    - admin_state: true\n                      bandwidth_percent: 0\n                      congestion_algorithm: tail-drop\n                      ecn: false\n                      forward_non_ecn: false\n                      level: 4\n                      minimum_buffer: 0\n                      mtu: 9216\n                      no_drop_cos: \"\"\n                      pfc_scope: tor\n                      pfc_state: false\n                      scheduling: wrr\n                      weight: 0\n                      wred_max_threshold: 100\n                      wred_min_threshold: 0\n                      wred_probability: 0\n                    - admin_state: true\n                      bandwidth_percent: 0\n                      congestion_algorithm: tail-drop\n                      ecn: false\n                      forward_non_ecn: false\n                      level: 5\n                      minimum_buffer: 0\n                      mtu: 9216\n                      no_drop_cos: \"\"\n                      pfc_scope: tor\n                      pfc_state: false\n                      scheduling: wrr\n                      weight: 0\n                      wred_max_threshold: 100\n                      wred_min_threshold: 0\n                      wred_probability: 0\n                    - admin_state: true\n                      bandwidth_percent: 0\n                      congestion_algorithm: tail-drop\n                      ecn: false\n                      forward_non_ecn: false\n                      level: 6\n                      minimum_buffer: 0\n                      mtu: 9216\n                      no_drop_cos: \"\"\n                      pfc_scope: tor\n                      pfc_state: false\n                      scheduling: wrr\n                      weight: 0\n                      wred_max_threshold: 100\n                      wred_min_threshold: 0\n                      wred_probability: 0\n            routed_domains:\n                allocation: static\n                name_suffix: \"\"\n            span:\n                destination_groups:\n                    dscp: unspecified\n                    enforce_version: false\n                    flow_id: 1\n                    module: 1\n                    mtu: 1518\n                    name_suffix: \"\"\n                    ttl: 64\n                    version: 2\n                filter_groups:\n                    entries:\n                        destination_from_port: unspecified\n                        ip_protocol: unspecified\n                        name_suffix: \"\"\n                        source_from_port: unspecified\n                    name_suffix: \"\"\n                source_groups:\n                    admin_state: true\n                    name_suffix: \"\"\n                    sources:\n                        access_paths:\n                            module: 1\n                            pod_id: 1\n                        direction: both\n                        name_suffix: \"\"\n                        span_drop: false\n            spine_interface_policy_groups:\n                name_suffix: \"\"\n            spine_interface_profile_name: SPINE\\g\u003cid\u003e\n            spine_interface_profiles:\n                name_suffix: \"\"\n                selectors:\n                    name_suffix: \"\"\n                    port_blocks:\n                        from_module: 1\n                        name_suffix: \"\"\n            spine_interface_selector_name: ETH\\g\u003cmod\u003e-\\g\u003cport\u003e\n            spine_switch_policy_groups:\n                name_suffix: \"\"\n            spine_switch_profile_name: SPINE\\g\u003cid\u003e\n            spine_switch_profiles:\n                name_suffix: \"\"\n                selectors:\n                    name_suffix: \"\"\n                    node_blocks:\n                        name_suffix: \"\"\n            spine_switch_selector_name: SPINE\\g\u003cid\u003e\n            switch_policies:\n                bfd_ipv4_policies:\n                    detection_multiplier: 3\n                    echo_frame_source_address: 0.0.0.0\n                    echo_receive_interval: 50\n                    min_receive_interval: 50\n                    min_transmit_interval: 50\n                    name_suffix: \"\"\n                    slow_timer_interval: 2000\n                bfd_ipv6_policies:\n                    detection_multiplier: 3\n                    echo_frame_source_address: 0.0.0.0\n                    echo_receive_interval: 50\n                    min_receive_interval: 50\n                    min_transmit_interval: 50\n                    name_suffix: \"\"\n                    slow_timer_interval: 2000\n                forwarding_scale_policies:\n                    name_suffix: \"\"\n                    profile: dual-stack\n                mst_policies:\n                    name_suffix: \"\"\n                vpc_policies:\n                    name_suffix: \"\"\n                    peer_dead_interval: 200\n            vlan_pools:\n                allocation: static\n                name_suffix: \"\"\n                ranges:\n                    allocation: inherit\n                    role: external\n            vpc_group_name: VPC\\g\u003cswitch1_id\u003e-\\g\u003cswitch2_id\u003e\n            vspan:\n                destination_groups:\n                    destinations:\n                        dscp: unspecified\n                        flow_id: 1\n                        mtu: 1518\n                        name_suffix: \"\"\n                        ttl: 64\n                    name_suffix: \"\"\n                sessions:\n                    admin_state: true\n                    name_suffix: \"\"\n                    sources:\n                        access_paths:\n                            module: 1\n                        direction: both\n                        name_suffix: \"\"\n        auto_generate_access_leaf_switch_interface_profiles: false\n        auto_generate_access_spine_switch_interface_profiles: false\n        auto_generate_fabric_leaf_switch_interface_profiles: false\n        auto_generate_fabric_spine_switch_interface_profiles: false\n        auto_generate_pod_profiles: false\n        auto_generate_switch_pod_profiles: false\n        fabric_policies:\n            aaa:\n                ca_certificates:\n                    name_suffix: \"\"\n                console_realm: local\n                default_fallback_check: false\n                default_realm: local\n                key_rings:\n                    modulus: mod2048\n                    name_suffix: \"\"\n                ldap:\n                    group_map_rules:\n                        security_domains:\n                            roles:\n                                privilege_type: write\n                    providers:\n                        enable_ssl: false\n                        mgmt_epg: inb\n                        monitoring_username: default\n                        port: 389\n                        retries: 1\n                        server_monitoring: false\n                        ssl_validation_level: strict\n                        timeout: 30\n                login_domains:\n                    auth_choice: CiscoAVPair\n                    ldap_providers:\n                        priority: 0\n                    radius_providers:\n                        priority: 0\n                    tacacs_providers:\n                        priority: 0\n                management_settings:\n                    enable_login_block: false\n                    include_refresh_session_records: true\n                    login_block_duration: 60\n                    login_max_failed_attempts: 5\n                    login_max_failed_attempts_window: 5\n                    password_change_count: 2\n                    password_change_during_interval: true\n                    password_change_interval: 48\n                    password_history_count: 5\n                    password_no_change_interval: 24\n                    password_strength_check: false\n                    password_strength_profile:\n                        password_class_flags:\n                            - digits\n                            - lowercase\n                            - uppercase\n                        password_maximum_length: 64\n                        password_mininum_length: 8\n                        password_strength_test_type: default\n                    web_session_idle_timeout: 1200\n                    web_token_max_validity: 24\n                    web_token_timeout: 600\n                radius_providers:\n                    mgmt_epg: inb\n                    monitoring: false\n                    port: 1812\n                    protocol: pap\n                    retries: 1\n                    timeout: 5\n                remote_user_login_policy: no-login\n                security_domains:\n                    restricted_rbac_domain: false\n                tacacs_providers:\n                    mgmt_epg: inb\n                    monitoring: false\n                    port: 49\n                    protocol: pap\n                    retries: 1\n                    timeout: 5\n                users:\n                    domains:\n                        roles:\n                            privilege_type: write\n                    expires: false\n                    status: active\n            apic_conn_pref: inband\n            banners:\n                apic_cli_banner: \"\"\n                apic_gui_alias: \"\"\n                apic_gui_banner_url: \"\"\n                switch_cli_banner: \"\"\n            config_exports:\n                format: json\n                name_suffix: \"\"\n                snapshot: false\n            coop_group_policy: strict\n            date_time_format:\n                display_format: local\n                show_offset: true\n                timezone: p0_UTC\n            dns_policies:\n                domains:\n                    default: true\n                mgmt_epg: inb\n                mgmt_epg_oob: default\n                name_suffix: \"\"\n                providers:\n                    preferred: false\n            ep_loop_protection:\n                action: bd-learn-disable\n                admin_state: false\n                detection_interval: 60\n                detection_multiplier: 4\n            err_disabled_recovery:\n                bpdu_guard: false\n                ep_move: false\n                interval: 300\n                mcp_loop: false\n            external_connectivity_policy:\n                fabric_id: 1\n                name_suffix: \"\"\n                route_target: extended:as2-nn4:5:16\n                routing_profiles:\n                    name_suffix: \"\"\n                site_id: 1\n            fabric_bgp_ext_rr:\n                pod_id: 1\n            fabric_bgp_rr:\n                pod_id: 1\n            fabric_isis_bfd: true\n            fabric_isis_redistribute_metric: 60\n            geolocation:\n                sites:\n                    buildings:\n                        floors:\n                            name_suffix: \"\"\n                            rooms:\n                                name_suffix: \"\"\n                                rows:\n                                    name_suffix: \"\"\n                                    racks:\n                                        name_suffix: \"\"\n                        name_suffix: \"\"\n                    name_suffix: \"\"\n            global_settings:\n                disable_remote_endpoint_learn: false\n                domain_validation: true\n                enforce_subnet_check: true\n                opflex_authentication: false\n                overlapping_vlan_validation: true\n                reallocate_gipo: false\n                remote_leaf_direct: true\n            ignore_acked_faults: false\n            infra_dscp_translation_policy:\n                admin_state: false\n                control_plane: CS7\n                level_1: EF\n                level_2: CS3\n                level_3: CS0\n                level_4: AF11\n                level_5: AF21\n                level_6: AF31\n                policy_plane: CS4\n                span: CS1\n                traceroute: CS2\n            ip_aging: true\n            l2_mtu_policies:\n                name_suffix: \"\"\n                port_mtu_size: 9000\n            l2_port_mtu: 9000\n            leaf_interface_policy_groups:\n                name_suffix: \"\"\n            leaf_interface_profile_name: LEAF\\g\u003cid\u003e\n            leaf_interface_profiles:\n                name_suffix: \"\"\n            leaf_interface_selector_name: ETH\\g\u003cmod\u003e-\\g\u003cport\u003e\n            leaf_switch_policy_groups:\n                name_suffix: \"\"\n            leaf_switch_profile_name: LEAF\\g\u003cid\u003e\n            leaf_switch_profiles:\n                name_suffix: \"\"\n                selectors:\n                    name_suffix: \"\"\n                    node_blocks:\n                        name_suffix: \"\"\n            leaf_switch_selector_name: LEAF\\g\u003cid\u003e\n            monitoring:\n                snmp_traps:\n                    destinations:\n                        mgmt_epg: inb\n                        port: 162\n                        security: priv\n                        version: v2c\n                    name_suffix: \"\"\n                syslogs:\n                    admin_state: true\n                    audit: true\n                    console_admin_state: true\n                    console_severity: alerts\n                    destinations:\n                        admin_state: true\n                        facility: local7\n                        mgmt_epg: inb\n                        port: 514\n                        severity: warnings\n                    events: true\n                    faults: true\n                    format: aci\n                    local_admin_state: true\n                    local_severity: information\n                    minimum_severity: warnings\n                    name_suffix: \"\"\n                    session: false\n                    show_millisecond: false\n                    show_timezone: false\n            pod_policies:\n                date_time_policies:\n                    apic_ntp_server_master_mode: false\n                    apic_ntp_server_master_stratum: 8\n                    apic_ntp_server_state: false\n                    name_suffix: \"\"\n                    ntp_admin_state: true\n                    ntp_auth_state: false\n                    ntp_servers:\n                        mgmt_epg: inb\n                        preferred: true\n                management_access_policies:\n                    http:\n                        admin_state: false\n                        port: 80\n                    https:\n                        admin_state: true\n                        client_cert_auth_state: false\n                        dh: none\n                        key_ring: default\n                        port: 443\n                        tlsv1: false\n                        tlsv1_1: true\n                        tlsv1_2: true\n                        tlsv1_3: false\n                    name_suffix: \"\"\n                    ssh:\n                        admin_state: true\n                        aes128_ctr: true\n                        aes128_gcm: true\n                        aes192_ctr: true\n                        aes256_ctr: true\n                        aes256_gcm: false\n                        chacha: true\n                        curve25519_sha256: false\n                        curve25519_sha256_libssh: false\n                        dh1_sha1: false\n                        dh14_sha1: false\n                        dh14_sha256: false\n                        dh16_sha512: false\n                        ecdh_sha2_nistp256: false\n                        ecdh_sha2_nistp384: false\n                        ecdh_sha2_nistp521: false\n                        hmac_sha1: true\n                        hmac_sha2_256: true\n                        hmac_sha2_512: true\n                        password_auth: true\n                        port: 22\n                    telnet:\n                        admin_state: false\n                        port: 23\n                snmp_policies:\n                    admin_state: true\n                    clients:\n                        name_suffix: \"\"\n                    contact: \"\"\n                    location: \"\"\n                    name_suffix: \"\"\n                    trap_forwarders:\n                        port: 162\n                    users:\n                        authorization_type: hmac-sha1-96\n                        privacy_type: aes-128\n            pod_policy_groups:\n                name_suffix: \"\"\n            pod_profile_name: POD\\g\u003cid\u003e\n            pod_profile_pod_selector_name: POD\\g\u003cid\u003e\n            pod_profiles:\n                name_suffix: \"\"\n                selectors:\n                    name_suffix: \"\"\n                    pod_blocks:\n                        name_suffix: \"\"\n                    type: range\n            port_tracking:\n                admin_state: true\n                delay: 120\n                include_apic: false\n                min_links: 0\n            ptp:\n                admin_state: false\n                announce_interval: 1\n                announce_timeout: 3\n                delay_interval: -2\n                global_domain: 0\n                profile: aes67\n                sync_interval: -3\n            remote_locations:\n                auth_type: password\n                mgmt_epg: inb\n                name_suffix: \"\"\n                path: /\n            rogue_ep_control:\n                admin_state: true\n                detection_interval: 30\n                detection_multiplier: 10\n                hold_interval: 1800\n            schedulers:\n                name_suffix: \"\"\n                recurring_windows:\n                    day: every-day\n                    hour: 0\n                    minute: 0\n                    name_suffix: \"\"\n            smart_licensing:\n                mode: smart-licensing\n                proxy:\n                    port: \"443\"\n                url: https://tools.cisco.com/its/service/oddce/services/DDCEService\n            span:\n                destination_groups:\n                    dscp: unspecified\n                    enforce_version: false\n                    flow_id: 1\n                    mtu: 1518\n                    name_suffix: \"\"\n                    ttl: 64\n                    version: 2\n                source_groups:\n                    admin_state: true\n                    name_suffix: \"\"\n                    sources:\n                        access_paths:\n                            module: 1\n                        direction: both\n                        name_suffix: \"\"\n                        span_drop: false\n            spine_interface_policy_groups:\n                name_suffix: \"\"\n            spine_interface_profile_name: SPINE\\g\u003cid\u003e\n            spine_interface_profiles:\n                name_suffix: \"\"\n            spine_interface_selector_name: ETH\\g\u003cmod\u003e-\\g\u003cport\u003e\n            spine_switch_policy_groups:\n                name_suffix: \"\"\n            spine_switch_profile_name: SPINE\\g\u003cid\u003e\n            spine_switch_profiles:\n                name_suffix: \"\"\n                selectors:\n                    name_suffix: \"\"\n                    node_blocks:\n                        name_suffix: \"\"\n            spine_switch_selector_name: SPINE\\g\u003cid\u003e\n            switch_policies:\n                node_control_policies:\n                    dom: true\n                    name_suffix: \"\"\n                    telemetry: telemetry\n                psu_policies:\n                    name_suffix: \"\"\n            system_performance:\n                admin_state: false\n                calculation_window: 300\n                response_threshold: 85000\n                top_slowest_requests: 5\n            use_infra_gipo: false\n            vmware_vmm_domains:\n                access_mode: read-write\n                credential_policies:\n                    name_suffix: \"\"\n                delimiter: \"\"\n                name_suffix: \"\"\n                tag_collection: false\n                vcenters:\n                    dvs_version: unmanaged\n                    mgmt_epg: inb\n                    name_suffix: \"\"\n                    statistics: false\n                vswitch:\n                    enhanced_lags:\n                        lb_mode: src-dst-ip\n                        mode: active\n                        name_suffix: \"\"\n                        num_links: 2\n        interface_policies:\n            nodes:\n                fexes:\n                    interfaces:\n                        from_module: 1\n                interfaces:\n                    fabric: false\n                    from_module: 1\n                    module: 1\n        new_interface_configuration: false\n        node_policies:\n            inb_endpoint_group: default\n            nodes:\n                pod: 1\n            oob_endpoint_group: default\n            update_groups:\n                name_suffix: \"\"\n                scheduler: default\n            vpc_groups:\n                mode: explicit\n        tenants:\n            application_profiles:\n                endpoint_groups:\n                    flood_in_encap: false\n                    intra_epg_isolation: false\n                    name_suffix: \"\"\n                    preferred_group: false\n                    proxy_arp: false\n                    qos_class: unspecified\n                    static_endpoints:\n                        ip: 0.0.0.0\n                        module: 1\n                        name_suffix: \"\"\n                    static_leafs:\n                        deployment_immediacy: lazy\n                        mode: regular\n                    static_ports:\n                        deployment_immediacy: lazy\n                        mode: regular\n                        module: 1\n                        ptp:\n                            mode: multicast\n                            source_ip: 0.0.0.0\n                    subnets:\n                        igmp_querier: false\n                        ip_pools:\n                            end_ip: 0.0.0.0\n                            name_suffix: \"\"\n                            start_ip: 0.0.0.0\n                        nd_ra_prefix: true\n                        nlb_group: 0.0.0.0\n                        nlb_mac: \"00:00:00:00:00:00\"\n                        no_default_gateway: false\n                        primary_ip: false\n                        private: true\n                        public: false\n                        shared: false\n                        virtual: false\n                    vmware_vmm_domains:\n                        allow_promiscuous: reject\n                        delimiter: \"\"\n                        deployment_immediacy: lazy\n                        forged_transmits: reject\n                        mac_changes: reject\n                        name_suffix: \"\"\n                        netflow: false\n                        resolution_immediacy: pre-provision\n                        u_segmentation: false\n                endpoint_security_groups:\n                    intra_esg_isolation: false\n                    name_suffix: \"\"\n                    preferred_group: false\n                    shutdown: false\n                    tag_selectors:\n                        operator: equals\n                managed: true\n                name_suffix: \"\"\n                useg_endpoint_groups:\n                    flood_in_encap: false\n                    intra_epg_isolation: false\n                    name_suffix: \"\"\n                    preferred_group: false\n                    qos_class: level3\n                    subnets:\n                        igmp_querier: false\n                        ip_pools:\n                            end_ip: 0.0.0.0\n                            name_suffix: \"\"\n                            start_ip: 0.0.0.0\n                        nd_ra_prefix: true\n                        nlb_group: 0.0.0.0\n                        nlb_mac: \"00:00:00:00:00:00\"\n                        no_default_gateway: false\n                        primary_ip: false\n                        private: true\n                        public: false\n                        shared: false\n                        virtual: false\n                    useg_attributes:\n                        ip_statements:\n                            use_epg_subnet: true\n                        match_type: any\n                    vmware_vmm_domains:\n                        deployment_immediacy: immediate\n                        name_suffix: \"\"\n                        netflow: false\n            bridge_domains:\n                advertise_host_routes: false\n                arp_flooding: true\n                clear_remote_mac_entries: false\n                dhcp_labels:\n                    scope: tenant\n                ep_move_detection: false\n                ip_dataplane_learning: true\n                l3_multicast: false\n                limit_ip_learn_to_subnets: true\n                mac: 00:22:BD:F8:19:FF\n                multi_destination_flooding: bd-flood\n                name_suffix: \"\"\n                subnets:\n                    igmp_querier: false\n                    nd_ra_prefix: true\n                    no_default_gateway: false\n                    primary_ip: false\n                    private: true\n                    public: false\n                    shared: false\n                    virtual: false\n                unicast_routing: true\n                unknown_ipv4_multicast: flood\n                unknown_ipv6_multicast: flood\n                unknown_unicast: flood\n            contracts:\n                name_suffix: \"\"\n                qos_class: unspecified\n                scope: context\n                subjects:\n                    filters:\n                        action: permit\n                        log: false\n                        no_stats: false\n                        priority: default\n                    name_suffix: \"\"\n                    qos_class: unspecified\n                    target_dscp: unspecified\n                target_dscp: unspecified\n            ext_mgmt_instances:\n                name_suffix: \"\"\n            filters:\n                entries:\n                    destination_from_port: unspecified\n                    ethertype: ip\n                    name_suffix: \"\"\n                    protocol: tcp\n                    source_from_port: unspecified\n                    stateful: false\n                name_suffix: \"\"\n            imported_contracts:\n                name_suffix: \"\"\n            inb_endpoint_groups:\n                name_suffix: \"\"\n            l3outs:\n                bgp_peers:\n                    admin_state: true\n                    allow_self_as: false\n                    allowed_self_as_count: 3\n                    as_override: false\n                    as_propagate: none\n                    bfd: false\n                    disable_connected_check: false\n                    disable_peer_as_check: false\n                    multicast_address_family: true\n                    next_hop_self: false\n                    remove_all_private_as: false\n                    remove_private_as: false\n                    replace_private_as_with_local_as: false\n                    send_community: false\n                    send_ext_community: false\n                    ttl: 1\n                    unicast_address_family: true\n                    weight: 0\n                default_route_leak_policy:\n                    always: false\n                    context_scope: false\n                    criteria: only\n                    outside_scope: true\n                export_route_control_enforcement: true\n                export_route_map:\n                    contexts:\n                        action: permit\n                        name_suffix: \"\"\n                        order: 0\n                    type: global\n                external_endpoint_groups:\n                    name_suffix: \"\"\n                    preferred_group: false\n                    qos_class: unspecified\n                    route_control_profiles:\n                        direction: import\n                        name_suffix: \"\"\n                    subnets:\n                        aggregate_export_route_control: false\n                        aggregate_import_route_control: false\n                        aggregate_shared_route_control: false\n                        bgp_route_summarization: false\n                        export_route_control: false\n                        import_route_control: false\n                        import_security: true\n                        ospf_route_summarization: false\n                        route_control_profiles:\n                            direction: import\n                            name_suffix: \"\"\n                        shared_route_control: false\n                        shared_security: false\n                    target_dscp: unspecified\n                import_route_control_enforcement: false\n                import_route_map:\n                    contexts:\n                        action: permit\n                        name_suffix: \"\"\n                        order: 0\n                    type: global\n                l3_multicast_ipv4: false\n                multipod: true\n                name_suffix: \"\"\n                node_profiles:\n                    bgp_peers:\n                        admin_state: true\n                        allow_self_as: false\n                        allowed_self_as_count: 3\n                        as_override: false\n                        as_propagate: none\n                        bfd: false\n                        disable_connected_check: false\n                        disable_peer_as_check: false\n                        multicast_address_family: true\n                        next_hop_self: false\n                        remove_all_private_as: false\n                        remove_private_as: false\n                        replace_private_as_with_local_as: false\n                        send_community: false\n                        send_ext_community: false\n                        ttl: 1\n                        unicast_address_family: true\n                        weight: 0\n                    interface_profiles:\n                        interfaces:\n                            autostate: false\n                            bgp_peers:\n                                admin_state: true\n                                allow_self_as: false\n                                allowed_self_as_count: 3\n                                as_override: false\n                                as_propagate: none\n                                bfd: false\n                                disable_connected_check: false\n                                disable_peer_as_check: false\n                                multicast_address_family: true\n                                next_hop_self: false\n                                remove_all_private_as: false\n                                remove_private_as: false\n                                replace_private_as_with_local_as: false\n                                send_community: false\n                                send_ext_community: false\n                                ttl: 1\n                                unicast_address_family: true\n                                weight: 0\n                            floating_svi: false\n                            ip: 0.0.0.0\n                            mac: 00:22:BD:F8:19:FF\n                            mode: regular\n                            module: 1\n                            mtu: inherit\n                            multipod_direct: false\n                            pod: 1\n                            scope: local\n                            svi: false\n                        name_suffix: \"\"\n                        ospf:\n                            auth_key_id: 1\n                            auth_type: none\n                        qos_class: unspecified\n                        target_dscp: unspecified\n                    name_suffix: \"\"\n                    nodes:\n                        pod: 1\n                        router_id_as_loopback: true\n                        static_routes:\n                            bfd: false\n                            next_hops:\n                                preference: 1\n                                type: prefix\n                            preference: 1\n                nodes:\n                    interfaces:\n                        autostate: false\n                        bgp_peers:\n                            admin_state: true\n                            allow_self_as: false\n                            allowed_self_as_count: 3\n                            as_override: false\n                            as_propagate: none\n                            bfd: false\n                            disable_connected_check: false\n                            disable_peer_as_check: false\n                            multicast_address_family: true\n                            next_hop_self: false\n                            remove_all_private_as: false\n                            remove_private_as: false\n                            replace_private_as_with_local_as: false\n                            send_community: false\n                            send_ext_community: false\n                            ttl: 1\n                            unicast_address_family: true\n                            weight: 0\n                        floating_svi: false\n                        ip: 0.0.0.0\n                        mac: 00:22:BD:F8:19:FF\n                        mode: regular\n                        module: 1\n                        mtu: inherit\n                        multipod_direct: false\n                        pod: 1\n                        scope: local\n                        svi: false\n                    pod: 1\n                    router_id_as_loopback: true\n                    static_routes:\n                        bfd: false\n                        next_hops:\n                            preference: 1\n                            type: prefix\n                        preference: 1\n                ospf:\n                    area_control_redistribute: true\n                    area_control_summary: true\n                    area_control_suppress_fa: false\n                    area_cost: 1\n                    area_type: regular\n                    auth_key_id: 1\n                    auth_type: none\n                qos_class: unspecified\n                redistribution_route_maps:\n                    source: static\n                remote_leaf: false\n                target_dscp: unspecified\n            managed: true\n            oob_contracts:\n                name_suffix: \"\"\n                scope: context\n                subjects:\n                    name_suffix: \"\"\n            oob_endpoint_groups:\n                name: default\n                name_suffix: \"\"\n            policies:\n                bfd_interface_policies:\n                    detection_multiplier: 3\n                    echo_admin_state: true\n                    echo_rx_interval: 50\n                    min_rx_interval: 50\n                    min_tx_interval: 50\n                    name_suffix: \"\"\n                    subinterface_optimization: false\n                bfd_multihop_node_policies:\n                    detection_multiplier: 3\n                    min_rx_interval: 250\n                    min_tx_interval: 250\n                    name_suffix: \"\"\n                bgp_address_family_context_policies:\n                    ebgp_distance: 20\n                    ebgp_max_ecmp: 16\n                    enable_host_route_leak: false\n                    ibgp_distance: 200\n                    ibgp_max_ecmp: 16\n                    local_distance: 220\n                    name_suffix: \"\"\n                bgp_best_path_policies:\n                    control_type: \"\"\n                    name_suffix: \"\"\n                bgp_peer_prefix_policies:\n                    action: reject\n                    max_prefixes: 20000\n                    name_suffix: \"\"\n                    restart_time: 65534\n                    threshold: 75\n                bgp_timer_policies:\n                    graceful_restart_helper: true\n                    hold_interval: 180\n                    keepalive_interval: 60\n                    maximum_as_limit: 0\n                    name_suffix: \"\"\n                    stale_interval: default\n                custom_qos:\n                    name_suffix: \"\"\n                dhcp_option_policies:\n                    name_suffix: \"\"\n                    options:\n                        name_suffix: \"\"\n                dhcp_relay_policies:\n                    name_suffix: \"\"\n                eigrp_interface_policies:\n                    bandwidth: 0\n                    bfd: false\n                    delay: 0\n                    delay_unit: tens-of-micro\n                    hello_interval: 5\n                    hold_interval: 15\n                    name_suffix: \"\"\n                    passive_interface: false\n                    self_nexthop: true\n                    split_horizon: true\n                igmp_interface_policies:\n                    allow_v3_asm: false\n                    fast_leave: false\n                    grp_timeout: 260\n                    last_member_count: 2\n                    last_member_response_time: 1\n                    max_mcast_entries: unlimited\n                    name_suffix: \"\"\n                    querier_timeout: 255\n                    query_interval: 125\n                    query_response_interval: 25\n                    report_link_local_groups: false\n                    reserved_mcast_entries: undefined\n                    robustness_variable: 2\n                    startup_query_count: 2\n                    startup_query_interval: 31\n                    version: v2\n                igmp_snooping_policies:\n                    admin_state: true\n                    fast_leave: false\n                    last_member_query_interval: 1\n                    name_suffix: \"\"\n                    querier: false\n                    query_interval: 125\n                    query_response_interval: 10\n                    start_query_count: 2\n                    start_query_interval: 31\n                ip_sla_policies:\n                    frequency: 60\n                    multiplier: 3\n                    name_suffix: \"\"\n                    port: 0\n                    sla_type: icmp\n                match_rules:\n                    community_terms:\n                        factors:\n                            scope: transitive\n                        name_suffix: \"\"\n                    name_suffix: \"\"\n                    prefixes:\n                        aggregate: false\n                        from_length: 0\n                        to_length: 0\n                    regex_community_terms:\n                        name_suffix: \"\"\n                        type: regular\n                mpls_custom_qos_policies:\n                    egress_rules:\n                        cos_target: unspecified\n                        exp_target: unspecified\n                    ingress_rules:\n                        cos_target: unspecified\n                        dscp_target: unspecified\n                        priority: unspecified\n                    name_suffix: \"\"\n                multicast_route_maps:\n                    entries:\n                        action: permit\n                        group_ip: 0.0.0.0\n                        rp_ip: 0.0.0.0\n                        source_ip: 0.0.0.0\n                    name_suffix: \"\"\n                nd_interface_policies:\n                    hop_limit: 64\n                    mtu: 9000\n                    name_suffix: \"\"\n                    ns_tx_interval: 1000\n                    nud_retransmit_base: 1\n                    nud_retransmit_count: 3\n                    nud_retransmit_interval: 1000\n                    reachable_time: 0\n                    retransmit_retry_count: 3\n                    retransmit_timer: 0\n                    route_advertise_interval: 600\n                    router_lifetime: 1800\n                nd_ra_prefix_policies:\n                    auto_configuration: true\n                    name_suffix: \"\"\n                    on_link: true\n                    preferred_lifetime: 604800\n                    router_address: false\n                    valid_lifetime: 2592000\n                ospf_interface_policies:\n                    advertise_subnet: false\n                    bfd: false\n                    cost: unspecified\n                    dead_interval: 40\n                    hello_interval: 10\n                    lsa_retransmit_interval: 5\n                    lsa_transmit_delay: 1\n                    mtu_ignore: false\n                    name_suffix: \"\"\n                    network_type: p2p\n                    passive_interface: false\n                    priority: 1\n                ospf_timer_policies:\n                    distance: 110\n                    graceful_restart: false\n                    lsa_arrival_interval: 1000\n                    lsa_group_pacing_interval: 10\n                    lsa_hold_interval: 5000\n                    lsa_max_interval: 5000\n                    lsa_start_interval: 0\n                    max_ecmp: 8\n                    max_lsa_action: reject\n                    max_lsa_num: 20000\n                    max_lsa_reset_interval: 10\n                    max_lsa_sleep_count: 5\n                    max_lsa_sleep_interval: 5\n                    max_lsa_threshold: 75\n                    name_suffix: \"\"\n                    prefix_suppression: false\n                    reference_bandwidth: 40000\n                    router_id_lookup: false\n                    spf_hold_interval: 1000\n                    spf_init_interval: 200\n                    spf_max_interval: 5000\n                pim_policies:\n                    auth_type: none\n                    designated_router_delay: 3\n                    designated_router_priority: 1\n                    hello_interval: 30000\n                    join_prune_interval: 60\n                    mcast_dom_boundary: false\n                    name_suffix: \"\"\n                    passive: false\n                    strict_rfc: false\n                qos:\n                    dot1p_classifiers:\n                        cos_target: unspecified\n                        dscp_target: unspecified\n                        priority: level3\n                    dscp_priority_maps:\n                        cos_target: unspecified\n                        dscp_target: unspecified\n                        priority: level3\n                    name_suffix: \"\"\n                route_control_route_maps:\n                    contexts:\n                        action: permit\n                        name_suffix: \"\"\n                        order: 0\n                    name_suffix: \"\"\n                route_tag_policies:\n                    name_suffix: \"\"\n                    tag: 4294967295\n                set_rules:\n                    community_mode: append\n                    dampening:\n                        half_life: 15\n                        max_suppress_time: 60\n                        reuse_limit: 750\n                        suppress_limit: 2000\n                    multipath: false\n                    name_suffix: \"\"\n                    next_hop_propagation: false\n                    set_as_paths:\n                        asns:\n                            order: 0\n                        count: 0\n                        criteria: prepend\n                span:\n                    destination_groups:\n                        dscp: unspecified\n                        enforce_version: false\n                        flow_id: 1\n                        mtu: 1518\n                        name_suffix: \"\"\n                        ttl: 64\n                        version: 2\n                    source_groups:\n                        admin_state: false\n                        name_suffix: \"\"\n                        sources:\n                            direction: both\n                track_lists:\n                    name_suffix: \"\"\n                    percentage_down: 1\n                    percentage_up: 0\n                    type: percentage\n                    weight_down: 1\n                    weight_up: 0\n                trust_control_policies:\n                    arp: false\n                    dhcp_v4_server: false\n                    dhcp_v6_server: false\n                    ipv6_router: false\n                    name_suffix: \"\"\n                    nd: false\n                    ra: false\n            services:\n                device_selection_policies:\n                    consumer:\n                        external_endpoint_group:\n                            redistribute:\n                                bgp: false\n                                connected: false\n                                ospf: false\n                                static: false\n                        l3_destination: true\n                        permit_logging: false\n                    copy_service:\n                        l3_destination: true\n                        permit_logging: false\n                    provider:\n                        external_endpoint_group:\n                            redistribute:\n                                bgp: false\n                                connected: false\n                                ospf: false\n                                static: false\n                        l3_destination: true\n                        permit_logging: false\n                l4l7_devices:\n                    concrete_devices:\n                        interfaces:\n                            module: 1\n                            name_suffix: \"\"\n                        name_suffix: \"\"\n                    context_aware: single-Context\n                    copy_device: false\n                    function: GoTo\n                    logical_interfaces:\n                        concrete_interfaces:\n                            name_suffix: \"\"\n                        name_suffix: \"\"\n                    managed: false\n                    name_suffix: \"\"\n                    promiscuous_mode: false\n                    service_type: FW\n                    trunking: false\n                    type: PHYSICAL\n                redirect_backup_policies:\n                    l3_destinations:\n                        ip_2: 0.0.0.0\n                    name_suffix: \"\"\n                redirect_health_groups:\n                    name_suffix: \"\"\n                redirect_policies:\n                    anycast: false\n                    hashing: sip-dip-prototype\n                    l3_destinations:\n                        pod: 1\n                    max_threshold: 0\n                    min_threshold: 0\n                    name_suffix: \"\"\n                    pod_aware: false\n                    resilient_hashing: false\n                    threshold: false\n                    threshold_down_action: permit\n                    type: L3\n                service_epg_policies:\n                    name_suffix: \"\"\n                    preferred_group: false\n                service_graph_templates:\n                    consumer:\n                        direct_connect: false\n                    name_suffix: \"\"\n                    provider:\n                        direct_connect: false\n                    redirect: false\n                    share_encapsulation: false\n                    template_type: FW_ROUTED\n            sr_mpls_l3outs:\n                external_endpoint_groups:\n                    name_suffix: \"\"\n                    preferred_group: false\n                    subnets:\n                        aggregate_shared_route_control: false\n                        route_leaking: false\n                        security: false\n                name_suffix: \"\"\n                node_profiles:\n                    evpn_connectivity:\n                        admin_state: true\n                        allow_self_as: false\n                        as_propagate: none\n                        bfd: false\n                        disable_peer_as_check: false\n                        ttl: 2\n                    interface_profiles:\n                        interfaces:\n                            bgp_peers:\n                                admin_state: true\n                                allow_self_as: false\n                                as_propagate: none\n                                bfd: false\n                                send_community: false\n                                send_ext_community: false\n                                unicast_address_family: true\n                            mac: 00:22:BD:F8:19:FF\n                            module: 1\n                            mtu: inherit\n                            pod_id: 1\n                        name_suffix: \"\"\n                    name_suffix: \"\"\n                    nodes:\n                        pod_id: 1\n                transport_data_plane: sr_mpls\n            vrfs:\n                data_plane_learning: true\n                enforcement_direction: ingress\n                enforcement_preference: enforced\n                leaked_internal_prefixes:\n                    public: false\n                name_suffix: \"\"\n                pim:\n                    asm_sg_expiry: default-timeout\n                    asm_traffic_registry_max_rate: 65535\n                    asm_traffic_registry_source_ip: 0.0.0.0\n                    auto_rp_forward_updates: false\n                    auto_rp_listen_updates: false\n                    bsr_forward_updates: false\n                    bsr_listen_updates: false\n                    fast_convergence: false\n                    max_multicast_entries: unlimited\n                    mtu: 1500\n                    reserved_multicast_entries: undefined\n                    strict_rfc: false\n                preferred_group: false\n        version: 5.2.1g\n"
          },
          "sensitive_attributes": []
        }
      ]
    },
    {
      "module": "module.aci",
      "mode": "data",
      "type": "utils_yaml_merge",
      "name": "model",
      "provider": "provider[\"registry.terraform.io/netascode/utils\"]",
      "instances": [
        {
          "schema_version": 0,
          "attributes": {
            "id": "665b62f35944f1026d2f7d9f4f78ef64281e52ec",
            "input": [
              "apic:\n  access_policies:\n    vlan_pools:\n      - name: ocp_sr_iov-secondary\n        allocation: static\n        ranges:\n          - from: 3700\n            to: 3799\n          - from: 315\n            to: 315\n          - from: 316\n            to: 316\n            allocation: static\n    physical_domains:\n      - name: ocp_sr_iov-secondary\n        vlan_pool: ocp_sr_iov-secondary\n\n    routed_domains:\n      - name: ocp_sr_iov-secondary\n        vlan_pool: ocp_sr_iov-secondary\n    \n    aaeps:\n      - name: ocp_sr_iov_secondary_interfaces\n        # The desctipion is used to encode in YAML the bond and bridge name for the OpenShift Nodes\n        physical_domains:\n          - ocp_sr_iov-secondary\n          - phys\n        routed_domains:\n          - ocp_sr_iov-secondary\n        endpoint_groups:\n          - tenant: tf-vms-1\n            application_profile: vms-1\n            endpoint_group: vlan-3710\n            vlan: 3710\n          - tenant: tf-vms-1\n            application_profile: vms-1\n            endpoint_group: vlan-3711\n            vlan: 3711\n          - tenant: tf-vms-1\n            application_profile: vms-1\n            endpoint_group: vlan-3712\n            vlan: 3712\n          - tenant: tf-vms-1\n            application_profile: vms-2\n            endpoint_group: vlan-3713\n            vlan: 3713\n          - tenant: tf-vms-1\n            application_profile: vms-2\n            endpoint_group: vlan-3714\n            vlan: 3714\n          - tenant: tf-vms-1\n            application_profile: vms-2\n            endpoint_group: vlan-3715\n            vlan: 3715\n",
              "apic:\n  tenants:\n    - name: tf-vms-1\n      vrfs:\n        - name: vrf\n\n      bridge_domains:\n        - name: 10.1.200.0_24\n          vrf: vrf\n          subnets:\n            - ip: 10.1.200.1/24\n\n        - name: 10.1.201.0_24\n          vrf: vrf\n          subnets:\n            - ip: 10.1.201.1/24\n\n        - name: 10.1.202.0_24\n          vrf: vrf\n          subnets:\n            - ip: 10.1.202.1/24\n\n        - name: 10.1.203.0_24\n          vrf: vrf\n          subnets:\n            - ip: 10.1.203.1/24\n\n        - name: 10.1.204.0_24\n          vrf: vrf\n          subnets:\n            - ip: 10.1.204.1/24\n\n      application_profiles:\n        - name: vms-1\n          endpoint_groups:\n            - name: vlan-3710\n              description: \"br0\"\n              bridge_domain: 10.1.200.0_24\n              physical_domains: [\"ocp_sr_iov-secondary\"]\n            - name: vlan-3711\n              description: \"br0\"\n              bridge_domain: 10.1.201.0_24\n              physical_domains: [\"ocp_sr_iov-secondary\"]\n            - name: vlan-3712\n              description: \"br0\"\n              bridge_domain: 10.1.202.0_24\n              physical_domains: [\"ocp_sr_iov-secondary\"]\n        - name: vms-2\n          endpoint_groups:\n            - name: vlan-3713\n              description: \"br0\"\n              bridge_domain: 10.1.203.0_24\n              physical_domains: [\"ocp_sr_iov-secondary\"]\n            - name: vlan-3714\n              description: \"br0\"\n              bridge_domain: 10.1.204.0_24\n              physical_domains: [\"ocp_sr_iov-secondary\"]\n            - name: vlan-3715\n              description: \"br0\"\n              bridge_domain: 10.1.204.0_24\n              physical_domains: [\"ocp_sr_iov-secondary\"]"
            ],
            "merge_list_items": true,
            "output": "apic:\n    access_policies:\n        aaeps:\n            - endpoint_groups:\n                - application_profile: vms-1\n                  endpoint_group: vlan-3710\n                  tenant: tf-vms-1\n                  vlan: 3710\n                - application_profile: vms-1\n                  endpoint_group: vlan-3711\n                  tenant: tf-vms-1\n                  vlan: 3711\n                - application_profile: vms-1\n                  endpoint_group: vlan-3712\n                  tenant: tf-vms-1\n                  vlan: 3712\n                - application_profile: vms-2\n                  endpoint_group: vlan-3713\n                  tenant: tf-vms-1\n                  vlan: 3713\n                - application_profile: vms-2\n                  endpoint_group: vlan-3714\n                  tenant: tf-vms-1\n                  vlan: 3714\n                - application_profile: vms-2\n                  endpoint_group: vlan-3715\n                  tenant: tf-vms-1\n                  vlan: 3715\n              name: ocp_sr_iov_secondary_interfaces\n              physical_domains:\n                - ocp_sr_iov-secondary\n                - phys\n              routed_domains:\n                - ocp_sr_iov-secondary\n        physical_domains:\n            - name: ocp_sr_iov-secondary\n              vlan_pool: ocp_sr_iov-secondary\n        routed_domains:\n            - name: ocp_sr_iov-secondary\n              vlan_pool: ocp_sr_iov-secondary\n        vlan_pools:\n            - allocation: static\n              name: ocp_sr_iov-secondary\n              ranges:\n                - from: 3700\n                  to: 3799\n                - from: 315\n                  to: 315\n                - allocation: static\n                  from: 316\n                  to: 316\n    tenants:\n        - application_profiles:\n            - endpoint_groups:\n                - bridge_domain: 10.1.200.0_24\n                  description: br0\n                  name: vlan-3710\n                  physical_domains:\n                    - ocp_sr_iov-secondary\n                - bridge_domain: 10.1.201.0_24\n                  description: br0\n                  name: vlan-3711\n                  physical_domains:\n                    - ocp_sr_iov-secondary\n                - bridge_domain: 10.1.202.0_24\n                  description: br0\n                  name: vlan-3712\n                  physical_domains:\n                    - ocp_sr_iov-secondary\n              name: vms-1\n            - endpoint_groups:\n                - bridge_domain: 10.1.203.0_24\n                  description: br0\n                  name: vlan-3713\n                  physical_domains:\n                    - ocp_sr_iov-secondary\n                - bridge_domain: 10.1.204.0_24\n                  description: br0\n                  name: vlan-3714\n                  physical_domains:\n                    - ocp_sr_iov-secondary\n                - bridge_domain: 10.1.204.0_24\n                  description: br0\n                  name: vlan-3715\n                  physical_domains:\n                    - ocp_sr_iov-secondary\n              name: vms-2\n          bridge_domains:\n            - name: 10.1.200.0_24\n              subnets:\n                - ip: 10.1.200.1/24\n              vrf: vrf\n            - name: 10.1.201.0_24\n              subnets:\n                - ip: 10.1.201.1/24\n              vrf: vrf\n            - name: 10.1.202.0_24\n              subnets:\n                - ip: 10.1.202.1/24\n              vrf: vrf\n            - name: 10.1.203.0_24\n              subnets:\n                - ip: 10.1.203.1/24\n              vrf: vrf\n            - name: 10.1.204.0_24\n              subnets:\n                - ip: 10.1.204.1/24\n              vrf: vrf\n          name: tf-vms-1\n          vrfs:\n            - name: vrf\n"
          },
          "sensitive_attributes": []
        }
      ]
    },
    {
      "module": "module.aci",
      "mode": "data",
      "type": "utils_yaml_merge",
      "name": "modules",
      "provider": "provider[\"registry.terraform.io/netascode/utils\"]",
      "instances": [
        {
          "schema_version": 0,
          "attributes": {
            "id": "79ad8f09060a35e37ce16bfc929fd32d79264f6d",
            "input": [
              "---\nmodules:\n  aci_aaa: true\n  aci_aaep: true\n  aci_access_fex_interface_profile: true\n  aci_access_fex_interface_selector: true\n  aci_access_leaf_interface_policy_group: true\n  aci_access_leaf_interface_profile: true\n  aci_access_leaf_interface_selector: true\n  aci_access_leaf_switch_policy_group: true\n  aci_access_leaf_switch_profile: true\n  aci_access_span_destination_group: true\n  aci_access_span_filter_group: true\n  aci_access_span_source_group: true\n  aci_access_spine_interface_policy_group: true\n  aci_access_spine_interface_profile: true\n  aci_access_spine_interface_selector: true\n  aci_access_spine_switch_policy_group: true\n  aci_access_spine_switch_profile: true\n  aci_apic_connectivity_preference: true\n  aci_application_profile: true\n  aci_banner: true\n  aci_bfd_interface_policy: true\n  aci_bfd_multihop_node_policy: true\n  aci_bfd_policy: true\n  aci_bgp_address_family_context_policy: true\n  aci_bgp_best_path_policy: true\n  aci_bgp_peer_prefix_policy: true\n  aci_bgp_policy: true\n  aci_bgp_timer_policy: true\n  aci_bridge_domain: true\n  aci_ca_certificate: true\n  aci_cdp_policy: true\n  aci_config_export: true\n  aci_config_passphrase: true\n  aci_contract: true\n  aci_coop_policy: true\n  aci_date_time_format: true\n  aci_date_time_policy: true\n  aci_device_selection_policy: true\n  aci_dhcp_option_policy: true\n  aci_dhcp_relay_policy: true\n  aci_dns_policy: true\n  aci_endpoint_group: true\n  aci_useg_endpoint_group: true\n  aci_endpoint_loop_protection: true\n  aci_endpoint_security_group: true\n  aci_eigrp_interface_policy: true\n  aci_error_disabled_recovery: true\n  aci_external_connectivity_policy: true\n  aci_external_endpoint_group: true\n  aci_fabric_interface_configuration: true\n  aci_fabric_isis_bfd: true\n  aci_fabric_isis_policy: true\n  aci_fabric_l2_mtu: true\n  aci_fabric_leaf_interface_profile: true\n  aci_fabric_leaf_switch_policy_group: true\n  aci_fabric_leaf_switch_profile: true\n  aci_fabric_pod_policy_group: true\n  aci_fabric_pod_profile: true\n  aci_fabric_scheduler: true\n  aci_fabric_span_destination_group: true\n  aci_fabric_span_source_group: true\n  aci_fabric_spine_interface_profile: true\n  aci_fabric_spine_switch_policy_group: true\n  aci_fabric_spine_switch_profile: true\n  aci_fabric_wide_settings: true\n  aci_filter: true\n  aci_firmware_group: true\n  aci_forwarding_scale_policy: true\n  aci_geolocation: true\n  aci_health_score_evaluation_policy: true\n  aci_igmp_interface_policy: true\n  aci_igmp_snooping_policy: true\n  aci_imported_contract: true\n  aci_imported_l4l7_device: true\n  aci_inband_endpoint_group: true\n  aci_inband_node_address: true\n  aci_infra_dhcp_relay_policy: true\n  aci_infra_dscp_translation_policy: true\n  aci_interface_configuration: true\n  aci_interface_type: true\n  aci_ip_aging: true\n  aci_ip_sla_policy: true\n  aci_keyring: true\n  aci_l2_mtu_policy: true\n  aci_l2_policy: true\n  aci_l3out: true\n  aci_l3out_interface_profile: true\n  aci_l3out_node_profile: true\n  aci_l4l7_device: true\n  aci_link_level_policy: true\n  aci_lldp_policy: true\n  aci_login_domain: true\n  aci_maintenance_group: true\n  aci_management_access_policy: true\n  aci_match_rule: true\n  aci_mcp: true\n  aci_mcp_policy: true\n  aci_monitoring_policy: true\n  aci_mst_policy: true\n  aci_multicast_route_map: true\n  aci_nd_interface_policy: true\n  aci_nd_ra_prefix_policy: true\n  aci_node_control_policy: true\n  aci_node_registration: true\n  aci_oob_contract: true\n  aci_oob_endpoint_group: true\n  aci_oob_external_management_instance: true\n  aci_oob_node_address: true\n  aci_ospf_interface_policy: true\n  aci_ospf_timer_policy: true\n  aci_physical_domain: true\n  aci_pim_policy: true\n  aci_pod_setup: true\n  aci_port_channel_member_policy: true\n  aci_port_channel_policy: true\n  aci_port_tracking: true\n  aci_psu_policy: true\n  aci_ptp: true\n  aci_ptp_profile: true\n  aci_qos: true\n  aci_qos_policy: true\n  aci_radius: true\n  aci_redirect_backup_policy: true\n  aci_redirect_health_group: true\n  aci_redirect_policy: true\n  aci_remote_location: true\n  aci_rogue_endpoint_control: true\n  aci_route_control_route_map: true\n  aci_route_tag_policy: true\n  aci_routed_domain: true\n  aci_service_epg_policy: true\n  aci_service_graph_template: true\n  aci_set_rule: true\n  aci_smart_licensing: true\n  aci_snmp_policy: true\n  aci_snmp_trap_policy: true\n  aci_spanning_tree_policy: true\n  aci_storm_control_policy: true\n  aci_switch_configuration: true\n  aci_syslog_policy: true\n  aci_system_global_gipo: true\n  aci_system_performance: true\n  aci_tacacs: true\n  aci_tenant: true\n  aci_tenant_span_destination_group: true\n  aci_tenant_span_source_group: true\n  aci_track_list: true\n  aci_track_member: true\n  aci_trust_control_policy: true\n  aci_user: true\n  aci_vlan_pool: true\n  aci_vmware_vmm_domain: true\n  aci_vpc_group: true\n  aci_vpc_policy: true\n  aci_vrf: true\n  aci_vspan_destination_group: true\n  aci_vspan_session: true\n",
              "\"modules\": {}\n"
            ],
            "merge_list_items": true,
            "output": "modules:\n    aci_aaa: true\n    aci_aaep: true\n    aci_access_fex_interface_profile: true\n    aci_access_fex_interface_selector: true\n    aci_access_leaf_interface_policy_group: true\n    aci_access_leaf_interface_profile: true\n    aci_access_leaf_interface_selector: true\n    aci_access_leaf_switch_policy_group: true\n    aci_access_leaf_switch_profile: true\n    aci_access_span_destination_group: true\n    aci_access_span_filter_group: true\n    aci_access_span_source_group: true\n    aci_access_spine_interface_policy_group: true\n    aci_access_spine_interface_profile: true\n    aci_access_spine_interface_selector: true\n    aci_access_spine_switch_policy_group: true\n    aci_access_spine_switch_profile: true\n    aci_apic_connectivity_preference: true\n    aci_application_profile: true\n    aci_banner: true\n    aci_bfd_interface_policy: true\n    aci_bfd_multihop_node_policy: true\n    aci_bfd_policy: true\n    aci_bgp_address_family_context_policy: true\n    aci_bgp_best_path_policy: true\n    aci_bgp_peer_prefix_policy: true\n    aci_bgp_policy: true\n    aci_bgp_timer_policy: true\n    aci_bridge_domain: true\n    aci_ca_certificate: true\n    aci_cdp_policy: true\n    aci_config_export: true\n    aci_config_passphrase: true\n    aci_contract: true\n    aci_coop_policy: true\n    aci_date_time_format: true\n    aci_date_time_policy: true\n    aci_device_selection_policy: true\n    aci_dhcp_option_policy: true\n    aci_dhcp_relay_policy: true\n    aci_dns_policy: true\n    aci_eigrp_interface_policy: true\n    aci_endpoint_group: true\n    aci_endpoint_loop_protection: true\n    aci_endpoint_security_group: true\n    aci_error_disabled_recovery: true\n    aci_external_connectivity_policy: true\n    aci_external_endpoint_group: true\n    aci_fabric_interface_configuration: true\n    aci_fabric_isis_bfd: true\n    aci_fabric_isis_policy: true\n    aci_fabric_l2_mtu: true\n    aci_fabric_leaf_interface_profile: true\n    aci_fabric_leaf_switch_policy_group: true\n    aci_fabric_leaf_switch_profile: true\n    aci_fabric_pod_policy_group: true\n    aci_fabric_pod_profile: true\n    aci_fabric_scheduler: true\n    aci_fabric_span_destination_group: true\n    aci_fabric_span_source_group: true\n    aci_fabric_spine_interface_profile: true\n    aci_fabric_spine_switch_policy_group: true\n    aci_fabric_spine_switch_profile: true\n    aci_fabric_wide_settings: true\n    aci_filter: true\n    aci_firmware_group: true\n    aci_forwarding_scale_policy: true\n    aci_geolocation: true\n    aci_health_score_evaluation_policy: true\n    aci_igmp_interface_policy: true\n    aci_igmp_snooping_policy: true\n    aci_imported_contract: true\n    aci_imported_l4l7_device: true\n    aci_inband_endpoint_group: true\n    aci_inband_node_address: true\n    aci_infra_dhcp_relay_policy: true\n    aci_infra_dscp_translation_policy: true\n    aci_interface_configuration: true\n    aci_interface_type: true\n    aci_ip_aging: true\n    aci_ip_sla_policy: true\n    aci_keyring: true\n    aci_l2_mtu_policy: true\n    aci_l2_policy: true\n    aci_l3out: true\n    aci_l3out_interface_profile: true\n    aci_l3out_node_profile: true\n    aci_l4l7_device: true\n    aci_link_level_policy: true\n    aci_lldp_policy: true\n    aci_login_domain: true\n    aci_maintenance_group: true\n    aci_management_access_policy: true\n    aci_match_rule: true\n    aci_mcp: true\n    aci_mcp_policy: true\n    aci_monitoring_policy: true\n    aci_mst_policy: true\n    aci_multicast_route_map: true\n    aci_nd_interface_policy: true\n    aci_nd_ra_prefix_policy: true\n    aci_node_control_policy: true\n    aci_node_registration: true\n    aci_oob_contract: true\n    aci_oob_endpoint_group: true\n    aci_oob_external_management_instance: true\n    aci_oob_node_address: true\n    aci_ospf_interface_policy: true\n    aci_ospf_timer_policy: true\n    aci_physical_domain: true\n    aci_pim_policy: true\n    aci_pod_setup: true\n    aci_port_channel_member_policy: true\n    aci_port_channel_policy: true\n    aci_port_tracking: true\n    aci_psu_policy: true\n    aci_ptp: true\n    aci_ptp_profile: true\n    aci_qos: true\n    aci_qos_policy: true\n    aci_radius: true\n    aci_redirect_backup_policy: true\n    aci_redirect_health_group: true\n    aci_redirect_policy: true\n    aci_remote_location: true\n    aci_rogue_endpoint_control: true\n    aci_route_control_route_map: true\n    aci_route_tag_policy: true\n    aci_routed_domain: true\n    aci_service_epg_policy: true\n    aci_service_graph_template: true\n    aci_set_rule: true\n    aci_smart_licensing: true\n    aci_snmp_policy: true\n    aci_snmp_trap_policy: true\n    aci_spanning_tree_policy: true\n    aci_storm_control_policy: true\n    aci_switch_configuration: true\n    aci_syslog_policy: true\n    aci_system_global_gipo: true\n    aci_system_performance: true\n    aci_tacacs: true\n    aci_tenant: true\n    aci_tenant_span_destination_group: true\n    aci_tenant_span_source_group: true\n    aci_track_list: true\n    aci_track_member: true\n    aci_trust_control_policy: true\n    aci_useg_endpoint_group: true\n    aci_user: true\n    aci_vlan_pool: true\n    aci_vmware_vmm_domain: true\n    aci_vpc_group: true\n    aci_vpc_policy: true\n    aci_vrf: true\n    aci_vspan_destination_group: true\n    aci_vspan_session: true\n"
          },
          "sensitive_attributes": []
        }
      ]
    },
    {
      "module": "module.aci.module.aci_aaep[\"ocp_sr_iov_secondary_interfaces\"]",
      "mode": "managed",
      "type": "aci_rest_managed",
      "name": "infraAttEntityP",
      "provider": "provider[\"registry.terraform.io/ciscodevnet/aci\"]",
      "instances": [
        {
          "schema_version": 0,
          "attributes": {
            "annotation": "orchestrator:terraform",
            "child": [],
            "class_name": "infraAttEntityP",
            "content": {
              "descr": "",
              "name": "ocp_sr_iov_secondary_interfaces"
            },
            "dn": "uni/infra/attentp-ocp_sr_iov_secondary_interfaces",
            "escape_html": true,
            "id": "uni/infra/attentp-ocp_sr_iov_secondary_interfaces"
          },
          "sensitive_attributes": [],
          "dependencies": [
            "module.aci.data.utils_yaml_merge.defaults",
            "module.aci.data.utils_yaml_merge.model",
            "module.aci.data.utils_yaml_merge.modules",
            "module.aci.module.aci_physical_domain.aci_rest_managed.aaaDomainRef",
            "module.aci.module.aci_physical_domain.aci_rest_managed.infraRsVlanNs",
            "module.aci.module.aci_physical_domain.aci_rest_managed.physDomP",
            "module.aci.module.aci_routed_domain.aci_rest_managed.aaaDomainRef",
            "module.aci.module.aci_routed_domain.aci_rest_managed.infraRsVlanNs",
            "module.aci.module.aci_routed_domain.aci_rest_managed.l3extDomP",
            "module.aci.module.aci_vlan_pool.aci_rest_managed.fvnsEncapBlk",
            "module.aci.module.aci_vlan_pool.aci_rest_managed.fvnsVlanInstP"
          ]
        }
      ]
    },
    {
      "module": "module.aci.module.aci_aaep[\"ocp_sr_iov_secondary_interfaces\"]",
      "mode": "managed",
      "type": "aci_rest_managed",
      "name": "infraGeneric",
      "provider": "provider[\"registry.terraform.io/ciscodevnet/aci\"]",
      "instances": [
        {
          "index_key": 0,
          "schema_version": 0,
          "attributes": {
            "annotation": "orchestrator:terraform",
            "child": [],
            "class_name": "infraGeneric",
            "content": {
              "name": "default"
            },
            "dn": "uni/infra/attentp-ocp_sr_iov_secondary_interfaces/gen-default",
            "escape_html": true,
            "id": "uni/infra/attentp-ocp_sr_iov_secondary_interfaces/gen-default"
          },
          "sensitive_attributes": [],
          "dependencies": [
            "module.aci.data.utils_yaml_merge.defaults",
            "module.aci.data.utils_yaml_merge.model",
            "module.aci.data.utils_yaml_merge.modules",
            "module.aci.module.aci_aaep.aci_rest_managed.infraAttEntityP",
            "module.aci.module.aci_physical_domain.aci_rest_managed.aaaDomainRef",
            "module.aci.module.aci_physical_domain.aci_rest_managed.infraRsVlanNs",
            "module.aci.module.aci_physical_domain.aci_rest_managed.physDomP",
            "module.aci.module.aci_routed_domain.aci_rest_managed.aaaDomainRef",
            "module.aci.module.aci_routed_domain.aci_rest_managed.infraRsVlanNs",
            "module.aci.module.aci_routed_domain.aci_rest_managed.l3extDomP",
            "module.aci.module.aci_vlan_pool.aci_rest_managed.fvnsEncapBlk",
            "module.aci.module.aci_vlan_pool.aci_rest_managed.fvnsVlanInstP"
          ]
        }
      ]
    },
    {
      "module": "module.aci.module.aci_aaep[\"ocp_sr_iov_secondary_interfaces\"]",
      "mode": "managed",
      "type": "aci_rest_managed",
      "name": "infraGeneric-infraRsFuncToEpg",
      "provider": "provider[\"registry.terraform.io/ciscodevnet/aci\"]",
      "instances": [
        {
          "index_key": "uni/tn-tf-vms-1/ap-vms-1/epg-vlan-3710",
          "schema_version": 0,
          "attributes": {
            "annotation": "orchestrator:terraform",
            "child": [],
            "class_name": "infraRsFuncToEpg",
            "content": {
              "encap": "vlan-3710",
              "instrImedcy": "lazy",
              "mode": "regular",
              "primaryEncap": "unknown",
              "tDn": "uni/tn-tf-vms-1/ap-vms-1/epg-vlan-3710"
            },
            "dn": "uni/infra/attentp-ocp_sr_iov_secondary_interfaces/gen-default/rsfuncToEpg-[uni/tn-tf-vms-1/ap-vms-1/epg-vlan-3710]",
            "escape_html": true,
            "id": "uni/infra/attentp-ocp_sr_iov_secondary_interfaces/gen-default/rsfuncToEpg-[uni/tn-tf-vms-1/ap-vms-1/epg-vlan-3710]"
          },
          "sensitive_attributes": [],
          "dependencies": [
            "module.aci.data.utils_yaml_merge.defaults",
            "module.aci.data.utils_yaml_merge.model",
            "module.aci.data.utils_yaml_merge.modules",
            "module.aci.module.aci_aaep.aci_rest_managed.infraAttEntityP",
            "module.aci.module.aci_aaep.aci_rest_managed.infraGeneric",
            "module.aci.module.aci_physical_domain.aci_rest_managed.aaaDomainRef",
            "module.aci.module.aci_physical_domain.aci_rest_managed.infraRsVlanNs",
            "module.aci.module.aci_physical_domain.aci_rest_managed.physDomP",
            "module.aci.module.aci_routed_domain.aci_rest_managed.aaaDomainRef",
            "module.aci.module.aci_routed_domain.aci_rest_managed.infraRsVlanNs",
            "module.aci.module.aci_routed_domain.aci_rest_managed.l3extDomP",
            "module.aci.module.aci_vlan_pool.aci_rest_managed.fvnsEncapBlk",
            "module.aci.module.aci_vlan_pool.aci_rest_managed.fvnsVlanInstP"
          ]
        },
        {
          "index_key": "uni/tn-tf-vms-1/ap-vms-1/epg-vlan-3711",
          "schema_version": 0,
          "attributes": {
            "annotation": "orchestrator:terraform",
            "child": [],
            "class_name": "infraRsFuncToEpg",
            "content": {
              "encap": "vlan-3711",
              "instrImedcy": "lazy",
              "mode": "regular",
              "primaryEncap": "unknown",
              "tDn": "uni/tn-tf-vms-1/ap-vms-1/epg-vlan-3711"
            },
            "dn": "uni/infra/attentp-ocp_sr_iov_secondary_interfaces/gen-default/rsfuncToEpg-[uni/tn-tf-vms-1/ap-vms-1/epg-vlan-3711]",
            "escape_html": true,
            "id": "uni/infra/attentp-ocp_sr_iov_secondary_interfaces/gen-default/rsfuncToEpg-[uni/tn-tf-vms-1/ap-vms-1/epg-vlan-3711]"
          },
          "sensitive_attributes": [],
          "dependencies": [
            "module.aci.data.utils_yaml_merge.defaults",
            "module.aci.data.utils_yaml_merge.model",
            "module.aci.data.utils_yaml_merge.modules",
            "module.aci.module.aci_aaep.aci_rest_managed.infraAttEntityP",
            "module.aci.module.aci_aaep.aci_rest_managed.infraGeneric",
            "module.aci.module.aci_physical_domain.aci_rest_managed.aaaDomainRef",
            "module.aci.module.aci_physical_domain.aci_rest_managed.infraRsVlanNs",
            "module.aci.module.aci_physical_domain.aci_rest_managed.physDomP",
            "module.aci.module.aci_routed_domain.aci_rest_managed.aaaDomainRef",
            "module.aci.module.aci_routed_domain.aci_rest_managed.infraRsVlanNs",
            "module.aci.module.aci_routed_domain.aci_rest_managed.l3extDomP",
            "module.aci.module.aci_vlan_pool.aci_rest_managed.fvnsEncapBlk",
            "module.aci.module.aci_vlan_pool.aci_rest_managed.fvnsVlanInstP"
          ]
        },
        {
          "index_key": "uni/tn-tf-vms-1/ap-vms-1/epg-vlan-3712",
          "schema_version": 0,
          "attributes": {
            "annotation": "orchestrator:terraform",
            "child": [],
            "class_name": "infraRsFuncToEpg",
            "content": {
              "encap": "vlan-3712",
              "instrImedcy": "lazy",
              "mode": "regular",
              "primaryEncap": "unknown",
              "tDn": "uni/tn-tf-vms-1/ap-vms-1/epg-vlan-3712"
            },
            "dn": "uni/infra/attentp-ocp_sr_iov_secondary_interfaces/gen-default/rsfuncToEpg-[uni/tn-tf-vms-1/ap-vms-1/epg-vlan-3712]",
            "escape_html": true,
            "id": "uni/infra/attentp-ocp_sr_iov_secondary_interfaces/gen-default/rsfuncToEpg-[uni/tn-tf-vms-1/ap-vms-1/epg-vlan-3712]"
          },
          "sensitive_attributes": [],
          "dependencies": [
            "module.aci.data.utils_yaml_merge.defaults",
            "module.aci.data.utils_yaml_merge.model",
            "module.aci.data.utils_yaml_merge.modules",
            "module.aci.module.aci_aaep.aci_rest_managed.infraAttEntityP",
            "module.aci.module.aci_aaep.aci_rest_managed.infraGeneric",
            "module.aci.module.aci_physical_domain.aci_rest_managed.aaaDomainRef",
            "module.aci.module.aci_physical_domain.aci_rest_managed.infraRsVlanNs",
            "module.aci.module.aci_physical_domain.aci_rest_managed.physDomP",
            "module.aci.module.aci_routed_domain.aci_rest_managed.aaaDomainRef",
            "module.aci.module.aci_routed_domain.aci_rest_managed.infraRsVlanNs",
            "module.aci.module.aci_routed_domain.aci_rest_managed.l3extDomP",
            "module.aci.module.aci_vlan_pool.aci_rest_managed.fvnsEncapBlk",
            "module.aci.module.aci_vlan_pool.aci_rest_managed.fvnsVlanInstP"
          ]
        },
        {
          "index_key": "uni/tn-tf-vms-1/ap-vms-2/epg-vlan-3713",
          "schema_version": 0,
          "attributes": {
            "annotation": "orchestrator:terraform",
            "child": [],
            "class_name": "infraRsFuncToEpg",
            "content": {
              "encap": "vlan-3713",
              "instrImedcy": "lazy",
              "mode": "regular",
              "primaryEncap": "unknown",
              "tDn": "uni/tn-tf-vms-1/ap-vms-2/epg-vlan-3713"
            },
            "dn": "uni/infra/attentp-ocp_sr_iov_secondary_interfaces/gen-default/rsfuncToEpg-[uni/tn-tf-vms-1/ap-vms-2/epg-vlan-3713]",
            "escape_html": true,
            "id": "uni/infra/attentp-ocp_sr_iov_secondary_interfaces/gen-default/rsfuncToEpg-[uni/tn-tf-vms-1/ap-vms-2/epg-vlan-3713]"
          },
          "sensitive_attributes": [],
          "dependencies": [
            "module.aci.data.utils_yaml_merge.defaults",
            "module.aci.data.utils_yaml_merge.model",
            "module.aci.data.utils_yaml_merge.modules",
            "module.aci.module.aci_aaep.aci_rest_managed.infraAttEntityP",
            "module.aci.module.aci_aaep.aci_rest_managed.infraGeneric",
            "module.aci.module.aci_physical_domain.aci_rest_managed.aaaDomainRef",
            "module.aci.module.aci_physical_domain.aci_rest_managed.infraRsVlanNs",
            "module.aci.module.aci_physical_domain.aci_rest_managed.physDomP",
            "module.aci.module.aci_routed_domain.aci_rest_managed.aaaDomainRef",
            "module.aci.module.aci_routed_domain.aci_rest_managed.infraRsVlanNs",
            "module.aci.module.aci_routed_domain.aci_rest_managed.l3extDomP",
            "module.aci.module.aci_vlan_pool.aci_rest_managed.fvnsEncapBlk",
            "module.aci.module.aci_vlan_pool.aci_rest_managed.fvnsVlanInstP"
          ]
        },
        {
          "index_key": "uni/tn-tf-vms-1/ap-vms-2/epg-vlan-3714",
          "schema_version": 0,
          "attributes": {
            "annotation": "orchestrator:terraform",
            "child": [],
            "class_name": "infraRsFuncToEpg",
            "content": {
              "encap": "vlan-3714",
              "instrImedcy": "lazy",
              "mode": "regular",
              "primaryEncap": "unknown",
              "tDn": "uni/tn-tf-vms-1/ap-vms-2/epg-vlan-3714"
            },
            "dn": "uni/infra/attentp-ocp_sr_iov_secondary_interfaces/gen-default/rsfuncToEpg-[uni/tn-tf-vms-1/ap-vms-2/epg-vlan-3714]",
            "escape_html": true,
            "id": "uni/infra/attentp-ocp_sr_iov_secondary_interfaces/gen-default/rsfuncToEpg-[uni/tn-tf-vms-1/ap-vms-2/epg-vlan-3714]"
          },
          "sensitive_attributes": [],
          "dependencies": [
            "module.aci.data.utils_yaml_merge.defaults",
            "module.aci.data.utils_yaml_merge.model",
            "module.aci.data.utils_yaml_merge.modules",
            "module.aci.module.aci_aaep.aci_rest_managed.infraAttEntityP",
            "module.aci.module.aci_aaep.aci_rest_managed.infraGeneric",
            "module.aci.module.aci_physical_domain.aci_rest_managed.aaaDomainRef",
            "module.aci.module.aci_physical_domain.aci_rest_managed.infraRsVlanNs",
            "module.aci.module.aci_physical_domain.aci_rest_managed.physDomP",
            "module.aci.module.aci_routed_domain.aci_rest_managed.aaaDomainRef",
            "module.aci.module.aci_routed_domain.aci_rest_managed.infraRsVlanNs",
            "module.aci.module.aci_routed_domain.aci_rest_managed.l3extDomP",
            "module.aci.module.aci_vlan_pool.aci_rest_managed.fvnsEncapBlk",
            "module.aci.module.aci_vlan_pool.aci_rest_managed.fvnsVlanInstP"
          ]
        },
        {
          "index_key": "uni/tn-tf-vms-1/ap-vms-2/epg-vlan-3715",
          "schema_version": 0,
          "attributes": {
            "annotation": "orchestrator:terraform",
            "child": [],
            "class_name": "infraRsFuncToEpg",
            "content": {
              "encap": "vlan-3715",
              "instrImedcy": "lazy",
              "mode": "regular",
              "primaryEncap": "unknown",
              "tDn": "uni/tn-tf-vms-1/ap-vms-2/epg-vlan-3715"
            },
            "dn": "uni/infra/attentp-ocp_sr_iov_secondary_interfaces/gen-default/rsfuncToEpg-[uni/tn-tf-vms-1/ap-vms-2/epg-vlan-3715]",
            "escape_html": true,
            "id": "uni/infra/attentp-ocp_sr_iov_secondary_interfaces/gen-default/rsfuncToEpg-[uni/tn-tf-vms-1/ap-vms-2/epg-vlan-3715]"
          },
          "sensitive_attributes": [],
          "dependencies": [
            "module.aci.data.utils_yaml_merge.defaults",
            "module.aci.data.utils_yaml_merge.model",
            "module.aci.data.utils_yaml_merge.modules",
            "module.aci.module.aci_aaep.aci_rest_managed.infraAttEntityP",
            "module.aci.module.aci_aaep.aci_rest_managed.infraGeneric",
            "module.aci.module.aci_physical_domain.aci_rest_managed.aaaDomainRef",
            "module.aci.module.aci_physical_domain.aci_rest_managed.infraRsVlanNs",
            "module.aci.module.aci_physical_domain.aci_rest_managed.physDomP",
            "module.aci.module.aci_routed_domain.aci_rest_managed.aaaDomainRef",
            "module.aci.module.aci_routed_domain.aci_rest_managed.infraRsVlanNs",
            "module.aci.module.aci_routed_domain.aci_rest_managed.l3extDomP",
            "module.aci.module.aci_vlan_pool.aci_rest_managed.fvnsEncapBlk",
            "module.aci.module.aci_vlan_pool.aci_rest_managed.fvnsVlanInstP"
          ]
        }
      ]
    },
    {
      "module": "module.aci.module.aci_aaep[\"ocp_sr_iov_secondary_interfaces\"]",
      "mode": "managed",
      "type": "aci_rest_managed",
      "name": "infraRsDomP",
      "provider": "provider[\"registry.terraform.io/ciscodevnet/aci\"]",
      "instances": [
        {
          "index_key": "uni/l3dom-ocp_sr_iov-secondary",
          "schema_version": 0,
          "attributes": {
            "annotation": "orchestrator:terraform",
            "child": [],
            "class_name": "infraRsDomP",
            "content": {
              "tDn": "uni/l3dom-ocp_sr_iov-secondary"
            },
            "dn": "uni/infra/attentp-ocp_sr_iov_secondary_interfaces/rsdomP-[uni/l3dom-ocp_sr_iov-secondary]",
            "escape_html": true,
            "id": "uni/infra/attentp-ocp_sr_iov_secondary_interfaces/rsdomP-[uni/l3dom-ocp_sr_iov-secondary]"
          },
          "sensitive_attributes": [],
          "dependencies": [
            "module.aci.data.utils_yaml_merge.defaults",
            "module.aci.data.utils_yaml_merge.model",
            "module.aci.data.utils_yaml_merge.modules",
            "module.aci.module.aci_aaep.aci_rest_managed.infraAttEntityP",
            "module.aci.module.aci_physical_domain.aci_rest_managed.aaaDomainRef",
            "module.aci.module.aci_physical_domain.aci_rest_managed.infraRsVlanNs",
            "module.aci.module.aci_physical_domain.aci_rest_managed.physDomP",
            "module.aci.module.aci_routed_domain.aci_rest_managed.aaaDomainRef",
            "module.aci.module.aci_routed_domain.aci_rest_managed.infraRsVlanNs",
            "module.aci.module.aci_routed_domain.aci_rest_managed.l3extDomP",
            "module.aci.module.aci_vlan_pool.aci_rest_managed.fvnsEncapBlk",
            "module.aci.module.aci_vlan_pool.aci_rest_managed.fvnsVlanInstP"
          ]
        },
        {
          "index_key": "uni/phys-ocp_sr_iov-secondary",
          "schema_version": 0,
          "attributes": {
            "annotation": "orchestrator:terraform",
            "child": [],
            "class_name": "infraRsDomP",
            "content": {
              "tDn": "uni/phys-ocp_sr_iov-secondary"
            },
            "dn": "uni/infra/attentp-ocp_sr_iov_secondary_interfaces/rsdomP-[uni/phys-ocp_sr_iov-secondary]",
            "escape_html": true,
            "id": "uni/infra/attentp-ocp_sr_iov_secondary_interfaces/rsdomP-[uni/phys-ocp_sr_iov-secondary]"
          },
          "sensitive_attributes": [],
          "dependencies": [
            "module.aci.data.utils_yaml_merge.defaults",
            "module.aci.data.utils_yaml_merge.model",
            "module.aci.data.utils_yaml_merge.modules",
            "module.aci.module.aci_aaep.aci_rest_managed.infraAttEntityP",
            "module.aci.module.aci_physical_domain.aci_rest_managed.aaaDomainRef",
            "module.aci.module.aci_physical_domain.aci_rest_managed.infraRsVlanNs",
            "module.aci.module.aci_physical_domain.aci_rest_managed.physDomP",
            "module.aci.module.aci_routed_domain.aci_rest_managed.aaaDomainRef",
            "module.aci.module.aci_routed_domain.aci_rest_managed.infraRsVlanNs",
            "module.aci.module.aci_routed_domain.aci_rest_managed.l3extDomP",
            "module.aci.module.aci_vlan_pool.aci_rest_managed.fvnsEncapBlk",
            "module.aci.module.aci_vlan_pool.aci_rest_managed.fvnsVlanInstP"
          ]
        },
        {
          "index_key": "uni/phys-phys",
          "schema_version": 0,
          "attributes": {
            "annotation": "orchestrator:terraform",
            "child": [],
            "class_name": "infraRsDomP",
            "content": {
              "tDn": "uni/phys-phys"
            },
            "dn": "uni/infra/attentp-ocp_sr_iov_secondary_interfaces/rsdomP-[uni/phys-phys]",
            "escape_html": true,
            "id": "uni/infra/attentp-ocp_sr_iov_secondary_interfaces/rsdomP-[uni/phys-phys]"
          },
          "sensitive_attributes": [],
          "dependencies": [
            "module.aci.data.utils_yaml_merge.defaults",
            "module.aci.data.utils_yaml_merge.model",
            "module.aci.data.utils_yaml_merge.modules",
            "module.aci.module.aci_aaep.aci_rest_managed.infraAttEntityP",
            "module.aci.module.aci_physical_domain.aci_rest_managed.aaaDomainRef",
            "module.aci.module.aci_physical_domain.aci_rest_managed.infraRsVlanNs",
            "module.aci.module.aci_physical_domain.aci_rest_managed.physDomP",
            "module.aci.module.aci_routed_domain.aci_rest_managed.aaaDomainRef",
            "module.aci.module.aci_routed_domain.aci_rest_managed.infraRsVlanNs",
            "module.aci.module.aci_routed_domain.aci_rest_managed.l3extDomP",
            "module.aci.module.aci_vlan_pool.aci_rest_managed.fvnsEncapBlk",
            "module.aci.module.aci_vlan_pool.aci_rest_managed.fvnsVlanInstP"
          ]
        }
      ]
    },
    {
      "module": "module.aci.module.aci_application_profile[\"tf-vms-1/vms-1\"]",
      "mode": "managed",
      "type": "aci_rest_managed",
      "name": "fvAp",
      "provider": "provider[\"registry.terraform.io/ciscodevnet/aci\"]",
      "instances": [
        {
          "schema_version": 0,
          "attributes": {
            "annotation": "orchestrator:terraform",
            "child": [],
            "class_name": "fvAp",
            "content": {
              "descr": "",
              "name": "vms-1",
              "nameAlias": ""
            },
            "dn": "uni/tn-tf-vms-1/ap-vms-1",
            "escape_html": true,
            "id": "uni/tn-tf-vms-1/ap-vms-1"
          },
          "sensitive_attributes": [],
          "dependencies": [
            "module.aci.data.utils_yaml_merge.defaults",
            "module.aci.data.utils_yaml_merge.model",
            "module.aci.data.utils_yaml_merge.modules",
            "module.aci.module.aci_tenant.aci_rest_managed.aaaDomainRef",
            "module.aci.module.aci_tenant.aci_rest_managed.fvTenant"
          ]
        }
      ]
    },
    {
      "module": "module.aci.module.aci_application_profile[\"tf-vms-1/vms-2\"]",
      "mode": "managed",
      "type": "aci_rest_managed",
      "name": "fvAp",
      "provider": "provider[\"registry.terraform.io/ciscodevnet/aci\"]",
      "instances": [
        {
          "schema_version": 0,
          "attributes": {
            "annotation": "orchestrator:terraform",
            "child": [],
            "class_name": "fvAp",
            "content": {
              "descr": "",
              "name": "vms-2",
              "nameAlias": ""
            },
            "dn": "uni/tn-tf-vms-1/ap-vms-2",
            "escape_html": true,
            "id": "uni/tn-tf-vms-1/ap-vms-2"
          },
          "sensitive_attributes": [],
          "dependencies": [
            "module.aci.data.utils_yaml_merge.defaults",
            "module.aci.data.utils_yaml_merge.model",
            "module.aci.data.utils_yaml_merge.modules",
            "module.aci.module.aci_tenant.aci_rest_managed.aaaDomainRef",
            "module.aci.module.aci_tenant.aci_rest_managed.fvTenant"
          ]
        }
      ]
    },
    {
      "module": "module.aci.module.aci_bridge_domain[\"tf-vms-1/10.1.200.0_24\"]",
      "mode": "managed",
      "type": "aci_rest_managed",
      "name": "fvBD",
      "provider": "provider[\"registry.terraform.io/ciscodevnet/aci\"]",
      "instances": [
        {
          "schema_version": 0,
          "attributes": {
            "annotation": "orchestrator:terraform",
            "child": [],
            "class_name": "fvBD",
            "content": {
              "arpFlood": "yes",
              "descr": "",
              "epClear": "no",
              "epMoveDetectMode": "",
              "hostBasedRouting": "no",
              "ipLearning": "yes",
              "limitIpLearnToSubnets": "yes",
              "mac": "00:22:BD:F8:19:FF",
              "mcastAllow": "no",
              "multiDstPktAct": "bd-flood",
              "name": "10.1.200.0_24",
              "nameAlias": "",
              "type": "regular",
              "unicastRoute": "yes",
              "unkMacUcastAct": "flood",
              "unkMcastAct": "flood",
              "v6unkMcastAct": "flood",
              "vmac": "not-applicable"
            },
            "dn": "uni/tn-tf-vms-1/BD-10.1.200.0_24",
            "escape_html": true,
            "id": "uni/tn-tf-vms-1/BD-10.1.200.0_24"
          },
          "sensitive_attributes": [],
          "dependencies": [
            "module.aci.data.utils_yaml_merge.defaults",
            "module.aci.data.utils_yaml_merge.model",
            "module.aci.data.utils_yaml_merge.modules",
            "module.aci.module.aci_bfd_interface_policy.aci_rest_managed.bfdIfPol",
            "module.aci.module.aci_bgp_timer_policy.aci_rest_managed.bgpCtxPol",
            "module.aci.module.aci_contract.aci_rest_managed.vzBrCP",
            "module.aci.module.aci_contract.aci_rest_managed.vzRsSubjFiltAtt",
            "module.aci.module.aci_contract.aci_rest_managed.vzRsSubjGraphAtt",
            "module.aci.module.aci_contract.aci_rest_managed.vzSubj",
            "module.aci.module.aci_dhcp_option_policy.aci_rest_managed.dhcpOption",
            "module.aci.module.aci_dhcp_option_policy.aci_rest_managed.dhcpOptionPol",
            "module.aci.module.aci_dhcp_relay_policy.aci_rest_managed.dhcpRelayP",
            "module.aci.module.aci_dhcp_relay_policy.aci_rest_managed.dhcpRsProv",
            "module.aci.module.aci_eigrp_interface_policy.aci_rest_managed.eigrpIfPol",
            "module.aci.module.aci_filter.aci_rest_managed.vzEntry",
            "module.aci.module.aci_filter.aci_rest_managed.vzFilter",
            "module.aci.module.aci_imported_contract.aci_rest_managed.vzCPIf",
            "module.aci.module.aci_imported_contract.aci_rest_managed.vzRsIf",
            "module.aci.module.aci_l3out.aci_rest_managed.bgpExtP",
            "module.aci.module.aci_l3out.aci_rest_managed.eigrpExtP",
            "module.aci.module.aci_l3out.aci_rest_managed.l3extConsLbl",
            "module.aci.module.aci_l3out.aci_rest_managed.l3extDefaultRouteLeakP",
            "module.aci.module.aci_l3out.aci_rest_managed.l3extInstP_sr_mpls",
            "module.aci.module.aci_l3out.aci_rest_managed.l3extOut",
            "module.aci.module.aci_l3out.aci_rest_managed.l3extProvLbl",
            "module.aci.module.aci_l3out.aci_rest_managed.l3extRsDampeningPol_ipv4",
            "module.aci.module.aci_l3out.aci_rest_managed.l3extRsDampeningPol_ipv6",
            "module.aci.module.aci_l3out.aci_rest_managed.l3extRsEctx",
            "module.aci.module.aci_l3out.aci_rest_managed.l3extRsInterleakPol",
            "module.aci.module.aci_l3out.aci_rest_managed.l3extRsL3DomAtt",
            "module.aci.module.aci_l3out.aci_rest_managed.l3extRsLblToInstP",
            "module.aci.module.aci_l3out.aci_rest_managed.l3extRsLblToProfile_export",
            "module.aci.module.aci_l3out.aci_rest_managed.l3extRsLblToProfile_import",
            "module.aci.module.aci_l3out.aci_rest_managed.l3extRsRedistributePol",
            "module.aci.module.aci_l3out.aci_rest_managed.mplsExtP",
            "module.aci.module.aci_l3out.aci_rest_managed.mplsRsLabelPol",
            "module.aci.module.aci_l3out.aci_rest_managed.ospfExtP",
            "module.aci.module.aci_l3out.aci_rest_managed.pimExtP",
            "module.aci.module.aci_l3out.aci_rest_managed.rtctrlCtxP_export",
            "module.aci.module.aci_l3out.aci_rest_managed.rtctrlCtxP_import",
            "module.aci.module.aci_l3out.aci_rest_managed.rtctrlProfile_export",
            "module.aci.module.aci_l3out.aci_rest_managed.rtctrlProfile_import",
            "module.aci.module.aci_l3out.aci_rest_managed.rtctrlRsCtxPToSubjP_export",
            "module.aci.module.aci_l3out.aci_rest_managed.rtctrlRsCtxPToSubjP_import",
            "module.aci.module.aci_l3out.aci_rest_managed.rtctrlRsScopeToAttrP_export",
            "module.aci.module.aci_l3out.aci_rest_managed.rtctrlRsScopeToAttrP_import",
            "module.aci.module.aci_l3out.aci_rest_managed.rtctrlScope_export",
            "module.aci.module.aci_l3out.aci_rest_managed.rtctrlScope_import",
            "module.aci.module.aci_match_rule.aci_rest_managed.rtctrlMatchCommFactor",
            "module.aci.module.aci_match_rule.aci_rest_managed.rtctrlMatchCommRegexTerm",
            "module.aci.module.aci_match_rule.aci_rest_managed.rtctrlMatchCommTerm",
            "module.aci.module.aci_match_rule.aci_rest_managed.rtctrlMatchRtDest",
            "module.aci.module.aci_match_rule.aci_rest_managed.rtctrlSubjP",
            "module.aci.module.aci_ospf_interface_policy.aci_rest_managed.ospfIfPol",
            "module.aci.module.aci_set_rule.aci_rest_managed.rtctrlAttrP",
            "module.aci.module.aci_set_rule.aci_rest_managed.rtctrlRsSetPolicyTagToInstP",
            "module.aci.module.aci_set_rule.aci_rest_managed.rtctrlSetASPath",
            "module.aci.module.aci_set_rule.aci_rest_managed.rtctrlSetASPathASN",
            "module.aci.module.aci_set_rule.aci_rest_managed.rtctrlSetAddComm",
            "module.aci.module.aci_set_rule.aci_rest_managed.rtctrlSetComm",
            "module.aci.module.aci_set_rule.aci_rest_managed.rtctrlSetDamp",
            "module.aci.module.aci_set_rule.aci_rest_managed.rtctrlSetNh",
            "module.aci.module.aci_set_rule.aci_rest_managed.rtctrlSetNhUnchanged",
            "module.aci.module.aci_set_rule.aci_rest_managed.rtctrlSetPolicyTag",
            "module.aci.module.aci_set_rule.aci_rest_managed.rtctrlSetPref",
            "module.aci.module.aci_set_rule.aci_rest_managed.rtctrlSetRedistMultipath",
            "module.aci.module.aci_set_rule.aci_rest_managed.rtctrlSetRtMetric",
            "module.aci.module.aci_set_rule.aci_rest_managed.rtctrlSetRtMetricType",
            "module.aci.module.aci_set_rule.aci_rest_managed.rtctrlSetTag",
            "module.aci.module.aci_set_rule.aci_rest_managed.rtctrlSetWeight",
            "module.aci.module.aci_tenant.aci_rest_managed.aaaDomainRef",
            "module.aci.module.aci_tenant.aci_rest_managed.fvTenant",
            "module.aci.module.aci_vrf.aci_rest_managed.bgpRtTargetP_ipv4",
            "module.aci.module.aci_vrf.aci_rest_managed.bgpRtTargetP_ipv6",
            "module.aci.module.aci_vrf.aci_rest_managed.bgpRtTarget_ipv4_export",
            "module.aci.module.aci_vrf.aci_rest_managed.bgpRtTarget_ipv4_import",
            "module.aci.module.aci_vrf.aci_rest_managed.bgpRtTarget_ipv6_export",
            "module.aci.module.aci_vrf.aci_rest_managed.bgpRtTarget_ipv6_import",
            "module.aci.module.aci_vrf.aci_rest_managed.dnsLbl",
            "module.aci.module.aci_vrf.aci_rest_managed.fvCtx",
            "module.aci.module.aci_vrf.aci_rest_managed.fvRsBgpCtxPol",
            "module.aci.module.aci_vrf.aci_rest_managed.fvRsCtxToBgpCtxAfPol_ipv4",
            "module.aci.module.aci_vrf.aci_rest_managed.fvRsCtxToBgpCtxAfPol_ipv6",
            "module.aci.module.aci_vrf.aci_rest_managed.fvRsCtxToExtRouteTagPol",
            "module.aci.module.aci_vrf.aci_rest_managed.fvRsCtxToOspfCtxPol_ipv4",
            "module.aci.module.aci_vrf.aci_rest_managed.fvRsCtxToOspfCtxPol_ipv6",
            "module.aci.module.aci_vrf.aci_rest_managed.fvRsOspfCtxPol",
            "module.aci.module.aci_vrf.aci_rest_managed.igmpCtxP",
            "module.aci.module.aci_vrf.aci_rest_managed.igmpSSMXlateP",
            "module.aci.module.aci_vrf.aci_rest_managed.leakExternalPrefix",
            "module.aci.module.aci_vrf.aci_rest_managed.leakInternalSubnet",
            "module.aci.module.aci_vrf.aci_rest_managed.leakRoutes",
            "module.aci.module.aci_vrf.aci_rest_managed.leakTo_external",
            "module.aci.module.aci_vrf.aci_rest_managed.leakTo_internal",
            "module.aci.module.aci_vrf.aci_rest_managed.pimASMPatPol",
            "module.aci.module.aci_vrf.aci_rest_managed.pimAutoRPPol",
            "module.aci.module.aci_vrf.aci_rest_managed.pimBSRFilterPol",
            "module.aci.module.aci_vrf.aci_rest_managed.pimBSRPPol",
            "module.aci.module.aci_vrf.aci_rest_managed.pimCtxP",
            "module.aci.module.aci_vrf.aci_rest_managed.pimFabricRPPol",
            "module.aci.module.aci_vrf.aci_rest_managed.pimInterVRFEntryPol",
            "module.aci.module.aci_vrf.aci_rest_managed.pimInterVRFPol",
            "module.aci.module.aci_vrf.aci_rest_managed.pimMAFilterPol",
            "module.aci.module.aci_vrf.aci_rest_managed.pimRPGrpRangePol_fabric_rp",
            "module.aci.module.aci_vrf.aci_rest_managed.pimRPGrpRangePol_static_rp",
            "module.aci.module.aci_vrf.aci_rest_managed.pimRegTrPol",
            "module.aci.module.aci_vrf.aci_rest_managed.pimResPol",
            "module.aci.module.aci_vrf.aci_rest_managed.pimSGRangeExpPol",
            "module.aci.module.aci_vrf.aci_rest_managed.pimSSMPatPol",
            "module.aci.module.aci_vrf.aci_rest_managed.pimSSMRangePol",
            "module.aci.module.aci_vrf.aci_rest_managed.pimSharedRangePol",
            "module.aci.module.aci_vrf.aci_rest_managed.pimStaticRPEntryPol_fabric_rp",
            "module.aci.module.aci_vrf.aci_rest_managed.pimStaticRPEntryPol_static_rp",
            "module.aci.module.aci_vrf.aci_rest_managed.pimStaticRPPol",
            "module.aci.module.aci_vrf.aci_rest_managed.rtdmcRsFilterToRtMapPol_asm_sg_expiry",
            "module.aci.module.aci_vrf.aci_rest_managed.rtdmcRsFilterToRtMapPol_asm_shared",
            "module.aci.module.aci_vrf.aci_rest_managed.rtdmcRsFilterToRtMapPol_auto_rp",
            "module.aci.module.aci_vrf.aci_rest_managed.rtdmcRsFilterToRtMapPol_bsr",
            "module.aci.module.aci_vrf.aci_rest_managed.rtdmcRsFilterToRtMapPol_fabric_rp",
            "module.aci.module.aci_vrf.aci_rest_managed.rtdmcRsFilterToRtMapPol_pim_inter_vrf",
            "module.aci.module.aci_vrf.aci_rest_managed.rtdmcRsFilterToRtMapPol_ssm_range",
            "module.aci.module.aci_vrf.aci_rest_managed.rtdmcRsFilterToRtMapPol_static_rp",
            "module.aci.module.aci_vrf.aci_rest_managed.vzAny",
            "module.aci.module.aci_vrf.aci_rest_managed.vzRsAnyToCons",
            "module.aci.module.aci_vrf.aci_rest_managed.vzRsAnyToConsIf",
            "module.aci.module.aci_vrf.aci_rest_managed.vzRsAnyToProv"
          ]
        }
      ]
    },
    {
      "module": "module.aci.module.aci_bridge_domain[\"tf-vms-1/10.1.200.0_24\"]",
      "mode": "managed",
      "type": "aci_rest_managed",
      "name": "fvRsCtx",
      "provider": "provider[\"registry.terraform.io/ciscodevnet/aci\"]",
      "instances": [
        {
          "schema_version": 0,
          "attributes": {
            "annotation": "orchestrator:terraform",
            "child": [],
            "class_name": "fvRsCtx",
            "content": {
              "tnFvCtxName": "vrf"
            },
            "dn": "uni/tn-tf-vms-1/BD-10.1.200.0_24/rsctx",
            "escape_html": true,
            "id": "uni/tn-tf-vms-1/BD-10.1.200.0_24/rsctx"
          },
          "sensitive_attributes": [],
          "dependencies": [
            "module.aci.data.utils_yaml_merge.defaults",
            "module.aci.data.utils_yaml_merge.model",
            "module.aci.data.utils_yaml_merge.modules",
            "module.aci.module.aci_bfd_interface_policy.aci_rest_managed.bfdIfPol",
            "module.aci.module.aci_bgp_timer_policy.aci_rest_managed.bgpCtxPol",
            "module.aci.module.aci_bridge_domain.aci_rest_managed.fvBD",
            "module.aci.module.aci_contract.aci_rest_managed.vzBrCP",
            "module.aci.module.aci_contract.aci_rest_managed.vzRsSubjFiltAtt",
            "module.aci.module.aci_contract.aci_rest_managed.vzRsSubjGraphAtt",
            "module.aci.module.aci_contract.aci_rest_managed.vzSubj",
            "module.aci.module.aci_dhcp_option_policy.aci_rest_managed.dhcpOption",
            "module.aci.module.aci_dhcp_option_policy.aci_rest_managed.dhcpOptionPol",
            "module.aci.module.aci_dhcp_relay_policy.aci_rest_managed.dhcpRelayP",
            "module.aci.module.aci_dhcp_relay_policy.aci_rest_managed.dhcpRsProv",
            "module.aci.module.aci_eigrp_interface_policy.aci_rest_managed.eigrpIfPol",
            "module.aci.module.aci_filter.aci_rest_managed.vzEntry",
            "module.aci.module.aci_filter.aci_rest_managed.vzFilter",
            "module.aci.module.aci_imported_contract.aci_rest_managed.vzCPIf",
            "module.aci.module.aci_imported_contract.aci_rest_managed.vzRsIf",
            "module.aci.module.aci_l3out.aci_rest_managed.bgpExtP",
            "module.aci.module.aci_l3out.aci_rest_managed.eigrpExtP",
            "module.aci.module.aci_l3out.aci_rest_managed.l3extConsLbl",
            "module.aci.module.aci_l3out.aci_rest_managed.l3extDefaultRouteLeakP",
            "module.aci.module.aci_l3out.aci_rest_managed.l3extInstP_sr_mpls",
            "module.aci.module.aci_l3out.aci_rest_managed.l3extOut",
            "module.aci.module.aci_l3out.aci_rest_managed.l3extProvLbl",
            "module.aci.module.aci_l3out.aci_rest_managed.l3extRsDampeningPol_ipv4",
            "module.aci.module.aci_l3out.aci_rest_managed.l3extRsDampeningPol_ipv6",
            "module.aci.module.aci_l3out.aci_rest_managed.l3extRsEctx",
            "module.aci.module.aci_l3out.aci_rest_managed.l3extRsInterleakPol",
            "module.aci.module.aci_l3out.aci_rest_managed.l3extRsL3DomAtt",
            "module.aci.module.aci_l3out.aci_rest_managed.l3extRsLblToInstP",
            "module.aci.module.aci_l3out.aci_rest_managed.l3extRsLblToProfile_export",
            "module.aci.module.aci_l3out.aci_rest_managed.l3extRsLblToProfile_import",
            "module.aci.module.aci_l3out.aci_rest_managed.l3extRsRedistributePol",
            "module.aci.module.aci_l3out.aci_rest_managed.mplsExtP",
            "module.aci.module.aci_l3out.aci_rest_managed.mplsRsLabelPol",
            "module.aci.module.aci_l3out.aci_rest_managed.ospfExtP",
            "module.aci.module.aci_l3out.aci_rest_managed.pimExtP",
            "module.aci.module.aci_l3out.aci_rest_managed.rtctrlCtxP_export",
            "module.aci.module.aci_l3out.aci_rest_managed.rtctrlCtxP_import",
            "module.aci.module.aci_l3out.aci_rest_managed.rtctrlProfile_export",
            "module.aci.module.aci_l3out.aci_rest_managed.rtctrlProfile_import",
            "module.aci.module.aci_l3out.aci_rest_managed.rtctrlRsCtxPToSubjP_export",
            "module.aci.module.aci_l3out.aci_rest_managed.rtctrlRsCtxPToSubjP_import",
            "module.aci.module.aci_l3out.aci_rest_managed.rtctrlRsScopeToAttrP_export",
            "module.aci.module.aci_l3out.aci_rest_managed.rtctrlRsScopeToAttrP_import",
            "module.aci.module.aci_l3out.aci_rest_managed.rtctrlScope_export",
            "module.aci.module.aci_l3out.aci_rest_managed.rtctrlScope_import",
            "module.aci.module.aci_match_rule.aci_rest_managed.rtctrlMatchCommFactor",
            "module.aci.module.aci_match_rule.aci_rest_managed.rtctrlMatchCommRegexTerm",
            "module.aci.module.aci_match_rule.aci_rest_managed.rtctrlMatchCommTerm",
            "module.aci.module.aci_match_rule.aci_rest_managed.rtctrlMatchRtDest",
            "module.aci.module.aci_match_rule.aci_rest_managed.rtctrlSubjP",
            "module.aci.module.aci_ospf_interface_policy.aci_rest_managed.ospfIfPol",
            "module.aci.module.aci_set_rule.aci_rest_managed.rtctrlAttrP",
            "module.aci.module.aci_set_rule.aci_rest_managed.rtctrlRsSetPolicyTagToInstP",
            "module.aci.module.aci_set_rule.aci_rest_managed.rtctrlSetASPath",
            "module.aci.module.aci_set_rule.aci_rest_managed.rtctrlSetASPathASN",
            "module.aci.module.aci_set_rule.aci_rest_managed.rtctrlSetAddComm",
            "module.aci.module.aci_set_rule.aci_rest_managed.rtctrlSetComm",
            "module.aci.module.aci_set_rule.aci_rest_managed.rtctrlSetDamp",
            "module.aci.module.aci_set_rule.aci_rest_managed.rtctrlSetNh",
            "module.aci.module.aci_set_rule.aci_rest_managed.rtctrlSetNhUnchanged",
            "module.aci.module.aci_set_rule.aci_rest_managed.rtctrlSetPolicyTag",
            "module.aci.module.aci_set_rule.aci_rest_managed.rtctrlSetPref",
            "module.aci.module.aci_set_rule.aci_rest_managed.rtctrlSetRedistMultipath",
            "module.aci.module.aci_set_rule.aci_rest_managed.rtctrlSetRtMetric",
            "module.aci.module.aci_set_rule.aci_rest_managed.rtctrlSetRtMetricType",
            "module.aci.module.aci_set_rule.aci_rest_managed.rtctrlSetTag",
            "module.aci.module.aci_set_rule.aci_rest_managed.rtctrlSetWeight",
            "module.aci.module.aci_tenant.aci_rest_managed.aaaDomainRef",
            "module.aci.module.aci_tenant.aci_rest_managed.fvTenant",
            "module.aci.module.aci_vrf.aci_rest_managed.bgpRtTargetP_ipv4",
            "module.aci.module.aci_vrf.aci_rest_managed.bgpRtTargetP_ipv6",
            "module.aci.module.aci_vrf.aci_rest_managed.bgpRtTarget_ipv4_export",
            "module.aci.module.aci_vrf.aci_rest_managed.bgpRtTarget_ipv4_import",
            "module.aci.module.aci_vrf.aci_rest_managed.bgpRtTarget_ipv6_export",
            "module.aci.module.aci_vrf.aci_rest_managed.bgpRtTarget_ipv6_import",
            "module.aci.module.aci_vrf.aci_rest_managed.dnsLbl",
            "module.aci.module.aci_vrf.aci_rest_managed.fvCtx",
            "module.aci.module.aci_vrf.aci_rest_managed.fvRsBgpCtxPol",
            "module.aci.module.aci_vrf.aci_rest_managed.fvRsCtxToBgpCtxAfPol_ipv4",
            "module.aci.module.aci_vrf.aci_rest_managed.fvRsCtxToBgpCtxAfPol_ipv6",
            "module.aci.module.aci_vrf.aci_rest_managed.fvRsCtxToExtRouteTagPol",
            "module.aci.module.aci_vrf.aci_rest_managed.fvRsCtxToOspfCtxPol_ipv4",
            "module.aci.module.aci_vrf.aci_rest_managed.fvRsCtxToOspfCtxPol_ipv6",
            "module.aci.module.aci_vrf.aci_rest_managed.fvRsOspfCtxPol",
            "module.aci.module.aci_vrf.aci_rest_managed.igmpCtxP",
            "module.aci.module.aci_vrf.aci_rest_managed.igmpSSMXlateP",
            "module.aci.module.aci_vrf.aci_rest_managed.leakExternalPrefix",
            "module.aci.module.aci_vrf.aci_rest_managed.leakInternalSubnet",
            "module.aci.module.aci_vrf.aci_rest_managed.leakRoutes",
            "module.aci.module.aci_vrf.aci_rest_managed.leakTo_external",
            "module.aci.module.aci_vrf.aci_rest_managed.leakTo_internal",
            "module.aci.module.aci_vrf.aci_rest_managed.pimASMPatPol",
            "module.aci.module.aci_vrf.aci_rest_managed.pimAutoRPPol",
            "module.aci.module.aci_vrf.aci_rest_managed.pimBSRFilterPol",
            "module.aci.module.aci_vrf.aci_rest_managed.pimBSRPPol",
            "module.aci.module.aci_vrf.aci_rest_managed.pimCtxP",
            "module.aci.module.aci_vrf.aci_rest_managed.pimFabricRPPol",
            "module.aci.module.aci_vrf.aci_rest_managed.pimInterVRFEntryPol",
            "module.aci.module.aci_vrf.aci_rest_managed.pimInterVRFPol",
            "module.aci.module.aci_vrf.aci_rest_managed.pimMAFilterPol",
            "module.aci.module.aci_vrf.aci_rest_managed.pimRPGrpRangePol_fabric_rp",
            "module.aci.module.aci_vrf.aci_rest_managed.pimRPGrpRangePol_static_rp",
            "module.aci.module.aci_vrf.aci_rest_managed.pimRegTrPol",
            "module.aci.module.aci_vrf.aci_rest_managed.pimResPol",
            "module.aci.module.aci_vrf.aci_rest_managed.pimSGRangeExpPol",
            "module.aci.module.aci_vrf.aci_rest_managed.pimSSMPatPol",
            "module.aci.module.aci_vrf.aci_rest_managed.pimSSMRangePol",
            "module.aci.module.aci_vrf.aci_rest_managed.pimSharedRangePol",
            "module.aci.module.aci_vrf.aci_rest_managed.pimStaticRPEntryPol_fabric_rp",
            "module.aci.module.aci_vrf.aci_rest_managed.pimStaticRPEntryPol_static_rp",
            "module.aci.module.aci_vrf.aci_rest_managed.pimStaticRPPol",
            "module.aci.module.aci_vrf.aci_rest_managed.rtdmcRsFilterToRtMapPol_asm_sg_expiry",
            "module.aci.module.aci_vrf.aci_rest_managed.rtdmcRsFilterToRtMapPol_asm_shared",
            "module.aci.module.aci_vrf.aci_rest_managed.rtdmcRsFilterToRtMapPol_auto_rp",
            "module.aci.module.aci_vrf.aci_rest_managed.rtdmcRsFilterToRtMapPol_bsr",
            "module.aci.module.aci_vrf.aci_rest_managed.rtdmcRsFilterToRtMapPol_fabric_rp",
            "module.aci.module.aci_vrf.aci_rest_managed.rtdmcRsFilterToRtMapPol_pim_inter_vrf",
            "module.aci.module.aci_vrf.aci_rest_managed.rtdmcRsFilterToRtMapPol_ssm_range",
            "module.aci.module.aci_vrf.aci_rest_managed.rtdmcRsFilterToRtMapPol_static_rp",
            "module.aci.module.aci_vrf.aci_rest_managed.vzAny",
            "module.aci.module.aci_vrf.aci_rest_managed.vzRsAnyToCons",
            "module.aci.module.aci_vrf.aci_rest_managed.vzRsAnyToConsIf",
            "module.aci.module.aci_vrf.aci_rest_managed.vzRsAnyToProv"
          ]
        }
      ]
    },
    {
      "module": "module.aci.module.aci_bridge_domain[\"tf-vms-1/10.1.200.0_24\"]",
      "mode": "managed",
      "type": "aci_rest_managed",
      "name": "fvSubnet",
      "provider": "provider[\"registry.terraform.io/ciscodevnet/aci\"]",
      "instances": [
        {
          "index_key": "10.1.200.1/24",
          "schema_version": 0,
          "attributes": {
            "annotation": "orchestrator:terraform",
            "child": [],
            "class_name": "fvSubnet",
            "content": {
              "ctrl": "nd",
              "descr": "",
              "ip": "10.1.200.1/24",
              "ipDPLearning": null,
              "preferred": "no",
              "scope": "private",
              "virtual": "no"
            },
            "dn": "uni/tn-tf-vms-1/BD-10.1.200.0_24/subnet-[10.1.200.1/24]",
            "escape_html": true,
            "id": "uni/tn-tf-vms-1/BD-10.1.200.0_24/subnet-[10.1.200.1/24]"
          },
          "sensitive_attributes": [],
          "dependencies": [
            "module.aci.data.utils_yaml_merge.defaults",
            "module.aci.data.utils_yaml_merge.model",
            "module.aci.data.utils_yaml_merge.modules",
            "module.aci.module.aci_bfd_interface_policy.aci_rest_managed.bfdIfPol",
            "module.aci.module.aci_bgp_timer_policy.aci_rest_managed.bgpCtxPol",
            "module.aci.module.aci_bridge_domain.aci_rest_managed.fvBD",
            "module.aci.module.aci_bridge_domain.aci_rest_managed.fvRsCtx",
            "module.aci.module.aci_contract.aci_rest_managed.vzBrCP",
            "module.aci.module.aci_contract.aci_rest_managed.vzRsSubjFiltAtt",
            "module.aci.module.aci_contract.aci_rest_managed.vzRsSubjGraphAtt",
            "module.aci.module.aci_contract.aci_rest_managed.vzSubj",
            "module.aci.module.aci_dhcp_option_policy.aci_rest_managed.dhcpOption",
            "module.aci.module.aci_dhcp_option_policy.aci_rest_managed.dhcpOptionPol",
            "module.aci.module.aci_dhcp_relay_policy.aci_rest_managed.dhcpRelayP",
            "module.aci.module.aci_dhcp_relay_policy.aci_rest_managed.dhcpRsProv",
            "module.aci.module.aci_eigrp_interface_policy.aci_rest_managed.eigrpIfPol",
            "module.aci.module.aci_filter.aci_rest_managed.vzEntry",
            "module.aci.module.aci_filter.aci_rest_managed.vzFilter",
            "module.aci.module.aci_imported_contract.aci_rest_managed.vzCPIf",
            "module.aci.module.aci_imported_contract.aci_rest_managed.vzRsIf",
            "module.aci.module.aci_l3out.aci_rest_managed.bgpExtP",
            "module.aci.module.aci_l3out.aci_rest_managed.eigrpExtP",
            "module.aci.module.aci_l3out.aci_rest_managed.l3extConsLbl",
            "module.aci.module.aci_l3out.aci_rest_managed.l3extDefaultRouteLeakP",
            "module.aci.module.aci_l3out.aci_rest_managed.l3extInstP_sr_mpls",
            "module.aci.module.aci_l3out.aci_rest_managed.l3extOut",
            "module.aci.module.aci_l3out.aci_rest_managed.l3extProvLbl",
            "module.aci.module.aci_l3out.aci_rest_managed.l3extRsDampeningPol_ipv4",
            "module.aci.module.aci_l3out.aci_rest_managed.l3extRsDampeningPol_ipv6",
            "module.aci.module.aci_l3out.aci_rest_managed.l3extRsEctx",
            "module.aci.module.aci_l3out.aci_rest_managed.l3extRsInterleakPol",
            "module.aci.module.aci_l3out.aci_rest_managed.l3extRsL3DomAtt",
            "module.aci.module.aci_l3out.aci_rest_managed.l3extRsLblToInstP",
            "module.aci.module.aci_l3out.aci_rest_managed.l3extRsLblToProfile_export",
            "module.aci.module.aci_l3out.aci_rest_managed.l3extRsLblToProfile_import",
            "module.aci.module.aci_l3out.aci_rest_managed.l3extRsRedistributePol",
            "module.aci.module.aci_l3out.aci_rest_managed.mplsExtP",
            "module.aci.module.aci_l3out.aci_rest_managed.mplsRsLabelPol",
            "module.aci.module.aci_l3out.aci_rest_managed.ospfExtP",
            "module.aci.module.aci_l3out.aci_rest_managed.pimExtP",
            "module.aci.module.aci_l3out.aci_rest_managed.rtctrlCtxP_export",
            "module.aci.module.aci_l3out.aci_rest_managed.rtctrlCtxP_import",
            "module.aci.module.aci_l3out.aci_rest_managed.rtctrlProfile_export",
            "module.aci.module.aci_l3out.aci_rest_managed.rtctrlProfile_import",
            "module.aci.module.aci_l3out.aci_rest_managed.rtctrlRsCtxPToSubjP_export",
            "module.aci.module.aci_l3out.aci_rest_managed.rtctrlRsCtxPToSubjP_import",
            "module.aci.module.aci_l3out.aci_rest_managed.rtctrlRsScopeToAttrP_export",
            "module.aci.module.aci_l3out.aci_rest_managed.rtctrlRsScopeToAttrP_import",
            "module.aci.module.aci_l3out.aci_rest_managed.rtctrlScope_export",
            "module.aci.module.aci_l3out.aci_rest_managed.rtctrlScope_import",
            "module.aci.module.aci_match_rule.aci_rest_managed.rtctrlMatchCommFactor",
            "module.aci.module.aci_match_rule.aci_rest_managed.rtctrlMatchCommRegexTerm",
            "module.aci.module.aci_match_rule.aci_rest_managed.rtctrlMatchCommTerm",
            "module.aci.module.aci_match_rule.aci_rest_managed.rtctrlMatchRtDest",
            "module.aci.module.aci_match_rule.aci_rest_managed.rtctrlSubjP",
            "module.aci.module.aci_ospf_interface_policy.aci_rest_managed.ospfIfPol",
            "module.aci.module.aci_set_rule.aci_rest_managed.rtctrlAttrP",
            "module.aci.module.aci_set_rule.aci_rest_managed.rtctrlRsSetPolicyTagToInstP",
            "module.aci.module.aci_set_rule.aci_rest_managed.rtctrlSetASPath",
            "module.aci.module.aci_set_rule.aci_rest_managed.rtctrlSetASPathASN",
            "module.aci.module.aci_set_rule.aci_rest_managed.rtctrlSetAddComm",
            "module.aci.module.aci_set_rule.aci_rest_managed.rtctrlSetComm",
            "module.aci.module.aci_set_rule.aci_rest_managed.rtctrlSetDamp",
            "module.aci.module.aci_set_rule.aci_rest_managed.rtctrlSetNh",
            "module.aci.module.aci_set_rule.aci_rest_managed.rtctrlSetNhUnchanged",
            "module.aci.module.aci_set_rule.aci_rest_managed.rtctrlSetPolicyTag",
            "module.aci.module.aci_set_rule.aci_rest_managed.rtctrlSetPref",
            "module.aci.module.aci_set_rule.aci_rest_managed.rtctrlSetRedistMultipath",
            "module.aci.module.aci_set_rule.aci_rest_managed.rtctrlSetRtMetric",
            "module.aci.module.aci_set_rule.aci_rest_managed.rtctrlSetRtMetricType",
            "module.aci.module.aci_set_rule.aci_rest_managed.rtctrlSetTag",
            "module.aci.module.aci_set_rule.aci_rest_managed.rtctrlSetWeight",
            "module.aci.module.aci_tenant.aci_rest_managed.aaaDomainRef",
            "module.aci.module.aci_tenant.aci_rest_managed.fvTenant",
            "module.aci.module.aci_vrf.aci_rest_managed.bgpRtTargetP_ipv4",
            "module.aci.module.aci_vrf.aci_rest_managed.bgpRtTargetP_ipv6",
            "module.aci.module.aci_vrf.aci_rest_managed.bgpRtTarget_ipv4_export",
            "module.aci.module.aci_vrf.aci_rest_managed.bgpRtTarget_ipv4_import",
            "module.aci.module.aci_vrf.aci_rest_managed.bgpRtTarget_ipv6_export",
            "module.aci.module.aci_vrf.aci_rest_managed.bgpRtTarget_ipv6_import",
            "module.aci.module.aci_vrf.aci_rest_managed.dnsLbl",
            "module.aci.module.aci_vrf.aci_rest_managed.fvCtx",
            "module.aci.module.aci_vrf.aci_rest_managed.fvRsBgpCtxPol",
            "module.aci.module.aci_vrf.aci_rest_managed.fvRsCtxToBgpCtxAfPol_ipv4",
            "module.aci.module.aci_vrf.aci_rest_managed.fvRsCtxToBgpCtxAfPol_ipv6",
            "module.aci.module.aci_vrf.aci_rest_managed.fvRsCtxToExtRouteTagPol",
            "module.aci.module.aci_vrf.aci_rest_managed.fvRsCtxToOspfCtxPol_ipv4",
            "module.aci.module.aci_vrf.aci_rest_managed.fvRsCtxToOspfCtxPol_ipv6",
            "module.aci.module.aci_vrf.aci_rest_managed.fvRsOspfCtxPol",
            "module.aci.module.aci_vrf.aci_rest_managed.igmpCtxP",
            "module.aci.module.aci_vrf.aci_rest_managed.igmpSSMXlateP",
            "module.aci.module.aci_vrf.aci_rest_managed.leakExternalPrefix",
            "module.aci.module.aci_vrf.aci_rest_managed.leakInternalSubnet",
            "module.aci.module.aci_vrf.aci_rest_managed.leakRoutes",
            "module.aci.module.aci_vrf.aci_rest_managed.leakTo_external",
            "module.aci.module.aci_vrf.aci_rest_managed.leakTo_internal",
            "module.aci.module.aci_vrf.aci_rest_managed.pimASMPatPol",
            "module.aci.module.aci_vrf.aci_rest_managed.pimAutoRPPol",
            "module.aci.module.aci_vrf.aci_rest_managed.pimBSRFilterPol",
            "module.aci.module.aci_vrf.aci_rest_managed.pimBSRPPol",
            "module.aci.module.aci_vrf.aci_rest_managed.pimCtxP",
            "module.aci.module.aci_vrf.aci_rest_managed.pimFabricRPPol",
            "module.aci.module.aci_vrf.aci_rest_managed.pimInterVRFEntryPol",
            "module.aci.module.aci_vrf.aci_rest_managed.pimInterVRFPol",
            "module.aci.module.aci_vrf.aci_rest_managed.pimMAFilterPol",
            "module.aci.module.aci_vrf.aci_rest_managed.pimRPGrpRangePol_fabric_rp",
            "module.aci.module.aci_vrf.aci_rest_managed.pimRPGrpRangePol_static_rp",
            "module.aci.module.aci_vrf.aci_rest_managed.pimRegTrPol",
            "module.aci.module.aci_vrf.aci_rest_managed.pimResPol",
            "module.aci.module.aci_vrf.aci_rest_managed.pimSGRangeExpPol",
            "module.aci.module.aci_vrf.aci_rest_managed.pimSSMPatPol",
            "module.aci.module.aci_vrf.aci_rest_managed.pimSSMRangePol",
            "module.aci.module.aci_vrf.aci_rest_managed.pimSharedRangePol",
            "module.aci.module.aci_vrf.aci_rest_managed.pimStaticRPEntryPol_fabric_rp",
            "module.aci.module.aci_vrf.aci_rest_managed.pimStaticRPEntryPol_static_rp",
            "module.aci.module.aci_vrf.aci_rest_managed.pimStaticRPPol",
            "module.aci.module.aci_vrf.aci_rest_managed.rtdmcRsFilterToRtMapPol_asm_sg_expiry",
            "module.aci.module.aci_vrf.aci_rest_managed.rtdmcRsFilterToRtMapPol_asm_shared",
            "module.aci.module.aci_vrf.aci_rest_managed.rtdmcRsFilterToRtMapPol_auto_rp",
            "module.aci.module.aci_vrf.aci_rest_managed.rtdmcRsFilterToRtMapPol_bsr",
            "module.aci.module.aci_vrf.aci_rest_managed.rtdmcRsFilterToRtMapPol_fabric_rp",
            "module.aci.module.aci_vrf.aci_rest_managed.rtdmcRsFilterToRtMapPol_pim_inter_vrf",
            "module.aci.module.aci_vrf.aci_rest_managed.rtdmcRsFilterToRtMapPol_ssm_range",
            "module.aci.module.aci_vrf.aci_rest_managed.rtdmcRsFilterToRtMapPol_static_rp",
            "module.aci.module.aci_vrf.aci_rest_managed.vzAny",
            "module.aci.module.aci_vrf.aci_rest_managed.vzRsAnyToCons",
            "module.aci.module.aci_vrf.aci_rest_managed.vzRsAnyToConsIf",
            "module.aci.module.aci_vrf.aci_rest_managed.vzRsAnyToProv"
          ]
        }
      ]
    },
    {
      "module": "module.aci.module.aci_bridge_domain[\"tf-vms-1/10.1.201.0_24\"]",
      "mode": "managed",
      "type": "aci_rest_managed",
      "name": "fvBD",
      "provider": "provider[\"registry.terraform.io/ciscodevnet/aci\"]",
      "instances": [
        {
          "schema_version": 0,
          "attributes": {
            "annotation": "orchestrator:terraform",
            "child": [],
            "class_name": "fvBD",
            "content": {
              "arpFlood": "yes",
              "descr": "",
              "epClear": "no",
              "epMoveDetectMode": "",
              "hostBasedRouting": "no",
              "ipLearning": "yes",
              "limitIpLearnToSubnets": "yes",
              "mac": "00:22:BD:F8:19:FF",
              "mcastAllow": "no",
              "multiDstPktAct": "bd-flood",
              "name": "10.1.201.0_24",
              "nameAlias": "",
              "type": "regular",
              "unicastRoute": "yes",
              "unkMacUcastAct": "flood",
              "unkMcastAct": "flood",
              "v6unkMcastAct": "flood",
              "vmac": "not-applicable"
            },
            "dn": "uni/tn-tf-vms-1/BD-10.1.201.0_24",
            "escape_html": true,
            "id": "uni/tn-tf-vms-1/BD-10.1.201.0_24"
          },
          "sensitive_attributes": [],
          "dependencies": [
            "module.aci.data.utils_yaml_merge.defaults",
            "module.aci.data.utils_yaml_merge.model",
            "module.aci.data.utils_yaml_merge.modules",
            "module.aci.module.aci_bfd_interface_policy.aci_rest_managed.bfdIfPol",
            "module.aci.module.aci_bgp_timer_policy.aci_rest_managed.bgpCtxPol",
            "module.aci.module.aci_contract.aci_rest_managed.vzBrCP",
            "module.aci.module.aci_contract.aci_rest_managed.vzRsSubjFiltAtt",
            "module.aci.module.aci_contract.aci_rest_managed.vzRsSubjGraphAtt",
            "module.aci.module.aci_contract.aci_rest_managed.vzSubj",
            "module.aci.module.aci_dhcp_option_policy.aci_rest_managed.dhcpOption",
            "module.aci.module.aci_dhcp_option_policy.aci_rest_managed.dhcpOptionPol",
            "module.aci.module.aci_dhcp_relay_policy.aci_rest_managed.dhcpRelayP",
            "module.aci.module.aci_dhcp_relay_policy.aci_rest_managed.dhcpRsProv",
            "module.aci.module.aci_eigrp_interface_policy.aci_rest_managed.eigrpIfPol",
            "module.aci.module.aci_filter.aci_rest_managed.vzEntry",
            "module.aci.module.aci_filter.aci_rest_managed.vzFilter",
            "module.aci.module.aci_imported_contract.aci_rest_managed.vzCPIf",
            "module.aci.module.aci_imported_contract.aci_rest_managed.vzRsIf",
            "module.aci.module.aci_l3out.aci_rest_managed.bgpExtP",
            "module.aci.module.aci_l3out.aci_rest_managed.eigrpExtP",
            "module.aci.module.aci_l3out.aci_rest_managed.l3extConsLbl",
            "module.aci.module.aci_l3out.aci_rest_managed.l3extDefaultRouteLeakP",
            "module.aci.module.aci_l3out.aci_rest_managed.l3extInstP_sr_mpls",
            "module.aci.module.aci_l3out.aci_rest_managed.l3extOut",
            "module.aci.module.aci_l3out.aci_rest_managed.l3extProvLbl",
            "module.aci.module.aci_l3out.aci_rest_managed.l3extRsDampeningPol_ipv4",
            "module.aci.module.aci_l3out.aci_rest_managed.l3extRsDampeningPol_ipv6",
            "module.aci.module.aci_l3out.aci_rest_managed.l3extRsEctx",
            "module.aci.module.aci_l3out.aci_rest_managed.l3extRsInterleakPol",
            "module.aci.module.aci_l3out.aci_rest_managed.l3extRsL3DomAtt",
            "module.aci.module.aci_l3out.aci_rest_managed.l3extRsLblToInstP",
            "module.aci.module.aci_l3out.aci_rest_managed.l3extRsLblToProfile_export",
            "module.aci.module.aci_l3out.aci_rest_managed.l3extRsLblToProfile_import",
            "module.aci.module.aci_l3out.aci_rest_managed.l3extRsRedistributePol",
            "module.aci.module.aci_l3out.aci_rest_managed.mplsExtP",
            "module.aci.module.aci_l3out.aci_rest_managed.mplsRsLabelPol",
            "module.aci.module.aci_l3out.aci_rest_managed.ospfExtP",
            "module.aci.module.aci_l3out.aci_rest_managed.pimExtP",
            "module.aci.module.aci_l3out.aci_rest_managed.rtctrlCtxP_export",
            "module.aci.module.aci_l3out.aci_rest_managed.rtctrlCtxP_import",
            "module.aci.module.aci_l3out.aci_rest_managed.rtctrlProfile_export",
            "module.aci.module.aci_l3out.aci_rest_managed.rtctrlProfile_import",
            "module.aci.module.aci_l3out.aci_rest_managed.rtctrlRsCtxPToSubjP_export",
            "module.aci.module.aci_l3out.aci_rest_managed.rtctrlRsCtxPToSubjP_import",
            "module.aci.module.aci_l3out.aci_rest_managed.rtctrlRsScopeToAttrP_export",
            "module.aci.module.aci_l3out.aci_rest_managed.rtctrlRsScopeToAttrP_import",
            "module.aci.module.aci_l3out.aci_rest_managed.rtctrlScope_export",
            "module.aci.module.aci_l3out.aci_rest_managed.rtctrlScope_import",
            "module.aci.module.aci_match_rule.aci_rest_managed.rtctrlMatchCommFactor",
            "module.aci.module.aci_match_rule.aci_rest_managed.rtctrlMatchCommRegexTerm",
            "module.aci.module.aci_match_rule.aci_rest_managed.rtctrlMatchCommTerm",
            "module.aci.module.aci_match_rule.aci_rest_managed.rtctrlMatchRtDest",
            "module.aci.module.aci_match_rule.aci_rest_managed.rtctrlSubjP",
            "module.aci.module.aci_ospf_interface_policy.aci_rest_managed.ospfIfPol",
            "module.aci.module.aci_set_rule.aci_rest_managed.rtctrlAttrP",
            "module.aci.module.aci_set_rule.aci_rest_managed.rtctrlRsSetPolicyTagToInstP",
            "module.aci.module.aci_set_rule.aci_rest_managed.rtctrlSetASPath",
            "module.aci.module.aci_set_rule.aci_rest_managed.rtctrlSetASPathASN",
            "module.aci.module.aci_set_rule.aci_rest_managed.rtctrlSetAddComm",
            "module.aci.module.aci_set_rule.aci_rest_managed.rtctrlSetComm",
            "module.aci.module.aci_set_rule.aci_rest_managed.rtctrlSetDamp",
            "module.aci.module.aci_set_rule.aci_rest_managed.rtctrlSetNh",
            "module.aci.module.aci_set_rule.aci_rest_managed.rtctrlSetNhUnchanged",
            "module.aci.module.aci_set_rule.aci_rest_managed.rtctrlSetPolicyTag",
            "module.aci.module.aci_set_rule.aci_rest_managed.rtctrlSetPref",
            "module.aci.module.aci_set_rule.aci_rest_managed.rtctrlSetRedistMultipath",
            "module.aci.module.aci_set_rule.aci_rest_managed.rtctrlSetRtMetric",
            "module.aci.module.aci_set_rule.aci_rest_managed.rtctrlSetRtMetricType",
            "module.aci.module.aci_set_rule.aci_rest_managed.rtctrlSetTag",
            "module.aci.module.aci_set_rule.aci_rest_managed.rtctrlSetWeight",
            "module.aci.module.aci_tenant.aci_rest_managed.aaaDomainRef",
            "module.aci.module.aci_tenant.aci_rest_managed.fvTenant",
            "module.aci.module.aci_vrf.aci_rest_managed.bgpRtTargetP_ipv4",
            "module.aci.module.aci_vrf.aci_rest_managed.bgpRtTargetP_ipv6",
            "module.aci.module.aci_vrf.aci_rest_managed.bgpRtTarget_ipv4_export",
            "module.aci.module.aci_vrf.aci_rest_managed.bgpRtTarget_ipv4_import",
            "module.aci.module.aci_vrf.aci_rest_managed.bgpRtTarget_ipv6_export",
            "module.aci.module.aci_vrf.aci_rest_managed.bgpRtTarget_ipv6_import",
            "module.aci.module.aci_vrf.aci_rest_managed.dnsLbl",
            "module.aci.module.aci_vrf.aci_rest_managed.fvCtx",
            "module.aci.module.aci_vrf.aci_rest_managed.fvRsBgpCtxPol",
            "module.aci.module.aci_vrf.aci_rest_managed.fvRsCtxToBgpCtxAfPol_ipv4",
            "module.aci.module.aci_vrf.aci_rest_managed.fvRsCtxToBgpCtxAfPol_ipv6",
            "module.aci.module.aci_vrf.aci_rest_managed.fvRsCtxToExtRouteTagPol",
            "module.aci.module.aci_vrf.aci_rest_managed.fvRsCtxToOspfCtxPol_ipv4",
            "module.aci.module.aci_vrf.aci_rest_managed.fvRsCtxToOspfCtxPol_ipv6",
            "module.aci.module.aci_vrf.aci_rest_managed.fvRsOspfCtxPol",
            "module.aci.module.aci_vrf.aci_rest_managed.igmpCtxP",
            "module.aci.module.aci_vrf.aci_rest_managed.igmpSSMXlateP",
            "module.aci.module.aci_vrf.aci_rest_managed.leakExternalPrefix",
            "module.aci.module.aci_vrf.aci_rest_managed.leakInternalSubnet",
            "module.aci.module.aci_vrf.aci_rest_managed.leakRoutes",
            "module.aci.module.aci_vrf.aci_rest_managed.leakTo_external",
            "module.aci.module.aci_vrf.aci_rest_managed.leakTo_internal",
            "module.aci.module.aci_vrf.aci_rest_managed.pimASMPatPol",
            "module.aci.module.aci_vrf.aci_rest_managed.pimAutoRPPol",
            "module.aci.module.aci_vrf.aci_rest_managed.pimBSRFilterPol",
            "module.aci.module.aci_vrf.aci_rest_managed.pimBSRPPol",
            "module.aci.module.aci_vrf.aci_rest_managed.pimCtxP",
            "module.aci.module.aci_vrf.aci_rest_managed.pimFabricRPPol",
            "module.aci.module.aci_vrf.aci_rest_managed.pimInterVRFEntryPol",
            "module.aci.module.aci_vrf.aci_rest_managed.pimInterVRFPol",
            "module.aci.module.aci_vrf.aci_rest_managed.pimMAFilterPol",
            "module.aci.module.aci_vrf.aci_rest_managed.pimRPGrpRangePol_fabric_rp",
            "module.aci.module.aci_vrf.aci_rest_managed.pimRPGrpRangePol_static_rp",
            "module.aci.module.aci_vrf.aci_rest_managed.pimRegTrPol",
            "module.aci.module.aci_vrf.aci_rest_managed.pimResPol",
            "module.aci.module.aci_vrf.aci_rest_managed.pimSGRangeExpPol",
            "module.aci.module.aci_vrf.aci_rest_managed.pimSSMPatPol",
            "module.aci.module.aci_vrf.aci_rest_managed.pimSSMRangePol",
            "module.aci.module.aci_vrf.aci_rest_managed.pimSharedRangePol",
            "module.aci.module.aci_vrf.aci_rest_managed.pimStaticRPEntryPol_fabric_rp",
            "module.aci.module.aci_vrf.aci_rest_managed.pimStaticRPEntryPol_static_rp",
            "module.aci.module.aci_vrf.aci_rest_managed.pimStaticRPPol",
            "module.aci.module.aci_vrf.aci_rest_managed.rtdmcRsFilterToRtMapPol_asm_sg_expiry",
            "module.aci.module.aci_vrf.aci_rest_managed.rtdmcRsFilterToRtMapPol_asm_shared",
            "module.aci.module.aci_vrf.aci_rest_managed.rtdmcRsFilterToRtMapPol_auto_rp",
            "module.aci.module.aci_vrf.aci_rest_managed.rtdmcRsFilterToRtMapPol_bsr",
            "module.aci.module.aci_vrf.aci_rest_managed.rtdmcRsFilterToRtMapPol_fabric_rp",
            "module.aci.module.aci_vrf.aci_rest_managed.rtdmcRsFilterToRtMapPol_pim_inter_vrf",
            "module.aci.module.aci_vrf.aci_rest_managed.rtdmcRsFilterToRtMapPol_ssm_range",
            "module.aci.module.aci_vrf.aci_rest_managed.rtdmcRsFilterToRtMapPol_static_rp",
            "module.aci.module.aci_vrf.aci_rest_managed.vzAny",
            "module.aci.module.aci_vrf.aci_rest_managed.vzRsAnyToCons",
            "module.aci.module.aci_vrf.aci_rest_managed.vzRsAnyToConsIf",
            "module.aci.module.aci_vrf.aci_rest_managed.vzRsAnyToProv"
          ]
        }
      ]
    },
    {
      "module": "module.aci.module.aci_bridge_domain[\"tf-vms-1/10.1.201.0_24\"]",
      "mode": "managed",
      "type": "aci_rest_managed",
      "name": "fvRsCtx",
      "provider": "provider[\"registry.terraform.io/ciscodevnet/aci\"]",
      "instances": [
        {
          "schema_version": 0,
          "attributes": {
            "annotation": "orchestrator:terraform",
            "child": [],
            "class_name": "fvRsCtx",
            "content": {
              "tnFvCtxName": "vrf"
            },
            "dn": "uni/tn-tf-vms-1/BD-10.1.201.0_24/rsctx",
            "escape_html": true,
            "id": "uni/tn-tf-vms-1/BD-10.1.201.0_24/rsctx"
          },
          "sensitive_attributes": [],
          "dependencies": [
            "module.aci.data.utils_yaml_merge.defaults",
            "module.aci.data.utils_yaml_merge.model",
            "module.aci.data.utils_yaml_merge.modules",
            "module.aci.module.aci_bfd_interface_policy.aci_rest_managed.bfdIfPol",
            "module.aci.module.aci_bgp_timer_policy.aci_rest_managed.bgpCtxPol",
            "module.aci.module.aci_bridge_domain.aci_rest_managed.fvBD",
            "module.aci.module.aci_contract.aci_rest_managed.vzBrCP",
            "module.aci.module.aci_contract.aci_rest_managed.vzRsSubjFiltAtt",
            "module.aci.module.aci_contract.aci_rest_managed.vzRsSubjGraphAtt",
            "module.aci.module.aci_contract.aci_rest_managed.vzSubj",
            "module.aci.module.aci_dhcp_option_policy.aci_rest_managed.dhcpOption",
            "module.aci.module.aci_dhcp_option_policy.aci_rest_managed.dhcpOptionPol",
            "module.aci.module.aci_dhcp_relay_policy.aci_rest_managed.dhcpRelayP",
            "module.aci.module.aci_dhcp_relay_policy.aci_rest_managed.dhcpRsProv",
            "module.aci.module.aci_eigrp_interface_policy.aci_rest_managed.eigrpIfPol",
            "module.aci.module.aci_filter.aci_rest_managed.vzEntry",
            "module.aci.module.aci_filter.aci_rest_managed.vzFilter",
            "module.aci.module.aci_imported_contract.aci_rest_managed.vzCPIf",
            "module.aci.module.aci_imported_contract.aci_rest_managed.vzRsIf",
            "module.aci.module.aci_l3out.aci_rest_managed.bgpExtP",
            "module.aci.module.aci_l3out.aci_rest_managed.eigrpExtP",
            "module.aci.module.aci_l3out.aci_rest_managed.l3extConsLbl",
            "module.aci.module.aci_l3out.aci_rest_managed.l3extDefaultRouteLeakP",
            "module.aci.module.aci_l3out.aci_rest_managed.l3extInstP_sr_mpls",
            "module.aci.module.aci_l3out.aci_rest_managed.l3extOut",
            "module.aci.module.aci_l3out.aci_rest_managed.l3extProvLbl",
            "module.aci.module.aci_l3out.aci_rest_managed.l3extRsDampeningPol_ipv4",
            "module.aci.module.aci_l3out.aci_rest_managed.l3extRsDampeningPol_ipv6",
            "module.aci.module.aci_l3out.aci_rest_managed.l3extRsEctx",
            "module.aci.module.aci_l3out.aci_rest_managed.l3extRsInterleakPol",
            "module.aci.module.aci_l3out.aci_rest_managed.l3extRsL3DomAtt",
            "module.aci.module.aci_l3out.aci_rest_managed.l3extRsLblToInstP",
            "module.aci.module.aci_l3out.aci_rest_managed.l3extRsLblToProfile_export",
            "module.aci.module.aci_l3out.aci_rest_managed.l3extRsLblToProfile_import",
            "module.aci.module.aci_l3out.aci_rest_managed.l3extRsRedistributePol",
            "module.aci.module.aci_l3out.aci_rest_managed.mplsExtP",
            "module.aci.module.aci_l3out.aci_rest_managed.mplsRsLabelPol",
            "module.aci.module.aci_l3out.aci_rest_managed.ospfExtP",
            "module.aci.module.aci_l3out.aci_rest_managed.pimExtP",
            "module.aci.module.aci_l3out.aci_rest_managed.rtctrlCtxP_export",
            "module.aci.module.aci_l3out.aci_rest_managed.rtctrlCtxP_import",
            "module.aci.module.aci_l3out.aci_rest_managed.rtctrlProfile_export",
            "module.aci.module.aci_l3out.aci_rest_managed.rtctrlProfile_import",
            "module.aci.module.aci_l3out.aci_rest_managed.rtctrlRsCtxPToSubjP_export",
            "module.aci.module.aci_l3out.aci_rest_managed.rtctrlRsCtxPToSubjP_import",
            "module.aci.module.aci_l3out.aci_rest_managed.rtctrlRsScopeToAttrP_export",
            "module.aci.module.aci_l3out.aci_rest_managed.rtctrlRsScopeToAttrP_import",
            "module.aci.module.aci_l3out.aci_rest_managed.rtctrlScope_export",
            "module.aci.module.aci_l3out.aci_rest_managed.rtctrlScope_import",
            "module.aci.module.aci_match_rule.aci_rest_managed.rtctrlMatchCommFactor",
            "module.aci.module.aci_match_rule.aci_rest_managed.rtctrlMatchCommRegexTerm",
            "module.aci.module.aci_match_rule.aci_rest_managed.rtctrlMatchCommTerm",
            "module.aci.module.aci_match_rule.aci_rest_managed.rtctrlMatchRtDest",
            "module.aci.module.aci_match_rule.aci_rest_managed.rtctrlSubjP",
            "module.aci.module.aci_ospf_interface_policy.aci_rest_managed.ospfIfPol",
            "module.aci.module.aci_set_rule.aci_rest_managed.rtctrlAttrP",
            "module.aci.module.aci_set_rule.aci_rest_managed.rtctrlRsSetPolicyTagToInstP",
            "module.aci.module.aci_set_rule.aci_rest_managed.rtctrlSetASPath",
            "module.aci.module.aci_set_rule.aci_rest_managed.rtctrlSetASPathASN",
            "module.aci.module.aci_set_rule.aci_rest_managed.rtctrlSetAddComm",
            "module.aci.module.aci_set_rule.aci_rest_managed.rtctrlSetComm",
            "module.aci.module.aci_set_rule.aci_rest_managed.rtctrlSetDamp",
            "module.aci.module.aci_set_rule.aci_rest_managed.rtctrlSetNh",
            "module.aci.module.aci_set_rule.aci_rest_managed.rtctrlSetNhUnchanged",
            "module.aci.module.aci_set_rule.aci_rest_managed.rtctrlSetPolicyTag",
            "module.aci.module.aci_set_rule.aci_rest_managed.rtctrlSetPref",
            "module.aci.module.aci_set_rule.aci_rest_managed.rtctrlSetRedistMultipath",
            "module.aci.module.aci_set_rule.aci_rest_managed.rtctrlSetRtMetric",
            "module.aci.module.aci_set_rule.aci_rest_managed.rtctrlSetRtMetricType",
            "module.aci.module.aci_set_rule.aci_rest_managed.rtctrlSetTag",
            "module.aci.module.aci_set_rule.aci_rest_managed.rtctrlSetWeight",
            "module.aci.module.aci_tenant.aci_rest_managed.aaaDomainRef",
            "module.aci.module.aci_tenant.aci_rest_managed.fvTenant",
            "module.aci.module.aci_vrf.aci_rest_managed.bgpRtTargetP_ipv4",
            "module.aci.module.aci_vrf.aci_rest_managed.bgpRtTargetP_ipv6",
            "module.aci.module.aci_vrf.aci_rest_managed.bgpRtTarget_ipv4_export",
            "module.aci.module.aci_vrf.aci_rest_managed.bgpRtTarget_ipv4_import",
            "module.aci.module.aci_vrf.aci_rest_managed.bgpRtTarget_ipv6_export",
            "module.aci.module.aci_vrf.aci_rest_managed.bgpRtTarget_ipv6_import",
            "module.aci.module.aci_vrf.aci_rest_managed.dnsLbl",
            "module.aci.module.aci_vrf.aci_rest_managed.fvCtx",
            "module.aci.module.aci_vrf.aci_rest_managed.fvRsBgpCtxPol",
            "module.aci.module.aci_vrf.aci_rest_managed.fvRsCtxToBgpCtxAfPol_ipv4",
            "module.aci.module.aci_vrf.aci_rest_managed.fvRsCtxToBgpCtxAfPol_ipv6",
            "module.aci.module.aci_vrf.aci_rest_managed.fvRsCtxToExtRouteTagPol",
            "module.aci.module.aci_vrf.aci_rest_managed.fvRsCtxToOspfCtxPol_ipv4",
            "module.aci.module.aci_vrf.aci_rest_managed.fvRsCtxToOspfCtxPol_ipv6",
            "module.aci.module.aci_vrf.aci_rest_managed.fvRsOspfCtxPol",
            "module.aci.module.aci_vrf.aci_rest_managed.igmpCtxP",
            "module.aci.module.aci_vrf.aci_rest_managed.igmpSSMXlateP",
            "module.aci.module.aci_vrf.aci_rest_managed.leakExternalPrefix",
            "module.aci.module.aci_vrf.aci_rest_managed.leakInternalSubnet",
            "module.aci.module.aci_vrf.aci_rest_managed.leakRoutes",
            "module.aci.module.aci_vrf.aci_rest_managed.leakTo_external",
            "module.aci.module.aci_vrf.aci_rest_managed.leakTo_internal",
            "module.aci.module.aci_vrf.aci_rest_managed.pimASMPatPol",
            "module.aci.module.aci_vrf.aci_rest_managed.pimAutoRPPol",
            "module.aci.module.aci_vrf.aci_rest_managed.pimBSRFilterPol",
            "module.aci.module.aci_vrf.aci_rest_managed.pimBSRPPol",
            "module.aci.module.aci_vrf.aci_rest_managed.pimCtxP",
            "module.aci.module.aci_vrf.aci_rest_managed.pimFabricRPPol",
            "module.aci.module.aci_vrf.aci_rest_managed.pimInterVRFEntryPol",
            "module.aci.module.aci_vrf.aci_rest_managed.pimInterVRFPol",
            "module.aci.module.aci_vrf.aci_rest_managed.pimMAFilterPol",
            "module.aci.module.aci_vrf.aci_rest_managed.pimRPGrpRangePol_fabric_rp",
            "module.aci.module.aci_vrf.aci_rest_managed.pimRPGrpRangePol_static_rp",
            "module.aci.module.aci_vrf.aci_rest_managed.pimRegTrPol",
            "module.aci.module.aci_vrf.aci_rest_managed.pimResPol",
            "module.aci.module.aci_vrf.aci_rest_managed.pimSGRangeExpPol",
            "module.aci.module.aci_vrf.aci_rest_managed.pimSSMPatPol",
            "module.aci.module.aci_vrf.aci_rest_managed.pimSSMRangePol",
            "module.aci.module.aci_vrf.aci_rest_managed.pimSharedRangePol",
            "module.aci.module.aci_vrf.aci_rest_managed.pimStaticRPEntryPol_fabric_rp",
            "module.aci.module.aci_vrf.aci_rest_managed.pimStaticRPEntryPol_static_rp",
            "module.aci.module.aci_vrf.aci_rest_managed.pimStaticRPPol",
            "module.aci.module.aci_vrf.aci_rest_managed.rtdmcRsFilterToRtMapPol_asm_sg_expiry",
            "module.aci.module.aci_vrf.aci_rest_managed.rtdmcRsFilterToRtMapPol_asm_shared",
            "module.aci.module.aci_vrf.aci_rest_managed.rtdmcRsFilterToRtMapPol_auto_rp",
            "module.aci.module.aci_vrf.aci_rest_managed.rtdmcRsFilterToRtMapPol_bsr",
            "module.aci.module.aci_vrf.aci_rest_managed.rtdmcRsFilterToRtMapPol_fabric_rp",
            "module.aci.module.aci_vrf.aci_rest_managed.rtdmcRsFilterToRtMapPol_pim_inter_vrf",
            "module.aci.module.aci_vrf.aci_rest_managed.rtdmcRsFilterToRtMapPol_ssm_range",
            "module.aci.module.aci_vrf.aci_rest_managed.rtdmcRsFilterToRtMapPol_static_rp",
            "module.aci.module.aci_vrf.aci_rest_managed.vzAny",
            "module.aci.module.aci_vrf.aci_rest_managed.vzRsAnyToCons",
            "module.aci.module.aci_vrf.aci_rest_managed.vzRsAnyToConsIf",
            "module.aci.module.aci_vrf.aci_rest_managed.vzRsAnyToProv"
          ]
        }
      ]
    },
    {
      "module": "module.aci.module.aci_bridge_domain[\"tf-vms-1/10.1.201.0_24\"]",
      "mode": "managed",
      "type": "aci_rest_managed",
      "name": "fvSubnet",
      "provider": "provider[\"registry.terraform.io/ciscodevnet/aci\"]",
      "instances": [
        {
          "index_key": "10.1.201.1/24",
          "schema_version": 0,
          "attributes": {
            "annotation": "orchestrator:terraform",
            "child": [],
            "class_name": "fvSubnet",
            "content": {
              "ctrl": "nd",
              "descr": "",
              "ip": "10.1.201.1/24",
              "ipDPLearning": null,
              "preferred": "no",
              "scope": "private",
              "virtual": "no"
            },
            "dn": "uni/tn-tf-vms-1/BD-10.1.201.0_24/subnet-[10.1.201.1/24]",
            "escape_html": true,
            "id": "uni/tn-tf-vms-1/BD-10.1.201.0_24/subnet-[10.1.201.1/24]"
          },
          "sensitive_attributes": [],
          "dependencies": [
            "module.aci.data.utils_yaml_merge.defaults",
            "module.aci.data.utils_yaml_merge.model",
            "module.aci.data.utils_yaml_merge.modules",
            "module.aci.module.aci_bfd_interface_policy.aci_rest_managed.bfdIfPol",
            "module.aci.module.aci_bgp_timer_policy.aci_rest_managed.bgpCtxPol",
            "module.aci.module.aci_bridge_domain.aci_rest_managed.fvBD",
            "module.aci.module.aci_bridge_domain.aci_rest_managed.fvRsCtx",
            "module.aci.module.aci_contract.aci_rest_managed.vzBrCP",
            "module.aci.module.aci_contract.aci_rest_managed.vzRsSubjFiltAtt",
            "module.aci.module.aci_contract.aci_rest_managed.vzRsSubjGraphAtt",
            "module.aci.module.aci_contract.aci_rest_managed.vzSubj",
            "module.aci.module.aci_dhcp_option_policy.aci_rest_managed.dhcpOption",
            "module.aci.module.aci_dhcp_option_policy.aci_rest_managed.dhcpOptionPol",
            "module.aci.module.aci_dhcp_relay_policy.aci_rest_managed.dhcpRelayP",
            "module.aci.module.aci_dhcp_relay_policy.aci_rest_managed.dhcpRsProv",
            "module.aci.module.aci_eigrp_interface_policy.aci_rest_managed.eigrpIfPol",
            "module.aci.module.aci_filter.aci_rest_managed.vzEntry",
            "module.aci.module.aci_filter.aci_rest_managed.vzFilter",
            "module.aci.module.aci_imported_contract.aci_rest_managed.vzCPIf",
            "module.aci.module.aci_imported_contract.aci_rest_managed.vzRsIf",
            "module.aci.module.aci_l3out.aci_rest_managed.bgpExtP",
            "module.aci.module.aci_l3out.aci_rest_managed.eigrpExtP",
            "module.aci.module.aci_l3out.aci_rest_managed.l3extConsLbl",
            "module.aci.module.aci_l3out.aci_rest_managed.l3extDefaultRouteLeakP",
            "module.aci.module.aci_l3out.aci_rest_managed.l3extInstP_sr_mpls",
            "module.aci.module.aci_l3out.aci_rest_managed.l3extOut",
            "module.aci.module.aci_l3out.aci_rest_managed.l3extProvLbl",
            "module.aci.module.aci_l3out.aci_rest_managed.l3extRsDampeningPol_ipv4",
            "module.aci.module.aci_l3out.aci_rest_managed.l3extRsDampeningPol_ipv6",
            "module.aci.module.aci_l3out.aci_rest_managed.l3extRsEctx",
            "module.aci.module.aci_l3out.aci_rest_managed.l3extRsInterleakPol",
            "module.aci.module.aci_l3out.aci_rest_managed.l3extRsL3DomAtt",
            "module.aci.module.aci_l3out.aci_rest_managed.l3extRsLblToInstP",
            "module.aci.module.aci_l3out.aci_rest_managed.l3extRsLblToProfile_export",
            "module.aci.module.aci_l3out.aci_rest_managed.l3extRsLblToProfile_import",
            "module.aci.module.aci_l3out.aci_rest_managed.l3extRsRedistributePol",
            "module.aci.module.aci_l3out.aci_rest_managed.mplsExtP",
            "module.aci.module.aci_l3out.aci_rest_managed.mplsRsLabelPol",
            "module.aci.module.aci_l3out.aci_rest_managed.ospfExtP",
            "module.aci.module.aci_l3out.aci_rest_managed.pimExtP",
            "module.aci.module.aci_l3out.aci_rest_managed.rtctrlCtxP_export",
            "module.aci.module.aci_l3out.aci_rest_managed.rtctrlCtxP_import",
            "module.aci.module.aci_l3out.aci_rest_managed.rtctrlProfile_export",
            "module.aci.module.aci_l3out.aci_rest_managed.rtctrlProfile_import",
            "module.aci.module.aci_l3out.aci_rest_managed.rtctrlRsCtxPToSubjP_export",
            "module.aci.module.aci_l3out.aci_rest_managed.rtctrlRsCtxPToSubjP_import",
            "module.aci.module.aci_l3out.aci_rest_managed.rtctrlRsScopeToAttrP_export",
            "module.aci.module.aci_l3out.aci_rest_managed.rtctrlRsScopeToAttrP_import",
            "module.aci.module.aci_l3out.aci_rest_managed.rtctrlScope_export",
            "module.aci.module.aci_l3out.aci_rest_managed.rtctrlScope_import",
            "module.aci.module.aci_match_rule.aci_rest_managed.rtctrlMatchCommFactor",
            "module.aci.module.aci_match_rule.aci_rest_managed.rtctrlMatchCommRegexTerm",
            "module.aci.module.aci_match_rule.aci_rest_managed.rtctrlMatchCommTerm",
            "module.aci.module.aci_match_rule.aci_rest_managed.rtctrlMatchRtDest",
            "module.aci.module.aci_match_rule.aci_rest_managed.rtctrlSubjP",
            "module.aci.module.aci_ospf_interface_policy.aci_rest_managed.ospfIfPol",
            "module.aci.module.aci_set_rule.aci_rest_managed.rtctrlAttrP",
            "module.aci.module.aci_set_rule.aci_rest_managed.rtctrlRsSetPolicyTagToInstP",
            "module.aci.module.aci_set_rule.aci_rest_managed.rtctrlSetASPath",
            "module.aci.module.aci_set_rule.aci_rest_managed.rtctrlSetASPathASN",
            "module.aci.module.aci_set_rule.aci_rest_managed.rtctrlSetAddComm",
            "module.aci.module.aci_set_rule.aci_rest_managed.rtctrlSetComm",
            "module.aci.module.aci_set_rule.aci_rest_managed.rtctrlSetDamp",
            "module.aci.module.aci_set_rule.aci_rest_managed.rtctrlSetNh",
            "module.aci.module.aci_set_rule.aci_rest_managed.rtctrlSetNhUnchanged",
            "module.aci.module.aci_set_rule.aci_rest_managed.rtctrlSetPolicyTag",
            "module.aci.module.aci_set_rule.aci_rest_managed.rtctrlSetPref",
            "module.aci.module.aci_set_rule.aci_rest_managed.rtctrlSetRedistMultipath",
            "module.aci.module.aci_set_rule.aci_rest_managed.rtctrlSetRtMetric",
            "module.aci.module.aci_set_rule.aci_rest_managed.rtctrlSetRtMetricType",
            "module.aci.module.aci_set_rule.aci_rest_managed.rtctrlSetTag",
            "module.aci.module.aci_set_rule.aci_rest_managed.rtctrlSetWeight",
            "module.aci.module.aci_tenant.aci_rest_managed.aaaDomainRef",
            "module.aci.module.aci_tenant.aci_rest_managed.fvTenant",
            "module.aci.module.aci_vrf.aci_rest_managed.bgpRtTargetP_ipv4",
            "module.aci.module.aci_vrf.aci_rest_managed.bgpRtTargetP_ipv6",
            "module.aci.module.aci_vrf.aci_rest_managed.bgpRtTarget_ipv4_export",
            "module.aci.module.aci_vrf.aci_rest_managed.bgpRtTarget_ipv4_import",
            "module.aci.module.aci_vrf.aci_rest_managed.bgpRtTarget_ipv6_export",
            "module.aci.module.aci_vrf.aci_rest_managed.bgpRtTarget_ipv6_import",
            "module.aci.module.aci_vrf.aci_rest_managed.dnsLbl",
            "module.aci.module.aci_vrf.aci_rest_managed.fvCtx",
            "module.aci.module.aci_vrf.aci_rest_managed.fvRsBgpCtxPol",
            "module.aci.module.aci_vrf.aci_rest_managed.fvRsCtxToBgpCtxAfPol_ipv4",
            "module.aci.module.aci_vrf.aci_rest_managed.fvRsCtxToBgpCtxAfPol_ipv6",
            "module.aci.module.aci_vrf.aci_rest_managed.fvRsCtxToExtRouteTagPol",
            "module.aci.module.aci_vrf.aci_rest_managed.fvRsCtxToOspfCtxPol_ipv4",
            "module.aci.module.aci_vrf.aci_rest_managed.fvRsCtxToOspfCtxPol_ipv6",
            "module.aci.module.aci_vrf.aci_rest_managed.fvRsOspfCtxPol",
            "module.aci.module.aci_vrf.aci_rest_managed.igmpCtxP",
            "module.aci.module.aci_vrf.aci_rest_managed.igmpSSMXlateP",
            "module.aci.module.aci_vrf.aci_rest_managed.leakExternalPrefix",
            "module.aci.module.aci_vrf.aci_rest_managed.leakInternalSubnet",
            "module.aci.module.aci_vrf.aci_rest_managed.leakRoutes",
            "module.aci.module.aci_vrf.aci_rest_managed.leakTo_external",
            "module.aci.module.aci_vrf.aci_rest_managed.leakTo_internal",
            "module.aci.module.aci_vrf.aci_rest_managed.pimASMPatPol",
            "module.aci.module.aci_vrf.aci_rest_managed.pimAutoRPPol",
            "module.aci.module.aci_vrf.aci_rest_managed.pimBSRFilterPol",
            "module.aci.module.aci_vrf.aci_rest_managed.pimBSRPPol",
            "module.aci.module.aci_vrf.aci_rest_managed.pimCtxP",
            "module.aci.module.aci_vrf.aci_rest_managed.pimFabricRPPol",
            "module.aci.module.aci_vrf.aci_rest_managed.pimInterVRFEntryPol",
            "module.aci.module.aci_vrf.aci_rest_managed.pimInterVRFPol",
            "module.aci.module.aci_vrf.aci_rest_managed.pimMAFilterPol",
            "module.aci.module.aci_vrf.aci_rest_managed.pimRPGrpRangePol_fabric_rp",
            "module.aci.module.aci_vrf.aci_rest_managed.pimRPGrpRangePol_static_rp",
            "module.aci.module.aci_vrf.aci_rest_managed.pimRegTrPol",
            "module.aci.module.aci_vrf.aci_rest_managed.pimResPol",
            "module.aci.module.aci_vrf.aci_rest_managed.pimSGRangeExpPol",
            "module.aci.module.aci_vrf.aci_rest_managed.pimSSMPatPol",
            "module.aci.module.aci_vrf.aci_rest_managed.pimSSMRangePol",
            "module.aci.module.aci_vrf.aci_rest_managed.pimSharedRangePol",
            "module.aci.module.aci_vrf.aci_rest_managed.pimStaticRPEntryPol_fabric_rp",
            "module.aci.module.aci_vrf.aci_rest_managed.pimStaticRPEntryPol_static_rp",
            "module.aci.module.aci_vrf.aci_rest_managed.pimStaticRPPol",
            "module.aci.module.aci_vrf.aci_rest_managed.rtdmcRsFilterToRtMapPol_asm_sg_expiry",
            "module.aci.module.aci_vrf.aci_rest_managed.rtdmcRsFilterToRtMapPol_asm_shared",
            "module.aci.module.aci_vrf.aci_rest_managed.rtdmcRsFilterToRtMapPol_auto_rp",
            "module.aci.module.aci_vrf.aci_rest_managed.rtdmcRsFilterToRtMapPol_bsr",
            "module.aci.module.aci_vrf.aci_rest_managed.rtdmcRsFilterToRtMapPol_fabric_rp",
            "module.aci.module.aci_vrf.aci_rest_managed.rtdmcRsFilterToRtMapPol_pim_inter_vrf",
            "module.aci.module.aci_vrf.aci_rest_managed.rtdmcRsFilterToRtMapPol_ssm_range",
            "module.aci.module.aci_vrf.aci_rest_managed.rtdmcRsFilterToRtMapPol_static_rp",
            "module.aci.module.aci_vrf.aci_rest_managed.vzAny",
            "module.aci.module.aci_vrf.aci_rest_managed.vzRsAnyToCons",
            "module.aci.module.aci_vrf.aci_rest_managed.vzRsAnyToConsIf",
            "module.aci.module.aci_vrf.aci_rest_managed.vzRsAnyToProv"
          ]
        }
      ]
    },
    {
      "module": "module.aci.module.aci_bridge_domain[\"tf-vms-1/10.1.202.0_24\"]",
      "mode": "managed",
      "type": "aci_rest_managed",
      "name": "fvBD",
      "provider": "provider[\"registry.terraform.io/ciscodevnet/aci\"]",
      "instances": [
        {
          "schema_version": 0,
          "attributes": {
            "annotation": "orchestrator:terraform",
            "child": [],
            "class_name": "fvBD",
            "content": {
              "arpFlood": "yes",
              "descr": "",
              "epClear": "no",
              "epMoveDetectMode": "",
              "hostBasedRouting": "no",
              "ipLearning": "yes",
              "limitIpLearnToSubnets": "yes",
              "mac": "00:22:BD:F8:19:FF",
              "mcastAllow": "no",
              "multiDstPktAct": "bd-flood",
              "name": "10.1.202.0_24",
              "nameAlias": "",
              "type": "regular",
              "unicastRoute": "yes",
              "unkMacUcastAct": "flood",
              "unkMcastAct": "flood",
              "v6unkMcastAct": "flood",
              "vmac": "not-applicable"
            },
            "dn": "uni/tn-tf-vms-1/BD-10.1.202.0_24",
            "escape_html": true,
            "id": "uni/tn-tf-vms-1/BD-10.1.202.0_24"
          },
          "sensitive_attributes": [],
          "dependencies": [
            "module.aci.data.utils_yaml_merge.defaults",
            "module.aci.data.utils_yaml_merge.model",
            "module.aci.data.utils_yaml_merge.modules",
            "module.aci.module.aci_bfd_interface_policy.aci_rest_managed.bfdIfPol",
            "module.aci.module.aci_bgp_timer_policy.aci_rest_managed.bgpCtxPol",
            "module.aci.module.aci_contract.aci_rest_managed.vzBrCP",
            "module.aci.module.aci_contract.aci_rest_managed.vzRsSubjFiltAtt",
            "module.aci.module.aci_contract.aci_rest_managed.vzRsSubjGraphAtt",
            "module.aci.module.aci_contract.aci_rest_managed.vzSubj",
            "module.aci.module.aci_dhcp_option_policy.aci_rest_managed.dhcpOption",
            "module.aci.module.aci_dhcp_option_policy.aci_rest_managed.dhcpOptionPol",
            "module.aci.module.aci_dhcp_relay_policy.aci_rest_managed.dhcpRelayP",
            "module.aci.module.aci_dhcp_relay_policy.aci_rest_managed.dhcpRsProv",
            "module.aci.module.aci_eigrp_interface_policy.aci_rest_managed.eigrpIfPol",
            "module.aci.module.aci_filter.aci_rest_managed.vzEntry",
            "module.aci.module.aci_filter.aci_rest_managed.vzFilter",
            "module.aci.module.aci_imported_contract.aci_rest_managed.vzCPIf",
            "module.aci.module.aci_imported_contract.aci_rest_managed.vzRsIf",
            "module.aci.module.aci_l3out.aci_rest_managed.bgpExtP",
            "module.aci.module.aci_l3out.aci_rest_managed.eigrpExtP",
            "module.aci.module.aci_l3out.aci_rest_managed.l3extConsLbl",
            "module.aci.module.aci_l3out.aci_rest_managed.l3extDefaultRouteLeakP",
            "module.aci.module.aci_l3out.aci_rest_managed.l3extInstP_sr_mpls",
            "module.aci.module.aci_l3out.aci_rest_managed.l3extOut",
            "module.aci.module.aci_l3out.aci_rest_managed.l3extProvLbl",
            "module.aci.module.aci_l3out.aci_rest_managed.l3extRsDampeningPol_ipv4",
            "module.aci.module.aci_l3out.aci_rest_managed.l3extRsDampeningPol_ipv6",
            "module.aci.module.aci_l3out.aci_rest_managed.l3extRsEctx",
            "module.aci.module.aci_l3out.aci_rest_managed.l3extRsInterleakPol",
            "module.aci.module.aci_l3out.aci_rest_managed.l3extRsL3DomAtt",
            "module.aci.module.aci_l3out.aci_rest_managed.l3extRsLblToInstP",
            "module.aci.module.aci_l3out.aci_rest_managed.l3extRsLblToProfile_export",
            "module.aci.module.aci_l3out.aci_rest_managed.l3extRsLblToProfile_import",
            "module.aci.module.aci_l3out.aci_rest_managed.l3extRsRedistributePol",
            "module.aci.module.aci_l3out.aci_rest_managed.mplsExtP",
            "module.aci.module.aci_l3out.aci_rest_managed.mplsRsLabelPol",
            "module.aci.module.aci_l3out.aci_rest_managed.ospfExtP",
            "module.aci.module.aci_l3out.aci_rest_managed.pimExtP",
            "module.aci.module.aci_l3out.aci_rest_managed.rtctrlCtxP_export",
            "module.aci.module.aci_l3out.aci_rest_managed.rtctrlCtxP_import",
            "module.aci.module.aci_l3out.aci_rest_managed.rtctrlProfile_export",
            "module.aci.module.aci_l3out.aci_rest_managed.rtctrlProfile_import",
            "module.aci.module.aci_l3out.aci_rest_managed.rtctrlRsCtxPToSubjP_export",
            "module.aci.module.aci_l3out.aci_rest_managed.rtctrlRsCtxPToSubjP_import",
            "module.aci.module.aci_l3out.aci_rest_managed.rtctrlRsScopeToAttrP_export",
            "module.aci.module.aci_l3out.aci_rest_managed.rtctrlRsScopeToAttrP_import",
            "module.aci.module.aci_l3out.aci_rest_managed.rtctrlScope_export",
            "module.aci.module.aci_l3out.aci_rest_managed.rtctrlScope_import",
            "module.aci.module.aci_match_rule.aci_rest_managed.rtctrlMatchCommFactor",
            "module.aci.module.aci_match_rule.aci_rest_managed.rtctrlMatchCommRegexTerm",
            "module.aci.module.aci_match_rule.aci_rest_managed.rtctrlMatchCommTerm",
            "module.aci.module.aci_match_rule.aci_rest_managed.rtctrlMatchRtDest",
            "module.aci.module.aci_match_rule.aci_rest_managed.rtctrlSubjP",
            "module.aci.module.aci_ospf_interface_policy.aci_rest_managed.ospfIfPol",
            "module.aci.module.aci_set_rule.aci_rest_managed.rtctrlAttrP",
            "module.aci.module.aci_set_rule.aci_rest_managed.rtctrlRsSetPolicyTagToInstP",
            "module.aci.module.aci_set_rule.aci_rest_managed.rtctrlSetASPath",
            "module.aci.module.aci_set_rule.aci_rest_managed.rtctrlSetASPathASN",
            "module.aci.module.aci_set_rule.aci_rest_managed.rtctrlSetAddComm",
            "module.aci.module.aci_set_rule.aci_rest_managed.rtctrlSetComm",
            "module.aci.module.aci_set_rule.aci_rest_managed.rtctrlSetDamp",
            "module.aci.module.aci_set_rule.aci_rest_managed.rtctrlSetNh",
            "module.aci.module.aci_set_rule.aci_rest_managed.rtctrlSetNhUnchanged",
            "module.aci.module.aci_set_rule.aci_rest_managed.rtctrlSetPolicyTag",
            "module.aci.module.aci_set_rule.aci_rest_managed.rtctrlSetPref",
            "module.aci.module.aci_set_rule.aci_rest_managed.rtctrlSetRedistMultipath",
            "module.aci.module.aci_set_rule.aci_rest_managed.rtctrlSetRtMetric",
            "module.aci.module.aci_set_rule.aci_rest_managed.rtctrlSetRtMetricType",
            "module.aci.module.aci_set_rule.aci_rest_managed.rtctrlSetTag",
            "module.aci.module.aci_set_rule.aci_rest_managed.rtctrlSetWeight",
            "module.aci.module.aci_tenant.aci_rest_managed.aaaDomainRef",
            "module.aci.module.aci_tenant.aci_rest_managed.fvTenant",
            "module.aci.module.aci_vrf.aci_rest_managed.bgpRtTargetP_ipv4",
            "module.aci.module.aci_vrf.aci_rest_managed.bgpRtTargetP_ipv6",
            "module.aci.module.aci_vrf.aci_rest_managed.bgpRtTarget_ipv4_export",
            "module.aci.module.aci_vrf.aci_rest_managed.bgpRtTarget_ipv4_import",
            "module.aci.module.aci_vrf.aci_rest_managed.bgpRtTarget_ipv6_export",
            "module.aci.module.aci_vrf.aci_rest_managed.bgpRtTarget_ipv6_import",
            "module.aci.module.aci_vrf.aci_rest_managed.dnsLbl",
            "module.aci.module.aci_vrf.aci_rest_managed.fvCtx",
            "module.aci.module.aci_vrf.aci_rest_managed.fvRsBgpCtxPol",
            "module.aci.module.aci_vrf.aci_rest_managed.fvRsCtxToBgpCtxAfPol_ipv4",
            "module.aci.module.aci_vrf.aci_rest_managed.fvRsCtxToBgpCtxAfPol_ipv6",
            "module.aci.module.aci_vrf.aci_rest_managed.fvRsCtxToExtRouteTagPol",
            "module.aci.module.aci_vrf.aci_rest_managed.fvRsCtxToOspfCtxPol_ipv4",
            "module.aci.module.aci_vrf.aci_rest_managed.fvRsCtxToOspfCtxPol_ipv6",
            "module.aci.module.aci_vrf.aci_rest_managed.fvRsOspfCtxPol",
            "module.aci.module.aci_vrf.aci_rest_managed.igmpCtxP",
            "module.aci.module.aci_vrf.aci_rest_managed.igmpSSMXlateP",
            "module.aci.module.aci_vrf.aci_rest_managed.leakExternalPrefix",
            "module.aci.module.aci_vrf.aci_rest_managed.leakInternalSubnet",
            "module.aci.module.aci_vrf.aci_rest_managed.leakRoutes",
            "module.aci.module.aci_vrf.aci_rest_managed.leakTo_external",
            "module.aci.module.aci_vrf.aci_rest_managed.leakTo_internal",
            "module.aci.module.aci_vrf.aci_rest_managed.pimASMPatPol",
            "module.aci.module.aci_vrf.aci_rest_managed.pimAutoRPPol",
            "module.aci.module.aci_vrf.aci_rest_managed.pimBSRFilterPol",
            "module.aci.module.aci_vrf.aci_rest_managed.pimBSRPPol",
            "module.aci.module.aci_vrf.aci_rest_managed.pimCtxP",
            "module.aci.module.aci_vrf.aci_rest_managed.pimFabricRPPol",
            "module.aci.module.aci_vrf.aci_rest_managed.pimInterVRFEntryPol",
            "module.aci.module.aci_vrf.aci_rest_managed.pimInterVRFPol",
            "module.aci.module.aci_vrf.aci_rest_managed.pimMAFilterPol",
            "module.aci.module.aci_vrf.aci_rest_managed.pimRPGrpRangePol_fabric_rp",
            "module.aci.module.aci_vrf.aci_rest_managed.pimRPGrpRangePol_static_rp",
            "module.aci.module.aci_vrf.aci_rest_managed.pimRegTrPol",
            "module.aci.module.aci_vrf.aci_rest_managed.pimResPol",
            "module.aci.module.aci_vrf.aci_rest_managed.pimSGRangeExpPol",
            "module.aci.module.aci_vrf.aci_rest_managed.pimSSMPatPol",
            "module.aci.module.aci_vrf.aci_rest_managed.pimSSMRangePol",
            "module.aci.module.aci_vrf.aci_rest_managed.pimSharedRangePol",
            "module.aci.module.aci_vrf.aci_rest_managed.pimStaticRPEntryPol_fabric_rp",
            "module.aci.module.aci_vrf.aci_rest_managed.pimStaticRPEntryPol_static_rp",
            "module.aci.module.aci_vrf.aci_rest_managed.pimStaticRPPol",
            "module.aci.module.aci_vrf.aci_rest_managed.rtdmcRsFilterToRtMapPol_asm_sg_expiry",
            "module.aci.module.aci_vrf.aci_rest_managed.rtdmcRsFilterToRtMapPol_asm_shared",
            "module.aci.module.aci_vrf.aci_rest_managed.rtdmcRsFilterToRtMapPol_auto_rp",
            "module.aci.module.aci_vrf.aci_rest_managed.rtdmcRsFilterToRtMapPol_bsr",
            "module.aci.module.aci_vrf.aci_rest_managed.rtdmcRsFilterToRtMapPol_fabric_rp",
            "module.aci.module.aci_vrf.aci_rest_managed.rtdmcRsFilterToRtMapPol_pim_inter_vrf",
            "module.aci.module.aci_vrf.aci_rest_managed.rtdmcRsFilterToRtMapPol_ssm_range",
            "module.aci.module.aci_vrf.aci_rest_managed.rtdmcRsFilterToRtMapPol_static_rp",
            "module.aci.module.aci_vrf.aci_rest_managed.vzAny",
            "module.aci.module.aci_vrf.aci_rest_managed.vzRsAnyToCons",
            "module.aci.module.aci_vrf.aci_rest_managed.vzRsAnyToConsIf",
            "module.aci.module.aci_vrf.aci_rest_managed.vzRsAnyToProv"
          ]
        }
      ]
    },
    {
      "module": "module.aci.module.aci_bridge_domain[\"tf-vms-1/10.1.202.0_24\"]",
      "mode": "managed",
      "type": "aci_rest_managed",
      "name": "fvRsCtx",
      "provider": "provider[\"registry.terraform.io/ciscodevnet/aci\"]",
      "instances": [
        {
          "schema_version": 0,
          "attributes": {
            "annotation": "orchestrator:terraform",
            "child": [],
            "class_name": "fvRsCtx",
            "content": {
              "tnFvCtxName": "vrf"
            },
            "dn": "uni/tn-tf-vms-1/BD-10.1.202.0_24/rsctx",
            "escape_html": true,
            "id": "uni/tn-tf-vms-1/BD-10.1.202.0_24/rsctx"
          },
          "sensitive_attributes": [],
          "dependencies": [
            "module.aci.data.utils_yaml_merge.defaults",
            "module.aci.data.utils_yaml_merge.model",
            "module.aci.data.utils_yaml_merge.modules",
            "module.aci.module.aci_bfd_interface_policy.aci_rest_managed.bfdIfPol",
            "module.aci.module.aci_bgp_timer_policy.aci_rest_managed.bgpCtxPol",
            "module.aci.module.aci_bridge_domain.aci_rest_managed.fvBD",
            "module.aci.module.aci_contract.aci_rest_managed.vzBrCP",
            "module.aci.module.aci_contract.aci_rest_managed.vzRsSubjFiltAtt",
            "module.aci.module.aci_contract.aci_rest_managed.vzRsSubjGraphAtt",
            "module.aci.module.aci_contract.aci_rest_managed.vzSubj",
            "module.aci.module.aci_dhcp_option_policy.aci_rest_managed.dhcpOption",
            "module.aci.module.aci_dhcp_option_policy.aci_rest_managed.dhcpOptionPol",
            "module.aci.module.aci_dhcp_relay_policy.aci_rest_managed.dhcpRelayP",
            "module.aci.module.aci_dhcp_relay_policy.aci_rest_managed.dhcpRsProv",
            "module.aci.module.aci_eigrp_interface_policy.aci_rest_managed.eigrpIfPol",
            "module.aci.module.aci_filter.aci_rest_managed.vzEntry",
            "module.aci.module.aci_filter.aci_rest_managed.vzFilter",
            "module.aci.module.aci_imported_contract.aci_rest_managed.vzCPIf",
            "module.aci.module.aci_imported_contract.aci_rest_managed.vzRsIf",
            "module.aci.module.aci_l3out.aci_rest_managed.bgpExtP",
            "module.aci.module.aci_l3out.aci_rest_managed.eigrpExtP",
            "module.aci.module.aci_l3out.aci_rest_managed.l3extConsLbl",
            "module.aci.module.aci_l3out.aci_rest_managed.l3extDefaultRouteLeakP",
            "module.aci.module.aci_l3out.aci_rest_managed.l3extInstP_sr_mpls",
            "module.aci.module.aci_l3out.aci_rest_managed.l3extOut",
            "module.aci.module.aci_l3out.aci_rest_managed.l3extProvLbl",
            "module.aci.module.aci_l3out.aci_rest_managed.l3extRsDampeningPol_ipv4",
            "module.aci.module.aci_l3out.aci_rest_managed.l3extRsDampeningPol_ipv6",
            "module.aci.module.aci_l3out.aci_rest_managed.l3extRsEctx",
            "module.aci.module.aci_l3out.aci_rest_managed.l3extRsInterleakPol",
            "module.aci.module.aci_l3out.aci_rest_managed.l3extRsL3DomAtt",
            "module.aci.module.aci_l3out.aci_rest_managed.l3extRsLblToInstP",
            "module.aci.module.aci_l3out.aci_rest_managed.l3extRsLblToProfile_export",
            "module.aci.module.aci_l3out.aci_rest_managed.l3extRsLblToProfile_import",
            "module.aci.module.aci_l3out.aci_rest_managed.l3extRsRedistributePol",
            "module.aci.module.aci_l3out.aci_rest_managed.mplsExtP",
            "module.aci.module.aci_l3out.aci_rest_managed.mplsRsLabelPol",
            "module.aci.module.aci_l3out.aci_rest_managed.ospfExtP",
            "module.aci.module.aci_l3out.aci_rest_managed.pimExtP",
            "module.aci.module.aci_l3out.aci_rest_managed.rtctrlCtxP_export",
            "module.aci.module.aci_l3out.aci_rest_managed.rtctrlCtxP_import",
            "module.aci.module.aci_l3out.aci_rest_managed.rtctrlProfile_export",
            "module.aci.module.aci_l3out.aci_rest_managed.rtctrlProfile_import",
            "module.aci.module.aci_l3out.aci_rest_managed.rtctrlRsCtxPToSubjP_export",
            "module.aci.module.aci_l3out.aci_rest_managed.rtctrlRsCtxPToSubjP_import",
            "module.aci.module.aci_l3out.aci_rest_managed.rtctrlRsScopeToAttrP_export",
            "module.aci.module.aci_l3out.aci_rest_managed.rtctrlRsScopeToAttrP_import",
            "module.aci.module.aci_l3out.aci_rest_managed.rtctrlScope_export",
            "module.aci.module.aci_l3out.aci_rest_managed.rtctrlScope_import",
            "module.aci.module.aci_match_rule.aci_rest_managed.rtctrlMatchCommFactor",
            "module.aci.module.aci_match_rule.aci_rest_managed.rtctrlMatchCommRegexTerm",
            "module.aci.module.aci_match_rule.aci_rest_managed.rtctrlMatchCommTerm",
            "module.aci.module.aci_match_rule.aci_rest_managed.rtctrlMatchRtDest",
            "module.aci.module.aci_match_rule.aci_rest_managed.rtctrlSubjP",
            "module.aci.module.aci_ospf_interface_policy.aci_rest_managed.ospfIfPol",
            "module.aci.module.aci_set_rule.aci_rest_managed.rtctrlAttrP",
            "module.aci.module.aci_set_rule.aci_rest_managed.rtctrlRsSetPolicyTagToInstP",
            "module.aci.module.aci_set_rule.aci_rest_managed.rtctrlSetASPath",
            "module.aci.module.aci_set_rule.aci_rest_managed.rtctrlSetASPathASN",
            "module.aci.module.aci_set_rule.aci_rest_managed.rtctrlSetAddComm",
            "module.aci.module.aci_set_rule.aci_rest_managed.rtctrlSetComm",
            "module.aci.module.aci_set_rule.aci_rest_managed.rtctrlSetDamp",
            "module.aci.module.aci_set_rule.aci_rest_managed.rtctrlSetNh",
            "module.aci.module.aci_set_rule.aci_rest_managed.rtctrlSetNhUnchanged",
            "module.aci.module.aci_set_rule.aci_rest_managed.rtctrlSetPolicyTag",
            "module.aci.module.aci_set_rule.aci_rest_managed.rtctrlSetPref",
            "module.aci.module.aci_set_rule.aci_rest_managed.rtctrlSetRedistMultipath",
            "module.aci.module.aci_set_rule.aci_rest_managed.rtctrlSetRtMetric",
            "module.aci.module.aci_set_rule.aci_rest_managed.rtctrlSetRtMetricType",
            "module.aci.module.aci_set_rule.aci_rest_managed.rtctrlSetTag",
            "module.aci.module.aci_set_rule.aci_rest_managed.rtctrlSetWeight",
            "module.aci.module.aci_tenant.aci_rest_managed.aaaDomainRef",
            "module.aci.module.aci_tenant.aci_rest_managed.fvTenant",
            "module.aci.module.aci_vrf.aci_rest_managed.bgpRtTargetP_ipv4",
            "module.aci.module.aci_vrf.aci_rest_managed.bgpRtTargetP_ipv6",
            "module.aci.module.aci_vrf.aci_rest_managed.bgpRtTarget_ipv4_export",
            "module.aci.module.aci_vrf.aci_rest_managed.bgpRtTarget_ipv4_import",
            "module.aci.module.aci_vrf.aci_rest_managed.bgpRtTarget_ipv6_export",
            "module.aci.module.aci_vrf.aci_rest_managed.bgpRtTarget_ipv6_import",
            "module.aci.module.aci_vrf.aci_rest_managed.dnsLbl",
            "module.aci.module.aci_vrf.aci_rest_managed.fvCtx",
            "module.aci.module.aci_vrf.aci_rest_managed.fvRsBgpCtxPol",
            "module.aci.module.aci_vrf.aci_rest_managed.fvRsCtxToBgpCtxAfPol_ipv4",
            "module.aci.module.aci_vrf.aci_rest_managed.fvRsCtxToBgpCtxAfPol_ipv6",
            "module.aci.module.aci_vrf.aci_rest_managed.fvRsCtxToExtRouteTagPol",
            "module.aci.module.aci_vrf.aci_rest_managed.fvRsCtxToOspfCtxPol_ipv4",
            "module.aci.module.aci_vrf.aci_rest_managed.fvRsCtxToOspfCtxPol_ipv6",
            "module.aci.module.aci_vrf.aci_rest_managed.fvRsOspfCtxPol",
            "module.aci.module.aci_vrf.aci_rest_managed.igmpCtxP",
            "module.aci.module.aci_vrf.aci_rest_managed.igmpSSMXlateP",
            "module.aci.module.aci_vrf.aci_rest_managed.leakExternalPrefix",
            "module.aci.module.aci_vrf.aci_rest_managed.leakInternalSubnet",
            "module.aci.module.aci_vrf.aci_rest_managed.leakRoutes",
            "module.aci.module.aci_vrf.aci_rest_managed.leakTo_external",
            "module.aci.module.aci_vrf.aci_rest_managed.leakTo_internal",
            "module.aci.module.aci_vrf.aci_rest_managed.pimASMPatPol",
            "module.aci.module.aci_vrf.aci_rest_managed.pimAutoRPPol",
            "module.aci.module.aci_vrf.aci_rest_managed.pimBSRFilterPol",
            "module.aci.module.aci_vrf.aci_rest_managed.pimBSRPPol",
            "module.aci.module.aci_vrf.aci_rest_managed.pimCtxP",
            "module.aci.module.aci_vrf.aci_rest_managed.pimFabricRPPol",
            "module.aci.module.aci_vrf.aci_rest_managed.pimInterVRFEntryPol",
            "module.aci.module.aci_vrf.aci_rest_managed.pimInterVRFPol",
            "module.aci.module.aci_vrf.aci_rest_managed.pimMAFilterPol",
            "module.aci.module.aci_vrf.aci_rest_managed.pimRPGrpRangePol_fabric_rp",
            "module.aci.module.aci_vrf.aci_rest_managed.pimRPGrpRangePol_static_rp",
            "module.aci.module.aci_vrf.aci_rest_managed.pimRegTrPol",
            "module.aci.module.aci_vrf.aci_rest_managed.pimResPol",
            "module.aci.module.aci_vrf.aci_rest_managed.pimSGRangeExpPol",
            "module.aci.module.aci_vrf.aci_rest_managed.pimSSMPatPol",
            "module.aci.module.aci_vrf.aci_rest_managed.pimSSMRangePol",
            "module.aci.module.aci_vrf.aci_rest_managed.pimSharedRangePol",
            "module.aci.module.aci_vrf.aci_rest_managed.pimStaticRPEntryPol_fabric_rp",
            "module.aci.module.aci_vrf.aci_rest_managed.pimStaticRPEntryPol_static_rp",
            "module.aci.module.aci_vrf.aci_rest_managed.pimStaticRPPol",
            "module.aci.module.aci_vrf.aci_rest_managed.rtdmcRsFilterToRtMapPol_asm_sg_expiry",
            "module.aci.module.aci_vrf.aci_rest_managed.rtdmcRsFilterToRtMapPol_asm_shared",
            "module.aci.module.aci_vrf.aci_rest_managed.rtdmcRsFilterToRtMapPol_auto_rp",
            "module.aci.module.aci_vrf.aci_rest_managed.rtdmcRsFilterToRtMapPol_bsr",
            "module.aci.module.aci_vrf.aci_rest_managed.rtdmcRsFilterToRtMapPol_fabric_rp",
            "module.aci.module.aci_vrf.aci_rest_managed.rtdmcRsFilterToRtMapPol_pim_inter_vrf",
            "module.aci.module.aci_vrf.aci_rest_managed.rtdmcRsFilterToRtMapPol_ssm_range",
            "module.aci.module.aci_vrf.aci_rest_managed.rtdmcRsFilterToRtMapPol_static_rp",
            "module.aci.module.aci_vrf.aci_rest_managed.vzAny",
            "module.aci.module.aci_vrf.aci_rest_managed.vzRsAnyToCons",
            "module.aci.module.aci_vrf.aci_rest_managed.vzRsAnyToConsIf",
            "module.aci.module.aci_vrf.aci_rest_managed.vzRsAnyToProv"
          ]
        }
      ]
    },
    {
      "module": "module.aci.module.aci_bridge_domain[\"tf-vms-1/10.1.202.0_24\"]",
      "mode": "managed",
      "type": "aci_rest_managed",
      "name": "fvSubnet",
      "provider": "provider[\"registry.terraform.io/ciscodevnet/aci\"]",
      "instances": [
        {
          "index_key": "10.1.202.1/24",
          "schema_version": 0,
          "attributes": {
            "annotation": "orchestrator:terraform",
            "child": [],
            "class_name": "fvSubnet",
            "content": {
              "ctrl": "nd",
              "descr": "",
              "ip": "10.1.202.1/24",
              "ipDPLearning": null,
              "preferred": "no",
              "scope": "private",
              "virtual": "no"
            },
            "dn": "uni/tn-tf-vms-1/BD-10.1.202.0_24/subnet-[10.1.202.1/24]",
            "escape_html": true,
            "id": "uni/tn-tf-vms-1/BD-10.1.202.0_24/subnet-[10.1.202.1/24]"
          },
          "sensitive_attributes": [],
          "dependencies": [
            "module.aci.data.utils_yaml_merge.defaults",
            "module.aci.data.utils_yaml_merge.model",
            "module.aci.data.utils_yaml_merge.modules",
            "module.aci.module.aci_bfd_interface_policy.aci_rest_managed.bfdIfPol",
            "module.aci.module.aci_bgp_timer_policy.aci_rest_managed.bgpCtxPol",
            "module.aci.module.aci_bridge_domain.aci_rest_managed.fvBD",
            "module.aci.module.aci_bridge_domain.aci_rest_managed.fvRsCtx",
            "module.aci.module.aci_contract.aci_rest_managed.vzBrCP",
            "module.aci.module.aci_contract.aci_rest_managed.vzRsSubjFiltAtt",
            "module.aci.module.aci_contract.aci_rest_managed.vzRsSubjGraphAtt",
            "module.aci.module.aci_contract.aci_rest_managed.vzSubj",
            "module.aci.module.aci_dhcp_option_policy.aci_rest_managed.dhcpOption",
            "module.aci.module.aci_dhcp_option_policy.aci_rest_managed.dhcpOptionPol",
            "module.aci.module.aci_dhcp_relay_policy.aci_rest_managed.dhcpRelayP",
            "module.aci.module.aci_dhcp_relay_policy.aci_rest_managed.dhcpRsProv",
            "module.aci.module.aci_eigrp_interface_policy.aci_rest_managed.eigrpIfPol",
            "module.aci.module.aci_filter.aci_rest_managed.vzEntry",
            "module.aci.module.aci_filter.aci_rest_managed.vzFilter",
            "module.aci.module.aci_imported_contract.aci_rest_managed.vzCPIf",
            "module.aci.module.aci_imported_contract.aci_rest_managed.vzRsIf",
            "module.aci.module.aci_l3out.aci_rest_managed.bgpExtP",
            "module.aci.module.aci_l3out.aci_rest_managed.eigrpExtP",
            "module.aci.module.aci_l3out.aci_rest_managed.l3extConsLbl",
            "module.aci.module.aci_l3out.aci_rest_managed.l3extDefaultRouteLeakP",
            "module.aci.module.aci_l3out.aci_rest_managed.l3extInstP_sr_mpls",
            "module.aci.module.aci_l3out.aci_rest_managed.l3extOut",
            "module.aci.module.aci_l3out.aci_rest_managed.l3extProvLbl",
            "module.aci.module.aci_l3out.aci_rest_managed.l3extRsDampeningPol_ipv4",
            "module.aci.module.aci_l3out.aci_rest_managed.l3extRsDampeningPol_ipv6",
            "module.aci.module.aci_l3out.aci_rest_managed.l3extRsEctx",
            "module.aci.module.aci_l3out.aci_rest_managed.l3extRsInterleakPol",
            "module.aci.module.aci_l3out.aci_rest_managed.l3extRsL3DomAtt",
            "module.aci.module.aci_l3out.aci_rest_managed.l3extRsLblToInstP",
            "module.aci.module.aci_l3out.aci_rest_managed.l3extRsLblToProfile_export",
            "module.aci.module.aci_l3out.aci_rest_managed.l3extRsLblToProfile_import",
            "module.aci.module.aci_l3out.aci_rest_managed.l3extRsRedistributePol",
            "module.aci.module.aci_l3out.aci_rest_managed.mplsExtP",
            "module.aci.module.aci_l3out.aci_rest_managed.mplsRsLabelPol",
            "module.aci.module.aci_l3out.aci_rest_managed.ospfExtP",
            "module.aci.module.aci_l3out.aci_rest_managed.pimExtP",
            "module.aci.module.aci_l3out.aci_rest_managed.rtctrlCtxP_export",
            "module.aci.module.aci_l3out.aci_rest_managed.rtctrlCtxP_import",
            "module.aci.module.aci_l3out.aci_rest_managed.rtctrlProfile_export",
            "module.aci.module.aci_l3out.aci_rest_managed.rtctrlProfile_import",
            "module.aci.module.aci_l3out.aci_rest_managed.rtctrlRsCtxPToSubjP_export",
            "module.aci.module.aci_l3out.aci_rest_managed.rtctrlRsCtxPToSubjP_import",
            "module.aci.module.aci_l3out.aci_rest_managed.rtctrlRsScopeToAttrP_export",
            "module.aci.module.aci_l3out.aci_rest_managed.rtctrlRsScopeToAttrP_import",
            "module.aci.module.aci_l3out.aci_rest_managed.rtctrlScope_export",
            "module.aci.module.aci_l3out.aci_rest_managed.rtctrlScope_import",
            "module.aci.module.aci_match_rule.aci_rest_managed.rtctrlMatchCommFactor",
            "module.aci.module.aci_match_rule.aci_rest_managed.rtctrlMatchCommRegexTerm",
            "module.aci.module.aci_match_rule.aci_rest_managed.rtctrlMatchCommTerm",
            "module.aci.module.aci_match_rule.aci_rest_managed.rtctrlMatchRtDest",
            "module.aci.module.aci_match_rule.aci_rest_managed.rtctrlSubjP",
            "module.aci.module.aci_ospf_interface_policy.aci_rest_managed.ospfIfPol",
            "module.aci.module.aci_set_rule.aci_rest_managed.rtctrlAttrP",
            "module.aci.module.aci_set_rule.aci_rest_managed.rtctrlRsSetPolicyTagToInstP",
            "module.aci.module.aci_set_rule.aci_rest_managed.rtctrlSetASPath",
            "module.aci.module.aci_set_rule.aci_rest_managed.rtctrlSetASPathASN",
            "module.aci.module.aci_set_rule.aci_rest_managed.rtctrlSetAddComm",
            "module.aci.module.aci_set_rule.aci_rest_managed.rtctrlSetComm",
            "module.aci.module.aci_set_rule.aci_rest_managed.rtctrlSetDamp",
            "module.aci.module.aci_set_rule.aci_rest_managed.rtctrlSetNh",
            "module.aci.module.aci_set_rule.aci_rest_managed.rtctrlSetNhUnchanged",
            "module.aci.module.aci_set_rule.aci_rest_managed.rtctrlSetPolicyTag",
            "module.aci.module.aci_set_rule.aci_rest_managed.rtctrlSetPref",
            "module.aci.module.aci_set_rule.aci_rest_managed.rtctrlSetRedistMultipath",
            "module.aci.module.aci_set_rule.aci_rest_managed.rtctrlSetRtMetric",
            "module.aci.module.aci_set_rule.aci_rest_managed.rtctrlSetRtMetricType",
            "module.aci.module.aci_set_rule.aci_rest_managed.rtctrlSetTag",
            "module.aci.module.aci_set_rule.aci_rest_managed.rtctrlSetWeight",
            "module.aci.module.aci_tenant.aci_rest_managed.aaaDomainRef",
            "module.aci.module.aci_tenant.aci_rest_managed.fvTenant",
            "module.aci.module.aci_vrf.aci_rest_managed.bgpRtTargetP_ipv4",
            "module.aci.module.aci_vrf.aci_rest_managed.bgpRtTargetP_ipv6",
            "module.aci.module.aci_vrf.aci_rest_managed.bgpRtTarget_ipv4_export",
            "module.aci.module.aci_vrf.aci_rest_managed.bgpRtTarget_ipv4_import",
            "module.aci.module.aci_vrf.aci_rest_managed.bgpRtTarget_ipv6_export",
            "module.aci.module.aci_vrf.aci_rest_managed.bgpRtTarget_ipv6_import",
            "module.aci.module.aci_vrf.aci_rest_managed.dnsLbl",
            "module.aci.module.aci_vrf.aci_rest_managed.fvCtx",
            "module.aci.module.aci_vrf.aci_rest_managed.fvRsBgpCtxPol",
            "module.aci.module.aci_vrf.aci_rest_managed.fvRsCtxToBgpCtxAfPol_ipv4",
            "module.aci.module.aci_vrf.aci_rest_managed.fvRsCtxToBgpCtxAfPol_ipv6",
            "module.aci.module.aci_vrf.aci_rest_managed.fvRsCtxToExtRouteTagPol",
            "module.aci.module.aci_vrf.aci_rest_managed.fvRsCtxToOspfCtxPol_ipv4",
            "module.aci.module.aci_vrf.aci_rest_managed.fvRsCtxToOspfCtxPol_ipv6",
            "module.aci.module.aci_vrf.aci_rest_managed.fvRsOspfCtxPol",
            "module.aci.module.aci_vrf.aci_rest_managed.igmpCtxP",
            "module.aci.module.aci_vrf.aci_rest_managed.igmpSSMXlateP",
            "module.aci.module.aci_vrf.aci_rest_managed.leakExternalPrefix",
            "module.aci.module.aci_vrf.aci_rest_managed.leakInternalSubnet",
            "module.aci.module.aci_vrf.aci_rest_managed.leakRoutes",
            "module.aci.module.aci_vrf.aci_rest_managed.leakTo_external",
            "module.aci.module.aci_vrf.aci_rest_managed.leakTo_internal",
            "module.aci.module.aci_vrf.aci_rest_managed.pimASMPatPol",
            "module.aci.module.aci_vrf.aci_rest_managed.pimAutoRPPol",
            "module.aci.module.aci_vrf.aci_rest_managed.pimBSRFilterPol",
            "module.aci.module.aci_vrf.aci_rest_managed.pimBSRPPol",
            "module.aci.module.aci_vrf.aci_rest_managed.pimCtxP",
            "module.aci.module.aci_vrf.aci_rest_managed.pimFabricRPPol",
            "module.aci.module.aci_vrf.aci_rest_managed.pimInterVRFEntryPol",
            "module.aci.module.aci_vrf.aci_rest_managed.pimInterVRFPol",
            "module.aci.module.aci_vrf.aci_rest_managed.pimMAFilterPol",
            "module.aci.module.aci_vrf.aci_rest_managed.pimRPGrpRangePol_fabric_rp",
            "module.aci.module.aci_vrf.aci_rest_managed.pimRPGrpRangePol_static_rp",
            "module.aci.module.aci_vrf.aci_rest_managed.pimRegTrPol",
            "module.aci.module.aci_vrf.aci_rest_managed.pimResPol",
            "module.aci.module.aci_vrf.aci_rest_managed.pimSGRangeExpPol",
            "module.aci.module.aci_vrf.aci_rest_managed.pimSSMPatPol",
            "module.aci.module.aci_vrf.aci_rest_managed.pimSSMRangePol",
            "module.aci.module.aci_vrf.aci_rest_managed.pimSharedRangePol",
            "module.aci.module.aci_vrf.aci_rest_managed.pimStaticRPEntryPol_fabric_rp",
            "module.aci.module.aci_vrf.aci_rest_managed.pimStaticRPEntryPol_static_rp",
            "module.aci.module.aci_vrf.aci_rest_managed.pimStaticRPPol",
            "module.aci.module.aci_vrf.aci_rest_managed.rtdmcRsFilterToRtMapPol_asm_sg_expiry",
            "module.aci.module.aci_vrf.aci_rest_managed.rtdmcRsFilterToRtMapPol_asm_shared",
            "module.aci.module.aci_vrf.aci_rest_managed.rtdmcRsFilterToRtMapPol_auto_rp",
            "module.aci.module.aci_vrf.aci_rest_managed.rtdmcRsFilterToRtMapPol_bsr",
            "module.aci.module.aci_vrf.aci_rest_managed.rtdmcRsFilterToRtMapPol_fabric_rp",
            "module.aci.module.aci_vrf.aci_rest_managed.rtdmcRsFilterToRtMapPol_pim_inter_vrf",
            "module.aci.module.aci_vrf.aci_rest_managed.rtdmcRsFilterToRtMapPol_ssm_range",
            "module.aci.module.aci_vrf.aci_rest_managed.rtdmcRsFilterToRtMapPol_static_rp",
            "module.aci.module.aci_vrf.aci_rest_managed.vzAny",
            "module.aci.module.aci_vrf.aci_rest_managed.vzRsAnyToCons",
            "module.aci.module.aci_vrf.aci_rest_managed.vzRsAnyToConsIf",
            "module.aci.module.aci_vrf.aci_rest_managed.vzRsAnyToProv"
          ]
        }
      ]
    },
    {
      "module": "module.aci.module.aci_bridge_domain[\"tf-vms-1/10.1.203.0_24\"]",
      "mode": "managed",
      "type": "aci_rest_managed",
      "name": "fvBD",
      "provider": "provider[\"registry.terraform.io/ciscodevnet/aci\"]",
      "instances": [
        {
          "schema_version": 0,
          "attributes": {
            "annotation": "orchestrator:terraform",
            "child": [],
            "class_name": "fvBD",
            "content": {
              "arpFlood": "yes",
              "descr": "",
              "epClear": "no",
              "epMoveDetectMode": "",
              "hostBasedRouting": "no",
              "ipLearning": "yes",
              "limitIpLearnToSubnets": "yes",
              "mac": "00:22:BD:F8:19:FF",
              "mcastAllow": "no",
              "multiDstPktAct": "bd-flood",
              "name": "10.1.203.0_24",
              "nameAlias": "",
              "type": "regular",
              "unicastRoute": "yes",
              "unkMacUcastAct": "flood",
              "unkMcastAct": "flood",
              "v6unkMcastAct": "flood",
              "vmac": "not-applicable"
            },
            "dn": "uni/tn-tf-vms-1/BD-10.1.203.0_24",
            "escape_html": true,
            "id": "uni/tn-tf-vms-1/BD-10.1.203.0_24"
          },
          "sensitive_attributes": [],
          "dependencies": [
            "module.aci.data.utils_yaml_merge.defaults",
            "module.aci.data.utils_yaml_merge.model",
            "module.aci.data.utils_yaml_merge.modules",
            "module.aci.module.aci_bfd_interface_policy.aci_rest_managed.bfdIfPol",
            "module.aci.module.aci_bgp_timer_policy.aci_rest_managed.bgpCtxPol",
            "module.aci.module.aci_contract.aci_rest_managed.vzBrCP",
            "module.aci.module.aci_contract.aci_rest_managed.vzRsSubjFiltAtt",
            "module.aci.module.aci_contract.aci_rest_managed.vzRsSubjGraphAtt",
            "module.aci.module.aci_contract.aci_rest_managed.vzSubj",
            "module.aci.module.aci_dhcp_option_policy.aci_rest_managed.dhcpOption",
            "module.aci.module.aci_dhcp_option_policy.aci_rest_managed.dhcpOptionPol",
            "module.aci.module.aci_dhcp_relay_policy.aci_rest_managed.dhcpRelayP",
            "module.aci.module.aci_dhcp_relay_policy.aci_rest_managed.dhcpRsProv",
            "module.aci.module.aci_eigrp_interface_policy.aci_rest_managed.eigrpIfPol",
            "module.aci.module.aci_filter.aci_rest_managed.vzEntry",
            "module.aci.module.aci_filter.aci_rest_managed.vzFilter",
            "module.aci.module.aci_imported_contract.aci_rest_managed.vzCPIf",
            "module.aci.module.aci_imported_contract.aci_rest_managed.vzRsIf",
            "module.aci.module.aci_l3out.aci_rest_managed.bgpExtP",
            "module.aci.module.aci_l3out.aci_rest_managed.eigrpExtP",
            "module.aci.module.aci_l3out.aci_rest_managed.l3extConsLbl",
            "module.aci.module.aci_l3out.aci_rest_managed.l3extDefaultRouteLeakP",
            "module.aci.module.aci_l3out.aci_rest_managed.l3extInstP_sr_mpls",
            "module.aci.module.aci_l3out.aci_rest_managed.l3extOut",
            "module.aci.module.aci_l3out.aci_rest_managed.l3extProvLbl",
            "module.aci.module.aci_l3out.aci_rest_managed.l3extRsDampeningPol_ipv4",
            "module.aci.module.aci_l3out.aci_rest_managed.l3extRsDampeningPol_ipv6",
            "module.aci.module.aci_l3out.aci_rest_managed.l3extRsEctx",
            "module.aci.module.aci_l3out.aci_rest_managed.l3extRsInterleakPol",
            "module.aci.module.aci_l3out.aci_rest_managed.l3extRsL3DomAtt",
            "module.aci.module.aci_l3out.aci_rest_managed.l3extRsLblToInstP",
            "module.aci.module.aci_l3out.aci_rest_managed.l3extRsLblToProfile_export",
            "module.aci.module.aci_l3out.aci_rest_managed.l3extRsLblToProfile_import",
            "module.aci.module.aci_l3out.aci_rest_managed.l3extRsRedistributePol",
            "module.aci.module.aci_l3out.aci_rest_managed.mplsExtP",
            "module.aci.module.aci_l3out.aci_rest_managed.mplsRsLabelPol",
            "module.aci.module.aci_l3out.aci_rest_managed.ospfExtP",
            "module.aci.module.aci_l3out.aci_rest_managed.pimExtP",
            "module.aci.module.aci_l3out.aci_rest_managed.rtctrlCtxP_export",
            "module.aci.module.aci_l3out.aci_rest_managed.rtctrlCtxP_import",
            "module.aci.module.aci_l3out.aci_rest_managed.rtctrlProfile_export",
            "module.aci.module.aci_l3out.aci_rest_managed.rtctrlProfile_import",
            "module.aci.module.aci_l3out.aci_rest_managed.rtctrlRsCtxPToSubjP_export",
            "module.aci.module.aci_l3out.aci_rest_managed.rtctrlRsCtxPToSubjP_import",
            "module.aci.module.aci_l3out.aci_rest_managed.rtctrlRsScopeToAttrP_export",
            "module.aci.module.aci_l3out.aci_rest_managed.rtctrlRsScopeToAttrP_import",
            "module.aci.module.aci_l3out.aci_rest_managed.rtctrlScope_export",
            "module.aci.module.aci_l3out.aci_rest_managed.rtctrlScope_import",
            "module.aci.module.aci_match_rule.aci_rest_managed.rtctrlMatchCommFactor",
            "module.aci.module.aci_match_rule.aci_rest_managed.rtctrlMatchCommRegexTerm",
            "module.aci.module.aci_match_rule.aci_rest_managed.rtctrlMatchCommTerm",
            "module.aci.module.aci_match_rule.aci_rest_managed.rtctrlMatchRtDest",
            "module.aci.module.aci_match_rule.aci_rest_managed.rtctrlSubjP",
            "module.aci.module.aci_ospf_interface_policy.aci_rest_managed.ospfIfPol",
            "module.aci.module.aci_set_rule.aci_rest_managed.rtctrlAttrP",
            "module.aci.module.aci_set_rule.aci_rest_managed.rtctrlRsSetPolicyTagToInstP",
            "module.aci.module.aci_set_rule.aci_rest_managed.rtctrlSetASPath",
            "module.aci.module.aci_set_rule.aci_rest_managed.rtctrlSetASPathASN",
            "module.aci.module.aci_set_rule.aci_rest_managed.rtctrlSetAddComm",
            "module.aci.module.aci_set_rule.aci_rest_managed.rtctrlSetComm",
            "module.aci.module.aci_set_rule.aci_rest_managed.rtctrlSetDamp",
            "module.aci.module.aci_set_rule.aci_rest_managed.rtctrlSetNh",
            "module.aci.module.aci_set_rule.aci_rest_managed.rtctrlSetNhUnchanged",
            "module.aci.module.aci_set_rule.aci_rest_managed.rtctrlSetPolicyTag",
            "module.aci.module.aci_set_rule.aci_rest_managed.rtctrlSetPref",
            "module.aci.module.aci_set_rule.aci_rest_managed.rtctrlSetRedistMultipath",
            "module.aci.module.aci_set_rule.aci_rest_managed.rtctrlSetRtMetric",
            "module.aci.module.aci_set_rule.aci_rest_managed.rtctrlSetRtMetricType",
            "module.aci.module.aci_set_rule.aci_rest_managed.rtctrlSetTag",
            "module.aci.module.aci_set_rule.aci_rest_managed.rtctrlSetWeight",
            "module.aci.module.aci_tenant.aci_rest_managed.aaaDomainRef",
            "module.aci.module.aci_tenant.aci_rest_managed.fvTenant",
            "module.aci.module.aci_vrf.aci_rest_managed.bgpRtTargetP_ipv4",
            "module.aci.module.aci_vrf.aci_rest_managed.bgpRtTargetP_ipv6",
            "module.aci.module.aci_vrf.aci_rest_managed.bgpRtTarget_ipv4_export",
            "module.aci.module.aci_vrf.aci_rest_managed.bgpRtTarget_ipv4_import",
            "module.aci.module.aci_vrf.aci_rest_managed.bgpRtTarget_ipv6_export",
            "module.aci.module.aci_vrf.aci_rest_managed.bgpRtTarget_ipv6_import",
            "module.aci.module.aci_vrf.aci_rest_managed.dnsLbl",
            "module.aci.module.aci_vrf.aci_rest_managed.fvCtx",
            "module.aci.module.aci_vrf.aci_rest_managed.fvRsBgpCtxPol",
            "module.aci.module.aci_vrf.aci_rest_managed.fvRsCtxToBgpCtxAfPol_ipv4",
            "module.aci.module.aci_vrf.aci_rest_managed.fvRsCtxToBgpCtxAfPol_ipv6",
            "module.aci.module.aci_vrf.aci_rest_managed.fvRsCtxToExtRouteTagPol",
            "module.aci.module.aci_vrf.aci_rest_managed.fvRsCtxToOspfCtxPol_ipv4",
            "module.aci.module.aci_vrf.aci_rest_managed.fvRsCtxToOspfCtxPol_ipv6",
            "module.aci.module.aci_vrf.aci_rest_managed.fvRsOspfCtxPol",
            "module.aci.module.aci_vrf.aci_rest_managed.igmpCtxP",
            "module.aci.module.aci_vrf.aci_rest_managed.igmpSSMXlateP",
            "module.aci.module.aci_vrf.aci_rest_managed.leakExternalPrefix",
            "module.aci.module.aci_vrf.aci_rest_managed.leakInternalSubnet",
            "module.aci.module.aci_vrf.aci_rest_managed.leakRoutes",
            "module.aci.module.aci_vrf.aci_rest_managed.leakTo_external",
            "module.aci.module.aci_vrf.aci_rest_managed.leakTo_internal",
            "module.aci.module.aci_vrf.aci_rest_managed.pimASMPatPol",
            "module.aci.module.aci_vrf.aci_rest_managed.pimAutoRPPol",
            "module.aci.module.aci_vrf.aci_rest_managed.pimBSRFilterPol",
            "module.aci.module.aci_vrf.aci_rest_managed.pimBSRPPol",
            "module.aci.module.aci_vrf.aci_rest_managed.pimCtxP",
            "module.aci.module.aci_vrf.aci_rest_managed.pimFabricRPPol",
            "module.aci.module.aci_vrf.aci_rest_managed.pimInterVRFEntryPol",
            "module.aci.module.aci_vrf.aci_rest_managed.pimInterVRFPol",
            "module.aci.module.aci_vrf.aci_rest_managed.pimMAFilterPol",
            "module.aci.module.aci_vrf.aci_rest_managed.pimRPGrpRangePol_fabric_rp",
            "module.aci.module.aci_vrf.aci_rest_managed.pimRPGrpRangePol_static_rp",
            "module.aci.module.aci_vrf.aci_rest_managed.pimRegTrPol",
            "module.aci.module.aci_vrf.aci_rest_managed.pimResPol",
            "module.aci.module.aci_vrf.aci_rest_managed.pimSGRangeExpPol",
            "module.aci.module.aci_vrf.aci_rest_managed.pimSSMPatPol",
            "module.aci.module.aci_vrf.aci_rest_managed.pimSSMRangePol",
            "module.aci.module.aci_vrf.aci_rest_managed.pimSharedRangePol",
            "module.aci.module.aci_vrf.aci_rest_managed.pimStaticRPEntryPol_fabric_rp",
            "module.aci.module.aci_vrf.aci_rest_managed.pimStaticRPEntryPol_static_rp",
            "module.aci.module.aci_vrf.aci_rest_managed.pimStaticRPPol",
            "module.aci.module.aci_vrf.aci_rest_managed.rtdmcRsFilterToRtMapPol_asm_sg_expiry",
            "module.aci.module.aci_vrf.aci_rest_managed.rtdmcRsFilterToRtMapPol_asm_shared",
            "module.aci.module.aci_vrf.aci_rest_managed.rtdmcRsFilterToRtMapPol_auto_rp",
            "module.aci.module.aci_vrf.aci_rest_managed.rtdmcRsFilterToRtMapPol_bsr",
            "module.aci.module.aci_vrf.aci_rest_managed.rtdmcRsFilterToRtMapPol_fabric_rp",
            "module.aci.module.aci_vrf.aci_rest_managed.rtdmcRsFilterToRtMapPol_pim_inter_vrf",
            "module.aci.module.aci_vrf.aci_rest_managed.rtdmcRsFilterToRtMapPol_ssm_range",
            "module.aci.module.aci_vrf.aci_rest_managed.rtdmcRsFilterToRtMapPol_static_rp",
            "module.aci.module.aci_vrf.aci_rest_managed.vzAny",
            "module.aci.module.aci_vrf.aci_rest_managed.vzRsAnyToCons",
            "module.aci.module.aci_vrf.aci_rest_managed.vzRsAnyToConsIf",
            "module.aci.module.aci_vrf.aci_rest_managed.vzRsAnyToProv"
          ]
        }
      ]
    },
    {
      "module": "module.aci.module.aci_bridge_domain[\"tf-vms-1/10.1.203.0_24\"]",
      "mode": "managed",
      "type": "aci_rest_managed",
      "name": "fvRsCtx",
      "provider": "provider[\"registry.terraform.io/ciscodevnet/aci\"]",
      "instances": [
        {
          "schema_version": 0,
          "attributes": {
            "annotation": "orchestrator:terraform",
            "child": [],
            "class_name": "fvRsCtx",
            "content": {
              "tnFvCtxName": "vrf"
            },
            "dn": "uni/tn-tf-vms-1/BD-10.1.203.0_24/rsctx",
            "escape_html": true,
            "id": "uni/tn-tf-vms-1/BD-10.1.203.0_24/rsctx"
          },
          "sensitive_attributes": [],
          "dependencies": [
            "module.aci.data.utils_yaml_merge.defaults",
            "module.aci.data.utils_yaml_merge.model",
            "module.aci.data.utils_yaml_merge.modules",
            "module.aci.module.aci_bfd_interface_policy.aci_rest_managed.bfdIfPol",
            "module.aci.module.aci_bgp_timer_policy.aci_rest_managed.bgpCtxPol",
            "module.aci.module.aci_bridge_domain.aci_rest_managed.fvBD",
            "module.aci.module.aci_contract.aci_rest_managed.vzBrCP",
            "module.aci.module.aci_contract.aci_rest_managed.vzRsSubjFiltAtt",
            "module.aci.module.aci_contract.aci_rest_managed.vzRsSubjGraphAtt",
            "module.aci.module.aci_contract.aci_rest_managed.vzSubj",
            "module.aci.module.aci_dhcp_option_policy.aci_rest_managed.dhcpOption",
            "module.aci.module.aci_dhcp_option_policy.aci_rest_managed.dhcpOptionPol",
            "module.aci.module.aci_dhcp_relay_policy.aci_rest_managed.dhcpRelayP",
            "module.aci.module.aci_dhcp_relay_policy.aci_rest_managed.dhcpRsProv",
            "module.aci.module.aci_eigrp_interface_policy.aci_rest_managed.eigrpIfPol",
            "module.aci.module.aci_filter.aci_rest_managed.vzEntry",
            "module.aci.module.aci_filter.aci_rest_managed.vzFilter",
            "module.aci.module.aci_imported_contract.aci_rest_managed.vzCPIf",
            "module.aci.module.aci_imported_contract.aci_rest_managed.vzRsIf",
            "module.aci.module.aci_l3out.aci_rest_managed.bgpExtP",
            "module.aci.module.aci_l3out.aci_rest_managed.eigrpExtP",
            "module.aci.module.aci_l3out.aci_rest_managed.l3extConsLbl",
            "module.aci.module.aci_l3out.aci_rest_managed.l3extDefaultRouteLeakP",
            "module.aci.module.aci_l3out.aci_rest_managed.l3extInstP_sr_mpls",
            "module.aci.module.aci_l3out.aci_rest_managed.l3extOut",
            "module.aci.module.aci_l3out.aci_rest_managed.l3extProvLbl",
            "module.aci.module.aci_l3out.aci_rest_managed.l3extRsDampeningPol_ipv4",
            "module.aci.module.aci_l3out.aci_rest_managed.l3extRsDampeningPol_ipv6",
            "module.aci.module.aci_l3out.aci_rest_managed.l3extRsEctx",
            "module.aci.module.aci_l3out.aci_rest_managed.l3extRsInterleakPol",
            "module.aci.module.aci_l3out.aci_rest_managed.l3extRsL3DomAtt",
            "module.aci.module.aci_l3out.aci_rest_managed.l3extRsLblToInstP",
            "module.aci.module.aci_l3out.aci_rest_managed.l3extRsLblToProfile_export",
            "module.aci.module.aci_l3out.aci_rest_managed.l3extRsLblToProfile_import",
            "module.aci.module.aci_l3out.aci_rest_managed.l3extRsRedistributePol",
            "module.aci.module.aci_l3out.aci_rest_managed.mplsExtP",
            "module.aci.module.aci_l3out.aci_rest_managed.mplsRsLabelPol",
            "module.aci.module.aci_l3out.aci_rest_managed.ospfExtP",
            "module.aci.module.aci_l3out.aci_rest_managed.pimExtP",
            "module.aci.module.aci_l3out.aci_rest_managed.rtctrlCtxP_export",
            "module.aci.module.aci_l3out.aci_rest_managed.rtctrlCtxP_import",
            "module.aci.module.aci_l3out.aci_rest_managed.rtctrlProfile_export",
            "module.aci.module.aci_l3out.aci_rest_managed.rtctrlProfile_import",
            "module.aci.module.aci_l3out.aci_rest_managed.rtctrlRsCtxPToSubjP_export",
            "module.aci.module.aci_l3out.aci_rest_managed.rtctrlRsCtxPToSubjP_import",
            "module.aci.module.aci_l3out.aci_rest_managed.rtctrlRsScopeToAttrP_export",
            "module.aci.module.aci_l3out.aci_rest_managed.rtctrlRsScopeToAttrP_import",
            "module.aci.module.aci_l3out.aci_rest_managed.rtctrlScope_export",
            "module.aci.module.aci_l3out.aci_rest_managed.rtctrlScope_import",
            "module.aci.module.aci_match_rule.aci_rest_managed.rtctrlMatchCommFactor",
            "module.aci.module.aci_match_rule.aci_rest_managed.rtctrlMatchCommRegexTerm",
            "module.aci.module.aci_match_rule.aci_rest_managed.rtctrlMatchCommTerm",
            "module.aci.module.aci_match_rule.aci_rest_managed.rtctrlMatchRtDest",
            "module.aci.module.aci_match_rule.aci_rest_managed.rtctrlSubjP",
            "module.aci.module.aci_ospf_interface_policy.aci_rest_managed.ospfIfPol",
            "module.aci.module.aci_set_rule.aci_rest_managed.rtctrlAttrP",
            "module.aci.module.aci_set_rule.aci_rest_managed.rtctrlRsSetPolicyTagToInstP",
            "module.aci.module.aci_set_rule.aci_rest_managed.rtctrlSetASPath",
            "module.aci.module.aci_set_rule.aci_rest_managed.rtctrlSetASPathASN",
            "module.aci.module.aci_set_rule.aci_rest_managed.rtctrlSetAddComm",
            "module.aci.module.aci_set_rule.aci_rest_managed.rtctrlSetComm",
            "module.aci.module.aci_set_rule.aci_rest_managed.rtctrlSetDamp",
            "module.aci.module.aci_set_rule.aci_rest_managed.rtctrlSetNh",
            "module.aci.module.aci_set_rule.aci_rest_managed.rtctrlSetNhUnchanged",
            "module.aci.module.aci_set_rule.aci_rest_managed.rtctrlSetPolicyTag",
            "module.aci.module.aci_set_rule.aci_rest_managed.rtctrlSetPref",
            "module.aci.module.aci_set_rule.aci_rest_managed.rtctrlSetRedistMultipath",
            "module.aci.module.aci_set_rule.aci_rest_managed.rtctrlSetRtMetric",
            "module.aci.module.aci_set_rule.aci_rest_managed.rtctrlSetRtMetricType",
            "module.aci.module.aci_set_rule.aci_rest_managed.rtctrlSetTag",
            "module.aci.module.aci_set_rule.aci_rest_managed.rtctrlSetWeight",
            "module.aci.module.aci_tenant.aci_rest_managed.aaaDomainRef",
            "module.aci.module.aci_tenant.aci_rest_managed.fvTenant",
            "module.aci.module.aci_vrf.aci_rest_managed.bgpRtTargetP_ipv4",
            "module.aci.module.aci_vrf.aci_rest_managed.bgpRtTargetP_ipv6",
            "module.aci.module.aci_vrf.aci_rest_managed.bgpRtTarget_ipv4_export",
            "module.aci.module.aci_vrf.aci_rest_managed.bgpRtTarget_ipv4_import",
            "module.aci.module.aci_vrf.aci_rest_managed.bgpRtTarget_ipv6_export",
            "module.aci.module.aci_vrf.aci_rest_managed.bgpRtTarget_ipv6_import",
            "module.aci.module.aci_vrf.aci_rest_managed.dnsLbl",
            "module.aci.module.aci_vrf.aci_rest_managed.fvCtx",
            "module.aci.module.aci_vrf.aci_rest_managed.fvRsBgpCtxPol",
            "module.aci.module.aci_vrf.aci_rest_managed.fvRsCtxToBgpCtxAfPol_ipv4",
            "module.aci.module.aci_vrf.aci_rest_managed.fvRsCtxToBgpCtxAfPol_ipv6",
            "module.aci.module.aci_vrf.aci_rest_managed.fvRsCtxToExtRouteTagPol",
            "module.aci.module.aci_vrf.aci_rest_managed.fvRsCtxToOspfCtxPol_ipv4",
            "module.aci.module.aci_vrf.aci_rest_managed.fvRsCtxToOspfCtxPol_ipv6",
            "module.aci.module.aci_vrf.aci_rest_managed.fvRsOspfCtxPol",
            "module.aci.module.aci_vrf.aci_rest_managed.igmpCtxP",
            "module.aci.module.aci_vrf.aci_rest_managed.igmpSSMXlateP",
            "module.aci.module.aci_vrf.aci_rest_managed.leakExternalPrefix",
            "module.aci.module.aci_vrf.aci_rest_managed.leakInternalSubnet",
            "module.aci.module.aci_vrf.aci_rest_managed.leakRoutes",
            "module.aci.module.aci_vrf.aci_rest_managed.leakTo_external",
            "module.aci.module.aci_vrf.aci_rest_managed.leakTo_internal",
            "module.aci.module.aci_vrf.aci_rest_managed.pimASMPatPol",
            "module.aci.module.aci_vrf.aci_rest_managed.pimAutoRPPol",
            "module.aci.module.aci_vrf.aci_rest_managed.pimBSRFilterPol",
            "module.aci.module.aci_vrf.aci_rest_managed.pimBSRPPol",
            "module.aci.module.aci_vrf.aci_rest_managed.pimCtxP",
            "module.aci.module.aci_vrf.aci_rest_managed.pimFabricRPPol",
            "module.aci.module.aci_vrf.aci_rest_managed.pimInterVRFEntryPol",
            "module.aci.module.aci_vrf.aci_rest_managed.pimInterVRFPol",
            "module.aci.module.aci_vrf.aci_rest_managed.pimMAFilterPol",
            "module.aci.module.aci_vrf.aci_rest_managed.pimRPGrpRangePol_fabric_rp",
            "module.aci.module.aci_vrf.aci_rest_managed.pimRPGrpRangePol_static_rp",
            "module.aci.module.aci_vrf.aci_rest_managed.pimRegTrPol",
            "module.aci.module.aci_vrf.aci_rest_managed.pimResPol",
            "module.aci.module.aci_vrf.aci_rest_managed.pimSGRangeExpPol",
            "module.aci.module.aci_vrf.aci_rest_managed.pimSSMPatPol",
            "module.aci.module.aci_vrf.aci_rest_managed.pimSSMRangePol",
            "module.aci.module.aci_vrf.aci_rest_managed.pimSharedRangePol",
            "module.aci.module.aci_vrf.aci_rest_managed.pimStaticRPEntryPol_fabric_rp",
            "module.aci.module.aci_vrf.aci_rest_managed.pimStaticRPEntryPol_static_rp",
            "module.aci.module.aci_vrf.aci_rest_managed.pimStaticRPPol",
            "module.aci.module.aci_vrf.aci_rest_managed.rtdmcRsFilterToRtMapPol_asm_sg_expiry",
            "module.aci.module.aci_vrf.aci_rest_managed.rtdmcRsFilterToRtMapPol_asm_shared",
            "module.aci.module.aci_vrf.aci_rest_managed.rtdmcRsFilterToRtMapPol_auto_rp",
            "module.aci.module.aci_vrf.aci_rest_managed.rtdmcRsFilterToRtMapPol_bsr",
            "module.aci.module.aci_vrf.aci_rest_managed.rtdmcRsFilterToRtMapPol_fabric_rp",
            "module.aci.module.aci_vrf.aci_rest_managed.rtdmcRsFilterToRtMapPol_pim_inter_vrf",
            "module.aci.module.aci_vrf.aci_rest_managed.rtdmcRsFilterToRtMapPol_ssm_range",
            "module.aci.module.aci_vrf.aci_rest_managed.rtdmcRsFilterToRtMapPol_static_rp",
            "module.aci.module.aci_vrf.aci_rest_managed.vzAny",
            "module.aci.module.aci_vrf.aci_rest_managed.vzRsAnyToCons",
            "module.aci.module.aci_vrf.aci_rest_managed.vzRsAnyToConsIf",
            "module.aci.module.aci_vrf.aci_rest_managed.vzRsAnyToProv"
          ]
        }
      ]
    },
    {
      "module": "module.aci.module.aci_bridge_domain[\"tf-vms-1/10.1.203.0_24\"]",
      "mode": "managed",
      "type": "aci_rest_managed",
      "name": "fvSubnet",
      "provider": "provider[\"registry.terraform.io/ciscodevnet/aci\"]",
      "instances": [
        {
          "index_key": "10.1.203.1/24",
          "schema_version": 0,
          "attributes": {
            "annotation": "orchestrator:terraform",
            "child": [],
            "class_name": "fvSubnet",
            "content": {
              "ctrl": "nd",
              "descr": "",
              "ip": "10.1.203.1/24",
              "ipDPLearning": null,
              "preferred": "no",
              "scope": "private",
              "virtual": "no"
            },
            "dn": "uni/tn-tf-vms-1/BD-10.1.203.0_24/subnet-[10.1.203.1/24]",
            "escape_html": true,
            "id": "uni/tn-tf-vms-1/BD-10.1.203.0_24/subnet-[10.1.203.1/24]"
          },
          "sensitive_attributes": [],
          "dependencies": [
            "module.aci.data.utils_yaml_merge.defaults",
            "module.aci.data.utils_yaml_merge.model",
            "module.aci.data.utils_yaml_merge.modules",
            "module.aci.module.aci_bfd_interface_policy.aci_rest_managed.bfdIfPol",
            "module.aci.module.aci_bgp_timer_policy.aci_rest_managed.bgpCtxPol",
            "module.aci.module.aci_bridge_domain.aci_rest_managed.fvBD",
            "module.aci.module.aci_bridge_domain.aci_rest_managed.fvRsCtx",
            "module.aci.module.aci_contract.aci_rest_managed.vzBrCP",
            "module.aci.module.aci_contract.aci_rest_managed.vzRsSubjFiltAtt",
            "module.aci.module.aci_contract.aci_rest_managed.vzRsSubjGraphAtt",
            "module.aci.module.aci_contract.aci_rest_managed.vzSubj",
            "module.aci.module.aci_dhcp_option_policy.aci_rest_managed.dhcpOption",
            "module.aci.module.aci_dhcp_option_policy.aci_rest_managed.dhcpOptionPol",
            "module.aci.module.aci_dhcp_relay_policy.aci_rest_managed.dhcpRelayP",
            "module.aci.module.aci_dhcp_relay_policy.aci_rest_managed.dhcpRsProv",
            "module.aci.module.aci_eigrp_interface_policy.aci_rest_managed.eigrpIfPol",
            "module.aci.module.aci_filter.aci_rest_managed.vzEntry",
            "module.aci.module.aci_filter.aci_rest_managed.vzFilter",
            "module.aci.module.aci_imported_contract.aci_rest_managed.vzCPIf",
            "module.aci.module.aci_imported_contract.aci_rest_managed.vzRsIf",
            "module.aci.module.aci_l3out.aci_rest_managed.bgpExtP",
            "module.aci.module.aci_l3out.aci_rest_managed.eigrpExtP",
            "module.aci.module.aci_l3out.aci_rest_managed.l3extConsLbl",
            "module.aci.module.aci_l3out.aci_rest_managed.l3extDefaultRouteLeakP",
            "module.aci.module.aci_l3out.aci_rest_managed.l3extInstP_sr_mpls",
            "module.aci.module.aci_l3out.aci_rest_managed.l3extOut",
            "module.aci.module.aci_l3out.aci_rest_managed.l3extProvLbl",
            "module.aci.module.aci_l3out.aci_rest_managed.l3extRsDampeningPol_ipv4",
            "module.aci.module.aci_l3out.aci_rest_managed.l3extRsDampeningPol_ipv6",
            "module.aci.module.aci_l3out.aci_rest_managed.l3extRsEctx",
            "module.aci.module.aci_l3out.aci_rest_managed.l3extRsInterleakPol",
            "module.aci.module.aci_l3out.aci_rest_managed.l3extRsL3DomAtt",
            "module.aci.module.aci_l3out.aci_rest_managed.l3extRsLblToInstP",
            "module.aci.module.aci_l3out.aci_rest_managed.l3extRsLblToProfile_export",
            "module.aci.module.aci_l3out.aci_rest_managed.l3extRsLblToProfile_import",
            "module.aci.module.aci_l3out.aci_rest_managed.l3extRsRedistributePol",
            "module.aci.module.aci_l3out.aci_rest_managed.mplsExtP",
            "module.aci.module.aci_l3out.aci_rest_managed.mplsRsLabelPol",
            "module.aci.module.aci_l3out.aci_rest_managed.ospfExtP",
            "module.aci.module.aci_l3out.aci_rest_managed.pimExtP",
            "module.aci.module.aci_l3out.aci_rest_managed.rtctrlCtxP_export",
            "module.aci.module.aci_l3out.aci_rest_managed.rtctrlCtxP_import",
            "module.aci.module.aci_l3out.aci_rest_managed.rtctrlProfile_export",
            "module.aci.module.aci_l3out.aci_rest_managed.rtctrlProfile_import",
            "module.aci.module.aci_l3out.aci_rest_managed.rtctrlRsCtxPToSubjP_export",
            "module.aci.module.aci_l3out.aci_rest_managed.rtctrlRsCtxPToSubjP_import",
            "module.aci.module.aci_l3out.aci_rest_managed.rtctrlRsScopeToAttrP_export",
            "module.aci.module.aci_l3out.aci_rest_managed.rtctrlRsScopeToAttrP_import",
            "module.aci.module.aci_l3out.aci_rest_managed.rtctrlScope_export",
            "module.aci.module.aci_l3out.aci_rest_managed.rtctrlScope_import",
            "module.aci.module.aci_match_rule.aci_rest_managed.rtctrlMatchCommFactor",
            "module.aci.module.aci_match_rule.aci_rest_managed.rtctrlMatchCommRegexTerm",
            "module.aci.module.aci_match_rule.aci_rest_managed.rtctrlMatchCommTerm",
            "module.aci.module.aci_match_rule.aci_rest_managed.rtctrlMatchRtDest",
            "module.aci.module.aci_match_rule.aci_rest_managed.rtctrlSubjP",
            "module.aci.module.aci_ospf_interface_policy.aci_rest_managed.ospfIfPol",
            "module.aci.module.aci_set_rule.aci_rest_managed.rtctrlAttrP",
            "module.aci.module.aci_set_rule.aci_rest_managed.rtctrlRsSetPolicyTagToInstP",
            "module.aci.module.aci_set_rule.aci_rest_managed.rtctrlSetASPath",
            "module.aci.module.aci_set_rule.aci_rest_managed.rtctrlSetASPathASN",
            "module.aci.module.aci_set_rule.aci_rest_managed.rtctrlSetAddComm",
            "module.aci.module.aci_set_rule.aci_rest_managed.rtctrlSetComm",
            "module.aci.module.aci_set_rule.aci_rest_managed.rtctrlSetDamp",
            "module.aci.module.aci_set_rule.aci_rest_managed.rtctrlSetNh",
            "module.aci.module.aci_set_rule.aci_rest_managed.rtctrlSetNhUnchanged",
            "module.aci.module.aci_set_rule.aci_rest_managed.rtctrlSetPolicyTag",
            "module.aci.module.aci_set_rule.aci_rest_managed.rtctrlSetPref",
            "module.aci.module.aci_set_rule.aci_rest_managed.rtctrlSetRedistMultipath",
            "module.aci.module.aci_set_rule.aci_rest_managed.rtctrlSetRtMetric",
            "module.aci.module.aci_set_rule.aci_rest_managed.rtctrlSetRtMetricType",
            "module.aci.module.aci_set_rule.aci_rest_managed.rtctrlSetTag",
            "module.aci.module.aci_set_rule.aci_rest_managed.rtctrlSetWeight",
            "module.aci.module.aci_tenant.aci_rest_managed.aaaDomainRef",
            "module.aci.module.aci_tenant.aci_rest_managed.fvTenant",
            "module.aci.module.aci_vrf.aci_rest_managed.bgpRtTargetP_ipv4",
            "module.aci.module.aci_vrf.aci_rest_managed.bgpRtTargetP_ipv6",
            "module.aci.module.aci_vrf.aci_rest_managed.bgpRtTarget_ipv4_export",
            "module.aci.module.aci_vrf.aci_rest_managed.bgpRtTarget_ipv4_import",
            "module.aci.module.aci_vrf.aci_rest_managed.bgpRtTarget_ipv6_export",
            "module.aci.module.aci_vrf.aci_rest_managed.bgpRtTarget_ipv6_import",
            "module.aci.module.aci_vrf.aci_rest_managed.dnsLbl",
            "module.aci.module.aci_vrf.aci_rest_managed.fvCtx",
            "module.aci.module.aci_vrf.aci_rest_managed.fvRsBgpCtxPol",
            "module.aci.module.aci_vrf.aci_rest_managed.fvRsCtxToBgpCtxAfPol_ipv4",
            "module.aci.module.aci_vrf.aci_rest_managed.fvRsCtxToBgpCtxAfPol_ipv6",
            "module.aci.module.aci_vrf.aci_rest_managed.fvRsCtxToExtRouteTagPol",
            "module.aci.module.aci_vrf.aci_rest_managed.fvRsCtxToOspfCtxPol_ipv4",
            "module.aci.module.aci_vrf.aci_rest_managed.fvRsCtxToOspfCtxPol_ipv6",
            "module.aci.module.aci_vrf.aci_rest_managed.fvRsOspfCtxPol",
            "module.aci.module.aci_vrf.aci_rest_managed.igmpCtxP",
            "module.aci.module.aci_vrf.aci_rest_managed.igmpSSMXlateP",
            "module.aci.module.aci_vrf.aci_rest_managed.leakExternalPrefix",
            "module.aci.module.aci_vrf.aci_rest_managed.leakInternalSubnet",
            "module.aci.module.aci_vrf.aci_rest_managed.leakRoutes",
            "module.aci.module.aci_vrf.aci_rest_managed.leakTo_external",
            "module.aci.module.aci_vrf.aci_rest_managed.leakTo_internal",
            "module.aci.module.aci_vrf.aci_rest_managed.pimASMPatPol",
            "module.aci.module.aci_vrf.aci_rest_managed.pimAutoRPPol",
            "module.aci.module.aci_vrf.aci_rest_managed.pimBSRFilterPol",
            "module.aci.module.aci_vrf.aci_rest_managed.pimBSRPPol",
            "module.aci.module.aci_vrf.aci_rest_managed.pimCtxP",
            "module.aci.module.aci_vrf.aci_rest_managed.pimFabricRPPol",
            "module.aci.module.aci_vrf.aci_rest_managed.pimInterVRFEntryPol",
            "module.aci.module.aci_vrf.aci_rest_managed.pimInterVRFPol",
            "module.aci.module.aci_vrf.aci_rest_managed.pimMAFilterPol",
            "module.aci.module.aci_vrf.aci_rest_managed.pimRPGrpRangePol_fabric_rp",
            "module.aci.module.aci_vrf.aci_rest_managed.pimRPGrpRangePol_static_rp",
            "module.aci.module.aci_vrf.aci_rest_managed.pimRegTrPol",
            "module.aci.module.aci_vrf.aci_rest_managed.pimResPol",
            "module.aci.module.aci_vrf.aci_rest_managed.pimSGRangeExpPol",
            "module.aci.module.aci_vrf.aci_rest_managed.pimSSMPatPol",
            "module.aci.module.aci_vrf.aci_rest_managed.pimSSMRangePol",
            "module.aci.module.aci_vrf.aci_rest_managed.pimSharedRangePol",
            "module.aci.module.aci_vrf.aci_rest_managed.pimStaticRPEntryPol_fabric_rp",
            "module.aci.module.aci_vrf.aci_rest_managed.pimStaticRPEntryPol_static_rp",
            "module.aci.module.aci_vrf.aci_rest_managed.pimStaticRPPol",
            "module.aci.module.aci_vrf.aci_rest_managed.rtdmcRsFilterToRtMapPol_asm_sg_expiry",
            "module.aci.module.aci_vrf.aci_rest_managed.rtdmcRsFilterToRtMapPol_asm_shared",
            "module.aci.module.aci_vrf.aci_rest_managed.rtdmcRsFilterToRtMapPol_auto_rp",
            "module.aci.module.aci_vrf.aci_rest_managed.rtdmcRsFilterToRtMapPol_bsr",
            "module.aci.module.aci_vrf.aci_rest_managed.rtdmcRsFilterToRtMapPol_fabric_rp",
            "module.aci.module.aci_vrf.aci_rest_managed.rtdmcRsFilterToRtMapPol_pim_inter_vrf",
            "module.aci.module.aci_vrf.aci_rest_managed.rtdmcRsFilterToRtMapPol_ssm_range",
            "module.aci.module.aci_vrf.aci_rest_managed.rtdmcRsFilterToRtMapPol_static_rp",
            "module.aci.module.aci_vrf.aci_rest_managed.vzAny",
            "module.aci.module.aci_vrf.aci_rest_managed.vzRsAnyToCons",
            "module.aci.module.aci_vrf.aci_rest_managed.vzRsAnyToConsIf",
            "module.aci.module.aci_vrf.aci_rest_managed.vzRsAnyToProv"
          ]
        }
      ]
    },
    {
      "module": "module.aci.module.aci_bridge_domain[\"tf-vms-1/10.1.204.0_24\"]",
      "mode": "managed",
      "type": "aci_rest_managed",
      "name": "fvBD",
      "provider": "provider[\"registry.terraform.io/ciscodevnet/aci\"]",
      "instances": [
        {
          "schema_version": 0,
          "attributes": {
            "annotation": "orchestrator:terraform",
            "child": [],
            "class_name": "fvBD",
            "content": {
              "arpFlood": "yes",
              "descr": "",
              "epClear": "no",
              "epMoveDetectMode": "",
              "hostBasedRouting": "no",
              "ipLearning": "yes",
              "limitIpLearnToSubnets": "yes",
              "mac": "00:22:BD:F8:19:FF",
              "mcastAllow": "no",
              "multiDstPktAct": "bd-flood",
              "name": "10.1.204.0_24",
              "nameAlias": "",
              "type": "regular",
              "unicastRoute": "yes",
              "unkMacUcastAct": "flood",
              "unkMcastAct": "flood",
              "v6unkMcastAct": "flood",
              "vmac": "not-applicable"
            },
            "dn": "uni/tn-tf-vms-1/BD-10.1.204.0_24",
            "escape_html": true,
            "id": "uni/tn-tf-vms-1/BD-10.1.204.0_24"
          },
          "sensitive_attributes": [],
          "dependencies": [
            "module.aci.data.utils_yaml_merge.defaults",
            "module.aci.data.utils_yaml_merge.model",
            "module.aci.data.utils_yaml_merge.modules",
            "module.aci.module.aci_bfd_interface_policy.aci_rest_managed.bfdIfPol",
            "module.aci.module.aci_bgp_timer_policy.aci_rest_managed.bgpCtxPol",
            "module.aci.module.aci_contract.aci_rest_managed.vzBrCP",
            "module.aci.module.aci_contract.aci_rest_managed.vzRsSubjFiltAtt",
            "module.aci.module.aci_contract.aci_rest_managed.vzRsSubjGraphAtt",
            "module.aci.module.aci_contract.aci_rest_managed.vzSubj",
            "module.aci.module.aci_dhcp_option_policy.aci_rest_managed.dhcpOption",
            "module.aci.module.aci_dhcp_option_policy.aci_rest_managed.dhcpOptionPol",
            "module.aci.module.aci_dhcp_relay_policy.aci_rest_managed.dhcpRelayP",
            "module.aci.module.aci_dhcp_relay_policy.aci_rest_managed.dhcpRsProv",
            "module.aci.module.aci_eigrp_interface_policy.aci_rest_managed.eigrpIfPol",
            "module.aci.module.aci_filter.aci_rest_managed.vzEntry",
            "module.aci.module.aci_filter.aci_rest_managed.vzFilter",
            "module.aci.module.aci_imported_contract.aci_rest_managed.vzCPIf",
            "module.aci.module.aci_imported_contract.aci_rest_managed.vzRsIf",
            "module.aci.module.aci_l3out.aci_rest_managed.bgpExtP",
            "module.aci.module.aci_l3out.aci_rest_managed.eigrpExtP",
            "module.aci.module.aci_l3out.aci_rest_managed.l3extConsLbl",
            "module.aci.module.aci_l3out.aci_rest_managed.l3extDefaultRouteLeakP",
            "module.aci.module.aci_l3out.aci_rest_managed.l3extInstP_sr_mpls",
            "module.aci.module.aci_l3out.aci_rest_managed.l3extOut",
            "module.aci.module.aci_l3out.aci_rest_managed.l3extProvLbl",
            "module.aci.module.aci_l3out.aci_rest_managed.l3extRsDampeningPol_ipv4",
            "module.aci.module.aci_l3out.aci_rest_managed.l3extRsDampeningPol_ipv6",
            "module.aci.module.aci_l3out.aci_rest_managed.l3extRsEctx",
            "module.aci.module.aci_l3out.aci_rest_managed.l3extRsInterleakPol",
            "module.aci.module.aci_l3out.aci_rest_managed.l3extRsL3DomAtt",
            "module.aci.module.aci_l3out.aci_rest_managed.l3extRsLblToInstP",
            "module.aci.module.aci_l3out.aci_rest_managed.l3extRsLblToProfile_export",
            "module.aci.module.aci_l3out.aci_rest_managed.l3extRsLblToProfile_import",
            "module.aci.module.aci_l3out.aci_rest_managed.l3extRsRedistributePol",
            "module.aci.module.aci_l3out.aci_rest_managed.mplsExtP",
            "module.aci.module.aci_l3out.aci_rest_managed.mplsRsLabelPol",
            "module.aci.module.aci_l3out.aci_rest_managed.ospfExtP",
            "module.aci.module.aci_l3out.aci_rest_managed.pimExtP",
            "module.aci.module.aci_l3out.aci_rest_managed.rtctrlCtxP_export",
            "module.aci.module.aci_l3out.aci_rest_managed.rtctrlCtxP_import",
            "module.aci.module.aci_l3out.aci_rest_managed.rtctrlProfile_export",
            "module.aci.module.aci_l3out.aci_rest_managed.rtctrlProfile_import",
            "module.aci.module.aci_l3out.aci_rest_managed.rtctrlRsCtxPToSubjP_export",
            "module.aci.module.aci_l3out.aci_rest_managed.rtctrlRsCtxPToSubjP_import",
            "module.aci.module.aci_l3out.aci_rest_managed.rtctrlRsScopeToAttrP_export",
            "module.aci.module.aci_l3out.aci_rest_managed.rtctrlRsScopeToAttrP_import",
            "module.aci.module.aci_l3out.aci_rest_managed.rtctrlScope_export",
            "module.aci.module.aci_l3out.aci_rest_managed.rtctrlScope_import",
            "module.aci.module.aci_match_rule.aci_rest_managed.rtctrlMatchCommFactor",
            "module.aci.module.aci_match_rule.aci_rest_managed.rtctrlMatchCommRegexTerm",
            "module.aci.module.aci_match_rule.aci_rest_managed.rtctrlMatchCommTerm",
            "module.aci.module.aci_match_rule.aci_rest_managed.rtctrlMatchRtDest",
            "module.aci.module.aci_match_rule.aci_rest_managed.rtctrlSubjP",
            "module.aci.module.aci_ospf_interface_policy.aci_rest_managed.ospfIfPol",
            "module.aci.module.aci_set_rule.aci_rest_managed.rtctrlAttrP",
            "module.aci.module.aci_set_rule.aci_rest_managed.rtctrlRsSetPolicyTagToInstP",
            "module.aci.module.aci_set_rule.aci_rest_managed.rtctrlSetASPath",
            "module.aci.module.aci_set_rule.aci_rest_managed.rtctrlSetASPathASN",
            "module.aci.module.aci_set_rule.aci_rest_managed.rtctrlSetAddComm",
            "module.aci.module.aci_set_rule.aci_rest_managed.rtctrlSetComm",
            "module.aci.module.aci_set_rule.aci_rest_managed.rtctrlSetDamp",
            "module.aci.module.aci_set_rule.aci_rest_managed.rtctrlSetNh",
            "module.aci.module.aci_set_rule.aci_rest_managed.rtctrlSetNhUnchanged",
            "module.aci.module.aci_set_rule.aci_rest_managed.rtctrlSetPolicyTag",
            "module.aci.module.aci_set_rule.aci_rest_managed.rtctrlSetPref",
            "module.aci.module.aci_set_rule.aci_rest_managed.rtctrlSetRedistMultipath",
            "module.aci.module.aci_set_rule.aci_rest_managed.rtctrlSetRtMetric",
            "module.aci.module.aci_set_rule.aci_rest_managed.rtctrlSetRtMetricType",
            "module.aci.module.aci_set_rule.aci_rest_managed.rtctrlSetTag",
            "module.aci.module.aci_set_rule.aci_rest_managed.rtctrlSetWeight",
            "module.aci.module.aci_tenant.aci_rest_managed.aaaDomainRef",
            "module.aci.module.aci_tenant.aci_rest_managed.fvTenant",
            "module.aci.module.aci_vrf.aci_rest_managed.bgpRtTargetP_ipv4",
            "module.aci.module.aci_vrf.aci_rest_managed.bgpRtTargetP_ipv6",
            "module.aci.module.aci_vrf.aci_rest_managed.bgpRtTarget_ipv4_export",
            "module.aci.module.aci_vrf.aci_rest_managed.bgpRtTarget_ipv4_import",
            "module.aci.module.aci_vrf.aci_rest_managed.bgpRtTarget_ipv6_export",
            "module.aci.module.aci_vrf.aci_rest_managed.bgpRtTarget_ipv6_import",
            "module.aci.module.aci_vrf.aci_rest_managed.dnsLbl",
            "module.aci.module.aci_vrf.aci_rest_managed.fvCtx",
            "module.aci.module.aci_vrf.aci_rest_managed.fvRsBgpCtxPol",
            "module.aci.module.aci_vrf.aci_rest_managed.fvRsCtxToBgpCtxAfPol_ipv4",
            "module.aci.module.aci_vrf.aci_rest_managed.fvRsCtxToBgpCtxAfPol_ipv6",
            "module.aci.module.aci_vrf.aci_rest_managed.fvRsCtxToExtRouteTagPol",
            "module.aci.module.aci_vrf.aci_rest_managed.fvRsCtxToOspfCtxPol_ipv4",
            "module.aci.module.aci_vrf.aci_rest_managed.fvRsCtxToOspfCtxPol_ipv6",
            "module.aci.module.aci_vrf.aci_rest_managed.fvRsOspfCtxPol",
            "module.aci.module.aci_vrf.aci_rest_managed.igmpCtxP",
            "module.aci.module.aci_vrf.aci_rest_managed.igmpSSMXlateP",
            "module.aci.module.aci_vrf.aci_rest_managed.leakExternalPrefix",
            "module.aci.module.aci_vrf.aci_rest_managed.leakInternalSubnet",
            "module.aci.module.aci_vrf.aci_rest_managed.leakRoutes",
            "module.aci.module.aci_vrf.aci_rest_managed.leakTo_external",
            "module.aci.module.aci_vrf.aci_rest_managed.leakTo_internal",
            "module.aci.module.aci_vrf.aci_rest_managed.pimASMPatPol",
            "module.aci.module.aci_vrf.aci_rest_managed.pimAutoRPPol",
            "module.aci.module.aci_vrf.aci_rest_managed.pimBSRFilterPol",
            "module.aci.module.aci_vrf.aci_rest_managed.pimBSRPPol",
            "module.aci.module.aci_vrf.aci_rest_managed.pimCtxP",
            "module.aci.module.aci_vrf.aci_rest_managed.pimFabricRPPol",
            "module.aci.module.aci_vrf.aci_rest_managed.pimInterVRFEntryPol",
            "module.aci.module.aci_vrf.aci_rest_managed.pimInterVRFPol",
            "module.aci.module.aci_vrf.aci_rest_managed.pimMAFilterPol",
            "module.aci.module.aci_vrf.aci_rest_managed.pimRPGrpRangePol_fabric_rp",
            "module.aci.module.aci_vrf.aci_rest_managed.pimRPGrpRangePol_static_rp",
            "module.aci.module.aci_vrf.aci_rest_managed.pimRegTrPol",
            "module.aci.module.aci_vrf.aci_rest_managed.pimResPol",
            "module.aci.module.aci_vrf.aci_rest_managed.pimSGRangeExpPol",
            "module.aci.module.aci_vrf.aci_rest_managed.pimSSMPatPol",
            "module.aci.module.aci_vrf.aci_rest_managed.pimSSMRangePol",
            "module.aci.module.aci_vrf.aci_rest_managed.pimSharedRangePol",
            "module.aci.module.aci_vrf.aci_rest_managed.pimStaticRPEntryPol_fabric_rp",
            "module.aci.module.aci_vrf.aci_rest_managed.pimStaticRPEntryPol_static_rp",
            "module.aci.module.aci_vrf.aci_rest_managed.pimStaticRPPol",
            "module.aci.module.aci_vrf.aci_rest_managed.rtdmcRsFilterToRtMapPol_asm_sg_expiry",
            "module.aci.module.aci_vrf.aci_rest_managed.rtdmcRsFilterToRtMapPol_asm_shared",
            "module.aci.module.aci_vrf.aci_rest_managed.rtdmcRsFilterToRtMapPol_auto_rp",
            "module.aci.module.aci_vrf.aci_rest_managed.rtdmcRsFilterToRtMapPol_bsr",
            "module.aci.module.aci_vrf.aci_rest_managed.rtdmcRsFilterToRtMapPol_fabric_rp",
            "module.aci.module.aci_vrf.aci_rest_managed.rtdmcRsFilterToRtMapPol_pim_inter_vrf",
            "module.aci.module.aci_vrf.aci_rest_managed.rtdmcRsFilterToRtMapPol_ssm_range",
            "module.aci.module.aci_vrf.aci_rest_managed.rtdmcRsFilterToRtMapPol_static_rp",
            "module.aci.module.aci_vrf.aci_rest_managed.vzAny",
            "module.aci.module.aci_vrf.aci_rest_managed.vzRsAnyToCons",
            "module.aci.module.aci_vrf.aci_rest_managed.vzRsAnyToConsIf",
            "module.aci.module.aci_vrf.aci_rest_managed.vzRsAnyToProv"
          ]
        }
      ]
    },
    {
      "module": "module.aci.module.aci_bridge_domain[\"tf-vms-1/10.1.204.0_24\"]",
      "mode": "managed",
      "type": "aci_rest_managed",
      "name": "fvRsCtx",
      "provider": "provider[\"registry.terraform.io/ciscodevnet/aci\"]",
      "instances": [
        {
          "schema_version": 0,
          "attributes": {
            "annotation": "orchestrator:terraform",
            "child": [],
            "class_name": "fvRsCtx",
            "content": {
              "tnFvCtxName": "vrf"
            },
            "dn": "uni/tn-tf-vms-1/BD-10.1.204.0_24/rsctx",
            "escape_html": true,
            "id": "uni/tn-tf-vms-1/BD-10.1.204.0_24/rsctx"
          },
          "sensitive_attributes": [],
          "dependencies": [
            "module.aci.data.utils_yaml_merge.defaults",
            "module.aci.data.utils_yaml_merge.model",
            "module.aci.data.utils_yaml_merge.modules",
            "module.aci.module.aci_bfd_interface_policy.aci_rest_managed.bfdIfPol",
            "module.aci.module.aci_bgp_timer_policy.aci_rest_managed.bgpCtxPol",
            "module.aci.module.aci_bridge_domain.aci_rest_managed.fvBD",
            "module.aci.module.aci_contract.aci_rest_managed.vzBrCP",
            "module.aci.module.aci_contract.aci_rest_managed.vzRsSubjFiltAtt",
            "module.aci.module.aci_contract.aci_rest_managed.vzRsSubjGraphAtt",
            "module.aci.module.aci_contract.aci_rest_managed.vzSubj",
            "module.aci.module.aci_dhcp_option_policy.aci_rest_managed.dhcpOption",
            "module.aci.module.aci_dhcp_option_policy.aci_rest_managed.dhcpOptionPol",
            "module.aci.module.aci_dhcp_relay_policy.aci_rest_managed.dhcpRelayP",
            "module.aci.module.aci_dhcp_relay_policy.aci_rest_managed.dhcpRsProv",
            "module.aci.module.aci_eigrp_interface_policy.aci_rest_managed.eigrpIfPol",
            "module.aci.module.aci_filter.aci_rest_managed.vzEntry",
            "module.aci.module.aci_filter.aci_rest_managed.vzFilter",
            "module.aci.module.aci_imported_contract.aci_rest_managed.vzCPIf",
            "module.aci.module.aci_imported_contract.aci_rest_managed.vzRsIf",
            "module.aci.module.aci_l3out.aci_rest_managed.bgpExtP",
            "module.aci.module.aci_l3out.aci_rest_managed.eigrpExtP",
            "module.aci.module.aci_l3out.aci_rest_managed.l3extConsLbl",
            "module.aci.module.aci_l3out.aci_rest_managed.l3extDefaultRouteLeakP",
            "module.aci.module.aci_l3out.aci_rest_managed.l3extInstP_sr_mpls",
            "module.aci.module.aci_l3out.aci_rest_managed.l3extOut",
            "module.aci.module.aci_l3out.aci_rest_managed.l3extProvLbl",
            "module.aci.module.aci_l3out.aci_rest_managed.l3extRsDampeningPol_ipv4",
            "module.aci.module.aci_l3out.aci_rest_managed.l3extRsDampeningPol_ipv6",
            "module.aci.module.aci_l3out.aci_rest_managed.l3extRsEctx",
            "module.aci.module.aci_l3out.aci_rest_managed.l3extRsInterleakPol",
            "module.aci.module.aci_l3out.aci_rest_managed.l3extRsL3DomAtt",
            "module.aci.module.aci_l3out.aci_rest_managed.l3extRsLblToInstP",
            "module.aci.module.aci_l3out.aci_rest_managed.l3extRsLblToProfile_export",
            "module.aci.module.aci_l3out.aci_rest_managed.l3extRsLblToProfile_import",
            "module.aci.module.aci_l3out.aci_rest_managed.l3extRsRedistributePol",
            "module.aci.module.aci_l3out.aci_rest_managed.mplsExtP",
            "module.aci.module.aci_l3out.aci_rest_managed.mplsRsLabelPol",
            "module.aci.module.aci_l3out.aci_rest_managed.ospfExtP",
            "module.aci.module.aci_l3out.aci_rest_managed.pimExtP",
            "module.aci.module.aci_l3out.aci_rest_managed.rtctrlCtxP_export",
            "module.aci.module.aci_l3out.aci_rest_managed.rtctrlCtxP_import",
            "module.aci.module.aci_l3out.aci_rest_managed.rtctrlProfile_export",
            "module.aci.module.aci_l3out.aci_rest_managed.rtctrlProfile_import",
            "module.aci.module.aci_l3out.aci_rest_managed.rtctrlRsCtxPToSubjP_export",
            "module.aci.module.aci_l3out.aci_rest_managed.rtctrlRsCtxPToSubjP_import",
            "module.aci.module.aci_l3out.aci_rest_managed.rtctrlRsScopeToAttrP_export",
            "module.aci.module.aci_l3out.aci_rest_managed.rtctrlRsScopeToAttrP_import",
            "module.aci.module.aci_l3out.aci_rest_managed.rtctrlScope_export",
            "module.aci.module.aci_l3out.aci_rest_managed.rtctrlScope_import",
            "module.aci.module.aci_match_rule.aci_rest_managed.rtctrlMatchCommFactor",
            "module.aci.module.aci_match_rule.aci_rest_managed.rtctrlMatchCommRegexTerm",
            "module.aci.module.aci_match_rule.aci_rest_managed.rtctrlMatchCommTerm",
            "module.aci.module.aci_match_rule.aci_rest_managed.rtctrlMatchRtDest",
            "module.aci.module.aci_match_rule.aci_rest_managed.rtctrlSubjP",
            "module.aci.module.aci_ospf_interface_policy.aci_rest_managed.ospfIfPol",
            "module.aci.module.aci_set_rule.aci_rest_managed.rtctrlAttrP",
            "module.aci.module.aci_set_rule.aci_rest_managed.rtctrlRsSetPolicyTagToInstP",
            "module.aci.module.aci_set_rule.aci_rest_managed.rtctrlSetASPath",
            "module.aci.module.aci_set_rule.aci_rest_managed.rtctrlSetASPathASN",
            "module.aci.module.aci_set_rule.aci_rest_managed.rtctrlSetAddComm",
            "module.aci.module.aci_set_rule.aci_rest_managed.rtctrlSetComm",
            "module.aci.module.aci_set_rule.aci_rest_managed.rtctrlSetDamp",
            "module.aci.module.aci_set_rule.aci_rest_managed.rtctrlSetNh",
            "module.aci.module.aci_set_rule.aci_rest_managed.rtctrlSetNhUnchanged",
            "module.aci.module.aci_set_rule.aci_rest_managed.rtctrlSetPolicyTag",
            "module.aci.module.aci_set_rule.aci_rest_managed.rtctrlSetPref",
            "module.aci.module.aci_set_rule.aci_rest_managed.rtctrlSetRedistMultipath",
            "module.aci.module.aci_set_rule.aci_rest_managed.rtctrlSetRtMetric",
            "module.aci.module.aci_set_rule.aci_rest_managed.rtctrlSetRtMetricType",
            "module.aci.module.aci_set_rule.aci_rest_managed.rtctrlSetTag",
            "module.aci.module.aci_set_rule.aci_rest_managed.rtctrlSetWeight",
            "module.aci.module.aci_tenant.aci_rest_managed.aaaDomainRef",
            "module.aci.module.aci_tenant.aci_rest_managed.fvTenant",
            "module.aci.module.aci_vrf.aci_rest_managed.bgpRtTargetP_ipv4",
            "module.aci.module.aci_vrf.aci_rest_managed.bgpRtTargetP_ipv6",
            "module.aci.module.aci_vrf.aci_rest_managed.bgpRtTarget_ipv4_export",
            "module.aci.module.aci_vrf.aci_rest_managed.bgpRtTarget_ipv4_import",
            "module.aci.module.aci_vrf.aci_rest_managed.bgpRtTarget_ipv6_export",
            "module.aci.module.aci_vrf.aci_rest_managed.bgpRtTarget_ipv6_import",
            "module.aci.module.aci_vrf.aci_rest_managed.dnsLbl",
            "module.aci.module.aci_vrf.aci_rest_managed.fvCtx",
            "module.aci.module.aci_vrf.aci_rest_managed.fvRsBgpCtxPol",
            "module.aci.module.aci_vrf.aci_rest_managed.fvRsCtxToBgpCtxAfPol_ipv4",
            "module.aci.module.aci_vrf.aci_rest_managed.fvRsCtxToBgpCtxAfPol_ipv6",
            "module.aci.module.aci_vrf.aci_rest_managed.fvRsCtxToExtRouteTagPol",
            "module.aci.module.aci_vrf.aci_rest_managed.fvRsCtxToOspfCtxPol_ipv4",
            "module.aci.module.aci_vrf.aci_rest_managed.fvRsCtxToOspfCtxPol_ipv6",
            "module.aci.module.aci_vrf.aci_rest_managed.fvRsOspfCtxPol",
            "module.aci.module.aci_vrf.aci_rest_managed.igmpCtxP",
            "module.aci.module.aci_vrf.aci_rest_managed.igmpSSMXlateP",
            "module.aci.module.aci_vrf.aci_rest_managed.leakExternalPrefix",
            "module.aci.module.aci_vrf.aci_rest_managed.leakInternalSubnet",
            "module.aci.module.aci_vrf.aci_rest_managed.leakRoutes",
            "module.aci.module.aci_vrf.aci_rest_managed.leakTo_external",
            "module.aci.module.aci_vrf.aci_rest_managed.leakTo_internal",
            "module.aci.module.aci_vrf.aci_rest_managed.pimASMPatPol",
            "module.aci.module.aci_vrf.aci_rest_managed.pimAutoRPPol",
            "module.aci.module.aci_vrf.aci_rest_managed.pimBSRFilterPol",
            "module.aci.module.aci_vrf.aci_rest_managed.pimBSRPPol",
            "module.aci.module.aci_vrf.aci_rest_managed.pimCtxP",
            "module.aci.module.aci_vrf.aci_rest_managed.pimFabricRPPol",
            "module.aci.module.aci_vrf.aci_rest_managed.pimInterVRFEntryPol",
            "module.aci.module.aci_vrf.aci_rest_managed.pimInterVRFPol",
            "module.aci.module.aci_vrf.aci_rest_managed.pimMAFilterPol",
            "module.aci.module.aci_vrf.aci_rest_managed.pimRPGrpRangePol_fabric_rp",
            "module.aci.module.aci_vrf.aci_rest_managed.pimRPGrpRangePol_static_rp",
            "module.aci.module.aci_vrf.aci_rest_managed.pimRegTrPol",
            "module.aci.module.aci_vrf.aci_rest_managed.pimResPol",
            "module.aci.module.aci_vrf.aci_rest_managed.pimSGRangeExpPol",
            "module.aci.module.aci_vrf.aci_rest_managed.pimSSMPatPol",
            "module.aci.module.aci_vrf.aci_rest_managed.pimSSMRangePol",
            "module.aci.module.aci_vrf.aci_rest_managed.pimSharedRangePol",
            "module.aci.module.aci_vrf.aci_rest_managed.pimStaticRPEntryPol_fabric_rp",
            "module.aci.module.aci_vrf.aci_rest_managed.pimStaticRPEntryPol_static_rp",
            "module.aci.module.aci_vrf.aci_rest_managed.pimStaticRPPol",
            "module.aci.module.aci_vrf.aci_rest_managed.rtdmcRsFilterToRtMapPol_asm_sg_expiry",
            "module.aci.module.aci_vrf.aci_rest_managed.rtdmcRsFilterToRtMapPol_asm_shared",
            "module.aci.module.aci_vrf.aci_rest_managed.rtdmcRsFilterToRtMapPol_auto_rp",
            "module.aci.module.aci_vrf.aci_rest_managed.rtdmcRsFilterToRtMapPol_bsr",
            "module.aci.module.aci_vrf.aci_rest_managed.rtdmcRsFilterToRtMapPol_fabric_rp",
            "module.aci.module.aci_vrf.aci_rest_managed.rtdmcRsFilterToRtMapPol_pim_inter_vrf",
            "module.aci.module.aci_vrf.aci_rest_managed.rtdmcRsFilterToRtMapPol_ssm_range",
            "module.aci.module.aci_vrf.aci_rest_managed.rtdmcRsFilterToRtMapPol_static_rp",
            "module.aci.module.aci_vrf.aci_rest_managed.vzAny",
            "module.aci.module.aci_vrf.aci_rest_managed.vzRsAnyToCons",
            "module.aci.module.aci_vrf.aci_rest_managed.vzRsAnyToConsIf",
            "module.aci.module.aci_vrf.aci_rest_managed.vzRsAnyToProv"
          ]
        }
      ]
    },
    {
      "module": "module.aci.module.aci_bridge_domain[\"tf-vms-1/10.1.204.0_24\"]",
      "mode": "managed",
      "type": "aci_rest_managed",
      "name": "fvSubnet",
      "provider": "provider[\"registry.terraform.io/ciscodevnet/aci\"]",
      "instances": [
        {
          "index_key": "10.1.204.1/24",
          "schema_version": 0,
          "attributes": {
            "annotation": "orchestrator:terraform",
            "child": [],
            "class_name": "fvSubnet",
            "content": {
              "ctrl": "nd",
              "descr": "",
              "ip": "10.1.204.1/24",
              "ipDPLearning": null,
              "preferred": "no",
              "scope": "private",
              "virtual": "no"
            },
            "dn": "uni/tn-tf-vms-1/BD-10.1.204.0_24/subnet-[10.1.204.1/24]",
            "escape_html": true,
            "id": "uni/tn-tf-vms-1/BD-10.1.204.0_24/subnet-[10.1.204.1/24]"
          },
          "sensitive_attributes": [],
          "dependencies": [
            "module.aci.data.utils_yaml_merge.defaults",
            "module.aci.data.utils_yaml_merge.model",
            "module.aci.data.utils_yaml_merge.modules",
            "module.aci.module.aci_bfd_interface_policy.aci_rest_managed.bfdIfPol",
            "module.aci.module.aci_bgp_timer_policy.aci_rest_managed.bgpCtxPol",
            "module.aci.module.aci_bridge_domain.aci_rest_managed.fvBD",
            "module.aci.module.aci_bridge_domain.aci_rest_managed.fvRsCtx",
            "module.aci.module.aci_contract.aci_rest_managed.vzBrCP",
            "module.aci.module.aci_contract.aci_rest_managed.vzRsSubjFiltAtt",
            "module.aci.module.aci_contract.aci_rest_managed.vzRsSubjGraphAtt",
            "module.aci.module.aci_contract.aci_rest_managed.vzSubj",
            "module.aci.module.aci_dhcp_option_policy.aci_rest_managed.dhcpOption",
            "module.aci.module.aci_dhcp_option_policy.aci_rest_managed.dhcpOptionPol",
            "module.aci.module.aci_dhcp_relay_policy.aci_rest_managed.dhcpRelayP",
            "module.aci.module.aci_dhcp_relay_policy.aci_rest_managed.dhcpRsProv",
            "module.aci.module.aci_eigrp_interface_policy.aci_rest_managed.eigrpIfPol",
            "module.aci.module.aci_filter.aci_rest_managed.vzEntry",
            "module.aci.module.aci_filter.aci_rest_managed.vzFilter",
            "module.aci.module.aci_imported_contract.aci_rest_managed.vzCPIf",
            "module.aci.module.aci_imported_contract.aci_rest_managed.vzRsIf",
            "module.aci.module.aci_l3out.aci_rest_managed.bgpExtP",
            "module.aci.module.aci_l3out.aci_rest_managed.eigrpExtP",
            "module.aci.module.aci_l3out.aci_rest_managed.l3extConsLbl",
            "module.aci.module.aci_l3out.aci_rest_managed.l3extDefaultRouteLeakP",
            "module.aci.module.aci_l3out.aci_rest_managed.l3extInstP_sr_mpls",
            "module.aci.module.aci_l3out.aci_rest_managed.l3extOut",
            "module.aci.module.aci_l3out.aci_rest_managed.l3extProvLbl",
            "module.aci.module.aci_l3out.aci_rest_managed.l3extRsDampeningPol_ipv4",
            "module.aci.module.aci_l3out.aci_rest_managed.l3extRsDampeningPol_ipv6",
            "module.aci.module.aci_l3out.aci_rest_managed.l3extRsEctx",
            "module.aci.module.aci_l3out.aci_rest_managed.l3extRsInterleakPol",
            "module.aci.module.aci_l3out.aci_rest_managed.l3extRsL3DomAtt",
            "module.aci.module.aci_l3out.aci_rest_managed.l3extRsLblToInstP",
            "module.aci.module.aci_l3out.aci_rest_managed.l3extRsLblToProfile_export",
            "module.aci.module.aci_l3out.aci_rest_managed.l3extRsLblToProfile_import",
            "module.aci.module.aci_l3out.aci_rest_managed.l3extRsRedistributePol",
            "module.aci.module.aci_l3out.aci_rest_managed.mplsExtP",
            "module.aci.module.aci_l3out.aci_rest_managed.mplsRsLabelPol",
            "module.aci.module.aci_l3out.aci_rest_managed.ospfExtP",
            "module.aci.module.aci_l3out.aci_rest_managed.pimExtP",
            "module.aci.module.aci_l3out.aci_rest_managed.rtctrlCtxP_export",
            "module.aci.module.aci_l3out.aci_rest_managed.rtctrlCtxP_import",
            "module.aci.module.aci_l3out.aci_rest_managed.rtctrlProfile_export",
            "module.aci.module.aci_l3out.aci_rest_managed.rtctrlProfile_import",
            "module.aci.module.aci_l3out.aci_rest_managed.rtctrlRsCtxPToSubjP_export",
            "module.aci.module.aci_l3out.aci_rest_managed.rtctrlRsCtxPToSubjP_import",
            "module.aci.module.aci_l3out.aci_rest_managed.rtctrlRsScopeToAttrP_export",
            "module.aci.module.aci_l3out.aci_rest_managed.rtctrlRsScopeToAttrP_import",
            "module.aci.module.aci_l3out.aci_rest_managed.rtctrlScope_export",
            "module.aci.module.aci_l3out.aci_rest_managed.rtctrlScope_import",
            "module.aci.module.aci_match_rule.aci_rest_managed.rtctrlMatchCommFactor",
            "module.aci.module.aci_match_rule.aci_rest_managed.rtctrlMatchCommRegexTerm",
            "module.aci.module.aci_match_rule.aci_rest_managed.rtctrlMatchCommTerm",
            "module.aci.module.aci_match_rule.aci_rest_managed.rtctrlMatchRtDest",
            "module.aci.module.aci_match_rule.aci_rest_managed.rtctrlSubjP",
            "module.aci.module.aci_ospf_interface_policy.aci_rest_managed.ospfIfPol",
            "module.aci.module.aci_set_rule.aci_rest_managed.rtctrlAttrP",
            "module.aci.module.aci_set_rule.aci_rest_managed.rtctrlRsSetPolicyTagToInstP",
            "module.aci.module.aci_set_rule.aci_rest_managed.rtctrlSetASPath",
            "module.aci.module.aci_set_rule.aci_rest_managed.rtctrlSetASPathASN",
            "module.aci.module.aci_set_rule.aci_rest_managed.rtctrlSetAddComm",
            "module.aci.module.aci_set_rule.aci_rest_managed.rtctrlSetComm",
            "module.aci.module.aci_set_rule.aci_rest_managed.rtctrlSetDamp",
            "module.aci.module.aci_set_rule.aci_rest_managed.rtctrlSetNh",
            "module.aci.module.aci_set_rule.aci_rest_managed.rtctrlSetNhUnchanged",
            "module.aci.module.aci_set_rule.aci_rest_managed.rtctrlSetPolicyTag",
            "module.aci.module.aci_set_rule.aci_rest_managed.rtctrlSetPref",
            "module.aci.module.aci_set_rule.aci_rest_managed.rtctrlSetRedistMultipath",
            "module.aci.module.aci_set_rule.aci_rest_managed.rtctrlSetRtMetric",
            "module.aci.module.aci_set_rule.aci_rest_managed.rtctrlSetRtMetricType",
            "module.aci.module.aci_set_rule.aci_rest_managed.rtctrlSetTag",
            "module.aci.module.aci_set_rule.aci_rest_managed.rtctrlSetWeight",
            "module.aci.module.aci_tenant.aci_rest_managed.aaaDomainRef",
            "module.aci.module.aci_tenant.aci_rest_managed.fvTenant",
            "module.aci.module.aci_vrf.aci_rest_managed.bgpRtTargetP_ipv4",
            "module.aci.module.aci_vrf.aci_rest_managed.bgpRtTargetP_ipv6",
            "module.aci.module.aci_vrf.aci_rest_managed.bgpRtTarget_ipv4_export",
            "module.aci.module.aci_vrf.aci_rest_managed.bgpRtTarget_ipv4_import",
            "module.aci.module.aci_vrf.aci_rest_managed.bgpRtTarget_ipv6_export",
            "module.aci.module.aci_vrf.aci_rest_managed.bgpRtTarget_ipv6_import",
            "module.aci.module.aci_vrf.aci_rest_managed.dnsLbl",
            "module.aci.module.aci_vrf.aci_rest_managed.fvCtx",
            "module.aci.module.aci_vrf.aci_rest_managed.fvRsBgpCtxPol",
            "module.aci.module.aci_vrf.aci_rest_managed.fvRsCtxToBgpCtxAfPol_ipv4",
            "module.aci.module.aci_vrf.aci_rest_managed.fvRsCtxToBgpCtxAfPol_ipv6",
            "module.aci.module.aci_vrf.aci_rest_managed.fvRsCtxToExtRouteTagPol",
            "module.aci.module.aci_vrf.aci_rest_managed.fvRsCtxToOspfCtxPol_ipv4",
            "module.aci.module.aci_vrf.aci_rest_managed.fvRsCtxToOspfCtxPol_ipv6",
            "module.aci.module.aci_vrf.aci_rest_managed.fvRsOspfCtxPol",
            "module.aci.module.aci_vrf.aci_rest_managed.igmpCtxP",
            "module.aci.module.aci_vrf.aci_rest_managed.igmpSSMXlateP",
            "module.aci.module.aci_vrf.aci_rest_managed.leakExternalPrefix",
            "module.aci.module.aci_vrf.aci_rest_managed.leakInternalSubnet",
            "module.aci.module.aci_vrf.aci_rest_managed.leakRoutes",
            "module.aci.module.aci_vrf.aci_rest_managed.leakTo_external",
            "module.aci.module.aci_vrf.aci_rest_managed.leakTo_internal",
            "module.aci.module.aci_vrf.aci_rest_managed.pimASMPatPol",
            "module.aci.module.aci_vrf.aci_rest_managed.pimAutoRPPol",
            "module.aci.module.aci_vrf.aci_rest_managed.pimBSRFilterPol",
            "module.aci.module.aci_vrf.aci_rest_managed.pimBSRPPol",
            "module.aci.module.aci_vrf.aci_rest_managed.pimCtxP",
            "module.aci.module.aci_vrf.aci_rest_managed.pimFabricRPPol",
            "module.aci.module.aci_vrf.aci_rest_managed.pimInterVRFEntryPol",
            "module.aci.module.aci_vrf.aci_rest_managed.pimInterVRFPol",
            "module.aci.module.aci_vrf.aci_rest_managed.pimMAFilterPol",
            "module.aci.module.aci_vrf.aci_rest_managed.pimRPGrpRangePol_fabric_rp",
            "module.aci.module.aci_vrf.aci_rest_managed.pimRPGrpRangePol_static_rp",
            "module.aci.module.aci_vrf.aci_rest_managed.pimRegTrPol",
            "module.aci.module.aci_vrf.aci_rest_managed.pimResPol",
            "module.aci.module.aci_vrf.aci_rest_managed.pimSGRangeExpPol",
            "module.aci.module.aci_vrf.aci_rest_managed.pimSSMPatPol",
            "module.aci.module.aci_vrf.aci_rest_managed.pimSSMRangePol",
            "module.aci.module.aci_vrf.aci_rest_managed.pimSharedRangePol",
            "module.aci.module.aci_vrf.aci_rest_managed.pimStaticRPEntryPol_fabric_rp",
            "module.aci.module.aci_vrf.aci_rest_managed.pimStaticRPEntryPol_static_rp",
            "module.aci.module.aci_vrf.aci_rest_managed.pimStaticRPPol",
            "module.aci.module.aci_vrf.aci_rest_managed.rtdmcRsFilterToRtMapPol_asm_sg_expiry",
            "module.aci.module.aci_vrf.aci_rest_managed.rtdmcRsFilterToRtMapPol_asm_shared",
            "module.aci.module.aci_vrf.aci_rest_managed.rtdmcRsFilterToRtMapPol_auto_rp",
            "module.aci.module.aci_vrf.aci_rest_managed.rtdmcRsFilterToRtMapPol_bsr",
            "module.aci.module.aci_vrf.aci_rest_managed.rtdmcRsFilterToRtMapPol_fabric_rp",
            "module.aci.module.aci_vrf.aci_rest_managed.rtdmcRsFilterToRtMapPol_pim_inter_vrf",
            "module.aci.module.aci_vrf.aci_rest_managed.rtdmcRsFilterToRtMapPol_ssm_range",
            "module.aci.module.aci_vrf.aci_rest_managed.rtdmcRsFilterToRtMapPol_static_rp",
            "module.aci.module.aci_vrf.aci_rest_managed.vzAny",
            "module.aci.module.aci_vrf.aci_rest_managed.vzRsAnyToCons",
            "module.aci.module.aci_vrf.aci_rest_managed.vzRsAnyToConsIf",
            "module.aci.module.aci_vrf.aci_rest_managed.vzRsAnyToProv"
          ]
        }
      ]
    },
    {
      "module": "module.aci.module.aci_endpoint_group[\"tf-vms-1/vms-1/vlan-3710\"]",
      "mode": "managed",
      "type": "aci_rest_managed",
      "name": "fvAEPg",
      "provider": "provider[\"registry.terraform.io/ciscodevnet/aci\"]",
      "instances": [
        {
          "schema_version": 0,
          "attributes": {
            "annotation": "orchestrator:terraform",
            "child": [],
            "class_name": "fvAEPg",
            "content": {
              "descr": "br0",
              "floodOnEncap": "disabled",
              "fwdCtrl": "",
              "name": "vlan-3710",
              "nameAlias": "",
              "pcEnfPref": "unenforced",
              "prefGrMemb": "exclude",
              "prio": "unspecified"
            },
            "dn": "uni/tn-tf-vms-1/ap-vms-1/epg-vlan-3710",
            "escape_html": true,
            "id": "uni/tn-tf-vms-1/ap-vms-1/epg-vlan-3710"
          },
          "sensitive_attributes": [],
          "dependencies": [
            "module.aci.data.utils_yaml_merge.defaults",
            "module.aci.data.utils_yaml_merge.model",
            "module.aci.data.utils_yaml_merge.modules",
            "module.aci.module.aci_application_profile.aci_rest_managed.fvAp",
            "module.aci.module.aci_bfd_interface_policy.aci_rest_managed.bfdIfPol",
            "module.aci.module.aci_bgp_timer_policy.aci_rest_managed.bgpCtxPol",
            "module.aci.module.aci_bridge_domain.aci_rest_managed.dhcpLbl",
            "module.aci.module.aci_bridge_domain.aci_rest_managed.dhcpRsDhcpOptionPol",
            "module.aci.module.aci_bridge_domain.aci_rest_managed.fvBD",
            "module.aci.module.aci_bridge_domain.aci_rest_managed.fvRsBDToOut",
            "module.aci.module.aci_bridge_domain.aci_rest_managed.fvRsCtx",
            "module.aci.module.aci_bridge_domain.aci_rest_managed.fvRsIgmpsn",
            "module.aci.module.aci_bridge_domain.aci_rest_managed.fvRsNdPfxPol",
            "module.aci.module.aci_bridge_domain.aci_rest_managed.fvSubnet",
            "module.aci.module.aci_bridge_domain.aci_rest_managed.igmpIfP",
            "module.aci.module.aci_bridge_domain.aci_rest_managed.igmpRsIfPol",
            "module.aci.module.aci_bridge_domain.aci_rest_managed.pimBDDestFilterPol",
            "module.aci.module.aci_bridge_domain.aci_rest_managed.pimBDFilterPol",
            "module.aci.module.aci_bridge_domain.aci_rest_managed.pimBDP",
            "module.aci.module.aci_bridge_domain.aci_rest_managed.pimBDSrcFilterPol",
            "module.aci.module.aci_bridge_domain.aci_rest_managed.rtdmcRsFilterToRtMapPol_destination",
            "module.aci.module.aci_bridge_domain.aci_rest_managed.rtdmcRsFilterToRtMapPol_source",
            "module.aci.module.aci_bridge_domain.aci_rest_managed.tagTag",
            "module.aci.module.aci_contract.aci_rest_managed.vzBrCP",
            "module.aci.module.aci_contract.aci_rest_managed.vzRsSubjFiltAtt",
            "module.aci.module.aci_contract.aci_rest_managed.vzRsSubjGraphAtt",
            "module.aci.module.aci_contract.aci_rest_managed.vzSubj",
            "module.aci.module.aci_dhcp_option_policy.aci_rest_managed.dhcpOption",
            "module.aci.module.aci_dhcp_option_policy.aci_rest_managed.dhcpOptionPol",
            "module.aci.module.aci_dhcp_relay_policy.aci_rest_managed.dhcpRelayP",
            "module.aci.module.aci_dhcp_relay_policy.aci_rest_managed.dhcpRsProv",
            "module.aci.module.aci_eigrp_interface_policy.aci_rest_managed.eigrpIfPol",
            "module.aci.module.aci_filter.aci_rest_managed.vzEntry",
            "module.aci.module.aci_filter.aci_rest_managed.vzFilter",
            "module.aci.module.aci_imported_contract.aci_rest_managed.vzCPIf",
            "module.aci.module.aci_imported_contract.aci_rest_managed.vzRsIf",
            "module.aci.module.aci_l3out.aci_rest_managed.bgpExtP",
            "module.aci.module.aci_l3out.aci_rest_managed.eigrpExtP",
            "module.aci.module.aci_l3out.aci_rest_managed.l3extConsLbl",
            "module.aci.module.aci_l3out.aci_rest_managed.l3extDefaultRouteLeakP",
            "module.aci.module.aci_l3out.aci_rest_managed.l3extInstP_sr_mpls",
            "module.aci.module.aci_l3out.aci_rest_managed.l3extOut",
            "module.aci.module.aci_l3out.aci_rest_managed.l3extProvLbl",
            "module.aci.module.aci_l3out.aci_rest_managed.l3extRsDampeningPol_ipv4",
            "module.aci.module.aci_l3out.aci_rest_managed.l3extRsDampeningPol_ipv6",
            "module.aci.module.aci_l3out.aci_rest_managed.l3extRsEctx",
            "module.aci.module.aci_l3out.aci_rest_managed.l3extRsInterleakPol",
            "module.aci.module.aci_l3out.aci_rest_managed.l3extRsL3DomAtt",
            "module.aci.module.aci_l3out.aci_rest_managed.l3extRsLblToInstP",
            "module.aci.module.aci_l3out.aci_rest_managed.l3extRsLblToProfile_export",
            "module.aci.module.aci_l3out.aci_rest_managed.l3extRsLblToProfile_import",
            "module.aci.module.aci_l3out.aci_rest_managed.l3extRsRedistributePol",
            "module.aci.module.aci_l3out.aci_rest_managed.mplsExtP",
            "module.aci.module.aci_l3out.aci_rest_managed.mplsRsLabelPol",
            "module.aci.module.aci_l3out.aci_rest_managed.ospfExtP",
            "module.aci.module.aci_l3out.aci_rest_managed.pimExtP",
            "module.aci.module.aci_l3out.aci_rest_managed.rtctrlCtxP_export",
            "module.aci.module.aci_l3out.aci_rest_managed.rtctrlCtxP_import",
            "module.aci.module.aci_l3out.aci_rest_managed.rtctrlProfile_export",
            "module.aci.module.aci_l3out.aci_rest_managed.rtctrlProfile_import",
            "module.aci.module.aci_l3out.aci_rest_managed.rtctrlRsCtxPToSubjP_export",
            "module.aci.module.aci_l3out.aci_rest_managed.rtctrlRsCtxPToSubjP_import",
            "module.aci.module.aci_l3out.aci_rest_managed.rtctrlRsScopeToAttrP_export",
            "module.aci.module.aci_l3out.aci_rest_managed.rtctrlRsScopeToAttrP_import",
            "module.aci.module.aci_l3out.aci_rest_managed.rtctrlScope_export",
            "module.aci.module.aci_l3out.aci_rest_managed.rtctrlScope_import",
            "module.aci.module.aci_match_rule.aci_rest_managed.rtctrlMatchCommFactor",
            "module.aci.module.aci_match_rule.aci_rest_managed.rtctrlMatchCommRegexTerm",
            "module.aci.module.aci_match_rule.aci_rest_managed.rtctrlMatchCommTerm",
            "module.aci.module.aci_match_rule.aci_rest_managed.rtctrlMatchRtDest",
            "module.aci.module.aci_match_rule.aci_rest_managed.rtctrlSubjP",
            "module.aci.module.aci_ospf_interface_policy.aci_rest_managed.ospfIfPol",
            "module.aci.module.aci_set_rule.aci_rest_managed.rtctrlAttrP",
            "module.aci.module.aci_set_rule.aci_rest_managed.rtctrlRsSetPolicyTagToInstP",
            "module.aci.module.aci_set_rule.aci_rest_managed.rtctrlSetASPath",
            "module.aci.module.aci_set_rule.aci_rest_managed.rtctrlSetASPathASN",
            "module.aci.module.aci_set_rule.aci_rest_managed.rtctrlSetAddComm",
            "module.aci.module.aci_set_rule.aci_rest_managed.rtctrlSetComm",
            "module.aci.module.aci_set_rule.aci_rest_managed.rtctrlSetDamp",
            "module.aci.module.aci_set_rule.aci_rest_managed.rtctrlSetNh",
            "module.aci.module.aci_set_rule.aci_rest_managed.rtctrlSetNhUnchanged",
            "module.aci.module.aci_set_rule.aci_rest_managed.rtctrlSetPolicyTag",
            "module.aci.module.aci_set_rule.aci_rest_managed.rtctrlSetPref",
            "module.aci.module.aci_set_rule.aci_rest_managed.rtctrlSetRedistMultipath",
            "module.aci.module.aci_set_rule.aci_rest_managed.rtctrlSetRtMetric",
            "module.aci.module.aci_set_rule.aci_rest_managed.rtctrlSetRtMetricType",
            "module.aci.module.aci_set_rule.aci_rest_managed.rtctrlSetTag",
            "module.aci.module.aci_set_rule.aci_rest_managed.rtctrlSetWeight",
            "module.aci.module.aci_tenant.aci_rest_managed.aaaDomainRef",
            "module.aci.module.aci_tenant.aci_rest_managed.fvTenant",
            "module.aci.module.aci_vlan_pool.aci_rest_managed.fvnsEncapBlk",
            "module.aci.module.aci_vlan_pool.aci_rest_managed.fvnsVlanInstP",
            "module.aci.module.aci_vmware_vmm_domain.aci_rest_managed.aaaDomainRef",
            "module.aci.module.aci_vmware_vmm_domain.aci_rest_managed.infraRsVlanNs",
            "module.aci.module.aci_vmware_vmm_domain.aci_rest_managed.lacpEnhancedLagPol",
            "module.aci.module.aci_vmware_vmm_domain.aci_rest_managed.vmmCtrlrP",
            "module.aci.module.aci_vmware_vmm_domain.aci_rest_managed.vmmDomP",
            "module.aci.module.aci_vmware_vmm_domain.aci_rest_managed.vmmRsAcc",
            "module.aci.module.aci_vmware_vmm_domain.aci_rest_managed.vmmRsMgmtEPg",
            "module.aci.module.aci_vmware_vmm_domain.aci_rest_managed.vmmRsVswitchOverrideCdpIfPol",
            "module.aci.module.aci_vmware_vmm_domain.aci_rest_managed.vmmRsVswitchOverrideLacpPol",
            "module.aci.module.aci_vmware_vmm_domain.aci_rest_managed.vmmRsVswitchOverrideLldpIfPol",
            "module.aci.module.aci_vmware_vmm_domain.aci_rest_managed.vmmRsVswitchOverrideMtuPol",
            "module.aci.module.aci_vmware_vmm_domain.aci_rest_managed.vmmUplinkP",
            "module.aci.module.aci_vmware_vmm_domain.aci_rest_managed.vmmUplinkPCont",
            "module.aci.module.aci_vmware_vmm_domain.aci_rest_managed.vmmUsrAccP",
            "module.aci.module.aci_vmware_vmm_domain.aci_rest_managed.vmmVSwitchPolicyCont",
            "module.aci.module.aci_vrf.aci_rest_managed.bgpRtTargetP_ipv4",
            "module.aci.module.aci_vrf.aci_rest_managed.bgpRtTargetP_ipv6",
            "module.aci.module.aci_vrf.aci_rest_managed.bgpRtTarget_ipv4_export",
            "module.aci.module.aci_vrf.aci_rest_managed.bgpRtTarget_ipv4_import",
            "module.aci.module.aci_vrf.aci_rest_managed.bgpRtTarget_ipv6_export",
            "module.aci.module.aci_vrf.aci_rest_managed.bgpRtTarget_ipv6_import",
            "module.aci.module.aci_vrf.aci_rest_managed.dnsLbl",
            "module.aci.module.aci_vrf.aci_rest_managed.fvCtx",
            "module.aci.module.aci_vrf.aci_rest_managed.fvRsBgpCtxPol",
            "module.aci.module.aci_vrf.aci_rest_managed.fvRsCtxToBgpCtxAfPol_ipv4",
            "module.aci.module.aci_vrf.aci_rest_managed.fvRsCtxToBgpCtxAfPol_ipv6",
            "module.aci.module.aci_vrf.aci_rest_managed.fvRsCtxToExtRouteTagPol",
            "module.aci.module.aci_vrf.aci_rest_managed.fvRsCtxToOspfCtxPol_ipv4",
            "module.aci.module.aci_vrf.aci_rest_managed.fvRsCtxToOspfCtxPol_ipv6",
            "module.aci.module.aci_vrf.aci_rest_managed.fvRsOspfCtxPol",
            "module.aci.module.aci_vrf.aci_rest_managed.igmpCtxP",
            "module.aci.module.aci_vrf.aci_rest_managed.igmpSSMXlateP",
            "module.aci.module.aci_vrf.aci_rest_managed.leakExternalPrefix",
            "module.aci.module.aci_vrf.aci_rest_managed.leakInternalSubnet",
            "module.aci.module.aci_vrf.aci_rest_managed.leakRoutes",
            "module.aci.module.aci_vrf.aci_rest_managed.leakTo_external",
            "module.aci.module.aci_vrf.aci_rest_managed.leakTo_internal",
            "module.aci.module.aci_vrf.aci_rest_managed.pimASMPatPol",
            "module.aci.module.aci_vrf.aci_rest_managed.pimAutoRPPol",
            "module.aci.module.aci_vrf.aci_rest_managed.pimBSRFilterPol",
            "module.aci.module.aci_vrf.aci_rest_managed.pimBSRPPol",
            "module.aci.module.aci_vrf.aci_rest_managed.pimCtxP",
            "module.aci.module.aci_vrf.aci_rest_managed.pimFabricRPPol",
            "module.aci.module.aci_vrf.aci_rest_managed.pimInterVRFEntryPol",
            "module.aci.module.aci_vrf.aci_rest_managed.pimInterVRFPol",
            "module.aci.module.aci_vrf.aci_rest_managed.pimMAFilterPol",
            "module.aci.module.aci_vrf.aci_rest_managed.pimRPGrpRangePol_fabric_rp",
            "module.aci.module.aci_vrf.aci_rest_managed.pimRPGrpRangePol_static_rp",
            "module.aci.module.aci_vrf.aci_rest_managed.pimRegTrPol",
            "module.aci.module.aci_vrf.aci_rest_managed.pimResPol",
            "module.aci.module.aci_vrf.aci_rest_managed.pimSGRangeExpPol",
            "module.aci.module.aci_vrf.aci_rest_managed.pimSSMPatPol",
            "module.aci.module.aci_vrf.aci_rest_managed.pimSSMRangePol",
            "module.aci.module.aci_vrf.aci_rest_managed.pimSharedRangePol",
            "module.aci.module.aci_vrf.aci_rest_managed.pimStaticRPEntryPol_fabric_rp",
            "module.aci.module.aci_vrf.aci_rest_managed.pimStaticRPEntryPol_static_rp",
            "module.aci.module.aci_vrf.aci_rest_managed.pimStaticRPPol",
            "module.aci.module.aci_vrf.aci_rest_managed.rtdmcRsFilterToRtMapPol_asm_sg_expiry",
            "module.aci.module.aci_vrf.aci_rest_managed.rtdmcRsFilterToRtMapPol_asm_shared",
            "module.aci.module.aci_vrf.aci_rest_managed.rtdmcRsFilterToRtMapPol_auto_rp",
            "module.aci.module.aci_vrf.aci_rest_managed.rtdmcRsFilterToRtMapPol_bsr",
            "module.aci.module.aci_vrf.aci_rest_managed.rtdmcRsFilterToRtMapPol_fabric_rp",
            "module.aci.module.aci_vrf.aci_rest_managed.rtdmcRsFilterToRtMapPol_pim_inter_vrf",
            "module.aci.module.aci_vrf.aci_rest_managed.rtdmcRsFilterToRtMapPol_ssm_range",
            "module.aci.module.aci_vrf.aci_rest_managed.rtdmcRsFilterToRtMapPol_static_rp",
            "module.aci.module.aci_vrf.aci_rest_managed.vzAny",
            "module.aci.module.aci_vrf.aci_rest_managed.vzRsAnyToCons",
            "module.aci.module.aci_vrf.aci_rest_managed.vzRsAnyToConsIf",
            "module.aci.module.aci_vrf.aci_rest_managed.vzRsAnyToProv"
          ]
        }
      ]
    },
    {
      "module": "module.aci.module.aci_endpoint_group[\"tf-vms-1/vms-1/vlan-3710\"]",
      "mode": "managed",
      "type": "aci_rest_managed",
      "name": "fvRsBd",
      "provider": "provider[\"registry.terraform.io/ciscodevnet/aci\"]",
      "instances": [
        {
          "schema_version": 0,
          "attributes": {
            "annotation": "orchestrator:terraform",
            "child": [],
            "class_name": "fvRsBd",
            "content": {
              "tnFvBDName": "10.1.200.0_24"
            },
            "dn": "uni/tn-tf-vms-1/ap-vms-1/epg-vlan-3710/rsbd",
            "escape_html": true,
            "id": "uni/tn-tf-vms-1/ap-vms-1/epg-vlan-3710/rsbd"
          },
          "sensitive_attributes": [],
          "dependencies": [
            "module.aci.data.utils_yaml_merge.defaults",
            "module.aci.data.utils_yaml_merge.model",
            "module.aci.data.utils_yaml_merge.modules",
            "module.aci.module.aci_application_profile.aci_rest_managed.fvAp",
            "module.aci.module.aci_bfd_interface_policy.aci_rest_managed.bfdIfPol",
            "module.aci.module.aci_bgp_timer_policy.aci_rest_managed.bgpCtxPol",
            "module.aci.module.aci_bridge_domain.aci_rest_managed.dhcpLbl",
            "module.aci.module.aci_bridge_domain.aci_rest_managed.dhcpRsDhcpOptionPol",
            "module.aci.module.aci_bridge_domain.aci_rest_managed.fvBD",
            "module.aci.module.aci_bridge_domain.aci_rest_managed.fvRsBDToOut",
            "module.aci.module.aci_bridge_domain.aci_rest_managed.fvRsCtx",
            "module.aci.module.aci_bridge_domain.aci_rest_managed.fvRsIgmpsn",
            "module.aci.module.aci_bridge_domain.aci_rest_managed.fvRsNdPfxPol",
            "module.aci.module.aci_bridge_domain.aci_rest_managed.fvSubnet",
            "module.aci.module.aci_bridge_domain.aci_rest_managed.igmpIfP",
            "module.aci.module.aci_bridge_domain.aci_rest_managed.igmpRsIfPol",
            "module.aci.module.aci_bridge_domain.aci_rest_managed.pimBDDestFilterPol",
            "module.aci.module.aci_bridge_domain.aci_rest_managed.pimBDFilterPol",
            "module.aci.module.aci_bridge_domain.aci_rest_managed.pimBDP",
            "module.aci.module.aci_bridge_domain.aci_rest_managed.pimBDSrcFilterPol",
            "module.aci.module.aci_bridge_domain.aci_rest_managed.rtdmcRsFilterToRtMapPol_destination",
            "module.aci.module.aci_bridge_domain.aci_rest_managed.rtdmcRsFilterToRtMapPol_source",
            "module.aci.module.aci_bridge_domain.aci_rest_managed.tagTag",
            "module.aci.module.aci_contract.aci_rest_managed.vzBrCP",
            "module.aci.module.aci_contract.aci_rest_managed.vzRsSubjFiltAtt",
            "module.aci.module.aci_contract.aci_rest_managed.vzRsSubjGraphAtt",
            "module.aci.module.aci_contract.aci_rest_managed.vzSubj",
            "module.aci.module.aci_dhcp_option_policy.aci_rest_managed.dhcpOption",
            "module.aci.module.aci_dhcp_option_policy.aci_rest_managed.dhcpOptionPol",
            "module.aci.module.aci_dhcp_relay_policy.aci_rest_managed.dhcpRelayP",
            "module.aci.module.aci_dhcp_relay_policy.aci_rest_managed.dhcpRsProv",
            "module.aci.module.aci_eigrp_interface_policy.aci_rest_managed.eigrpIfPol",
            "module.aci.module.aci_endpoint_group.aci_rest_managed.fvAEPg",
            "module.aci.module.aci_filter.aci_rest_managed.vzEntry",
            "module.aci.module.aci_filter.aci_rest_managed.vzFilter",
            "module.aci.module.aci_imported_contract.aci_rest_managed.vzCPIf",
            "module.aci.module.aci_imported_contract.aci_rest_managed.vzRsIf",
            "module.aci.module.aci_l3out.aci_rest_managed.bgpExtP",
            "module.aci.module.aci_l3out.aci_rest_managed.eigrpExtP",
            "module.aci.module.aci_l3out.aci_rest_managed.l3extConsLbl",
            "module.aci.module.aci_l3out.aci_rest_managed.l3extDefaultRouteLeakP",
            "module.aci.module.aci_l3out.aci_rest_managed.l3extInstP_sr_mpls",
            "module.aci.module.aci_l3out.aci_rest_managed.l3extOut",
            "module.aci.module.aci_l3out.aci_rest_managed.l3extProvLbl",
            "module.aci.module.aci_l3out.aci_rest_managed.l3extRsDampeningPol_ipv4",
            "module.aci.module.aci_l3out.aci_rest_managed.l3extRsDampeningPol_ipv6",
            "module.aci.module.aci_l3out.aci_rest_managed.l3extRsEctx",
            "module.aci.module.aci_l3out.aci_rest_managed.l3extRsInterleakPol",
            "module.aci.module.aci_l3out.aci_rest_managed.l3extRsL3DomAtt",
            "module.aci.module.aci_l3out.aci_rest_managed.l3extRsLblToInstP",
            "module.aci.module.aci_l3out.aci_rest_managed.l3extRsLblToProfile_export",
            "module.aci.module.aci_l3out.aci_rest_managed.l3extRsLblToProfile_import",
            "module.aci.module.aci_l3out.aci_rest_managed.l3extRsRedistributePol",
            "module.aci.module.aci_l3out.aci_rest_managed.mplsExtP",
            "module.aci.module.aci_l3out.aci_rest_managed.mplsRsLabelPol",
            "module.aci.module.aci_l3out.aci_rest_managed.ospfExtP",
            "module.aci.module.aci_l3out.aci_rest_managed.pimExtP",
            "module.aci.module.aci_l3out.aci_rest_managed.rtctrlCtxP_export",
            "module.aci.module.aci_l3out.aci_rest_managed.rtctrlCtxP_import",
            "module.aci.module.aci_l3out.aci_rest_managed.rtctrlProfile_export",
            "module.aci.module.aci_l3out.aci_rest_managed.rtctrlProfile_import",
            "module.aci.module.aci_l3out.aci_rest_managed.rtctrlRsCtxPToSubjP_export",
            "module.aci.module.aci_l3out.aci_rest_managed.rtctrlRsCtxPToSubjP_import",
            "module.aci.module.aci_l3out.aci_rest_managed.rtctrlRsScopeToAttrP_export",
            "module.aci.module.aci_l3out.aci_rest_managed.rtctrlRsScopeToAttrP_import",
            "module.aci.module.aci_l3out.aci_rest_managed.rtctrlScope_export",
            "module.aci.module.aci_l3out.aci_rest_managed.rtctrlScope_import",
            "module.aci.module.aci_match_rule.aci_rest_managed.rtctrlMatchCommFactor",
            "module.aci.module.aci_match_rule.aci_rest_managed.rtctrlMatchCommRegexTerm",
            "module.aci.module.aci_match_rule.aci_rest_managed.rtctrlMatchCommTerm",
            "module.aci.module.aci_match_rule.aci_rest_managed.rtctrlMatchRtDest",
            "module.aci.module.aci_match_rule.aci_rest_managed.rtctrlSubjP",
            "module.aci.module.aci_ospf_interface_policy.aci_rest_managed.ospfIfPol",
            "module.aci.module.aci_set_rule.aci_rest_managed.rtctrlAttrP",
            "module.aci.module.aci_set_rule.aci_rest_managed.rtctrlRsSetPolicyTagToInstP",
            "module.aci.module.aci_set_rule.aci_rest_managed.rtctrlSetASPath",
            "module.aci.module.aci_set_rule.aci_rest_managed.rtctrlSetASPathASN",
            "module.aci.module.aci_set_rule.aci_rest_managed.rtctrlSetAddComm",
            "module.aci.module.aci_set_rule.aci_rest_managed.rtctrlSetComm",
            "module.aci.module.aci_set_rule.aci_rest_managed.rtctrlSetDamp",
            "module.aci.module.aci_set_rule.aci_rest_managed.rtctrlSetNh",
            "module.aci.module.aci_set_rule.aci_rest_managed.rtctrlSetNhUnchanged",
            "module.aci.module.aci_set_rule.aci_rest_managed.rtctrlSetPolicyTag",
            "module.aci.module.aci_set_rule.aci_rest_managed.rtctrlSetPref",
            "module.aci.module.aci_set_rule.aci_rest_managed.rtctrlSetRedistMultipath",
            "module.aci.module.aci_set_rule.aci_rest_managed.rtctrlSetRtMetric",
            "module.aci.module.aci_set_rule.aci_rest_managed.rtctrlSetRtMetricType",
            "module.aci.module.aci_set_rule.aci_rest_managed.rtctrlSetTag",
            "module.aci.module.aci_set_rule.aci_rest_managed.rtctrlSetWeight",
            "module.aci.module.aci_tenant.aci_rest_managed.aaaDomainRef",
            "module.aci.module.aci_tenant.aci_rest_managed.fvTenant",
            "module.aci.module.aci_vlan_pool.aci_rest_managed.fvnsEncapBlk",
            "module.aci.module.aci_vlan_pool.aci_rest_managed.fvnsVlanInstP",
            "module.aci.module.aci_vmware_vmm_domain.aci_rest_managed.aaaDomainRef",
            "module.aci.module.aci_vmware_vmm_domain.aci_rest_managed.infraRsVlanNs",
            "module.aci.module.aci_vmware_vmm_domain.aci_rest_managed.lacpEnhancedLagPol",
            "module.aci.module.aci_vmware_vmm_domain.aci_rest_managed.vmmCtrlrP",
            "module.aci.module.aci_vmware_vmm_domain.aci_rest_managed.vmmDomP",
            "module.aci.module.aci_vmware_vmm_domain.aci_rest_managed.vmmRsAcc",
            "module.aci.module.aci_vmware_vmm_domain.aci_rest_managed.vmmRsMgmtEPg",
            "module.aci.module.aci_vmware_vmm_domain.aci_rest_managed.vmmRsVswitchOverrideCdpIfPol",
            "module.aci.module.aci_vmware_vmm_domain.aci_rest_managed.vmmRsVswitchOverrideLacpPol",
            "module.aci.module.aci_vmware_vmm_domain.aci_rest_managed.vmmRsVswitchOverrideLldpIfPol",
            "module.aci.module.aci_vmware_vmm_domain.aci_rest_managed.vmmRsVswitchOverrideMtuPol",
            "module.aci.module.aci_vmware_vmm_domain.aci_rest_managed.vmmUplinkP",
            "module.aci.module.aci_vmware_vmm_domain.aci_rest_managed.vmmUplinkPCont",
            "module.aci.module.aci_vmware_vmm_domain.aci_rest_managed.vmmUsrAccP",
            "module.aci.module.aci_vmware_vmm_domain.aci_rest_managed.vmmVSwitchPolicyCont",
            "module.aci.module.aci_vrf.aci_rest_managed.bgpRtTargetP_ipv4",
            "module.aci.module.aci_vrf.aci_rest_managed.bgpRtTargetP_ipv6",
            "module.aci.module.aci_vrf.aci_rest_managed.bgpRtTarget_ipv4_export",
            "module.aci.module.aci_vrf.aci_rest_managed.bgpRtTarget_ipv4_import",
            "module.aci.module.aci_vrf.aci_rest_managed.bgpRtTarget_ipv6_export",
            "module.aci.module.aci_vrf.aci_rest_managed.bgpRtTarget_ipv6_import",
            "module.aci.module.aci_vrf.aci_rest_managed.dnsLbl",
            "module.aci.module.aci_vrf.aci_rest_managed.fvCtx",
            "module.aci.module.aci_vrf.aci_rest_managed.fvRsBgpCtxPol",
            "module.aci.module.aci_vrf.aci_rest_managed.fvRsCtxToBgpCtxAfPol_ipv4",
            "module.aci.module.aci_vrf.aci_rest_managed.fvRsCtxToBgpCtxAfPol_ipv6",
            "module.aci.module.aci_vrf.aci_rest_managed.fvRsCtxToExtRouteTagPol",
            "module.aci.module.aci_vrf.aci_rest_managed.fvRsCtxToOspfCtxPol_ipv4",
            "module.aci.module.aci_vrf.aci_rest_managed.fvRsCtxToOspfCtxPol_ipv6",
            "module.aci.module.aci_vrf.aci_rest_managed.fvRsOspfCtxPol",
            "module.aci.module.aci_vrf.aci_rest_managed.igmpCtxP",
            "module.aci.module.aci_vrf.aci_rest_managed.igmpSSMXlateP",
            "module.aci.module.aci_vrf.aci_rest_managed.leakExternalPrefix",
            "module.aci.module.aci_vrf.aci_rest_managed.leakInternalSubnet",
            "module.aci.module.aci_vrf.aci_rest_managed.leakRoutes",
            "module.aci.module.aci_vrf.aci_rest_managed.leakTo_external",
            "module.aci.module.aci_vrf.aci_rest_managed.leakTo_internal",
            "module.aci.module.aci_vrf.aci_rest_managed.pimASMPatPol",
            "module.aci.module.aci_vrf.aci_rest_managed.pimAutoRPPol",
            "module.aci.module.aci_vrf.aci_rest_managed.pimBSRFilterPol",
            "module.aci.module.aci_vrf.aci_rest_managed.pimBSRPPol",
            "module.aci.module.aci_vrf.aci_rest_managed.pimCtxP",
            "module.aci.module.aci_vrf.aci_rest_managed.pimFabricRPPol",
            "module.aci.module.aci_vrf.aci_rest_managed.pimInterVRFEntryPol",
            "module.aci.module.aci_vrf.aci_rest_managed.pimInterVRFPol",
            "module.aci.module.aci_vrf.aci_rest_managed.pimMAFilterPol",
            "module.aci.module.aci_vrf.aci_rest_managed.pimRPGrpRangePol_fabric_rp",
            "module.aci.module.aci_vrf.aci_rest_managed.pimRPGrpRangePol_static_rp",
            "module.aci.module.aci_vrf.aci_rest_managed.pimRegTrPol",
            "module.aci.module.aci_vrf.aci_rest_managed.pimResPol",
            "module.aci.module.aci_vrf.aci_rest_managed.pimSGRangeExpPol",
            "module.aci.module.aci_vrf.aci_rest_managed.pimSSMPatPol",
            "module.aci.module.aci_vrf.aci_rest_managed.pimSSMRangePol",
            "module.aci.module.aci_vrf.aci_rest_managed.pimSharedRangePol",
            "module.aci.module.aci_vrf.aci_rest_managed.pimStaticRPEntryPol_fabric_rp",
            "module.aci.module.aci_vrf.aci_rest_managed.pimStaticRPEntryPol_static_rp",
            "module.aci.module.aci_vrf.aci_rest_managed.pimStaticRPPol",
            "module.aci.module.aci_vrf.aci_rest_managed.rtdmcRsFilterToRtMapPol_asm_sg_expiry",
            "module.aci.module.aci_vrf.aci_rest_managed.rtdmcRsFilterToRtMapPol_asm_shared",
            "module.aci.module.aci_vrf.aci_rest_managed.rtdmcRsFilterToRtMapPol_auto_rp",
            "module.aci.module.aci_vrf.aci_rest_managed.rtdmcRsFilterToRtMapPol_bsr",
            "module.aci.module.aci_vrf.aci_rest_managed.rtdmcRsFilterToRtMapPol_fabric_rp",
            "module.aci.module.aci_vrf.aci_rest_managed.rtdmcRsFilterToRtMapPol_pim_inter_vrf",
            "module.aci.module.aci_vrf.aci_rest_managed.rtdmcRsFilterToRtMapPol_ssm_range",
            "module.aci.module.aci_vrf.aci_rest_managed.rtdmcRsFilterToRtMapPol_static_rp",
            "module.aci.module.aci_vrf.aci_rest_managed.vzAny",
            "module.aci.module.aci_vrf.aci_rest_managed.vzRsAnyToCons",
            "module.aci.module.aci_vrf.aci_rest_managed.vzRsAnyToConsIf",
            "module.aci.module.aci_vrf.aci_rest_managed.vzRsAnyToProv"
          ]
        }
      ]
    },
    {
      "module": "module.aci.module.aci_endpoint_group[\"tf-vms-1/vms-1/vlan-3710\"]",
      "mode": "managed",
      "type": "aci_rest_managed",
      "name": "fvRsDomAtt",
      "provider": "provider[\"registry.terraform.io/ciscodevnet/aci\"]",
      "instances": [
        {
          "index_key": "ocp_sr_iov-secondary",
          "schema_version": 0,
          "attributes": {
            "annotation": "orchestrator:terraform",
            "child": [],
            "class_name": "fvRsDomAtt",
            "content": {
              "tDn": "uni/phys-ocp_sr_iov-secondary"
            },
            "dn": "uni/tn-tf-vms-1/ap-vms-1/epg-vlan-3710/rsdomAtt-[uni/phys-ocp_sr_iov-secondary]",
            "escape_html": true,
            "id": "uni/tn-tf-vms-1/ap-vms-1/epg-vlan-3710/rsdomAtt-[uni/phys-ocp_sr_iov-secondary]"
          },
          "sensitive_attributes": [],
          "dependencies": [
            "module.aci.data.utils_yaml_merge.defaults",
            "module.aci.data.utils_yaml_merge.model",
            "module.aci.data.utils_yaml_merge.modules",
            "module.aci.module.aci_application_profile.aci_rest_managed.fvAp",
            "module.aci.module.aci_bfd_interface_policy.aci_rest_managed.bfdIfPol",
            "module.aci.module.aci_bgp_timer_policy.aci_rest_managed.bgpCtxPol",
            "module.aci.module.aci_bridge_domain.aci_rest_managed.dhcpLbl",
            "module.aci.module.aci_bridge_domain.aci_rest_managed.dhcpRsDhcpOptionPol",
            "module.aci.module.aci_bridge_domain.aci_rest_managed.fvBD",
            "module.aci.module.aci_bridge_domain.aci_rest_managed.fvRsBDToOut",
            "module.aci.module.aci_bridge_domain.aci_rest_managed.fvRsCtx",
            "module.aci.module.aci_bridge_domain.aci_rest_managed.fvRsIgmpsn",
            "module.aci.module.aci_bridge_domain.aci_rest_managed.fvRsNdPfxPol",
            "module.aci.module.aci_bridge_domain.aci_rest_managed.fvSubnet",
            "module.aci.module.aci_bridge_domain.aci_rest_managed.igmpIfP",
            "module.aci.module.aci_bridge_domain.aci_rest_managed.igmpRsIfPol",
            "module.aci.module.aci_bridge_domain.aci_rest_managed.pimBDDestFilterPol",
            "module.aci.module.aci_bridge_domain.aci_rest_managed.pimBDFilterPol",
            "module.aci.module.aci_bridge_domain.aci_rest_managed.pimBDP",
            "module.aci.module.aci_bridge_domain.aci_rest_managed.pimBDSrcFilterPol",
            "module.aci.module.aci_bridge_domain.aci_rest_managed.rtdmcRsFilterToRtMapPol_destination",
            "module.aci.module.aci_bridge_domain.aci_rest_managed.rtdmcRsFilterToRtMapPol_source",
            "module.aci.module.aci_bridge_domain.aci_rest_managed.tagTag",
            "module.aci.module.aci_contract.aci_rest_managed.vzBrCP",
            "module.aci.module.aci_contract.aci_rest_managed.vzRsSubjFiltAtt",
            "module.aci.module.aci_contract.aci_rest_managed.vzRsSubjGraphAtt",
            "module.aci.module.aci_contract.aci_rest_managed.vzSubj",
            "module.aci.module.aci_dhcp_option_policy.aci_rest_managed.dhcpOption",
            "module.aci.module.aci_dhcp_option_policy.aci_rest_managed.dhcpOptionPol",
            "module.aci.module.aci_dhcp_relay_policy.aci_rest_managed.dhcpRelayP",
            "module.aci.module.aci_dhcp_relay_policy.aci_rest_managed.dhcpRsProv",
            "module.aci.module.aci_eigrp_interface_policy.aci_rest_managed.eigrpIfPol",
            "module.aci.module.aci_endpoint_group.aci_rest_managed.fvAEPg",
            "module.aci.module.aci_filter.aci_rest_managed.vzEntry",
            "module.aci.module.aci_filter.aci_rest_managed.vzFilter",
            "module.aci.module.aci_imported_contract.aci_rest_managed.vzCPIf",
            "module.aci.module.aci_imported_contract.aci_rest_managed.vzRsIf",
            "module.aci.module.aci_l3out.aci_rest_managed.bgpExtP",
            "module.aci.module.aci_l3out.aci_rest_managed.eigrpExtP",
            "module.aci.module.aci_l3out.aci_rest_managed.l3extConsLbl",
            "module.aci.module.aci_l3out.aci_rest_managed.l3extDefaultRouteLeakP",
            "module.aci.module.aci_l3out.aci_rest_managed.l3extInstP_sr_mpls",
            "module.aci.module.aci_l3out.aci_rest_managed.l3extOut",
            "module.aci.module.aci_l3out.aci_rest_managed.l3extProvLbl",
            "module.aci.module.aci_l3out.aci_rest_managed.l3extRsDampeningPol_ipv4",
            "module.aci.module.aci_l3out.aci_rest_managed.l3extRsDampeningPol_ipv6",
            "module.aci.module.aci_l3out.aci_rest_managed.l3extRsEctx",
            "module.aci.module.aci_l3out.aci_rest_managed.l3extRsInterleakPol",
            "module.aci.module.aci_l3out.aci_rest_managed.l3extRsL3DomAtt",
            "module.aci.module.aci_l3out.aci_rest_managed.l3extRsLblToInstP",
            "module.aci.module.aci_l3out.aci_rest_managed.l3extRsLblToProfile_export",
            "module.aci.module.aci_l3out.aci_rest_managed.l3extRsLblToProfile_import",
            "module.aci.module.aci_l3out.aci_rest_managed.l3extRsRedistributePol",
            "module.aci.module.aci_l3out.aci_rest_managed.mplsExtP",
            "module.aci.module.aci_l3out.aci_rest_managed.mplsRsLabelPol",
            "module.aci.module.aci_l3out.aci_rest_managed.ospfExtP",
            "module.aci.module.aci_l3out.aci_rest_managed.pimExtP",
            "module.aci.module.aci_l3out.aci_rest_managed.rtctrlCtxP_export",
            "module.aci.module.aci_l3out.aci_rest_managed.rtctrlCtxP_import",
            "module.aci.module.aci_l3out.aci_rest_managed.rtctrlProfile_export",
            "module.aci.module.aci_l3out.aci_rest_managed.rtctrlProfile_import",
            "module.aci.module.aci_l3out.aci_rest_managed.rtctrlRsCtxPToSubjP_export",
            "module.aci.module.aci_l3out.aci_rest_managed.rtctrlRsCtxPToSubjP_import",
            "module.aci.module.aci_l3out.aci_rest_managed.rtctrlRsScopeToAttrP_export",
            "module.aci.module.aci_l3out.aci_rest_managed.rtctrlRsScopeToAttrP_import",
            "module.aci.module.aci_l3out.aci_rest_managed.rtctrlScope_export",
            "module.aci.module.aci_l3out.aci_rest_managed.rtctrlScope_import",
            "module.aci.module.aci_match_rule.aci_rest_managed.rtctrlMatchCommFactor",
            "module.aci.module.aci_match_rule.aci_rest_managed.rtctrlMatchCommRegexTerm",
            "module.aci.module.aci_match_rule.aci_rest_managed.rtctrlMatchCommTerm",
            "module.aci.module.aci_match_rule.aci_rest_managed.rtctrlMatchRtDest",
            "module.aci.module.aci_match_rule.aci_rest_managed.rtctrlSubjP",
            "module.aci.module.aci_ospf_interface_policy.aci_rest_managed.ospfIfPol",
            "module.aci.module.aci_set_rule.aci_rest_managed.rtctrlAttrP",
            "module.aci.module.aci_set_rule.aci_rest_managed.rtctrlRsSetPolicyTagToInstP",
            "module.aci.module.aci_set_rule.aci_rest_managed.rtctrlSetASPath",
            "module.aci.module.aci_set_rule.aci_rest_managed.rtctrlSetASPathASN",
            "module.aci.module.aci_set_rule.aci_rest_managed.rtctrlSetAddComm",
            "module.aci.module.aci_set_rule.aci_rest_managed.rtctrlSetComm",
            "module.aci.module.aci_set_rule.aci_rest_managed.rtctrlSetDamp",
            "module.aci.module.aci_set_rule.aci_rest_managed.rtctrlSetNh",
            "module.aci.module.aci_set_rule.aci_rest_managed.rtctrlSetNhUnchanged",
            "module.aci.module.aci_set_rule.aci_rest_managed.rtctrlSetPolicyTag",
            "module.aci.module.aci_set_rule.aci_rest_managed.rtctrlSetPref",
            "module.aci.module.aci_set_rule.aci_rest_managed.rtctrlSetRedistMultipath",
            "module.aci.module.aci_set_rule.aci_rest_managed.rtctrlSetRtMetric",
            "module.aci.module.aci_set_rule.aci_rest_managed.rtctrlSetRtMetricType",
            "module.aci.module.aci_set_rule.aci_rest_managed.rtctrlSetTag",
            "module.aci.module.aci_set_rule.aci_rest_managed.rtctrlSetWeight",
            "module.aci.module.aci_tenant.aci_rest_managed.aaaDomainRef",
            "module.aci.module.aci_tenant.aci_rest_managed.fvTenant",
            "module.aci.module.aci_vlan_pool.aci_rest_managed.fvnsEncapBlk",
            "module.aci.module.aci_vlan_pool.aci_rest_managed.fvnsVlanInstP",
            "module.aci.module.aci_vmware_vmm_domain.aci_rest_managed.aaaDomainRef",
            "module.aci.module.aci_vmware_vmm_domain.aci_rest_managed.infraRsVlanNs",
            "module.aci.module.aci_vmware_vmm_domain.aci_rest_managed.lacpEnhancedLagPol",
            "module.aci.module.aci_vmware_vmm_domain.aci_rest_managed.vmmCtrlrP",
            "module.aci.module.aci_vmware_vmm_domain.aci_rest_managed.vmmDomP",
            "module.aci.module.aci_vmware_vmm_domain.aci_rest_managed.vmmRsAcc",
            "module.aci.module.aci_vmware_vmm_domain.aci_rest_managed.vmmRsMgmtEPg",
            "module.aci.module.aci_vmware_vmm_domain.aci_rest_managed.vmmRsVswitchOverrideCdpIfPol",
            "module.aci.module.aci_vmware_vmm_domain.aci_rest_managed.vmmRsVswitchOverrideLacpPol",
            "module.aci.module.aci_vmware_vmm_domain.aci_rest_managed.vmmRsVswitchOverrideLldpIfPol",
            "module.aci.module.aci_vmware_vmm_domain.aci_rest_managed.vmmRsVswitchOverrideMtuPol",
            "module.aci.module.aci_vmware_vmm_domain.aci_rest_managed.vmmUplinkP",
            "module.aci.module.aci_vmware_vmm_domain.aci_rest_managed.vmmUplinkPCont",
            "module.aci.module.aci_vmware_vmm_domain.aci_rest_managed.vmmUsrAccP",
            "module.aci.module.aci_vmware_vmm_domain.aci_rest_managed.vmmVSwitchPolicyCont",
            "module.aci.module.aci_vrf.aci_rest_managed.bgpRtTargetP_ipv4",
            "module.aci.module.aci_vrf.aci_rest_managed.bgpRtTargetP_ipv6",
            "module.aci.module.aci_vrf.aci_rest_managed.bgpRtTarget_ipv4_export",
            "module.aci.module.aci_vrf.aci_rest_managed.bgpRtTarget_ipv4_import",
            "module.aci.module.aci_vrf.aci_rest_managed.bgpRtTarget_ipv6_export",
            "module.aci.module.aci_vrf.aci_rest_managed.bgpRtTarget_ipv6_import",
            "module.aci.module.aci_vrf.aci_rest_managed.dnsLbl",
            "module.aci.module.aci_vrf.aci_rest_managed.fvCtx",
            "module.aci.module.aci_vrf.aci_rest_managed.fvRsBgpCtxPol",
            "module.aci.module.aci_vrf.aci_rest_managed.fvRsCtxToBgpCtxAfPol_ipv4",
            "module.aci.module.aci_vrf.aci_rest_managed.fvRsCtxToBgpCtxAfPol_ipv6",
            "module.aci.module.aci_vrf.aci_rest_managed.fvRsCtxToExtRouteTagPol",
            "module.aci.module.aci_vrf.aci_rest_managed.fvRsCtxToOspfCtxPol_ipv4",
            "module.aci.module.aci_vrf.aci_rest_managed.fvRsCtxToOspfCtxPol_ipv6",
            "module.aci.module.aci_vrf.aci_rest_managed.fvRsOspfCtxPol",
            "module.aci.module.aci_vrf.aci_rest_managed.igmpCtxP",
            "module.aci.module.aci_vrf.aci_rest_managed.igmpSSMXlateP",
            "module.aci.module.aci_vrf.aci_rest_managed.leakExternalPrefix",
            "module.aci.module.aci_vrf.aci_rest_managed.leakInternalSubnet",
            "module.aci.module.aci_vrf.aci_rest_managed.leakRoutes",
            "module.aci.module.aci_vrf.aci_rest_managed.leakTo_external",
            "module.aci.module.aci_vrf.aci_rest_managed.leakTo_internal",
            "module.aci.module.aci_vrf.aci_rest_managed.pimASMPatPol",
            "module.aci.module.aci_vrf.aci_rest_managed.pimAutoRPPol",
            "module.aci.module.aci_vrf.aci_rest_managed.pimBSRFilterPol",
            "module.aci.module.aci_vrf.aci_rest_managed.pimBSRPPol",
            "module.aci.module.aci_vrf.aci_rest_managed.pimCtxP",
            "module.aci.module.aci_vrf.aci_rest_managed.pimFabricRPPol",
            "module.aci.module.aci_vrf.aci_rest_managed.pimInterVRFEntryPol",
            "module.aci.module.aci_vrf.aci_rest_managed.pimInterVRFPol",
            "module.aci.module.aci_vrf.aci_rest_managed.pimMAFilterPol",
            "module.aci.module.aci_vrf.aci_rest_managed.pimRPGrpRangePol_fabric_rp",
            "module.aci.module.aci_vrf.aci_rest_managed.pimRPGrpRangePol_static_rp",
            "module.aci.module.aci_vrf.aci_rest_managed.pimRegTrPol",
            "module.aci.module.aci_vrf.aci_rest_managed.pimResPol",
            "module.aci.module.aci_vrf.aci_rest_managed.pimSGRangeExpPol",
            "module.aci.module.aci_vrf.aci_rest_managed.pimSSMPatPol",
            "module.aci.module.aci_vrf.aci_rest_managed.pimSSMRangePol",
            "module.aci.module.aci_vrf.aci_rest_managed.pimSharedRangePol",
            "module.aci.module.aci_vrf.aci_rest_managed.pimStaticRPEntryPol_fabric_rp",
            "module.aci.module.aci_vrf.aci_rest_managed.pimStaticRPEntryPol_static_rp",
            "module.aci.module.aci_vrf.aci_rest_managed.pimStaticRPPol",
            "module.aci.module.aci_vrf.aci_rest_managed.rtdmcRsFilterToRtMapPol_asm_sg_expiry",
            "module.aci.module.aci_vrf.aci_rest_managed.rtdmcRsFilterToRtMapPol_asm_shared",
            "module.aci.module.aci_vrf.aci_rest_managed.rtdmcRsFilterToRtMapPol_auto_rp",
            "module.aci.module.aci_vrf.aci_rest_managed.rtdmcRsFilterToRtMapPol_bsr",
            "module.aci.module.aci_vrf.aci_rest_managed.rtdmcRsFilterToRtMapPol_fabric_rp",
            "module.aci.module.aci_vrf.aci_rest_managed.rtdmcRsFilterToRtMapPol_pim_inter_vrf",
            "module.aci.module.aci_vrf.aci_rest_managed.rtdmcRsFilterToRtMapPol_ssm_range",
            "module.aci.module.aci_vrf.aci_rest_managed.rtdmcRsFilterToRtMapPol_static_rp",
            "module.aci.module.aci_vrf.aci_rest_managed.vzAny",
            "module.aci.module.aci_vrf.aci_rest_managed.vzRsAnyToCons",
            "module.aci.module.aci_vrf.aci_rest_managed.vzRsAnyToConsIf",
            "module.aci.module.aci_vrf.aci_rest_managed.vzRsAnyToProv"
          ]
        }
      ]
    },
    {
      "module": "module.aci.module.aci_endpoint_group[\"tf-vms-1/vms-1/vlan-3711\"]",
      "mode": "managed",
      "type": "aci_rest_managed",
      "name": "fvAEPg",
      "provider": "provider[\"registry.terraform.io/ciscodevnet/aci\"]",
      "instances": [
        {
          "schema_version": 0,
          "attributes": {
            "annotation": "orchestrator:terraform",
            "child": [],
            "class_name": "fvAEPg",
            "content": {
              "descr": "br0",
              "floodOnEncap": "disabled",
              "fwdCtrl": "",
              "name": "vlan-3711",
              "nameAlias": "",
              "pcEnfPref": "unenforced",
              "prefGrMemb": "exclude",
              "prio": "unspecified"
            },
            "dn": "uni/tn-tf-vms-1/ap-vms-1/epg-vlan-3711",
            "escape_html": true,
            "id": "uni/tn-tf-vms-1/ap-vms-1/epg-vlan-3711"
          },
          "sensitive_attributes": [],
          "dependencies": [
            "module.aci.data.utils_yaml_merge.defaults",
            "module.aci.data.utils_yaml_merge.model",
            "module.aci.data.utils_yaml_merge.modules",
            "module.aci.module.aci_application_profile.aci_rest_managed.fvAp",
            "module.aci.module.aci_bfd_interface_policy.aci_rest_managed.bfdIfPol",
            "module.aci.module.aci_bgp_timer_policy.aci_rest_managed.bgpCtxPol",
            "module.aci.module.aci_bridge_domain.aci_rest_managed.dhcpLbl",
            "module.aci.module.aci_bridge_domain.aci_rest_managed.dhcpRsDhcpOptionPol",
            "module.aci.module.aci_bridge_domain.aci_rest_managed.fvBD",
            "module.aci.module.aci_bridge_domain.aci_rest_managed.fvRsBDToOut",
            "module.aci.module.aci_bridge_domain.aci_rest_managed.fvRsCtx",
            "module.aci.module.aci_bridge_domain.aci_rest_managed.fvRsIgmpsn",
            "module.aci.module.aci_bridge_domain.aci_rest_managed.fvRsNdPfxPol",
            "module.aci.module.aci_bridge_domain.aci_rest_managed.fvSubnet",
            "module.aci.module.aci_bridge_domain.aci_rest_managed.igmpIfP",
            "module.aci.module.aci_bridge_domain.aci_rest_managed.igmpRsIfPol",
            "module.aci.module.aci_bridge_domain.aci_rest_managed.pimBDDestFilterPol",
            "module.aci.module.aci_bridge_domain.aci_rest_managed.pimBDFilterPol",
            "module.aci.module.aci_bridge_domain.aci_rest_managed.pimBDP",
            "module.aci.module.aci_bridge_domain.aci_rest_managed.pimBDSrcFilterPol",
            "module.aci.module.aci_bridge_domain.aci_rest_managed.rtdmcRsFilterToRtMapPol_destination",
            "module.aci.module.aci_bridge_domain.aci_rest_managed.rtdmcRsFilterToRtMapPol_source",
            "module.aci.module.aci_bridge_domain.aci_rest_managed.tagTag",
            "module.aci.module.aci_contract.aci_rest_managed.vzBrCP",
            "module.aci.module.aci_contract.aci_rest_managed.vzRsSubjFiltAtt",
            "module.aci.module.aci_contract.aci_rest_managed.vzRsSubjGraphAtt",
            "module.aci.module.aci_contract.aci_rest_managed.vzSubj",
            "module.aci.module.aci_dhcp_option_policy.aci_rest_managed.dhcpOption",
            "module.aci.module.aci_dhcp_option_policy.aci_rest_managed.dhcpOptionPol",
            "module.aci.module.aci_dhcp_relay_policy.aci_rest_managed.dhcpRelayP",
            "module.aci.module.aci_dhcp_relay_policy.aci_rest_managed.dhcpRsProv",
            "module.aci.module.aci_eigrp_interface_policy.aci_rest_managed.eigrpIfPol",
            "module.aci.module.aci_filter.aci_rest_managed.vzEntry",
            "module.aci.module.aci_filter.aci_rest_managed.vzFilter",
            "module.aci.module.aci_imported_contract.aci_rest_managed.vzCPIf",
            "module.aci.module.aci_imported_contract.aci_rest_managed.vzRsIf",
            "module.aci.module.aci_l3out.aci_rest_managed.bgpExtP",
            "module.aci.module.aci_l3out.aci_rest_managed.eigrpExtP",
            "module.aci.module.aci_l3out.aci_rest_managed.l3extConsLbl",
            "module.aci.module.aci_l3out.aci_rest_managed.l3extDefaultRouteLeakP",
            "module.aci.module.aci_l3out.aci_rest_managed.l3extInstP_sr_mpls",
            "module.aci.module.aci_l3out.aci_rest_managed.l3extOut",
            "module.aci.module.aci_l3out.aci_rest_managed.l3extProvLbl",
            "module.aci.module.aci_l3out.aci_rest_managed.l3extRsDampeningPol_ipv4",
            "module.aci.module.aci_l3out.aci_rest_managed.l3extRsDampeningPol_ipv6",
            "module.aci.module.aci_l3out.aci_rest_managed.l3extRsEctx",
            "module.aci.module.aci_l3out.aci_rest_managed.l3extRsInterleakPol",
            "module.aci.module.aci_l3out.aci_rest_managed.l3extRsL3DomAtt",
            "module.aci.module.aci_l3out.aci_rest_managed.l3extRsLblToInstP",
            "module.aci.module.aci_l3out.aci_rest_managed.l3extRsLblToProfile_export",
            "module.aci.module.aci_l3out.aci_rest_managed.l3extRsLblToProfile_import",
            "module.aci.module.aci_l3out.aci_rest_managed.l3extRsRedistributePol",
            "module.aci.module.aci_l3out.aci_rest_managed.mplsExtP",
            "module.aci.module.aci_l3out.aci_rest_managed.mplsRsLabelPol",
            "module.aci.module.aci_l3out.aci_rest_managed.ospfExtP",
            "module.aci.module.aci_l3out.aci_rest_managed.pimExtP",
            "module.aci.module.aci_l3out.aci_rest_managed.rtctrlCtxP_export",
            "module.aci.module.aci_l3out.aci_rest_managed.rtctrlCtxP_import",
            "module.aci.module.aci_l3out.aci_rest_managed.rtctrlProfile_export",
            "module.aci.module.aci_l3out.aci_rest_managed.rtctrlProfile_import",
            "module.aci.module.aci_l3out.aci_rest_managed.rtctrlRsCtxPToSubjP_export",
            "module.aci.module.aci_l3out.aci_rest_managed.rtctrlRsCtxPToSubjP_import",
            "module.aci.module.aci_l3out.aci_rest_managed.rtctrlRsScopeToAttrP_export",
            "module.aci.module.aci_l3out.aci_rest_managed.rtctrlRsScopeToAttrP_import",
            "module.aci.module.aci_l3out.aci_rest_managed.rtctrlScope_export",
            "module.aci.module.aci_l3out.aci_rest_managed.rtctrlScope_import",
            "module.aci.module.aci_match_rule.aci_rest_managed.rtctrlMatchCommFactor",
            "module.aci.module.aci_match_rule.aci_rest_managed.rtctrlMatchCommRegexTerm",
            "module.aci.module.aci_match_rule.aci_rest_managed.rtctrlMatchCommTerm",
            "module.aci.module.aci_match_rule.aci_rest_managed.rtctrlMatchRtDest",
            "module.aci.module.aci_match_rule.aci_rest_managed.rtctrlSubjP",
            "module.aci.module.aci_ospf_interface_policy.aci_rest_managed.ospfIfPol",
            "module.aci.module.aci_set_rule.aci_rest_managed.rtctrlAttrP",
            "module.aci.module.aci_set_rule.aci_rest_managed.rtctrlRsSetPolicyTagToInstP",
            "module.aci.module.aci_set_rule.aci_rest_managed.rtctrlSetASPath",
            "module.aci.module.aci_set_rule.aci_rest_managed.rtctrlSetASPathASN",
            "module.aci.module.aci_set_rule.aci_rest_managed.rtctrlSetAddComm",
            "module.aci.module.aci_set_rule.aci_rest_managed.rtctrlSetComm",
            "module.aci.module.aci_set_rule.aci_rest_managed.rtctrlSetDamp",
            "module.aci.module.aci_set_rule.aci_rest_managed.rtctrlSetNh",
            "module.aci.module.aci_set_rule.aci_rest_managed.rtctrlSetNhUnchanged",
            "module.aci.module.aci_set_rule.aci_rest_managed.rtctrlSetPolicyTag",
            "module.aci.module.aci_set_rule.aci_rest_managed.rtctrlSetPref",
            "module.aci.module.aci_set_rule.aci_rest_managed.rtctrlSetRedistMultipath",
            "module.aci.module.aci_set_rule.aci_rest_managed.rtctrlSetRtMetric",
            "module.aci.module.aci_set_rule.aci_rest_managed.rtctrlSetRtMetricType",
            "module.aci.module.aci_set_rule.aci_rest_managed.rtctrlSetTag",
            "module.aci.module.aci_set_rule.aci_rest_managed.rtctrlSetWeight",
            "module.aci.module.aci_tenant.aci_rest_managed.aaaDomainRef",
            "module.aci.module.aci_tenant.aci_rest_managed.fvTenant",
            "module.aci.module.aci_vlan_pool.aci_rest_managed.fvnsEncapBlk",
            "module.aci.module.aci_vlan_pool.aci_rest_managed.fvnsVlanInstP",
            "module.aci.module.aci_vmware_vmm_domain.aci_rest_managed.aaaDomainRef",
            "module.aci.module.aci_vmware_vmm_domain.aci_rest_managed.infraRsVlanNs",
            "module.aci.module.aci_vmware_vmm_domain.aci_rest_managed.lacpEnhancedLagPol",
            "module.aci.module.aci_vmware_vmm_domain.aci_rest_managed.vmmCtrlrP",
            "module.aci.module.aci_vmware_vmm_domain.aci_rest_managed.vmmDomP",
            "module.aci.module.aci_vmware_vmm_domain.aci_rest_managed.vmmRsAcc",
            "module.aci.module.aci_vmware_vmm_domain.aci_rest_managed.vmmRsMgmtEPg",
            "module.aci.module.aci_vmware_vmm_domain.aci_rest_managed.vmmRsVswitchOverrideCdpIfPol",
            "module.aci.module.aci_vmware_vmm_domain.aci_rest_managed.vmmRsVswitchOverrideLacpPol",
            "module.aci.module.aci_vmware_vmm_domain.aci_rest_managed.vmmRsVswitchOverrideLldpIfPol",
            "module.aci.module.aci_vmware_vmm_domain.aci_rest_managed.vmmRsVswitchOverrideMtuPol",
            "module.aci.module.aci_vmware_vmm_domain.aci_rest_managed.vmmUplinkP",
            "module.aci.module.aci_vmware_vmm_domain.aci_rest_managed.vmmUplinkPCont",
            "module.aci.module.aci_vmware_vmm_domain.aci_rest_managed.vmmUsrAccP",
            "module.aci.module.aci_vmware_vmm_domain.aci_rest_managed.vmmVSwitchPolicyCont",
            "module.aci.module.aci_vrf.aci_rest_managed.bgpRtTargetP_ipv4",
            "module.aci.module.aci_vrf.aci_rest_managed.bgpRtTargetP_ipv6",
            "module.aci.module.aci_vrf.aci_rest_managed.bgpRtTarget_ipv4_export",
            "module.aci.module.aci_vrf.aci_rest_managed.bgpRtTarget_ipv4_import",
            "module.aci.module.aci_vrf.aci_rest_managed.bgpRtTarget_ipv6_export",
            "module.aci.module.aci_vrf.aci_rest_managed.bgpRtTarget_ipv6_import",
            "module.aci.module.aci_vrf.aci_rest_managed.dnsLbl",
            "module.aci.module.aci_vrf.aci_rest_managed.fvCtx",
            "module.aci.module.aci_vrf.aci_rest_managed.fvRsBgpCtxPol",
            "module.aci.module.aci_vrf.aci_rest_managed.fvRsCtxToBgpCtxAfPol_ipv4",
            "module.aci.module.aci_vrf.aci_rest_managed.fvRsCtxToBgpCtxAfPol_ipv6",
            "module.aci.module.aci_vrf.aci_rest_managed.fvRsCtxToExtRouteTagPol",
            "module.aci.module.aci_vrf.aci_rest_managed.fvRsCtxToOspfCtxPol_ipv4",
            "module.aci.module.aci_vrf.aci_rest_managed.fvRsCtxToOspfCtxPol_ipv6",
            "module.aci.module.aci_vrf.aci_rest_managed.fvRsOspfCtxPol",
            "module.aci.module.aci_vrf.aci_rest_managed.igmpCtxP",
            "module.aci.module.aci_vrf.aci_rest_managed.igmpSSMXlateP",
            "module.aci.module.aci_vrf.aci_rest_managed.leakExternalPrefix",
            "module.aci.module.aci_vrf.aci_rest_managed.leakInternalSubnet",
            "module.aci.module.aci_vrf.aci_rest_managed.leakRoutes",
            "module.aci.module.aci_vrf.aci_rest_managed.leakTo_external",
            "module.aci.module.aci_vrf.aci_rest_managed.leakTo_internal",
            "module.aci.module.aci_vrf.aci_rest_managed.pimASMPatPol",
            "module.aci.module.aci_vrf.aci_rest_managed.pimAutoRPPol",
            "module.aci.module.aci_vrf.aci_rest_managed.pimBSRFilterPol",
            "module.aci.module.aci_vrf.aci_rest_managed.pimBSRPPol",
            "module.aci.module.aci_vrf.aci_rest_managed.pimCtxP",
            "module.aci.module.aci_vrf.aci_rest_managed.pimFabricRPPol",
            "module.aci.module.aci_vrf.aci_rest_managed.pimInterVRFEntryPol",
            "module.aci.module.aci_vrf.aci_rest_managed.pimInterVRFPol",
            "module.aci.module.aci_vrf.aci_rest_managed.pimMAFilterPol",
            "module.aci.module.aci_vrf.aci_rest_managed.pimRPGrpRangePol_fabric_rp",
            "module.aci.module.aci_vrf.aci_rest_managed.pimRPGrpRangePol_static_rp",
            "module.aci.module.aci_vrf.aci_rest_managed.pimRegTrPol",
            "module.aci.module.aci_vrf.aci_rest_managed.pimResPol",
            "module.aci.module.aci_vrf.aci_rest_managed.pimSGRangeExpPol",
            "module.aci.module.aci_vrf.aci_rest_managed.pimSSMPatPol",
            "module.aci.module.aci_vrf.aci_rest_managed.pimSSMRangePol",
            "module.aci.module.aci_vrf.aci_rest_managed.pimSharedRangePol",
            "module.aci.module.aci_vrf.aci_rest_managed.pimStaticRPEntryPol_fabric_rp",
            "module.aci.module.aci_vrf.aci_rest_managed.pimStaticRPEntryPol_static_rp",
            "module.aci.module.aci_vrf.aci_rest_managed.pimStaticRPPol",
            "module.aci.module.aci_vrf.aci_rest_managed.rtdmcRsFilterToRtMapPol_asm_sg_expiry",
            "module.aci.module.aci_vrf.aci_rest_managed.rtdmcRsFilterToRtMapPol_asm_shared",
            "module.aci.module.aci_vrf.aci_rest_managed.rtdmcRsFilterToRtMapPol_auto_rp",
            "module.aci.module.aci_vrf.aci_rest_managed.rtdmcRsFilterToRtMapPol_bsr",
            "module.aci.module.aci_vrf.aci_rest_managed.rtdmcRsFilterToRtMapPol_fabric_rp",
            "module.aci.module.aci_vrf.aci_rest_managed.rtdmcRsFilterToRtMapPol_pim_inter_vrf",
            "module.aci.module.aci_vrf.aci_rest_managed.rtdmcRsFilterToRtMapPol_ssm_range",
            "module.aci.module.aci_vrf.aci_rest_managed.rtdmcRsFilterToRtMapPol_static_rp",
            "module.aci.module.aci_vrf.aci_rest_managed.vzAny",
            "module.aci.module.aci_vrf.aci_rest_managed.vzRsAnyToCons",
            "module.aci.module.aci_vrf.aci_rest_managed.vzRsAnyToConsIf",
            "module.aci.module.aci_vrf.aci_rest_managed.vzRsAnyToProv"
          ]
        }
      ]
    },
    {
      "module": "module.aci.module.aci_endpoint_group[\"tf-vms-1/vms-1/vlan-3711\"]",
      "mode": "managed",
      "type": "aci_rest_managed",
      "name": "fvRsBd",
      "provider": "provider[\"registry.terraform.io/ciscodevnet/aci\"]",
      "instances": [
        {
          "schema_version": 0,
          "attributes": {
            "annotation": "orchestrator:terraform",
            "child": [],
            "class_name": "fvRsBd",
            "content": {
              "tnFvBDName": "10.1.201.0_24"
            },
            "dn": "uni/tn-tf-vms-1/ap-vms-1/epg-vlan-3711/rsbd",
            "escape_html": true,
            "id": "uni/tn-tf-vms-1/ap-vms-1/epg-vlan-3711/rsbd"
          },
          "sensitive_attributes": [],
          "dependencies": [
            "module.aci.data.utils_yaml_merge.defaults",
            "module.aci.data.utils_yaml_merge.model",
            "module.aci.data.utils_yaml_merge.modules",
            "module.aci.module.aci_application_profile.aci_rest_managed.fvAp",
            "module.aci.module.aci_bfd_interface_policy.aci_rest_managed.bfdIfPol",
            "module.aci.module.aci_bgp_timer_policy.aci_rest_managed.bgpCtxPol",
            "module.aci.module.aci_bridge_domain.aci_rest_managed.dhcpLbl",
            "module.aci.module.aci_bridge_domain.aci_rest_managed.dhcpRsDhcpOptionPol",
            "module.aci.module.aci_bridge_domain.aci_rest_managed.fvBD",
            "module.aci.module.aci_bridge_domain.aci_rest_managed.fvRsBDToOut",
            "module.aci.module.aci_bridge_domain.aci_rest_managed.fvRsCtx",
            "module.aci.module.aci_bridge_domain.aci_rest_managed.fvRsIgmpsn",
            "module.aci.module.aci_bridge_domain.aci_rest_managed.fvRsNdPfxPol",
            "module.aci.module.aci_bridge_domain.aci_rest_managed.fvSubnet",
            "module.aci.module.aci_bridge_domain.aci_rest_managed.igmpIfP",
            "module.aci.module.aci_bridge_domain.aci_rest_managed.igmpRsIfPol",
            "module.aci.module.aci_bridge_domain.aci_rest_managed.pimBDDestFilterPol",
            "module.aci.module.aci_bridge_domain.aci_rest_managed.pimBDFilterPol",
            "module.aci.module.aci_bridge_domain.aci_rest_managed.pimBDP",
            "module.aci.module.aci_bridge_domain.aci_rest_managed.pimBDSrcFilterPol",
            "module.aci.module.aci_bridge_domain.aci_rest_managed.rtdmcRsFilterToRtMapPol_destination",
            "module.aci.module.aci_bridge_domain.aci_rest_managed.rtdmcRsFilterToRtMapPol_source",
            "module.aci.module.aci_bridge_domain.aci_rest_managed.tagTag",
            "module.aci.module.aci_contract.aci_rest_managed.vzBrCP",
            "module.aci.module.aci_contract.aci_rest_managed.vzRsSubjFiltAtt",
            "module.aci.module.aci_contract.aci_rest_managed.vzRsSubjGraphAtt",
            "module.aci.module.aci_contract.aci_rest_managed.vzSubj",
            "module.aci.module.aci_dhcp_option_policy.aci_rest_managed.dhcpOption",
            "module.aci.module.aci_dhcp_option_policy.aci_rest_managed.dhcpOptionPol",
            "module.aci.module.aci_dhcp_relay_policy.aci_rest_managed.dhcpRelayP",
            "module.aci.module.aci_dhcp_relay_policy.aci_rest_managed.dhcpRsProv",
            "module.aci.module.aci_eigrp_interface_policy.aci_rest_managed.eigrpIfPol",
            "module.aci.module.aci_endpoint_group.aci_rest_managed.fvAEPg",
            "module.aci.module.aci_filter.aci_rest_managed.vzEntry",
            "module.aci.module.aci_filter.aci_rest_managed.vzFilter",
            "module.aci.module.aci_imported_contract.aci_rest_managed.vzCPIf",
            "module.aci.module.aci_imported_contract.aci_rest_managed.vzRsIf",
            "module.aci.module.aci_l3out.aci_rest_managed.bgpExtP",
            "module.aci.module.aci_l3out.aci_rest_managed.eigrpExtP",
            "module.aci.module.aci_l3out.aci_rest_managed.l3extConsLbl",
            "module.aci.module.aci_l3out.aci_rest_managed.l3extDefaultRouteLeakP",
            "module.aci.module.aci_l3out.aci_rest_managed.l3extInstP_sr_mpls",
            "module.aci.module.aci_l3out.aci_rest_managed.l3extOut",
            "module.aci.module.aci_l3out.aci_rest_managed.l3extProvLbl",
            "module.aci.module.aci_l3out.aci_rest_managed.l3extRsDampeningPol_ipv4",
            "module.aci.module.aci_l3out.aci_rest_managed.l3extRsDampeningPol_ipv6",
            "module.aci.module.aci_l3out.aci_rest_managed.l3extRsEctx",
            "module.aci.module.aci_l3out.aci_rest_managed.l3extRsInterleakPol",
            "module.aci.module.aci_l3out.aci_rest_managed.l3extRsL3DomAtt",
            "module.aci.module.aci_l3out.aci_rest_managed.l3extRsLblToInstP",
            "module.aci.module.aci_l3out.aci_rest_managed.l3extRsLblToProfile_export",
            "module.aci.module.aci_l3out.aci_rest_managed.l3extRsLblToProfile_import",
            "module.aci.module.aci_l3out.aci_rest_managed.l3extRsRedistributePol",
            "module.aci.module.aci_l3out.aci_rest_managed.mplsExtP",
            "module.aci.module.aci_l3out.aci_rest_managed.mplsRsLabelPol",
            "module.aci.module.aci_l3out.aci_rest_managed.ospfExtP",
            "module.aci.module.aci_l3out.aci_rest_managed.pimExtP",
            "module.aci.module.aci_l3out.aci_rest_managed.rtctrlCtxP_export",
            "module.aci.module.aci_l3out.aci_rest_managed.rtctrlCtxP_import",
            "module.aci.module.aci_l3out.aci_rest_managed.rtctrlProfile_export",
            "module.aci.module.aci_l3out.aci_rest_managed.rtctrlProfile_import",
            "module.aci.module.aci_l3out.aci_rest_managed.rtctrlRsCtxPToSubjP_export",
            "module.aci.module.aci_l3out.aci_rest_managed.rtctrlRsCtxPToSubjP_import",
            "module.aci.module.aci_l3out.aci_rest_managed.rtctrlRsScopeToAttrP_export",
            "module.aci.module.aci_l3out.aci_rest_managed.rtctrlRsScopeToAttrP_import",
            "module.aci.module.aci_l3out.aci_rest_managed.rtctrlScope_export",
            "module.aci.module.aci_l3out.aci_rest_managed.rtctrlScope_import",
            "module.aci.module.aci_match_rule.aci_rest_managed.rtctrlMatchCommFactor",
            "module.aci.module.aci_match_rule.aci_rest_managed.rtctrlMatchCommRegexTerm",
            "module.aci.module.aci_match_rule.aci_rest_managed.rtctrlMatchCommTerm",
            "module.aci.module.aci_match_rule.aci_rest_managed.rtctrlMatchRtDest",
            "module.aci.module.aci_match_rule.aci_rest_managed.rtctrlSubjP",
            "module.aci.module.aci_ospf_interface_policy.aci_rest_managed.ospfIfPol",
            "module.aci.module.aci_set_rule.aci_rest_managed.rtctrlAttrP",
            "module.aci.module.aci_set_rule.aci_rest_managed.rtctrlRsSetPolicyTagToInstP",
            "module.aci.module.aci_set_rule.aci_rest_managed.rtctrlSetASPath",
            "module.aci.module.aci_set_rule.aci_rest_managed.rtctrlSetASPathASN",
            "module.aci.module.aci_set_rule.aci_rest_managed.rtctrlSetAddComm",
            "module.aci.module.aci_set_rule.aci_rest_managed.rtctrlSetComm",
            "module.aci.module.aci_set_rule.aci_rest_managed.rtctrlSetDamp",
            "module.aci.module.aci_set_rule.aci_rest_managed.rtctrlSetNh",
            "module.aci.module.aci_set_rule.aci_rest_managed.rtctrlSetNhUnchanged",
            "module.aci.module.aci_set_rule.aci_rest_managed.rtctrlSetPolicyTag",
            "module.aci.module.aci_set_rule.aci_rest_managed.rtctrlSetPref",
            "module.aci.module.aci_set_rule.aci_rest_managed.rtctrlSetRedistMultipath",
            "module.aci.module.aci_set_rule.aci_rest_managed.rtctrlSetRtMetric",
            "module.aci.module.aci_set_rule.aci_rest_managed.rtctrlSetRtMetricType",
            "module.aci.module.aci_set_rule.aci_rest_managed.rtctrlSetTag",
            "module.aci.module.aci_set_rule.aci_rest_managed.rtctrlSetWeight",
            "module.aci.module.aci_tenant.aci_rest_managed.aaaDomainRef",
            "module.aci.module.aci_tenant.aci_rest_managed.fvTenant",
            "module.aci.module.aci_vlan_pool.aci_rest_managed.fvnsEncapBlk",
            "module.aci.module.aci_vlan_pool.aci_rest_managed.fvnsVlanInstP",
            "module.aci.module.aci_vmware_vmm_domain.aci_rest_managed.aaaDomainRef",
            "module.aci.module.aci_vmware_vmm_domain.aci_rest_managed.infraRsVlanNs",
            "module.aci.module.aci_vmware_vmm_domain.aci_rest_managed.lacpEnhancedLagPol",
            "module.aci.module.aci_vmware_vmm_domain.aci_rest_managed.vmmCtrlrP",
            "module.aci.module.aci_vmware_vmm_domain.aci_rest_managed.vmmDomP",
            "module.aci.module.aci_vmware_vmm_domain.aci_rest_managed.vmmRsAcc",
            "module.aci.module.aci_vmware_vmm_domain.aci_rest_managed.vmmRsMgmtEPg",
            "module.aci.module.aci_vmware_vmm_domain.aci_rest_managed.vmmRsVswitchOverrideCdpIfPol",
            "module.aci.module.aci_vmware_vmm_domain.aci_rest_managed.vmmRsVswitchOverrideLacpPol",
            "module.aci.module.aci_vmware_vmm_domain.aci_rest_managed.vmmRsVswitchOverrideLldpIfPol",
            "module.aci.module.aci_vmware_vmm_domain.aci_rest_managed.vmmRsVswitchOverrideMtuPol",
            "module.aci.module.aci_vmware_vmm_domain.aci_rest_managed.vmmUplinkP",
            "module.aci.module.aci_vmware_vmm_domain.aci_rest_managed.vmmUplinkPCont",
            "module.aci.module.aci_vmware_vmm_domain.aci_rest_managed.vmmUsrAccP",
            "module.aci.module.aci_vmware_vmm_domain.aci_rest_managed.vmmVSwitchPolicyCont",
            "module.aci.module.aci_vrf.aci_rest_managed.bgpRtTargetP_ipv4",
            "module.aci.module.aci_vrf.aci_rest_managed.bgpRtTargetP_ipv6",
            "module.aci.module.aci_vrf.aci_rest_managed.bgpRtTarget_ipv4_export",
            "module.aci.module.aci_vrf.aci_rest_managed.bgpRtTarget_ipv4_import",
            "module.aci.module.aci_vrf.aci_rest_managed.bgpRtTarget_ipv6_export",
            "module.aci.module.aci_vrf.aci_rest_managed.bgpRtTarget_ipv6_import",
            "module.aci.module.aci_vrf.aci_rest_managed.dnsLbl",
            "module.aci.module.aci_vrf.aci_rest_managed.fvCtx",
            "module.aci.module.aci_vrf.aci_rest_managed.fvRsBgpCtxPol",
            "module.aci.module.aci_vrf.aci_rest_managed.fvRsCtxToBgpCtxAfPol_ipv4",
            "module.aci.module.aci_vrf.aci_rest_managed.fvRsCtxToBgpCtxAfPol_ipv6",
            "module.aci.module.aci_vrf.aci_rest_managed.fvRsCtxToExtRouteTagPol",
            "module.aci.module.aci_vrf.aci_rest_managed.fvRsCtxToOspfCtxPol_ipv4",
            "module.aci.module.aci_vrf.aci_rest_managed.fvRsCtxToOspfCtxPol_ipv6",
            "module.aci.module.aci_vrf.aci_rest_managed.fvRsOspfCtxPol",
            "module.aci.module.aci_vrf.aci_rest_managed.igmpCtxP",
            "module.aci.module.aci_vrf.aci_rest_managed.igmpSSMXlateP",
            "module.aci.module.aci_vrf.aci_rest_managed.leakExternalPrefix",
            "module.aci.module.aci_vrf.aci_rest_managed.leakInternalSubnet",
            "module.aci.module.aci_vrf.aci_rest_managed.leakRoutes",
            "module.aci.module.aci_vrf.aci_rest_managed.leakTo_external",
            "module.aci.module.aci_vrf.aci_rest_managed.leakTo_internal",
            "module.aci.module.aci_vrf.aci_rest_managed.pimASMPatPol",
            "module.aci.module.aci_vrf.aci_rest_managed.pimAutoRPPol",
            "module.aci.module.aci_vrf.aci_rest_managed.pimBSRFilterPol",
            "module.aci.module.aci_vrf.aci_rest_managed.pimBSRPPol",
            "module.aci.module.aci_vrf.aci_rest_managed.pimCtxP",
            "module.aci.module.aci_vrf.aci_rest_managed.pimFabricRPPol",
            "module.aci.module.aci_vrf.aci_rest_managed.pimInterVRFEntryPol",
            "module.aci.module.aci_vrf.aci_rest_managed.pimInterVRFPol",
            "module.aci.module.aci_vrf.aci_rest_managed.pimMAFilterPol",
            "module.aci.module.aci_vrf.aci_rest_managed.pimRPGrpRangePol_fabric_rp",
            "module.aci.module.aci_vrf.aci_rest_managed.pimRPGrpRangePol_static_rp",
            "module.aci.module.aci_vrf.aci_rest_managed.pimRegTrPol",
            "module.aci.module.aci_vrf.aci_rest_managed.pimResPol",
            "module.aci.module.aci_vrf.aci_rest_managed.pimSGRangeExpPol",
            "module.aci.module.aci_vrf.aci_rest_managed.pimSSMPatPol",
            "module.aci.module.aci_vrf.aci_rest_managed.pimSSMRangePol",
            "module.aci.module.aci_vrf.aci_rest_managed.pimSharedRangePol",
            "module.aci.module.aci_vrf.aci_rest_managed.pimStaticRPEntryPol_fabric_rp",
            "module.aci.module.aci_vrf.aci_rest_managed.pimStaticRPEntryPol_static_rp",
            "module.aci.module.aci_vrf.aci_rest_managed.pimStaticRPPol",
            "module.aci.module.aci_vrf.aci_rest_managed.rtdmcRsFilterToRtMapPol_asm_sg_expiry",
            "module.aci.module.aci_vrf.aci_rest_managed.rtdmcRsFilterToRtMapPol_asm_shared",
            "module.aci.module.aci_vrf.aci_rest_managed.rtdmcRsFilterToRtMapPol_auto_rp",
            "module.aci.module.aci_vrf.aci_rest_managed.rtdmcRsFilterToRtMapPol_bsr",
            "module.aci.module.aci_vrf.aci_rest_managed.rtdmcRsFilterToRtMapPol_fabric_rp",
            "module.aci.module.aci_vrf.aci_rest_managed.rtdmcRsFilterToRtMapPol_pim_inter_vrf",
            "module.aci.module.aci_vrf.aci_rest_managed.rtdmcRsFilterToRtMapPol_ssm_range",
            "module.aci.module.aci_vrf.aci_rest_managed.rtdmcRsFilterToRtMapPol_static_rp",
            "module.aci.module.aci_vrf.aci_rest_managed.vzAny",
            "module.aci.module.aci_vrf.aci_rest_managed.vzRsAnyToCons",
            "module.aci.module.aci_vrf.aci_rest_managed.vzRsAnyToConsIf",
            "module.aci.module.aci_vrf.aci_rest_managed.vzRsAnyToProv"
          ]
        }
      ]
    },
    {
      "module": "module.aci.module.aci_endpoint_group[\"tf-vms-1/vms-1/vlan-3711\"]",
      "mode": "managed",
      "type": "aci_rest_managed",
      "name": "fvRsDomAtt",
      "provider": "provider[\"registry.terraform.io/ciscodevnet/aci\"]",
      "instances": [
        {
          "index_key": "ocp_sr_iov-secondary",
          "schema_version": 0,
          "attributes": {
            "annotation": "orchestrator:terraform",
            "child": [],
            "class_name": "fvRsDomAtt",
            "content": {
              "tDn": "uni/phys-ocp_sr_iov-secondary"
            },
            "dn": "uni/tn-tf-vms-1/ap-vms-1/epg-vlan-3711/rsdomAtt-[uni/phys-ocp_sr_iov-secondary]",
            "escape_html": true,
            "id": "uni/tn-tf-vms-1/ap-vms-1/epg-vlan-3711/rsdomAtt-[uni/phys-ocp_sr_iov-secondary]"
          },
          "sensitive_attributes": [],
          "dependencies": [
            "module.aci.data.utils_yaml_merge.defaults",
            "module.aci.data.utils_yaml_merge.model",
            "module.aci.data.utils_yaml_merge.modules",
            "module.aci.module.aci_application_profile.aci_rest_managed.fvAp",
            "module.aci.module.aci_bfd_interface_policy.aci_rest_managed.bfdIfPol",
            "module.aci.module.aci_bgp_timer_policy.aci_rest_managed.bgpCtxPol",
            "module.aci.module.aci_bridge_domain.aci_rest_managed.dhcpLbl",
            "module.aci.module.aci_bridge_domain.aci_rest_managed.dhcpRsDhcpOptionPol",
            "module.aci.module.aci_bridge_domain.aci_rest_managed.fvBD",
            "module.aci.module.aci_bridge_domain.aci_rest_managed.fvRsBDToOut",
            "module.aci.module.aci_bridge_domain.aci_rest_managed.fvRsCtx",
            "module.aci.module.aci_bridge_domain.aci_rest_managed.fvRsIgmpsn",
            "module.aci.module.aci_bridge_domain.aci_rest_managed.fvRsNdPfxPol",
            "module.aci.module.aci_bridge_domain.aci_rest_managed.fvSubnet",
            "module.aci.module.aci_bridge_domain.aci_rest_managed.igmpIfP",
            "module.aci.module.aci_bridge_domain.aci_rest_managed.igmpRsIfPol",
            "module.aci.module.aci_bridge_domain.aci_rest_managed.pimBDDestFilterPol",
            "module.aci.module.aci_bridge_domain.aci_rest_managed.pimBDFilterPol",
            "module.aci.module.aci_bridge_domain.aci_rest_managed.pimBDP",
            "module.aci.module.aci_bridge_domain.aci_rest_managed.pimBDSrcFilterPol",
            "module.aci.module.aci_bridge_domain.aci_rest_managed.rtdmcRsFilterToRtMapPol_destination",
            "module.aci.module.aci_bridge_domain.aci_rest_managed.rtdmcRsFilterToRtMapPol_source",
            "module.aci.module.aci_bridge_domain.aci_rest_managed.tagTag",
            "module.aci.module.aci_contract.aci_rest_managed.vzBrCP",
            "module.aci.module.aci_contract.aci_rest_managed.vzRsSubjFiltAtt",
            "module.aci.module.aci_contract.aci_rest_managed.vzRsSubjGraphAtt",
            "module.aci.module.aci_contract.aci_rest_managed.vzSubj",
            "module.aci.module.aci_dhcp_option_policy.aci_rest_managed.dhcpOption",
            "module.aci.module.aci_dhcp_option_policy.aci_rest_managed.dhcpOptionPol",
            "module.aci.module.aci_dhcp_relay_policy.aci_rest_managed.dhcpRelayP",
            "module.aci.module.aci_dhcp_relay_policy.aci_rest_managed.dhcpRsProv",
            "module.aci.module.aci_eigrp_interface_policy.aci_rest_managed.eigrpIfPol",
            "module.aci.module.aci_endpoint_group.aci_rest_managed.fvAEPg",
            "module.aci.module.aci_filter.aci_rest_managed.vzEntry",
            "module.aci.module.aci_filter.aci_rest_managed.vzFilter",
            "module.aci.module.aci_imported_contract.aci_rest_managed.vzCPIf",
            "module.aci.module.aci_imported_contract.aci_rest_managed.vzRsIf",
            "module.aci.module.aci_l3out.aci_rest_managed.bgpExtP",
            "module.aci.module.aci_l3out.aci_rest_managed.eigrpExtP",
            "module.aci.module.aci_l3out.aci_rest_managed.l3extConsLbl",
            "module.aci.module.aci_l3out.aci_rest_managed.l3extDefaultRouteLeakP",
            "module.aci.module.aci_l3out.aci_rest_managed.l3extInstP_sr_mpls",
            "module.aci.module.aci_l3out.aci_rest_managed.l3extOut",
            "module.aci.module.aci_l3out.aci_rest_managed.l3extProvLbl",
            "module.aci.module.aci_l3out.aci_rest_managed.l3extRsDampeningPol_ipv4",
            "module.aci.module.aci_l3out.aci_rest_managed.l3extRsDampeningPol_ipv6",
            "module.aci.module.aci_l3out.aci_rest_managed.l3extRsEctx",
            "module.aci.module.aci_l3out.aci_rest_managed.l3extRsInterleakPol",
            "module.aci.module.aci_l3out.aci_rest_managed.l3extRsL3DomAtt",
            "module.aci.module.aci_l3out.aci_rest_managed.l3extRsLblToInstP",
            "module.aci.module.aci_l3out.aci_rest_managed.l3extRsLblToProfile_export",
            "module.aci.module.aci_l3out.aci_rest_managed.l3extRsLblToProfile_import",
            "module.aci.module.aci_l3out.aci_rest_managed.l3extRsRedistributePol",
            "module.aci.module.aci_l3out.aci_rest_managed.mplsExtP",
            "module.aci.module.aci_l3out.aci_rest_managed.mplsRsLabelPol",
            "module.aci.module.aci_l3out.aci_rest_managed.ospfExtP",
            "module.aci.module.aci_l3out.aci_rest_managed.pimExtP",
            "module.aci.module.aci_l3out.aci_rest_managed.rtctrlCtxP_export",
            "module.aci.module.aci_l3out.aci_rest_managed.rtctrlCtxP_import",
            "module.aci.module.aci_l3out.aci_rest_managed.rtctrlProfile_export",
            "module.aci.module.aci_l3out.aci_rest_managed.rtctrlProfile_import",
            "module.aci.module.aci_l3out.aci_rest_managed.rtctrlRsCtxPToSubjP_export",
            "module.aci.module.aci_l3out.aci_rest_managed.rtctrlRsCtxPToSubjP_import",
            "module.aci.module.aci_l3out.aci_rest_managed.rtctrlRsScopeToAttrP_export",
            "module.aci.module.aci_l3out.aci_rest_managed.rtctrlRsScopeToAttrP_import",
            "module.aci.module.aci_l3out.aci_rest_managed.rtctrlScope_export",
            "module.aci.module.aci_l3out.aci_rest_managed.rtctrlScope_import",
            "module.aci.module.aci_match_rule.aci_rest_managed.rtctrlMatchCommFactor",
            "module.aci.module.aci_match_rule.aci_rest_managed.rtctrlMatchCommRegexTerm",
            "module.aci.module.aci_match_rule.aci_rest_managed.rtctrlMatchCommTerm",
            "module.aci.module.aci_match_rule.aci_rest_managed.rtctrlMatchRtDest",
            "module.aci.module.aci_match_rule.aci_rest_managed.rtctrlSubjP",
            "module.aci.module.aci_ospf_interface_policy.aci_rest_managed.ospfIfPol",
            "module.aci.module.aci_set_rule.aci_rest_managed.rtctrlAttrP",
            "module.aci.module.aci_set_rule.aci_rest_managed.rtctrlRsSetPolicyTagToInstP",
            "module.aci.module.aci_set_rule.aci_rest_managed.rtctrlSetASPath",
            "module.aci.module.aci_set_rule.aci_rest_managed.rtctrlSetASPathASN",
            "module.aci.module.aci_set_rule.aci_rest_managed.rtctrlSetAddComm",
            "module.aci.module.aci_set_rule.aci_rest_managed.rtctrlSetComm",
            "module.aci.module.aci_set_rule.aci_rest_managed.rtctrlSetDamp",
            "module.aci.module.aci_set_rule.aci_rest_managed.rtctrlSetNh",
            "module.aci.module.aci_set_rule.aci_rest_managed.rtctrlSetNhUnchanged",
            "module.aci.module.aci_set_rule.aci_rest_managed.rtctrlSetPolicyTag",
            "module.aci.module.aci_set_rule.aci_rest_managed.rtctrlSetPref",
            "module.aci.module.aci_set_rule.aci_rest_managed.rtctrlSetRedistMultipath",
            "module.aci.module.aci_set_rule.aci_rest_managed.rtctrlSetRtMetric",
            "module.aci.module.aci_set_rule.aci_rest_managed.rtctrlSetRtMetricType",
            "module.aci.module.aci_set_rule.aci_rest_managed.rtctrlSetTag",
            "module.aci.module.aci_set_rule.aci_rest_managed.rtctrlSetWeight",
            "module.aci.module.aci_tenant.aci_rest_managed.aaaDomainRef",
            "module.aci.module.aci_tenant.aci_rest_managed.fvTenant",
            "module.aci.module.aci_vlan_pool.aci_rest_managed.fvnsEncapBlk",
            "module.aci.module.aci_vlan_pool.aci_rest_managed.fvnsVlanInstP",
            "module.aci.module.aci_vmware_vmm_domain.aci_rest_managed.aaaDomainRef",
            "module.aci.module.aci_vmware_vmm_domain.aci_rest_managed.infraRsVlanNs",
            "module.aci.module.aci_vmware_vmm_domain.aci_rest_managed.lacpEnhancedLagPol",
            "module.aci.module.aci_vmware_vmm_domain.aci_rest_managed.vmmCtrlrP",
            "module.aci.module.aci_vmware_vmm_domain.aci_rest_managed.vmmDomP",
            "module.aci.module.aci_vmware_vmm_domain.aci_rest_managed.vmmRsAcc",
            "module.aci.module.aci_vmware_vmm_domain.aci_rest_managed.vmmRsMgmtEPg",
            "module.aci.module.aci_vmware_vmm_domain.aci_rest_managed.vmmRsVswitchOverrideCdpIfPol",
            "module.aci.module.aci_vmware_vmm_domain.aci_rest_managed.vmmRsVswitchOverrideLacpPol",
            "module.aci.module.aci_vmware_vmm_domain.aci_rest_managed.vmmRsVswitchOverrideLldpIfPol",
            "module.aci.module.aci_vmware_vmm_domain.aci_rest_managed.vmmRsVswitchOverrideMtuPol",
            "module.aci.module.aci_vmware_vmm_domain.aci_rest_managed.vmmUplinkP",
            "module.aci.module.aci_vmware_vmm_domain.aci_rest_managed.vmmUplinkPCont",
            "module.aci.module.aci_vmware_vmm_domain.aci_rest_managed.vmmUsrAccP",
            "module.aci.module.aci_vmware_vmm_domain.aci_rest_managed.vmmVSwitchPolicyCont",
            "module.aci.module.aci_vrf.aci_rest_managed.bgpRtTargetP_ipv4",
            "module.aci.module.aci_vrf.aci_rest_managed.bgpRtTargetP_ipv6",
            "module.aci.module.aci_vrf.aci_rest_managed.bgpRtTarget_ipv4_export",
            "module.aci.module.aci_vrf.aci_rest_managed.bgpRtTarget_ipv4_import",
            "module.aci.module.aci_vrf.aci_rest_managed.bgpRtTarget_ipv6_export",
            "module.aci.module.aci_vrf.aci_rest_managed.bgpRtTarget_ipv6_import",
            "module.aci.module.aci_vrf.aci_rest_managed.dnsLbl",
            "module.aci.module.aci_vrf.aci_rest_managed.fvCtx",
            "module.aci.module.aci_vrf.aci_rest_managed.fvRsBgpCtxPol",
            "module.aci.module.aci_vrf.aci_rest_managed.fvRsCtxToBgpCtxAfPol_ipv4",
            "module.aci.module.aci_vrf.aci_rest_managed.fvRsCtxToBgpCtxAfPol_ipv6",
            "module.aci.module.aci_vrf.aci_rest_managed.fvRsCtxToExtRouteTagPol",
            "module.aci.module.aci_vrf.aci_rest_managed.fvRsCtxToOspfCtxPol_ipv4",
            "module.aci.module.aci_vrf.aci_rest_managed.fvRsCtxToOspfCtxPol_ipv6",
            "module.aci.module.aci_vrf.aci_rest_managed.fvRsOspfCtxPol",
            "module.aci.module.aci_vrf.aci_rest_managed.igmpCtxP",
            "module.aci.module.aci_vrf.aci_rest_managed.igmpSSMXlateP",
            "module.aci.module.aci_vrf.aci_rest_managed.leakExternalPrefix",
            "module.aci.module.aci_vrf.aci_rest_managed.leakInternalSubnet",
            "module.aci.module.aci_vrf.aci_rest_managed.leakRoutes",
            "module.aci.module.aci_vrf.aci_rest_managed.leakTo_external",
            "module.aci.module.aci_vrf.aci_rest_managed.leakTo_internal",
            "module.aci.module.aci_vrf.aci_rest_managed.pimASMPatPol",
            "module.aci.module.aci_vrf.aci_rest_managed.pimAutoRPPol",
            "module.aci.module.aci_vrf.aci_rest_managed.pimBSRFilterPol",
            "module.aci.module.aci_vrf.aci_rest_managed.pimBSRPPol",
            "module.aci.module.aci_vrf.aci_rest_managed.pimCtxP",
            "module.aci.module.aci_vrf.aci_rest_managed.pimFabricRPPol",
            "module.aci.module.aci_vrf.aci_rest_managed.pimInterVRFEntryPol",
            "module.aci.module.aci_vrf.aci_rest_managed.pimInterVRFPol",
            "module.aci.module.aci_vrf.aci_rest_managed.pimMAFilterPol",
            "module.aci.module.aci_vrf.aci_rest_managed.pimRPGrpRangePol_fabric_rp",
            "module.aci.module.aci_vrf.aci_rest_managed.pimRPGrpRangePol_static_rp",
            "module.aci.module.aci_vrf.aci_rest_managed.pimRegTrPol",
            "module.aci.module.aci_vrf.aci_rest_managed.pimResPol",
            "module.aci.module.aci_vrf.aci_rest_managed.pimSGRangeExpPol",
            "module.aci.module.aci_vrf.aci_rest_managed.pimSSMPatPol",
            "module.aci.module.aci_vrf.aci_rest_managed.pimSSMRangePol",
            "module.aci.module.aci_vrf.aci_rest_managed.pimSharedRangePol",
            "module.aci.module.aci_vrf.aci_rest_managed.pimStaticRPEntryPol_fabric_rp",
            "module.aci.module.aci_vrf.aci_rest_managed.pimStaticRPEntryPol_static_rp",
            "module.aci.module.aci_vrf.aci_rest_managed.pimStaticRPPol",
            "module.aci.module.aci_vrf.aci_rest_managed.rtdmcRsFilterToRtMapPol_asm_sg_expiry",
            "module.aci.module.aci_vrf.aci_rest_managed.rtdmcRsFilterToRtMapPol_asm_shared",
            "module.aci.module.aci_vrf.aci_rest_managed.rtdmcRsFilterToRtMapPol_auto_rp",
            "module.aci.module.aci_vrf.aci_rest_managed.rtdmcRsFilterToRtMapPol_bsr",
            "module.aci.module.aci_vrf.aci_rest_managed.rtdmcRsFilterToRtMapPol_fabric_rp",
            "module.aci.module.aci_vrf.aci_rest_managed.rtdmcRsFilterToRtMapPol_pim_inter_vrf",
            "module.aci.module.aci_vrf.aci_rest_managed.rtdmcRsFilterToRtMapPol_ssm_range",
            "module.aci.module.aci_vrf.aci_rest_managed.rtdmcRsFilterToRtMapPol_static_rp",
            "module.aci.module.aci_vrf.aci_rest_managed.vzAny",
            "module.aci.module.aci_vrf.aci_rest_managed.vzRsAnyToCons",
            "module.aci.module.aci_vrf.aci_rest_managed.vzRsAnyToConsIf",
            "module.aci.module.aci_vrf.aci_rest_managed.vzRsAnyToProv"
          ]
        }
      ]
    },
    {
      "module": "module.aci.module.aci_endpoint_group[\"tf-vms-1/vms-1/vlan-3712\"]",
      "mode": "managed",
      "type": "aci_rest_managed",
      "name": "fvAEPg",
      "provider": "provider[\"registry.terraform.io/ciscodevnet/aci\"]",
      "instances": [
        {
          "schema_version": 0,
          "attributes": {
            "annotation": "orchestrator:terraform",
            "child": [],
            "class_name": "fvAEPg",
            "content": {
              "descr": "br0",
              "floodOnEncap": "disabled",
              "fwdCtrl": "",
              "name": "vlan-3712",
              "nameAlias": "",
              "pcEnfPref": "unenforced",
              "prefGrMemb": "exclude",
              "prio": "unspecified"
            },
            "dn": "uni/tn-tf-vms-1/ap-vms-1/epg-vlan-3712",
            "escape_html": true,
            "id": "uni/tn-tf-vms-1/ap-vms-1/epg-vlan-3712"
          },
          "sensitive_attributes": [],
          "dependencies": [
            "module.aci.data.utils_yaml_merge.defaults",
            "module.aci.data.utils_yaml_merge.model",
            "module.aci.data.utils_yaml_merge.modules",
            "module.aci.module.aci_application_profile.aci_rest_managed.fvAp",
            "module.aci.module.aci_bfd_interface_policy.aci_rest_managed.bfdIfPol",
            "module.aci.module.aci_bgp_timer_policy.aci_rest_managed.bgpCtxPol",
            "module.aci.module.aci_bridge_domain.aci_rest_managed.dhcpLbl",
            "module.aci.module.aci_bridge_domain.aci_rest_managed.dhcpRsDhcpOptionPol",
            "module.aci.module.aci_bridge_domain.aci_rest_managed.fvBD",
            "module.aci.module.aci_bridge_domain.aci_rest_managed.fvRsBDToOut",
            "module.aci.module.aci_bridge_domain.aci_rest_managed.fvRsCtx",
            "module.aci.module.aci_bridge_domain.aci_rest_managed.fvRsIgmpsn",
            "module.aci.module.aci_bridge_domain.aci_rest_managed.fvRsNdPfxPol",
            "module.aci.module.aci_bridge_domain.aci_rest_managed.fvSubnet",
            "module.aci.module.aci_bridge_domain.aci_rest_managed.igmpIfP",
            "module.aci.module.aci_bridge_domain.aci_rest_managed.igmpRsIfPol",
            "module.aci.module.aci_bridge_domain.aci_rest_managed.pimBDDestFilterPol",
            "module.aci.module.aci_bridge_domain.aci_rest_managed.pimBDFilterPol",
            "module.aci.module.aci_bridge_domain.aci_rest_managed.pimBDP",
            "module.aci.module.aci_bridge_domain.aci_rest_managed.pimBDSrcFilterPol",
            "module.aci.module.aci_bridge_domain.aci_rest_managed.rtdmcRsFilterToRtMapPol_destination",
            "module.aci.module.aci_bridge_domain.aci_rest_managed.rtdmcRsFilterToRtMapPol_source",
            "module.aci.module.aci_bridge_domain.aci_rest_managed.tagTag",
            "module.aci.module.aci_contract.aci_rest_managed.vzBrCP",
            "module.aci.module.aci_contract.aci_rest_managed.vzRsSubjFiltAtt",
            "module.aci.module.aci_contract.aci_rest_managed.vzRsSubjGraphAtt",
            "module.aci.module.aci_contract.aci_rest_managed.vzSubj",
            "module.aci.module.aci_dhcp_option_policy.aci_rest_managed.dhcpOption",
            "module.aci.module.aci_dhcp_option_policy.aci_rest_managed.dhcpOptionPol",
            "module.aci.module.aci_dhcp_relay_policy.aci_rest_managed.dhcpRelayP",
            "module.aci.module.aci_dhcp_relay_policy.aci_rest_managed.dhcpRsProv",
            "module.aci.module.aci_eigrp_interface_policy.aci_rest_managed.eigrpIfPol",
            "module.aci.module.aci_filter.aci_rest_managed.vzEntry",
            "module.aci.module.aci_filter.aci_rest_managed.vzFilter",
            "module.aci.module.aci_imported_contract.aci_rest_managed.vzCPIf",
            "module.aci.module.aci_imported_contract.aci_rest_managed.vzRsIf",
            "module.aci.module.aci_l3out.aci_rest_managed.bgpExtP",
            "module.aci.module.aci_l3out.aci_rest_managed.eigrpExtP",
            "module.aci.module.aci_l3out.aci_rest_managed.l3extConsLbl",
            "module.aci.module.aci_l3out.aci_rest_managed.l3extDefaultRouteLeakP",
            "module.aci.module.aci_l3out.aci_rest_managed.l3extInstP_sr_mpls",
            "module.aci.module.aci_l3out.aci_rest_managed.l3extOut",
            "module.aci.module.aci_l3out.aci_rest_managed.l3extProvLbl",
            "module.aci.module.aci_l3out.aci_rest_managed.l3extRsDampeningPol_ipv4",
            "module.aci.module.aci_l3out.aci_rest_managed.l3extRsDampeningPol_ipv6",
            "module.aci.module.aci_l3out.aci_rest_managed.l3extRsEctx",
            "module.aci.module.aci_l3out.aci_rest_managed.l3extRsInterleakPol",
            "module.aci.module.aci_l3out.aci_rest_managed.l3extRsL3DomAtt",
            "module.aci.module.aci_l3out.aci_rest_managed.l3extRsLblToInstP",
            "module.aci.module.aci_l3out.aci_rest_managed.l3extRsLblToProfile_export",
            "module.aci.module.aci_l3out.aci_rest_managed.l3extRsLblToProfile_import",
            "module.aci.module.aci_l3out.aci_rest_managed.l3extRsRedistributePol",
            "module.aci.module.aci_l3out.aci_rest_managed.mplsExtP",
            "module.aci.module.aci_l3out.aci_rest_managed.mplsRsLabelPol",
            "module.aci.module.aci_l3out.aci_rest_managed.ospfExtP",
            "module.aci.module.aci_l3out.aci_rest_managed.pimExtP",
            "module.aci.module.aci_l3out.aci_rest_managed.rtctrlCtxP_export",
            "module.aci.module.aci_l3out.aci_rest_managed.rtctrlCtxP_import",
            "module.aci.module.aci_l3out.aci_rest_managed.rtctrlProfile_export",
            "module.aci.module.aci_l3out.aci_rest_managed.rtctrlProfile_import",
            "module.aci.module.aci_l3out.aci_rest_managed.rtctrlRsCtxPToSubjP_export",
            "module.aci.module.aci_l3out.aci_rest_managed.rtctrlRsCtxPToSubjP_import",
            "module.aci.module.aci_l3out.aci_rest_managed.rtctrlRsScopeToAttrP_export",
            "module.aci.module.aci_l3out.aci_rest_managed.rtctrlRsScopeToAttrP_import",
            "module.aci.module.aci_l3out.aci_rest_managed.rtctrlScope_export",
            "module.aci.module.aci_l3out.aci_rest_managed.rtctrlScope_import",
            "module.aci.module.aci_match_rule.aci_rest_managed.rtctrlMatchCommFactor",
            "module.aci.module.aci_match_rule.aci_rest_managed.rtctrlMatchCommRegexTerm",
            "module.aci.module.aci_match_rule.aci_rest_managed.rtctrlMatchCommTerm",
            "module.aci.module.aci_match_rule.aci_rest_managed.rtctrlMatchRtDest",
            "module.aci.module.aci_match_rule.aci_rest_managed.rtctrlSubjP",
            "module.aci.module.aci_ospf_interface_policy.aci_rest_managed.ospfIfPol",
            "module.aci.module.aci_set_rule.aci_rest_managed.rtctrlAttrP",
            "module.aci.module.aci_set_rule.aci_rest_managed.rtctrlRsSetPolicyTagToInstP",
            "module.aci.module.aci_set_rule.aci_rest_managed.rtctrlSetASPath",
            "module.aci.module.aci_set_rule.aci_rest_managed.rtctrlSetASPathASN",
            "module.aci.module.aci_set_rule.aci_rest_managed.rtctrlSetAddComm",
            "module.aci.module.aci_set_rule.aci_rest_managed.rtctrlSetComm",
            "module.aci.module.aci_set_rule.aci_rest_managed.rtctrlSetDamp",
            "module.aci.module.aci_set_rule.aci_rest_managed.rtctrlSetNh",
            "module.aci.module.aci_set_rule.aci_rest_managed.rtctrlSetNhUnchanged",
            "module.aci.module.aci_set_rule.aci_rest_managed.rtctrlSetPolicyTag",
            "module.aci.module.aci_set_rule.aci_rest_managed.rtctrlSetPref",
            "module.aci.module.aci_set_rule.aci_rest_managed.rtctrlSetRedistMultipath",
            "module.aci.module.aci_set_rule.aci_rest_managed.rtctrlSetRtMetric",
            "module.aci.module.aci_set_rule.aci_rest_managed.rtctrlSetRtMetricType",
            "module.aci.module.aci_set_rule.aci_rest_managed.rtctrlSetTag",
            "module.aci.module.aci_set_rule.aci_rest_managed.rtctrlSetWeight",
            "module.aci.module.aci_tenant.aci_rest_managed.aaaDomainRef",
            "module.aci.module.aci_tenant.aci_rest_managed.fvTenant",
            "module.aci.module.aci_vlan_pool.aci_rest_managed.fvnsEncapBlk",
            "module.aci.module.aci_vlan_pool.aci_rest_managed.fvnsVlanInstP",
            "module.aci.module.aci_vmware_vmm_domain.aci_rest_managed.aaaDomainRef",
            "module.aci.module.aci_vmware_vmm_domain.aci_rest_managed.infraRsVlanNs",
            "module.aci.module.aci_vmware_vmm_domain.aci_rest_managed.lacpEnhancedLagPol",
            "module.aci.module.aci_vmware_vmm_domain.aci_rest_managed.vmmCtrlrP",
            "module.aci.module.aci_vmware_vmm_domain.aci_rest_managed.vmmDomP",
            "module.aci.module.aci_vmware_vmm_domain.aci_rest_managed.vmmRsAcc",
            "module.aci.module.aci_vmware_vmm_domain.aci_rest_managed.vmmRsMgmtEPg",
            "module.aci.module.aci_vmware_vmm_domain.aci_rest_managed.vmmRsVswitchOverrideCdpIfPol",
            "module.aci.module.aci_vmware_vmm_domain.aci_rest_managed.vmmRsVswitchOverrideLacpPol",
            "module.aci.module.aci_vmware_vmm_domain.aci_rest_managed.vmmRsVswitchOverrideLldpIfPol",
            "module.aci.module.aci_vmware_vmm_domain.aci_rest_managed.vmmRsVswitchOverrideMtuPol",
            "module.aci.module.aci_vmware_vmm_domain.aci_rest_managed.vmmUplinkP",
            "module.aci.module.aci_vmware_vmm_domain.aci_rest_managed.vmmUplinkPCont",
            "module.aci.module.aci_vmware_vmm_domain.aci_rest_managed.vmmUsrAccP",
            "module.aci.module.aci_vmware_vmm_domain.aci_rest_managed.vmmVSwitchPolicyCont",
            "module.aci.module.aci_vrf.aci_rest_managed.bgpRtTargetP_ipv4",
            "module.aci.module.aci_vrf.aci_rest_managed.bgpRtTargetP_ipv6",
            "module.aci.module.aci_vrf.aci_rest_managed.bgpRtTarget_ipv4_export",
            "module.aci.module.aci_vrf.aci_rest_managed.bgpRtTarget_ipv4_import",
            "module.aci.module.aci_vrf.aci_rest_managed.bgpRtTarget_ipv6_export",
            "module.aci.module.aci_vrf.aci_rest_managed.bgpRtTarget_ipv6_import",
            "module.aci.module.aci_vrf.aci_rest_managed.dnsLbl",
            "module.aci.module.aci_vrf.aci_rest_managed.fvCtx",
            "module.aci.module.aci_vrf.aci_rest_managed.fvRsBgpCtxPol",
            "module.aci.module.aci_vrf.aci_rest_managed.fvRsCtxToBgpCtxAfPol_ipv4",
            "module.aci.module.aci_vrf.aci_rest_managed.fvRsCtxToBgpCtxAfPol_ipv6",
            "module.aci.module.aci_vrf.aci_rest_managed.fvRsCtxToExtRouteTagPol",
            "module.aci.module.aci_vrf.aci_rest_managed.fvRsCtxToOspfCtxPol_ipv4",
            "module.aci.module.aci_vrf.aci_rest_managed.fvRsCtxToOspfCtxPol_ipv6",
            "module.aci.module.aci_vrf.aci_rest_managed.fvRsOspfCtxPol",
            "module.aci.module.aci_vrf.aci_rest_managed.igmpCtxP",
            "module.aci.module.aci_vrf.aci_rest_managed.igmpSSMXlateP",
            "module.aci.module.aci_vrf.aci_rest_managed.leakExternalPrefix",
            "module.aci.module.aci_vrf.aci_rest_managed.leakInternalSubnet",
            "module.aci.module.aci_vrf.aci_rest_managed.leakRoutes",
            "module.aci.module.aci_vrf.aci_rest_managed.leakTo_external",
            "module.aci.module.aci_vrf.aci_rest_managed.leakTo_internal",
            "module.aci.module.aci_vrf.aci_rest_managed.pimASMPatPol",
            "module.aci.module.aci_vrf.aci_rest_managed.pimAutoRPPol",
            "module.aci.module.aci_vrf.aci_rest_managed.pimBSRFilterPol",
            "module.aci.module.aci_vrf.aci_rest_managed.pimBSRPPol",
            "module.aci.module.aci_vrf.aci_rest_managed.pimCtxP",
            "module.aci.module.aci_vrf.aci_rest_managed.pimFabricRPPol",
            "module.aci.module.aci_vrf.aci_rest_managed.pimInterVRFEntryPol",
            "module.aci.module.aci_vrf.aci_rest_managed.pimInterVRFPol",
            "module.aci.module.aci_vrf.aci_rest_managed.pimMAFilterPol",
            "module.aci.module.aci_vrf.aci_rest_managed.pimRPGrpRangePol_fabric_rp",
            "module.aci.module.aci_vrf.aci_rest_managed.pimRPGrpRangePol_static_rp",
            "module.aci.module.aci_vrf.aci_rest_managed.pimRegTrPol",
            "module.aci.module.aci_vrf.aci_rest_managed.pimResPol",
            "module.aci.module.aci_vrf.aci_rest_managed.pimSGRangeExpPol",
            "module.aci.module.aci_vrf.aci_rest_managed.pimSSMPatPol",
            "module.aci.module.aci_vrf.aci_rest_managed.pimSSMRangePol",
            "module.aci.module.aci_vrf.aci_rest_managed.pimSharedRangePol",
            "module.aci.module.aci_vrf.aci_rest_managed.pimStaticRPEntryPol_fabric_rp",
            "module.aci.module.aci_vrf.aci_rest_managed.pimStaticRPEntryPol_static_rp",
            "module.aci.module.aci_vrf.aci_rest_managed.pimStaticRPPol",
            "module.aci.module.aci_vrf.aci_rest_managed.rtdmcRsFilterToRtMapPol_asm_sg_expiry",
            "module.aci.module.aci_vrf.aci_rest_managed.rtdmcRsFilterToRtMapPol_asm_shared",
            "module.aci.module.aci_vrf.aci_rest_managed.rtdmcRsFilterToRtMapPol_auto_rp",
            "module.aci.module.aci_vrf.aci_rest_managed.rtdmcRsFilterToRtMapPol_bsr",
            "module.aci.module.aci_vrf.aci_rest_managed.rtdmcRsFilterToRtMapPol_fabric_rp",
            "module.aci.module.aci_vrf.aci_rest_managed.rtdmcRsFilterToRtMapPol_pim_inter_vrf",
            "module.aci.module.aci_vrf.aci_rest_managed.rtdmcRsFilterToRtMapPol_ssm_range",
            "module.aci.module.aci_vrf.aci_rest_managed.rtdmcRsFilterToRtMapPol_static_rp",
            "module.aci.module.aci_vrf.aci_rest_managed.vzAny",
            "module.aci.module.aci_vrf.aci_rest_managed.vzRsAnyToCons",
            "module.aci.module.aci_vrf.aci_rest_managed.vzRsAnyToConsIf",
            "module.aci.module.aci_vrf.aci_rest_managed.vzRsAnyToProv"
          ]
        }
      ]
    },
    {
      "module": "module.aci.module.aci_endpoint_group[\"tf-vms-1/vms-1/vlan-3712\"]",
      "mode": "managed",
      "type": "aci_rest_managed",
      "name": "fvRsBd",
      "provider": "provider[\"registry.terraform.io/ciscodevnet/aci\"]",
      "instances": [
        {
          "schema_version": 0,
          "attributes": {
            "annotation": "orchestrator:terraform",
            "child": [],
            "class_name": "fvRsBd",
            "content": {
              "tnFvBDName": "10.1.202.0_24"
            },
            "dn": "uni/tn-tf-vms-1/ap-vms-1/epg-vlan-3712/rsbd",
            "escape_html": true,
            "id": "uni/tn-tf-vms-1/ap-vms-1/epg-vlan-3712/rsbd"
          },
          "sensitive_attributes": [],
          "dependencies": [
            "module.aci.data.utils_yaml_merge.defaults",
            "module.aci.data.utils_yaml_merge.model",
            "module.aci.data.utils_yaml_merge.modules",
            "module.aci.module.aci_application_profile.aci_rest_managed.fvAp",
            "module.aci.module.aci_bfd_interface_policy.aci_rest_managed.bfdIfPol",
            "module.aci.module.aci_bgp_timer_policy.aci_rest_managed.bgpCtxPol",
            "module.aci.module.aci_bridge_domain.aci_rest_managed.dhcpLbl",
            "module.aci.module.aci_bridge_domain.aci_rest_managed.dhcpRsDhcpOptionPol",
            "module.aci.module.aci_bridge_domain.aci_rest_managed.fvBD",
            "module.aci.module.aci_bridge_domain.aci_rest_managed.fvRsBDToOut",
            "module.aci.module.aci_bridge_domain.aci_rest_managed.fvRsCtx",
            "module.aci.module.aci_bridge_domain.aci_rest_managed.fvRsIgmpsn",
            "module.aci.module.aci_bridge_domain.aci_rest_managed.fvRsNdPfxPol",
            "module.aci.module.aci_bridge_domain.aci_rest_managed.fvSubnet",
            "module.aci.module.aci_bridge_domain.aci_rest_managed.igmpIfP",
            "module.aci.module.aci_bridge_domain.aci_rest_managed.igmpRsIfPol",
            "module.aci.module.aci_bridge_domain.aci_rest_managed.pimBDDestFilterPol",
            "module.aci.module.aci_bridge_domain.aci_rest_managed.pimBDFilterPol",
            "module.aci.module.aci_bridge_domain.aci_rest_managed.pimBDP",
            "module.aci.module.aci_bridge_domain.aci_rest_managed.pimBDSrcFilterPol",
            "module.aci.module.aci_bridge_domain.aci_rest_managed.rtdmcRsFilterToRtMapPol_destination",
            "module.aci.module.aci_bridge_domain.aci_rest_managed.rtdmcRsFilterToRtMapPol_source",
            "module.aci.module.aci_bridge_domain.aci_rest_managed.tagTag",
            "module.aci.module.aci_contract.aci_rest_managed.vzBrCP",
            "module.aci.module.aci_contract.aci_rest_managed.vzRsSubjFiltAtt",
            "module.aci.module.aci_contract.aci_rest_managed.vzRsSubjGraphAtt",
            "module.aci.module.aci_contract.aci_rest_managed.vzSubj",
            "module.aci.module.aci_dhcp_option_policy.aci_rest_managed.dhcpOption",
            "module.aci.module.aci_dhcp_option_policy.aci_rest_managed.dhcpOptionPol",
            "module.aci.module.aci_dhcp_relay_policy.aci_rest_managed.dhcpRelayP",
            "module.aci.module.aci_dhcp_relay_policy.aci_rest_managed.dhcpRsProv",
            "module.aci.module.aci_eigrp_interface_policy.aci_rest_managed.eigrpIfPol",
            "module.aci.module.aci_endpoint_group.aci_rest_managed.fvAEPg",
            "module.aci.module.aci_filter.aci_rest_managed.vzEntry",
            "module.aci.module.aci_filter.aci_rest_managed.vzFilter",
            "module.aci.module.aci_imported_contract.aci_rest_managed.vzCPIf",
            "module.aci.module.aci_imported_contract.aci_rest_managed.vzRsIf",
            "module.aci.module.aci_l3out.aci_rest_managed.bgpExtP",
            "module.aci.module.aci_l3out.aci_rest_managed.eigrpExtP",
            "module.aci.module.aci_l3out.aci_rest_managed.l3extConsLbl",
            "module.aci.module.aci_l3out.aci_rest_managed.l3extDefaultRouteLeakP",
            "module.aci.module.aci_l3out.aci_rest_managed.l3extInstP_sr_mpls",
            "module.aci.module.aci_l3out.aci_rest_managed.l3extOut",
            "module.aci.module.aci_l3out.aci_rest_managed.l3extProvLbl",
            "module.aci.module.aci_l3out.aci_rest_managed.l3extRsDampeningPol_ipv4",
            "module.aci.module.aci_l3out.aci_rest_managed.l3extRsDampeningPol_ipv6",
            "module.aci.module.aci_l3out.aci_rest_managed.l3extRsEctx",
            "module.aci.module.aci_l3out.aci_rest_managed.l3extRsInterleakPol",
            "module.aci.module.aci_l3out.aci_rest_managed.l3extRsL3DomAtt",
            "module.aci.module.aci_l3out.aci_rest_managed.l3extRsLblToInstP",
            "module.aci.module.aci_l3out.aci_rest_managed.l3extRsLblToProfile_export",
            "module.aci.module.aci_l3out.aci_rest_managed.l3extRsLblToProfile_import",
            "module.aci.module.aci_l3out.aci_rest_managed.l3extRsRedistributePol",
            "module.aci.module.aci_l3out.aci_rest_managed.mplsExtP",
            "module.aci.module.aci_l3out.aci_rest_managed.mplsRsLabelPol",
            "module.aci.module.aci_l3out.aci_rest_managed.ospfExtP",
            "module.aci.module.aci_l3out.aci_rest_managed.pimExtP",
            "module.aci.module.aci_l3out.aci_rest_managed.rtctrlCtxP_export",
            "module.aci.module.aci_l3out.aci_rest_managed.rtctrlCtxP_import",
            "module.aci.module.aci_l3out.aci_rest_managed.rtctrlProfile_export",
            "module.aci.module.aci_l3out.aci_rest_managed.rtctrlProfile_import",
            "module.aci.module.aci_l3out.aci_rest_managed.rtctrlRsCtxPToSubjP_export",
            "module.aci.module.aci_l3out.aci_rest_managed.rtctrlRsCtxPToSubjP_import",
            "module.aci.module.aci_l3out.aci_rest_managed.rtctrlRsScopeToAttrP_export",
            "module.aci.module.aci_l3out.aci_rest_managed.rtctrlRsScopeToAttrP_import",
            "module.aci.module.aci_l3out.aci_rest_managed.rtctrlScope_export",
            "module.aci.module.aci_l3out.aci_rest_managed.rtctrlScope_import",
            "module.aci.module.aci_match_rule.aci_rest_managed.rtctrlMatchCommFactor",
            "module.aci.module.aci_match_rule.aci_rest_managed.rtctrlMatchCommRegexTerm",
            "module.aci.module.aci_match_rule.aci_rest_managed.rtctrlMatchCommTerm",
            "module.aci.module.aci_match_rule.aci_rest_managed.rtctrlMatchRtDest",
            "module.aci.module.aci_match_rule.aci_rest_managed.rtctrlSubjP",
            "module.aci.module.aci_ospf_interface_policy.aci_rest_managed.ospfIfPol",
            "module.aci.module.aci_set_rule.aci_rest_managed.rtctrlAttrP",
            "module.aci.module.aci_set_rule.aci_rest_managed.rtctrlRsSetPolicyTagToInstP",
            "module.aci.module.aci_set_rule.aci_rest_managed.rtctrlSetASPath",
            "module.aci.module.aci_set_rule.aci_rest_managed.rtctrlSetASPathASN",
            "module.aci.module.aci_set_rule.aci_rest_managed.rtctrlSetAddComm",
            "module.aci.module.aci_set_rule.aci_rest_managed.rtctrlSetComm",
            "module.aci.module.aci_set_rule.aci_rest_managed.rtctrlSetDamp",
            "module.aci.module.aci_set_rule.aci_rest_managed.rtctrlSetNh",
            "module.aci.module.aci_set_rule.aci_rest_managed.rtctrlSetNhUnchanged",
            "module.aci.module.aci_set_rule.aci_rest_managed.rtctrlSetPolicyTag",
            "module.aci.module.aci_set_rule.aci_rest_managed.rtctrlSetPref",
            "module.aci.module.aci_set_rule.aci_rest_managed.rtctrlSetRedistMultipath",
            "module.aci.module.aci_set_rule.aci_rest_managed.rtctrlSetRtMetric",
            "module.aci.module.aci_set_rule.aci_rest_managed.rtctrlSetRtMetricType",
            "module.aci.module.aci_set_rule.aci_rest_managed.rtctrlSetTag",
            "module.aci.module.aci_set_rule.aci_rest_managed.rtctrlSetWeight",
            "module.aci.module.aci_tenant.aci_rest_managed.aaaDomainRef",
            "module.aci.module.aci_tenant.aci_rest_managed.fvTenant",
            "module.aci.module.aci_vlan_pool.aci_rest_managed.fvnsEncapBlk",
            "module.aci.module.aci_vlan_pool.aci_rest_managed.fvnsVlanInstP",
            "module.aci.module.aci_vmware_vmm_domain.aci_rest_managed.aaaDomainRef",
            "module.aci.module.aci_vmware_vmm_domain.aci_rest_managed.infraRsVlanNs",
            "module.aci.module.aci_vmware_vmm_domain.aci_rest_managed.lacpEnhancedLagPol",
            "module.aci.module.aci_vmware_vmm_domain.aci_rest_managed.vmmCtrlrP",
            "module.aci.module.aci_vmware_vmm_domain.aci_rest_managed.vmmDomP",
            "module.aci.module.aci_vmware_vmm_domain.aci_rest_managed.vmmRsAcc",
            "module.aci.module.aci_vmware_vmm_domain.aci_rest_managed.vmmRsMgmtEPg",
            "module.aci.module.aci_vmware_vmm_domain.aci_rest_managed.vmmRsVswitchOverrideCdpIfPol",
            "module.aci.module.aci_vmware_vmm_domain.aci_rest_managed.vmmRsVswitchOverrideLacpPol",
            "module.aci.module.aci_vmware_vmm_domain.aci_rest_managed.vmmRsVswitchOverrideLldpIfPol",
            "module.aci.module.aci_vmware_vmm_domain.aci_rest_managed.vmmRsVswitchOverrideMtuPol",
            "module.aci.module.aci_vmware_vmm_domain.aci_rest_managed.vmmUplinkP",
            "module.aci.module.aci_vmware_vmm_domain.aci_rest_managed.vmmUplinkPCont",
            "module.aci.module.aci_vmware_vmm_domain.aci_rest_managed.vmmUsrAccP",
            "module.aci.module.aci_vmware_vmm_domain.aci_rest_managed.vmmVSwitchPolicyCont",
            "module.aci.module.aci_vrf.aci_rest_managed.bgpRtTargetP_ipv4",
            "module.aci.module.aci_vrf.aci_rest_managed.bgpRtTargetP_ipv6",
            "module.aci.module.aci_vrf.aci_rest_managed.bgpRtTarget_ipv4_export",
            "module.aci.module.aci_vrf.aci_rest_managed.bgpRtTarget_ipv4_import",
            "module.aci.module.aci_vrf.aci_rest_managed.bgpRtTarget_ipv6_export",
            "module.aci.module.aci_vrf.aci_rest_managed.bgpRtTarget_ipv6_import",
            "module.aci.module.aci_vrf.aci_rest_managed.dnsLbl",
            "module.aci.module.aci_vrf.aci_rest_managed.fvCtx",
            "module.aci.module.aci_vrf.aci_rest_managed.fvRsBgpCtxPol",
            "module.aci.module.aci_vrf.aci_rest_managed.fvRsCtxToBgpCtxAfPol_ipv4",
            "module.aci.module.aci_vrf.aci_rest_managed.fvRsCtxToBgpCtxAfPol_ipv6",
            "module.aci.module.aci_vrf.aci_rest_managed.fvRsCtxToExtRouteTagPol",
            "module.aci.module.aci_vrf.aci_rest_managed.fvRsCtxToOspfCtxPol_ipv4",
            "module.aci.module.aci_vrf.aci_rest_managed.fvRsCtxToOspfCtxPol_ipv6",
            "module.aci.module.aci_vrf.aci_rest_managed.fvRsOspfCtxPol",
            "module.aci.module.aci_vrf.aci_rest_managed.igmpCtxP",
            "module.aci.module.aci_vrf.aci_rest_managed.igmpSSMXlateP",
            "module.aci.module.aci_vrf.aci_rest_managed.leakExternalPrefix",
            "module.aci.module.aci_vrf.aci_rest_managed.leakInternalSubnet",
            "module.aci.module.aci_vrf.aci_rest_managed.leakRoutes",
            "module.aci.module.aci_vrf.aci_rest_managed.leakTo_external",
            "module.aci.module.aci_vrf.aci_rest_managed.leakTo_internal",
            "module.aci.module.aci_vrf.aci_rest_managed.pimASMPatPol",
            "module.aci.module.aci_vrf.aci_rest_managed.pimAutoRPPol",
            "module.aci.module.aci_vrf.aci_rest_managed.pimBSRFilterPol",
            "module.aci.module.aci_vrf.aci_rest_managed.pimBSRPPol",
            "module.aci.module.aci_vrf.aci_rest_managed.pimCtxP",
            "module.aci.module.aci_vrf.aci_rest_managed.pimFabricRPPol",
            "module.aci.module.aci_vrf.aci_rest_managed.pimInterVRFEntryPol",
            "module.aci.module.aci_vrf.aci_rest_managed.pimInterVRFPol",
            "module.aci.module.aci_vrf.aci_rest_managed.pimMAFilterPol",
            "module.aci.module.aci_vrf.aci_rest_managed.pimRPGrpRangePol_fabric_rp",
            "module.aci.module.aci_vrf.aci_rest_managed.pimRPGrpRangePol_static_rp",
            "module.aci.module.aci_vrf.aci_rest_managed.pimRegTrPol",
            "module.aci.module.aci_vrf.aci_rest_managed.pimResPol",
            "module.aci.module.aci_vrf.aci_rest_managed.pimSGRangeExpPol",
            "module.aci.module.aci_vrf.aci_rest_managed.pimSSMPatPol",
            "module.aci.module.aci_vrf.aci_rest_managed.pimSSMRangePol",
            "module.aci.module.aci_vrf.aci_rest_managed.pimSharedRangePol",
            "module.aci.module.aci_vrf.aci_rest_managed.pimStaticRPEntryPol_fabric_rp",
            "module.aci.module.aci_vrf.aci_rest_managed.pimStaticRPEntryPol_static_rp",
            "module.aci.module.aci_vrf.aci_rest_managed.pimStaticRPPol",
            "module.aci.module.aci_vrf.aci_rest_managed.rtdmcRsFilterToRtMapPol_asm_sg_expiry",
            "module.aci.module.aci_vrf.aci_rest_managed.rtdmcRsFilterToRtMapPol_asm_shared",
            "module.aci.module.aci_vrf.aci_rest_managed.rtdmcRsFilterToRtMapPol_auto_rp",
            "module.aci.module.aci_vrf.aci_rest_managed.rtdmcRsFilterToRtMapPol_bsr",
            "module.aci.module.aci_vrf.aci_rest_managed.rtdmcRsFilterToRtMapPol_fabric_rp",
            "module.aci.module.aci_vrf.aci_rest_managed.rtdmcRsFilterToRtMapPol_pim_inter_vrf",
            "module.aci.module.aci_vrf.aci_rest_managed.rtdmcRsFilterToRtMapPol_ssm_range",
            "module.aci.module.aci_vrf.aci_rest_managed.rtdmcRsFilterToRtMapPol_static_rp",
            "module.aci.module.aci_vrf.aci_rest_managed.vzAny",
            "module.aci.module.aci_vrf.aci_rest_managed.vzRsAnyToCons",
            "module.aci.module.aci_vrf.aci_rest_managed.vzRsAnyToConsIf",
            "module.aci.module.aci_vrf.aci_rest_managed.vzRsAnyToProv"
          ]
        }
      ]
    },
    {
      "module": "module.aci.module.aci_endpoint_group[\"tf-vms-1/vms-1/vlan-3712\"]",
      "mode": "managed",
      "type": "aci_rest_managed",
      "name": "fvRsDomAtt",
      "provider": "provider[\"registry.terraform.io/ciscodevnet/aci\"]",
      "instances": [
        {
          "index_key": "ocp_sr_iov-secondary",
          "schema_version": 0,
          "attributes": {
            "annotation": "orchestrator:terraform",
            "child": [],
            "class_name": "fvRsDomAtt",
            "content": {
              "tDn": "uni/phys-ocp_sr_iov-secondary"
            },
            "dn": "uni/tn-tf-vms-1/ap-vms-1/epg-vlan-3712/rsdomAtt-[uni/phys-ocp_sr_iov-secondary]",
            "escape_html": true,
            "id": "uni/tn-tf-vms-1/ap-vms-1/epg-vlan-3712/rsdomAtt-[uni/phys-ocp_sr_iov-secondary]"
          },
          "sensitive_attributes": [],
          "dependencies": [
            "module.aci.data.utils_yaml_merge.defaults",
            "module.aci.data.utils_yaml_merge.model",
            "module.aci.data.utils_yaml_merge.modules",
            "module.aci.module.aci_application_profile.aci_rest_managed.fvAp",
            "module.aci.module.aci_bfd_interface_policy.aci_rest_managed.bfdIfPol",
            "module.aci.module.aci_bgp_timer_policy.aci_rest_managed.bgpCtxPol",
            "module.aci.module.aci_bridge_domain.aci_rest_managed.dhcpLbl",
            "module.aci.module.aci_bridge_domain.aci_rest_managed.dhcpRsDhcpOptionPol",
            "module.aci.module.aci_bridge_domain.aci_rest_managed.fvBD",
            "module.aci.module.aci_bridge_domain.aci_rest_managed.fvRsBDToOut",
            "module.aci.module.aci_bridge_domain.aci_rest_managed.fvRsCtx",
            "module.aci.module.aci_bridge_domain.aci_rest_managed.fvRsIgmpsn",
            "module.aci.module.aci_bridge_domain.aci_rest_managed.fvRsNdPfxPol",
            "module.aci.module.aci_bridge_domain.aci_rest_managed.fvSubnet",
            "module.aci.module.aci_bridge_domain.aci_rest_managed.igmpIfP",
            "module.aci.module.aci_bridge_domain.aci_rest_managed.igmpRsIfPol",
            "module.aci.module.aci_bridge_domain.aci_rest_managed.pimBDDestFilterPol",
            "module.aci.module.aci_bridge_domain.aci_rest_managed.pimBDFilterPol",
            "module.aci.module.aci_bridge_domain.aci_rest_managed.pimBDP",
            "module.aci.module.aci_bridge_domain.aci_rest_managed.pimBDSrcFilterPol",
            "module.aci.module.aci_bridge_domain.aci_rest_managed.rtdmcRsFilterToRtMapPol_destination",
            "module.aci.module.aci_bridge_domain.aci_rest_managed.rtdmcRsFilterToRtMapPol_source",
            "module.aci.module.aci_bridge_domain.aci_rest_managed.tagTag",
            "module.aci.module.aci_contract.aci_rest_managed.vzBrCP",
            "module.aci.module.aci_contract.aci_rest_managed.vzRsSubjFiltAtt",
            "module.aci.module.aci_contract.aci_rest_managed.vzRsSubjGraphAtt",
            "module.aci.module.aci_contract.aci_rest_managed.vzSubj",
            "module.aci.module.aci_dhcp_option_policy.aci_rest_managed.dhcpOption",
            "module.aci.module.aci_dhcp_option_policy.aci_rest_managed.dhcpOptionPol",
            "module.aci.module.aci_dhcp_relay_policy.aci_rest_managed.dhcpRelayP",
            "module.aci.module.aci_dhcp_relay_policy.aci_rest_managed.dhcpRsProv",
            "module.aci.module.aci_eigrp_interface_policy.aci_rest_managed.eigrpIfPol",
            "module.aci.module.aci_endpoint_group.aci_rest_managed.fvAEPg",
            "module.aci.module.aci_filter.aci_rest_managed.vzEntry",
            "module.aci.module.aci_filter.aci_rest_managed.vzFilter",
            "module.aci.module.aci_imported_contract.aci_rest_managed.vzCPIf",
            "module.aci.module.aci_imported_contract.aci_rest_managed.vzRsIf",
            "module.aci.module.aci_l3out.aci_rest_managed.bgpExtP",
            "module.aci.module.aci_l3out.aci_rest_managed.eigrpExtP",
            "module.aci.module.aci_l3out.aci_rest_managed.l3extConsLbl",
            "module.aci.module.aci_l3out.aci_rest_managed.l3extDefaultRouteLeakP",
            "module.aci.module.aci_l3out.aci_rest_managed.l3extInstP_sr_mpls",
            "module.aci.module.aci_l3out.aci_rest_managed.l3extOut",
            "module.aci.module.aci_l3out.aci_rest_managed.l3extProvLbl",
            "module.aci.module.aci_l3out.aci_rest_managed.l3extRsDampeningPol_ipv4",
            "module.aci.module.aci_l3out.aci_rest_managed.l3extRsDampeningPol_ipv6",
            "module.aci.module.aci_l3out.aci_rest_managed.l3extRsEctx",
            "module.aci.module.aci_l3out.aci_rest_managed.l3extRsInterleakPol",
            "module.aci.module.aci_l3out.aci_rest_managed.l3extRsL3DomAtt",
            "module.aci.module.aci_l3out.aci_rest_managed.l3extRsLblToInstP",
            "module.aci.module.aci_l3out.aci_rest_managed.l3extRsLblToProfile_export",
            "module.aci.module.aci_l3out.aci_rest_managed.l3extRsLblToProfile_import",
            "module.aci.module.aci_l3out.aci_rest_managed.l3extRsRedistributePol",
            "module.aci.module.aci_l3out.aci_rest_managed.mplsExtP",
            "module.aci.module.aci_l3out.aci_rest_managed.mplsRsLabelPol",
            "module.aci.module.aci_l3out.aci_rest_managed.ospfExtP",
            "module.aci.module.aci_l3out.aci_rest_managed.pimExtP",
            "module.aci.module.aci_l3out.aci_rest_managed.rtctrlCtxP_export",
            "module.aci.module.aci_l3out.aci_rest_managed.rtctrlCtxP_import",
            "module.aci.module.aci_l3out.aci_rest_managed.rtctrlProfile_export",
            "module.aci.module.aci_l3out.aci_rest_managed.rtctrlProfile_import",
            "module.aci.module.aci_l3out.aci_rest_managed.rtctrlRsCtxPToSubjP_export",
            "module.aci.module.aci_l3out.aci_rest_managed.rtctrlRsCtxPToSubjP_import",
            "module.aci.module.aci_l3out.aci_rest_managed.rtctrlRsScopeToAttrP_export",
            "module.aci.module.aci_l3out.aci_rest_managed.rtctrlRsScopeToAttrP_import",
            "module.aci.module.aci_l3out.aci_rest_managed.rtctrlScope_export",
            "module.aci.module.aci_l3out.aci_rest_managed.rtctrlScope_import",
            "module.aci.module.aci_match_rule.aci_rest_managed.rtctrlMatchCommFactor",
            "module.aci.module.aci_match_rule.aci_rest_managed.rtctrlMatchCommRegexTerm",
            "module.aci.module.aci_match_rule.aci_rest_managed.rtctrlMatchCommTerm",
            "module.aci.module.aci_match_rule.aci_rest_managed.rtctrlMatchRtDest",
            "module.aci.module.aci_match_rule.aci_rest_managed.rtctrlSubjP",
            "module.aci.module.aci_ospf_interface_policy.aci_rest_managed.ospfIfPol",
            "module.aci.module.aci_set_rule.aci_rest_managed.rtctrlAttrP",
            "module.aci.module.aci_set_rule.aci_rest_managed.rtctrlRsSetPolicyTagToInstP",
            "module.aci.module.aci_set_rule.aci_rest_managed.rtctrlSetASPath",
            "module.aci.module.aci_set_rule.aci_rest_managed.rtctrlSetASPathASN",
            "module.aci.module.aci_set_rule.aci_rest_managed.rtctrlSetAddComm",
            "module.aci.module.aci_set_rule.aci_rest_managed.rtctrlSetComm",
            "module.aci.module.aci_set_rule.aci_rest_managed.rtctrlSetDamp",
            "module.aci.module.aci_set_rule.aci_rest_managed.rtctrlSetNh",
            "module.aci.module.aci_set_rule.aci_rest_managed.rtctrlSetNhUnchanged",
            "module.aci.module.aci_set_rule.aci_rest_managed.rtctrlSetPolicyTag",
            "module.aci.module.aci_set_rule.aci_rest_managed.rtctrlSetPref",
            "module.aci.module.aci_set_rule.aci_rest_managed.rtctrlSetRedistMultipath",
            "module.aci.module.aci_set_rule.aci_rest_managed.rtctrlSetRtMetric",
            "module.aci.module.aci_set_rule.aci_rest_managed.rtctrlSetRtMetricType",
            "module.aci.module.aci_set_rule.aci_rest_managed.rtctrlSetTag",
            "module.aci.module.aci_set_rule.aci_rest_managed.rtctrlSetWeight",
            "module.aci.module.aci_tenant.aci_rest_managed.aaaDomainRef",
            "module.aci.module.aci_tenant.aci_rest_managed.fvTenant",
            "module.aci.module.aci_vlan_pool.aci_rest_managed.fvnsEncapBlk",
            "module.aci.module.aci_vlan_pool.aci_rest_managed.fvnsVlanInstP",
            "module.aci.module.aci_vmware_vmm_domain.aci_rest_managed.aaaDomainRef",
            "module.aci.module.aci_vmware_vmm_domain.aci_rest_managed.infraRsVlanNs",
            "module.aci.module.aci_vmware_vmm_domain.aci_rest_managed.lacpEnhancedLagPol",
            "module.aci.module.aci_vmware_vmm_domain.aci_rest_managed.vmmCtrlrP",
            "module.aci.module.aci_vmware_vmm_domain.aci_rest_managed.vmmDomP",
            "module.aci.module.aci_vmware_vmm_domain.aci_rest_managed.vmmRsAcc",
            "module.aci.module.aci_vmware_vmm_domain.aci_rest_managed.vmmRsMgmtEPg",
            "module.aci.module.aci_vmware_vmm_domain.aci_rest_managed.vmmRsVswitchOverrideCdpIfPol",
            "module.aci.module.aci_vmware_vmm_domain.aci_rest_managed.vmmRsVswitchOverrideLacpPol",
            "module.aci.module.aci_vmware_vmm_domain.aci_rest_managed.vmmRsVswitchOverrideLldpIfPol",
            "module.aci.module.aci_vmware_vmm_domain.aci_rest_managed.vmmRsVswitchOverrideMtuPol",
            "module.aci.module.aci_vmware_vmm_domain.aci_rest_managed.vmmUplinkP",
            "module.aci.module.aci_vmware_vmm_domain.aci_rest_managed.vmmUplinkPCont",
            "module.aci.module.aci_vmware_vmm_domain.aci_rest_managed.vmmUsrAccP",
            "module.aci.module.aci_vmware_vmm_domain.aci_rest_managed.vmmVSwitchPolicyCont",
            "module.aci.module.aci_vrf.aci_rest_managed.bgpRtTargetP_ipv4",
            "module.aci.module.aci_vrf.aci_rest_managed.bgpRtTargetP_ipv6",
            "module.aci.module.aci_vrf.aci_rest_managed.bgpRtTarget_ipv4_export",
            "module.aci.module.aci_vrf.aci_rest_managed.bgpRtTarget_ipv4_import",
            "module.aci.module.aci_vrf.aci_rest_managed.bgpRtTarget_ipv6_export",
            "module.aci.module.aci_vrf.aci_rest_managed.bgpRtTarget_ipv6_import",
            "module.aci.module.aci_vrf.aci_rest_managed.dnsLbl",
            "module.aci.module.aci_vrf.aci_rest_managed.fvCtx",
            "module.aci.module.aci_vrf.aci_rest_managed.fvRsBgpCtxPol",
            "module.aci.module.aci_vrf.aci_rest_managed.fvRsCtxToBgpCtxAfPol_ipv4",
            "module.aci.module.aci_vrf.aci_rest_managed.fvRsCtxToBgpCtxAfPol_ipv6",
            "module.aci.module.aci_vrf.aci_rest_managed.fvRsCtxToExtRouteTagPol",
            "module.aci.module.aci_vrf.aci_rest_managed.fvRsCtxToOspfCtxPol_ipv4",
            "module.aci.module.aci_vrf.aci_rest_managed.fvRsCtxToOspfCtxPol_ipv6",
            "module.aci.module.aci_vrf.aci_rest_managed.fvRsOspfCtxPol",
            "module.aci.module.aci_vrf.aci_rest_managed.igmpCtxP",
            "module.aci.module.aci_vrf.aci_rest_managed.igmpSSMXlateP",
            "module.aci.module.aci_vrf.aci_rest_managed.leakExternalPrefix",
            "module.aci.module.aci_vrf.aci_rest_managed.leakInternalSubnet",
            "module.aci.module.aci_vrf.aci_rest_managed.leakRoutes",
            "module.aci.module.aci_vrf.aci_rest_managed.leakTo_external",
            "module.aci.module.aci_vrf.aci_rest_managed.leakTo_internal",
            "module.aci.module.aci_vrf.aci_rest_managed.pimASMPatPol",
            "module.aci.module.aci_vrf.aci_rest_managed.pimAutoRPPol",
            "module.aci.module.aci_vrf.aci_rest_managed.pimBSRFilterPol",
            "module.aci.module.aci_vrf.aci_rest_managed.pimBSRPPol",
            "module.aci.module.aci_vrf.aci_rest_managed.pimCtxP",
            "module.aci.module.aci_vrf.aci_rest_managed.pimFabricRPPol",
            "module.aci.module.aci_vrf.aci_rest_managed.pimInterVRFEntryPol",
            "module.aci.module.aci_vrf.aci_rest_managed.pimInterVRFPol",
            "module.aci.module.aci_vrf.aci_rest_managed.pimMAFilterPol",
            "module.aci.module.aci_vrf.aci_rest_managed.pimRPGrpRangePol_fabric_rp",
            "module.aci.module.aci_vrf.aci_rest_managed.pimRPGrpRangePol_static_rp",
            "module.aci.module.aci_vrf.aci_rest_managed.pimRegTrPol",
            "module.aci.module.aci_vrf.aci_rest_managed.pimResPol",
            "module.aci.module.aci_vrf.aci_rest_managed.pimSGRangeExpPol",
            "module.aci.module.aci_vrf.aci_rest_managed.pimSSMPatPol",
            "module.aci.module.aci_vrf.aci_rest_managed.pimSSMRangePol",
            "module.aci.module.aci_vrf.aci_rest_managed.pimSharedRangePol",
            "module.aci.module.aci_vrf.aci_rest_managed.pimStaticRPEntryPol_fabric_rp",
            "module.aci.module.aci_vrf.aci_rest_managed.pimStaticRPEntryPol_static_rp",
            "module.aci.module.aci_vrf.aci_rest_managed.pimStaticRPPol",
            "module.aci.module.aci_vrf.aci_rest_managed.rtdmcRsFilterToRtMapPol_asm_sg_expiry",
            "module.aci.module.aci_vrf.aci_rest_managed.rtdmcRsFilterToRtMapPol_asm_shared",
            "module.aci.module.aci_vrf.aci_rest_managed.rtdmcRsFilterToRtMapPol_auto_rp",
            "module.aci.module.aci_vrf.aci_rest_managed.rtdmcRsFilterToRtMapPol_bsr",
            "module.aci.module.aci_vrf.aci_rest_managed.rtdmcRsFilterToRtMapPol_fabric_rp",
            "module.aci.module.aci_vrf.aci_rest_managed.rtdmcRsFilterToRtMapPol_pim_inter_vrf",
            "module.aci.module.aci_vrf.aci_rest_managed.rtdmcRsFilterToRtMapPol_ssm_range",
            "module.aci.module.aci_vrf.aci_rest_managed.rtdmcRsFilterToRtMapPol_static_rp",
            "module.aci.module.aci_vrf.aci_rest_managed.vzAny",
            "module.aci.module.aci_vrf.aci_rest_managed.vzRsAnyToCons",
            "module.aci.module.aci_vrf.aci_rest_managed.vzRsAnyToConsIf",
            "module.aci.module.aci_vrf.aci_rest_managed.vzRsAnyToProv"
          ]
        }
      ]
    },
    {
      "module": "module.aci.module.aci_endpoint_group[\"tf-vms-1/vms-2/vlan-3713\"]",
      "mode": "managed",
      "type": "aci_rest_managed",
      "name": "fvAEPg",
      "provider": "provider[\"registry.terraform.io/ciscodevnet/aci\"]",
      "instances": [
        {
          "schema_version": 0,
          "attributes": {
            "annotation": "orchestrator:terraform",
            "child": [],
            "class_name": "fvAEPg",
            "content": {
              "descr": "br0",
              "floodOnEncap": "disabled",
              "fwdCtrl": "",
              "name": "vlan-3713",
              "nameAlias": "",
              "pcEnfPref": "unenforced",
              "prefGrMemb": "exclude",
              "prio": "unspecified"
            },
            "dn": "uni/tn-tf-vms-1/ap-vms-2/epg-vlan-3713",
            "escape_html": true,
            "id": "uni/tn-tf-vms-1/ap-vms-2/epg-vlan-3713"
          },
          "sensitive_attributes": [],
          "dependencies": [
            "module.aci.data.utils_yaml_merge.defaults",
            "module.aci.data.utils_yaml_merge.model",
            "module.aci.data.utils_yaml_merge.modules",
            "module.aci.module.aci_application_profile.aci_rest_managed.fvAp",
            "module.aci.module.aci_bfd_interface_policy.aci_rest_managed.bfdIfPol",
            "module.aci.module.aci_bgp_timer_policy.aci_rest_managed.bgpCtxPol",
            "module.aci.module.aci_bridge_domain.aci_rest_managed.dhcpLbl",
            "module.aci.module.aci_bridge_domain.aci_rest_managed.dhcpRsDhcpOptionPol",
            "module.aci.module.aci_bridge_domain.aci_rest_managed.fvBD",
            "module.aci.module.aci_bridge_domain.aci_rest_managed.fvRsBDToOut",
            "module.aci.module.aci_bridge_domain.aci_rest_managed.fvRsCtx",
            "module.aci.module.aci_bridge_domain.aci_rest_managed.fvRsIgmpsn",
            "module.aci.module.aci_bridge_domain.aci_rest_managed.fvRsNdPfxPol",
            "module.aci.module.aci_bridge_domain.aci_rest_managed.fvSubnet",
            "module.aci.module.aci_bridge_domain.aci_rest_managed.igmpIfP",
            "module.aci.module.aci_bridge_domain.aci_rest_managed.igmpRsIfPol",
            "module.aci.module.aci_bridge_domain.aci_rest_managed.pimBDDestFilterPol",
            "module.aci.module.aci_bridge_domain.aci_rest_managed.pimBDFilterPol",
            "module.aci.module.aci_bridge_domain.aci_rest_managed.pimBDP",
            "module.aci.module.aci_bridge_domain.aci_rest_managed.pimBDSrcFilterPol",
            "module.aci.module.aci_bridge_domain.aci_rest_managed.rtdmcRsFilterToRtMapPol_destination",
            "module.aci.module.aci_bridge_domain.aci_rest_managed.rtdmcRsFilterToRtMapPol_source",
            "module.aci.module.aci_bridge_domain.aci_rest_managed.tagTag",
            "module.aci.module.aci_contract.aci_rest_managed.vzBrCP",
            "module.aci.module.aci_contract.aci_rest_managed.vzRsSubjFiltAtt",
            "module.aci.module.aci_contract.aci_rest_managed.vzRsSubjGraphAtt",
            "module.aci.module.aci_contract.aci_rest_managed.vzSubj",
            "module.aci.module.aci_dhcp_option_policy.aci_rest_managed.dhcpOption",
            "module.aci.module.aci_dhcp_option_policy.aci_rest_managed.dhcpOptionPol",
            "module.aci.module.aci_dhcp_relay_policy.aci_rest_managed.dhcpRelayP",
            "module.aci.module.aci_dhcp_relay_policy.aci_rest_managed.dhcpRsProv",
            "module.aci.module.aci_eigrp_interface_policy.aci_rest_managed.eigrpIfPol",
            "module.aci.module.aci_filter.aci_rest_managed.vzEntry",
            "module.aci.module.aci_filter.aci_rest_managed.vzFilter",
            "module.aci.module.aci_imported_contract.aci_rest_managed.vzCPIf",
            "module.aci.module.aci_imported_contract.aci_rest_managed.vzRsIf",
            "module.aci.module.aci_l3out.aci_rest_managed.bgpExtP",
            "module.aci.module.aci_l3out.aci_rest_managed.eigrpExtP",
            "module.aci.module.aci_l3out.aci_rest_managed.l3extConsLbl",
            "module.aci.module.aci_l3out.aci_rest_managed.l3extDefaultRouteLeakP",
            "module.aci.module.aci_l3out.aci_rest_managed.l3extInstP_sr_mpls",
            "module.aci.module.aci_l3out.aci_rest_managed.l3extOut",
            "module.aci.module.aci_l3out.aci_rest_managed.l3extProvLbl",
            "module.aci.module.aci_l3out.aci_rest_managed.l3extRsDampeningPol_ipv4",
            "module.aci.module.aci_l3out.aci_rest_managed.l3extRsDampeningPol_ipv6",
            "module.aci.module.aci_l3out.aci_rest_managed.l3extRsEctx",
            "module.aci.module.aci_l3out.aci_rest_managed.l3extRsInterleakPol",
            "module.aci.module.aci_l3out.aci_rest_managed.l3extRsL3DomAtt",
            "module.aci.module.aci_l3out.aci_rest_managed.l3extRsLblToInstP",
            "module.aci.module.aci_l3out.aci_rest_managed.l3extRsLblToProfile_export",
            "module.aci.module.aci_l3out.aci_rest_managed.l3extRsLblToProfile_import",
            "module.aci.module.aci_l3out.aci_rest_managed.l3extRsRedistributePol",
            "module.aci.module.aci_l3out.aci_rest_managed.mplsExtP",
            "module.aci.module.aci_l3out.aci_rest_managed.mplsRsLabelPol",
            "module.aci.module.aci_l3out.aci_rest_managed.ospfExtP",
            "module.aci.module.aci_l3out.aci_rest_managed.pimExtP",
            "module.aci.module.aci_l3out.aci_rest_managed.rtctrlCtxP_export",
            "module.aci.module.aci_l3out.aci_rest_managed.rtctrlCtxP_import",
            "module.aci.module.aci_l3out.aci_rest_managed.rtctrlProfile_export",
            "module.aci.module.aci_l3out.aci_rest_managed.rtctrlProfile_import",
            "module.aci.module.aci_l3out.aci_rest_managed.rtctrlRsCtxPToSubjP_export",
            "module.aci.module.aci_l3out.aci_rest_managed.rtctrlRsCtxPToSubjP_import",
            "module.aci.module.aci_l3out.aci_rest_managed.rtctrlRsScopeToAttrP_export",
            "module.aci.module.aci_l3out.aci_rest_managed.rtctrlRsScopeToAttrP_import",
            "module.aci.module.aci_l3out.aci_rest_managed.rtctrlScope_export",
            "module.aci.module.aci_l3out.aci_rest_managed.rtctrlScope_import",
            "module.aci.module.aci_match_rule.aci_rest_managed.rtctrlMatchCommFactor",
            "module.aci.module.aci_match_rule.aci_rest_managed.rtctrlMatchCommRegexTerm",
            "module.aci.module.aci_match_rule.aci_rest_managed.rtctrlMatchCommTerm",
            "module.aci.module.aci_match_rule.aci_rest_managed.rtctrlMatchRtDest",
            "module.aci.module.aci_match_rule.aci_rest_managed.rtctrlSubjP",
            "module.aci.module.aci_ospf_interface_policy.aci_rest_managed.ospfIfPol",
            "module.aci.module.aci_set_rule.aci_rest_managed.rtctrlAttrP",
            "module.aci.module.aci_set_rule.aci_rest_managed.rtctrlRsSetPolicyTagToInstP",
            "module.aci.module.aci_set_rule.aci_rest_managed.rtctrlSetASPath",
            "module.aci.module.aci_set_rule.aci_rest_managed.rtctrlSetASPathASN",
            "module.aci.module.aci_set_rule.aci_rest_managed.rtctrlSetAddComm",
            "module.aci.module.aci_set_rule.aci_rest_managed.rtctrlSetComm",
            "module.aci.module.aci_set_rule.aci_rest_managed.rtctrlSetDamp",
            "module.aci.module.aci_set_rule.aci_rest_managed.rtctrlSetNh",
            "module.aci.module.aci_set_rule.aci_rest_managed.rtctrlSetNhUnchanged",
            "module.aci.module.aci_set_rule.aci_rest_managed.rtctrlSetPolicyTag",
            "module.aci.module.aci_set_rule.aci_rest_managed.rtctrlSetPref",
            "module.aci.module.aci_set_rule.aci_rest_managed.rtctrlSetRedistMultipath",
            "module.aci.module.aci_set_rule.aci_rest_managed.rtctrlSetRtMetric",
            "module.aci.module.aci_set_rule.aci_rest_managed.rtctrlSetRtMetricType",
            "module.aci.module.aci_set_rule.aci_rest_managed.rtctrlSetTag",
            "module.aci.module.aci_set_rule.aci_rest_managed.rtctrlSetWeight",
            "module.aci.module.aci_tenant.aci_rest_managed.aaaDomainRef",
            "module.aci.module.aci_tenant.aci_rest_managed.fvTenant",
            "module.aci.module.aci_vlan_pool.aci_rest_managed.fvnsEncapBlk",
            "module.aci.module.aci_vlan_pool.aci_rest_managed.fvnsVlanInstP",
            "module.aci.module.aci_vmware_vmm_domain.aci_rest_managed.aaaDomainRef",
            "module.aci.module.aci_vmware_vmm_domain.aci_rest_managed.infraRsVlanNs",
            "module.aci.module.aci_vmware_vmm_domain.aci_rest_managed.lacpEnhancedLagPol",
            "module.aci.module.aci_vmware_vmm_domain.aci_rest_managed.vmmCtrlrP",
            "module.aci.module.aci_vmware_vmm_domain.aci_rest_managed.vmmDomP",
            "module.aci.module.aci_vmware_vmm_domain.aci_rest_managed.vmmRsAcc",
            "module.aci.module.aci_vmware_vmm_domain.aci_rest_managed.vmmRsMgmtEPg",
            "module.aci.module.aci_vmware_vmm_domain.aci_rest_managed.vmmRsVswitchOverrideCdpIfPol",
            "module.aci.module.aci_vmware_vmm_domain.aci_rest_managed.vmmRsVswitchOverrideLacpPol",
            "module.aci.module.aci_vmware_vmm_domain.aci_rest_managed.vmmRsVswitchOverrideLldpIfPol",
            "module.aci.module.aci_vmware_vmm_domain.aci_rest_managed.vmmRsVswitchOverrideMtuPol",
            "module.aci.module.aci_vmware_vmm_domain.aci_rest_managed.vmmUplinkP",
            "module.aci.module.aci_vmware_vmm_domain.aci_rest_managed.vmmUplinkPCont",
            "module.aci.module.aci_vmware_vmm_domain.aci_rest_managed.vmmUsrAccP",
            "module.aci.module.aci_vmware_vmm_domain.aci_rest_managed.vmmVSwitchPolicyCont",
            "module.aci.module.aci_vrf.aci_rest_managed.bgpRtTargetP_ipv4",
            "module.aci.module.aci_vrf.aci_rest_managed.bgpRtTargetP_ipv6",
            "module.aci.module.aci_vrf.aci_rest_managed.bgpRtTarget_ipv4_export",
            "module.aci.module.aci_vrf.aci_rest_managed.bgpRtTarget_ipv4_import",
            "module.aci.module.aci_vrf.aci_rest_managed.bgpRtTarget_ipv6_export",
            "module.aci.module.aci_vrf.aci_rest_managed.bgpRtTarget_ipv6_import",
            "module.aci.module.aci_vrf.aci_rest_managed.dnsLbl",
            "module.aci.module.aci_vrf.aci_rest_managed.fvCtx",
            "module.aci.module.aci_vrf.aci_rest_managed.fvRsBgpCtxPol",
            "module.aci.module.aci_vrf.aci_rest_managed.fvRsCtxToBgpCtxAfPol_ipv4",
            "module.aci.module.aci_vrf.aci_rest_managed.fvRsCtxToBgpCtxAfPol_ipv6",
            "module.aci.module.aci_vrf.aci_rest_managed.fvRsCtxToExtRouteTagPol",
            "module.aci.module.aci_vrf.aci_rest_managed.fvRsCtxToOspfCtxPol_ipv4",
            "module.aci.module.aci_vrf.aci_rest_managed.fvRsCtxToOspfCtxPol_ipv6",
            "module.aci.module.aci_vrf.aci_rest_managed.fvRsOspfCtxPol",
            "module.aci.module.aci_vrf.aci_rest_managed.igmpCtxP",
            "module.aci.module.aci_vrf.aci_rest_managed.igmpSSMXlateP",
            "module.aci.module.aci_vrf.aci_rest_managed.leakExternalPrefix",
            "module.aci.module.aci_vrf.aci_rest_managed.leakInternalSubnet",
            "module.aci.module.aci_vrf.aci_rest_managed.leakRoutes",
            "module.aci.module.aci_vrf.aci_rest_managed.leakTo_external",
            "module.aci.module.aci_vrf.aci_rest_managed.leakTo_internal",
            "module.aci.module.aci_vrf.aci_rest_managed.pimASMPatPol",
            "module.aci.module.aci_vrf.aci_rest_managed.pimAutoRPPol",
            "module.aci.module.aci_vrf.aci_rest_managed.pimBSRFilterPol",
            "module.aci.module.aci_vrf.aci_rest_managed.pimBSRPPol",
            "module.aci.module.aci_vrf.aci_rest_managed.pimCtxP",
            "module.aci.module.aci_vrf.aci_rest_managed.pimFabricRPPol",
            "module.aci.module.aci_vrf.aci_rest_managed.pimInterVRFEntryPol",
            "module.aci.module.aci_vrf.aci_rest_managed.pimInterVRFPol",
            "module.aci.module.aci_vrf.aci_rest_managed.pimMAFilterPol",
            "module.aci.module.aci_vrf.aci_rest_managed.pimRPGrpRangePol_fabric_rp",
            "module.aci.module.aci_vrf.aci_rest_managed.pimRPGrpRangePol_static_rp",
            "module.aci.module.aci_vrf.aci_rest_managed.pimRegTrPol",
            "module.aci.module.aci_vrf.aci_rest_managed.pimResPol",
            "module.aci.module.aci_vrf.aci_rest_managed.pimSGRangeExpPol",
            "module.aci.module.aci_vrf.aci_rest_managed.pimSSMPatPol",
            "module.aci.module.aci_vrf.aci_rest_managed.pimSSMRangePol",
            "module.aci.module.aci_vrf.aci_rest_managed.pimSharedRangePol",
            "module.aci.module.aci_vrf.aci_rest_managed.pimStaticRPEntryPol_fabric_rp",
            "module.aci.module.aci_vrf.aci_rest_managed.pimStaticRPEntryPol_static_rp",
            "module.aci.module.aci_vrf.aci_rest_managed.pimStaticRPPol",
            "module.aci.module.aci_vrf.aci_rest_managed.rtdmcRsFilterToRtMapPol_asm_sg_expiry",
            "module.aci.module.aci_vrf.aci_rest_managed.rtdmcRsFilterToRtMapPol_asm_shared",
            "module.aci.module.aci_vrf.aci_rest_managed.rtdmcRsFilterToRtMapPol_auto_rp",
            "module.aci.module.aci_vrf.aci_rest_managed.rtdmcRsFilterToRtMapPol_bsr",
            "module.aci.module.aci_vrf.aci_rest_managed.rtdmcRsFilterToRtMapPol_fabric_rp",
            "module.aci.module.aci_vrf.aci_rest_managed.rtdmcRsFilterToRtMapPol_pim_inter_vrf",
            "module.aci.module.aci_vrf.aci_rest_managed.rtdmcRsFilterToRtMapPol_ssm_range",
            "module.aci.module.aci_vrf.aci_rest_managed.rtdmcRsFilterToRtMapPol_static_rp",
            "module.aci.module.aci_vrf.aci_rest_managed.vzAny",
            "module.aci.module.aci_vrf.aci_rest_managed.vzRsAnyToCons",
            "module.aci.module.aci_vrf.aci_rest_managed.vzRsAnyToConsIf",
            "module.aci.module.aci_vrf.aci_rest_managed.vzRsAnyToProv"
          ]
        }
      ]
    },
    {
      "module": "module.aci.module.aci_endpoint_group[\"tf-vms-1/vms-2/vlan-3713\"]",
      "mode": "managed",
      "type": "aci_rest_managed",
      "name": "fvRsBd",
      "provider": "provider[\"registry.terraform.io/ciscodevnet/aci\"]",
      "instances": [
        {
          "schema_version": 0,
          "attributes": {
            "annotation": "orchestrator:terraform",
            "child": [],
            "class_name": "fvRsBd",
            "content": {
              "tnFvBDName": "10.1.203.0_24"
            },
            "dn": "uni/tn-tf-vms-1/ap-vms-2/epg-vlan-3713/rsbd",
            "escape_html": true,
            "id": "uni/tn-tf-vms-1/ap-vms-2/epg-vlan-3713/rsbd"
          },
          "sensitive_attributes": [],
          "dependencies": [
            "module.aci.data.utils_yaml_merge.defaults",
            "module.aci.data.utils_yaml_merge.model",
            "module.aci.data.utils_yaml_merge.modules",
            "module.aci.module.aci_application_profile.aci_rest_managed.fvAp",
            "module.aci.module.aci_bfd_interface_policy.aci_rest_managed.bfdIfPol",
            "module.aci.module.aci_bgp_timer_policy.aci_rest_managed.bgpCtxPol",
            "module.aci.module.aci_bridge_domain.aci_rest_managed.dhcpLbl",
            "module.aci.module.aci_bridge_domain.aci_rest_managed.dhcpRsDhcpOptionPol",
            "module.aci.module.aci_bridge_domain.aci_rest_managed.fvBD",
            "module.aci.module.aci_bridge_domain.aci_rest_managed.fvRsBDToOut",
            "module.aci.module.aci_bridge_domain.aci_rest_managed.fvRsCtx",
            "module.aci.module.aci_bridge_domain.aci_rest_managed.fvRsIgmpsn",
            "module.aci.module.aci_bridge_domain.aci_rest_managed.fvRsNdPfxPol",
            "module.aci.module.aci_bridge_domain.aci_rest_managed.fvSubnet",
            "module.aci.module.aci_bridge_domain.aci_rest_managed.igmpIfP",
            "module.aci.module.aci_bridge_domain.aci_rest_managed.igmpRsIfPol",
            "module.aci.module.aci_bridge_domain.aci_rest_managed.pimBDDestFilterPol",
            "module.aci.module.aci_bridge_domain.aci_rest_managed.pimBDFilterPol",
            "module.aci.module.aci_bridge_domain.aci_rest_managed.pimBDP",
            "module.aci.module.aci_bridge_domain.aci_rest_managed.pimBDSrcFilterPol",
            "module.aci.module.aci_bridge_domain.aci_rest_managed.rtdmcRsFilterToRtMapPol_destination",
            "module.aci.module.aci_bridge_domain.aci_rest_managed.rtdmcRsFilterToRtMapPol_source",
            "module.aci.module.aci_bridge_domain.aci_rest_managed.tagTag",
            "module.aci.module.aci_contract.aci_rest_managed.vzBrCP",
            "module.aci.module.aci_contract.aci_rest_managed.vzRsSubjFiltAtt",
            "module.aci.module.aci_contract.aci_rest_managed.vzRsSubjGraphAtt",
            "module.aci.module.aci_contract.aci_rest_managed.vzSubj",
            "module.aci.module.aci_dhcp_option_policy.aci_rest_managed.dhcpOption",
            "module.aci.module.aci_dhcp_option_policy.aci_rest_managed.dhcpOptionPol",
            "module.aci.module.aci_dhcp_relay_policy.aci_rest_managed.dhcpRelayP",
            "module.aci.module.aci_dhcp_relay_policy.aci_rest_managed.dhcpRsProv",
            "module.aci.module.aci_eigrp_interface_policy.aci_rest_managed.eigrpIfPol",
            "module.aci.module.aci_endpoint_group.aci_rest_managed.fvAEPg",
            "module.aci.module.aci_filter.aci_rest_managed.vzEntry",
            "module.aci.module.aci_filter.aci_rest_managed.vzFilter",
            "module.aci.module.aci_imported_contract.aci_rest_managed.vzCPIf",
            "module.aci.module.aci_imported_contract.aci_rest_managed.vzRsIf",
            "module.aci.module.aci_l3out.aci_rest_managed.bgpExtP",
            "module.aci.module.aci_l3out.aci_rest_managed.eigrpExtP",
            "module.aci.module.aci_l3out.aci_rest_managed.l3extConsLbl",
            "module.aci.module.aci_l3out.aci_rest_managed.l3extDefaultRouteLeakP",
            "module.aci.module.aci_l3out.aci_rest_managed.l3extInstP_sr_mpls",
            "module.aci.module.aci_l3out.aci_rest_managed.l3extOut",
            "module.aci.module.aci_l3out.aci_rest_managed.l3extProvLbl",
            "module.aci.module.aci_l3out.aci_rest_managed.l3extRsDampeningPol_ipv4",
            "module.aci.module.aci_l3out.aci_rest_managed.l3extRsDampeningPol_ipv6",
            "module.aci.module.aci_l3out.aci_rest_managed.l3extRsEctx",
            "module.aci.module.aci_l3out.aci_rest_managed.l3extRsInterleakPol",
            "module.aci.module.aci_l3out.aci_rest_managed.l3extRsL3DomAtt",
            "module.aci.module.aci_l3out.aci_rest_managed.l3extRsLblToInstP",
            "module.aci.module.aci_l3out.aci_rest_managed.l3extRsLblToProfile_export",
            "module.aci.module.aci_l3out.aci_rest_managed.l3extRsLblToProfile_import",
            "module.aci.module.aci_l3out.aci_rest_managed.l3extRsRedistributePol",
            "module.aci.module.aci_l3out.aci_rest_managed.mplsExtP",
            "module.aci.module.aci_l3out.aci_rest_managed.mplsRsLabelPol",
            "module.aci.module.aci_l3out.aci_rest_managed.ospfExtP",
            "module.aci.module.aci_l3out.aci_rest_managed.pimExtP",
            "module.aci.module.aci_l3out.aci_rest_managed.rtctrlCtxP_export",
            "module.aci.module.aci_l3out.aci_rest_managed.rtctrlCtxP_import",
            "module.aci.module.aci_l3out.aci_rest_managed.rtctrlProfile_export",
            "module.aci.module.aci_l3out.aci_rest_managed.rtctrlProfile_import",
            "module.aci.module.aci_l3out.aci_rest_managed.rtctrlRsCtxPToSubjP_export",
            "module.aci.module.aci_l3out.aci_rest_managed.rtctrlRsCtxPToSubjP_import",
            "module.aci.module.aci_l3out.aci_rest_managed.rtctrlRsScopeToAttrP_export",
            "module.aci.module.aci_l3out.aci_rest_managed.rtctrlRsScopeToAttrP_import",
            "module.aci.module.aci_l3out.aci_rest_managed.rtctrlScope_export",
            "module.aci.module.aci_l3out.aci_rest_managed.rtctrlScope_import",
            "module.aci.module.aci_match_rule.aci_rest_managed.rtctrlMatchCommFactor",
            "module.aci.module.aci_match_rule.aci_rest_managed.rtctrlMatchCommRegexTerm",
            "module.aci.module.aci_match_rule.aci_rest_managed.rtctrlMatchCommTerm",
            "module.aci.module.aci_match_rule.aci_rest_managed.rtctrlMatchRtDest",
            "module.aci.module.aci_match_rule.aci_rest_managed.rtctrlSubjP",
            "module.aci.module.aci_ospf_interface_policy.aci_rest_managed.ospfIfPol",
            "module.aci.module.aci_set_rule.aci_rest_managed.rtctrlAttrP",
            "module.aci.module.aci_set_rule.aci_rest_managed.rtctrlRsSetPolicyTagToInstP",
            "module.aci.module.aci_set_rule.aci_rest_managed.rtctrlSetASPath",
            "module.aci.module.aci_set_rule.aci_rest_managed.rtctrlSetASPathASN",
            "module.aci.module.aci_set_rule.aci_rest_managed.rtctrlSetAddComm",
            "module.aci.module.aci_set_rule.aci_rest_managed.rtctrlSetComm",
            "module.aci.module.aci_set_rule.aci_rest_managed.rtctrlSetDamp",
            "module.aci.module.aci_set_rule.aci_rest_managed.rtctrlSetNh",
            "module.aci.module.aci_set_rule.aci_rest_managed.rtctrlSetNhUnchanged",
            "module.aci.module.aci_set_rule.aci_rest_managed.rtctrlSetPolicyTag",
            "module.aci.module.aci_set_rule.aci_rest_managed.rtctrlSetPref",
            "module.aci.module.aci_set_rule.aci_rest_managed.rtctrlSetRedistMultipath",
            "module.aci.module.aci_set_rule.aci_rest_managed.rtctrlSetRtMetric",
            "module.aci.module.aci_set_rule.aci_rest_managed.rtctrlSetRtMetricType",
            "module.aci.module.aci_set_rule.aci_rest_managed.rtctrlSetTag",
            "module.aci.module.aci_set_rule.aci_rest_managed.rtctrlSetWeight",
            "module.aci.module.aci_tenant.aci_rest_managed.aaaDomainRef",
            "module.aci.module.aci_tenant.aci_rest_managed.fvTenant",
            "module.aci.module.aci_vlan_pool.aci_rest_managed.fvnsEncapBlk",
            "module.aci.module.aci_vlan_pool.aci_rest_managed.fvnsVlanInstP",
            "module.aci.module.aci_vmware_vmm_domain.aci_rest_managed.aaaDomainRef",
            "module.aci.module.aci_vmware_vmm_domain.aci_rest_managed.infraRsVlanNs",
            "module.aci.module.aci_vmware_vmm_domain.aci_rest_managed.lacpEnhancedLagPol",
            "module.aci.module.aci_vmware_vmm_domain.aci_rest_managed.vmmCtrlrP",
            "module.aci.module.aci_vmware_vmm_domain.aci_rest_managed.vmmDomP",
            "module.aci.module.aci_vmware_vmm_domain.aci_rest_managed.vmmRsAcc",
            "module.aci.module.aci_vmware_vmm_domain.aci_rest_managed.vmmRsMgmtEPg",
            "module.aci.module.aci_vmware_vmm_domain.aci_rest_managed.vmmRsVswitchOverrideCdpIfPol",
            "module.aci.module.aci_vmware_vmm_domain.aci_rest_managed.vmmRsVswitchOverrideLacpPol",
            "module.aci.module.aci_vmware_vmm_domain.aci_rest_managed.vmmRsVswitchOverrideLldpIfPol",
            "module.aci.module.aci_vmware_vmm_domain.aci_rest_managed.vmmRsVswitchOverrideMtuPol",
            "module.aci.module.aci_vmware_vmm_domain.aci_rest_managed.vmmUplinkP",
            "module.aci.module.aci_vmware_vmm_domain.aci_rest_managed.vmmUplinkPCont",
            "module.aci.module.aci_vmware_vmm_domain.aci_rest_managed.vmmUsrAccP",
            "module.aci.module.aci_vmware_vmm_domain.aci_rest_managed.vmmVSwitchPolicyCont",
            "module.aci.module.aci_vrf.aci_rest_managed.bgpRtTargetP_ipv4",
            "module.aci.module.aci_vrf.aci_rest_managed.bgpRtTargetP_ipv6",
            "module.aci.module.aci_vrf.aci_rest_managed.bgpRtTarget_ipv4_export",
            "module.aci.module.aci_vrf.aci_rest_managed.bgpRtTarget_ipv4_import",
            "module.aci.module.aci_vrf.aci_rest_managed.bgpRtTarget_ipv6_export",
            "module.aci.module.aci_vrf.aci_rest_managed.bgpRtTarget_ipv6_import",
            "module.aci.module.aci_vrf.aci_rest_managed.dnsLbl",
            "module.aci.module.aci_vrf.aci_rest_managed.fvCtx",
            "module.aci.module.aci_vrf.aci_rest_managed.fvRsBgpCtxPol",
            "module.aci.module.aci_vrf.aci_rest_managed.fvRsCtxToBgpCtxAfPol_ipv4",
            "module.aci.module.aci_vrf.aci_rest_managed.fvRsCtxToBgpCtxAfPol_ipv6",
            "module.aci.module.aci_vrf.aci_rest_managed.fvRsCtxToExtRouteTagPol",
            "module.aci.module.aci_vrf.aci_rest_managed.fvRsCtxToOspfCtxPol_ipv4",
            "module.aci.module.aci_vrf.aci_rest_managed.fvRsCtxToOspfCtxPol_ipv6",
            "module.aci.module.aci_vrf.aci_rest_managed.fvRsOspfCtxPol",
            "module.aci.module.aci_vrf.aci_rest_managed.igmpCtxP",
            "module.aci.module.aci_vrf.aci_rest_managed.igmpSSMXlateP",
            "module.aci.module.aci_vrf.aci_rest_managed.leakExternalPrefix",
            "module.aci.module.aci_vrf.aci_rest_managed.leakInternalSubnet",
            "module.aci.module.aci_vrf.aci_rest_managed.leakRoutes",
            "module.aci.module.aci_vrf.aci_rest_managed.leakTo_external",
            "module.aci.module.aci_vrf.aci_rest_managed.leakTo_internal",
            "module.aci.module.aci_vrf.aci_rest_managed.pimASMPatPol",
            "module.aci.module.aci_vrf.aci_rest_managed.pimAutoRPPol",
            "module.aci.module.aci_vrf.aci_rest_managed.pimBSRFilterPol",
            "module.aci.module.aci_vrf.aci_rest_managed.pimBSRPPol",
            "module.aci.module.aci_vrf.aci_rest_managed.pimCtxP",
            "module.aci.module.aci_vrf.aci_rest_managed.pimFabricRPPol",
            "module.aci.module.aci_vrf.aci_rest_managed.pimInterVRFEntryPol",
            "module.aci.module.aci_vrf.aci_rest_managed.pimInterVRFPol",
            "module.aci.module.aci_vrf.aci_rest_managed.pimMAFilterPol",
            "module.aci.module.aci_vrf.aci_rest_managed.pimRPGrpRangePol_fabric_rp",
            "module.aci.module.aci_vrf.aci_rest_managed.pimRPGrpRangePol_static_rp",
            "module.aci.module.aci_vrf.aci_rest_managed.pimRegTrPol",
            "module.aci.module.aci_vrf.aci_rest_managed.pimResPol",
            "module.aci.module.aci_vrf.aci_rest_managed.pimSGRangeExpPol",
            "module.aci.module.aci_vrf.aci_rest_managed.pimSSMPatPol",
            "module.aci.module.aci_vrf.aci_rest_managed.pimSSMRangePol",
            "module.aci.module.aci_vrf.aci_rest_managed.pimSharedRangePol",
            "module.aci.module.aci_vrf.aci_rest_managed.pimStaticRPEntryPol_fabric_rp",
            "module.aci.module.aci_vrf.aci_rest_managed.pimStaticRPEntryPol_static_rp",
            "module.aci.module.aci_vrf.aci_rest_managed.pimStaticRPPol",
            "module.aci.module.aci_vrf.aci_rest_managed.rtdmcRsFilterToRtMapPol_asm_sg_expiry",
            "module.aci.module.aci_vrf.aci_rest_managed.rtdmcRsFilterToRtMapPol_asm_shared",
            "module.aci.module.aci_vrf.aci_rest_managed.rtdmcRsFilterToRtMapPol_auto_rp",
            "module.aci.module.aci_vrf.aci_rest_managed.rtdmcRsFilterToRtMapPol_bsr",
            "module.aci.module.aci_vrf.aci_rest_managed.rtdmcRsFilterToRtMapPol_fabric_rp",
            "module.aci.module.aci_vrf.aci_rest_managed.rtdmcRsFilterToRtMapPol_pim_inter_vrf",
            "module.aci.module.aci_vrf.aci_rest_managed.rtdmcRsFilterToRtMapPol_ssm_range",
            "module.aci.module.aci_vrf.aci_rest_managed.rtdmcRsFilterToRtMapPol_static_rp",
            "module.aci.module.aci_vrf.aci_rest_managed.vzAny",
            "module.aci.module.aci_vrf.aci_rest_managed.vzRsAnyToCons",
            "module.aci.module.aci_vrf.aci_rest_managed.vzRsAnyToConsIf",
            "module.aci.module.aci_vrf.aci_rest_managed.vzRsAnyToProv"
          ]
        }
      ]
    },
    {
      "module": "module.aci.module.aci_endpoint_group[\"tf-vms-1/vms-2/vlan-3713\"]",
      "mode": "managed",
      "type": "aci_rest_managed",
      "name": "fvRsDomAtt",
      "provider": "provider[\"registry.terraform.io/ciscodevnet/aci\"]",
      "instances": [
        {
          "index_key": "ocp_sr_iov-secondary",
          "schema_version": 0,
          "attributes": {
            "annotation": "orchestrator:terraform",
            "child": [],
            "class_name": "fvRsDomAtt",
            "content": {
              "tDn": "uni/phys-ocp_sr_iov-secondary"
            },
            "dn": "uni/tn-tf-vms-1/ap-vms-2/epg-vlan-3713/rsdomAtt-[uni/phys-ocp_sr_iov-secondary]",
            "escape_html": true,
            "id": "uni/tn-tf-vms-1/ap-vms-2/epg-vlan-3713/rsdomAtt-[uni/phys-ocp_sr_iov-secondary]"
          },
          "sensitive_attributes": [],
          "dependencies": [
            "module.aci.data.utils_yaml_merge.defaults",
            "module.aci.data.utils_yaml_merge.model",
            "module.aci.data.utils_yaml_merge.modules",
            "module.aci.module.aci_application_profile.aci_rest_managed.fvAp",
            "module.aci.module.aci_bfd_interface_policy.aci_rest_managed.bfdIfPol",
            "module.aci.module.aci_bgp_timer_policy.aci_rest_managed.bgpCtxPol",
            "module.aci.module.aci_bridge_domain.aci_rest_managed.dhcpLbl",
            "module.aci.module.aci_bridge_domain.aci_rest_managed.dhcpRsDhcpOptionPol",
            "module.aci.module.aci_bridge_domain.aci_rest_managed.fvBD",
            "module.aci.module.aci_bridge_domain.aci_rest_managed.fvRsBDToOut",
            "module.aci.module.aci_bridge_domain.aci_rest_managed.fvRsCtx",
            "module.aci.module.aci_bridge_domain.aci_rest_managed.fvRsIgmpsn",
            "module.aci.module.aci_bridge_domain.aci_rest_managed.fvRsNdPfxPol",
            "module.aci.module.aci_bridge_domain.aci_rest_managed.fvSubnet",
            "module.aci.module.aci_bridge_domain.aci_rest_managed.igmpIfP",
            "module.aci.module.aci_bridge_domain.aci_rest_managed.igmpRsIfPol",
            "module.aci.module.aci_bridge_domain.aci_rest_managed.pimBDDestFilterPol",
            "module.aci.module.aci_bridge_domain.aci_rest_managed.pimBDFilterPol",
            "module.aci.module.aci_bridge_domain.aci_rest_managed.pimBDP",
            "module.aci.module.aci_bridge_domain.aci_rest_managed.pimBDSrcFilterPol",
            "module.aci.module.aci_bridge_domain.aci_rest_managed.rtdmcRsFilterToRtMapPol_destination",
            "module.aci.module.aci_bridge_domain.aci_rest_managed.rtdmcRsFilterToRtMapPol_source",
            "module.aci.module.aci_bridge_domain.aci_rest_managed.tagTag",
            "module.aci.module.aci_contract.aci_rest_managed.vzBrCP",
            "module.aci.module.aci_contract.aci_rest_managed.vzRsSubjFiltAtt",
            "module.aci.module.aci_contract.aci_rest_managed.vzRsSubjGraphAtt",
            "module.aci.module.aci_contract.aci_rest_managed.vzSubj",
            "module.aci.module.aci_dhcp_option_policy.aci_rest_managed.dhcpOption",
            "module.aci.module.aci_dhcp_option_policy.aci_rest_managed.dhcpOptionPol",
            "module.aci.module.aci_dhcp_relay_policy.aci_rest_managed.dhcpRelayP",
            "module.aci.module.aci_dhcp_relay_policy.aci_rest_managed.dhcpRsProv",
            "module.aci.module.aci_eigrp_interface_policy.aci_rest_managed.eigrpIfPol",
            "module.aci.module.aci_endpoint_group.aci_rest_managed.fvAEPg",
            "module.aci.module.aci_filter.aci_rest_managed.vzEntry",
            "module.aci.module.aci_filter.aci_rest_managed.vzFilter",
            "module.aci.module.aci_imported_contract.aci_rest_managed.vzCPIf",
            "module.aci.module.aci_imported_contract.aci_rest_managed.vzRsIf",
            "module.aci.module.aci_l3out.aci_rest_managed.bgpExtP",
            "module.aci.module.aci_l3out.aci_rest_managed.eigrpExtP",
            "module.aci.module.aci_l3out.aci_rest_managed.l3extConsLbl",
            "module.aci.module.aci_l3out.aci_rest_managed.l3extDefaultRouteLeakP",
            "module.aci.module.aci_l3out.aci_rest_managed.l3extInstP_sr_mpls",
            "module.aci.module.aci_l3out.aci_rest_managed.l3extOut",
            "module.aci.module.aci_l3out.aci_rest_managed.l3extProvLbl",
            "module.aci.module.aci_l3out.aci_rest_managed.l3extRsDampeningPol_ipv4",
            "module.aci.module.aci_l3out.aci_rest_managed.l3extRsDampeningPol_ipv6",
            "module.aci.module.aci_l3out.aci_rest_managed.l3extRsEctx",
            "module.aci.module.aci_l3out.aci_rest_managed.l3extRsInterleakPol",
            "module.aci.module.aci_l3out.aci_rest_managed.l3extRsL3DomAtt",
            "module.aci.module.aci_l3out.aci_rest_managed.l3extRsLblToInstP",
            "module.aci.module.aci_l3out.aci_rest_managed.l3extRsLblToProfile_export",
            "module.aci.module.aci_l3out.aci_rest_managed.l3extRsLblToProfile_import",
            "module.aci.module.aci_l3out.aci_rest_managed.l3extRsRedistributePol",
            "module.aci.module.aci_l3out.aci_rest_managed.mplsExtP",
            "module.aci.module.aci_l3out.aci_rest_managed.mplsRsLabelPol",
            "module.aci.module.aci_l3out.aci_rest_managed.ospfExtP",
            "module.aci.module.aci_l3out.aci_rest_managed.pimExtP",
            "module.aci.module.aci_l3out.aci_rest_managed.rtctrlCtxP_export",
            "module.aci.module.aci_l3out.aci_rest_managed.rtctrlCtxP_import",
            "module.aci.module.aci_l3out.aci_rest_managed.rtctrlProfile_export",
            "module.aci.module.aci_l3out.aci_rest_managed.rtctrlProfile_import",
            "module.aci.module.aci_l3out.aci_rest_managed.rtctrlRsCtxPToSubjP_export",
            "module.aci.module.aci_l3out.aci_rest_managed.rtctrlRsCtxPToSubjP_import",
            "module.aci.module.aci_l3out.aci_rest_managed.rtctrlRsScopeToAttrP_export",
            "module.aci.module.aci_l3out.aci_rest_managed.rtctrlRsScopeToAttrP_import",
            "module.aci.module.aci_l3out.aci_rest_managed.rtctrlScope_export",
            "module.aci.module.aci_l3out.aci_rest_managed.rtctrlScope_import",
            "module.aci.module.aci_match_rule.aci_rest_managed.rtctrlMatchCommFactor",
            "module.aci.module.aci_match_rule.aci_rest_managed.rtctrlMatchCommRegexTerm",
            "module.aci.module.aci_match_rule.aci_rest_managed.rtctrlMatchCommTerm",
            "module.aci.module.aci_match_rule.aci_rest_managed.rtctrlMatchRtDest",
            "module.aci.module.aci_match_rule.aci_rest_managed.rtctrlSubjP",
            "module.aci.module.aci_ospf_interface_policy.aci_rest_managed.ospfIfPol",
            "module.aci.module.aci_set_rule.aci_rest_managed.rtctrlAttrP",
            "module.aci.module.aci_set_rule.aci_rest_managed.rtctrlRsSetPolicyTagToInstP",
            "module.aci.module.aci_set_rule.aci_rest_managed.rtctrlSetASPath",
            "module.aci.module.aci_set_rule.aci_rest_managed.rtctrlSetASPathASN",
            "module.aci.module.aci_set_rule.aci_rest_managed.rtctrlSetAddComm",
            "module.aci.module.aci_set_rule.aci_rest_managed.rtctrlSetComm",
            "module.aci.module.aci_set_rule.aci_rest_managed.rtctrlSetDamp",
            "module.aci.module.aci_set_rule.aci_rest_managed.rtctrlSetNh",
            "module.aci.module.aci_set_rule.aci_rest_managed.rtctrlSetNhUnchanged",
            "module.aci.module.aci_set_rule.aci_rest_managed.rtctrlSetPolicyTag",
            "module.aci.module.aci_set_rule.aci_rest_managed.rtctrlSetPref",
            "module.aci.module.aci_set_rule.aci_rest_managed.rtctrlSetRedistMultipath",
            "module.aci.module.aci_set_rule.aci_rest_managed.rtctrlSetRtMetric",
            "module.aci.module.aci_set_rule.aci_rest_managed.rtctrlSetRtMetricType",
            "module.aci.module.aci_set_rule.aci_rest_managed.rtctrlSetTag",
            "module.aci.module.aci_set_rule.aci_rest_managed.rtctrlSetWeight",
            "module.aci.module.aci_tenant.aci_rest_managed.aaaDomainRef",
            "module.aci.module.aci_tenant.aci_rest_managed.fvTenant",
            "module.aci.module.aci_vlan_pool.aci_rest_managed.fvnsEncapBlk",
            "module.aci.module.aci_vlan_pool.aci_rest_managed.fvnsVlanInstP",
            "module.aci.module.aci_vmware_vmm_domain.aci_rest_managed.aaaDomainRef",
            "module.aci.module.aci_vmware_vmm_domain.aci_rest_managed.infraRsVlanNs",
            "module.aci.module.aci_vmware_vmm_domain.aci_rest_managed.lacpEnhancedLagPol",
            "module.aci.module.aci_vmware_vmm_domain.aci_rest_managed.vmmCtrlrP",
            "module.aci.module.aci_vmware_vmm_domain.aci_rest_managed.vmmDomP",
            "module.aci.module.aci_vmware_vmm_domain.aci_rest_managed.vmmRsAcc",
            "module.aci.module.aci_vmware_vmm_domain.aci_rest_managed.vmmRsMgmtEPg",
            "module.aci.module.aci_vmware_vmm_domain.aci_rest_managed.vmmRsVswitchOverrideCdpIfPol",
            "module.aci.module.aci_vmware_vmm_domain.aci_rest_managed.vmmRsVswitchOverrideLacpPol",
            "module.aci.module.aci_vmware_vmm_domain.aci_rest_managed.vmmRsVswitchOverrideLldpIfPol",
            "module.aci.module.aci_vmware_vmm_domain.aci_rest_managed.vmmRsVswitchOverrideMtuPol",
            "module.aci.module.aci_vmware_vmm_domain.aci_rest_managed.vmmUplinkP",
            "module.aci.module.aci_vmware_vmm_domain.aci_rest_managed.vmmUplinkPCont",
            "module.aci.module.aci_vmware_vmm_domain.aci_rest_managed.vmmUsrAccP",
            "module.aci.module.aci_vmware_vmm_domain.aci_rest_managed.vmmVSwitchPolicyCont",
            "module.aci.module.aci_vrf.aci_rest_managed.bgpRtTargetP_ipv4",
            "module.aci.module.aci_vrf.aci_rest_managed.bgpRtTargetP_ipv6",
            "module.aci.module.aci_vrf.aci_rest_managed.bgpRtTarget_ipv4_export",
            "module.aci.module.aci_vrf.aci_rest_managed.bgpRtTarget_ipv4_import",
            "module.aci.module.aci_vrf.aci_rest_managed.bgpRtTarget_ipv6_export",
            "module.aci.module.aci_vrf.aci_rest_managed.bgpRtTarget_ipv6_import",
            "module.aci.module.aci_vrf.aci_rest_managed.dnsLbl",
            "module.aci.module.aci_vrf.aci_rest_managed.fvCtx",
            "module.aci.module.aci_vrf.aci_rest_managed.fvRsBgpCtxPol",
            "module.aci.module.aci_vrf.aci_rest_managed.fvRsCtxToBgpCtxAfPol_ipv4",
            "module.aci.module.aci_vrf.aci_rest_managed.fvRsCtxToBgpCtxAfPol_ipv6",
            "module.aci.module.aci_vrf.aci_rest_managed.fvRsCtxToExtRouteTagPol",
            "module.aci.module.aci_vrf.aci_rest_managed.fvRsCtxToOspfCtxPol_ipv4",
            "module.aci.module.aci_vrf.aci_rest_managed.fvRsCtxToOspfCtxPol_ipv6",
            "module.aci.module.aci_vrf.aci_rest_managed.fvRsOspfCtxPol",
            "module.aci.module.aci_vrf.aci_rest_managed.igmpCtxP",
            "module.aci.module.aci_vrf.aci_rest_managed.igmpSSMXlateP",
            "module.aci.module.aci_vrf.aci_rest_managed.leakExternalPrefix",
            "module.aci.module.aci_vrf.aci_rest_managed.leakInternalSubnet",
            "module.aci.module.aci_vrf.aci_rest_managed.leakRoutes",
            "module.aci.module.aci_vrf.aci_rest_managed.leakTo_external",
            "module.aci.module.aci_vrf.aci_rest_managed.leakTo_internal",
            "module.aci.module.aci_vrf.aci_rest_managed.pimASMPatPol",
            "module.aci.module.aci_vrf.aci_rest_managed.pimAutoRPPol",
            "module.aci.module.aci_vrf.aci_rest_managed.pimBSRFilterPol",
            "module.aci.module.aci_vrf.aci_rest_managed.pimBSRPPol",
            "module.aci.module.aci_vrf.aci_rest_managed.pimCtxP",
            "module.aci.module.aci_vrf.aci_rest_managed.pimFabricRPPol",
            "module.aci.module.aci_vrf.aci_rest_managed.pimInterVRFEntryPol",
            "module.aci.module.aci_vrf.aci_rest_managed.pimInterVRFPol",
            "module.aci.module.aci_vrf.aci_rest_managed.pimMAFilterPol",
            "module.aci.module.aci_vrf.aci_rest_managed.pimRPGrpRangePol_fabric_rp",
            "module.aci.module.aci_vrf.aci_rest_managed.pimRPGrpRangePol_static_rp",
            "module.aci.module.aci_vrf.aci_rest_managed.pimRegTrPol",
            "module.aci.module.aci_vrf.aci_rest_managed.pimResPol",
            "module.aci.module.aci_vrf.aci_rest_managed.pimSGRangeExpPol",
            "module.aci.module.aci_vrf.aci_rest_managed.pimSSMPatPol",
            "module.aci.module.aci_vrf.aci_rest_managed.pimSSMRangePol",
            "module.aci.module.aci_vrf.aci_rest_managed.pimSharedRangePol",
            "module.aci.module.aci_vrf.aci_rest_managed.pimStaticRPEntryPol_fabric_rp",
            "module.aci.module.aci_vrf.aci_rest_managed.pimStaticRPEntryPol_static_rp",
            "module.aci.module.aci_vrf.aci_rest_managed.pimStaticRPPol",
            "module.aci.module.aci_vrf.aci_rest_managed.rtdmcRsFilterToRtMapPol_asm_sg_expiry",
            "module.aci.module.aci_vrf.aci_rest_managed.rtdmcRsFilterToRtMapPol_asm_shared",
            "module.aci.module.aci_vrf.aci_rest_managed.rtdmcRsFilterToRtMapPol_auto_rp",
            "module.aci.module.aci_vrf.aci_rest_managed.rtdmcRsFilterToRtMapPol_bsr",
            "module.aci.module.aci_vrf.aci_rest_managed.rtdmcRsFilterToRtMapPol_fabric_rp",
            "module.aci.module.aci_vrf.aci_rest_managed.rtdmcRsFilterToRtMapPol_pim_inter_vrf",
            "module.aci.module.aci_vrf.aci_rest_managed.rtdmcRsFilterToRtMapPol_ssm_range",
            "module.aci.module.aci_vrf.aci_rest_managed.rtdmcRsFilterToRtMapPol_static_rp",
            "module.aci.module.aci_vrf.aci_rest_managed.vzAny",
            "module.aci.module.aci_vrf.aci_rest_managed.vzRsAnyToCons",
            "module.aci.module.aci_vrf.aci_rest_managed.vzRsAnyToConsIf",
            "module.aci.module.aci_vrf.aci_rest_managed.vzRsAnyToProv"
          ]
        }
      ]
    },
    {
      "module": "module.aci.module.aci_endpoint_group[\"tf-vms-1/vms-2/vlan-3714\"]",
      "mode": "managed",
      "type": "aci_rest_managed",
      "name": "fvAEPg",
      "provider": "provider[\"registry.terraform.io/ciscodevnet/aci\"]",
      "instances": [
        {
          "schema_version": 0,
          "attributes": {
            "annotation": "orchestrator:terraform",
            "child": [],
            "class_name": "fvAEPg",
            "content": {
              "descr": "br0",
              "floodOnEncap": "disabled",
              "fwdCtrl": "",
              "name": "vlan-3714",
              "nameAlias": "",
              "pcEnfPref": "unenforced",
              "prefGrMemb": "exclude",
              "prio": "unspecified"
            },
            "dn": "uni/tn-tf-vms-1/ap-vms-2/epg-vlan-3714",
            "escape_html": true,
            "id": "uni/tn-tf-vms-1/ap-vms-2/epg-vlan-3714"
          },
          "sensitive_attributes": [],
          "dependencies": [
            "module.aci.data.utils_yaml_merge.defaults",
            "module.aci.data.utils_yaml_merge.model",
            "module.aci.data.utils_yaml_merge.modules",
            "module.aci.module.aci_application_profile.aci_rest_managed.fvAp",
            "module.aci.module.aci_bfd_interface_policy.aci_rest_managed.bfdIfPol",
            "module.aci.module.aci_bgp_timer_policy.aci_rest_managed.bgpCtxPol",
            "module.aci.module.aci_bridge_domain.aci_rest_managed.dhcpLbl",
            "module.aci.module.aci_bridge_domain.aci_rest_managed.dhcpRsDhcpOptionPol",
            "module.aci.module.aci_bridge_domain.aci_rest_managed.fvBD",
            "module.aci.module.aci_bridge_domain.aci_rest_managed.fvRsBDToOut",
            "module.aci.module.aci_bridge_domain.aci_rest_managed.fvRsCtx",
            "module.aci.module.aci_bridge_domain.aci_rest_managed.fvRsIgmpsn",
            "module.aci.module.aci_bridge_domain.aci_rest_managed.fvRsNdPfxPol",
            "module.aci.module.aci_bridge_domain.aci_rest_managed.fvSubnet",
            "module.aci.module.aci_bridge_domain.aci_rest_managed.igmpIfP",
            "module.aci.module.aci_bridge_domain.aci_rest_managed.igmpRsIfPol",
            "module.aci.module.aci_bridge_domain.aci_rest_managed.pimBDDestFilterPol",
            "module.aci.module.aci_bridge_domain.aci_rest_managed.pimBDFilterPol",
            "module.aci.module.aci_bridge_domain.aci_rest_managed.pimBDP",
            "module.aci.module.aci_bridge_domain.aci_rest_managed.pimBDSrcFilterPol",
            "module.aci.module.aci_bridge_domain.aci_rest_managed.rtdmcRsFilterToRtMapPol_destination",
            "module.aci.module.aci_bridge_domain.aci_rest_managed.rtdmcRsFilterToRtMapPol_source",
            "module.aci.module.aci_bridge_domain.aci_rest_managed.tagTag",
            "module.aci.module.aci_contract.aci_rest_managed.vzBrCP",
            "module.aci.module.aci_contract.aci_rest_managed.vzRsSubjFiltAtt",
            "module.aci.module.aci_contract.aci_rest_managed.vzRsSubjGraphAtt",
            "module.aci.module.aci_contract.aci_rest_managed.vzSubj",
            "module.aci.module.aci_dhcp_option_policy.aci_rest_managed.dhcpOption",
            "module.aci.module.aci_dhcp_option_policy.aci_rest_managed.dhcpOptionPol",
            "module.aci.module.aci_dhcp_relay_policy.aci_rest_managed.dhcpRelayP",
            "module.aci.module.aci_dhcp_relay_policy.aci_rest_managed.dhcpRsProv",
            "module.aci.module.aci_eigrp_interface_policy.aci_rest_managed.eigrpIfPol",
            "module.aci.module.aci_filter.aci_rest_managed.vzEntry",
            "module.aci.module.aci_filter.aci_rest_managed.vzFilter",
            "module.aci.module.aci_imported_contract.aci_rest_managed.vzCPIf",
            "module.aci.module.aci_imported_contract.aci_rest_managed.vzRsIf",
            "module.aci.module.aci_l3out.aci_rest_managed.bgpExtP",
            "module.aci.module.aci_l3out.aci_rest_managed.eigrpExtP",
            "module.aci.module.aci_l3out.aci_rest_managed.l3extConsLbl",
            "module.aci.module.aci_l3out.aci_rest_managed.l3extDefaultRouteLeakP",
            "module.aci.module.aci_l3out.aci_rest_managed.l3extInstP_sr_mpls",
            "module.aci.module.aci_l3out.aci_rest_managed.l3extOut",
            "module.aci.module.aci_l3out.aci_rest_managed.l3extProvLbl",
            "module.aci.module.aci_l3out.aci_rest_managed.l3extRsDampeningPol_ipv4",
            "module.aci.module.aci_l3out.aci_rest_managed.l3extRsDampeningPol_ipv6",
            "module.aci.module.aci_l3out.aci_rest_managed.l3extRsEctx",
            "module.aci.module.aci_l3out.aci_rest_managed.l3extRsInterleakPol",
            "module.aci.module.aci_l3out.aci_rest_managed.l3extRsL3DomAtt",
            "module.aci.module.aci_l3out.aci_rest_managed.l3extRsLblToInstP",
            "module.aci.module.aci_l3out.aci_rest_managed.l3extRsLblToProfile_export",
            "module.aci.module.aci_l3out.aci_rest_managed.l3extRsLblToProfile_import",
            "module.aci.module.aci_l3out.aci_rest_managed.l3extRsRedistributePol",
            "module.aci.module.aci_l3out.aci_rest_managed.mplsExtP",
            "module.aci.module.aci_l3out.aci_rest_managed.mplsRsLabelPol",
            "module.aci.module.aci_l3out.aci_rest_managed.ospfExtP",
            "module.aci.module.aci_l3out.aci_rest_managed.pimExtP",
            "module.aci.module.aci_l3out.aci_rest_managed.rtctrlCtxP_export",
            "module.aci.module.aci_l3out.aci_rest_managed.rtctrlCtxP_import",
            "module.aci.module.aci_l3out.aci_rest_managed.rtctrlProfile_export",
            "module.aci.module.aci_l3out.aci_rest_managed.rtctrlProfile_import",
            "module.aci.module.aci_l3out.aci_rest_managed.rtctrlRsCtxPToSubjP_export",
            "module.aci.module.aci_l3out.aci_rest_managed.rtctrlRsCtxPToSubjP_import",
            "module.aci.module.aci_l3out.aci_rest_managed.rtctrlRsScopeToAttrP_export",
            "module.aci.module.aci_l3out.aci_rest_managed.rtctrlRsScopeToAttrP_import",
            "module.aci.module.aci_l3out.aci_rest_managed.rtctrlScope_export",
            "module.aci.module.aci_l3out.aci_rest_managed.rtctrlScope_import",
            "module.aci.module.aci_match_rule.aci_rest_managed.rtctrlMatchCommFactor",
            "module.aci.module.aci_match_rule.aci_rest_managed.rtctrlMatchCommRegexTerm",
            "module.aci.module.aci_match_rule.aci_rest_managed.rtctrlMatchCommTerm",
            "module.aci.module.aci_match_rule.aci_rest_managed.rtctrlMatchRtDest",
            "module.aci.module.aci_match_rule.aci_rest_managed.rtctrlSubjP",
            "module.aci.module.aci_ospf_interface_policy.aci_rest_managed.ospfIfPol",
            "module.aci.module.aci_set_rule.aci_rest_managed.rtctrlAttrP",
            "module.aci.module.aci_set_rule.aci_rest_managed.rtctrlRsSetPolicyTagToInstP",
            "module.aci.module.aci_set_rule.aci_rest_managed.rtctrlSetASPath",
            "module.aci.module.aci_set_rule.aci_rest_managed.rtctrlSetASPathASN",
            "module.aci.module.aci_set_rule.aci_rest_managed.rtctrlSetAddComm",
            "module.aci.module.aci_set_rule.aci_rest_managed.rtctrlSetComm",
            "module.aci.module.aci_set_rule.aci_rest_managed.rtctrlSetDamp",
            "module.aci.module.aci_set_rule.aci_rest_managed.rtctrlSetNh",
            "module.aci.module.aci_set_rule.aci_rest_managed.rtctrlSetNhUnchanged",
            "module.aci.module.aci_set_rule.aci_rest_managed.rtctrlSetPolicyTag",
            "module.aci.module.aci_set_rule.aci_rest_managed.rtctrlSetPref",
            "module.aci.module.aci_set_rule.aci_rest_managed.rtctrlSetRedistMultipath",
            "module.aci.module.aci_set_rule.aci_rest_managed.rtctrlSetRtMetric",
            "module.aci.module.aci_set_rule.aci_rest_managed.rtctrlSetRtMetricType",
            "module.aci.module.aci_set_rule.aci_rest_managed.rtctrlSetTag",
            "module.aci.module.aci_set_rule.aci_rest_managed.rtctrlSetWeight",
            "module.aci.module.aci_tenant.aci_rest_managed.aaaDomainRef",
            "module.aci.module.aci_tenant.aci_rest_managed.fvTenant",
            "module.aci.module.aci_vlan_pool.aci_rest_managed.fvnsEncapBlk",
            "module.aci.module.aci_vlan_pool.aci_rest_managed.fvnsVlanInstP",
            "module.aci.module.aci_vmware_vmm_domain.aci_rest_managed.aaaDomainRef",
            "module.aci.module.aci_vmware_vmm_domain.aci_rest_managed.infraRsVlanNs",
            "module.aci.module.aci_vmware_vmm_domain.aci_rest_managed.lacpEnhancedLagPol",
            "module.aci.module.aci_vmware_vmm_domain.aci_rest_managed.vmmCtrlrP",
            "module.aci.module.aci_vmware_vmm_domain.aci_rest_managed.vmmDomP",
            "module.aci.module.aci_vmware_vmm_domain.aci_rest_managed.vmmRsAcc",
            "module.aci.module.aci_vmware_vmm_domain.aci_rest_managed.vmmRsMgmtEPg",
            "module.aci.module.aci_vmware_vmm_domain.aci_rest_managed.vmmRsVswitchOverrideCdpIfPol",
            "module.aci.module.aci_vmware_vmm_domain.aci_rest_managed.vmmRsVswitchOverrideLacpPol",
            "module.aci.module.aci_vmware_vmm_domain.aci_rest_managed.vmmRsVswitchOverrideLldpIfPol",
            "module.aci.module.aci_vmware_vmm_domain.aci_rest_managed.vmmRsVswitchOverrideMtuPol",
            "module.aci.module.aci_vmware_vmm_domain.aci_rest_managed.vmmUplinkP",
            "module.aci.module.aci_vmware_vmm_domain.aci_rest_managed.vmmUplinkPCont",
            "module.aci.module.aci_vmware_vmm_domain.aci_rest_managed.vmmUsrAccP",
            "module.aci.module.aci_vmware_vmm_domain.aci_rest_managed.vmmVSwitchPolicyCont",
            "module.aci.module.aci_vrf.aci_rest_managed.bgpRtTargetP_ipv4",
            "module.aci.module.aci_vrf.aci_rest_managed.bgpRtTargetP_ipv6",
            "module.aci.module.aci_vrf.aci_rest_managed.bgpRtTarget_ipv4_export",
            "module.aci.module.aci_vrf.aci_rest_managed.bgpRtTarget_ipv4_import",
            "module.aci.module.aci_vrf.aci_rest_managed.bgpRtTarget_ipv6_export",
            "module.aci.module.aci_vrf.aci_rest_managed.bgpRtTarget_ipv6_import",
            "module.aci.module.aci_vrf.aci_rest_managed.dnsLbl",
            "module.aci.module.aci_vrf.aci_rest_managed.fvCtx",
            "module.aci.module.aci_vrf.aci_rest_managed.fvRsBgpCtxPol",
            "module.aci.module.aci_vrf.aci_rest_managed.fvRsCtxToBgpCtxAfPol_ipv4",
            "module.aci.module.aci_vrf.aci_rest_managed.fvRsCtxToBgpCtxAfPol_ipv6",
            "module.aci.module.aci_vrf.aci_rest_managed.fvRsCtxToExtRouteTagPol",
            "module.aci.module.aci_vrf.aci_rest_managed.fvRsCtxToOspfCtxPol_ipv4",
            "module.aci.module.aci_vrf.aci_rest_managed.fvRsCtxToOspfCtxPol_ipv6",
            "module.aci.module.aci_vrf.aci_rest_managed.fvRsOspfCtxPol",
            "module.aci.module.aci_vrf.aci_rest_managed.igmpCtxP",
            "module.aci.module.aci_vrf.aci_rest_managed.igmpSSMXlateP",
            "module.aci.module.aci_vrf.aci_rest_managed.leakExternalPrefix",
            "module.aci.module.aci_vrf.aci_rest_managed.leakInternalSubnet",
            "module.aci.module.aci_vrf.aci_rest_managed.leakRoutes",
            "module.aci.module.aci_vrf.aci_rest_managed.leakTo_external",
            "module.aci.module.aci_vrf.aci_rest_managed.leakTo_internal",
            "module.aci.module.aci_vrf.aci_rest_managed.pimASMPatPol",
            "module.aci.module.aci_vrf.aci_rest_managed.pimAutoRPPol",
            "module.aci.module.aci_vrf.aci_rest_managed.pimBSRFilterPol",
            "module.aci.module.aci_vrf.aci_rest_managed.pimBSRPPol",
            "module.aci.module.aci_vrf.aci_rest_managed.pimCtxP",
            "module.aci.module.aci_vrf.aci_rest_managed.pimFabricRPPol",
            "module.aci.module.aci_vrf.aci_rest_managed.pimInterVRFEntryPol",
            "module.aci.module.aci_vrf.aci_rest_managed.pimInterVRFPol",
            "module.aci.module.aci_vrf.aci_rest_managed.pimMAFilterPol",
            "module.aci.module.aci_vrf.aci_rest_managed.pimRPGrpRangePol_fabric_rp",
            "module.aci.module.aci_vrf.aci_rest_managed.pimRPGrpRangePol_static_rp",
            "module.aci.module.aci_vrf.aci_rest_managed.pimRegTrPol",
            "module.aci.module.aci_vrf.aci_rest_managed.pimResPol",
            "module.aci.module.aci_vrf.aci_rest_managed.pimSGRangeExpPol",
            "module.aci.module.aci_vrf.aci_rest_managed.pimSSMPatPol",
            "module.aci.module.aci_vrf.aci_rest_managed.pimSSMRangePol",
            "module.aci.module.aci_vrf.aci_rest_managed.pimSharedRangePol",
            "module.aci.module.aci_vrf.aci_rest_managed.pimStaticRPEntryPol_fabric_rp",
            "module.aci.module.aci_vrf.aci_rest_managed.pimStaticRPEntryPol_static_rp",
            "module.aci.module.aci_vrf.aci_rest_managed.pimStaticRPPol",
            "module.aci.module.aci_vrf.aci_rest_managed.rtdmcRsFilterToRtMapPol_asm_sg_expiry",
            "module.aci.module.aci_vrf.aci_rest_managed.rtdmcRsFilterToRtMapPol_asm_shared",
            "module.aci.module.aci_vrf.aci_rest_managed.rtdmcRsFilterToRtMapPol_auto_rp",
            "module.aci.module.aci_vrf.aci_rest_managed.rtdmcRsFilterToRtMapPol_bsr",
            "module.aci.module.aci_vrf.aci_rest_managed.rtdmcRsFilterToRtMapPol_fabric_rp",
            "module.aci.module.aci_vrf.aci_rest_managed.rtdmcRsFilterToRtMapPol_pim_inter_vrf",
            "module.aci.module.aci_vrf.aci_rest_managed.rtdmcRsFilterToRtMapPol_ssm_range",
            "module.aci.module.aci_vrf.aci_rest_managed.rtdmcRsFilterToRtMapPol_static_rp",
            "module.aci.module.aci_vrf.aci_rest_managed.vzAny",
            "module.aci.module.aci_vrf.aci_rest_managed.vzRsAnyToCons",
            "module.aci.module.aci_vrf.aci_rest_managed.vzRsAnyToConsIf",
            "module.aci.module.aci_vrf.aci_rest_managed.vzRsAnyToProv"
          ]
        }
      ]
    },
    {
      "module": "module.aci.module.aci_endpoint_group[\"tf-vms-1/vms-2/vlan-3714\"]",
      "mode": "managed",
      "type": "aci_rest_managed",
      "name": "fvRsBd",
      "provider": "provider[\"registry.terraform.io/ciscodevnet/aci\"]",
      "instances": [
        {
          "schema_version": 0,
          "attributes": {
            "annotation": "orchestrator:terraform",
            "child": [],
            "class_name": "fvRsBd",
            "content": {
              "tnFvBDName": "10.1.204.0_24"
            },
            "dn": "uni/tn-tf-vms-1/ap-vms-2/epg-vlan-3714/rsbd",
            "escape_html": true,
            "id": "uni/tn-tf-vms-1/ap-vms-2/epg-vlan-3714/rsbd"
          },
          "sensitive_attributes": [],
          "dependencies": [
            "module.aci.data.utils_yaml_merge.defaults",
            "module.aci.data.utils_yaml_merge.model",
            "module.aci.data.utils_yaml_merge.modules",
            "module.aci.module.aci_application_profile.aci_rest_managed.fvAp",
            "module.aci.module.aci_bfd_interface_policy.aci_rest_managed.bfdIfPol",
            "module.aci.module.aci_bgp_timer_policy.aci_rest_managed.bgpCtxPol",
            "module.aci.module.aci_bridge_domain.aci_rest_managed.dhcpLbl",
            "module.aci.module.aci_bridge_domain.aci_rest_managed.dhcpRsDhcpOptionPol",
            "module.aci.module.aci_bridge_domain.aci_rest_managed.fvBD",
            "module.aci.module.aci_bridge_domain.aci_rest_managed.fvRsBDToOut",
            "module.aci.module.aci_bridge_domain.aci_rest_managed.fvRsCtx",
            "module.aci.module.aci_bridge_domain.aci_rest_managed.fvRsIgmpsn",
            "module.aci.module.aci_bridge_domain.aci_rest_managed.fvRsNdPfxPol",
            "module.aci.module.aci_bridge_domain.aci_rest_managed.fvSubnet",
            "module.aci.module.aci_bridge_domain.aci_rest_managed.igmpIfP",
            "module.aci.module.aci_bridge_domain.aci_rest_managed.igmpRsIfPol",
            "module.aci.module.aci_bridge_domain.aci_rest_managed.pimBDDestFilterPol",
            "module.aci.module.aci_bridge_domain.aci_rest_managed.pimBDFilterPol",
            "module.aci.module.aci_bridge_domain.aci_rest_managed.pimBDP",
            "module.aci.module.aci_bridge_domain.aci_rest_managed.pimBDSrcFilterPol",
            "module.aci.module.aci_bridge_domain.aci_rest_managed.rtdmcRsFilterToRtMapPol_destination",
            "module.aci.module.aci_bridge_domain.aci_rest_managed.rtdmcRsFilterToRtMapPol_source",
            "module.aci.module.aci_bridge_domain.aci_rest_managed.tagTag",
            "module.aci.module.aci_contract.aci_rest_managed.vzBrCP",
            "module.aci.module.aci_contract.aci_rest_managed.vzRsSubjFiltAtt",
            "module.aci.module.aci_contract.aci_rest_managed.vzRsSubjGraphAtt",
            "module.aci.module.aci_contract.aci_rest_managed.vzSubj",
            "module.aci.module.aci_dhcp_option_policy.aci_rest_managed.dhcpOption",
            "module.aci.module.aci_dhcp_option_policy.aci_rest_managed.dhcpOptionPol",
            "module.aci.module.aci_dhcp_relay_policy.aci_rest_managed.dhcpRelayP",
            "module.aci.module.aci_dhcp_relay_policy.aci_rest_managed.dhcpRsProv",
            "module.aci.module.aci_eigrp_interface_policy.aci_rest_managed.eigrpIfPol",
            "module.aci.module.aci_endpoint_group.aci_rest_managed.fvAEPg",
            "module.aci.module.aci_filter.aci_rest_managed.vzEntry",
            "module.aci.module.aci_filter.aci_rest_managed.vzFilter",
            "module.aci.module.aci_imported_contract.aci_rest_managed.vzCPIf",
            "module.aci.module.aci_imported_contract.aci_rest_managed.vzRsIf",
            "module.aci.module.aci_l3out.aci_rest_managed.bgpExtP",
            "module.aci.module.aci_l3out.aci_rest_managed.eigrpExtP",
            "module.aci.module.aci_l3out.aci_rest_managed.l3extConsLbl",
            "module.aci.module.aci_l3out.aci_rest_managed.l3extDefaultRouteLeakP",
            "module.aci.module.aci_l3out.aci_rest_managed.l3extInstP_sr_mpls",
            "module.aci.module.aci_l3out.aci_rest_managed.l3extOut",
            "module.aci.module.aci_l3out.aci_rest_managed.l3extProvLbl",
            "module.aci.module.aci_l3out.aci_rest_managed.l3extRsDampeningPol_ipv4",
            "module.aci.module.aci_l3out.aci_rest_managed.l3extRsDampeningPol_ipv6",
            "module.aci.module.aci_l3out.aci_rest_managed.l3extRsEctx",
            "module.aci.module.aci_l3out.aci_rest_managed.l3extRsInterleakPol",
            "module.aci.module.aci_l3out.aci_rest_managed.l3extRsL3DomAtt",
            "module.aci.module.aci_l3out.aci_rest_managed.l3extRsLblToInstP",
            "module.aci.module.aci_l3out.aci_rest_managed.l3extRsLblToProfile_export",
            "module.aci.module.aci_l3out.aci_rest_managed.l3extRsLblToProfile_import",
            "module.aci.module.aci_l3out.aci_rest_managed.l3extRsRedistributePol",
            "module.aci.module.aci_l3out.aci_rest_managed.mplsExtP",
            "module.aci.module.aci_l3out.aci_rest_managed.mplsRsLabelPol",
            "module.aci.module.aci_l3out.aci_rest_managed.ospfExtP",
            "module.aci.module.aci_l3out.aci_rest_managed.pimExtP",
            "module.aci.module.aci_l3out.aci_rest_managed.rtctrlCtxP_export",
            "module.aci.module.aci_l3out.aci_rest_managed.rtctrlCtxP_import",
            "module.aci.module.aci_l3out.aci_rest_managed.rtctrlProfile_export",
            "module.aci.module.aci_l3out.aci_rest_managed.rtctrlProfile_import",
            "module.aci.module.aci_l3out.aci_rest_managed.rtctrlRsCtxPToSubjP_export",
            "module.aci.module.aci_l3out.aci_rest_managed.rtctrlRsCtxPToSubjP_import",
            "module.aci.module.aci_l3out.aci_rest_managed.rtctrlRsScopeToAttrP_export",
            "module.aci.module.aci_l3out.aci_rest_managed.rtctrlRsScopeToAttrP_import",
            "module.aci.module.aci_l3out.aci_rest_managed.rtctrlScope_export",
            "module.aci.module.aci_l3out.aci_rest_managed.rtctrlScope_import",
            "module.aci.module.aci_match_rule.aci_rest_managed.rtctrlMatchCommFactor",
            "module.aci.module.aci_match_rule.aci_rest_managed.rtctrlMatchCommRegexTerm",
            "module.aci.module.aci_match_rule.aci_rest_managed.rtctrlMatchCommTerm",
            "module.aci.module.aci_match_rule.aci_rest_managed.rtctrlMatchRtDest",
            "module.aci.module.aci_match_rule.aci_rest_managed.rtctrlSubjP",
            "module.aci.module.aci_ospf_interface_policy.aci_rest_managed.ospfIfPol",
            "module.aci.module.aci_set_rule.aci_rest_managed.rtctrlAttrP",
            "module.aci.module.aci_set_rule.aci_rest_managed.rtctrlRsSetPolicyTagToInstP",
            "module.aci.module.aci_set_rule.aci_rest_managed.rtctrlSetASPath",
            "module.aci.module.aci_set_rule.aci_rest_managed.rtctrlSetASPathASN",
            "module.aci.module.aci_set_rule.aci_rest_managed.rtctrlSetAddComm",
            "module.aci.module.aci_set_rule.aci_rest_managed.rtctrlSetComm",
            "module.aci.module.aci_set_rule.aci_rest_managed.rtctrlSetDamp",
            "module.aci.module.aci_set_rule.aci_rest_managed.rtctrlSetNh",
            "module.aci.module.aci_set_rule.aci_rest_managed.rtctrlSetNhUnchanged",
            "module.aci.module.aci_set_rule.aci_rest_managed.rtctrlSetPolicyTag",
            "module.aci.module.aci_set_rule.aci_rest_managed.rtctrlSetPref",
            "module.aci.module.aci_set_rule.aci_rest_managed.rtctrlSetRedistMultipath",
            "module.aci.module.aci_set_rule.aci_rest_managed.rtctrlSetRtMetric",
            "module.aci.module.aci_set_rule.aci_rest_managed.rtctrlSetRtMetricType",
            "module.aci.module.aci_set_rule.aci_rest_managed.rtctrlSetTag",
            "module.aci.module.aci_set_rule.aci_rest_managed.rtctrlSetWeight",
            "module.aci.module.aci_tenant.aci_rest_managed.aaaDomainRef",
            "module.aci.module.aci_tenant.aci_rest_managed.fvTenant",
            "module.aci.module.aci_vlan_pool.aci_rest_managed.fvnsEncapBlk",
            "module.aci.module.aci_vlan_pool.aci_rest_managed.fvnsVlanInstP",
            "module.aci.module.aci_vmware_vmm_domain.aci_rest_managed.aaaDomainRef",
            "module.aci.module.aci_vmware_vmm_domain.aci_rest_managed.infraRsVlanNs",
            "module.aci.module.aci_vmware_vmm_domain.aci_rest_managed.lacpEnhancedLagPol",
            "module.aci.module.aci_vmware_vmm_domain.aci_rest_managed.vmmCtrlrP",
            "module.aci.module.aci_vmware_vmm_domain.aci_rest_managed.vmmDomP",
            "module.aci.module.aci_vmware_vmm_domain.aci_rest_managed.vmmRsAcc",
            "module.aci.module.aci_vmware_vmm_domain.aci_rest_managed.vmmRsMgmtEPg",
            "module.aci.module.aci_vmware_vmm_domain.aci_rest_managed.vmmRsVswitchOverrideCdpIfPol",
            "module.aci.module.aci_vmware_vmm_domain.aci_rest_managed.vmmRsVswitchOverrideLacpPol",
            "module.aci.module.aci_vmware_vmm_domain.aci_rest_managed.vmmRsVswitchOverrideLldpIfPol",
            "module.aci.module.aci_vmware_vmm_domain.aci_rest_managed.vmmRsVswitchOverrideMtuPol",
            "module.aci.module.aci_vmware_vmm_domain.aci_rest_managed.vmmUplinkP",
            "module.aci.module.aci_vmware_vmm_domain.aci_rest_managed.vmmUplinkPCont",
            "module.aci.module.aci_vmware_vmm_domain.aci_rest_managed.vmmUsrAccP",
            "module.aci.module.aci_vmware_vmm_domain.aci_rest_managed.vmmVSwitchPolicyCont",
            "module.aci.module.aci_vrf.aci_rest_managed.bgpRtTargetP_ipv4",
            "module.aci.module.aci_vrf.aci_rest_managed.bgpRtTargetP_ipv6",
            "module.aci.module.aci_vrf.aci_rest_managed.bgpRtTarget_ipv4_export",
            "module.aci.module.aci_vrf.aci_rest_managed.bgpRtTarget_ipv4_import",
            "module.aci.module.aci_vrf.aci_rest_managed.bgpRtTarget_ipv6_export",
            "module.aci.module.aci_vrf.aci_rest_managed.bgpRtTarget_ipv6_import",
            "module.aci.module.aci_vrf.aci_rest_managed.dnsLbl",
            "module.aci.module.aci_vrf.aci_rest_managed.fvCtx",
            "module.aci.module.aci_vrf.aci_rest_managed.fvRsBgpCtxPol",
            "module.aci.module.aci_vrf.aci_rest_managed.fvRsCtxToBgpCtxAfPol_ipv4",
            "module.aci.module.aci_vrf.aci_rest_managed.fvRsCtxToBgpCtxAfPol_ipv6",
            "module.aci.module.aci_vrf.aci_rest_managed.fvRsCtxToExtRouteTagPol",
            "module.aci.module.aci_vrf.aci_rest_managed.fvRsCtxToOspfCtxPol_ipv4",
            "module.aci.module.aci_vrf.aci_rest_managed.fvRsCtxToOspfCtxPol_ipv6",
            "module.aci.module.aci_vrf.aci_rest_managed.fvRsOspfCtxPol",
            "module.aci.module.aci_vrf.aci_rest_managed.igmpCtxP",
            "module.aci.module.aci_vrf.aci_rest_managed.igmpSSMXlateP",
            "module.aci.module.aci_vrf.aci_rest_managed.leakExternalPrefix",
            "module.aci.module.aci_vrf.aci_rest_managed.leakInternalSubnet",
            "module.aci.module.aci_vrf.aci_rest_managed.leakRoutes",
            "module.aci.module.aci_vrf.aci_rest_managed.leakTo_external",
            "module.aci.module.aci_vrf.aci_rest_managed.leakTo_internal",
            "module.aci.module.aci_vrf.aci_rest_managed.pimASMPatPol",
            "module.aci.module.aci_vrf.aci_rest_managed.pimAutoRPPol",
            "module.aci.module.aci_vrf.aci_rest_managed.pimBSRFilterPol",
            "module.aci.module.aci_vrf.aci_rest_managed.pimBSRPPol",
            "module.aci.module.aci_vrf.aci_rest_managed.pimCtxP",
            "module.aci.module.aci_vrf.aci_rest_managed.pimFabricRPPol",
            "module.aci.module.aci_vrf.aci_rest_managed.pimInterVRFEntryPol",
            "module.aci.module.aci_vrf.aci_rest_managed.pimInterVRFPol",
            "module.aci.module.aci_vrf.aci_rest_managed.pimMAFilterPol",
            "module.aci.module.aci_vrf.aci_rest_managed.pimRPGrpRangePol_fabric_rp",
            "module.aci.module.aci_vrf.aci_rest_managed.pimRPGrpRangePol_static_rp",
            "module.aci.module.aci_vrf.aci_rest_managed.pimRegTrPol",
            "module.aci.module.aci_vrf.aci_rest_managed.pimResPol",
            "module.aci.module.aci_vrf.aci_rest_managed.pimSGRangeExpPol",
            "module.aci.module.aci_vrf.aci_rest_managed.pimSSMPatPol",
            "module.aci.module.aci_vrf.aci_rest_managed.pimSSMRangePol",
            "module.aci.module.aci_vrf.aci_rest_managed.pimSharedRangePol",
            "module.aci.module.aci_vrf.aci_rest_managed.pimStaticRPEntryPol_fabric_rp",
            "module.aci.module.aci_vrf.aci_rest_managed.pimStaticRPEntryPol_static_rp",
            "module.aci.module.aci_vrf.aci_rest_managed.pimStaticRPPol",
            "module.aci.module.aci_vrf.aci_rest_managed.rtdmcRsFilterToRtMapPol_asm_sg_expiry",
            "module.aci.module.aci_vrf.aci_rest_managed.rtdmcRsFilterToRtMapPol_asm_shared",
            "module.aci.module.aci_vrf.aci_rest_managed.rtdmcRsFilterToRtMapPol_auto_rp",
            "module.aci.module.aci_vrf.aci_rest_managed.rtdmcRsFilterToRtMapPol_bsr",
            "module.aci.module.aci_vrf.aci_rest_managed.rtdmcRsFilterToRtMapPol_fabric_rp",
            "module.aci.module.aci_vrf.aci_rest_managed.rtdmcRsFilterToRtMapPol_pim_inter_vrf",
            "module.aci.module.aci_vrf.aci_rest_managed.rtdmcRsFilterToRtMapPol_ssm_range",
            "module.aci.module.aci_vrf.aci_rest_managed.rtdmcRsFilterToRtMapPol_static_rp",
            "module.aci.module.aci_vrf.aci_rest_managed.vzAny",
            "module.aci.module.aci_vrf.aci_rest_managed.vzRsAnyToCons",
            "module.aci.module.aci_vrf.aci_rest_managed.vzRsAnyToConsIf",
            "module.aci.module.aci_vrf.aci_rest_managed.vzRsAnyToProv"
          ]
        }
      ]
    },
    {
      "module": "module.aci.module.aci_endpoint_group[\"tf-vms-1/vms-2/vlan-3714\"]",
      "mode": "managed",
      "type": "aci_rest_managed",
      "name": "fvRsDomAtt",
      "provider": "provider[\"registry.terraform.io/ciscodevnet/aci\"]",
      "instances": [
        {
          "index_key": "ocp_sr_iov-secondary",
          "schema_version": 0,
          "attributes": {
            "annotation": "orchestrator:terraform",
            "child": [],
            "class_name": "fvRsDomAtt",
            "content": {
              "tDn": "uni/phys-ocp_sr_iov-secondary"
            },
            "dn": "uni/tn-tf-vms-1/ap-vms-2/epg-vlan-3714/rsdomAtt-[uni/phys-ocp_sr_iov-secondary]",
            "escape_html": true,
            "id": "uni/tn-tf-vms-1/ap-vms-2/epg-vlan-3714/rsdomAtt-[uni/phys-ocp_sr_iov-secondary]"
          },
          "sensitive_attributes": [],
          "dependencies": [
            "module.aci.data.utils_yaml_merge.defaults",
            "module.aci.data.utils_yaml_merge.model",
            "module.aci.data.utils_yaml_merge.modules",
            "module.aci.module.aci_application_profile.aci_rest_managed.fvAp",
            "module.aci.module.aci_bfd_interface_policy.aci_rest_managed.bfdIfPol",
            "module.aci.module.aci_bgp_timer_policy.aci_rest_managed.bgpCtxPol",
            "module.aci.module.aci_bridge_domain.aci_rest_managed.dhcpLbl",
            "module.aci.module.aci_bridge_domain.aci_rest_managed.dhcpRsDhcpOptionPol",
            "module.aci.module.aci_bridge_domain.aci_rest_managed.fvBD",
            "module.aci.module.aci_bridge_domain.aci_rest_managed.fvRsBDToOut",
            "module.aci.module.aci_bridge_domain.aci_rest_managed.fvRsCtx",
            "module.aci.module.aci_bridge_domain.aci_rest_managed.fvRsIgmpsn",
            "module.aci.module.aci_bridge_domain.aci_rest_managed.fvRsNdPfxPol",
            "module.aci.module.aci_bridge_domain.aci_rest_managed.fvSubnet",
            "module.aci.module.aci_bridge_domain.aci_rest_managed.igmpIfP",
            "module.aci.module.aci_bridge_domain.aci_rest_managed.igmpRsIfPol",
            "module.aci.module.aci_bridge_domain.aci_rest_managed.pimBDDestFilterPol",
            "module.aci.module.aci_bridge_domain.aci_rest_managed.pimBDFilterPol",
            "module.aci.module.aci_bridge_domain.aci_rest_managed.pimBDP",
            "module.aci.module.aci_bridge_domain.aci_rest_managed.pimBDSrcFilterPol",
            "module.aci.module.aci_bridge_domain.aci_rest_managed.rtdmcRsFilterToRtMapPol_destination",
            "module.aci.module.aci_bridge_domain.aci_rest_managed.rtdmcRsFilterToRtMapPol_source",
            "module.aci.module.aci_bridge_domain.aci_rest_managed.tagTag",
            "module.aci.module.aci_contract.aci_rest_managed.vzBrCP",
            "module.aci.module.aci_contract.aci_rest_managed.vzRsSubjFiltAtt",
            "module.aci.module.aci_contract.aci_rest_managed.vzRsSubjGraphAtt",
            "module.aci.module.aci_contract.aci_rest_managed.vzSubj",
            "module.aci.module.aci_dhcp_option_policy.aci_rest_managed.dhcpOption",
            "module.aci.module.aci_dhcp_option_policy.aci_rest_managed.dhcpOptionPol",
            "module.aci.module.aci_dhcp_relay_policy.aci_rest_managed.dhcpRelayP",
            "module.aci.module.aci_dhcp_relay_policy.aci_rest_managed.dhcpRsProv",
            "module.aci.module.aci_eigrp_interface_policy.aci_rest_managed.eigrpIfPol",
            "module.aci.module.aci_endpoint_group.aci_rest_managed.fvAEPg",
            "module.aci.module.aci_filter.aci_rest_managed.vzEntry",
            "module.aci.module.aci_filter.aci_rest_managed.vzFilter",
            "module.aci.module.aci_imported_contract.aci_rest_managed.vzCPIf",
            "module.aci.module.aci_imported_contract.aci_rest_managed.vzRsIf",
            "module.aci.module.aci_l3out.aci_rest_managed.bgpExtP",
            "module.aci.module.aci_l3out.aci_rest_managed.eigrpExtP",
            "module.aci.module.aci_l3out.aci_rest_managed.l3extConsLbl",
            "module.aci.module.aci_l3out.aci_rest_managed.l3extDefaultRouteLeakP",
            "module.aci.module.aci_l3out.aci_rest_managed.l3extInstP_sr_mpls",
            "module.aci.module.aci_l3out.aci_rest_managed.l3extOut",
            "module.aci.module.aci_l3out.aci_rest_managed.l3extProvLbl",
            "module.aci.module.aci_l3out.aci_rest_managed.l3extRsDampeningPol_ipv4",
            "module.aci.module.aci_l3out.aci_rest_managed.l3extRsDampeningPol_ipv6",
            "module.aci.module.aci_l3out.aci_rest_managed.l3extRsEctx",
            "module.aci.module.aci_l3out.aci_rest_managed.l3extRsInterleakPol",
            "module.aci.module.aci_l3out.aci_rest_managed.l3extRsL3DomAtt",
            "module.aci.module.aci_l3out.aci_rest_managed.l3extRsLblToInstP",
            "module.aci.module.aci_l3out.aci_rest_managed.l3extRsLblToProfile_export",
            "module.aci.module.aci_l3out.aci_rest_managed.l3extRsLblToProfile_import",
            "module.aci.module.aci_l3out.aci_rest_managed.l3extRsRedistributePol",
            "module.aci.module.aci_l3out.aci_rest_managed.mplsExtP",
            "module.aci.module.aci_l3out.aci_rest_managed.mplsRsLabelPol",
            "module.aci.module.aci_l3out.aci_rest_managed.ospfExtP",
            "module.aci.module.aci_l3out.aci_rest_managed.pimExtP",
            "module.aci.module.aci_l3out.aci_rest_managed.rtctrlCtxP_export",
            "module.aci.module.aci_l3out.aci_rest_managed.rtctrlCtxP_import",
            "module.aci.module.aci_l3out.aci_rest_managed.rtctrlProfile_export",
            "module.aci.module.aci_l3out.aci_rest_managed.rtctrlProfile_import",
            "module.aci.module.aci_l3out.aci_rest_managed.rtctrlRsCtxPToSubjP_export",
            "module.aci.module.aci_l3out.aci_rest_managed.rtctrlRsCtxPToSubjP_import",
            "module.aci.module.aci_l3out.aci_rest_managed.rtctrlRsScopeToAttrP_export",
            "module.aci.module.aci_l3out.aci_rest_managed.rtctrlRsScopeToAttrP_import",
            "module.aci.module.aci_l3out.aci_rest_managed.rtctrlScope_export",
            "module.aci.module.aci_l3out.aci_rest_managed.rtctrlScope_import",
            "module.aci.module.aci_match_rule.aci_rest_managed.rtctrlMatchCommFactor",
            "module.aci.module.aci_match_rule.aci_rest_managed.rtctrlMatchCommRegexTerm",
            "module.aci.module.aci_match_rule.aci_rest_managed.rtctrlMatchCommTerm",
            "module.aci.module.aci_match_rule.aci_rest_managed.rtctrlMatchRtDest",
            "module.aci.module.aci_match_rule.aci_rest_managed.rtctrlSubjP",
            "module.aci.module.aci_ospf_interface_policy.aci_rest_managed.ospfIfPol",
            "module.aci.module.aci_set_rule.aci_rest_managed.rtctrlAttrP",
            "module.aci.module.aci_set_rule.aci_rest_managed.rtctrlRsSetPolicyTagToInstP",
            "module.aci.module.aci_set_rule.aci_rest_managed.rtctrlSetASPath",
            "module.aci.module.aci_set_rule.aci_rest_managed.rtctrlSetASPathASN",
            "module.aci.module.aci_set_rule.aci_rest_managed.rtctrlSetAddComm",
            "module.aci.module.aci_set_rule.aci_rest_managed.rtctrlSetComm",
            "module.aci.module.aci_set_rule.aci_rest_managed.rtctrlSetDamp",
            "module.aci.module.aci_set_rule.aci_rest_managed.rtctrlSetNh",
            "module.aci.module.aci_set_rule.aci_rest_managed.rtctrlSetNhUnchanged",
            "module.aci.module.aci_set_rule.aci_rest_managed.rtctrlSetPolicyTag",
            "module.aci.module.aci_set_rule.aci_rest_managed.rtctrlSetPref",
            "module.aci.module.aci_set_rule.aci_rest_managed.rtctrlSetRedistMultipath",
            "module.aci.module.aci_set_rule.aci_rest_managed.rtctrlSetRtMetric",
            "module.aci.module.aci_set_rule.aci_rest_managed.rtctrlSetRtMetricType",
            "module.aci.module.aci_set_rule.aci_rest_managed.rtctrlSetTag",
            "module.aci.module.aci_set_rule.aci_rest_managed.rtctrlSetWeight",
            "module.aci.module.aci_tenant.aci_rest_managed.aaaDomainRef",
            "module.aci.module.aci_tenant.aci_rest_managed.fvTenant",
            "module.aci.module.aci_vlan_pool.aci_rest_managed.fvnsEncapBlk",
            "module.aci.module.aci_vlan_pool.aci_rest_managed.fvnsVlanInstP",
            "module.aci.module.aci_vmware_vmm_domain.aci_rest_managed.aaaDomainRef",
            "module.aci.module.aci_vmware_vmm_domain.aci_rest_managed.infraRsVlanNs",
            "module.aci.module.aci_vmware_vmm_domain.aci_rest_managed.lacpEnhancedLagPol",
            "module.aci.module.aci_vmware_vmm_domain.aci_rest_managed.vmmCtrlrP",
            "module.aci.module.aci_vmware_vmm_domain.aci_rest_managed.vmmDomP",
            "module.aci.module.aci_vmware_vmm_domain.aci_rest_managed.vmmRsAcc",
            "module.aci.module.aci_vmware_vmm_domain.aci_rest_managed.vmmRsMgmtEPg",
            "module.aci.module.aci_vmware_vmm_domain.aci_rest_managed.vmmRsVswitchOverrideCdpIfPol",
            "module.aci.module.aci_vmware_vmm_domain.aci_rest_managed.vmmRsVswitchOverrideLacpPol",
            "module.aci.module.aci_vmware_vmm_domain.aci_rest_managed.vmmRsVswitchOverrideLldpIfPol",
            "module.aci.module.aci_vmware_vmm_domain.aci_rest_managed.vmmRsVswitchOverrideMtuPol",
            "module.aci.module.aci_vmware_vmm_domain.aci_rest_managed.vmmUplinkP",
            "module.aci.module.aci_vmware_vmm_domain.aci_rest_managed.vmmUplinkPCont",
            "module.aci.module.aci_vmware_vmm_domain.aci_rest_managed.vmmUsrAccP",
            "module.aci.module.aci_vmware_vmm_domain.aci_rest_managed.vmmVSwitchPolicyCont",
            "module.aci.module.aci_vrf.aci_rest_managed.bgpRtTargetP_ipv4",
            "module.aci.module.aci_vrf.aci_rest_managed.bgpRtTargetP_ipv6",
            "module.aci.module.aci_vrf.aci_rest_managed.bgpRtTarget_ipv4_export",
            "module.aci.module.aci_vrf.aci_rest_managed.bgpRtTarget_ipv4_import",
            "module.aci.module.aci_vrf.aci_rest_managed.bgpRtTarget_ipv6_export",
            "module.aci.module.aci_vrf.aci_rest_managed.bgpRtTarget_ipv6_import",
            "module.aci.module.aci_vrf.aci_rest_managed.dnsLbl",
            "module.aci.module.aci_vrf.aci_rest_managed.fvCtx",
            "module.aci.module.aci_vrf.aci_rest_managed.fvRsBgpCtxPol",
            "module.aci.module.aci_vrf.aci_rest_managed.fvRsCtxToBgpCtxAfPol_ipv4",
            "module.aci.module.aci_vrf.aci_rest_managed.fvRsCtxToBgpCtxAfPol_ipv6",
            "module.aci.module.aci_vrf.aci_rest_managed.fvRsCtxToExtRouteTagPol",
            "module.aci.module.aci_vrf.aci_rest_managed.fvRsCtxToOspfCtxPol_ipv4",
            "module.aci.module.aci_vrf.aci_rest_managed.fvRsCtxToOspfCtxPol_ipv6",
            "module.aci.module.aci_vrf.aci_rest_managed.fvRsOspfCtxPol",
            "module.aci.module.aci_vrf.aci_rest_managed.igmpCtxP",
            "module.aci.module.aci_vrf.aci_rest_managed.igmpSSMXlateP",
            "module.aci.module.aci_vrf.aci_rest_managed.leakExternalPrefix",
            "module.aci.module.aci_vrf.aci_rest_managed.leakInternalSubnet",
            "module.aci.module.aci_vrf.aci_rest_managed.leakRoutes",
            "module.aci.module.aci_vrf.aci_rest_managed.leakTo_external",
            "module.aci.module.aci_vrf.aci_rest_managed.leakTo_internal",
            "module.aci.module.aci_vrf.aci_rest_managed.pimASMPatPol",
            "module.aci.module.aci_vrf.aci_rest_managed.pimAutoRPPol",
            "module.aci.module.aci_vrf.aci_rest_managed.pimBSRFilterPol",
            "module.aci.module.aci_vrf.aci_rest_managed.pimBSRPPol",
            "module.aci.module.aci_vrf.aci_rest_managed.pimCtxP",
            "module.aci.module.aci_vrf.aci_rest_managed.pimFabricRPPol",
            "module.aci.module.aci_vrf.aci_rest_managed.pimInterVRFEntryPol",
            "module.aci.module.aci_vrf.aci_rest_managed.pimInterVRFPol",
            "module.aci.module.aci_vrf.aci_rest_managed.pimMAFilterPol",
            "module.aci.module.aci_vrf.aci_rest_managed.pimRPGrpRangePol_fabric_rp",
            "module.aci.module.aci_vrf.aci_rest_managed.pimRPGrpRangePol_static_rp",
            "module.aci.module.aci_vrf.aci_rest_managed.pimRegTrPol",
            "module.aci.module.aci_vrf.aci_rest_managed.pimResPol",
            "module.aci.module.aci_vrf.aci_rest_managed.pimSGRangeExpPol",
            "module.aci.module.aci_vrf.aci_rest_managed.pimSSMPatPol",
            "module.aci.module.aci_vrf.aci_rest_managed.pimSSMRangePol",
            "module.aci.module.aci_vrf.aci_rest_managed.pimSharedRangePol",
            "module.aci.module.aci_vrf.aci_rest_managed.pimStaticRPEntryPol_fabric_rp",
            "module.aci.module.aci_vrf.aci_rest_managed.pimStaticRPEntryPol_static_rp",
            "module.aci.module.aci_vrf.aci_rest_managed.pimStaticRPPol",
            "module.aci.module.aci_vrf.aci_rest_managed.rtdmcRsFilterToRtMapPol_asm_sg_expiry",
            "module.aci.module.aci_vrf.aci_rest_managed.rtdmcRsFilterToRtMapPol_asm_shared",
            "module.aci.module.aci_vrf.aci_rest_managed.rtdmcRsFilterToRtMapPol_auto_rp",
            "module.aci.module.aci_vrf.aci_rest_managed.rtdmcRsFilterToRtMapPol_bsr",
            "module.aci.module.aci_vrf.aci_rest_managed.rtdmcRsFilterToRtMapPol_fabric_rp",
            "module.aci.module.aci_vrf.aci_rest_managed.rtdmcRsFilterToRtMapPol_pim_inter_vrf",
            "module.aci.module.aci_vrf.aci_rest_managed.rtdmcRsFilterToRtMapPol_ssm_range",
            "module.aci.module.aci_vrf.aci_rest_managed.rtdmcRsFilterToRtMapPol_static_rp",
            "module.aci.module.aci_vrf.aci_rest_managed.vzAny",
            "module.aci.module.aci_vrf.aci_rest_managed.vzRsAnyToCons",
            "module.aci.module.aci_vrf.aci_rest_managed.vzRsAnyToConsIf",
            "module.aci.module.aci_vrf.aci_rest_managed.vzRsAnyToProv"
          ]
        }
      ]
    },
    {
      "module": "module.aci.module.aci_endpoint_group[\"tf-vms-1/vms-2/vlan-3715\"]",
      "mode": "managed",
      "type": "aci_rest_managed",
      "name": "fvAEPg",
      "provider": "provider[\"registry.terraform.io/ciscodevnet/aci\"]",
      "instances": [
        {
          "schema_version": 0,
          "attributes": {
            "annotation": "orchestrator:terraform",
            "child": [],
            "class_name": "fvAEPg",
            "content": {
              "descr": "br0",
              "floodOnEncap": "disabled",
              "fwdCtrl": "",
              "name": "vlan-3715",
              "nameAlias": "",
              "pcEnfPref": "unenforced",
              "prefGrMemb": "exclude",
              "prio": "unspecified"
            },
            "dn": "uni/tn-tf-vms-1/ap-vms-2/epg-vlan-3715",
            "escape_html": true,
            "id": "uni/tn-tf-vms-1/ap-vms-2/epg-vlan-3715"
          },
          "sensitive_attributes": [],
          "dependencies": [
            "module.aci.data.utils_yaml_merge.defaults",
            "module.aci.data.utils_yaml_merge.model",
            "module.aci.data.utils_yaml_merge.modules",
            "module.aci.module.aci_application_profile.aci_rest_managed.fvAp",
            "module.aci.module.aci_bfd_interface_policy.aci_rest_managed.bfdIfPol",
            "module.aci.module.aci_bgp_timer_policy.aci_rest_managed.bgpCtxPol",
            "module.aci.module.aci_bridge_domain.aci_rest_managed.dhcpLbl",
            "module.aci.module.aci_bridge_domain.aci_rest_managed.dhcpRsDhcpOptionPol",
            "module.aci.module.aci_bridge_domain.aci_rest_managed.fvBD",
            "module.aci.module.aci_bridge_domain.aci_rest_managed.fvRsBDToOut",
            "module.aci.module.aci_bridge_domain.aci_rest_managed.fvRsCtx",
            "module.aci.module.aci_bridge_domain.aci_rest_managed.fvRsIgmpsn",
            "module.aci.module.aci_bridge_domain.aci_rest_managed.fvRsNdPfxPol",
            "module.aci.module.aci_bridge_domain.aci_rest_managed.fvSubnet",
            "module.aci.module.aci_bridge_domain.aci_rest_managed.igmpIfP",
            "module.aci.module.aci_bridge_domain.aci_rest_managed.igmpRsIfPol",
            "module.aci.module.aci_bridge_domain.aci_rest_managed.pimBDDestFilterPol",
            "module.aci.module.aci_bridge_domain.aci_rest_managed.pimBDFilterPol",
            "module.aci.module.aci_bridge_domain.aci_rest_managed.pimBDP",
            "module.aci.module.aci_bridge_domain.aci_rest_managed.pimBDSrcFilterPol",
            "module.aci.module.aci_bridge_domain.aci_rest_managed.rtdmcRsFilterToRtMapPol_destination",
            "module.aci.module.aci_bridge_domain.aci_rest_managed.rtdmcRsFilterToRtMapPol_source",
            "module.aci.module.aci_bridge_domain.aci_rest_managed.tagTag",
            "module.aci.module.aci_contract.aci_rest_managed.vzBrCP",
            "module.aci.module.aci_contract.aci_rest_managed.vzRsSubjFiltAtt",
            "module.aci.module.aci_contract.aci_rest_managed.vzRsSubjGraphAtt",
            "module.aci.module.aci_contract.aci_rest_managed.vzSubj",
            "module.aci.module.aci_dhcp_option_policy.aci_rest_managed.dhcpOption",
            "module.aci.module.aci_dhcp_option_policy.aci_rest_managed.dhcpOptionPol",
            "module.aci.module.aci_dhcp_relay_policy.aci_rest_managed.dhcpRelayP",
            "module.aci.module.aci_dhcp_relay_policy.aci_rest_managed.dhcpRsProv",
            "module.aci.module.aci_eigrp_interface_policy.aci_rest_managed.eigrpIfPol",
            "module.aci.module.aci_filter.aci_rest_managed.vzEntry",
            "module.aci.module.aci_filter.aci_rest_managed.vzFilter",
            "module.aci.module.aci_imported_contract.aci_rest_managed.vzCPIf",
            "module.aci.module.aci_imported_contract.aci_rest_managed.vzRsIf",
            "module.aci.module.aci_l3out.aci_rest_managed.bgpExtP",
            "module.aci.module.aci_l3out.aci_rest_managed.eigrpExtP",
            "module.aci.module.aci_l3out.aci_rest_managed.l3extConsLbl",
            "module.aci.module.aci_l3out.aci_rest_managed.l3extDefaultRouteLeakP",
            "module.aci.module.aci_l3out.aci_rest_managed.l3extInstP_sr_mpls",
            "module.aci.module.aci_l3out.aci_rest_managed.l3extOut",
            "module.aci.module.aci_l3out.aci_rest_managed.l3extProvLbl",
            "module.aci.module.aci_l3out.aci_rest_managed.l3extRsDampeningPol_ipv4",
            "module.aci.module.aci_l3out.aci_rest_managed.l3extRsDampeningPol_ipv6",
            "module.aci.module.aci_l3out.aci_rest_managed.l3extRsEctx",
            "module.aci.module.aci_l3out.aci_rest_managed.l3extRsInterleakPol",
            "module.aci.module.aci_l3out.aci_rest_managed.l3extRsL3DomAtt",
            "module.aci.module.aci_l3out.aci_rest_managed.l3extRsLblToInstP",
            "module.aci.module.aci_l3out.aci_rest_managed.l3extRsLblToProfile_export",
            "module.aci.module.aci_l3out.aci_rest_managed.l3extRsLblToProfile_import",
            "module.aci.module.aci_l3out.aci_rest_managed.l3extRsRedistributePol",
            "module.aci.module.aci_l3out.aci_rest_managed.mplsExtP",
            "module.aci.module.aci_l3out.aci_rest_managed.mplsRsLabelPol",
            "module.aci.module.aci_l3out.aci_rest_managed.ospfExtP",
            "module.aci.module.aci_l3out.aci_rest_managed.pimExtP",
            "module.aci.module.aci_l3out.aci_rest_managed.rtctrlCtxP_export",
            "module.aci.module.aci_l3out.aci_rest_managed.rtctrlCtxP_import",
            "module.aci.module.aci_l3out.aci_rest_managed.rtctrlProfile_export",
            "module.aci.module.aci_l3out.aci_rest_managed.rtctrlProfile_import",
            "module.aci.module.aci_l3out.aci_rest_managed.rtctrlRsCtxPToSubjP_export",
            "module.aci.module.aci_l3out.aci_rest_managed.rtctrlRsCtxPToSubjP_import",
            "module.aci.module.aci_l3out.aci_rest_managed.rtctrlRsScopeToAttrP_export",
            "module.aci.module.aci_l3out.aci_rest_managed.rtctrlRsScopeToAttrP_import",
            "module.aci.module.aci_l3out.aci_rest_managed.rtctrlScope_export",
            "module.aci.module.aci_l3out.aci_rest_managed.rtctrlScope_import",
            "module.aci.module.aci_match_rule.aci_rest_managed.rtctrlMatchCommFactor",
            "module.aci.module.aci_match_rule.aci_rest_managed.rtctrlMatchCommRegexTerm",
            "module.aci.module.aci_match_rule.aci_rest_managed.rtctrlMatchCommTerm",
            "module.aci.module.aci_match_rule.aci_rest_managed.rtctrlMatchRtDest",
            "module.aci.module.aci_match_rule.aci_rest_managed.rtctrlSubjP",
            "module.aci.module.aci_ospf_interface_policy.aci_rest_managed.ospfIfPol",
            "module.aci.module.aci_set_rule.aci_rest_managed.rtctrlAttrP",
            "module.aci.module.aci_set_rule.aci_rest_managed.rtctrlRsSetPolicyTagToInstP",
            "module.aci.module.aci_set_rule.aci_rest_managed.rtctrlSetASPath",
            "module.aci.module.aci_set_rule.aci_rest_managed.rtctrlSetASPathASN",
            "module.aci.module.aci_set_rule.aci_rest_managed.rtctrlSetAddComm",
            "module.aci.module.aci_set_rule.aci_rest_managed.rtctrlSetComm",
            "module.aci.module.aci_set_rule.aci_rest_managed.rtctrlSetDamp",
            "module.aci.module.aci_set_rule.aci_rest_managed.rtctrlSetNh",
            "module.aci.module.aci_set_rule.aci_rest_managed.rtctrlSetNhUnchanged",
            "module.aci.module.aci_set_rule.aci_rest_managed.rtctrlSetPolicyTag",
            "module.aci.module.aci_set_rule.aci_rest_managed.rtctrlSetPref",
            "module.aci.module.aci_set_rule.aci_rest_managed.rtctrlSetRedistMultipath",
            "module.aci.module.aci_set_rule.aci_rest_managed.rtctrlSetRtMetric",
            "module.aci.module.aci_set_rule.aci_rest_managed.rtctrlSetRtMetricType",
            "module.aci.module.aci_set_rule.aci_rest_managed.rtctrlSetTag",
            "module.aci.module.aci_set_rule.aci_rest_managed.rtctrlSetWeight",
            "module.aci.module.aci_tenant.aci_rest_managed.aaaDomainRef",
            "module.aci.module.aci_tenant.aci_rest_managed.fvTenant",
            "module.aci.module.aci_vlan_pool.aci_rest_managed.fvnsEncapBlk",
            "module.aci.module.aci_vlan_pool.aci_rest_managed.fvnsVlanInstP",
            "module.aci.module.aci_vmware_vmm_domain.aci_rest_managed.aaaDomainRef",
            "module.aci.module.aci_vmware_vmm_domain.aci_rest_managed.infraRsVlanNs",
            "module.aci.module.aci_vmware_vmm_domain.aci_rest_managed.lacpEnhancedLagPol",
            "module.aci.module.aci_vmware_vmm_domain.aci_rest_managed.vmmCtrlrP",
            "module.aci.module.aci_vmware_vmm_domain.aci_rest_managed.vmmDomP",
            "module.aci.module.aci_vmware_vmm_domain.aci_rest_managed.vmmRsAcc",
            "module.aci.module.aci_vmware_vmm_domain.aci_rest_managed.vmmRsMgmtEPg",
            "module.aci.module.aci_vmware_vmm_domain.aci_rest_managed.vmmRsVswitchOverrideCdpIfPol",
            "module.aci.module.aci_vmware_vmm_domain.aci_rest_managed.vmmRsVswitchOverrideLacpPol",
            "module.aci.module.aci_vmware_vmm_domain.aci_rest_managed.vmmRsVswitchOverrideLldpIfPol",
            "module.aci.module.aci_vmware_vmm_domain.aci_rest_managed.vmmRsVswitchOverrideMtuPol",
            "module.aci.module.aci_vmware_vmm_domain.aci_rest_managed.vmmUplinkP",
            "module.aci.module.aci_vmware_vmm_domain.aci_rest_managed.vmmUplinkPCont",
            "module.aci.module.aci_vmware_vmm_domain.aci_rest_managed.vmmUsrAccP",
            "module.aci.module.aci_vmware_vmm_domain.aci_rest_managed.vmmVSwitchPolicyCont",
            "module.aci.module.aci_vrf.aci_rest_managed.bgpRtTargetP_ipv4",
            "module.aci.module.aci_vrf.aci_rest_managed.bgpRtTargetP_ipv6",
            "module.aci.module.aci_vrf.aci_rest_managed.bgpRtTarget_ipv4_export",
            "module.aci.module.aci_vrf.aci_rest_managed.bgpRtTarget_ipv4_import",
            "module.aci.module.aci_vrf.aci_rest_managed.bgpRtTarget_ipv6_export",
            "module.aci.module.aci_vrf.aci_rest_managed.bgpRtTarget_ipv6_import",
            "module.aci.module.aci_vrf.aci_rest_managed.dnsLbl",
            "module.aci.module.aci_vrf.aci_rest_managed.fvCtx",
            "module.aci.module.aci_vrf.aci_rest_managed.fvRsBgpCtxPol",
            "module.aci.module.aci_vrf.aci_rest_managed.fvRsCtxToBgpCtxAfPol_ipv4",
            "module.aci.module.aci_vrf.aci_rest_managed.fvRsCtxToBgpCtxAfPol_ipv6",
            "module.aci.module.aci_vrf.aci_rest_managed.fvRsCtxToExtRouteTagPol",
            "module.aci.module.aci_vrf.aci_rest_managed.fvRsCtxToOspfCtxPol_ipv4",
            "module.aci.module.aci_vrf.aci_rest_managed.fvRsCtxToOspfCtxPol_ipv6",
            "module.aci.module.aci_vrf.aci_rest_managed.fvRsOspfCtxPol",
            "module.aci.module.aci_vrf.aci_rest_managed.igmpCtxP",
            "module.aci.module.aci_vrf.aci_rest_managed.igmpSSMXlateP",
            "module.aci.module.aci_vrf.aci_rest_managed.leakExternalPrefix",
            "module.aci.module.aci_vrf.aci_rest_managed.leakInternalSubnet",
            "module.aci.module.aci_vrf.aci_rest_managed.leakRoutes",
            "module.aci.module.aci_vrf.aci_rest_managed.leakTo_external",
            "module.aci.module.aci_vrf.aci_rest_managed.leakTo_internal",
            "module.aci.module.aci_vrf.aci_rest_managed.pimASMPatPol",
            "module.aci.module.aci_vrf.aci_rest_managed.pimAutoRPPol",
            "module.aci.module.aci_vrf.aci_rest_managed.pimBSRFilterPol",
            "module.aci.module.aci_vrf.aci_rest_managed.pimBSRPPol",
            "module.aci.module.aci_vrf.aci_rest_managed.pimCtxP",
            "module.aci.module.aci_vrf.aci_rest_managed.pimFabricRPPol",
            "module.aci.module.aci_vrf.aci_rest_managed.pimInterVRFEntryPol",
            "module.aci.module.aci_vrf.aci_rest_managed.pimInterVRFPol",
            "module.aci.module.aci_vrf.aci_rest_managed.pimMAFilterPol",
            "module.aci.module.aci_vrf.aci_rest_managed.pimRPGrpRangePol_fabric_rp",
            "module.aci.module.aci_vrf.aci_rest_managed.pimRPGrpRangePol_static_rp",
            "module.aci.module.aci_vrf.aci_rest_managed.pimRegTrPol",
            "module.aci.module.aci_vrf.aci_rest_managed.pimResPol",
            "module.aci.module.aci_vrf.aci_rest_managed.pimSGRangeExpPol",
            "module.aci.module.aci_vrf.aci_rest_managed.pimSSMPatPol",
            "module.aci.module.aci_vrf.aci_rest_managed.pimSSMRangePol",
            "module.aci.module.aci_vrf.aci_rest_managed.pimSharedRangePol",
            "module.aci.module.aci_vrf.aci_rest_managed.pimStaticRPEntryPol_fabric_rp",
            "module.aci.module.aci_vrf.aci_rest_managed.pimStaticRPEntryPol_static_rp",
            "module.aci.module.aci_vrf.aci_rest_managed.pimStaticRPPol",
            "module.aci.module.aci_vrf.aci_rest_managed.rtdmcRsFilterToRtMapPol_asm_sg_expiry",
            "module.aci.module.aci_vrf.aci_rest_managed.rtdmcRsFilterToRtMapPol_asm_shared",
            "module.aci.module.aci_vrf.aci_rest_managed.rtdmcRsFilterToRtMapPol_auto_rp",
            "module.aci.module.aci_vrf.aci_rest_managed.rtdmcRsFilterToRtMapPol_bsr",
            "module.aci.module.aci_vrf.aci_rest_managed.rtdmcRsFilterToRtMapPol_fabric_rp",
            "module.aci.module.aci_vrf.aci_rest_managed.rtdmcRsFilterToRtMapPol_pim_inter_vrf",
            "module.aci.module.aci_vrf.aci_rest_managed.rtdmcRsFilterToRtMapPol_ssm_range",
            "module.aci.module.aci_vrf.aci_rest_managed.rtdmcRsFilterToRtMapPol_static_rp",
            "module.aci.module.aci_vrf.aci_rest_managed.vzAny",
            "module.aci.module.aci_vrf.aci_rest_managed.vzRsAnyToCons",
            "module.aci.module.aci_vrf.aci_rest_managed.vzRsAnyToConsIf",
            "module.aci.module.aci_vrf.aci_rest_managed.vzRsAnyToProv"
          ]
        }
      ]
    },
    {
      "module": "module.aci.module.aci_endpoint_group[\"tf-vms-1/vms-2/vlan-3715\"]",
      "mode": "managed",
      "type": "aci_rest_managed",
      "name": "fvRsBd",
      "provider": "provider[\"registry.terraform.io/ciscodevnet/aci\"]",
      "instances": [
        {
          "schema_version": 0,
          "attributes": {
            "annotation": "orchestrator:terraform",
            "child": [],
            "class_name": "fvRsBd",
            "content": {
              "tnFvBDName": "10.1.204.0_24"
            },
            "dn": "uni/tn-tf-vms-1/ap-vms-2/epg-vlan-3715/rsbd",
            "escape_html": true,
            "id": "uni/tn-tf-vms-1/ap-vms-2/epg-vlan-3715/rsbd"
          },
          "sensitive_attributes": [],
          "dependencies": [
            "module.aci.data.utils_yaml_merge.defaults",
            "module.aci.data.utils_yaml_merge.model",
            "module.aci.data.utils_yaml_merge.modules",
            "module.aci.module.aci_application_profile.aci_rest_managed.fvAp",
            "module.aci.module.aci_bfd_interface_policy.aci_rest_managed.bfdIfPol",
            "module.aci.module.aci_bgp_timer_policy.aci_rest_managed.bgpCtxPol",
            "module.aci.module.aci_bridge_domain.aci_rest_managed.dhcpLbl",
            "module.aci.module.aci_bridge_domain.aci_rest_managed.dhcpRsDhcpOptionPol",
            "module.aci.module.aci_bridge_domain.aci_rest_managed.fvBD",
            "module.aci.module.aci_bridge_domain.aci_rest_managed.fvRsBDToOut",
            "module.aci.module.aci_bridge_domain.aci_rest_managed.fvRsCtx",
            "module.aci.module.aci_bridge_domain.aci_rest_managed.fvRsIgmpsn",
            "module.aci.module.aci_bridge_domain.aci_rest_managed.fvRsNdPfxPol",
            "module.aci.module.aci_bridge_domain.aci_rest_managed.fvSubnet",
            "module.aci.module.aci_bridge_domain.aci_rest_managed.igmpIfP",
            "module.aci.module.aci_bridge_domain.aci_rest_managed.igmpRsIfPol",
            "module.aci.module.aci_bridge_domain.aci_rest_managed.pimBDDestFilterPol",
            "module.aci.module.aci_bridge_domain.aci_rest_managed.pimBDFilterPol",
            "module.aci.module.aci_bridge_domain.aci_rest_managed.pimBDP",
            "module.aci.module.aci_bridge_domain.aci_rest_managed.pimBDSrcFilterPol",
            "module.aci.module.aci_bridge_domain.aci_rest_managed.rtdmcRsFilterToRtMapPol_destination",
            "module.aci.module.aci_bridge_domain.aci_rest_managed.rtdmcRsFilterToRtMapPol_source",
            "module.aci.module.aci_bridge_domain.aci_rest_managed.tagTag",
            "module.aci.module.aci_contract.aci_rest_managed.vzBrCP",
            "module.aci.module.aci_contract.aci_rest_managed.vzRsSubjFiltAtt",
            "module.aci.module.aci_contract.aci_rest_managed.vzRsSubjGraphAtt",
            "module.aci.module.aci_contract.aci_rest_managed.vzSubj",
            "module.aci.module.aci_dhcp_option_policy.aci_rest_managed.dhcpOption",
            "module.aci.module.aci_dhcp_option_policy.aci_rest_managed.dhcpOptionPol",
            "module.aci.module.aci_dhcp_relay_policy.aci_rest_managed.dhcpRelayP",
            "module.aci.module.aci_dhcp_relay_policy.aci_rest_managed.dhcpRsProv",
            "module.aci.module.aci_eigrp_interface_policy.aci_rest_managed.eigrpIfPol",
            "module.aci.module.aci_endpoint_group.aci_rest_managed.fvAEPg",
            "module.aci.module.aci_filter.aci_rest_managed.vzEntry",
            "module.aci.module.aci_filter.aci_rest_managed.vzFilter",
            "module.aci.module.aci_imported_contract.aci_rest_managed.vzCPIf",
            "module.aci.module.aci_imported_contract.aci_rest_managed.vzRsIf",
            "module.aci.module.aci_l3out.aci_rest_managed.bgpExtP",
            "module.aci.module.aci_l3out.aci_rest_managed.eigrpExtP",
            "module.aci.module.aci_l3out.aci_rest_managed.l3extConsLbl",
            "module.aci.module.aci_l3out.aci_rest_managed.l3extDefaultRouteLeakP",
            "module.aci.module.aci_l3out.aci_rest_managed.l3extInstP_sr_mpls",
            "module.aci.module.aci_l3out.aci_rest_managed.l3extOut",
            "module.aci.module.aci_l3out.aci_rest_managed.l3extProvLbl",
            "module.aci.module.aci_l3out.aci_rest_managed.l3extRsDampeningPol_ipv4",
            "module.aci.module.aci_l3out.aci_rest_managed.l3extRsDampeningPol_ipv6",
            "module.aci.module.aci_l3out.aci_rest_managed.l3extRsEctx",
            "module.aci.module.aci_l3out.aci_rest_managed.l3extRsInterleakPol",
            "module.aci.module.aci_l3out.aci_rest_managed.l3extRsL3DomAtt",
            "module.aci.module.aci_l3out.aci_rest_managed.l3extRsLblToInstP",
            "module.aci.module.aci_l3out.aci_rest_managed.l3extRsLblToProfile_export",
            "module.aci.module.aci_l3out.aci_rest_managed.l3extRsLblToProfile_import",
            "module.aci.module.aci_l3out.aci_rest_managed.l3extRsRedistributePol",
            "module.aci.module.aci_l3out.aci_rest_managed.mplsExtP",
            "module.aci.module.aci_l3out.aci_rest_managed.mplsRsLabelPol",
            "module.aci.module.aci_l3out.aci_rest_managed.ospfExtP",
            "module.aci.module.aci_l3out.aci_rest_managed.pimExtP",
            "module.aci.module.aci_l3out.aci_rest_managed.rtctrlCtxP_export",
            "module.aci.module.aci_l3out.aci_rest_managed.rtctrlCtxP_import",
            "module.aci.module.aci_l3out.aci_rest_managed.rtctrlProfile_export",
            "module.aci.module.aci_l3out.aci_rest_managed.rtctrlProfile_import",
            "module.aci.module.aci_l3out.aci_rest_managed.rtctrlRsCtxPToSubjP_export",
            "module.aci.module.aci_l3out.aci_rest_managed.rtctrlRsCtxPToSubjP_import",
            "module.aci.module.aci_l3out.aci_rest_managed.rtctrlRsScopeToAttrP_export",
            "module.aci.module.aci_l3out.aci_rest_managed.rtctrlRsScopeToAttrP_import",
            "module.aci.module.aci_l3out.aci_rest_managed.rtctrlScope_export",
            "module.aci.module.aci_l3out.aci_rest_managed.rtctrlScope_import",
            "module.aci.module.aci_match_rule.aci_rest_managed.rtctrlMatchCommFactor",
            "module.aci.module.aci_match_rule.aci_rest_managed.rtctrlMatchCommRegexTerm",
            "module.aci.module.aci_match_rule.aci_rest_managed.rtctrlMatchCommTerm",
            "module.aci.module.aci_match_rule.aci_rest_managed.rtctrlMatchRtDest",
            "module.aci.module.aci_match_rule.aci_rest_managed.rtctrlSubjP",
            "module.aci.module.aci_ospf_interface_policy.aci_rest_managed.ospfIfPol",
            "module.aci.module.aci_set_rule.aci_rest_managed.rtctrlAttrP",
            "module.aci.module.aci_set_rule.aci_rest_managed.rtctrlRsSetPolicyTagToInstP",
            "module.aci.module.aci_set_rule.aci_rest_managed.rtctrlSetASPath",
            "module.aci.module.aci_set_rule.aci_rest_managed.rtctrlSetASPathASN",
            "module.aci.module.aci_set_rule.aci_rest_managed.rtctrlSetAddComm",
            "module.aci.module.aci_set_rule.aci_rest_managed.rtctrlSetComm",
            "module.aci.module.aci_set_rule.aci_rest_managed.rtctrlSetDamp",
            "module.aci.module.aci_set_rule.aci_rest_managed.rtctrlSetNh",
            "module.aci.module.aci_set_rule.aci_rest_managed.rtctrlSetNhUnchanged",
            "module.aci.module.aci_set_rule.aci_rest_managed.rtctrlSetPolicyTag",
            "module.aci.module.aci_set_rule.aci_rest_managed.rtctrlSetPref",
            "module.aci.module.aci_set_rule.aci_rest_managed.rtctrlSetRedistMultipath",
            "module.aci.module.aci_set_rule.aci_rest_managed.rtctrlSetRtMetric",
            "module.aci.module.aci_set_rule.aci_rest_managed.rtctrlSetRtMetricType",
            "module.aci.module.aci_set_rule.aci_rest_managed.rtctrlSetTag",
            "module.aci.module.aci_set_rule.aci_rest_managed.rtctrlSetWeight",
            "module.aci.module.aci_tenant.aci_rest_managed.aaaDomainRef",
            "module.aci.module.aci_tenant.aci_rest_managed.fvTenant",
            "module.aci.module.aci_vlan_pool.aci_rest_managed.fvnsEncapBlk",
            "module.aci.module.aci_vlan_pool.aci_rest_managed.fvnsVlanInstP",
            "module.aci.module.aci_vmware_vmm_domain.aci_rest_managed.aaaDomainRef",
            "module.aci.module.aci_vmware_vmm_domain.aci_rest_managed.infraRsVlanNs",
            "module.aci.module.aci_vmware_vmm_domain.aci_rest_managed.lacpEnhancedLagPol",
            "module.aci.module.aci_vmware_vmm_domain.aci_rest_managed.vmmCtrlrP",
            "module.aci.module.aci_vmware_vmm_domain.aci_rest_managed.vmmDomP",
            "module.aci.module.aci_vmware_vmm_domain.aci_rest_managed.vmmRsAcc",
            "module.aci.module.aci_vmware_vmm_domain.aci_rest_managed.vmmRsMgmtEPg",
            "module.aci.module.aci_vmware_vmm_domain.aci_rest_managed.vmmRsVswitchOverrideCdpIfPol",
            "module.aci.module.aci_vmware_vmm_domain.aci_rest_managed.vmmRsVswitchOverrideLacpPol",
            "module.aci.module.aci_vmware_vmm_domain.aci_rest_managed.vmmRsVswitchOverrideLldpIfPol",
            "module.aci.module.aci_vmware_vmm_domain.aci_rest_managed.vmmRsVswitchOverrideMtuPol",
            "module.aci.module.aci_vmware_vmm_domain.aci_rest_managed.vmmUplinkP",
            "module.aci.module.aci_vmware_vmm_domain.aci_rest_managed.vmmUplinkPCont",
            "module.aci.module.aci_vmware_vmm_domain.aci_rest_managed.vmmUsrAccP",
            "module.aci.module.aci_vmware_vmm_domain.aci_rest_managed.vmmVSwitchPolicyCont",
            "module.aci.module.aci_vrf.aci_rest_managed.bgpRtTargetP_ipv4",
            "module.aci.module.aci_vrf.aci_rest_managed.bgpRtTargetP_ipv6",
            "module.aci.module.aci_vrf.aci_rest_managed.bgpRtTarget_ipv4_export",
            "module.aci.module.aci_vrf.aci_rest_managed.bgpRtTarget_ipv4_import",
            "module.aci.module.aci_vrf.aci_rest_managed.bgpRtTarget_ipv6_export",
            "module.aci.module.aci_vrf.aci_rest_managed.bgpRtTarget_ipv6_import",
            "module.aci.module.aci_vrf.aci_rest_managed.dnsLbl",
            "module.aci.module.aci_vrf.aci_rest_managed.fvCtx",
            "module.aci.module.aci_vrf.aci_rest_managed.fvRsBgpCtxPol",
            "module.aci.module.aci_vrf.aci_rest_managed.fvRsCtxToBgpCtxAfPol_ipv4",
            "module.aci.module.aci_vrf.aci_rest_managed.fvRsCtxToBgpCtxAfPol_ipv6",
            "module.aci.module.aci_vrf.aci_rest_managed.fvRsCtxToExtRouteTagPol",
            "module.aci.module.aci_vrf.aci_rest_managed.fvRsCtxToOspfCtxPol_ipv4",
            "module.aci.module.aci_vrf.aci_rest_managed.fvRsCtxToOspfCtxPol_ipv6",
            "module.aci.module.aci_vrf.aci_rest_managed.fvRsOspfCtxPol",
            "module.aci.module.aci_vrf.aci_rest_managed.igmpCtxP",
            "module.aci.module.aci_vrf.aci_rest_managed.igmpSSMXlateP",
            "module.aci.module.aci_vrf.aci_rest_managed.leakExternalPrefix",
            "module.aci.module.aci_vrf.aci_rest_managed.leakInternalSubnet",
            "module.aci.module.aci_vrf.aci_rest_managed.leakRoutes",
            "module.aci.module.aci_vrf.aci_rest_managed.leakTo_external",
            "module.aci.module.aci_vrf.aci_rest_managed.leakTo_internal",
            "module.aci.module.aci_vrf.aci_rest_managed.pimASMPatPol",
            "module.aci.module.aci_vrf.aci_rest_managed.pimAutoRPPol",
            "module.aci.module.aci_vrf.aci_rest_managed.pimBSRFilterPol",
            "module.aci.module.aci_vrf.aci_rest_managed.pimBSRPPol",
            "module.aci.module.aci_vrf.aci_rest_managed.pimCtxP",
            "module.aci.module.aci_vrf.aci_rest_managed.pimFabricRPPol",
            "module.aci.module.aci_vrf.aci_rest_managed.pimInterVRFEntryPol",
            "module.aci.module.aci_vrf.aci_rest_managed.pimInterVRFPol",
            "module.aci.module.aci_vrf.aci_rest_managed.pimMAFilterPol",
            "module.aci.module.aci_vrf.aci_rest_managed.pimRPGrpRangePol_fabric_rp",
            "module.aci.module.aci_vrf.aci_rest_managed.pimRPGrpRangePol_static_rp",
            "module.aci.module.aci_vrf.aci_rest_managed.pimRegTrPol",
            "module.aci.module.aci_vrf.aci_rest_managed.pimResPol",
            "module.aci.module.aci_vrf.aci_rest_managed.pimSGRangeExpPol",
            "module.aci.module.aci_vrf.aci_rest_managed.pimSSMPatPol",
            "module.aci.module.aci_vrf.aci_rest_managed.pimSSMRangePol",
            "module.aci.module.aci_vrf.aci_rest_managed.pimSharedRangePol",
            "module.aci.module.aci_vrf.aci_rest_managed.pimStaticRPEntryPol_fabric_rp",
            "module.aci.module.aci_vrf.aci_rest_managed.pimStaticRPEntryPol_static_rp",
            "module.aci.module.aci_vrf.aci_rest_managed.pimStaticRPPol",
            "module.aci.module.aci_vrf.aci_rest_managed.rtdmcRsFilterToRtMapPol_asm_sg_expiry",
            "module.aci.module.aci_vrf.aci_rest_managed.rtdmcRsFilterToRtMapPol_asm_shared",
            "module.aci.module.aci_vrf.aci_rest_managed.rtdmcRsFilterToRtMapPol_auto_rp",
            "module.aci.module.aci_vrf.aci_rest_managed.rtdmcRsFilterToRtMapPol_bsr",
            "module.aci.module.aci_vrf.aci_rest_managed.rtdmcRsFilterToRtMapPol_fabric_rp",
            "module.aci.module.aci_vrf.aci_rest_managed.rtdmcRsFilterToRtMapPol_pim_inter_vrf",
            "module.aci.module.aci_vrf.aci_rest_managed.rtdmcRsFilterToRtMapPol_ssm_range",
            "module.aci.module.aci_vrf.aci_rest_managed.rtdmcRsFilterToRtMapPol_static_rp",
            "module.aci.module.aci_vrf.aci_rest_managed.vzAny",
            "module.aci.module.aci_vrf.aci_rest_managed.vzRsAnyToCons",
            "module.aci.module.aci_vrf.aci_rest_managed.vzRsAnyToConsIf",
            "module.aci.module.aci_vrf.aci_rest_managed.vzRsAnyToProv"
          ]
        }
      ]
    },
    {
      "module": "module.aci.module.aci_endpoint_group[\"tf-vms-1/vms-2/vlan-3715\"]",
      "mode": "managed",
      "type": "aci_rest_managed",
      "name": "fvRsDomAtt",
      "provider": "provider[\"registry.terraform.io/ciscodevnet/aci\"]",
      "instances": [
        {
          "index_key": "ocp_sr_iov-secondary",
          "schema_version": 0,
          "attributes": {
            "annotation": "orchestrator:terraform",
            "child": [],
            "class_name": "fvRsDomAtt",
            "content": {
              "tDn": "uni/phys-ocp_sr_iov-secondary"
            },
            "dn": "uni/tn-tf-vms-1/ap-vms-2/epg-vlan-3715/rsdomAtt-[uni/phys-ocp_sr_iov-secondary]",
            "escape_html": true,
            "id": "uni/tn-tf-vms-1/ap-vms-2/epg-vlan-3715/rsdomAtt-[uni/phys-ocp_sr_iov-secondary]"
          },
          "sensitive_attributes": [],
          "dependencies": [
            "module.aci.data.utils_yaml_merge.defaults",
            "module.aci.data.utils_yaml_merge.model",
            "module.aci.data.utils_yaml_merge.modules",
            "module.aci.module.aci_application_profile.aci_rest_managed.fvAp",
            "module.aci.module.aci_bfd_interface_policy.aci_rest_managed.bfdIfPol",
            "module.aci.module.aci_bgp_timer_policy.aci_rest_managed.bgpCtxPol",
            "module.aci.module.aci_bridge_domain.aci_rest_managed.dhcpLbl",
            "module.aci.module.aci_bridge_domain.aci_rest_managed.dhcpRsDhcpOptionPol",
            "module.aci.module.aci_bridge_domain.aci_rest_managed.fvBD",
            "module.aci.module.aci_bridge_domain.aci_rest_managed.fvRsBDToOut",
            "module.aci.module.aci_bridge_domain.aci_rest_managed.fvRsCtx",
            "module.aci.module.aci_bridge_domain.aci_rest_managed.fvRsIgmpsn",
            "module.aci.module.aci_bridge_domain.aci_rest_managed.fvRsNdPfxPol",
            "module.aci.module.aci_bridge_domain.aci_rest_managed.fvSubnet",
            "module.aci.module.aci_bridge_domain.aci_rest_managed.igmpIfP",
            "module.aci.module.aci_bridge_domain.aci_rest_managed.igmpRsIfPol",
            "module.aci.module.aci_bridge_domain.aci_rest_managed.pimBDDestFilterPol",
            "module.aci.module.aci_bridge_domain.aci_rest_managed.pimBDFilterPol",
            "module.aci.module.aci_bridge_domain.aci_rest_managed.pimBDP",
            "module.aci.module.aci_bridge_domain.aci_rest_managed.pimBDSrcFilterPol",
            "module.aci.module.aci_bridge_domain.aci_rest_managed.rtdmcRsFilterToRtMapPol_destination",
            "module.aci.module.aci_bridge_domain.aci_rest_managed.rtdmcRsFilterToRtMapPol_source",
            "module.aci.module.aci_bridge_domain.aci_rest_managed.tagTag",
            "module.aci.module.aci_contract.aci_rest_managed.vzBrCP",
            "module.aci.module.aci_contract.aci_rest_managed.vzRsSubjFiltAtt",
            "module.aci.module.aci_contract.aci_rest_managed.vzRsSubjGraphAtt",
            "module.aci.module.aci_contract.aci_rest_managed.vzSubj",
            "module.aci.module.aci_dhcp_option_policy.aci_rest_managed.dhcpOption",
            "module.aci.module.aci_dhcp_option_policy.aci_rest_managed.dhcpOptionPol",
            "module.aci.module.aci_dhcp_relay_policy.aci_rest_managed.dhcpRelayP",
            "module.aci.module.aci_dhcp_relay_policy.aci_rest_managed.dhcpRsProv",
            "module.aci.module.aci_eigrp_interface_policy.aci_rest_managed.eigrpIfPol",
            "module.aci.module.aci_endpoint_group.aci_rest_managed.fvAEPg",
            "module.aci.module.aci_filter.aci_rest_managed.vzEntry",
            "module.aci.module.aci_filter.aci_rest_managed.vzFilter",
            "module.aci.module.aci_imported_contract.aci_rest_managed.vzCPIf",
            "module.aci.module.aci_imported_contract.aci_rest_managed.vzRsIf",
            "module.aci.module.aci_l3out.aci_rest_managed.bgpExtP",
            "module.aci.module.aci_l3out.aci_rest_managed.eigrpExtP",
            "module.aci.module.aci_l3out.aci_rest_managed.l3extConsLbl",
            "module.aci.module.aci_l3out.aci_rest_managed.l3extDefaultRouteLeakP",
            "module.aci.module.aci_l3out.aci_rest_managed.l3extInstP_sr_mpls",
            "module.aci.module.aci_l3out.aci_rest_managed.l3extOut",
            "module.aci.module.aci_l3out.aci_rest_managed.l3extProvLbl",
            "module.aci.module.aci_l3out.aci_rest_managed.l3extRsDampeningPol_ipv4",
            "module.aci.module.aci_l3out.aci_rest_managed.l3extRsDampeningPol_ipv6",
            "module.aci.module.aci_l3out.aci_rest_managed.l3extRsEctx",
            "module.aci.module.aci_l3out.aci_rest_managed.l3extRsInterleakPol",
            "module.aci.module.aci_l3out.aci_rest_managed.l3extRsL3DomAtt",
            "module.aci.module.aci_l3out.aci_rest_managed.l3extRsLblToInstP",
            "module.aci.module.aci_l3out.aci_rest_managed.l3extRsLblToProfile_export",
            "module.aci.module.aci_l3out.aci_rest_managed.l3extRsLblToProfile_import",
            "module.aci.module.aci_l3out.aci_rest_managed.l3extRsRedistributePol",
            "module.aci.module.aci_l3out.aci_rest_managed.mplsExtP",
            "module.aci.module.aci_l3out.aci_rest_managed.mplsRsLabelPol",
            "module.aci.module.aci_l3out.aci_rest_managed.ospfExtP",
            "module.aci.module.aci_l3out.aci_rest_managed.pimExtP",
            "module.aci.module.aci_l3out.aci_rest_managed.rtctrlCtxP_export",
            "module.aci.module.aci_l3out.aci_rest_managed.rtctrlCtxP_import",
            "module.aci.module.aci_l3out.aci_rest_managed.rtctrlProfile_export",
            "module.aci.module.aci_l3out.aci_rest_managed.rtctrlProfile_import",
            "module.aci.module.aci_l3out.aci_rest_managed.rtctrlRsCtxPToSubjP_export",
            "module.aci.module.aci_l3out.aci_rest_managed.rtctrlRsCtxPToSubjP_import",
            "module.aci.module.aci_l3out.aci_rest_managed.rtctrlRsScopeToAttrP_export",
            "module.aci.module.aci_l3out.aci_rest_managed.rtctrlRsScopeToAttrP_import",
            "module.aci.module.aci_l3out.aci_rest_managed.rtctrlScope_export",
            "module.aci.module.aci_l3out.aci_rest_managed.rtctrlScope_import",
            "module.aci.module.aci_match_rule.aci_rest_managed.rtctrlMatchCommFactor",
            "module.aci.module.aci_match_rule.aci_rest_managed.rtctrlMatchCommRegexTerm",
            "module.aci.module.aci_match_rule.aci_rest_managed.rtctrlMatchCommTerm",
            "module.aci.module.aci_match_rule.aci_rest_managed.rtctrlMatchRtDest",
            "module.aci.module.aci_match_rule.aci_rest_managed.rtctrlSubjP",
            "module.aci.module.aci_ospf_interface_policy.aci_rest_managed.ospfIfPol",
            "module.aci.module.aci_set_rule.aci_rest_managed.rtctrlAttrP",
            "module.aci.module.aci_set_rule.aci_rest_managed.rtctrlRsSetPolicyTagToInstP",
            "module.aci.module.aci_set_rule.aci_rest_managed.rtctrlSetASPath",
            "module.aci.module.aci_set_rule.aci_rest_managed.rtctrlSetASPathASN",
            "module.aci.module.aci_set_rule.aci_rest_managed.rtctrlSetAddComm",
            "module.aci.module.aci_set_rule.aci_rest_managed.rtctrlSetComm",
            "module.aci.module.aci_set_rule.aci_rest_managed.rtctrlSetDamp",
            "module.aci.module.aci_set_rule.aci_rest_managed.rtctrlSetNh",
            "module.aci.module.aci_set_rule.aci_rest_managed.rtctrlSetNhUnchanged",
            "module.aci.module.aci_set_rule.aci_rest_managed.rtctrlSetPolicyTag",
            "module.aci.module.aci_set_rule.aci_rest_managed.rtctrlSetPref",
            "module.aci.module.aci_set_rule.aci_rest_managed.rtctrlSetRedistMultipath",
            "module.aci.module.aci_set_rule.aci_rest_managed.rtctrlSetRtMetric",
            "module.aci.module.aci_set_rule.aci_rest_managed.rtctrlSetRtMetricType",
            "module.aci.module.aci_set_rule.aci_rest_managed.rtctrlSetTag",
            "module.aci.module.aci_set_rule.aci_rest_managed.rtctrlSetWeight",
            "module.aci.module.aci_tenant.aci_rest_managed.aaaDomainRef",
            "module.aci.module.aci_tenant.aci_rest_managed.fvTenant",
            "module.aci.module.aci_vlan_pool.aci_rest_managed.fvnsEncapBlk",
            "module.aci.module.aci_vlan_pool.aci_rest_managed.fvnsVlanInstP",
            "module.aci.module.aci_vmware_vmm_domain.aci_rest_managed.aaaDomainRef",
            "module.aci.module.aci_vmware_vmm_domain.aci_rest_managed.infraRsVlanNs",
            "module.aci.module.aci_vmware_vmm_domain.aci_rest_managed.lacpEnhancedLagPol",
            "module.aci.module.aci_vmware_vmm_domain.aci_rest_managed.vmmCtrlrP",
            "module.aci.module.aci_vmware_vmm_domain.aci_rest_managed.vmmDomP",
            "module.aci.module.aci_vmware_vmm_domain.aci_rest_managed.vmmRsAcc",
            "module.aci.module.aci_vmware_vmm_domain.aci_rest_managed.vmmRsMgmtEPg",
            "module.aci.module.aci_vmware_vmm_domain.aci_rest_managed.vmmRsVswitchOverrideCdpIfPol",
            "module.aci.module.aci_vmware_vmm_domain.aci_rest_managed.vmmRsVswitchOverrideLacpPol",
            "module.aci.module.aci_vmware_vmm_domain.aci_rest_managed.vmmRsVswitchOverrideLldpIfPol",
            "module.aci.module.aci_vmware_vmm_domain.aci_rest_managed.vmmRsVswitchOverrideMtuPol",
            "module.aci.module.aci_vmware_vmm_domain.aci_rest_managed.vmmUplinkP",
            "module.aci.module.aci_vmware_vmm_domain.aci_rest_managed.vmmUplinkPCont",
            "module.aci.module.aci_vmware_vmm_domain.aci_rest_managed.vmmUsrAccP",
            "module.aci.module.aci_vmware_vmm_domain.aci_rest_managed.vmmVSwitchPolicyCont",
            "module.aci.module.aci_vrf.aci_rest_managed.bgpRtTargetP_ipv4",
            "module.aci.module.aci_vrf.aci_rest_managed.bgpRtTargetP_ipv6",
            "module.aci.module.aci_vrf.aci_rest_managed.bgpRtTarget_ipv4_export",
            "module.aci.module.aci_vrf.aci_rest_managed.bgpRtTarget_ipv4_import",
            "module.aci.module.aci_vrf.aci_rest_managed.bgpRtTarget_ipv6_export",
            "module.aci.module.aci_vrf.aci_rest_managed.bgpRtTarget_ipv6_import",
            "module.aci.module.aci_vrf.aci_rest_managed.dnsLbl",
            "module.aci.module.aci_vrf.aci_rest_managed.fvCtx",
            "module.aci.module.aci_vrf.aci_rest_managed.fvRsBgpCtxPol",
            "module.aci.module.aci_vrf.aci_rest_managed.fvRsCtxToBgpCtxAfPol_ipv4",
            "module.aci.module.aci_vrf.aci_rest_managed.fvRsCtxToBgpCtxAfPol_ipv6",
            "module.aci.module.aci_vrf.aci_rest_managed.fvRsCtxToExtRouteTagPol",
            "module.aci.module.aci_vrf.aci_rest_managed.fvRsCtxToOspfCtxPol_ipv4",
            "module.aci.module.aci_vrf.aci_rest_managed.fvRsCtxToOspfCtxPol_ipv6",
            "module.aci.module.aci_vrf.aci_rest_managed.fvRsOspfCtxPol",
            "module.aci.module.aci_vrf.aci_rest_managed.igmpCtxP",
            "module.aci.module.aci_vrf.aci_rest_managed.igmpSSMXlateP",
            "module.aci.module.aci_vrf.aci_rest_managed.leakExternalPrefix",
            "module.aci.module.aci_vrf.aci_rest_managed.leakInternalSubnet",
            "module.aci.module.aci_vrf.aci_rest_managed.leakRoutes",
            "module.aci.module.aci_vrf.aci_rest_managed.leakTo_external",
            "module.aci.module.aci_vrf.aci_rest_managed.leakTo_internal",
            "module.aci.module.aci_vrf.aci_rest_managed.pimASMPatPol",
            "module.aci.module.aci_vrf.aci_rest_managed.pimAutoRPPol",
            "module.aci.module.aci_vrf.aci_rest_managed.pimBSRFilterPol",
            "module.aci.module.aci_vrf.aci_rest_managed.pimBSRPPol",
            "module.aci.module.aci_vrf.aci_rest_managed.pimCtxP",
            "module.aci.module.aci_vrf.aci_rest_managed.pimFabricRPPol",
            "module.aci.module.aci_vrf.aci_rest_managed.pimInterVRFEntryPol",
            "module.aci.module.aci_vrf.aci_rest_managed.pimInterVRFPol",
            "module.aci.module.aci_vrf.aci_rest_managed.pimMAFilterPol",
            "module.aci.module.aci_vrf.aci_rest_managed.pimRPGrpRangePol_fabric_rp",
            "module.aci.module.aci_vrf.aci_rest_managed.pimRPGrpRangePol_static_rp",
            "module.aci.module.aci_vrf.aci_rest_managed.pimRegTrPol",
            "module.aci.module.aci_vrf.aci_rest_managed.pimResPol",
            "module.aci.module.aci_vrf.aci_rest_managed.pimSGRangeExpPol",
            "module.aci.module.aci_vrf.aci_rest_managed.pimSSMPatPol",
            "module.aci.module.aci_vrf.aci_rest_managed.pimSSMRangePol",
            "module.aci.module.aci_vrf.aci_rest_managed.pimSharedRangePol",
            "module.aci.module.aci_vrf.aci_rest_managed.pimStaticRPEntryPol_fabric_rp",
            "module.aci.module.aci_vrf.aci_rest_managed.pimStaticRPEntryPol_static_rp",
            "module.aci.module.aci_vrf.aci_rest_managed.pimStaticRPPol",
            "module.aci.module.aci_vrf.aci_rest_managed.rtdmcRsFilterToRtMapPol_asm_sg_expiry",
            "module.aci.module.aci_vrf.aci_rest_managed.rtdmcRsFilterToRtMapPol_asm_shared",
            "module.aci.module.aci_vrf.aci_rest_managed.rtdmcRsFilterToRtMapPol_auto_rp",
            "module.aci.module.aci_vrf.aci_rest_managed.rtdmcRsFilterToRtMapPol_bsr",
            "module.aci.module.aci_vrf.aci_rest_managed.rtdmcRsFilterToRtMapPol_fabric_rp",
            "module.aci.module.aci_vrf.aci_rest_managed.rtdmcRsFilterToRtMapPol_pim_inter_vrf",
            "module.aci.module.aci_vrf.aci_rest_managed.rtdmcRsFilterToRtMapPol_ssm_range",
            "module.aci.module.aci_vrf.aci_rest_managed.rtdmcRsFilterToRtMapPol_static_rp",
            "module.aci.module.aci_vrf.aci_rest_managed.vzAny",
            "module.aci.module.aci_vrf.aci_rest_managed.vzRsAnyToCons",
            "module.aci.module.aci_vrf.aci_rest_managed.vzRsAnyToConsIf",
            "module.aci.module.aci_vrf.aci_rest_managed.vzRsAnyToProv"
          ]
        }
      ]
    },
    {
      "module": "module.aci.module.aci_mcp[0]",
      "mode": "managed",
      "type": "aci_rest_managed",
      "name": "mcpInstPol",
      "provider": "provider[\"registry.terraform.io/ciscodevnet/aci\"]",
      "instances": [
        {
          "schema_version": 0,
          "attributes": {
            "annotation": "orchestrator:terraform",
            "child": [],
            "class_name": "mcpInstPol",
            "content": {
              "adminSt": "enabled",
              "ctrl": "pdu-per-vlan",
              "initDelayTime": "180",
              "key": null,
              "loopDetectMult": "3",
              "loopProtectAct": "port-disable",
              "txFreq": "2",
              "txFreqMsec": "0"
            },
            "dn": "uni/infra/mcpInstP-default",
            "escape_html": true,
            "id": "uni/infra/mcpInstP-default"
          },
          "sensitive_attributes": [
            [
              {
                "type": "get_attr",
                "value": "content"
              },
              {
                "type": "index",
                "value": {
                  "value": "key",
                  "type": "string"
                }
              }
            ]
          ],
          "dependencies": [
            "module.aci.data.utils_yaml_merge.defaults",
            "module.aci.data.utils_yaml_merge.model",
            "module.aci.data.utils_yaml_merge.modules"
          ]
        }
      ]
    },
    {
      "module": "module.aci.module.aci_physical_domain[\"ocp_sr_iov-secondary\"]",
      "mode": "managed",
      "type": "aci_rest_managed",
      "name": "infraRsVlanNs",
      "provider": "provider[\"registry.terraform.io/ciscodevnet/aci\"]",
      "instances": [
        {
          "schema_version": 0,
          "attributes": {
            "annotation": "orchestrator:terraform",
            "child": [],
            "class_name": "infraRsVlanNs",
            "content": {
              "tDn": "uni/infra/vlanns-[ocp_sr_iov-secondary]-static"
            },
            "dn": "uni/phys-ocp_sr_iov-secondary/rsvlanNs",
            "escape_html": true,
            "id": "uni/phys-ocp_sr_iov-secondary/rsvlanNs"
          },
          "sensitive_attributes": [],
          "dependencies": [
            "module.aci.data.utils_yaml_merge.defaults",
            "module.aci.data.utils_yaml_merge.model",
            "module.aci.data.utils_yaml_merge.modules",
            "module.aci.module.aci_physical_domain.aci_rest_managed.physDomP",
            "module.aci.module.aci_vlan_pool.aci_rest_managed.fvnsEncapBlk",
            "module.aci.module.aci_vlan_pool.aci_rest_managed.fvnsVlanInstP"
          ]
        }
      ]
    },
    {
      "module": "module.aci.module.aci_physical_domain[\"ocp_sr_iov-secondary\"]",
      "mode": "managed",
      "type": "aci_rest_managed",
      "name": "physDomP",
      "provider": "provider[\"registry.terraform.io/ciscodevnet/aci\"]",
      "instances": [
        {
          "schema_version": 0,
          "attributes": {
            "annotation": "orchestrator:terraform",
            "child": [],
            "class_name": "physDomP",
            "content": {
              "name": "ocp_sr_iov-secondary"
            },
            "dn": "uni/phys-ocp_sr_iov-secondary",
            "escape_html": true,
            "id": "uni/phys-ocp_sr_iov-secondary"
          },
          "sensitive_attributes": [],
          "dependencies": [
            "module.aci.data.utils_yaml_merge.defaults",
            "module.aci.data.utils_yaml_merge.model",
            "module.aci.data.utils_yaml_merge.modules",
            "module.aci.module.aci_vlan_pool.aci_rest_managed.fvnsEncapBlk",
            "module.aci.module.aci_vlan_pool.aci_rest_managed.fvnsVlanInstP"
          ]
        }
      ]
    },
    {
      "module": "module.aci.module.aci_qos[0]",
      "mode": "managed",
      "type": "aci_rest_managed",
      "name": "qosInstPol",
      "provider": "provider[\"registry.terraform.io/ciscodevnet/aci\"]",
      "instances": [
        {
          "schema_version": 0,
          "attributes": {
            "annotation": "orchestrator:terraform",
            "child": [],
            "class_name": "qosInstPol",
            "content": {
              "ctrl": ""
            },
            "dn": "uni/infra/qosinst-default",
            "escape_html": true,
            "id": "uni/infra/qosinst-default"
          },
          "sensitive_attributes": [],
          "dependencies": [
            "module.aci.data.utils_yaml_merge.defaults",
            "module.aci.data.utils_yaml_merge.model",
            "module.aci.data.utils_yaml_merge.modules"
          ]
        }
      ]
    },
    {
      "module": "module.aci.module.aci_routed_domain[\"ocp_sr_iov-secondary\"]",
      "mode": "managed",
      "type": "aci_rest_managed",
      "name": "infraRsVlanNs",
      "provider": "provider[\"registry.terraform.io/ciscodevnet/aci\"]",
      "instances": [
        {
          "index_key": 0,
          "schema_version": 0,
          "attributes": {
            "annotation": "orchestrator:terraform",
            "child": [],
            "class_name": "infraRsVlanNs",
            "content": {
              "tDn": "uni/infra/vlanns-[ocp_sr_iov-secondary]-static"
            },
            "dn": "uni/l3dom-ocp_sr_iov-secondary/rsvlanNs",
            "escape_html": true,
            "id": "uni/l3dom-ocp_sr_iov-secondary/rsvlanNs"
          },
          "sensitive_attributes": [],
          "dependencies": [
            "module.aci.data.utils_yaml_merge.defaults",
            "module.aci.data.utils_yaml_merge.model",
            "module.aci.data.utils_yaml_merge.modules",
            "module.aci.module.aci_routed_domain.aci_rest_managed.l3extDomP",
            "module.aci.module.aci_vlan_pool.aci_rest_managed.fvnsEncapBlk",
            "module.aci.module.aci_vlan_pool.aci_rest_managed.fvnsVlanInstP"
          ]
        }
      ]
    },
    {
      "module": "module.aci.module.aci_routed_domain[\"ocp_sr_iov-secondary\"]",
      "mode": "managed",
      "type": "aci_rest_managed",
      "name": "l3extDomP",
      "provider": "provider[\"registry.terraform.io/ciscodevnet/aci\"]",
      "instances": [
        {
          "schema_version": 0,
          "attributes": {
            "annotation": "orchestrator:terraform",
            "child": [],
            "class_name": "l3extDomP",
            "content": {
              "name": "ocp_sr_iov-secondary"
            },
            "dn": "uni/l3dom-ocp_sr_iov-secondary",
            "escape_html": true,
            "id": "uni/l3dom-ocp_sr_iov-secondary"
          },
          "sensitive_attributes": [],
          "dependencies": [
            "module.aci.data.utils_yaml_merge.defaults",
            "module.aci.data.utils_yaml_merge.model",
            "module.aci.data.utils_yaml_merge.modules",
            "module.aci.module.aci_vlan_pool.aci_rest_managed.fvnsEncapBlk",
            "module.aci.module.aci_vlan_pool.aci_rest_managed.fvnsVlanInstP"
          ]
        }
      ]
    },
    {
      "module": "module.aci.module.aci_tenant[\"tf-vms-1\"]",
      "mode": "managed",
      "type": "aci_rest_managed",
      "name": "fvTenant",
      "provider": "provider[\"registry.terraform.io/ciscodevnet/aci\"]",
      "instances": [
        {
          "schema_version": 0,
          "attributes": {
            "annotation": "orchestrator:terraform",
            "child": [],
            "class_name": "fvTenant",
            "content": {
              "descr": "",
              "name": "tf-vms-1",
              "nameAlias": ""
            },
            "dn": "uni/tn-tf-vms-1",
            "escape_html": true,
            "id": "uni/tn-tf-vms-1"
          },
          "sensitive_attributes": [],
          "dependencies": [
            "module.aci.data.utils_yaml_merge.defaults",
            "module.aci.data.utils_yaml_merge.model",
            "module.aci.data.utils_yaml_merge.modules"
          ]
        }
      ]
    },
    {
      "module": "module.aci.module.aci_vlan_pool[\"ocp_sr_iov-secondary\"]",
      "mode": "managed",
      "type": "aci_rest_managed",
      "name": "fvnsEncapBlk",
      "provider": "provider[\"registry.terraform.io/ciscodevnet/aci\"]",
      "instances": [
        {
          "index_key": "315",
          "schema_version": 0,
          "attributes": {
            "annotation": "orchestrator:terraform",
            "child": [],
            "class_name": "fvnsEncapBlk",
            "content": {
              "allocMode": "inherit",
              "descr": "",
              "from": "vlan-315",
              "role": "external",
              "to": "vlan-315"
            },
            "dn": "uni/infra/vlanns-[ocp_sr_iov-secondary]-static/from-[vlan-315]-to-[vlan-315]",
            "escape_html": true,
            "id": "uni/infra/vlanns-[ocp_sr_iov-secondary]-static/from-[vlan-315]-to-[vlan-315]"
          },
          "sensitive_attributes": [],
          "dependencies": [
            "module.aci.data.utils_yaml_merge.defaults",
            "module.aci.data.utils_yaml_merge.model",
            "module.aci.data.utils_yaml_merge.modules",
            "module.aci.module.aci_vlan_pool.aci_rest_managed.fvnsVlanInstP"
          ]
        },
        {
          "index_key": "316",
          "schema_version": 0,
          "attributes": {
            "annotation": "orchestrator:terraform",
            "child": [],
            "class_name": "fvnsEncapBlk",
            "content": {
              "allocMode": "static",
              "descr": "",
              "from": "vlan-316",
              "role": "external",
              "to": "vlan-316"
            },
            "dn": "uni/infra/vlanns-[ocp_sr_iov-secondary]-static/from-[vlan-316]-to-[vlan-316]",
            "escape_html": true,
            "id": "uni/infra/vlanns-[ocp_sr_iov-secondary]-static/from-[vlan-316]-to-[vlan-316]"
          },
          "sensitive_attributes": [],
          "dependencies": [
            "module.aci.data.utils_yaml_merge.defaults",
            "module.aci.data.utils_yaml_merge.model",
            "module.aci.data.utils_yaml_merge.modules",
            "module.aci.module.aci_vlan_pool.aci_rest_managed.fvnsVlanInstP"
          ]
        },
        {
          "index_key": "3700",
          "schema_version": 0,
          "attributes": {
            "annotation": "orchestrator:terraform",
            "child": [],
            "class_name": "fvnsEncapBlk",
            "content": {
              "allocMode": "inherit",
              "descr": "",
              "from": "vlan-3700",
              "role": "external",
              "to": "vlan-3799"
            },
            "dn": "uni/infra/vlanns-[ocp_sr_iov-secondary]-static/from-[vlan-3700]-to-[vlan-3799]",
            "escape_html": true,
            "id": "uni/infra/vlanns-[ocp_sr_iov-secondary]-static/from-[vlan-3700]-to-[vlan-3799]"
          },
          "sensitive_attributes": [],
          "dependencies": [
            "module.aci.data.utils_yaml_merge.defaults",
            "module.aci.data.utils_yaml_merge.model",
            "module.aci.data.utils_yaml_merge.modules",
            "module.aci.module.aci_vlan_pool.aci_rest_managed.fvnsVlanInstP"
          ]
        }
      ]
    },
    {
      "module": "module.aci.module.aci_vlan_pool[\"ocp_sr_iov-secondary\"]",
      "mode": "managed",
      "type": "aci_rest_managed",
      "name": "fvnsVlanInstP",
      "provider": "provider[\"registry.terraform.io/ciscodevnet/aci\"]",
      "instances": [
        {
          "schema_version": 0,
          "attributes": {
            "annotation": "orchestrator:terraform",
            "child": [],
            "class_name": "fvnsVlanInstP",
            "content": {
              "allocMode": "static",
              "descr": "",
              "name": "ocp_sr_iov-secondary"
            },
            "dn": "uni/infra/vlanns-[ocp_sr_iov-secondary]-static",
            "escape_html": true,
            "id": "uni/infra/vlanns-[ocp_sr_iov-secondary]-static"
          },
          "sensitive_attributes": [],
          "dependencies": [
            "module.aci.data.utils_yaml_merge.defaults",
            "module.aci.data.utils_yaml_merge.model",
            "module.aci.data.utils_yaml_merge.modules"
          ]
        }
      ]
    },
    {
      "module": "module.aci.module.aci_vrf[\"tf-vms-1/vrf\"]",
      "mode": "managed",
      "type": "aci_rest_managed",
      "name": "fvCtx",
      "provider": "provider[\"registry.terraform.io/ciscodevnet/aci\"]",
      "instances": [
        {
          "schema_version": 0,
          "attributes": {
            "annotation": "orchestrator:terraform",
            "child": [],
            "class_name": "fvCtx",
            "content": {
              "descr": "",
              "ipDataPlaneLearning": "enabled",
              "name": "vrf",
              "nameAlias": "",
              "pcEnfDir": "ingress",
              "pcEnfPref": "enforced"
            },
            "dn": "uni/tn-tf-vms-1/ctx-vrf",
            "escape_html": true,
            "id": "uni/tn-tf-vms-1/ctx-vrf"
          },
          "sensitive_attributes": [],
          "dependencies": [
            "module.aci.data.utils_yaml_merge.defaults",
            "module.aci.data.utils_yaml_merge.model",
            "module.aci.data.utils_yaml_merge.modules",
            "module.aci.module.aci_bgp_timer_policy.aci_rest_managed.bgpCtxPol",
            "module.aci.module.aci_contract.aci_rest_managed.vzBrCP",
            "module.aci.module.aci_contract.aci_rest_managed.vzRsSubjFiltAtt",
            "module.aci.module.aci_contract.aci_rest_managed.vzRsSubjGraphAtt",
            "module.aci.module.aci_contract.aci_rest_managed.vzSubj",
            "module.aci.module.aci_filter.aci_rest_managed.vzEntry",
            "module.aci.module.aci_filter.aci_rest_managed.vzFilter",
            "module.aci.module.aci_imported_contract.aci_rest_managed.vzCPIf",
            "module.aci.module.aci_imported_contract.aci_rest_managed.vzRsIf",
            "module.aci.module.aci_tenant.aci_rest_managed.aaaDomainRef",
            "module.aci.module.aci_tenant.aci_rest_managed.fvTenant"
          ]
        }
      ]
    },
    {
      "module": "module.aci.module.aci_vrf[\"tf-vms-1/vrf\"]",
      "mode": "managed",
      "type": "aci_rest_managed",
      "name": "fvRsBgpCtxPol",
      "provider": "provider[\"registry.terraform.io/ciscodevnet/aci\"]",
      "instances": [
        {
          "schema_version": 0,
          "attributes": {
            "annotation": "orchestrator:terraform",
            "child": [],
            "class_name": "fvRsBgpCtxPol",
            "content": {
              "tnBgpCtxPolName": ""
            },
            "dn": "uni/tn-tf-vms-1/ctx-vrf/rsbgpCtxPol",
            "escape_html": true,
            "id": "uni/tn-tf-vms-1/ctx-vrf/rsbgpCtxPol"
          },
          "sensitive_attributes": [],
          "dependencies": [
            "module.aci.data.utils_yaml_merge.defaults",
            "module.aci.data.utils_yaml_merge.model",
            "module.aci.data.utils_yaml_merge.modules",
            "module.aci.module.aci_bgp_timer_policy.aci_rest_managed.bgpCtxPol",
            "module.aci.module.aci_contract.aci_rest_managed.vzBrCP",
            "module.aci.module.aci_contract.aci_rest_managed.vzRsSubjFiltAtt",
            "module.aci.module.aci_contract.aci_rest_managed.vzRsSubjGraphAtt",
            "module.aci.module.aci_contract.aci_rest_managed.vzSubj",
            "module.aci.module.aci_filter.aci_rest_managed.vzEntry",
            "module.aci.module.aci_filter.aci_rest_managed.vzFilter",
            "module.aci.module.aci_imported_contract.aci_rest_managed.vzCPIf",
            "module.aci.module.aci_imported_contract.aci_rest_managed.vzRsIf",
            "module.aci.module.aci_tenant.aci_rest_managed.aaaDomainRef",
            "module.aci.module.aci_tenant.aci_rest_managed.fvTenant",
            "module.aci.module.aci_vrf.aci_rest_managed.fvCtx"
          ]
        }
      ]
    },
    {
      "module": "module.aci.module.aci_vrf[\"tf-vms-1/vrf\"]",
      "mode": "managed",
      "type": "aci_rest_managed",
      "name": "fvRsCtxToExtRouteTagPol",
      "provider": "provider[\"registry.terraform.io/ciscodevnet/aci\"]",
      "instances": [
        {
          "schema_version": 0,
          "attributes": {
            "annotation": "orchestrator:terraform",
            "child": [],
            "class_name": "fvRsCtxToExtRouteTagPol",
            "content": {
              "tnL3extRouteTagPolName": ""
            },
            "dn": "uni/tn-tf-vms-1/ctx-vrf/rsctxToExtRouteTagPol",
            "escape_html": true,
            "id": "uni/tn-tf-vms-1/ctx-vrf/rsctxToExtRouteTagPol"
          },
          "sensitive_attributes": [],
          "dependencies": [
            "module.aci.data.utils_yaml_merge.defaults",
            "module.aci.data.utils_yaml_merge.model",
            "module.aci.data.utils_yaml_merge.modules",
            "module.aci.module.aci_bgp_timer_policy.aci_rest_managed.bgpCtxPol",
            "module.aci.module.aci_contract.aci_rest_managed.vzBrCP",
            "module.aci.module.aci_contract.aci_rest_managed.vzRsSubjFiltAtt",
            "module.aci.module.aci_contract.aci_rest_managed.vzRsSubjGraphAtt",
            "module.aci.module.aci_contract.aci_rest_managed.vzSubj",
            "module.aci.module.aci_filter.aci_rest_managed.vzEntry",
            "module.aci.module.aci_filter.aci_rest_managed.vzFilter",
            "module.aci.module.aci_imported_contract.aci_rest_managed.vzCPIf",
            "module.aci.module.aci_imported_contract.aci_rest_managed.vzRsIf",
            "module.aci.module.aci_tenant.aci_rest_managed.aaaDomainRef",
            "module.aci.module.aci_tenant.aci_rest_managed.fvTenant",
            "module.aci.module.aci_vrf.aci_rest_managed.fvCtx"
          ]
        }
      ]
    },
    {
      "module": "module.aci.module.aci_vrf[\"tf-vms-1/vrf\"]",
      "mode": "managed",
      "type": "aci_rest_managed",
      "name": "fvRsOspfCtxPol",
      "provider": "provider[\"registry.terraform.io/ciscodevnet/aci\"]",
      "instances": [
        {
          "schema_version": 0,
          "attributes": {
            "annotation": "orchestrator:terraform",
            "child": [],
            "class_name": "fvRsOspfCtxPol",
            "content": {
              "tnOspfCtxPolName": ""
            },
            "dn": "uni/tn-tf-vms-1/ctx-vrf/rsospfCtxPol",
            "escape_html": true,
            "id": "uni/tn-tf-vms-1/ctx-vrf/rsospfCtxPol"
          },
          "sensitive_attributes": [],
          "dependencies": [
            "module.aci.data.utils_yaml_merge.defaults",
            "module.aci.data.utils_yaml_merge.model",
            "module.aci.data.utils_yaml_merge.modules",
            "module.aci.module.aci_bgp_timer_policy.aci_rest_managed.bgpCtxPol",
            "module.aci.module.aci_contract.aci_rest_managed.vzBrCP",
            "module.aci.module.aci_contract.aci_rest_managed.vzRsSubjFiltAtt",
            "module.aci.module.aci_contract.aci_rest_managed.vzRsSubjGraphAtt",
            "module.aci.module.aci_contract.aci_rest_managed.vzSubj",
            "module.aci.module.aci_filter.aci_rest_managed.vzEntry",
            "module.aci.module.aci_filter.aci_rest_managed.vzFilter",
            "module.aci.module.aci_imported_contract.aci_rest_managed.vzCPIf",
            "module.aci.module.aci_imported_contract.aci_rest_managed.vzRsIf",
            "module.aci.module.aci_tenant.aci_rest_managed.aaaDomainRef",
            "module.aci.module.aci_tenant.aci_rest_managed.fvTenant",
            "module.aci.module.aci_vrf.aci_rest_managed.fvCtx"
          ]
        }
      ]
    },
    {
      "module": "module.aci.module.aci_vrf[\"tf-vms-1/vrf\"]",
      "mode": "managed",
      "type": "aci_rest_managed",
      "name": "vzAny",
      "provider": "provider[\"registry.terraform.io/ciscodevnet/aci\"]",
      "instances": [
        {
          "schema_version": 0,
          "attributes": {
            "annotation": "orchestrator:terraform",
            "child": [],
            "class_name": "vzAny",
            "content": {
              "descr": "",
              "prefGrMemb": "disabled"
            },
            "dn": "uni/tn-tf-vms-1/ctx-vrf/any",
            "escape_html": true,
            "id": "uni/tn-tf-vms-1/ctx-vrf/any"
          },
          "sensitive_attributes": [],
          "dependencies": [
            "module.aci.data.utils_yaml_merge.defaults",
            "module.aci.data.utils_yaml_merge.model",
            "module.aci.data.utils_yaml_merge.modules",
            "module.aci.module.aci_bgp_timer_policy.aci_rest_managed.bgpCtxPol",
            "module.aci.module.aci_contract.aci_rest_managed.vzBrCP",
            "module.aci.module.aci_contract.aci_rest_managed.vzRsSubjFiltAtt",
            "module.aci.module.aci_contract.aci_rest_managed.vzRsSubjGraphAtt",
            "module.aci.module.aci_contract.aci_rest_managed.vzSubj",
            "module.aci.module.aci_filter.aci_rest_managed.vzEntry",
            "module.aci.module.aci_filter.aci_rest_managed.vzFilter",
            "module.aci.module.aci_imported_contract.aci_rest_managed.vzCPIf",
            "module.aci.module.aci_imported_contract.aci_rest_managed.vzRsIf",
            "module.aci.module.aci_tenant.aci_rest_managed.aaaDomainRef",
            "module.aci.module.aci_tenant.aci_rest_managed.fvTenant",
            "module.aci.module.aci_vrf.aci_rest_managed.fvCtx"
          ]
        }
      ]
    }
  ],
  "check_results": [
    {
      "object_kind": "var",
      "config_addr": "module.aci.module.aci_set_rule.var.name",
      "status": "pass",
      "objects": null
    },
    {
      "object_kind": "var",
      "config_addr": "module.aci.module.aci_interface_configuration_fex.var.policy_group",
      "status": "pass",
      "objects": null
    },
    {
      "object_kind": "var",
      "config_addr": "module.aci.module.aci_management_access_policy.var.https_keyring",
      "status": "pass",
      "objects": null
    },
    {
      "object_kind": "var",
      "config_addr": "module.aci.module.aci_sr_mpls_l3out.var.import_route_map_contexts",
      "status": "pass",
      "objects": null
    },
    {
      "object_kind": "var",
      "config_addr": "module.aci.module.aci_redirect_health_group.var.name",
      "status": "pass",
      "objects": null
    },
    {
      "object_kind": "var",
      "config_addr": "module.aci.module.aci_leaf_interface_configuration.var.port",
      "status": "pass",
      "objects": null
    },
    {
      "object_kind": "var",
      "config_addr": "module.aci.module.aci_access_leaf_interface_policy_group.var.port_channel_member_policy",
      "status": "pass",
      "objects": null
    },
    {
      "object_kind": "var",
      "config_addr": "module.aci.module.aci_igmp_snooping_policy.var.start_query_interval",
      "status": "pass",
      "objects": null
    },
    {
      "object_kind": "var",
      "config_addr": "module.aci.module.aci_smart_licensing.var.proxy_port",
      "status": "pass",
      "objects": null
    },
    {
      "object_kind": "var",
      "config_addr": "module.aci.module.aci_nd_interface_policy.var.nud_retransmit_interval",
      "status": "pass",
      "objects": null
    },
    {
      "object_kind": "var",
      "config_addr": "module.aci.module.aci_set_rule.var.dampening_suppress_limit",
      "status": "pass",
      "objects": null
    },
    {
      "object_kind": "var",
      "config_addr": "module.aci.module.aci_pim_policy.var.join_prune_filter_policy_in",
      "status": "pass",
      "objects": null
    },
    {
      "object_kind": "var",
      "config_addr": "module.aci.module.aci_inband_endpoint_group.var.name",
      "status": "pass",
      "objects": null
    },
    {
      "object_kind": "var",
      "config_addr": "module.aci.module.aci_leaf_fabric_interface_configuration.var.node_id",
      "status": "pass",
      "objects": null
    },
    {
      "object_kind": "var",
      "config_addr": "module.aci.module.aci_rogue_endpoint_control.var.hold_interval",
      "status": "pass",
      "objects": null
    },
    {
      "object_kind": "var",
      "config_addr": "module.aci.module.aci_nd_interface_policy.var.nud_retransmit_base",
      "status": "pass",
      "objects": null
    },
    {
      "object_kind": "var",
      "config_addr": "module.aci.module.aci_sr_mpls_external_endpoint_group.var.contract_providers",
      "status": "pass",
      "objects": null
    },
    {
      "object_kind": "var",
      "config_addr": "module.aci.module.aci_login_domain.var.name",
      "status": "pass",
      "objects": null
    },
    {
      "object_kind": "var",
      "config_addr": "module.aci.module.aci_vrf.var.tenant",
      "status": "pass",
      "objects": [
        {
          "object_addr": "module.aci.module.aci_vrf[\"tf-vms-1/vrf\"].var.tenant",
          "status": "pass"
        }
      ]
    },
    {
      "object_kind": "var",
      "config_addr": "module.aci.module.aci_match_rule.var.name",
      "status": "pass",
      "objects": null
    },
    {
      "object_kind": "var",
      "config_addr": "module.aci.module.aci_external_connectivity_policy.var.unicast_teps",
      "status": "pass",
      "objects": null
    },
    {
      "object_kind": "var",
      "config_addr": "module.aci.module.aci_syslog_policy.var.console_severity",
      "status": "pass",
      "objects": null
    },
    {
      "object_kind": "var",
      "config_addr": "module.aci.module.aci_contract.var.scope",
      "status": "pass",
      "objects": null
    },
    {
      "object_kind": "var",
      "config_addr": "module.aci.module.aci_vlan_pool.var.description",
      "status": "pass",
      "objects": [
        {
          "object_addr": "module.aci.module.aci_vlan_pool[\"ocp_sr_iov-secondary\"].var.description",
          "status": "pass"
        }
      ]
    },
    {
      "object_kind": "var",
      "config_addr": "module.aci.module.aci_fabric_spine_switch_configuration.var.access_policy_group",
      "status": "pass",
      "objects": null
    },
    {
      "object_kind": "var",
      "config_addr": "module.aci.module.aci_access_leaf_interface_selector_auto.var.policy_group_type",
      "status": "pass",
      "objects": null
    },
    {
      "object_kind": "var",
      "config_addr": "module.aci.module.aci_endpoint_group.var.name",
      "status": "pass",
      "objects": [
        {
          "object_addr": "module.aci.module.aci_endpoint_group[\"tf-vms-1/vms-1/vlan-3710\"].var.name",
          "status": "pass"
        },
        {
          "object_addr": "module.aci.module.aci_endpoint_group[\"tf-vms-1/vms-1/vlan-3711\"].var.name",
          "status": "pass"
        },
        {
          "object_addr": "module.aci.module.aci_endpoint_group[\"tf-vms-1/vms-1/vlan-3712\"].var.name",
          "status": "pass"
        },
        {
          "object_addr": "module.aci.module.aci_endpoint_group[\"tf-vms-1/vms-2/vlan-3713\"].var.name",
          "status": "pass"
        },
        {
          "object_addr": "module.aci.module.aci_endpoint_group[\"tf-vms-1/vms-2/vlan-3714\"].var.name",
          "status": "pass"
        },
        {
          "object_addr": "module.aci.module.aci_endpoint_group[\"tf-vms-1/vms-2/vlan-3715\"].var.name",
          "status": "pass"
        }
      ]
    },
    {
      "object_kind": "var",
      "config_addr": "module.aci.module.aci_interface_type.var.module",
      "status": "pass",
      "objects": null
    },
    {
      "object_kind": "var",
      "config_addr": "module.aci.module.aci_pim_policy.var.name",
      "status": "pass",
      "objects": null
    },
    {
      "object_kind": "var",
      "config_addr": "module.aci.module.aci_leaf_fabric_interface_configuration_sub.var.port",
      "status": "pass",
      "objects": null
    },
    {
      "object_kind": "var",
      "config_addr": "module.aci.module.aci_infra_dhcp_relay_policy.var.description",
      "status": "pass",
      "objects": null
    },
    {
      "object_kind": "var",
      "config_addr": "module.aci.module.aci_set_rule.var.metric",
      "status": "pass",
      "objects": null
    },
    {
      "object_kind": "var",
      "config_addr": "module.aci.module.aci_tenant_span_source_group.var.destination",
      "status": "pass",
      "objects": null
    },
    {
      "object_kind": "var",
      "config_addr": "module.aci.module.aci_sr_mpls_l3out_interface_profile_manual.var.ospf_interface_policy",
      "status": "pass",
      "objects": null
    },
    {
      "object_kind": "var",
      "config_addr": "module.aci.module.aci_track_list.var.weight_down",
      "status": "pass",
      "objects": null
    },
    {
      "object_kind": "var",
      "config_addr": "module.aci.module.aci_sr_mpls_l3out_interface_profile_manual.var.eigrp_keychain_policy",
      "status": "pass",
      "objects": null
    },
    {
      "object_kind": "var",
      "config_addr": "module.aci.module.aci_bgp_address_family_context_policy.var.name",
      "status": "pass",
      "objects": null
    },
    {
      "object_kind": "var",
      "config_addr": "module.aci.module.aci_monitoring_policy.var.syslog_policies",
      "status": "pass",
      "objects": null
    },
    {
      "object_kind": "var",
      "config_addr": "module.aci.module.aci_external_connectivity_policy.var.data_plane_teps",
      "status": "pass",
      "objects": null
    },
    {
      "object_kind": "var",
      "config_addr": "module.aci.module.aci_smart_licensing.var.mode",
      "status": "pass",
      "objects": null
    },
    {
      "object_kind": "var",
      "config_addr": "module.aci.module.aci_storm_control_policy.var.broadcast_burst_rate",
      "status": "pass",
      "objects": null
    },
    {
      "object_kind": "var",
      "config_addr": "module.aci.module.aci_bridge_domain.var.name",
      "status": "pass",
      "objects": [
        {
          "object_addr": "module.aci.module.aci_bridge_domain[\"tf-vms-1/10.1.200.0_24\"].var.name",
          "status": "pass"
        },
        {
          "object_addr": "module.aci.module.aci_bridge_domain[\"tf-vms-1/10.1.201.0_24\"].var.name",
          "status": "pass"
        },
        {
          "object_addr": "module.aci.module.aci_bridge_domain[\"tf-vms-1/10.1.202.0_24\"].var.name",
          "status": "pass"
        },
        {
          "object_addr": "module.aci.module.aci_bridge_domain[\"tf-vms-1/10.1.203.0_24\"].var.name",
          "status": "pass"
        },
        {
          "object_addr": "module.aci.module.aci_bridge_domain[\"tf-vms-1/10.1.204.0_24\"].var.name",
          "status": "pass"
        }
      ]
    },
    {
      "object_kind": "var",
      "config_addr": "module.aci.module.aci_redirect_backup_policy.var.name",
      "status": "pass",
      "objects": null
    },
    {
      "object_kind": "var",
      "config_addr": "module.aci.module.aci_ospf_timer_policy.var.lsa_hold_interval",
      "status": "pass",
      "objects": null
    },
    {
      "object_kind": "var",
      "config_addr": "module.aci.module.aci_ospf_timer_policy.var.spf_max_interval",
      "status": "pass",
      "objects": null
    },
    {
      "object_kind": "var",
      "config_addr": "module.aci.module.aci_igmp_interface_policy.var.tenant",
      "status": "pass",
      "objects": null
    },
    {
      "object_kind": "var",
      "config_addr": "module.aci.module.aci_redirect_policy.var.redirect_backup_policy",
      "status": "pass",
      "objects": null
    },
    {
      "object_kind": "var",
      "config_addr": "module.aci.module.aci_track_list.var.percentage_down",
      "status": "pass",
      "objects": null
    },
    {
      "object_kind": "var",
      "config_addr": "module.aci.module.aci_access_leaf_interface_policy_group.var.map",
      "status": "pass",
      "objects": null
    },
    {
      "object_kind": "var",
      "config_addr": "module.aci.module.aci_port_channel_member_policy.var.priority",
      "status": "pass",
      "objects": null
    },
    {
      "object_kind": "var",
      "config_addr": "module.aci.module.aci_bgp_address_family_context_policy.var.ibgp_distance",
      "status": "pass",
      "objects": null
    },
    {
      "object_kind": "var",
      "config_addr": "module.aci.module.aci_endpoint_group.var.vmware_vmm_domains",
      "status": "unknown",
      "objects": [
        {
          "object_addr": "module.aci.module.aci_endpoint_group[\"tf-vms-1/vms-1/vlan-3712\"].var.vmware_vmm_domains",
          "status": "unknown"
        },
        {
          "object_addr": "module.aci.module.aci_endpoint_group[\"tf-vms-1/vms-2/vlan-3713\"].var.vmware_vmm_domains",
          "status": "unknown"
        },
        {
          "object_addr": "module.aci.module.aci_endpoint_group[\"tf-vms-1/vms-2/vlan-3714\"].var.vmware_vmm_domains",
          "status": "unknown"
        },
        {
          "object_addr": "module.aci.module.aci_endpoint_group[\"tf-vms-1/vms-2/vlan-3715\"].var.vmware_vmm_domains",
          "status": "unknown"
        },
        {
          "object_addr": "module.aci.module.aci_endpoint_group[\"tf-vms-1/vms-1/vlan-3710\"].var.vmware_vmm_domains",
          "status": "unknown"
        },
        {
          "object_addr": "module.aci.module.aci_endpoint_group[\"tf-vms-1/vms-1/vlan-3711\"].var.vmware_vmm_domains",
          "status": "unknown"
        }
      ]
    },
    {
      "object_kind": "var",
      "config_addr": "module.aci.module.aci_leaf_interface_configuration.var.description",
      "status": "pass",
      "objects": null
    },
    {
      "object_kind": "var",
      "config_addr": "module.aci.module.aci_sr_mpls_l3out.var.vrf",
      "status": "pass",
      "objects": null
    },
    {
      "object_kind": "var",
      "config_addr": "module.aci.module.aci_pim_policy.var.join_prune_interval",
      "status": "pass",
      "objects": null
    },
    {
      "object_kind": "var",
      "config_addr": "module.aci.module.aci_aaep.var.endpoint_groups",
      "status": "pass",
      "objects": [
        {
          "object_addr": "module.aci.module.aci_aaep[\"ocp_sr_iov_secondary_interfaces\"].var.endpoint_groups",
          "status": "pass"
        }
      ]
    },
    {
      "object_kind": "var",
      "config_addr": "module.aci.module.aci_aaa.var.security_domains",
      "status": "pass",
      "objects": null
    },
    {
      "object_kind": "var",
      "config_addr": "module.aci.module.aci_geolocation.var.name",
      "status": "pass",
      "objects": null
    },
    {
      "object_kind": "var",
      "config_addr": "module.aci.module.aci_access_fex_interface_selector_auto.var.interface_profile",
      "status": "pass",
      "objects": null
    },
    {
      "object_kind": "var",
      "config_addr": "module.aci.module.aci_ospf_timer_policy.var.lsa_max_interval",
      "status": "pass",
      "objects": null
    },
    {
      "object_kind": "var",
      "config_addr": "module.aci.module.aci_redirect_policy.var.l1l2_destinations",
      "status": "pass",
      "objects": null
    },
    {
      "object_kind": "var",
      "config_addr": "module.aci.module.aci_l3out_interface_profile_manual.var.custom_qos_policy",
      "status": "pass",
      "objects": null
    },
    {
      "object_kind": "var",
      "config_addr": "module.aci.module.aci_contract.var.name",
      "status": "pass",
      "objects": null
    },
    {
      "object_kind": "var",
      "config_addr": "module.aci.module.aci_external_endpoint_group.var.alias",
      "status": "pass",
      "objects": null
    },
    {
      "object_kind": "var",
      "config_addr": "module.aci.module.aci_aaep.var.infra_vlan",
      "status": "unknown",
      "objects": [
        {
          "object_addr": "module.aci.module.aci_aaep[\"ocp_sr_iov_secondary_interfaces\"].var.infra_vlan",
          "status": "unknown"
        }
      ]
    },
    {
      "object_kind": "var",
      "config_addr": "module.aci.module.aci_device_selection_policy.var.provider_service_epg_policy_tenant",
      "status": "pass",
      "objects": null
    },
    {
      "object_kind": "var",
      "config_addr": "module.aci.module.aci_bgp_timer_policy.var.maximum_as_limit",
      "status": "pass",
      "objects": null
    },
    {
      "object_kind": "var",
      "config_addr": "module.aci.module.aci_vrf.var.bgp_ipv6_export_route_target",
      "status": "unknown",
      "objects": [
        {
          "object_addr": "module.aci.module.aci_vrf[\"tf-vms-1/vrf\"].var.bgp_ipv6_export_route_target",
          "status": "unknown"
        }
      ]
    },
    {
      "object_kind": "var",
      "config_addr": "module.aci.module.aci_aaa.var.login_max_failed_attempts_window",
      "status": "pass",
      "objects": null
    },
    {
      "object_kind": "var",
      "config_addr": "module.aci.module.aci_sr_mpls_l3out_interface_profile_manual.var.igmp_interface_policy",
      "status": "pass",
      "objects": null
    },
    {
      "object_kind": "var",
      "config_addr": "module.aci.module.aci_bfd_multihop_node_policy.var.min_rx_interval",
      "status": "pass",
      "objects": null
    },
    {
      "object_kind": "var",
      "config_addr": "module.aci.module.aci_route_tag_policy.var.name",
      "status": "pass",
      "objects": null
    },
    {
      "object_kind": "var",
      "config_addr": "module.aci.module.aci_filter.var.description",
      "status": "pass",
      "objects": null
    },
    {
      "object_kind": "var",
      "config_addr": "module.aci.module.aci_access_fex_interface_profile_auto.var.name",
      "status": "pass",
      "objects": null
    },
    {
      "object_kind": "var",
      "config_addr": "module.aci.module.aci_external_endpoint_group.var.contract_consumers",
      "status": "pass",
      "objects": null
    },
    {
      "object_kind": "var",
      "config_addr": "module.aci.module.aci_access_fex_interface_selector_manual.var.port_blocks",
      "status": "pass",
      "objects": null
    },
    {
      "object_kind": "var",
      "config_addr": "module.aci.module.aci_device_selection_policy.var.copy_service_epg_policy_tenant",
      "status": "pass",
      "objects": null
    },
    {
      "object_kind": "var",
      "config_addr": "module.aci.module.aci_ip_sla_policy.var.sla_type",
      "status": "pass",
      "objects": null
    },
    {
      "object_kind": "var",
      "config_addr": "module.aci.module.aci_nd_interface_policy.var.controller_state",
      "status": "pass",
      "objects": null
    },
    {
      "object_kind": "var",
      "config_addr": "module.aci.module.aci_vpc_policy.var.peer_dead_interval",
      "status": "pass",
      "objects": null
    },
    {
      "object_kind": "var",
      "config_addr": "module.aci.module.aci_service_graph_template.var.device_tenant",
      "status": "pass",
      "objects": null
    },
    {
      "object_kind": "var",
      "config_addr": "module.aci.module.aci_vrf.var.ospf_timer_policy",
      "status": "unknown",
      "objects": [
        {
          "object_addr": "module.aci.module.aci_vrf[\"tf-vms-1/vrf\"].var.ospf_timer_policy",
          "status": "unknown"
        }
      ]
    },
    {
      "object_kind": "var",
      "config_addr": "module.aci.module.aci_tenant_span_destination_group.var.destination_tenant",
      "status": "pass",
      "objects": null
    },
    {
      "object_kind": "var",
      "config_addr": "module.aci.module.aci_snmp_policy.var.communities",
      "status": "pass",
      "objects": null
    },
    {
      "object_kind": "var",
      "config_addr": "module.aci.module.aci_igmp_interface_policy.var.last_member_response_time",
      "status": "pass",
      "objects": null
    },
    {
      "object_kind": "var",
      "config_addr": "module.aci.module.aci_infra_dscp_translation_policy.var.span",
      "status": "pass",
      "objects": null
    },
    {
      "object_kind": "var",
      "config_addr": "module.aci.module.aci_spine_interface_configuration.var.policy_group_type",
      "status": "pass",
      "objects": null
    },
    {
      "object_kind": "var",
      "config_addr": "module.aci.module.aci_vlan_pool.var.allocation",
      "status": "pass",
      "objects": [
        {
          "object_addr": "module.aci.module.aci_vlan_pool[\"ocp_sr_iov-secondary\"].var.allocation",
          "status": "pass"
        }
      ]
    },
    {
      "object_kind": "var",
      "config_addr": "module.aci.module.aci_access_spine_interface_policy_group.var.cdp_policy",
      "status": "pass",
      "objects": null
    },
    {
      "object_kind": "var",
      "config_addr": "module.aci.module.aci_login_domain.var.realm",
      "status": "pass",
      "objects": null
    },
    {
      "object_kind": "var",
      "config_addr": "module.aci.module.aci_storm_control_policy.var.unknown_unicast_pps",
      "status": "pass",
      "objects": null
    },
    {
      "object_kind": "var",
      "config_addr": "module.aci.module.aci_access_leaf_interface_selector_manual.var.port_blocks",
      "status": "pass",
      "objects": null
    },
    {
      "object_kind": "var",
      "config_addr": "module.aci.module.aci_radius.var.monitoring_username",
      "status": "pass",
      "objects": null
    },
    {
      "object_kind": "var",
      "config_addr": "module.aci.module.aci_fabric_leaf_switch_profile_auto.var.interface_profiles",
      "status": "pass",
      "objects": null
    },
    {
      "object_kind": "var",
      "config_addr": "module.aci.module.aci_bgp_timer_policy.var.name",
      "status": "pass",
      "objects": null
    },
    {
      "object_kind": "var",
      "config_addr": "module.aci.module.aci_nd_interface_policy.var.nud_retransmit_count",
      "status": "pass",
      "objects": null
    },
    {
      "object_kind": "var",
      "config_addr": "module.aci.module.aci_track_member.var.name",
      "status": "pass",
      "objects": null
    },
    {
      "object_kind": "var",
      "config_addr": "module.aci.module.aci_route_control_route_map.var.name",
      "status": "pass",
      "objects": null
    },
    {
      "object_kind": "var",
      "config_addr": "module.aci.module.aci_useg_endpoint_group.var.alias",
      "status": "pass",
      "objects": null
    },
    {
      "object_kind": "var",
      "config_addr": "module.aci.module.aci_external_endpoint_group.var.qos_class",
      "status": "pass",
      "objects": null
    },
    {
      "object_kind": "var",
      "config_addr": "module.aci.module.aci_rogue_endpoint_control.var.detection_interval",
      "status": "pass",
      "objects": null
    },
    {
      "object_kind": "resource",
      "config_addr": "module.aci.data.utils_yaml_merge.model",
      "status": "unknown",
      "objects": [
        {
          "object_addr": "module.aci.data.utils_yaml_merge.model",
          "status": "unknown"
        }
      ]
    },
    {
      "object_kind": "var",
      "config_addr": "module.aci.module.aci_fabric_pod_policy_group.var.name",
      "status": "pass",
      "objects": null
    },
    {
      "object_kind": "var",
      "config_addr": "module.aci.module.aci_remote_location.var.hostname_ip",
      "status": "pass",
      "objects": null
    },
    {
      "object_kind": "var",
      "config_addr": "module.aci.module.aci_user.var.first_name",
      "status": "pass",
      "objects": null
    },
    {
      "object_kind": "var",
      "config_addr": "module.aci.module.aci_leaf_fabric_interface_configuration_sub.var.sub_port",
      "status": "pass",
      "objects": null
    },
    {
      "object_kind": "var",
      "config_addr": "module.aci.module.aci_aaa.var.console_login_domain",
      "status": "pass",
      "objects": null
    },
    {
      "object_kind": "var",
      "config_addr": "module.aci.module.aci_sr_mpls_l3out.var.alias",
      "status": "pass",
      "objects": null
    },
    {
      "object_kind": "var",
      "config_addr": "module.aci.module.aci_endpoint_group.var.contract_intra_epgs",
      "status": "unknown",
      "objects": [
        {
          "object_addr": "module.aci.module.aci_endpoint_group[\"tf-vms-1/vms-2/vlan-3715\"].var.contract_intra_epgs",
          "status": "unknown"
        },
        {
          "object_addr": "module.aci.module.aci_endpoint_group[\"tf-vms-1/vms-1/vlan-3710\"].var.contract_intra_epgs",
          "status": "unknown"
        },
        {
          "object_addr": "module.aci.module.aci_endpoint_group[\"tf-vms-1/vms-1/vlan-3711\"].var.contract_intra_epgs",
          "status": "unknown"
        },
        {
          "object_addr": "module.aci.module.aci_endpoint_group[\"tf-vms-1/vms-1/vlan-3712\"].var.contract_intra_epgs",
          "status": "unknown"
        },
        {
          "object_addr": "module.aci.module.aci_endpoint_group[\"tf-vms-1/vms-2/vlan-3713\"].var.contract_intra_epgs",
          "status": "unknown"
        },
        {
          "object_addr": "module.aci.module.aci_endpoint_group[\"tf-vms-1/vms-2/vlan-3714\"].var.contract_intra_epgs",
          "status": "unknown"
        }
      ]
    },
    {
      "object_kind": "var",
      "config_addr": "module.aci.module.aci_forwarding_scale_policy.var.name",
      "status": "pass",
      "objects": null
    },
    {
      "object_kind": "var",
      "config_addr": "module.aci.module.aci_vrf.var.transit_route_tag_policy",
      "status": "unknown",
      "objects": [
        {
          "object_addr": "module.aci.module.aci_vrf[\"tf-vms-1/vrf\"].var.transit_route_tag_policy",
          "status": "unknown"
        }
      ]
    },
    {
      "object_kind": "var",
      "config_addr": "module.aci.module.aci_access_span_destination_group.var.dscp",
      "status": "pass",
      "objects": null
    },
    {
      "object_kind": "var",
      "config_addr": "module.aci.module.aci_set_rule.var.set_as_paths",
      "status": "pass",
      "objects": null
    },
    {
      "object_kind": "var",
      "config_addr": "module.aci.module.aci_access_spine_switch_profile_manual.var.interface_profiles",
      "status": "pass",
      "objects": null
    },
    {
      "object_kind": "var",
      "config_addr": "module.aci.module.aci_l3out.var.alias",
      "status": "pass",
      "objects": null
    },
    {
      "object_kind": "var",
      "config_addr": "module.aci.module.aci_vrf.var.bgp_ipv6_import_route_target",
      "status": "unknown",
      "objects": [
        {
          "object_addr": "module.aci.module.aci_vrf[\"tf-vms-1/vrf\"].var.bgp_ipv6_import_route_target",
          "status": "unknown"
        }
      ]
    },
    {
      "object_kind": "var",
      "config_addr": "module.aci.module.aci_inband_node_address.var.endpoint_group_vlan",
      "status": "pass",
      "objects": null
    },
    {
      "object_kind": "var",
      "config_addr": "module.aci.module.aci_sr_mpls_l3out_node_profile_manual.var.tenant",
      "status": "pass",
      "objects": null
    },
    {
      "object_kind": "var",
      "config_addr": "module.aci.module.aci_route_tag_policy.var.tenant",
      "status": "pass",
      "objects": null
    },
    {
      "object_kind": "var",
      "config_addr": "module.aci.module.aci_inband_endpoint_group.var.contract_imported_consumers",
      "status": "pass",
      "objects": null
    },
    {
      "object_kind": "var",
      "config_addr": "module.aci.module.aci_qos_policy.var.dscp_priority_maps",
      "status": "pass",
      "objects": null
    },
    {
      "object_kind": "var",
      "config_addr": "module.aci.module.aci_imported_l4l7_device.var.source_tenant",
      "status": "pass",
      "objects": null
    },
    {
      "object_kind": "var",
      "config_addr": "module.aci.module.aci_multicast_route_map.var.entries",
      "status": "pass",
      "objects": null
    },
    {
      "object_kind": "var",
      "config_addr": "module.aci.module.aci_fabric_span_destination_group.var.flow_id",
      "status": "pass",
      "objects": null
    },
    {
      "object_kind": "var",
      "config_addr": "module.aci.module.aci_bgp_policy.var.fabric_bgp_rr",
      "status": "pass",
      "objects": null
    },
    {
      "object_kind": "var",
      "config_addr": "module.aci.module.aci_endpoint_group.var.contract_masters",
      "status": "unknown",
      "objects": [
        {
          "object_addr": "module.aci.module.aci_endpoint_group[\"tf-vms-1/vms-2/vlan-3715\"].var.contract_masters",
          "status": "unknown"
        },
        {
          "object_addr": "module.aci.module.aci_endpoint_group[\"tf-vms-1/vms-1/vlan-3710\"].var.contract_masters",
          "status": "unknown"
        },
        {
          "object_addr": "module.aci.module.aci_endpoint_group[\"tf-vms-1/vms-1/vlan-3711\"].var.contract_masters",
          "status": "unknown"
        },
        {
          "object_addr": "module.aci.module.aci_endpoint_group[\"tf-vms-1/vms-1/vlan-3712\"].var.contract_masters",
          "status": "unknown"
        },
        {
          "object_addr": "module.aci.module.aci_endpoint_group[\"tf-vms-1/vms-2/vlan-3713\"].var.contract_masters",
          "status": "unknown"
        },
        {
          "object_addr": "module.aci.module.aci_endpoint_group[\"tf-vms-1/vms-2/vlan-3714\"].var.contract_masters",
          "status": "unknown"
        }
      ]
    },
    {
      "object_kind": "var",
      "config_addr": "module.aci.module.aci_storm_control_policy.var.unknown_unicast_burst_pps",
      "status": "pass",
      "objects": null
    },
    {
      "object_kind": "var",
      "config_addr": "module.aci.module.aci_access_leaf_interface_selector_sub_auto.var.name",
      "status": "pass",
      "objects": null
    },
    {
      "object_kind": "var",
      "config_addr": "module.aci.module.aci_forwarding_scale_policy.var.profile",
      "status": "pass",
      "objects": null
    },
    {
      "object_kind": "var",
      "config_addr": "module.aci.module.aci_bridge_domain.var.alias",
      "status": "pass",
      "objects": [
        {
          "object_addr": "module.aci.module.aci_bridge_domain[\"tf-vms-1/10.1.204.0_24\"].var.alias",
          "status": "pass"
        },
        {
          "object_addr": "module.aci.module.aci_bridge_domain[\"tf-vms-1/10.1.200.0_24\"].var.alias",
          "status": "pass"
        },
        {
          "object_addr": "module.aci.module.aci_bridge_domain[\"tf-vms-1/10.1.201.0_24\"].var.alias",
          "status": "pass"
        },
        {
          "object_addr": "module.aci.module.aci_bridge_domain[\"tf-vms-1/10.1.202.0_24\"].var.alias",
          "status": "pass"
        },
        {
          "object_addr": "module.aci.module.aci_bridge_domain[\"tf-vms-1/10.1.203.0_24\"].var.alias",
          "status": "pass"
        }
      ]
    },
    {
      "object_kind": "var",
      "config_addr": "module.aci.module.aci_radius.var.timeout",
      "status": "pass",
      "objects": null
    },
    {
      "object_kind": "var",
      "config_addr": "module.aci.module.aci_vspan_session.var.destination_description",
      "status": "pass",
      "objects": null
    },
    {
      "object_kind": "var",
      "config_addr": "module.aci.module.aci_maintenance_group.var.target_version",
      "status": "pass",
      "objects": null
    },
    {
      "object_kind": "var",
      "config_addr": "module.aci.module.aci_device_selection_policy.var.provider_external_endpoint_group_l3out",
      "status": "pass",
      "objects": null
    },
    {
      "object_kind": "var",
      "config_addr": "module.aci.module.aci_fabric_leaf_interface_profile_manual.var.name",
      "status": "pass",
      "objects": null
    },
    {
      "object_kind": "var",
      "config_addr": "module.aci.module.aci_set_rule.var.dampening_reuse_limit",
      "status": "pass",
      "objects": null
    },
    {
      "object_kind": "var",
      "config_addr": "module.aci.module.aci_vspan_session.var.sources",
      "status": "pass",
      "objects": null
    },
    {
      "object_kind": "var",
      "config_addr": "module.aci.module.aci_imported_l4l7_device.var.description",
      "status": "pass",
      "objects": null
    },
    {
      "object_kind": "var",
      "config_addr": "module.aci.module.aci_pod_setup.var.remote_pools",
      "status": "pass",
      "objects": null
    },
    {
      "object_kind": "var",
      "config_addr": "module.aci.module.aci_sr_mpls_l3out_interface_profile_manual.var.node_profile",
      "status": "pass",
      "objects": null
    },
    {
      "object_kind": "var",
      "config_addr": "module.aci.module.aci_leaf_fabric_interface_configuration_sub.var.node_id",
      "status": "pass",
      "objects": null
    },
    {
      "object_kind": "var",
      "config_addr": "module.aci.module.aci_snmp_policy.var.location",
      "status": "pass",
      "objects": null
    },
    {
      "object_kind": "var",
      "config_addr": "module.aci.module.aci_remote_location.var.protocol",
      "status": "pass",
      "objects": null
    },
    {
      "object_kind": "var",
      "config_addr": "module.aci.module.aci_device_selection_policy.var.provider_redirect_policy_tenant",
      "status": "pass",
      "objects": null
    },
    {
      "object_kind": "var",
      "config_addr": "module.aci.module.aci_sr_mpls_external_endpoint_group.var.target_dscp",
      "status": "pass",
      "objects": null
    },
    {
      "object_kind": "var",
      "config_addr": "module.aci.module.aci_syslog_policy.var.local_severity",
      "status": "pass",
      "objects": null
    },
    {
      "object_kind": "var",
      "config_addr": "module.aci.module.aci_l3out.var.routed_domain",
      "status": "pass",
      "objects": null
    },
    {
      "object_kind": "var",
      "config_addr": "module.aci.module.aci_access_span_destination_group.var.span_version",
      "status": "pass",
      "objects": null
    },
    {
      "object_kind": "var",
      "config_addr": "module.aci.module.aci_aaa.var.password_change_interval",
      "status": "pass",
      "objects": null
    },
    {
      "object_kind": "var",
      "config_addr": "module.aci.module.aci_application_profile.var.alias",
      "status": "pass",
      "objects": [
        {
          "object_addr": "module.aci.module.aci_application_profile[\"tf-vms-1/vms-2\"].var.alias",
          "status": "pass"
        },
        {
          "object_addr": "module.aci.module.aci_application_profile[\"tf-vms-1/vms-1\"].var.alias",
          "status": "pass"
        }
      ]
    },
    {
      "object_kind": "var",
      "config_addr": "module.aci.module.aci_service_graph_template.var.device_function",
      "status": "pass",
      "objects": null
    },
    {
      "object_kind": "var",
      "config_addr": "module.aci.module.aci_l3out.var.import_route_map_contexts",
      "status": "pass",
      "objects": null
    },
    {
      "object_kind": "var",
      "config_addr": "module.aci.module.aci_bgp_best_path_policy.var.description",
      "status": "pass",
      "objects": null
    },
    {
      "object_kind": "var",
      "config_addr": "module.aci.module.aci_access_leaf_switch_profile_auto.var.interface_profiles",
      "status": "pass",
      "objects": null
    },
    {
      "object_kind": "var",
      "config_addr": "module.aci.module.aci_useg_endpoint_group.var.physical_domains",
      "status": "pass",
      "objects": null
    },
    {
      "object_kind": "var",
      "config_addr": "module.aci.module.aci_igmp_interface_policy.var.name",
      "status": "pass",
      "objects": null
    },
    {
      "object_kind": "var",
      "config_addr": "module.aci.module.aci_endpoint_group.var.subnets",
      "status": "unknown",
      "objects": [
        {
          "object_addr": "module.aci.module.aci_endpoint_group[\"tf-vms-1/vms-1/vlan-3712\"].var.subnets",
          "status": "unknown"
        },
        {
          "object_addr": "module.aci.module.aci_endpoint_group[\"tf-vms-1/vms-2/vlan-3713\"].var.subnets",
          "status": "unknown"
        },
        {
          "object_addr": "module.aci.module.aci_endpoint_group[\"tf-vms-1/vms-2/vlan-3714\"].var.subnets",
          "status": "unknown"
        },
        {
          "object_addr": "module.aci.module.aci_endpoint_group[\"tf-vms-1/vms-2/vlan-3715\"].var.subnets",
          "status": "unknown"
        },
        {
          "object_addr": "module.aci.module.aci_endpoint_group[\"tf-vms-1/vms-1/vlan-3710\"].var.subnets",
          "status": "unknown"
        },
        {
          "object_addr": "module.aci.module.aci_endpoint_group[\"tf-vms-1/vms-1/vlan-3711\"].var.subnets",
          "status": "unknown"
        }
      ]
    },
    {
      "object_kind": "var",
      "config_addr": "module.aci.module.aci_l4l7_device.var.physical_domain",
      "status": "pass",
      "objects": null
    },
    {
      "object_kind": "var",
      "config_addr": "module.aci.module.aci_access_spine_switch_policy_group.var.bfd_ipv6_policy",
      "status": "pass",
      "objects": null
    },
    {
      "object_kind": "var",
      "config_addr": "module.aci.module.aci_leaf_fabric_interface_configuration_sub.var.role",
      "status": "pass",
      "objects": null
    },
    {
      "object_kind": "var",
      "config_addr": "module.aci.module.aci_snmp_policy.var.trap_forwarders",
      "status": "pass",
      "objects": null
    },
    {
      "object_kind": "var",
      "config_addr": "module.aci.module.aci_l4l7_device.var.logical_interfaces",
      "status": "pass",
      "objects": null
    },
    {
      "object_kind": "var",
      "config_addr": "module.aci.module.aci_pim_policy.var.neighbor_filter_policy",
      "status": "pass",
      "objects": null
    },
    {
      "object_kind": "var",
      "config_addr": "module.aci.module.aci_l3out_interface_profile_manual.var.ospf_interface_profile_name",
      "status": "pass",
      "objects": null
    },
    {
      "object_kind": "var",
      "config_addr": "module.aci.module.aci_useg_endpoint_group.var.contract_consumers",
      "status": "pass",
      "objects": null
    },
    {
      "object_kind": "var",
      "config_addr": "module.aci.module.aci_l3out.var.name",
      "status": "pass",
      "objects": null
    },
    {
      "object_kind": "var",
      "config_addr": "module.aci.module.aci_fabric_spine_switch_profile_manual.var.interface_profiles",
      "status": "pass",
      "objects": null
    },
    {
      "object_kind": "var",
      "config_addr": "module.aci.module.aci_node_control_policy.var.telemetry",
      "status": "pass",
      "objects": null
    },
    {
      "object_kind": "var",
      "config_addr": "module.aci.module.aci_sr_mpls_l3out.var.export_route_map_name",
      "status": "pass",
      "objects": null
    },
    {
      "object_kind": "var",
      "config_addr": "module.aci.module.aci_oob_endpoint_group.var.name",
      "status": "pass",
      "objects": null
    },
    {
      "object_kind": "var",
      "config_addr": "module.aci.module.aci_access_leaf_interface_selector_manual.var.fex_interface_profile",
      "status": "pass",
      "objects": null
    },
    {
      "object_kind": "var",
      "config_addr": "module.aci.module.aci_oob_node_address.var.node_id",
      "status": "pass",
      "objects": null
    },
    {
      "object_kind": "var",
      "config_addr": "module.aci.module.aci_vmware_vmm_domain.var.vswitch_lldp_policy",
      "status": "pass",
      "objects": null
    },
    {
      "object_kind": "var",
      "config_addr": "module.aci.module.aci_trust_control_policy.var.description",
      "status": "pass",
      "objects": null
    },
    {
      "object_kind": "var",
      "config_addr": "module.aci.module.aci_match_rule.var.description",
      "status": "pass",
      "objects": null
    },
    {
      "object_kind": "var",
      "config_addr": "module.aci.module.aci_sr_mpls_l3out_interface_profile_manual.var.pim_policy",
      "status": "pass",
      "objects": null
    },
    {
      "object_kind": "var",
      "config_addr": "module.aci.module.aci_fabric_span_destination_group.var.application_profile",
      "status": "pass",
      "objects": null
    },
    {
      "object_kind": "var",
      "config_addr": "module.aci.module.aci_fabric_pod_policy_group.var.date_time_policy",
      "status": "pass",
      "objects": null
    },
    {
      "object_kind": "var",
      "config_addr": "module.aci.module.aci_track_member.var.tenant",
      "status": "pass",
      "objects": null
    },
    {
      "object_kind": "var",
      "config_addr": "module.aci.module.aci_port_channel_member_policy.var.name",
      "status": "pass",
      "objects": null
    },
    {
      "object_kind": "var",
      "config_addr": "module.aci.module.aci_management_access_policy.var.name",
      "status": "pass",
      "objects": null
    },
    {
      "object_kind": "var",
      "config_addr": "module.aci.module.aci_access_spine_switch_policy_group.var.name",
      "status": "pass",
      "objects": null
    },
    {
      "object_kind": "var",
      "config_addr": "module.aci.module.aci_access_span_source_group.var.destination_name",
      "status": "pass",
      "objects": null
    },
    {
      "object_kind": "var",
      "config_addr": "module.aci.module.aci_bridge_domain.var.l3outs",
      "status": "unknown",
      "objects": [
        {
          "object_addr": "module.aci.module.aci_bridge_domain[\"tf-vms-1/10.1.200.0_24\"].var.l3outs",
          "status": "unknown"
        },
        {
          "object_addr": "module.aci.module.aci_bridge_domain[\"tf-vms-1/10.1.201.0_24\"].var.l3outs",
          "status": "unknown"
        },
        {
          "object_addr": "module.aci.module.aci_bridge_domain[\"tf-vms-1/10.1.202.0_24\"].var.l3outs",
          "status": "unknown"
        },
        {
          "object_addr": "module.aci.module.aci_bridge_domain[\"tf-vms-1/10.1.203.0_24\"].var.l3outs",
          "status": "unknown"
        },
        {
          "object_addr": "module.aci.module.aci_bridge_domain[\"tf-vms-1/10.1.204.0_24\"].var.l3outs",
          "status": "unknown"
        }
      ]
    },
    {
      "object_kind": "var",
      "config_addr": "module.aci.module.aci_useg_endpoint_group.var.vmware_vmm_domains",
      "status": "pass",
      "objects": null
    },
    {
      "object_kind": "var",
      "config_addr": "module.aci.module.aci_vspan_destination_group.var.destinations",
      "status": "pass",
      "objects": null
    },
    {
      "object_kind": "var",
      "config_addr": "module.aci.module.aci_redirect_policy.var.type",
      "status": "pass",
      "objects": null
    },
    {
      "object_kind": "var",
      "config_addr": "module.aci.module.aci_bfd_interface_policy.var.description",
      "status": "pass",
      "objects": null
    },
    {
      "object_kind": "var",
      "config_addr": "module.aci.module.aci_eigrp_interface_policy.var.tenant",
      "status": "pass",
      "objects": null
    },
    {
      "object_kind": "var",
      "config_addr": "module.aci.module.aci_ptp_profile.var.announce_timeout",
      "status": "pass",
      "objects": null
    },
    {
      "object_kind": "var",
      "config_addr": "module.aci.module.aci_ospf_timer_policy.var.name",
      "status": "pass",
      "objects": null
    },
    {
      "object_kind": "var",
      "config_addr": "module.aci.module.aci_l3out_node_profile_auto.var.mpls_custom_qos_policy",
      "status": "pass",
      "objects": null
    },
    {
      "object_kind": "var",
      "config_addr": "module.aci.module.aci_vrf.var.bgp_ipv4_address_family_context_policy",
      "status": "unknown",
      "objects": [
        {
          "object_addr": "module.aci.module.aci_vrf[\"tf-vms-1/vrf\"].var.bgp_ipv4_address_family_context_policy",
          "status": "unknown"
        }
      ]
    },
    {
      "object_kind": "var",
      "config_addr": "module.aci.module.aci_igmp_interface_policy.var.description",
      "status": "pass",
      "objects": null
    },
    {
      "object_kind": "var",
      "config_addr": "module.aci.module.aci_set_rule.var.dampening_max_suppress_time",
      "status": "pass",
      "objects": null
    },
    {
      "object_kind": "var",
      "config_addr": "module.aci.module.aci_access_leaf_interface_policy_group.var.type",
      "status": "pass",
      "objects": null
    },
    {
      "object_kind": "var",
      "config_addr": "module.aci.module.aci_management_access_policy.var.description",
      "status": "pass",
      "objects": null
    },
    {
      "object_kind": "var",
      "config_addr": "module.aci.module.aci_storm_control_policy.var.burst_pps",
      "status": "pass",
      "objects": null
    },
    {
      "object_kind": "var",
      "config_addr": "module.aci.module.aci_bridge_domain.var.tenant",
      "status": "pass",
      "objects": [
        {
          "object_addr": "module.aci.module.aci_bridge_domain[\"tf-vms-1/10.1.204.0_24\"].var.tenant",
          "status": "pass"
        },
        {
          "object_addr": "module.aci.module.aci_bridge_domain[\"tf-vms-1/10.1.200.0_24\"].var.tenant",
          "status": "pass"
        },
        {
          "object_addr": "module.aci.module.aci_bridge_domain[\"tf-vms-1/10.1.201.0_24\"].var.tenant",
          "status": "pass"
        },
        {
          "object_addr": "module.aci.module.aci_bridge_domain[\"tf-vms-1/10.1.202.0_24\"].var.tenant",
          "status": "pass"
        },
        {
          "object_addr": "module.aci.module.aci_bridge_domain[\"tf-vms-1/10.1.203.0_24\"].var.tenant",
          "status": "pass"
        }
      ]
    },
    {
      "object_kind": "var",
      "config_addr": "module.aci.module.aci_l3out.var.export_route_map_type",
      "status": "pass",
      "objects": null
    },
    {
      "object_kind": "var",
      "config_addr": "module.aci.module.aci_leaf_fabric_interface_configuration.var.role",
      "status": "pass",
      "objects": null
    },
    {
      "object_kind": "var",
      "config_addr": "module.aci.module.aci_access_spine_switch_profile_auto.var.name",
      "status": "pass",
      "objects": null
    },
    {
      "object_kind": "var",
      "config_addr": "module.aci.module.aci_access_span_filter_group.var.description",
      "status": "pass",
      "objects": null
    },
    {
      "object_kind": "var",
      "config_addr": "module.aci.module.aci_filter.var.name",
      "status": "pass",
      "objects": null
    },
    {
      "object_kind": "var",
      "config_addr": "module.aci.module.aci_apic_connectivity_preference.var.interface_preference",
      "status": "pass",
      "objects": null
    },
    {
      "object_kind": "var",
      "config_addr": "module.aci.module.aci_nd_interface_policy.var.route_advertise_interval",
      "status": "pass",
      "objects": null
    },
    {
      "object_kind": "var",
      "config_addr": "module.aci.module.aci_set_rule.var.external_endpoint_group_l3out",
      "status": "pass",
      "objects": null
    },
    {
      "object_kind": "var",
      "config_addr": "module.aci.module.aci_device_selection_policy.var.contract",
      "status": "pass",
      "objects": null
    },
    {
      "object_kind": "var",
      "config_addr": "module.aci.module.aci_leaf_interface_configuration_sub.var.policy_group_type",
      "status": "pass",
      "objects": null
    },
    {
      "object_kind": "var",
      "config_addr": "module.aci.module.aci_sr_mpls_external_endpoint_group.var.route_control_profiles",
      "status": "pass",
      "objects": null
    },
    {
      "object_kind": "var",
      "config_addr": "module.aci.module.aci_l3out.var.ospf_area_type",
      "status": "pass",
      "objects": null
    },
    {
      "object_kind": "var",
      "config_addr": "module.aci.module.aci_leaf_interface_configuration.var.breakout",
      "status": "pass",
      "objects": null
    },
    {
      "object_kind": "var",
      "config_addr": "module.aci.module.aci_fabric_leaf_switch_profile_manual.var.interface_profiles",
      "status": "pass",
      "objects": null
    },
    {
      "object_kind": "var",
      "config_addr": "module.aci.module.aci_infra_dscp_translation_policy.var.policy_plane",
      "status": "pass",
      "objects": null
    },
    {
      "object_kind": "var",
      "config_addr": "module.aci.module.aci_tenant.var.alias",
      "status": "pass",
      "objects": [
        {
          "object_addr": "module.aci.module.aci_tenant[\"tf-vms-1\"].var.alias",
          "status": "pass"
        }
      ]
    },
    {
      "object_kind": "var",
      "config_addr": "module.aci.module.aci_leaf_interface_configuration_sub.var.port",
      "status": "pass",
      "objects": null
    },
    {
      "object_kind": "var",
      "config_addr": "module.aci.module.aci_fabric_span_destination_group.var.tenant",
      "status": "pass",
      "objects": null
    },
    {
      "object_kind": "var",
      "config_addr": "module.aci.module.aci_storm_control_policy.var.configuration_type",
      "status": "pass",
      "objects": null
    },
    {
      "object_kind": "var",
      "config_addr": "module.aci.module.aci_set_rule.var.description",
      "status": "pass",
      "objects": null
    },
    {
      "object_kind": "var",
      "config_addr": "module.aci.module.aci_device_selection_policy.var.consumer_external_endpoint_group_l3out",
      "status": "pass",
      "objects": null
    },
    {
      "object_kind": "var",
      "config_addr": "module.aci.module.aci_access_span_source_group.var.sources",
      "status": "pass",
      "objects": null
    },
    {
      "object_kind": "var",
      "config_addr": "module.aci.module.aci_ospf_interface_policy.var.network_type",
      "status": "pass",
      "objects": null
    },
    {
      "object_kind": "var",
      "config_addr": "module.aci.module.aci_access_spine_switch_policy_group.var.lldp_policy",
      "status": "pass",
      "objects": null
    },
    {
      "object_kind": "var",
      "config_addr": "module.aci.module.aci_tenant_span_destination_group.var.ttl",
      "status": "pass",
      "objects": null
    },
    {
      "object_kind": "var",
      "config_addr": "module.aci.module.aci_access_span_destination_group.var.pod_id",
      "status": "pass",
      "objects": null
    },
    {
      "object_kind": "var",
      "config_addr": "module.aci.module.aci_date_time_policy.var.apic_ntp_server_master_stratum",
      "status": "pass",
      "objects": null
    },
    {
      "object_kind": "var",
      "config_addr": "module.aci.module.aci_ptp_profile.var.template",
      "status": "pass",
      "objects": null
    },
    {
      "object_kind": "var",
      "config_addr": "module.aci.module.aci_vrf.var.pim_asm_sg_expiry_multicast_route_map",
      "status": "unknown",
      "objects": [
        {
          "object_addr": "module.aci.module.aci_vrf[\"tf-vms-1/vrf\"].var.pim_asm_sg_expiry_multicast_route_map",
          "status": "unknown"
        }
      ]
    },
    {
      "object_kind": "var",
      "config_addr": "module.aci.module.aci_track_list.var.type",
      "status": "pass",
      "objects": null
    },
    {
      "object_kind": "var",
      "config_addr": "module.aci.module.aci_fabric_span_destination_group.var.endpoint_group",
      "status": "pass",
      "objects": null
    },
    {
      "object_kind": "var",
      "config_addr": "module.aci.module.aci_access_fex_interface_selector_auto.var.policy_group",
      "status": "pass",
      "objects": null
    },
    {
      "object_kind": "var",
      "config_addr": "module.aci.module.aci_fabric_spine_switch_profile_manual.var.name",
      "status": "pass",
      "objects": null
    },
    {
      "object_kind": "var",
      "config_addr": "module.aci.module.aci_contract.var.alias",
      "status": "pass",
      "objects": null
    },
    {
      "object_kind": "var",
      "config_addr": "module.aci.module.aci_dhcp_option_policy.var.name",
      "status": "pass",
      "objects": null
    },
    {
      "object_kind": "var",
      "config_addr": "module.aci.module.aci_bgp_timer_policy.var.hold_interval",
      "status": "pass",
      "objects": null
    },
    {
      "object_kind": "var",
      "config_addr": "module.aci.module.aci_mcp.var.initial_delay",
      "status": "unknown",
      "objects": [
        {
          "object_addr": "module.aci.module.aci_mcp[0].var.initial_delay",
          "status": "unknown"
        }
      ]
    },
    {
      "object_kind": "var",
      "config_addr": "module.aci.module.aci_ip_sla_policy.var.name",
      "status": "pass",
      "objects": null
    },
    {
      "object_kind": "var",
      "config_addr": "module.aci.module.aci_physical_domain.var.name",
      "status": "pass",
      "objects": [
        {
          "object_addr": "module.aci.module.aci_physical_domain[\"ocp_sr_iov-secondary\"].var.name",
          "status": "pass"
        }
      ]
    },
    {
      "object_kind": "var",
      "config_addr": "module.aci.module.aci_l4l7_device.var.name",
      "status": "pass",
      "objects": null
    },
    {
      "object_kind": "var",
      "config_addr": "module.aci.module.aci_igmp_snooping_policy.var.query_response_interval",
      "status": "pass",
      "objects": null
    },
    {
      "object_kind": "var",
      "config_addr": "module.aci.module.aci_ptp.var.sync_interval",
      "status": "pass",
      "objects": null
    },
    {
      "object_kind": "var",
      "config_addr": "module.aci.module.aci_igmp_interface_policy.var.grp_timeout",
      "status": "pass",
      "objects": null
    },
    {
      "object_kind": "var",
      "config_addr": "module.aci.module.aci_user.var.certificate_name",
      "status": "pass",
      "objects": null
    },
    {
      "object_kind": "var",
      "config_addr": "module.aci.module.aci_sr_mpls_l3out.var.import_route_map_type",
      "status": "pass",
      "objects": null
    },
    {
      "object_kind": "var",
      "config_addr": "module.aci.module.aci_tacacs.var.retries",
      "status": "pass",
      "objects": null
    },
    {
      "object_kind": "var",
      "config_addr": "module.aci.module.aci_vpc_group.var.groups",
      "status": "pass",
      "objects": null
    },
    {
      "object_kind": "var",
      "config_addr": "module.aci.module.aci_remote_location.var.path",
      "status": "pass",
      "objects": null
    },
    {
      "object_kind": "var",
      "config_addr": "module.aci.module.aci_vspan_session.var.destination_name",
      "status": "pass",
      "objects": null
    },
    {
      "object_kind": "var",
      "config_addr": "module.aci.module.aci_interface_configuration_fex.var.role",
      "status": "pass",
      "objects": null
    },
    {
      "object_kind": "var",
      "config_addr": "module.aci.module.aci_l3out_interface_profile_manual.var.l3out",
      "status": "pass",
      "objects": null
    },
    {
      "object_kind": "var",
      "config_addr": "module.aci.module.aci_radius.var.description",
      "status": "pass",
      "objects": null
    },
    {
      "object_kind": "var",
      "config_addr": "module.aci.module.aci_external_endpoint_group.var.description",
      "status": "pass",
      "objects": null
    },
    {
      "object_kind": "var",
      "config_addr": "module.aci.module.aci_device_selection_policy.var.consumer_logical_interface",
      "status": "pass",
      "objects": null
    },
    {
      "object_kind": "var",
      "config_addr": "module.aci.module.aci_fabric_span_source_group.var.sources",
      "status": "pass",
      "objects": null
    },
    {
      "object_kind": "var",
      "config_addr": "module.aci.module.aci_sr_mpls_external_endpoint_group.var.qos_class",
      "status": "pass",
      "objects": null
    },
    {
      "object_kind": "var",
      "config_addr": "module.aci.module.aci_fabric_leaf_switch_configuration.var.fabric_policy_group",
      "status": "pass",
      "objects": null
    },
    {
      "object_kind": "var",
      "config_addr": "module.aci.module.aci_access_leaf_interface_selector_manual.var.name",
      "status": "pass",
      "objects": null
    },
    {
      "object_kind": "var",
      "config_addr": "module.aci.module.aci_vrf.var.description",
      "status": "pass",
      "objects": [
        {
          "object_addr": "module.aci.module.aci_vrf[\"tf-vms-1/vrf\"].var.description",
          "status": "pass"
        }
      ]
    },
    {
      "object_kind": "var",
      "config_addr": "module.aci.module.aci_config_export.var.description",
      "status": "pass",
      "objects": null
    },
    {
      "object_kind": "var",
      "config_addr": "module.aci.module.aci_fabric_span_destination_group.var.ttl",
      "status": "pass",
      "objects": null
    },
    {
      "object_kind": "var",
      "config_addr": "module.aci.module.aci_fabric_leaf_switch_policy_group.var.name",
      "status": "pass",
      "objects": null
    },
    {
      "object_kind": "var",
      "config_addr": "module.aci.module.aci_fabric_leaf_switch_policy_group.var.node_control_policy",
      "status": "pass",
      "objects": null
    },
    {
      "object_kind": "var",
      "config_addr": "module.aci.module.aci_leaf_fabric_interface_configuration_sub.var.policy_group",
      "status": "pass",
      "objects": null
    },
    {
      "object_kind": "var",
      "config_addr": "module.aci.module.aci_l3out.var.tenant",
      "status": "pass",
      "objects": null
    },
    {
      "object_kind": "var",
      "config_addr": "module.aci.module.aci_aaa.var.web_token_timeout",
      "status": "pass",
      "objects": null
    },
    {
      "object_kind": "var",
      "config_addr": "module.aci.module.aci_access_fex_interface_selector_manual.var.interface_profile",
      "status": "pass",
      "objects": null
    },
    {
      "object_kind": "var",
      "config_addr": "module.aci.module.aci_endpoint_group.var.static_ports",
      "status": "unknown",
      "objects": [
        {
          "object_addr": "module.aci.module.aci_endpoint_group[\"tf-vms-1/vms-2/vlan-3715\"].var.static_ports",
          "status": "unknown"
        },
        {
          "object_addr": "module.aci.module.aci_endpoint_group[\"tf-vms-1/vms-1/vlan-3710\"].var.static_ports",
          "status": "unknown"
        },
        {
          "object_addr": "module.aci.module.aci_endpoint_group[\"tf-vms-1/vms-1/vlan-3711\"].var.static_ports",
          "status": "unknown"
        },
        {
          "object_addr": "module.aci.module.aci_endpoint_group[\"tf-vms-1/vms-1/vlan-3712\"].var.static_ports",
          "status": "unknown"
        },
        {
          "object_addr": "module.aci.module.aci_endpoint_group[\"tf-vms-1/vms-2/vlan-3713\"].var.static_ports",
          "status": "unknown"
        },
        {
          "object_addr": "module.aci.module.aci_endpoint_group[\"tf-vms-1/vms-2/vlan-3714\"].var.static_ports",
          "status": "unknown"
        }
      ]
    },
    {
      "object_kind": "var",
      "config_addr": "module.aci.module.aci_endpoint_group.var.physical_domains",
      "status": "pass",
      "objects": [
        {
          "object_addr": "module.aci.module.aci_endpoint_group[\"tf-vms-1/vms-2/vlan-3713\"].var.physical_domains",
          "status": "pass"
        },
        {
          "object_addr": "module.aci.module.aci_endpoint_group[\"tf-vms-1/vms-2/vlan-3714\"].var.physical_domains",
          "status": "pass"
        },
        {
          "object_addr": "module.aci.module.aci_endpoint_group[\"tf-vms-1/vms-2/vlan-3715\"].var.physical_domains",
          "status": "pass"
        },
        {
          "object_addr": "module.aci.module.aci_endpoint_group[\"tf-vms-1/vms-1/vlan-3710\"].var.physical_domains",
          "status": "pass"
        },
        {
          "object_addr": "module.aci.module.aci_endpoint_group[\"tf-vms-1/vms-1/vlan-3711\"].var.physical_domains",
          "status": "pass"
        },
        {
          "object_addr": "module.aci.module.aci_endpoint_group[\"tf-vms-1/vms-1/vlan-3712\"].var.physical_domains",
          "status": "pass"
        }
      ]
    },
    {
      "object_kind": "var",
      "config_addr": "module.aci.module.aci_bfd_ipv4_policy.var.name",
      "status": "pass",
      "objects": null
    },
    {
      "object_kind": "var",
      "config_addr": "module.aci.module.aci_igmp_interface_policy.var.static_report_multicast_route_map",
      "status": "pass",
      "objects": null
    },
    {
      "object_kind": "var",
      "config_addr": "module.aci.module.aci_storm_control_policy.var.unknown_unicast_rate",
      "status": "pass",
      "objects": null
    },
    {
      "object_kind": "var",
      "config_addr": "module.aci.module.aci_inband_node_address.var.node_id",
      "status": "pass",
      "objects": null
    },
    {
      "object_kind": "var",
      "config_addr": "module.aci.module.aci_ip_sla_policy.var.description",
      "status": "pass",
      "objects": null
    },
    {
      "object_kind": "var",
      "config_addr": "module.aci.module.aci_endpoint_security_group.var.description",
      "status": "pass",
      "objects": null
    },
    {
      "object_kind": "var",
      "config_addr": "module.aci.module.aci_endpoint_group.var.contract_providers",
      "status": "unknown",
      "objects": [
        {
          "object_addr": "module.aci.module.aci_endpoint_group[\"tf-vms-1/vms-2/vlan-3715\"].var.contract_providers",
          "status": "unknown"
        },
        {
          "object_addr": "module.aci.module.aci_endpoint_group[\"tf-vms-1/vms-1/vlan-3710\"].var.contract_providers",
          "status": "unknown"
        },
        {
          "object_addr": "module.aci.module.aci_endpoint_group[\"tf-vms-1/vms-1/vlan-3711\"].var.contract_providers",
          "status": "unknown"
        },
        {
          "object_addr": "module.aci.module.aci_endpoint_group[\"tf-vms-1/vms-1/vlan-3712\"].var.contract_providers",
          "status": "unknown"
        },
        {
          "object_addr": "module.aci.module.aci_endpoint_group[\"tf-vms-1/vms-2/vlan-3713\"].var.contract_providers",
          "status": "unknown"
        },
        {
          "object_addr": "module.aci.module.aci_endpoint_group[\"tf-vms-1/vms-2/vlan-3714\"].var.contract_providers",
          "status": "unknown"
        }
      ]
    },
    {
      "object_kind": "var",
      "config_addr": "module.aci.module.aci_l3out_interface_profile_auto.var.eigrp_interface_policy",
      "status": "pass",
      "objects": null
    },
    {
      "object_kind": "var",
      "config_addr": "module.aci.module.aci_service_graph_template.var.name",
      "status": "pass",
      "objects": null
    },
    {
      "object_kind": "var",
      "config_addr": "module.aci.module.aci_access_leaf_interface_policy_group.var.description",
      "status": "pass",
      "objects": null
    },
    {
      "object_kind": "var",
      "config_addr": "module.aci.module.aci_tenant.var.name",
      "status": "pass",
      "objects": [
        {
          "object_addr": "module.aci.module.aci_tenant[\"tf-vms-1\"].var.name",
          "status": "pass"
        }
      ]
    },
    {
      "object_kind": "var",
      "config_addr": "module.aci.module.aci_external_connectivity_policy.var.name",
      "status": "pass",
      "objects": null
    },
    {
      "object_kind": "var",
      "config_addr": "module.aci.module.aci_igmp_snooping_policy.var.name",
      "status": "pass",
      "objects": null
    },
    {
      "object_kind": "var",
      "config_addr": "module.aci.module.aci_pim_policy.var.tenant",
      "status": "pass",
      "objects": null
    },
    {
      "object_kind": "var",
      "config_addr": "module.aci.module.aci_l3out.var.ospf_area_cost",
      "status": "pass",
      "objects": null
    },
    {
      "object_kind": "var",
      "config_addr": "module.aci.module.aci_endpoint_group.var.tags",
      "status": "unknown",
      "objects": [
        {
          "object_addr": "module.aci.module.aci_endpoint_group[\"tf-vms-1/vms-2/vlan-3714\"].var.tags",
          "status": "unknown"
        },
        {
          "object_addr": "module.aci.module.aci_endpoint_group[\"tf-vms-1/vms-2/vlan-3715\"].var.tags",
          "status": "unknown"
        },
        {
          "object_addr": "module.aci.module.aci_endpoint_group[\"tf-vms-1/vms-1/vlan-3710\"].var.tags",
          "status": "unknown"
        },
        {
          "object_addr": "module.aci.module.aci_endpoint_group[\"tf-vms-1/vms-1/vlan-3711\"].var.tags",
          "status": "unknown"
        },
        {
          "object_addr": "module.aci.module.aci_endpoint_group[\"tf-vms-1/vms-1/vlan-3712\"].var.tags",
          "status": "unknown"
        },
        {
          "object_addr": "module.aci.module.aci_endpoint_group[\"tf-vms-1/vms-2/vlan-3713\"].var.tags",
          "status": "unknown"
        }
      ]
    },
    {
      "object_kind": "var",
      "config_addr": "module.aci.module.aci_eigrp_interface_policy.var.description",
      "status": "pass",
      "objects": null
    },
    {
      "object_kind": "var",
      "config_addr": "module.aci.module.aci_endpoint_group.var.tenant",
      "status": "pass",
      "objects": [
        {
          "object_addr": "module.aci.module.aci_endpoint_group[\"tf-vms-1/vms-2/vlan-3713\"].var.tenant",
          "status": "pass"
        },
        {
          "object_addr": "module.aci.module.aci_endpoint_group[\"tf-vms-1/vms-2/vlan-3714\"].var.tenant",
          "status": "pass"
        },
        {
          "object_addr": "module.aci.module.aci_endpoint_group[\"tf-vms-1/vms-2/vlan-3715\"].var.tenant",
          "status": "pass"
        },
        {
          "object_addr": "module.aci.module.aci_endpoint_group[\"tf-vms-1/vms-1/vlan-3710\"].var.tenant",
          "status": "pass"
        },
        {
          "object_addr": "module.aci.module.aci_endpoint_group[\"tf-vms-1/vms-1/vlan-3711\"].var.tenant",
          "status": "pass"
        },
        {
          "object_addr": "module.aci.module.aci_endpoint_group[\"tf-vms-1/vms-1/vlan-3712\"].var.tenant",
          "status": "pass"
        }
      ]
    },
    {
      "object_kind": "var",
      "config_addr": "module.aci.module.aci_system_performance.var.response_threshold",
      "status": "pass",
      "objects": null
    },
    {
      "object_kind": "var",
      "config_addr": "module.aci.module.aci_fabric_spine_switch_profile_auto.var.interface_profiles",
      "status": "pass",
      "objects": null
    },
    {
      "object_kind": "var",
      "config_addr": "module.aci.module.aci_endpoint_group.var.static_leafs",
      "status": "unknown",
      "objects": [
        {
          "object_addr": "module.aci.module.aci_endpoint_group[\"tf-vms-1/vms-1/vlan-3710\"].var.static_leafs",
          "status": "unknown"
        },
        {
          "object_addr": "module.aci.module.aci_endpoint_group[\"tf-vms-1/vms-1/vlan-3711\"].var.static_leafs",
          "status": "unknown"
        },
        {
          "object_addr": "module.aci.module.aci_endpoint_group[\"tf-vms-1/vms-1/vlan-3712\"].var.static_leafs",
          "status": "unknown"
        },
        {
          "object_addr": "module.aci.module.aci_endpoint_group[\"tf-vms-1/vms-2/vlan-3713\"].var.static_leafs",
          "status": "unknown"
        },
        {
          "object_addr": "module.aci.module.aci_endpoint_group[\"tf-vms-1/vms-2/vlan-3714\"].var.static_leafs",
          "status": "unknown"
        },
        {
          "object_addr": "module.aci.module.aci_endpoint_group[\"tf-vms-1/vms-2/vlan-3715\"].var.static_leafs",
          "status": "unknown"
        }
      ]
    },
    {
      "object_kind": "var",
      "config_addr": "module.aci.module.aci_access_fex_interface_selector_auto.var.port_blocks",
      "status": "pass",
      "objects": null
    },
    {
      "object_kind": "var",
      "config_addr": "module.aci.module.aci_bridge_domain.var.unknown_ipv6_multicast",
      "status": "pass",
      "objects": [
        {
          "object_addr": "module.aci.module.aci_bridge_domain[\"tf-vms-1/10.1.202.0_24\"].var.unknown_ipv6_multicast",
          "status": "pass"
        },
        {
          "object_addr": "module.aci.module.aci_bridge_domain[\"tf-vms-1/10.1.203.0_24\"].var.unknown_ipv6_multicast",
          "status": "pass"
        },
        {
          "object_addr": "module.aci.module.aci_bridge_domain[\"tf-vms-1/10.1.204.0_24\"].var.unknown_ipv6_multicast",
          "status": "pass"
        },
        {
          "object_addr": "module.aci.module.aci_bridge_domain[\"tf-vms-1/10.1.200.0_24\"].var.unknown_ipv6_multicast",
          "status": "pass"
        },
        {
          "object_addr": "module.aci.module.aci_bridge_domain[\"tf-vms-1/10.1.201.0_24\"].var.unknown_ipv6_multicast",
          "status": "pass"
        }
      ]
    },
    {
      "object_kind": "var",
      "config_addr": "module.aci.module.aci_redirect_policy.var.min_threshold",
      "status": "pass",
      "objects": null
    },
    {
      "object_kind": "var",
      "config_addr": "module.aci.module.aci_tacacs.var.hostname_ip",
      "status": "pass",
      "objects": null
    },
    {
      "object_kind": "var",
      "config_addr": "module.aci.module.aci_system_performance.var.calculation_window",
      "status": "pass",
      "objects": null
    },
    {
      "object_kind": "var",
      "config_addr": "module.aci.module.aci_user.var.last_name",
      "status": "pass",
      "objects": null
    },
    {
      "object_kind": "var",
      "config_addr": "module.aci.module.aci_vmware_vmm_domain.var.vswitch_port_channel_policy",
      "status": "pass",
      "objects": null
    },
    {
      "object_kind": "var",
      "config_addr": "module.aci.module.aci_access_spine_interface_selector_manual.var.interface_profile",
      "status": "pass",
      "objects": null
    },
    {
      "object_kind": "var",
      "config_addr": "module.aci.module.aci_eigrp_interface_policy.var.name",
      "status": "pass",
      "objects": null
    },
    {
      "object_kind": "var",
      "config_addr": "module.aci.module.aci_bfd_ipv4_policy.var.slow_timer_interval",
      "status": "pass",
      "objects": null
    },
    {
      "object_kind": "var",
      "config_addr": "module.aci.module.aci_sr_mpls_l3out_interface_profile_manual.var.l3out",
      "status": "pass",
      "objects": null
    },
    {
      "object_kind": "var",
      "config_addr": "module.aci.module.aci_mcp.var.frequency_sec",
      "status": "unknown",
      "objects": [
        {
          "object_addr": "module.aci.module.aci_mcp[0].var.frequency_sec",
          "status": "unknown"
        }
      ]
    },
    {
      "object_kind": "var",
      "config_addr": "module.aci.module.aci_bfd_ipv6_policy.var.type",
      "status": "pass",
      "objects": null
    },
    {
      "object_kind": "var",
      "config_addr": "module.aci.module.aci_dhcp_option_policy.var.tenant",
      "status": "pass",
      "objects": null
    },
    {
      "object_kind": "var",
      "config_addr": "module.aci.module.aci_l2_policy.var.name",
      "status": "pass",
      "objects": null
    },
    {
      "object_kind": "var",
      "config_addr": "module.aci.module.aci_l3out_interface_profile_manual.var.eigrp_keychain_policy",
      "status": "pass",
      "objects": null
    },
    {
      "object_kind": "var",
      "config_addr": "module.aci.module.aci_tacacs.var.protocol",
      "status": "pass",
      "objects": null
    },
    {
      "object_kind": "var",
      "config_addr": "module.aci.module.aci_nd_interface_policy.var.hop_limit",
      "status": "pass",
      "objects": null
    },
    {
      "object_kind": "var",
      "config_addr": "module.aci.module.aci_user.var.phone",
      "status": "pass",
      "objects": null
    },
    {
      "object_kind": "var",
      "config_addr": "module.aci.module.aci_device_selection_policy.var.sgt_device_name",
      "status": "pass",
      "objects": null
    },
    {
      "object_kind": "var",
      "config_addr": "module.aci.module.aci_access_leaf_interface_selector_manual.var.sub_port_blocks",
      "status": "pass",
      "objects": null
    },
    {
      "object_kind": "var",
      "config_addr": "module.aci.module.aci_spanning_tree_policy.var.name",
      "status": "pass",
      "objects": null
    },
    {
      "object_kind": "var",
      "config_addr": "module.aci.module.aci_port_channel_policy.var.hash_key",
      "status": "pass",
      "objects": null
    },
    {
      "object_kind": "var",
      "config_addr": "module.aci.module.aci_vrf.var.pim_bsr_filter_multicast_route_map",
      "status": "unknown",
      "objects": [
        {
          "object_addr": "module.aci.module.aci_vrf[\"tf-vms-1/vrf\"].var.pim_bsr_filter_multicast_route_map",
          "status": "unknown"
        }
      ]
    },
    {
      "object_kind": "var",
      "config_addr": "module.aci.module.aci_bgp_address_family_context_policy.var.ebgp_max_ecmp",
      "status": "pass",
      "objects": null
    },
    {
      "object_kind": "var",
      "config_addr": "module.aci.module.aci_ptp_profile.var.sync_interval",
      "status": "pass",
      "objects": null
    },
    {
      "object_kind": "var",
      "config_addr": "module.aci.module.aci_bfd_ipv4_policy.var.description",
      "status": "pass",
      "objects": null
    },
    {
      "object_kind": "var",
      "config_addr": "module.aci.module.aci_interface_configuration_fex.var.breakout",
      "status": "pass",
      "objects": null
    },
    {
      "object_kind": "var",
      "config_addr": "module.aci.module.aci_ptp_profile.var.delay_interval",
      "status": "pass",
      "objects": null
    },
    {
      "object_kind": "var",
      "config_addr": "module.aci.module.aci_vrf.var.alias",
      "status": "pass",
      "objects": [
        {
          "object_addr": "module.aci.module.aci_vrf[\"tf-vms-1/vrf\"].var.alias",
          "status": "pass"
        }
      ]
    },
    {
      "object_kind": "var",
      "config_addr": "module.aci.module.aci_l4l7_device.var.type",
      "status": "pass",
      "objects": null
    },
    {
      "object_kind": "var",
      "config_addr": "module.aci.module.aci_set_rule.var.community_mode",
      "status": "pass",
      "objects": null
    },
    {
      "object_kind": "var",
      "config_addr": "module.aci.module.aci_vmware_vmm_domain.var.vswitch_mtu_policy",
      "status": "pass",
      "objects": null
    },
    {
      "object_kind": "var",
      "config_addr": "module.aci.module.aci_access_fex_interface_selector_manual.var.policy_group",
      "status": "pass",
      "objects": null
    },
    {
      "object_kind": "var",
      "config_addr": "module.aci.module.aci_sr_mpls_external_endpoint_group.var.contract_imported_consumers",
      "status": "pass",
      "objects": null
    },
    {
      "object_kind": "var",
      "config_addr": "module.aci.module.aci_management_access_policy.var.https_dh",
      "status": "pass",
      "objects": null
    },
    {
      "object_kind": "var",
      "config_addr": "module.aci.module.aci_access_spine_interface_selector_auto.var.name",
      "status": "pass",
      "objects": null
    },
    {
      "object_kind": "var",
      "config_addr": "module.aci.module.aci_access_spine_interface_policy_group.var.aaep",
      "status": "pass",
      "objects": null
    },
    {
      "object_kind": "var",
      "config_addr": "module.aci.module.aci_access_fex_interface_selector_auto.var.name",
      "status": "pass",
      "objects": null
    },
    {
      "object_kind": "var",
      "config_addr": "module.aci.module.aci_l3out.var.export_route_map_description",
      "status": "pass",
      "objects": null
    },
    {
      "object_kind": "var",
      "config_addr": "module.aci.module.aci_spine_fabric_interface_configuration.var.node_id",
      "status": "pass",
      "objects": null
    },
    {
      "object_kind": "var",
      "config_addr": "module.aci.module.aci_bfd_ipv6_policy.var.min_tx_interval",
      "status": "pass",
      "objects": null
    },
    {
      "object_kind": "var",
      "config_addr": "module.aci.module.aci_leaf_fabric_interface_configuration_sub.var.module",
      "status": "pass",
      "objects": null
    },
    {
      "object_kind": "var",
      "config_addr": "module.aci.module.aci_spine_interface_configuration.var.sub_port",
      "status": "pass",
      "objects": null
    },
    {
      "object_kind": "var",
      "config_addr": "module.aci.module.aci_access_leaf_interface_selector_sub_auto.var.port_blocks",
      "status": "pass",
      "objects": null
    },
    {
      "object_kind": "var",
      "config_addr": "module.aci.module.aci_access_leaf_interface_selector_auto.var.sub_port_blocks",
      "status": "pass",
      "objects": null
    },
    {
      "object_kind": "var",
      "config_addr": "module.aci.module.aci_vrf.var.pim_resource_policy_multicast_route_map",
      "status": "unknown",
      "objects": [
        {
          "object_addr": "module.aci.module.aci_vrf[\"tf-vms-1/vrf\"].var.pim_resource_policy_multicast_route_map",
          "status": "unknown"
        }
      ]
    },
    {
      "object_kind": "var",
      "config_addr": "module.aci.module.aci_track_member.var.description",
      "status": "pass",
      "objects": null
    },
    {
      "object_kind": "var",
      "config_addr": "module.aci.module.aci_device_selection_policy.var.sgt_device_tenant",
      "status": "pass",
      "objects": null
    },
    {
      "object_kind": "var",
      "config_addr": "module.aci.module.aci_fabric_spine_interface_profile_manual.var.name",
      "status": "pass",
      "objects": null
    },
    {
      "object_kind": "var",
      "config_addr": "module.aci.module.aci_oob_endpoint_group.var.oob_contract_providers",
      "status": "pass",
      "objects": null
    },
    {
      "object_kind": "var",
      "config_addr": "module.aci.module.aci_vpc_policy.var.name",
      "status": "pass",
      "objects": null
    },
    {
      "object_kind": "var",
      "config_addr": "module.aci.module.aci_sr_mpls_l3out_node_profile_manual.var.bgp_peers",
      "status": "pass",
      "objects": null
    },
    {
      "object_kind": "var",
      "config_addr": "module.aci.module.aci_sr_mpls_l3out_node_profile_manual.var.bgp_infra_peers",
      "status": "pass",
      "objects": null
    },
    {
      "object_kind": "var",
      "config_addr": "module.aci.module.aci_sr_mpls_l3out_interface_profile_manual.var.bfd_policy",
      "status": "pass",
      "objects": null
    },
    {
      "object_kind": "var",
      "config_addr": "module.aci.module.aci_device_selection_policy.var.consumer_external_endpoint_group",
      "status": "pass",
      "objects": null
    },
    {
      "object_kind": "var",
      "config_addr": "module.aci.module.aci_ca_certificate.var.certificate_chain",
      "status": "pass",
      "objects": null
    },
    {
      "object_kind": "var",
      "config_addr": "module.aci.module.aci_tenant_span_source_group.var.sources",
      "status": "pass",
      "objects": null
    },
    {
      "object_kind": "var",
      "config_addr": "module.aci.module.aci_access_leaf_switch_profile_manual.var.name",
      "status": "pass",
      "objects": null
    },
    {
      "object_kind": "var",
      "config_addr": "module.aci.module.aci_l3out_interface_profile_manual.var.pim_policy",
      "status": "pass",
      "objects": null
    },
    {
      "object_kind": "var",
      "config_addr": "module.aci.module.aci_login_domain.var.radius_providers",
      "status": "pass",
      "objects": null
    },
    {
      "object_kind": "var",
      "config_addr": "module.aci.module.aci_tenant_span_destination_group.var.tenant",
      "status": "pass",
      "objects": null
    },
    {
      "object_kind": "var",
      "config_addr": "module.aci.module.aci_ip_sla_policy.var.frequency",
      "status": "pass",
      "objects": null
    },
    {
      "object_kind": "var",
      "config_addr": "module.aci.module.aci_access_span_destination_group.var.endpoint_group",
      "status": "pass",
      "objects": null
    },
    {
      "object_kind": "var",
      "config_addr": "module.aci.module.aci_endpoint_group.var.description",
      "status": "pass",
      "objects": [
        {
          "object_addr": "module.aci.module.aci_endpoint_group[\"tf-vms-1/vms-1/vlan-3712\"].var.description",
          "status": "pass"
        },
        {
          "object_addr": "module.aci.module.aci_endpoint_group[\"tf-vms-1/vms-2/vlan-3713\"].var.description",
          "status": "pass"
        },
        {
          "object_addr": "module.aci.module.aci_endpoint_group[\"tf-vms-1/vms-2/vlan-3714\"].var.description",
          "status": "pass"
        },
        {
          "object_addr": "module.aci.module.aci_endpoint_group[\"tf-vms-1/vms-2/vlan-3715\"].var.description",
          "status": "pass"
        },
        {
          "object_addr": "module.aci.module.aci_endpoint_group[\"tf-vms-1/vms-1/vlan-3710\"].var.description",
          "status": "pass"
        },
        {
          "object_addr": "module.aci.module.aci_endpoint_group[\"tf-vms-1/vms-1/vlan-3711\"].var.description",
          "status": "pass"
        }
      ]
    },
    {
      "object_kind": "var",
      "config_addr": "module.aci.module.aci_radius.var.protocol",
      "status": "pass",
      "objects": null
    },
    {
      "object_kind": "var",
      "config_addr": "module.aci.module.aci_leaf_interface_configuration.var.node_id",
      "status": "pass",
      "objects": null
    },
    {
      "object_kind": "var",
      "config_addr": "module.aci.module.aci_bridge_domain.var.description",
      "status": "pass",
      "objects": [
        {
          "object_addr": "module.aci.module.aci_bridge_domain[\"tf-vms-1/10.1.200.0_24\"].var.description",
          "status": "pass"
        },
        {
          "object_addr": "module.aci.module.aci_bridge_domain[\"tf-vms-1/10.1.201.0_24\"].var.description",
          "status": "pass"
        },
        {
          "object_addr": "module.aci.module.aci_bridge_domain[\"tf-vms-1/10.1.202.0_24\"].var.description",
          "status": "pass"
        },
        {
          "object_addr": "module.aci.module.aci_bridge_domain[\"tf-vms-1/10.1.203.0_24\"].var.description",
          "status": "pass"
        },
        {
          "object_addr": "module.aci.module.aci_bridge_domain[\"tf-vms-1/10.1.204.0_24\"].var.description",
          "status": "pass"
        }
      ]
    },
    {
      "object_kind": "var",
      "config_addr": "module.aci.module.aci_user.var.domains",
      "status": "pass",
      "objects": null
    },
    {
      "object_kind": "var",
      "config_addr": "module.aci.module.aci_multicast_route_map.var.description",
      "status": "pass",
      "objects": null
    },
    {
      "object_kind": "var",
      "config_addr": "module.aci.module.aci_bridge_domain.var.multi_destination_flooding",
      "status": "pass",
      "objects": [
        {
          "object_addr": "module.aci.module.aci_bridge_domain[\"tf-vms-1/10.1.202.0_24\"].var.multi_destination_flooding",
          "status": "pass"
        },
        {
          "object_addr": "module.aci.module.aci_bridge_domain[\"tf-vms-1/10.1.203.0_24\"].var.multi_destination_flooding",
          "status": "pass"
        },
        {
          "object_addr": "module.aci.module.aci_bridge_domain[\"tf-vms-1/10.1.204.0_24\"].var.multi_destination_flooding",
          "status": "pass"
        },
        {
          "object_addr": "module.aci.module.aci_bridge_domain[\"tf-vms-1/10.1.200.0_24\"].var.multi_destination_flooding",
          "status": "pass"
        },
        {
          "object_addr": "module.aci.module.aci_bridge_domain[\"tf-vms-1/10.1.201.0_24\"].var.multi_destination_flooding",
          "status": "pass"
        }
      ]
    },
    {
      "object_kind": "var",
      "config_addr": "module.aci.module.aci_interface_type.var.type",
      "status": "pass",
      "objects": null
    },
    {
      "object_kind": "var",
      "config_addr": "module.aci.module.aci_l3out_interface_profile_manual.var.bfd_policy",
      "status": "pass",
      "objects": null
    },
    {
      "object_kind": "var",
      "config_addr": "module.aci.module.aci_access_leaf_switch_profile_auto.var.selectors",
      "status": "pass",
      "objects": null
    },
    {
      "object_kind": "var",
      "config_addr": "module.aci.module.aci_access_leaf_interface_selector_sub_auto.var.fex_interface_profile",
      "status": "pass",
      "objects": null
    },
    {
      "object_kind": "var",
      "config_addr": "module.aci.module.aci_l3out_node_profile_auto.var.bgp_infra_peers",
      "status": "pass",
      "objects": null
    },
    {
      "object_kind": "var",
      "config_addr": "module.aci.module.aci_spine_fabric_interface_configuration.var.description",
      "status": "pass",
      "objects": null
    },
    {
      "object_kind": "var",
      "config_addr": "module.aci.module.aci_vrf.var.pim_max_multicast_entries",
      "status": "unknown",
      "objects": [
        {
          "object_addr": "module.aci.module.aci_vrf[\"tf-vms-1/vrf\"].var.pim_max_multicast_entries",
          "status": "unknown"
        }
      ]
    },
    {
      "object_kind": "var",
      "config_addr": "module.aci.module.aci_access_leaf_interface_policy_group.var.cdp_policy",
      "status": "pass",
      "objects": null
    },
    {
      "object_kind": "var",
      "config_addr": "module.aci.module.aci_redirect_policy.var.hashing",
      "status": "pass",
      "objects": null
    },
    {
      "object_kind": "var",
      "config_addr": "module.aci.module.aci_fabric_spine_switch_policy_group.var.node_control_policy",
      "status": "pass",
      "objects": null
    },
    {
      "object_kind": "var",
      "config_addr": "module.aci.module.aci_node_registration.var.type",
      "status": "pass",
      "objects": null
    },
    {
      "object_kind": "var",
      "config_addr": "module.aci.module.aci_fabric_l2_mtu.var.l2_port_mtu",
      "status": "pass",
      "objects": null
    },
    {
      "object_kind": "var",
      "config_addr": "module.aci.module.aci_multicast_route_map.var.name",
      "status": "pass",
      "objects": null
    },
    {
      "object_kind": "var",
      "config_addr": "module.aci.module.aci_login_domain.var.tacacs_providers",
      "status": "pass",
      "objects": null
    },
    {
      "object_kind": "var",
      "config_addr": "module.aci.module.aci_bridge_domain.var.mac",
      "status": "pass",
      "objects": [
        {
          "object_addr": "module.aci.module.aci_bridge_domain[\"tf-vms-1/10.1.204.0_24\"].var.mac",
          "status": "pass"
        },
        {
          "object_addr": "module.aci.module.aci_bridge_domain[\"tf-vms-1/10.1.200.0_24\"].var.mac",
          "status": "pass"
        },
        {
          "object_addr": "module.aci.module.aci_bridge_domain[\"tf-vms-1/10.1.201.0_24\"].var.mac",
          "status": "pass"
        },
        {
          "object_addr": "module.aci.module.aci_bridge_domain[\"tf-vms-1/10.1.202.0_24\"].var.mac",
          "status": "pass"
        },
        {
          "object_addr": "module.aci.module.aci_bridge_domain[\"tf-vms-1/10.1.203.0_24\"].var.mac",
          "status": "pass"
        }
      ]
    },
    {
      "object_kind": "var",
      "config_addr": "module.aci.module.aci_link_level_policy.var.speed",
      "status": "pass",
      "objects": null
    },
    {
      "object_kind": "var",
      "config_addr": "module.aci.module.aci_vrf.var.pim_fabric_rps",
      "status": "unknown",
      "objects": [
        {
          "object_addr": "module.aci.module.aci_vrf[\"tf-vms-1/vrf\"].var.pim_fabric_rps",
          "status": "unknown"
        }
      ]
    },
    {
      "object_kind": "var",
      "config_addr": "module.aci.module.aci_fabric_span_destination_group.var.mtu",
      "status": "pass",
      "objects": null
    },
    {
      "object_kind": "var",
      "config_addr": "module.aci.module.aci_smart_licensing.var.proxy_hostname_ip",
      "status": "pass",
      "objects": null
    },
    {
      "object_kind": "var",
      "config_addr": "module.aci.module.aci_leaf_fabric_interface_configuration.var.description",
      "status": "pass",
      "objects": null
    },
    {
      "object_kind": "var",
      "config_addr": "module.aci.module.aci_dns_policy.var.name",
      "status": "pass",
      "objects": null
    },
    {
      "object_kind": "var",
      "config_addr": "module.aci.module.aci_qos_policy.var.tenant",
      "status": "pass",
      "objects": null
    },
    {
      "object_kind": "var",
      "config_addr": "module.aci.module.aci_leaf_fabric_interface_configuration.var.policy_group",
      "status": "pass",
      "objects": null
    },
    {
      "object_kind": "var",
      "config_addr": "module.aci.module.aci_port_tracking.var.delay",
      "status": "pass",
      "objects": null
    },
    {
      "object_kind": "var",
      "config_addr": "module.aci.module.aci_imported_contract.var.source_contract",
      "status": "pass",
      "objects": null
    },
    {
      "object_kind": "var",
      "config_addr": "module.aci.module.aci_vrf.var.pim_asm_sg_expiry",
      "status": "unknown",
      "objects": [
        {
          "object_addr": "module.aci.module.aci_vrf[\"tf-vms-1/vrf\"].var.pim_asm_sg_expiry",
          "status": "unknown"
        }
      ]
    },
    {
      "object_kind": "var",
      "config_addr": "module.aci.module.aci_ospf_timer_policy.var.max_ecmp",
      "status": "pass",
      "objects": null
    },
    {
      "object_kind": "var",
      "config_addr": "module.aci.module.aci_fabric_span_destination_group.var.name",
      "status": "pass",
      "objects": null
    },
    {
      "object_kind": "var",
      "config_addr": "module.aci.module.aci_oob_node_address.var.pod_id",
      "status": "pass",
      "objects": null
    },
    {
      "object_kind": "var",
      "config_addr": "module.aci.module.aci_physical_domain.var.vlan_pool",
      "status": "unknown",
      "objects": [
        {
          "object_addr": "module.aci.module.aci_physical_domain[\"ocp_sr_iov-secondary\"].var.vlan_pool",
          "status": "unknown"
        }
      ]
    },
    {
      "object_kind": "var",
      "config_addr": "module.aci.module.aci_nd_ra_prefix_policy.var.preferred_lifetime",
      "status": "pass",
      "objects": null
    },
    {
      "object_kind": "var",
      "config_addr": "module.aci.module.aci_fabric_spine_switch_profile_manual.var.selectors",
      "status": "pass",
      "objects": null
    },
    {
      "object_kind": "var",
      "config_addr": "module.aci.module.aci_user.var.email",
      "status": "pass",
      "objects": null
    },
    {
      "object_kind": "var",
      "config_addr": "module.aci.module.aci_bfd_multihop_node_policy.var.name",
      "status": "pass",
      "objects": null
    },
    {
      "object_kind": "var",
      "config_addr": "module.aci.module.aci_sr_mpls_l3out_interface_profile_manual.var.interfaces",
      "status": "pass",
      "objects": null
    },
    {
      "object_kind": "var",
      "config_addr": "module.aci.module.aci_login_domain.var.ldap_providers",
      "status": "pass",
      "objects": null
    },
    {
      "object_kind": "var",
      "config_addr": "module.aci.module.aci_node_registration.var.serial_number",
      "status": "pass",
      "objects": null
    },
    {
      "object_kind": "var",
      "config_addr": "module.aci.module.aci_bgp_best_path_policy.var.control_type",
      "status": "pass",
      "objects": null
    },
    {
      "object_kind": "var",
      "config_addr": "module.aci.module.aci_infra_dscp_translation_policy.var.control_plane",
      "status": "pass",
      "objects": null
    },
    {
      "object_kind": "var",
      "config_addr": "module.aci.module.aci_l3out.var.ospf_area",
      "status": "pass",
      "objects": null
    },
    {
      "object_kind": "var",
      "config_addr": "module.aci.module.aci_vrf.var.bgp_ipv4_export_route_target",
      "status": "unknown",
      "objects": [
        {
          "object_addr": "module.aci.module.aci_vrf[\"tf-vms-1/vrf\"].var.bgp_ipv4_export_route_target",
          "status": "unknown"
        }
      ]
    },
    {
      "object_kind": "var",
      "config_addr": "module.aci.module.aci_l4l7_device.var.alias",
      "status": "pass",
      "objects": null
    },
    {
      "object_kind": "var",
      "config_addr": "module.aci.module.aci_remote_location.var.ssh_passphrase",
      "status": "pass",
      "objects": null
    },
    {
      "object_kind": "var",
      "config_addr": "module.aci.module.aci_dhcp_option_policy.var.options",
      "status": "pass",
      "objects": null
    },
    {
      "object_kind": "var",
      "config_addr": "module.aci.module.aci_infra_dhcp_relay_policy.var.name",
      "status": "pass",
      "objects": null
    },
    {
      "object_kind": "var",
      "config_addr": "module.aci.module.aci_igmp_interface_policy.var.last_member_count",
      "status": "pass",
      "objects": null
    },
    {
      "object_kind": "var",
      "config_addr": "module.aci.module.aci_ospf_interface_policy.var.hello_interval",
      "status": "pass",
      "objects": null
    },
    {
      "object_kind": "var",
      "config_addr": "module.aci.module.aci_fabric_span_source_group.var.name",
      "status": "pass",
      "objects": null
    },
    {
      "object_kind": "var",
      "config_addr": "module.aci.module.aci_contract.var.description",
      "status": "pass",
      "objects": null
    },
    {
      "object_kind": "var",
      "config_addr": "module.aci.module.aci_storm_control_policy.var.multicast_rate",
      "status": "pass",
      "objects": null
    },
    {
      "object_kind": "var",
      "config_addr": "module.aci.module.aci_fabric_span_source_group.var.destination_name",
      "status": "pass",
      "objects": null
    },
    {
      "object_kind": "var",
      "config_addr": "module.aci.module.aci_endpoint_group.var.l4l7_address_pools",
      "status": "unknown",
      "objects": [
        {
          "object_addr": "module.aci.module.aci_endpoint_group[\"tf-vms-1/vms-1/vlan-3712\"].var.l4l7_address_pools",
          "status": "unknown"
        },
        {
          "object_addr": "module.aci.module.aci_endpoint_group[\"tf-vms-1/vms-2/vlan-3713\"].var.l4l7_address_pools",
          "status": "unknown"
        },
        {
          "object_addr": "module.aci.module.aci_endpoint_group[\"tf-vms-1/vms-2/vlan-3714\"].var.l4l7_address_pools",
          "status": "unknown"
        },
        {
          "object_addr": "module.aci.module.aci_endpoint_group[\"tf-vms-1/vms-2/vlan-3715\"].var.l4l7_address_pools",
          "status": "unknown"
        },
        {
          "object_addr": "module.aci.module.aci_endpoint_group[\"tf-vms-1/vms-1/vlan-3710\"].var.l4l7_address_pools",
          "status": "unknown"
        },
        {
          "object_addr": "module.aci.module.aci_endpoint_group[\"tf-vms-1/vms-1/vlan-3711\"].var.l4l7_address_pools",
          "status": "unknown"
        }
      ]
    },
    {
      "object_kind": "var",
      "config_addr": "module.aci.module.aci_vpc_group.var.mode",
      "status": "pass",
      "objects": null
    },
    {
      "object_kind": "var",
      "config_addr": "module.aci.module.aci_l3out_interface_profile_auto.var.tenant",
      "status": "pass",
      "objects": null
    },
    {
      "object_kind": "var",
      "config_addr": "module.aci.module.aci_fabric_leaf_switch_profile_auto.var.selectors",
      "status": "pass",
      "objects": null
    },
    {
      "object_kind": "var",
      "config_addr": "module.aci.module.aci_leaf_fabric_interface_configuration.var.port",
      "status": "pass",
      "objects": null
    },
    {
      "object_kind": "var",
      "config_addr": "module.aci.module.aci_endpoint_security_group.var.contract_intra_esgs",
      "status": "pass",
      "objects": null
    },
    {
      "object_kind": "var",
      "config_addr": "module.aci.module.aci_ospf_interface_policy.var.cost",
      "status": "pass",
      "objects": null
    },
    {
      "object_kind": "var",
      "config_addr": "module.aci.module.aci_bgp_address_family_context_policy.var.local_distance",
      "status": "pass",
      "objects": null
    },
    {
      "object_kind": "var",
      "config_addr": "module.aci.module.aci_vrf.var.pim_static_rps",
      "status": "unknown",
      "objects": [
        {
          "object_addr": "module.aci.module.aci_vrf[\"tf-vms-1/vrf\"].var.pim_static_rps",
          "status": "unknown"
        }
      ]
    },
    {
      "object_kind": "var",
      "config_addr": "module.aci.module.aci_psu_policy.var.admin_state",
      "status": "pass",
      "objects": null
    },
    {
      "object_kind": "var",
      "config_addr": "module.aci.module.aci_bfd_multihop_node_policy.var.description",
      "status": "pass",
      "objects": null
    },
    {
      "object_kind": "var",
      "config_addr": "module.aci.module.aci_igmp_snooping_policy.var.query_interval",
      "status": "pass",
      "objects": null
    },
    {
      "object_kind": "var",
      "config_addr": "module.aci.module.aci_tenant_span_destination_group.var.mtu",
      "status": "pass",
      "objects": null
    },
    {
      "object_kind": "var",
      "config_addr": "module.aci.module.aci_leaf_interface_configuration_sub.var.sub_port",
      "status": "pass",
      "objects": null
    },
    {
      "object_kind": "var",
      "config_addr": "module.aci.module.aci_access_span_source_group.var.description",
      "status": "pass",
      "objects": null
    },
    {
      "object_kind": "var",
      "config_addr": "module.aci.module.aci_remote_location.var.mgmt_epg_name",
      "status": "pass",
      "objects": null
    },
    {
      "object_kind": "var",
      "config_addr": "module.aci.module.aci_snmp_trap_policy.var.description",
      "status": "pass",
      "objects": null
    },
    {
      "object_kind": "var",
      "config_addr": "module.aci.module.aci_device_selection_policy.var.copy_service_epg_policy",
      "status": "pass",
      "objects": null
    },
    {
      "object_kind": "var",
      "config_addr": "module.aci.module.aci_l3out_interface_profile_manual.var.transport_data_plane",
      "status": "pass",
      "objects": null
    },
    {
      "object_kind": "var",
      "config_addr": "module.aci.module.aci_date_time_policy.var.ntp_servers",
      "status": "pass",
      "objects": null
    },
    {
      "object_kind": "var",
      "config_addr": "module.aci.module.aci_sr_mpls_l3out.var.redistribution_route_maps",
      "status": "pass",
      "objects": null
    },
    {
      "object_kind": "var",
      "config_addr": "module.aci.module.aci_l4l7_device.var.vmm_domain",
      "status": "pass",
      "objects": null
    },
    {
      "object_kind": "var",
      "config_addr": "module.aci.module.aci_device_selection_policy.var.provider_custom_qos_policy",
      "status": "pass",
      "objects": null
    },
    {
      "object_kind": "var",
      "config_addr": "module.aci.module.aci_l2_policy.var.vlan_scope",
      "status": "pass",
      "objects": null
    },
    {
      "object_kind": "var",
      "config_addr": "module.aci.module.aci_inband_endpoint_group.var.bridge_domain",
      "status": "pass",
      "objects": null
    },
    {
      "object_kind": "var",
      "config_addr": "module.aci.module.aci_port_channel_member_policy.var.rate",
      "status": "pass",
      "objects": null
    },
    {
      "object_kind": "var",
      "config_addr": "module.aci.module.aci_fabric_span_destination_group.var.dscp",
      "status": "pass",
      "objects": null
    },
    {
      "object_kind": "var",
      "config_addr": "module.aci.module.aci_service_epg_policy.var.description",
      "status": "pass",
      "objects": null
    },
    {
      "object_kind": "var",
      "config_addr": "module.aci.module.aci_oob_node_address.var.endpoint_group",
      "status": "pass",
      "objects": null
    },
    {
      "object_kind": "var",
      "config_addr": "module.aci.module.aci_sr_mpls_external_endpoint_group.var.contract_consumers",
      "status": "pass",
      "objects": null
    },
    {
      "object_kind": "var",
      "config_addr": "module.aci.module.aci_service_graph_template.var.description",
      "status": "pass",
      "objects": null
    },
    {
      "object_kind": "var",
      "config_addr": "module.aci.module.aci_vmware_vmm_domain.var.vlan_pool",
      "status": "pass",
      "objects": null
    },
    {
      "object_kind": "var",
      "config_addr": "module.aci.module.aci_leaf_interface_configuration_sub.var.module",
      "status": "pass",
      "objects": null
    },
    {
      "object_kind": "var",
      "config_addr": "module.aci.module.aci_vspan_session.var.name",
      "status": "pass",
      "objects": null
    },
    {
      "object_kind": "var",
      "config_addr": "module.aci.module.aci_tenant.var.security_domains",
      "status": "unknown",
      "objects": [
        {
          "object_addr": "module.aci.module.aci_tenant[\"tf-vms-1\"].var.security_domains",
          "status": "unknown"
        }
      ]
    },
    {
      "object_kind": "var",
      "config_addr": "module.aci.module.aci_vlan_pool.var.ranges",
      "status": "unknown",
      "objects": [
        {
          "object_addr": "module.aci.module.aci_vlan_pool[\"ocp_sr_iov-secondary\"].var.ranges",
          "status": "unknown"
        }
      ]
    },
    {
      "object_kind": "var",
      "config_addr": "module.aci.module.aci_oob_external_management_instance.var.oob_contract_consumers",
      "status": "pass",
      "objects": null
    },
    {
      "object_kind": "var",
      "config_addr": "module.aci.module.aci_useg_endpoint_group.var.trust_control_policy",
      "status": "pass",
      "objects": null
    },
    {
      "object_kind": "var",
      "config_addr": "module.aci.module.aci_imported_l4l7_device.var.source_device",
      "status": "pass",
      "objects": null
    },
    {
      "object_kind": "var",
      "config_addr": "module.aci.module.aci_nd_interface_policy.var.mtu",
      "status": "pass",
      "objects": null
    },
    {
      "object_kind": "var",
      "config_addr": "module.aci.module.aci_redirect_policy.var.ip_sla_policy",
      "status": "pass",
      "objects": null
    },
    {
      "object_kind": "var",
      "config_addr": "module.aci.module.aci_syslog_policy.var.destinations",
      "status": "pass",
      "objects": null
    },
    {
      "object_kind": "var",
      "config_addr": "module.aci.module.aci_fabric_leaf_switch_profile_manual.var.selectors",
      "status": "pass",
      "objects": null
    },
    {
      "object_kind": "var",
      "config_addr": "module.aci.module.aci_ptp_profile.var.priority",
      "status": "pass",
      "objects": null
    },
    {
      "object_kind": "var",
      "config_addr": "module.aci.module.aci_tacacs.var.mgmt_epg_name",
      "status": "pass",
      "objects": null
    },
    {
      "object_kind": "var",
      "config_addr": "module.aci.module.aci_eigrp_interface_policy.var.hold_interval",
      "status": "pass",
      "objects": null
    },
    {
      "object_kind": "var",
      "config_addr": "module.aci.module.aci_igmp_interface_policy.var.robustness_variable",
      "status": "pass",
      "objects": null
    },
    {
      "object_kind": "var",
      "config_addr": "module.aci.module.aci_track_list.var.percentage_up",
      "status": "pass",
      "objects": null
    },
    {
      "object_kind": "var",
      "config_addr": "module.aci.module.aci_snmp_policy.var.users",
      "status": "pass",
      "objects": null
    },
    {
      "object_kind": "var",
      "config_addr": "module.aci.module.aci_access_spine_interface_policy_group.var.link_level_policy",
      "status": "pass",
      "objects": null
    },
    {
      "object_kind": "var",
      "config_addr": "module.aci.module.aci_redirect_policy.var.description",
      "status": "pass",
      "objects": null
    },
    {
      "object_kind": "var",
      "config_addr": "module.aci.module.aci_useg_endpoint_group.var.name",
      "status": "pass",
      "objects": null
    },
    {
      "object_kind": "var",
      "config_addr": "module.aci.module.aci_error_disabled_recovery.var.interval",
      "status": "pass",
      "objects": null
    },
    {
      "object_kind": "var",
      "config_addr": "module.aci.module.aci_vrf.var.pim_asm_traffic_registry_source_ip",
      "status": "unknown",
      "objects": [
        {
          "object_addr": "module.aci.module.aci_vrf[\"tf-vms-1/vrf\"].var.pim_asm_traffic_registry_source_ip",
          "status": "unknown"
        }
      ]
    },
    {
      "object_kind": "var",
      "config_addr": "module.aci.module.aci_sr_mpls_l3out.var.description",
      "status": "pass",
      "objects": null
    },
    {
      "object_kind": "var",
      "config_addr": "module.aci.module.aci_dns_policy.var.domains",
      "status": "pass",
      "objects": null
    },
    {
      "object_kind": "var",
      "config_addr": "module.aci.module.aci_psu_policy.var.name",
      "status": "pass",
      "objects": null
    },
    {
      "object_kind": "var",
      "config_addr": "module.aci.module.aci_access_spine_switch_configuration.var.node_id",
      "status": "pass",
      "objects": null
    },
    {
      "object_kind": "var",
      "config_addr": "module.aci.module.aci_access_fex_interface_selector_auto.var.policy_group_type",
      "status": "pass",
      "objects": null
    },
    {
      "object_kind": "var",
      "config_addr": "module.aci.module.aci_leaf_interface_configuration_sub.var.policy_group",
      "status": "pass",
      "objects": null
    },
    {
      "object_kind": "var",
      "config_addr": "module.aci.module.aci_bfd_ipv6_policy.var.echo_rx_interval",
      "status": "pass",
      "objects": null
    },
    {
      "object_kind": "var",
      "config_addr": "module.aci.module.aci_ospf_timer_policy.var.max_lsa_action",
      "status": "pass",
      "objects": null
    },
    {
      "object_kind": "var",
      "config_addr": "module.aci.module.aci_access_spine_interface_selector_manual.var.policy_group",
      "status": "pass",
      "objects": null
    },
    {
      "object_kind": "var",
      "config_addr": "module.aci.module.aci_login_domain.var.description",
      "status": "pass",
      "objects": null
    },
    {
      "object_kind": "var",
      "config_addr": "module.aci.module.aci_eigrp_interface_policy.var.delay_unit",
      "status": "pass",
      "objects": null
    },
    {
      "object_kind": "var",
      "config_addr": "module.aci.module.aci_vmware_vmm_domain.var.uplinks",
      "status": "pass",
      "objects": null
    },
    {
      "object_kind": "var",
      "config_addr": "module.aci.module.aci_access_span_filter_group.var.entries",
      "status": "pass",
      "objects": null
    },
    {
      "object_kind": "var",
      "config_addr": "module.aci.module.aci_fabric_spine_switch_policy_group.var.name",
      "status": "pass",
      "objects": null
    },
    {
      "object_kind": "var",
      "config_addr": "module.aci.module.aci_access_leaf_interface_selector_auto.var.policy_group",
      "status": "pass",
      "objects": null
    },
    {
      "object_kind": "var",
      "config_addr": "module.aci.module.aci_bfd_interface_policy.var.name",
      "status": "pass",
      "objects": null
    },
    {
      "object_kind": "var",
      "config_addr": "module.aci.module.aci_access_leaf_interface_selector_manual.var.fex_id",
      "status": "pass",
      "objects": null
    },
    {
      "object_kind": "var",
      "config_addr": "module.aci.module.aci_device_selection_policy.var.copy_logical_interface",
      "status": "pass",
      "objects": null
    },
    {
      "object_kind": "var",
      "config_addr": "module.aci.module.aci_routed_domain.var.security_domains",
      "status": "unknown",
      "objects": [
        {
          "object_addr": "module.aci.module.aci_routed_domain[\"ocp_sr_iov-secondary\"].var.security_domains",
          "status": "unknown"
        }
      ]
    },
    {
      "object_kind": "var",
      "config_addr": "module.aci.module.aci_redirect_backup_policy.var.l3_destinations",
      "status": "pass",
      "objects": null
    },
    {
      "object_kind": "var",
      "config_addr": "module.aci.module.aci_node_registration.var.remote_pool_id",
      "status": "pass",
      "objects": null
    },
    {
      "object_kind": "var",
      "config_addr": "module.aci.module.aci_bfd_ipv6_policy.var.startup_timer_interval",
      "status": "pass",
      "objects": null
    },
    {
      "object_kind": "var",
      "config_addr": "module.aci.module.aci_oob_contract.var.description",
      "status": "pass",
      "objects": null
    },
    {
      "object_kind": "var",
      "config_addr": "module.aci.module.aci_oob_endpoint_group.var.static_routes",
      "status": "pass",
      "objects": null
    },
    {
      "object_kind": "var",
      "config_addr": "module.aci.module.aci_sr_mpls_l3out.var.export_route_map_contexts",
      "status": "pass",
      "objects": null
    },
    {
      "object_kind": "var",
      "config_addr": "module.aci.module.aci_aaa.var.login_max_failed_attempts",
      "status": "pass",
      "objects": null
    },
    {
      "object_kind": "var",
      "config_addr": "module.aci.module.aci_leaf_interface_configuration_sub.var.fex_id",
      "status": "pass",
      "objects": null
    },
    {
      "object_kind": "var",
      "config_addr": "module.aci.module.aci_access_leaf_interface_policy_group.var.aaep",
      "status": "pass",
      "objects": null
    },
    {
      "object_kind": "var",
      "config_addr": "module.aci.module.aci_spine_interface_configuration.var.node_id",
      "status": "pass",
      "objects": null
    },
    {
      "object_kind": "var",
      "config_addr": "module.aci.module.aci_ip_sla_policy.var.multiplier",
      "status": "pass",
      "objects": null
    },
    {
      "object_kind": "var",
      "config_addr": "module.aci.module.aci_tenant_span_source_group.var.description",
      "status": "pass",
      "objects": null
    },
    {
      "object_kind": "var",
      "config_addr": "module.aci.module.aci_l3out_interface_profile_manual.var.qos_class",
      "status": "pass",
      "objects": null
    },
    {
      "object_kind": "var",
      "config_addr": "module.aci.module.aci_l3out_interface_profile_auto.var.custom_qos_policy",
      "status": "pass",
      "objects": null
    },
    {
      "object_kind": "var",
      "config_addr": "module.aci.module.aci_service_epg_policy.var.name",
      "status": "pass",
      "objects": null
    },
    {
      "object_kind": "var",
      "config_addr": "module.aci.module.aci_access_spine_interface_selector_auto.var.policy_group",
      "status": "pass",
      "objects": null
    },
    {
      "object_kind": "var",
      "config_addr": "module.aci.module.aci_tenant_span_destination_group.var.name",
      "status": "pass",
      "objects": null
    },
    {
      "object_kind": "var",
      "config_addr": "module.aci.module.aci_spine_interface_configuration.var.description",
      "status": "pass",
      "objects": null
    },
    {
      "object_kind": "var",
      "config_addr": "module.aci.module.aci_access_leaf_interface_selector_auto.var.interface_profile",
      "status": "pass",
      "objects": null
    },
    {
      "object_kind": "var",
      "config_addr": "module.aci.module.aci_tenant_span_destination_group.var.flow_id",
      "status": "pass",
      "objects": null
    },
    {
      "object_kind": "var",
      "config_addr": "module.aci.module.aci_vrf.var.leaked_internal_prefixes",
      "status": "unknown",
      "objects": [
        {
          "object_addr": "module.aci.module.aci_vrf[\"tf-vms-1/vrf\"].var.leaked_internal_prefixes",
          "status": "unknown"
        }
      ]
    },
    {
      "object_kind": "var",
      "config_addr": "module.aci.module.aci_storm_control_policy.var.description",
      "status": "pass",
      "objects": null
    },
    {
      "object_kind": "var",
      "config_addr": "module.aci.module.aci_tacacs.var.monitoring_username",
      "status": "pass",
      "objects": null
    },
    {
      "object_kind": "var",
      "config_addr": "module.aci.module.aci_bfd_interface_policy.var.min_rx_interval",
      "status": "pass",
      "objects": null
    },
    {
      "object_kind": "var",
      "config_addr": "module.aci.module.aci_access_leaf_interface_selector_sub_auto.var.sub_port_blocks",
      "status": "pass",
      "objects": null
    },
    {
      "object_kind": "var",
      "config_addr": "module.aci.module.aci_ptp.var.global_domain",
      "status": "pass",
      "objects": null
    },
    {
      "object_kind": "var",
      "config_addr": "module.aci.module.aci_sr_mpls_l3out.var.name",
      "status": "pass",
      "objects": null
    },
    {
      "object_kind": "var",
      "config_addr": "module.aci.module.aci_ptp_profile.var.mismatch_handling",
      "status": "pass",
      "objects": null
    },
    {
      "object_kind": "var",
      "config_addr": "module.aci.module.aci_trust_control_policy.var.tenant",
      "status": "pass",
      "objects": null
    },
    {
      "object_kind": "var",
      "config_addr": "module.aci.module.aci_pim_policy.var.auth_type",
      "status": "pass",
      "objects": null
    },
    {
      "object_kind": "var",
      "config_addr": "module.aci.module.aci_ptp.var.announce_timeout",
      "status": "pass",
      "objects": null
    },
    {
      "object_kind": "var",
      "config_addr": "module.aci.module.aci_aaa.var.max_password_length",
      "status": "pass",
      "objects": null
    },
    {
      "object_kind": "var",
      "config_addr": "module.aci.module.aci_igmp_interface_policy.var.reserved_mcast_entries",
      "status": "pass",
      "objects": null
    },
    {
      "object_kind": "var",
      "config_addr": "module.aci.module.aci_date_time_policy.var.name",
      "status": "pass",
      "objects": null
    },
    {
      "object_kind": "var",
      "config_addr": "module.aci.module.aci_access_leaf_switch_configuration.var.access_policy_group",
      "status": "pass",
      "objects": null
    },
    {
      "object_kind": "var",
      "config_addr": "module.aci.module.aci_tacacs.var.timeout",
      "status": "pass",
      "objects": null
    },
    {
      "object_kind": "var",
      "config_addr": "module.aci.module.aci_useg_endpoint_group.var.tenant",
      "status": "pass",
      "objects": null
    },
    {
      "object_kind": "var",
      "config_addr": "module.aci.module.aci_user.var.username",
      "status": "pass",
      "objects": null
    },
    {
      "object_kind": "var",
      "config_addr": "module.aci.module.aci_l3out.var.export_route_map_contexts",
      "status": "pass",
      "objects": null
    },
    {
      "object_kind": "var",
      "config_addr": "module.aci.module.aci_infra_dscp_translation_policy.var.level_1",
      "status": "pass",
      "objects": null
    },
    {
      "object_kind": "var",
      "config_addr": "module.aci.module.aci_set_rule.var.tag",
      "status": "pass",
      "objects": null
    },
    {
      "object_kind": "var",
      "config_addr": "module.aci.module.aci_sr_mpls_l3out_node_profile_manual.var.name",
      "status": "pass",
      "objects": null
    },
    {
      "object_kind": "var",
      "config_addr": "module.aci.module.aci_redirect_policy.var.threshold_down_action",
      "status": "pass",
      "objects": null
    },
    {
      "object_kind": "var",
      "config_addr": "module.aci.module.aci_infra_dscp_translation_policy.var.traceroute",
      "status": "pass",
      "objects": null
    },
    {
      "object_kind": "var",
      "config_addr": "module.aci.module.aci_l3out_node_profile_auto.var.name",
      "status": "pass",
      "objects": null
    },
    {
      "object_kind": "var",
      "config_addr": "module.aci.module.aci_l3out_interface_profile_auto.var.transport_data_plane",
      "status": "pass",
      "objects": null
    },
    {
      "object_kind": "var",
      "config_addr": "module.aci.module.aci_tenant_span_destination_group.var.dscp",
      "status": "pass",
      "objects": null
    },
    {
      "object_kind": "var",
      "config_addr": "module.aci.module.aci_device_selection_policy.var.provider_external_endpoint_group_tenant",
      "status": "pass",
      "objects": null
    },
    {
      "object_kind": "var",
      "config_addr": "module.aci.module.aci_access_spine_switch_configuration.var.access_policy_group",
      "status": "pass",
      "objects": null
    },
    {
      "object_kind": "var",
      "config_addr": "module.aci.module.aci_bgp_timer_policy.var.stale_interval",
      "status": "pass",
      "objects": null
    },
    {
      "object_kind": "var",
      "config_addr": "module.aci.module.aci_l3out_node_profile_manual.var.l3out",
      "status": "pass",
      "objects": null
    },
    {
      "object_kind": "var",
      "config_addr": "module.aci.module.aci_bgp_best_path_policy.var.tenant",
      "status": "pass",
      "objects": null
    },
    {
      "object_kind": "var",
      "config_addr": "module.aci.module.aci_vlan_pool.var.name",
      "status": "pass",
      "objects": [
        {
          "object_addr": "module.aci.module.aci_vlan_pool[\"ocp_sr_iov-secondary\"].var.name",
          "status": "pass"
        }
      ]
    },
    {
      "object_kind": "var",
      "config_addr": "module.aci.module.aci_remote_location.var.description",
      "status": "pass",
      "objects": null
    },
    {
      "object_kind": "var",
      "config_addr": "module.aci.module.aci_config_export.var.format",
      "status": "pass",
      "objects": null
    },
    {
      "object_kind": "var",
      "config_addr": "module.aci.module.aci_igmp_interface_policy.var.startup_query_count",
      "status": "pass",
      "objects": null
    },
    {
      "object_kind": "var",
      "config_addr": "module.aci.module.aci_spine_interface_configuration.var.role",
      "status": "pass",
      "objects": null
    },
    {
      "object_kind": "var",
      "config_addr": "module.aci.module.aci_vmware_vmm_domain.var.vswitch_enhanced_lags",
      "status": "pass",
      "objects": null
    },
    {
      "object_kind": "var",
      "config_addr": "module.aci.module.aci_inband_node_address.var.endpoint_group",
      "status": "pass",
      "objects": null
    },
    {
      "object_kind": "var",
      "config_addr": "module.aci.module.aci_radius.var.mgmt_epg_name",
      "status": "pass",
      "objects": null
    },
    {
      "object_kind": "var",
      "config_addr": "module.aci.module.aci_access_span_destination_group.var.tenant",
      "status": "pass",
      "objects": null
    },
    {
      "object_kind": "var",
      "config_addr": "module.aci.module.aci_interface_configuration_fex.var.port",
      "status": "pass",
      "objects": null
    },
    {
      "object_kind": "var",
      "config_addr": "module.aci.module.aci_device_selection_policy.var.tenant",
      "status": "pass",
      "objects": null
    },
    {
      "object_kind": "var",
      "config_addr": "module.aci.module.aci_access_span_destination_group.var.description",
      "status": "pass",
      "objects": null
    },
    {
      "object_kind": "var",
      "config_addr": "module.aci.module.aci_external_endpoint_group.var.l3out",
      "status": "pass",
      "objects": null
    },
    {
      "object_kind": "var",
      "config_addr": "module.aci.module.aci_vrf.var.pim_inter_vrf_policies",
      "status": "unknown",
      "objects": [
        {
          "object_addr": "module.aci.module.aci_vrf[\"tf-vms-1/vrf\"].var.pim_inter_vrf_policies",
          "status": "unknown"
        }
      ]
    },
    {
      "object_kind": "var",
      "config_addr": "module.aci.module.aci_l3out_interface_profile_manual.var.eigrp_interface_profile_name",
      "status": "pass",
      "objects": null
    },
    {
      "object_kind": "var",
      "config_addr": "module.aci.module.aci_l3out_node_profile_auto.var.l3out",
      "status": "pass",
      "objects": null
    },
    {
      "object_kind": "var",
      "config_addr": "module.aci.module.aci_sr_mpls_l3out.var.sr_mpls_infra_l3outs",
      "status": "pass",
      "objects": null
    },
    {
      "object_kind": "var",
      "config_addr": "module.aci.module.aci_bgp_address_family_context_policy.var.tenant",
      "status": "pass",
      "objects": null
    },
    {
      "object_kind": "var",
      "config_addr": "module.aci.module.aci_bgp_address_family_context_policy.var.ibgp_max_ecmp",
      "status": "pass",
      "objects": null
    },
    {
      "object_kind": "var",
      "config_addr": "module.aci.module.aci_management_access_policy.var.ssh_port",
      "status": "pass",
      "objects": null
    },
    {
      "object_kind": "var",
      "config_addr": "module.aci.module.aci_l3out.var.import_route_map_type",
      "status": "pass",
      "objects": null
    },
    {
      "object_kind": "var",
      "config_addr": "module.aci.module.aci_geolocation.var.description",
      "status": "pass",
      "objects": null
    },
    {
      "object_kind": "var",
      "config_addr": "module.aci.module.aci_bgp_best_path_policy.var.name",
      "status": "pass",
      "objects": null
    },
    {
      "object_kind": "var",
      "config_addr": "module.aci.module.aci_vmware_vmm_domain.var.credential_policies",
      "status": "pass",
      "objects": null
    },
    {
      "object_kind": "var",
      "config_addr": "module.aci.module.aci_fabric_isis_policy.var.redistribute_metric",
      "status": "pass",
      "objects": null
    },
    {
      "object_kind": "var",
      "config_addr": "module.aci.module.aci_spine_interface_configuration.var.breakout",
      "status": "pass",
      "objects": null
    },
    {
      "object_kind": "var",
      "config_addr": "module.aci.module.aci_bfd_interface_policy.var.detection_multiplier",
      "status": "pass",
      "objects": null
    },
    {
      "object_kind": "var",
      "config_addr": "module.aci.module.aci_qos_policy.var.name",
      "status": "pass",
      "objects": null
    },
    {
      "object_kind": "var",
      "config_addr": "module.aci.module.aci_bridge_domain.var.subnets",
      "status": "unknown",
      "objects": [
        {
          "object_addr": "module.aci.module.aci_bridge_domain[\"tf-vms-1/10.1.203.0_24\"].var.subnets",
          "status": "unknown"
        },
        {
          "object_addr": "module.aci.module.aci_bridge_domain[\"tf-vms-1/10.1.204.0_24\"].var.subnets",
          "status": "unknown"
        },
        {
          "object_addr": "module.aci.module.aci_bridge_domain[\"tf-vms-1/10.1.200.0_24\"].var.subnets",
          "status": "unknown"
        },
        {
          "object_addr": "module.aci.module.aci_bridge_domain[\"tf-vms-1/10.1.201.0_24\"].var.subnets",
          "status": "unknown"
        },
        {
          "object_addr": "module.aci.module.aci_bridge_domain[\"tf-vms-1/10.1.202.0_24\"].var.subnets",
          "status": "unknown"
        }
      ]
    },
    {
      "object_kind": "var",
      "config_addr": "module.aci.module.aci_vrf.var.enforcement_preference",
      "status": "pass",
      "objects": [
        {
          "object_addr": "module.aci.module.aci_vrf[\"tf-vms-1/vrf\"].var.enforcement_preference",
          "status": "pass"
        }
      ]
    },
    {
      "object_kind": "var",
      "config_addr": "module.aci.module.aci_tenant_span_destination_group.var.description",
      "status": "pass",
      "objects": null
    },
    {
      "object_kind": "var",
      "config_addr": "module.aci.module.aci_link_level_policy.var.physical_media_type",
      "status": "pass",
      "objects": null
    },
    {
      "object_kind": "var",
      "config_addr": "module.aci.module.aci_leaf_interface_configuration.var.policy_group_type",
      "status": "pass",
      "objects": null
    },
    {
      "object_kind": "var",
      "config_addr": "module.aci.module.aci_mcp.var.frequency_msec",
      "status": "unknown",
      "objects": [
        {
          "object_addr": "module.aci.module.aci_mcp[0].var.frequency_msec",
          "status": "unknown"
        }
      ]
    },
    {
      "object_kind": "var",
      "config_addr": "module.aci.module.aci_l3out_interface_profile_manual.var.ospf_interface_policy",
      "status": "pass",
      "objects": null
    },
    {
      "object_kind": "var",
      "config_addr": "module.aci.module.aci_vrf.var.pim_reserved_multicast_entries",
      "status": "unknown",
      "objects": [
        {
          "object_addr": "module.aci.module.aci_vrf[\"tf-vms-1/vrf\"].var.pim_reserved_multicast_entries",
          "status": "unknown"
        }
      ]
    },
    {
      "object_kind": "var",
      "config_addr": "module.aci.module.aci_interface_configuration_fex.var.fex_id",
      "status": "pass",
      "objects": null
    },
    {
      "object_kind": "var",
      "config_addr": "module.aci.module.aci_useg_endpoint_group.var.tags",
      "status": "pass",
      "objects": null
    },
    {
      "object_kind": "var",
      "config_addr": "module.aci.module.aci_mst_policy.var.name",
      "status": "pass",
      "objects": null
    },
    {
      "object_kind": "var",
      "config_addr": "module.aci.module.aci_bgp_policy.var.fabric_bgp_external_rr",
      "status": "pass",
      "objects": null
    },
    {
      "object_kind": "var",
      "config_addr": "module.aci.module.aci_ospf_timer_policy.var.max_lsa_threshold",
      "status": "pass",
      "objects": null
    },
    {
      "object_kind": "var",
      "config_addr": "module.aci.module.aci_remote_location.var.port",
      "status": "pass",
      "objects": null
    },
    {
      "object_kind": "var",
      "config_addr": "module.aci.module.aci_sr_mpls_l3out.var.ospf_area_cost",
      "status": "pass",
      "objects": null
    },
    {
      "object_kind": "var",
      "config_addr": "module.aci.module.aci_user.var.ssh_keys",
      "status": "pass",
      "objects": null
    },
    {
      "object_kind": "var",
      "config_addr": "module.aci.module.aci_access_leaf_switch_profile_manual.var.selectors",
      "status": "pass",
      "objects": null
    },
    {
      "object_kind": "var",
      "config_addr": "module.aci.module.aci_l3out.var.import_route_map_name",
      "status": "pass",
      "objects": null
    },
    {
      "object_kind": "var",
      "config_addr": "module.aci.module.aci_leaf_fabric_interface_configuration.var.sub_port",
      "status": "pass",
      "objects": null
    },
    {
      "object_kind": "var",
      "config_addr": "module.aci.module.aci_inband_endpoint_group.var.vlan",
      "status": "pass",
      "objects": null
    },
    {
      "object_kind": "var",
      "config_addr": "module.aci.module.aci_interface_configuration_fex.var.node_id",
      "status": "pass",
      "objects": null
    },
    {
      "object_kind": "var",
      "config_addr": "module.aci.module.aci_route_control_route_map.var.contexts",
      "status": "pass",
      "objects": null
    },
    {
      "object_kind": "var",
      "config_addr": "module.aci.module.aci_redirect_policy.var.tenant",
      "status": "pass",
      "objects": null
    },
    {
      "object_kind": "var",
      "config_addr": "module.aci.module.aci_contract.var.tenant",
      "status": "pass",
      "objects": null
    },
    {
      "object_kind": "var",
      "config_addr": "module.aci.module.aci_igmp_interface_policy.var.query_interval",
      "status": "pass",
      "objects": null
    },
    {
      "object_kind": "var",
      "config_addr": "module.aci.module.aci_endpoint_group.var.bridge_domain",
      "status": "pass",
      "objects": [
        {
          "object_addr": "module.aci.module.aci_endpoint_group[\"tf-vms-1/vms-2/vlan-3714\"].var.bridge_domain",
          "status": "pass"
        },
        {
          "object_addr": "module.aci.module.aci_endpoint_group[\"tf-vms-1/vms-2/vlan-3715\"].var.bridge_domain",
          "status": "pass"
        },
        {
          "object_addr": "module.aci.module.aci_endpoint_group[\"tf-vms-1/vms-1/vlan-3710\"].var.bridge_domain",
          "status": "pass"
        },
        {
          "object_addr": "module.aci.module.aci_endpoint_group[\"tf-vms-1/vms-1/vlan-3711\"].var.bridge_domain",
          "status": "pass"
        },
        {
          "object_addr": "module.aci.module.aci_endpoint_group[\"tf-vms-1/vms-1/vlan-3712\"].var.bridge_domain",
          "status": "pass"
        },
        {
          "object_addr": "module.aci.module.aci_endpoint_group[\"tf-vms-1/vms-2/vlan-3713\"].var.bridge_domain",
          "status": "pass"
        }
      ]
    },
    {
      "object_kind": "var",
      "config_addr": "module.aci.module.aci_access_leaf_interface_policy_group.var.link_level_policy",
      "status": "pass",
      "objects": null
    },
    {
      "object_kind": "var",
      "config_addr": "module.aci.module.aci_useg_endpoint_group.var.match_type",
      "status": "pass",
      "objects": null
    },
    {
      "object_kind": "var",
      "config_addr": "module.aci.module.aci_snmp_trap_policy.var.destinations",
      "status": "pass",
      "objects": null
    },
    {
      "object_kind": "var",
      "config_addr": "module.aci.module.aci_tenant.var.description",
      "status": "pass",
      "objects": [
        {
          "object_addr": "module.aci.module.aci_tenant[\"tf-vms-1\"].var.description",
          "status": "pass"
        }
      ]
    },
    {
      "object_kind": "var",
      "config_addr": "module.aci.module.aci_vrf.var.pim_asm_shared_range_multicast_route_map",
      "status": "unknown",
      "objects": [
        {
          "object_addr": "module.aci.module.aci_vrf[\"tf-vms-1/vrf\"].var.pim_asm_shared_range_multicast_route_map",
          "status": "unknown"
        }
      ]
    },
    {
      "object_kind": "var",
      "config_addr": "module.aci.module.aci_l3out_node_profile_manual.var.mpls_custom_qos_policy",
      "status": "pass",
      "objects": null
    },
    {
      "object_kind": "var",
      "config_addr": "module.aci.module.aci_fabric_leaf_switch_profile_auto.var.name",
      "status": "pass",
      "objects": null
    },
    {
      "object_kind": "var",
      "config_addr": "module.aci.module.aci_ospf_interface_policy.var.dead_interval",
      "status": "pass",
      "objects": null
    },
    {
      "object_kind": "var",
      "config_addr": "module.aci.module.aci_set_rule.var.additional_communities",
      "status": "pass",
      "objects": null
    },
    {
      "object_kind": "var",
      "config_addr": "module.aci.module.aci_bgp_address_family_context_policy.var.description",
      "status": "pass",
      "objects": null
    },
    {
      "object_kind": "var",
      "config_addr": "module.aci.module.aci_fabric_span_destination_group.var.span_version",
      "status": "pass",
      "objects": null
    },
    {
      "object_kind": "var",
      "config_addr": "module.aci.module.aci_external_endpoint_group.var.tenant",
      "status": "pass",
      "objects": null
    },
    {
      "object_kind": "var",
      "config_addr": "module.aci.module.aci_useg_endpoint_group.var.subnets",
      "status": "pass",
      "objects": null
    },
    {
      "object_kind": "var",
      "config_addr": "module.aci.module.aci_track_list.var.track_members",
      "status": "pass",
      "objects": null
    },
    {
      "object_kind": "var",
      "config_addr": "module.aci.module.aci_l3out.var.description",
      "status": "pass",
      "objects": null
    },
    {
      "object_kind": "var",
      "config_addr": "module.aci.module.aci_aaa.var.default_realm",
      "status": "pass",
      "objects": null
    },
    {
      "object_kind": "var",
      "config_addr": "module.aci.module.aci_l3out_interface_profile_auto.var.name",
      "status": "pass",
      "objects": null
    },
    {
      "object_kind": "var",
      "config_addr": "module.aci.module.aci_access_span_destination_group.var.sub_port",
      "status": "pass",
      "objects": null
    },
    {
      "object_kind": "var",
      "config_addr": "module.aci.module.aci_sr_mpls_l3out_interface_profile_manual.var.ospf_authentication_key_id",
      "status": "pass",
      "objects": null
    },
    {
      "object_kind": "var",
      "config_addr": "module.aci.module.aci_access_leaf_interface_profile_auto.var.name",
      "status": "pass",
      "objects": null
    },
    {
      "object_kind": "var",
      "config_addr": "module.aci.module.aci_ospf_timer_policy.var.description",
      "status": "pass",
      "objects": null
    },
    {
      "object_kind": "var",
      "config_addr": "module.aci.module.aci_vrf.var.bgp_ipv6_address_family_context_policy",
      "status": "unknown",
      "objects": [
        {
          "object_addr": "module.aci.module.aci_vrf[\"tf-vms-1/vrf\"].var.bgp_ipv6_address_family_context_policy",
          "status": "unknown"
        }
      ]
    },
    {
      "object_kind": "var",
      "config_addr": "module.aci.module.aci_bridge_domain.var.virtual_mac",
      "status": "pass",
      "objects": [
        {
          "object_addr": "module.aci.module.aci_bridge_domain[\"tf-vms-1/10.1.200.0_24\"].var.virtual_mac",
          "status": "pass"
        },
        {
          "object_addr": "module.aci.module.aci_bridge_domain[\"tf-vms-1/10.1.201.0_24\"].var.virtual_mac",
          "status": "pass"
        },
        {
          "object_addr": "module.aci.module.aci_bridge_domain[\"tf-vms-1/10.1.202.0_24\"].var.virtual_mac",
          "status": "pass"
        },
        {
          "object_addr": "module.aci.module.aci_bridge_domain[\"tf-vms-1/10.1.203.0_24\"].var.virtual_mac",
          "status": "pass"
        },
        {
          "object_addr": "module.aci.module.aci_bridge_domain[\"tf-vms-1/10.1.204.0_24\"].var.virtual_mac",
          "status": "pass"
        }
      ]
    },
    {
      "object_kind": "var",
      "config_addr": "module.aci.module.aci_bfd_ipv4_policy.var.min_tx_interval",
      "status": "pass",
      "objects": null
    },
    {
      "object_kind": "var",
      "config_addr": "module.aci.module.aci_access_leaf_interface_selector_sub_auto.var.policy_group_type",
      "status": "pass",
      "objects": null
    },
    {
      "object_kind": "var",
      "config_addr": "module.aci.module.aci_endpoint_loop_protection.var.action",
      "status": "pass",
      "objects": null
    },
    {
      "object_kind": "var",
      "config_addr": "module.aci.module.aci_bridge_domain.var.unknown_ipv4_multicast",
      "status": "pass",
      "objects": [
        {
          "object_addr": "module.aci.module.aci_bridge_domain[\"tf-vms-1/10.1.202.0_24\"].var.unknown_ipv4_multicast",
          "status": "pass"
        },
        {
          "object_addr": "module.aci.module.aci_bridge_domain[\"tf-vms-1/10.1.203.0_24\"].var.unknown_ipv4_multicast",
          "status": "pass"
        },
        {
          "object_addr": "module.aci.module.aci_bridge_domain[\"tf-vms-1/10.1.204.0_24\"].var.unknown_ipv4_multicast",
          "status": "pass"
        },
        {
          "object_addr": "module.aci.module.aci_bridge_domain[\"tf-vms-1/10.1.200.0_24\"].var.unknown_ipv4_multicast",
          "status": "pass"
        },
        {
          "object_addr": "module.aci.module.aci_bridge_domain[\"tf-vms-1/10.1.201.0_24\"].var.unknown_ipv4_multicast",
          "status": "pass"
        }
      ]
    },
    {
      "object_kind": "var",
      "config_addr": "module.aci.module.aci_l3out_node_profile_manual.var.name",
      "status": "pass",
      "objects": null
    },
    {
      "object_kind": "var",
      "config_addr": "module.aci.module.aci_service_graph_template.var.template_type",
      "status": "pass",
      "objects": null
    },
    {
      "object_kind": "var",
      "config_addr": "module.aci.module.aci_ospf_timer_policy.var.max_lsa_reset_interval",
      "status": "pass",
      "objects": null
    },
    {
      "object_kind": "var",
      "config_addr": "module.aci.module.aci_ca_certificate.var.name",
      "status": "pass",
      "objects": null
    },
    {
      "object_kind": "var",
      "config_addr": "module.aci.module.aci_mst_policy.var.revision",
      "status": "pass",
      "objects": null
    },
    {
      "object_kind": "var",
      "config_addr": "module.aci.module.aci_ldap.var.ldap_providers",
      "status": "unknown",
      "objects": [
        {
          "object_addr": "module.aci.module.aci_ldap.var.ldap_providers",
          "status": "unknown"
        }
      ]
    },
    {
      "object_kind": "var",
      "config_addr": "module.aci.module.aci_port_channel_policy.var.mode",
      "status": "pass",
      "objects": null
    },
    {
      "object_kind": "var",
      "config_addr": "module.aci.module.aci_device_selection_policy.var.consumer_external_endpoint_group_tenant",
      "status": "pass",
      "objects": null
    },
    {
      "object_kind": "var",
      "config_addr": "module.aci.module.aci_access_span_destination_group.var.name",
      "status": "pass",
      "objects": null
    },
    {
      "object_kind": "var",
      "config_addr": "module.aci.module.aci_ldap.var.group_map_rules",
      "status": "unknown",
      "objects": [
        {
          "object_addr": "module.aci.module.aci_ldap.var.group_map_rules",
          "status": "unknown"
        }
      ]
    },
    {
      "object_kind": "var",
      "config_addr": "module.aci.module.aci_access_spine_switch_configuration.var.fabric_policy_group",
      "status": "pass",
      "objects": null
    },
    {
      "object_kind": "var",
      "config_addr": "module.aci.module.aci_l3out_interface_profile_auto.var.ospf_authentication_type",
      "status": "pass",
      "objects": null
    },
    {
      "object_kind": "var",
      "config_addr": "module.aci.module.aci_node_registration.var.pod_id",
      "status": "pass",
      "objects": null
    },
    {
      "object_kind": "var",
      "config_addr": "module.aci.module.aci_leaf_interface_configuration.var.role",
      "status": "pass",
      "objects": null
    },
    {
      "object_kind": "var",
      "config_addr": "module.aci.module.aci_vrf.var.pim_mtu",
      "status": "unknown",
      "objects": [
        {
          "object_addr": "module.aci.module.aci_vrf[\"tf-vms-1/vrf\"].var.pim_mtu",
          "status": "unknown"
        }
      ]
    },
    {
      "object_kind": "var",
      "config_addr": "module.aci.module.aci_config_passphrase.var.config_passphrase",
      "status": "pass",
      "objects": null
    },
    {
      "object_kind": "var",
      "config_addr": "module.aci.module.aci_l3out_node_profile_manual.var.nodes",
      "status": "pass",
      "objects": null
    },
    {
      "object_kind": "var",
      "config_addr": "module.aci.module.aci_nd_interface_policy.var.ns_tx_interval",
      "status": "pass",
      "objects": null
    },
    {
      "object_kind": "var",
      "config_addr": "module.aci.module.aci_aaa.var.default_login_domain",
      "status": "pass",
      "objects": null
    },
    {
      "object_kind": "var",
      "config_addr": "module.aci.module.aci_login_domain.var.ldap_group_map",
      "status": "pass",
      "objects": null
    },
    {
      "object_kind": "var",
      "config_addr": "module.aci.module.aci_sr_mpls_l3out_interface_profile_manual.var.eigrp_interface_profile_name",
      "status": "pass",
      "objects": null
    },
    {
      "object_kind": "var",
      "config_addr": "module.aci.module.aci_config_export.var.scheduler",
      "status": "pass",
      "objects": null
    },
    {
      "object_kind": "var",
      "config_addr": "module.aci.module.aci_external_connectivity_policy.var.site_id",
      "status": "pass",
      "objects": null
    },
    {
      "object_kind": "var",
      "config_addr": "module.aci.module.aci_l3out.var.default_route_leak_policy_criteria",
      "status": "pass",
      "objects": null
    },
    {
      "object_kind": "var",
      "config_addr": "module.aci.module.aci_igmp_interface_policy.var.report_policy_multicast_route_map",
      "status": "pass",
      "objects": null
    },
    {
      "object_kind": "var",
      "config_addr": "module.aci.module.aci_fabric_pod_policy_group.var.snmp_policy",
      "status": "pass",
      "objects": null
    },
    {
      "object_kind": "var",
      "config_addr": "module.aci.module.aci_l3out.var.redistribution_route_maps",
      "status": "pass",
      "objects": null
    },
    {
      "object_kind": "var",
      "config_addr": "module.aci.module.aci_sr_mpls_l3out.var.target_dscp",
      "status": "pass",
      "objects": null
    },
    {
      "object_kind": "var",
      "config_addr": "module.aci.module.aci_useg_endpoint_group.var.contract_imported_consumers",
      "status": "pass",
      "objects": null
    },
    {
      "object_kind": "var",
      "config_addr": "module.aci.module.aci_leaf_fabric_interface_configuration_sub.var.description",
      "status": "pass",
      "objects": null
    },
    {
      "object_kind": "var",
      "config_addr": "module.aci.module.aci_bfd_ipv4_policy.var.min_rx_interval",
      "status": "pass",
      "objects": null
    },
    {
      "object_kind": "var",
      "config_addr": "module.aci.module.aci_fabric_spine_switch_configuration.var.fabric_policy_group",
      "status": "pass",
      "objects": null
    },
    {
      "object_kind": "var",
      "config_addr": "module.aci.module.aci_endpoint_security_group.var.tenant",
      "status": "pass",
      "objects": null
    },
    {
      "object_kind": "var",
      "config_addr": "module.aci.module.aci_access_leaf_interface_selector_manual.var.policy_group_type",
      "status": "pass",
      "objects": null
    },
    {
      "object_kind": "var",
      "config_addr": "module.aci.module.aci_ospf_timer_policy.var.distance",
      "status": "pass",
      "objects": null
    },
    {
      "object_kind": "var",
      "config_addr": "module.aci.module.aci_l3out.var.interleak_route_map",
      "status": "pass",
      "objects": null
    },
    {
      "object_kind": "var",
      "config_addr": "module.aci.module.aci_management_access_policy.var.https_port",
      "status": "pass",
      "objects": null
    },
    {
      "object_kind": "var",
      "config_addr": "module.aci.module.aci_spine_interface_configuration.var.policy_group",
      "status": "pass",
      "objects": null
    },
    {
      "object_kind": "var",
      "config_addr": "module.aci.module.aci_fabric_span_source_group.var.destination_description",
      "status": "pass",
      "objects": null
    },
    {
      "object_kind": "var",
      "config_addr": "module.aci.module.aci_fabric_span_source_group.var.description",
      "status": "pass",
      "objects": null
    },
    {
      "object_kind": "var",
      "config_addr": "module.aci.module.aci_ospf_interface_policy.var.lsa_transmit_delay",
      "status": "pass",
      "objects": null
    },
    {
      "object_kind": "var",
      "config_addr": "module.aci.module.aci_l3out_interface_profile_manual.var.tenant",
      "status": "pass",
      "objects": null
    },
    {
      "object_kind": "var",
      "config_addr": "module.aci.module.aci_vmware_vmm_domain.var.security_domains",
      "status": "pass",
      "objects": null
    },
    {
      "object_kind": "var",
      "config_addr": "module.aci.module.aci_set_rule.var.weight",
      "status": "pass",
      "objects": null
    },
    {
      "object_kind": "var",
      "config_addr": "module.aci.module.aci_keyring.var.description",
      "status": "pass",
      "objects": null
    },
    {
      "object_kind": "var",
      "config_addr": "module.aci.module.aci_device_selection_policy.var.consumer_redirect_policy",
      "status": "pass",
      "objects": null
    },
    {
      "object_kind": "var",
      "config_addr": "module.aci.module.aci_bfd_multihop_node_policy.var.tenant",
      "status": "pass",
      "objects": null
    },
    {
      "object_kind": "var",
      "config_addr": "module.aci.module.aci_external_connectivity_policy.var.routing_profiles",
      "status": "pass",
      "objects": null
    },
    {
      "object_kind": "var",
      "config_addr": "module.aci.module.aci_external_endpoint_group.var.subnets",
      "status": "pass",
      "objects": null
    },
    {
      "object_kind": "var",
      "config_addr": "module.aci.module.aci_maintenance_group.var.name",
      "status": "pass",
      "objects": null
    },
    {
      "object_kind": "var",
      "config_addr": "module.aci.module.aci_access_leaf_interface_policy_group.var.lldp_policy",
      "status": "pass",
      "objects": null
    },
    {
      "object_kind": "var",
      "config_addr": "module.aci.module.aci_track_list.var.name",
      "status": "pass",
      "objects": null
    },
    {
      "object_kind": "var",
      "config_addr": "module.aci.module.aci_vspan_destination_group.var.name",
      "status": "pass",
      "objects": null
    },
    {
      "object_kind": "var",
      "config_addr": "module.aci.module.aci_interface_configuration_fex.var.policy_group_type",
      "status": "pass",
      "objects": null
    },
    {
      "object_kind": "var",
      "config_addr": "module.aci.module.aci_device_selection_policy.var.provider_logical_interface",
      "status": "pass",
      "objects": null
    },
    {
      "object_kind": "var",
      "config_addr": "module.aci.module.aci_access_leaf_interface_selector_sub_auto.var.policy_group",
      "status": "pass",
      "objects": null
    },
    {
      "object_kind": "var",
      "config_addr": "module.aci.module.aci_nd_interface_policy.var.tenant",
      "status": "pass",
      "objects": null
    },
    {
      "object_kind": "var",
      "config_addr": "module.aci.module.aci_oob_contract.var.alias",
      "status": "pass",
      "objects": null
    },
    {
      "object_kind": "var",
      "config_addr": "module.aci.module.aci_keyring.var.ca_certificate",
      "status": "pass",
      "objects": null
    },
    {
      "object_kind": "var",
      "config_addr": "module.aci.module.aci_access_leaf_interface_policy_group.var.name",
      "status": "pass",
      "objects": null
    },
    {
      "object_kind": "var",
      "config_addr": "module.aci.module.aci_ospf_interface_policy.var.priority",
      "status": "pass",
      "objects": null
    },
    {
      "object_kind": "var",
      "config_addr": "module.aci.module.aci_inband_endpoint_group.var.contract_consumers",
      "status": "pass",
      "objects": null
    },
    {
      "object_kind": "var",
      "config_addr": "module.aci.module.aci_system_performance.var.top_slowest_requests",
      "status": "pass",
      "objects": null
    },
    {
      "object_kind": "var",
      "config_addr": "module.aci.module.aci_endpoint_group.var.static_endpoints",
      "status": "unknown",
      "objects": [
        {
          "object_addr": "module.aci.module.aci_endpoint_group[\"tf-vms-1/vms-2/vlan-3714\"].var.static_endpoints",
          "status": "unknown"
        },
        {
          "object_addr": "module.aci.module.aci_endpoint_group[\"tf-vms-1/vms-2/vlan-3715\"].var.static_endpoints",
          "status": "unknown"
        },
        {
          "object_addr": "module.aci.module.aci_endpoint_group[\"tf-vms-1/vms-1/vlan-3710\"].var.static_endpoints",
          "status": "unknown"
        },
        {
          "object_addr": "module.aci.module.aci_endpoint_group[\"tf-vms-1/vms-1/vlan-3711\"].var.static_endpoints",
          "status": "unknown"
        },
        {
          "object_addr": "module.aci.module.aci_endpoint_group[\"tf-vms-1/vms-1/vlan-3712\"].var.static_endpoints",
          "status": "unknown"
        },
        {
          "object_addr": "module.aci.module.aci_endpoint_group[\"tf-vms-1/vms-2/vlan-3713\"].var.static_endpoints",
          "status": "unknown"
        }
      ]
    },
    {
      "object_kind": "var",
      "config_addr": "module.aci.module.aci_service_graph_template.var.device_name",
      "status": "pass",
      "objects": null
    },
    {
      "object_kind": "var",
      "config_addr": "module.aci.module.aci_bgp_peer_prefix_policy.var.action",
      "status": "pass",
      "objects": null
    },
    {
      "object_kind": "var",
      "config_addr": "module.aci.module.aci_interface_configuration_fex.var.module",
      "status": "pass",
      "objects": null
    },
    {
      "object_kind": "var",
      "config_addr": "module.aci.module.aci_sr_mpls_l3out_node_profile_manual.var.bfd_multihop_node_policy",
      "status": "pass",
      "objects": null
    },
    {
      "object_kind": "var",
      "config_addr": "module.aci.module.aci_access_fex_interface_selector_manual.var.policy_group_type",
      "status": "pass",
      "objects": null
    },
    {
      "object_kind": "var",
      "config_addr": "module.aci.module.aci_qos_policy.var.description",
      "status": "pass",
      "objects": null
    },
    {
      "object_kind": "var",
      "config_addr": "module.aci.module.aci_match_rule.var.regex_community_terms",
      "status": "pass",
      "objects": null
    },
    {
      "object_kind": "var",
      "config_addr": "module.aci.module.aci_sr_mpls_external_endpoint_group.var.name",
      "status": "pass",
      "objects": null
    },
    {
      "object_kind": "var",
      "config_addr": "module.aci.module.aci_storm_control_policy.var.broadcast_burst_pps",
      "status": "pass",
      "objects": null
    },
    {
      "object_kind": "var",
      "config_addr": "module.aci.module.aci_firmware_group.var.name",
      "status": "pass",
      "objects": null
    },
    {
      "object_kind": "var",
      "config_addr": "module.aci.module.aci_device_selection_policy.var.consumer_service_epg_policy_tenant",
      "status": "pass",
      "objects": null
    },
    {
      "object_kind": "var",
      "config_addr": "module.aci.module.aci_access_span_destination_group.var.mtu",
      "status": "pass",
      "objects": null
    },
    {
      "object_kind": "var",
      "config_addr": "module.aci.module.aci_bridge_domain.var.dhcp_labels",
      "status": "unknown",
      "objects": [
        {
          "object_addr": "module.aci.module.aci_bridge_domain[\"tf-vms-1/10.1.202.0_24\"].var.dhcp_labels",
          "status": "unknown"
        },
        {
          "object_addr": "module.aci.module.aci_bridge_domain[\"tf-vms-1/10.1.203.0_24\"].var.dhcp_labels",
          "status": "unknown"
        },
        {
          "object_addr": "module.aci.module.aci_bridge_domain[\"tf-vms-1/10.1.204.0_24\"].var.dhcp_labels",
          "status": "unknown"
        },
        {
          "object_addr": "module.aci.module.aci_bridge_domain[\"tf-vms-1/10.1.200.0_24\"].var.dhcp_labels",
          "status": "unknown"
        },
        {
          "object_addr": "module.aci.module.aci_bridge_domain[\"tf-vms-1/10.1.201.0_24\"].var.dhcp_labels",
          "status": "unknown"
        }
      ]
    },
    {
      "object_kind": "var",
      "config_addr": "module.aci.module.aci_endpoint_security_group.var.epg_selectors",
      "status": "pass",
      "objects": null
    },
    {
      "object_kind": "var",
      "config_addr": "module.aci.module.aci_service_epg_policy.var.tenant",
      "status": "pass",
      "objects": null
    },
    {
      "object_kind": "var",
      "config_addr": "module.aci.module.aci_bgp_peer_prefix_policy.var.name",
      "status": "pass",
      "objects": null
    },
    {
      "object_kind": "var",
      "config_addr": "module.aci.module.aci_sr_mpls_l3out_interface_profile_manual.var.name",
      "status": "pass",
      "objects": null
    },
    {
      "object_kind": "var",
      "config_addr": "module.aci.module.aci_fabric_spine_switch_policy_group.var.psu_policy",
      "status": "pass",
      "objects": null
    },
    {
      "object_kind": "var",
      "config_addr": "module.aci.module.aci_sr_mpls_l3out_interface_profile_manual.var.custom_qos_policy",
      "status": "pass",
      "objects": null
    },
    {
      "object_kind": "var",
      "config_addr": "module.aci.module.aci_l3out.var.import_route_map_description",
      "status": "pass",
      "objects": null
    },
    {
      "object_kind": "var",
      "config_addr": "module.aci.module.aci_storm_control_policy.var.action",
      "status": "pass",
      "objects": null
    },
    {
      "object_kind": "var",
      "config_addr": "module.aci.module.aci_aaa.var.password_strength_test_type",
      "status": "pass",
      "objects": null
    },
    {
      "object_kind": "var",
      "config_addr": "module.aci.module.aci_node_registration.var.name",
      "status": "pass",
      "objects": null
    },
    {
      "object_kind": "var",
      "config_addr": "module.aci.module.aci_oob_external_management_instance.var.name",
      "status": "pass",
      "objects": null
    },
    {
      "object_kind": "var",
      "config_addr": "module.aci.module.aci_filter.var.alias",
      "status": "pass",
      "objects": null
    },
    {
      "object_kind": "var",
      "config_addr": "module.aci.module.aci_device_selection_policy.var.provider_redirect_policy",
      "status": "pass",
      "objects": null
    },
    {
      "object_kind": "var",
      "config_addr": "module.aci.module.aci_l2_mtu_policy.var.port_mtu_size",
      "status": "pass",
      "objects": null
    },
    {
      "object_kind": "var",
      "config_addr": "module.aci.module.aci_match_rule.var.prefixes",
      "status": "pass",
      "objects": null
    },
    {
      "object_kind": "var",
      "config_addr": "module.aci.module.aci_access_spine_interface_profile_manual.var.name",
      "status": "pass",
      "objects": null
    },
    {
      "object_kind": "var",
      "config_addr": "module.aci.module.aci_endpoint_loop_protection.var.detection_interval",
      "status": "pass",
      "objects": null
    },
    {
      "object_kind": "var",
      "config_addr": "module.aci.module.aci_vrf.var.contract_imported_consumers",
      "status": "unknown",
      "objects": [
        {
          "object_addr": "module.aci.module.aci_vrf[\"tf-vms-1/vrf\"].var.contract_imported_consumers",
          "status": "unknown"
        }
      ]
    },
    {
      "object_kind": "var",
      "config_addr": "module.aci.module.aci_vrf.var.contract_consumers",
      "status": "unknown",
      "objects": [
        {
          "object_addr": "module.aci.module.aci_vrf[\"tf-vms-1/vrf\"].var.contract_consumers",
          "status": "unknown"
        }
      ]
    },
    {
      "object_kind": "var",
      "config_addr": "module.aci.module.aci_physical_domain.var.security_domains",
      "status": "unknown",
      "objects": [
        {
          "object_addr": "module.aci.module.aci_physical_domain[\"ocp_sr_iov-secondary\"].var.security_domains",
          "status": "unknown"
        }
      ]
    },
    {
      "object_kind": "var",
      "config_addr": "module.aci.module.aci_sr_mpls_l3out.var.export_route_map_type",
      "status": "pass",
      "objects": null
    },
    {
      "object_kind": "var",
      "config_addr": "module.aci.module.aci_access_spine_switch_profile_manual.var.selectors",
      "status": "pass",
      "objects": null
    },
    {
      "object_kind": "var",
      "config_addr": "module.aci.module.aci_set_rule.var.external_endpoint_group",
      "status": "pass",
      "objects": null
    },
    {
      "object_kind": "var",
      "config_addr": "module.aci.module.aci_bgp_address_family_context_policy.var.local_max_ecmp",
      "status": "pass",
      "objects": null
    },
    {
      "object_kind": "var",
      "config_addr": "module.aci.module.aci_interface_type.var.port",
      "status": "pass",
      "objects": null
    },
    {
      "object_kind": "var",
      "config_addr": "module.aci.module.aci_link_level_policy.var.fec_mode",
      "status": "pass",
      "objects": null
    },
    {
      "object_kind": "var",
      "config_addr": "module.aci.module.aci_endpoint_group.var.contract_consumers",
      "status": "unknown",
      "objects": [
        {
          "object_addr": "module.aci.module.aci_endpoint_group[\"tf-vms-1/vms-2/vlan-3714\"].var.contract_consumers",
          "status": "unknown"
        },
        {
          "object_addr": "module.aci.module.aci_endpoint_group[\"tf-vms-1/vms-2/vlan-3715\"].var.contract_consumers",
          "status": "unknown"
        },
        {
          "object_addr": "module.aci.module.aci_endpoint_group[\"tf-vms-1/vms-1/vlan-3710\"].var.contract_consumers",
          "status": "unknown"
        },
        {
          "object_addr": "module.aci.module.aci_endpoint_group[\"tf-vms-1/vms-1/vlan-3711\"].var.contract_consumers",
          "status": "unknown"
        },
        {
          "object_addr": "module.aci.module.aci_endpoint_group[\"tf-vms-1/vms-1/vlan-3712\"].var.contract_consumers",
          "status": "unknown"
        },
        {
          "object_addr": "module.aci.module.aci_endpoint_group[\"tf-vms-1/vms-2/vlan-3713\"].var.contract_consumers",
          "status": "unknown"
        }
      ]
    },
    {
      "object_kind": "var",
      "config_addr": "module.aci.module.aci_sr_mpls_external_endpoint_group.var.tenant",
      "status": "pass",
      "objects": null
    },
    {
      "object_kind": "var",
      "config_addr": "module.aci.module.aci_bfd_ipv6_policy.var.slow_timer_interval",
      "status": "pass",
      "objects": null
    },
    {
      "object_kind": "var",
      "config_addr": "module.aci.module.aci_endpoint_security_group.var.esg_contract_masters",
      "status": "pass",
      "objects": null
    },
    {
      "object_kind": "var",
      "config_addr": "module.aci.module.aci_spine_fabric_interface_configuration.var.role",
      "status": "pass",
      "objects": null
    },
    {
      "object_kind": "var",
      "config_addr": "module.aci.module.aci_external_connectivity_policy.var.fabric_id",
      "status": "pass",
      "objects": null
    },
    {
      "object_kind": "var",
      "config_addr": "module.aci.module.aci_access_span_destination_group.var.channel",
      "status": "pass",
      "objects": null
    },
    {
      "object_kind": "var",
      "config_addr": "module.aci.module.aci_access_span_source_group.var.name",
      "status": "pass",
      "objects": null
    },
    {
      "object_kind": "var",
      "config_addr": "module.aci.module.aci_useg_endpoint_group.var.application_profile",
      "status": "pass",
      "objects": null
    },
    {
      "object_kind": "var",
      "config_addr": "module.aci.module.aci_port_tracking.var.min_links",
      "status": "pass",
      "objects": null
    },
    {
      "object_kind": "var",
      "config_addr": "module.aci.module.aci_l4l7_device.var.context_aware",
      "status": "pass",
      "objects": null
    },
    {
      "object_kind": "var",
      "config_addr": "module.aci.module.aci_track_list.var.tenant",
      "status": "pass",
      "objects": null
    },
    {
      "object_kind": "var",
      "config_addr": "module.aci.module.aci_inband_endpoint_group.var.contract_providers",
      "status": "pass",
      "objects": null
    },
    {
      "object_kind": "var",
      "config_addr": "module.aci.module.aci_redirect_backup_policy.var.description",
      "status": "pass",
      "objects": null
    },
    {
      "object_kind": "var",
      "config_addr": "module.aci.module.aci_access_leaf_interface_policy_group.var.storm_control_policy",
      "status": "pass",
      "objects": null
    },
    {
      "object_kind": "var",
      "config_addr": "module.aci.module.aci_l3out_node_profile_manual.var.bfd_multihop_node_policy",
      "status": "pass",
      "objects": null
    },
    {
      "object_kind": "var",
      "config_addr": "module.aci.module.aci_sr_mpls_l3out.var.export_route_map_description",
      "status": "pass",
      "objects": null
    },
    {
      "object_kind": "var",
      "config_addr": "module.aci.module.aci_tenant_span_destination_group.var.destination_endpoint_group",
      "status": "pass",
      "objects": null
    },
    {
      "object_kind": "var",
      "config_addr": "module.aci.module.aci_fabric_leaf_switch_configuration.var.access_policy_group",
      "status": "pass",
      "objects": null
    },
    {
      "object_kind": "var",
      "config_addr": "module.aci.module.aci_set_rule.var.external_endpoint_group_tenant",
      "status": "pass",
      "objects": null
    },
    {
      "object_kind": "var",
      "config_addr": "module.aci.module.aci_nd_ra_prefix_policy.var.valid_lifetime",
      "status": "pass",
      "objects": null
    },
    {
      "object_kind": "var",
      "config_addr": "module.aci.module.aci_tenant_span_destination_group.var.span_version",
      "status": "pass",
      "objects": null
    },
    {
      "object_kind": "var",
      "config_addr": "module.aci.module.aci_vspan_destination_group.var.description",
      "status": "pass",
      "objects": null
    },
    {
      "object_kind": "var",
      "config_addr": "module.aci.module.aci_config_export.var.name",
      "status": "pass",
      "objects": null
    },
    {
      "object_kind": "var",
      "config_addr": "module.aci.module.aci_routed_domain.var.vlan_pool_allocation",
      "status": "unknown",
      "objects": [
        {
          "object_addr": "module.aci.module.aci_routed_domain[\"ocp_sr_iov-secondary\"].var.vlan_pool_allocation",
          "status": "unknown"
        }
      ]
    },
    {
      "object_kind": "var",
      "config_addr": "module.aci.module.aci_remote_location.var.mgmt_epg_type",
      "status": "pass",
      "objects": null
    },
    {
      "object_kind": "var",
      "config_addr": "module.aci.module.aci_track_member.var.scope_type",
      "status": "pass",
      "objects": null
    },
    {
      "object_kind": "var",
      "config_addr": "module.aci.module.aci_bfd_ipv4_policy.var.detection_multiplier",
      "status": "pass",
      "objects": null
    },
    {
      "object_kind": "var",
      "config_addr": "module.aci.module.aci_useg_endpoint_group.var.ip_statements",
      "status": "pass",
      "objects": null
    },
    {
      "object_kind": "var",
      "config_addr": "module.aci.module.aci_eigrp_interface_policy.var.hello_interval",
      "status": "pass",
      "objects": null
    },
    {
      "object_kind": "var",
      "config_addr": "module.aci.module.aci_sr_mpls_l3out_interface_profile_manual.var.transport_data_plane",
      "status": "pass",
      "objects": null
    },
    {
      "object_kind": "var",
      "config_addr": "module.aci.module.aci_access_spine_interface_selector_auto.var.interface_profile",
      "status": "pass",
      "objects": null
    },
    {
      "object_kind": "var",
      "config_addr": "module.aci.module.aci_igmp_snooping_policy.var.start_query_count",
      "status": "pass",
      "objects": null
    },
    {
      "object_kind": "var",
      "config_addr": "module.aci.module.aci_access_spine_interface_selector_manual.var.port_blocks",
      "status": "pass",
      "objects": null
    },
    {
      "object_kind": "var",
      "config_addr": "module.aci.module.aci_nd_interface_policy.var.description",
      "status": "pass",
      "objects": null
    },
    {
      "object_kind": "var",
      "config_addr": "module.aci.module.aci_access_leaf_interface_selector_sub_auto.var.interface_profile",
      "status": "pass",
      "objects": null
    },
    {
      "object_kind": "var",
      "config_addr": "module.aci.module.aci_l3out.var.dampening_ipv6_route_map",
      "status": "pass",
      "objects": null
    },
    {
      "object_kind": "var",
      "config_addr": "module.aci.module.aci_bgp_peer_prefix_policy.var.tenant",
      "status": "pass",
      "objects": null
    },
    {
      "object_kind": "var",
      "config_addr": "module.aci.module.aci_maintenance_group.var.node_ids",
      "status": "pass",
      "objects": null
    },
    {
      "object_kind": "var",
      "config_addr": "module.aci.module.aci_route_control_route_map.var.tenant",
      "status": "pass",
      "objects": null
    },
    {
      "object_kind": "var",
      "config_addr": "module.aci.module.aci_l3out_interface_profile_manual.var.eigrp_interface_policy",
      "status": "pass",
      "objects": null
    },
    {
      "object_kind": "var",
      "config_addr": "module.aci.module.aci_radius.var.hostname_ip",
      "status": "pass",
      "objects": null
    },
    {
      "object_kind": "var",
      "config_addr": "module.aci.module.aci_aaa.var.web_token_max_validity",
      "status": "pass",
      "objects": null
    },
    {
      "object_kind": "var",
      "config_addr": "module.aci.module.aci_access_leaf_switch_policy_group.var.name",
      "status": "pass",
      "objects": null
    },
    {
      "object_kind": "var",
      "config_addr": "module.aci.module.aci_l3out_node_profile_auto.var.bgp_peers",
      "status": "pass",
      "objects": null
    },
    {
      "object_kind": "var",
      "config_addr": "module.aci.module.aci_bfd_interface_policy.var.tenant",
      "status": "pass",
      "objects": null
    },
    {
      "object_kind": "var",
      "config_addr": "module.aci.module.aci_ptp_profile.var.announce_interval",
      "status": "pass",
      "objects": null
    },
    {
      "object_kind": "var",
      "config_addr": "module.aci.module.aci_redirect_policy.var.l3_destinations",
      "status": "pass",
      "objects": null
    },
    {
      "object_kind": "var",
      "config_addr": "module.aci.module.aci_infra_dscp_translation_policy.var.level_5",
      "status": "pass",
      "objects": null
    },
    {
      "object_kind": "var",
      "config_addr": "module.aci.module.aci_useg_endpoint_group.var.mac_statements",
      "status": "pass",
      "objects": null
    },
    {
      "object_kind": "var",
      "config_addr": "module.aci.module.aci_firmware_group.var.node_ids",
      "status": "pass",
      "objects": null
    },
    {
      "object_kind": "var",
      "config_addr": "module.aci.module.aci_vrf.var.bgp_timer_policy",
      "status": "unknown",
      "objects": [
        {
          "object_addr": "module.aci.module.aci_vrf[\"tf-vms-1/vrf\"].var.bgp_timer_policy",
          "status": "unknown"
        }
      ]
    },
    {
      "object_kind": "var",
      "config_addr": "module.aci.module.aci_bgp_peer_prefix_policy.var.restart_time",
      "status": "pass",
      "objects": null
    },
    {
      "object_kind": "var",
      "config_addr": "module.aci.module.aci_access_leaf_switch_configuration.var.role",
      "status": "pass",
      "objects": null
    },
    {
      "object_kind": "var",
      "config_addr": "module.aci.module.aci_keyring.var.name",
      "status": "pass",
      "objects": null
    },
    {
      "object_kind": "var",
      "config_addr": "module.aci.module.aci_sr_mpls_l3out.var.import_route_map_name",
      "status": "pass",
      "objects": null
    },
    {
      "object_kind": "var",
      "config_addr": "module.aci.module.aci_l3out.var.eigrp_asn",
      "status": "pass",
      "objects": null
    },
    {
      "object_kind": "var",
      "config_addr": "module.aci.module.aci_access_fex_interface_selector_manual.var.name",
      "status": "pass",
      "objects": null
    },
    {
      "object_kind": "var",
      "config_addr": "module.aci.module.aci_leaf_interface_configuration.var.fex_id",
      "status": "pass",
      "objects": null
    },
    {
      "object_kind": "var",
      "config_addr": "module.aci.module.aci_storm_control_policy.var.alias",
      "status": "pass",
      "objects": null
    },
    {
      "object_kind": "var",
      "config_addr": "module.aci.module.aci_endpoint_group.var.l4l7_virtual_ips",
      "status": "unknown",
      "objects": [
        {
          "object_addr": "module.aci.module.aci_endpoint_group[\"tf-vms-1/vms-1/vlan-3711\"].var.l4l7_virtual_ips",
          "status": "unknown"
        },
        {
          "object_addr": "module.aci.module.aci_endpoint_group[\"tf-vms-1/vms-1/vlan-3712\"].var.l4l7_virtual_ips",
          "status": "unknown"
        },
        {
          "object_addr": "module.aci.module.aci_endpoint_group[\"tf-vms-1/vms-2/vlan-3713\"].var.l4l7_virtual_ips",
          "status": "unknown"
        },
        {
          "object_addr": "module.aci.module.aci_endpoint_group[\"tf-vms-1/vms-2/vlan-3714\"].var.l4l7_virtual_ips",
          "status": "unknown"
        },
        {
          "object_addr": "module.aci.module.aci_endpoint_group[\"tf-vms-1/vms-2/vlan-3715\"].var.l4l7_virtual_ips",
          "status": "unknown"
        },
        {
          "object_addr": "module.aci.module.aci_endpoint_group[\"tf-vms-1/vms-1/vlan-3710\"].var.l4l7_virtual_ips",
          "status": "unknown"
        }
      ]
    },
    {
      "object_kind": "var",
      "config_addr": "module.aci.module.aci_imported_contract.var.source_tenant",
      "status": "pass",
      "objects": null
    },
    {
      "object_kind": "var",
      "config_addr": "module.aci.module.aci_l3out_interface_profile_auto.var.ospf_authentication_key_id",
      "status": "pass",
      "objects": null
    },
    {
      "object_kind": "var",
      "config_addr": "module.aci.module.aci_filter.var.tenant",
      "status": "pass",
      "objects": null
    },
    {
      "object_kind": "var",
      "config_addr": "module.aci.module.aci_fabric_pod_profile_manual.var.selectors",
      "status": "pass",
      "objects": null
    },
    {
      "object_kind": "var",
      "config_addr": "module.aci.module.aci_sr_mpls_external_endpoint_group.var.subnets",
      "status": "pass",
      "objects": null
    },
    {
      "object_kind": "var",
      "config_addr": "module.aci.module.aci_endpoint_group.var.custom_qos_policy",
      "status": "unknown",
      "objects": [
        {
          "object_addr": "module.aci.module.aci_endpoint_group[\"tf-vms-1/vms-2/vlan-3715\"].var.custom_qos_policy",
          "status": "unknown"
        },
        {
          "object_addr": "module.aci.module.aci_endpoint_group[\"tf-vms-1/vms-1/vlan-3710\"].var.custom_qos_policy",
          "status": "unknown"
        },
        {
          "object_addr": "module.aci.module.aci_endpoint_group[\"tf-vms-1/vms-1/vlan-3711\"].var.custom_qos_policy",
          "status": "unknown"
        },
        {
          "object_addr": "module.aci.module.aci_endpoint_group[\"tf-vms-1/vms-1/vlan-3712\"].var.custom_qos_policy",
          "status": "unknown"
        },
        {
          "object_addr": "module.aci.module.aci_endpoint_group[\"tf-vms-1/vms-2/vlan-3713\"].var.custom_qos_policy",
          "status": "unknown"
        },
        {
          "object_addr": "module.aci.module.aci_endpoint_group[\"tf-vms-1/vms-2/vlan-3714\"].var.custom_qos_policy",
          "status": "unknown"
        }
      ]
    },
    {
      "object_kind": "var",
      "config_addr": "module.aci.module.aci_l3out.var.target_dscp",
      "status": "pass",
      "objects": null
    },
    {
      "object_kind": "var",
      "config_addr": "module.aci.module.aci_sr_mpls_l3out_interface_profile_manual.var.eigrp_interface_policy",
      "status": "pass",
      "objects": null
    },
    {
      "object_kind": "var",
      "config_addr": "module.aci.module.aci_pim_policy.var.designated_router_delay",
      "status": "pass",
      "objects": null
    },
    {
      "object_kind": "var",
      "config_addr": "module.aci.module.aci_l3out.var.export_route_map_name",
      "status": "pass",
      "objects": null
    },
    {
      "object_kind": "var",
      "config_addr": "module.aci.module.aci_node_registration.var.node_id",
      "status": "pass",
      "objects": null
    },
    {
      "object_kind": "var",
      "config_addr": "module.aci.module.aci_application_profile.var.description",
      "status": "pass",
      "objects": [
        {
          "object_addr": "module.aci.module.aci_application_profile[\"tf-vms-1/vms-2\"].var.description",
          "status": "pass"
        },
        {
          "object_addr": "module.aci.module.aci_application_profile[\"tf-vms-1/vms-1\"].var.description",
          "status": "pass"
        }
      ]
    },
    {
      "object_kind": "var",
      "config_addr": "module.aci.module.aci_spine_fabric_interface_configuration.var.policy_group",
      "status": "pass",
      "objects": null
    },
    {
      "object_kind": "var",
      "config_addr": "module.aci.module.aci_access_spine_interface_selector_auto.var.port_blocks",
      "status": "pass",
      "objects": null
    },
    {
      "object_kind": "var",
      "config_addr": "module.aci.module.aci_user.var.password",
      "status": "pass",
      "objects": null
    },
    {
      "object_kind": "var",
      "config_addr": "module.aci.module.aci_dhcp_option_policy.var.description",
      "status": "pass",
      "objects": null
    },
    {
      "object_kind": "var",
      "config_addr": "module.aci.module.aci_access_spine_switch_configuration.var.role",
      "status": "pass",
      "objects": null
    },
    {
      "object_kind": "var",
      "config_addr": "module.aci.module.aci_access_leaf_interface_policy_group.var.spanning_tree_policy",
      "status": "pass",
      "objects": null
    },
    {
      "object_kind": "var",
      "config_addr": "module.aci.module.aci_set_rule.var.preference",
      "status": "pass",
      "objects": null
    },
    {
      "object_kind": "var",
      "config_addr": "module.aci.module.aci_fabric_leaf_interface_profile_auto.var.name",
      "status": "pass",
      "objects": null
    },
    {
      "object_kind": "var",
      "config_addr": "module.aci.module.aci_nd_interface_policy.var.retransmit_retry_count",
      "status": "pass",
      "objects": null
    },
    {
      "object_kind": "var",
      "config_addr": "module.aci.module.aci_bgp_address_family_context_policy.var.ebgp_distance",
      "status": "pass",
      "objects": null
    },
    {
      "object_kind": "var",
      "config_addr": "module.aci.module.aci_bgp_policy.var.fabric_bgp_as",
      "status": "pass",
      "objects": null
    },
    {
      "object_kind": "var",
      "config_addr": "module.aci.module.aci_endpoint_security_group.var.contract_imported_consumers",
      "status": "pass",
      "objects": null
    },
    {
      "object_kind": "var",
      "config_addr": "module.aci.module.aci_sr_mpls_l3out.var.dampening_ipv6_route_map",
      "status": "pass",
      "objects": null
    },
    {
      "object_kind": "var",
      "config_addr": "module.aci.module.aci_management_access_policy.var.telnet_port",
      "status": "pass",
      "objects": null
    },
    {
      "object_kind": "var",
      "config_addr": "module.aci.module.aci_vrf.var.ospf_ipv6_address_family_context_policy",
      "status": "unknown",
      "objects": [
        {
          "object_addr": "module.aci.module.aci_vrf[\"tf-vms-1/vrf\"].var.ospf_ipv6_address_family_context_policy",
          "status": "unknown"
        }
      ]
    },
    {
      "object_kind": "var",
      "config_addr": "module.aci.module.aci_tenant_span_source_group.var.name",
      "status": "pass",
      "objects": null
    },
    {
      "object_kind": "var",
      "config_addr": "module.aci.module.aci_lldp_policy.var.name",
      "status": "pass",
      "objects": null
    },
    {
      "object_kind": "var",
      "config_addr": "module.aci.module.aci_qos_policy.var.alias",
      "status": "pass",
      "objects": null
    },
    {
      "object_kind": "var",
      "config_addr": "module.aci.module.aci_l3out_node_profile_manual.var.tenant",
      "status": "pass",
      "objects": null
    },
    {
      "object_kind": "var",
      "config_addr": "module.aci.module.aci_l3out_interface_profile_auto.var.l3out",
      "status": "pass",
      "objects": null
    },
    {
      "object_kind": "var",
      "config_addr": "module.aci.module.aci_vrf.var.ospf_ipv4_address_family_context_policy",
      "status": "unknown",
      "objects": [
        {
          "object_addr": "module.aci.module.aci_vrf[\"tf-vms-1/vrf\"].var.ospf_ipv4_address_family_context_policy",
          "status": "unknown"
        }
      ]
    },
    {
      "object_kind": "var",
      "config_addr": "module.aci.module.aci_track_list.var.description",
      "status": "pass",
      "objects": null
    },
    {
      "object_kind": "var",
      "config_addr": "module.aci.module.aci_ospf_timer_policy.var.reference_bandwidth",
      "status": "pass",
      "objects": null
    },
    {
      "object_kind": "var",
      "config_addr": "module.aci.module.aci_storm_control_policy.var.multicast_burst_pps",
      "status": "pass",
      "objects": null
    },
    {
      "object_kind": "var",
      "config_addr": "module.aci.module.aci_vrf.var.pim_auto_rp_filter_multicast_route_map",
      "status": "unknown",
      "objects": [
        {
          "object_addr": "module.aci.module.aci_vrf[\"tf-vms-1/vrf\"].var.pim_auto_rp_filter_multicast_route_map",
          "status": "unknown"
        }
      ]
    },
    {
      "object_kind": "var",
      "config_addr": "module.aci.module.aci_coop_policy.var.coop_group_policy",
      "status": "pass",
      "objects": null
    },
    {
      "object_kind": "var",
      "config_addr": "module.aci.module.aci_pim_policy.var.designated_router_priority",
      "status": "pass",
      "objects": null
    },
    {
      "object_kind": "var",
      "config_addr": "module.aci.module.aci_access_leaf_interface_policy_group.var.l2_policy",
      "status": "pass",
      "objects": null
    },
    {
      "object_kind": "var",
      "config_addr": "module.aci.module.aci_ptp.var.delay_interval",
      "status": "pass",
      "objects": null
    },
    {
      "object_kind": "var",
      "config_addr": "module.aci.module.aci_access_leaf_interface_selector_sub_auto.var.fex_id",
      "status": "pass",
      "objects": null
    },
    {
      "object_kind": "var",
      "config_addr": "module.aci.module.aci_vrf.var.contract_providers",
      "status": "unknown",
      "objects": [
        {
          "object_addr": "module.aci.module.aci_vrf[\"tf-vms-1/vrf\"].var.contract_providers",
          "status": "unknown"
        }
      ]
    },
    {
      "object_kind": "var",
      "config_addr": "module.aci.module.aci_storm_control_policy.var.multicast_burst_rate",
      "status": "pass",
      "objects": null
    },
    {
      "object_kind": "var",
      "config_addr": "module.aci.module.aci_external_endpoint_group.var.contract_providers",
      "status": "pass",
      "objects": null
    },
    {
      "object_kind": "var",
      "config_addr": "module.aci.module.aci_aaa.var.password_change_count",
      "status": "pass",
      "objects": null
    },
    {
      "object_kind": "var",
      "config_addr": "module.aci.module.aci_endpoint_security_group.var.vrf",
      "status": "pass",
      "objects": null
    },
    {
      "object_kind": "var",
      "config_addr": "module.aci.module.aci_snmp_trap_policy.var.name",
      "status": "pass",
      "objects": null
    },
    {
      "object_kind": "var",
      "config_addr": "module.aci.module.aci_l3out_interface_profile_auto.var.ospf_interface_policy",
      "status": "pass",
      "objects": null
    },
    {
      "object_kind": "var",
      "config_addr": "module.aci.module.aci_endpoint_group.var.alias",
      "status": "pass",
      "objects": [
        {
          "object_addr": "module.aci.module.aci_endpoint_group[\"tf-vms-1/vms-1/vlan-3712\"].var.alias",
          "status": "pass"
        },
        {
          "object_addr": "module.aci.module.aci_endpoint_group[\"tf-vms-1/vms-2/vlan-3713\"].var.alias",
          "status": "pass"
        },
        {
          "object_addr": "module.aci.module.aci_endpoint_group[\"tf-vms-1/vms-2/vlan-3714\"].var.alias",
          "status": "pass"
        },
        {
          "object_addr": "module.aci.module.aci_endpoint_group[\"tf-vms-1/vms-2/vlan-3715\"].var.alias",
          "status": "pass"
        },
        {
          "object_addr": "module.aci.module.aci_endpoint_group[\"tf-vms-1/vms-1/vlan-3710\"].var.alias",
          "status": "pass"
        },
        {
          "object_addr": "module.aci.module.aci_endpoint_group[\"tf-vms-1/vms-1/vlan-3711\"].var.alias",
          "status": "pass"
        }
      ]
    },
    {
      "object_kind": "var",
      "config_addr": "module.aci.module.aci_bgp_peer_prefix_policy.var.max_prefixes",
      "status": "pass",
      "objects": null
    },
    {
      "object_kind": "var",
      "config_addr": "module.aci.module.aci_infra_dscp_translation_policy.var.level_2",
      "status": "pass",
      "objects": null
    },
    {
      "object_kind": "var",
      "config_addr": "module.aci.module.aci_storm_control_policy.var.burst_rate",
      "status": "pass",
      "objects": null
    },
    {
      "object_kind": "var",
      "config_addr": "module.aci.module.aci_application_profile.var.tenant",
      "status": "pass",
      "objects": [
        {
          "object_addr": "module.aci.module.aci_application_profile[\"tf-vms-1/vms-1\"].var.tenant",
          "status": "pass"
        },
        {
          "object_addr": "module.aci.module.aci_application_profile[\"tf-vms-1/vms-2\"].var.tenant",
          "status": "pass"
        }
      ]
    },
    {
      "object_kind": "var",
      "config_addr": "module.aci.module.aci_ca_certificate.var.description",
      "status": "pass",
      "objects": null
    },
    {
      "object_kind": "var",
      "config_addr": "module.aci.module.aci_sr_mpls_l3out_interface_profile_manual.var.ospf_interface_profile_name",
      "status": "pass",
      "objects": null
    },
    {
      "object_kind": "var",
      "config_addr": "module.aci.module.aci_useg_endpoint_group.var.qos_class",
      "status": "pass",
      "objects": null
    },
    {
      "object_kind": "var",
      "config_addr": "module.aci.module.aci_device_selection_policy.var.consumer_custom_qos_policy",
      "status": "pass",
      "objects": null
    },
    {
      "object_kind": "var",
      "config_addr": "module.aci.module.aci_access_spine_interface_profile_auto.var.name",
      "status": "pass",
      "objects": null
    },
    {
      "object_kind": "var",
      "config_addr": "module.aci.module.aci_route_tag_policy.var.tag",
      "status": "pass",
      "objects": null
    },
    {
      "object_kind": "var",
      "config_addr": "module.aci.module.aci_infra_dscp_translation_policy.var.level_3",
      "status": "pass",
      "objects": null
    },
    {
      "object_kind": "var",
      "config_addr": "module.aci.module.aci_fabric_spine_switch_configuration.var.role",
      "status": "pass",
      "objects": null
    },
    {
      "object_kind": "var",
      "config_addr": "module.aci.module.aci_access_leaf_switch_policy_group.var.bfd_ipv6_policy",
      "status": "pass",
      "objects": null
    },
    {
      "object_kind": "var",
      "config_addr": "module.aci.module.aci_user.var.status",
      "status": "pass",
      "objects": null
    },
    {
      "object_kind": "var",
      "config_addr": "module.aci.module.aci_snmp_policy.var.name",
      "status": "pass",
      "objects": null
    },
    {
      "object_kind": "var",
      "config_addr": "module.aci.module.aci_snmp_policy.var.clients",
      "status": "pass",
      "objects": null
    },
    {
      "object_kind": "var",
      "config_addr": "module.aci.module.aci_pim_policy.var.join_prune_filter_policy_out",
      "status": "pass",
      "objects": null
    },
    {
      "object_kind": "var",
      "config_addr": "module.aci.module.aci_aaa.var.password_class_flags",
      "status": "pass",
      "objects": null
    },
    {
      "object_kind": "var",
      "config_addr": "module.aci.module.aci_bgp_timer_policy.var.tenant",
      "status": "pass",
      "objects": null
    },
    {
      "object_kind": "var",
      "config_addr": "module.aci.module.aci_bridge_domain.var.unknown_unicast",
      "status": "pass",
      "objects": [
        {
          "object_addr": "module.aci.module.aci_bridge_domain[\"tf-vms-1/10.1.204.0_24\"].var.unknown_unicast",
          "status": "pass"
        },
        {
          "object_addr": "module.aci.module.aci_bridge_domain[\"tf-vms-1/10.1.200.0_24\"].var.unknown_unicast",
          "status": "pass"
        },
        {
          "object_addr": "module.aci.module.aci_bridge_domain[\"tf-vms-1/10.1.201.0_24\"].var.unknown_unicast",
          "status": "pass"
        },
        {
          "object_addr": "module.aci.module.aci_bridge_domain[\"tf-vms-1/10.1.202.0_24\"].var.unknown_unicast",
          "status": "pass"
        },
        {
          "object_addr": "module.aci.module.aci_bridge_domain[\"tf-vms-1/10.1.203.0_24\"].var.unknown_unicast",
          "status": "pass"
        }
      ]
    },
    {
      "object_kind": "var",
      "config_addr": "module.aci.module.aci_bfd_multihop_node_policy.var.detection_multiplier",
      "status": "pass",
      "objects": null
    },
    {
      "object_kind": "var",
      "config_addr": "module.aci.module.aci_igmp_snooping_policy.var.last_member_query_interval",
      "status": "pass",
      "objects": null
    },
    {
      "object_kind": "var",
      "config_addr": "module.aci.module.aci_spine_interface_configuration.var.fex_id",
      "status": "pass",
      "objects": null
    },
    {
      "object_kind": "var",
      "config_addr": "module.aci.module.aci_vrf.var.enforcement_direction",
      "status": "pass",
      "objects": [
        {
          "object_addr": "module.aci.module.aci_vrf[\"tf-vms-1/vrf\"].var.enforcement_direction",
          "status": "pass"
        }
      ]
    },
    {
      "object_kind": "var",
      "config_addr": "module.aci.module.aci_l3out_interface_profile_auto.var.interfaces",
      "status": "pass",
      "objects": null
    },
    {
      "object_kind": "var",
      "config_addr": "module.aci.module.aci_l2_policy.var.qinq",
      "status": "pass",
      "objects": null
    },
    {
      "object_kind": "var",
      "config_addr": "module.aci.module.aci_tacacs.var.description",
      "status": "pass",
      "objects": null
    },
    {
      "object_kind": "var",
      "config_addr": "module.aci.module.aci_access_leaf_switch_configuration.var.node_id",
      "status": "pass",
      "objects": null
    },
    {
      "object_kind": "var",
      "config_addr": "module.aci.module.aci_aaep.var.physical_domains",
      "status": "unknown",
      "objects": [
        {
          "object_addr": "module.aci.module.aci_aaep[\"ocp_sr_iov_secondary_interfaces\"].var.physical_domains",
          "status": "unknown"
        }
      ]
    },
    {
      "object_kind": "var",
      "config_addr": "module.aci.module.aci_access_leaf_switch_policy_group.var.forwarding_scale_policy",
      "status": "pass",
      "objects": null
    },
    {
      "object_kind": "var",
      "config_addr": "module.aci.module.aci_infra_dscp_translation_policy.var.level_4",
      "status": "pass",
      "objects": null
    },
    {
      "object_kind": "var",
      "config_addr": "module.aci.module.aci_redirect_backup_policy.var.tenant",
      "status": "pass",
      "objects": null
    },
    {
      "object_kind": "var",
      "config_addr": "module.aci.module.aci_device_selection_policy.var.provider_bridge_domain_tenant",
      "status": "pass",
      "objects": null
    },
    {
      "object_kind": "var",
      "config_addr": "module.aci.module.aci_bfd_interface_policy.var.echo_rx_interval",
      "status": "pass",
      "objects": null
    },
    {
      "object_kind": "var",
      "config_addr": "module.aci.module.aci_remote_location.var.auth_type",
      "status": "pass",
      "objects": null
    },
    {
      "object_kind": "var",
      "config_addr": "module.aci.module.aci_aaa.var.login_block_duration",
      "status": "pass",
      "objects": null
    },
    {
      "object_kind": "var",
      "config_addr": "module.aci.module.aci_fabric_pod_profile_manual.var.name",
      "status": "pass",
      "objects": null
    },
    {
      "object_kind": "var",
      "config_addr": "module.aci.module.aci_service_graph_template.var.alias",
      "status": "pass",
      "objects": null
    },
    {
      "object_kind": "var",
      "config_addr": "module.aci.module.aci_endpoint_group.var.trust_control_policy",
      "status": "unknown",
      "objects": [
        {
          "object_addr": "module.aci.module.aci_endpoint_group[\"tf-vms-1/vms-2/vlan-3715\"].var.trust_control_policy",
          "status": "unknown"
        },
        {
          "object_addr": "module.aci.module.aci_endpoint_group[\"tf-vms-1/vms-1/vlan-3710\"].var.trust_control_policy",
          "status": "unknown"
        },
        {
          "object_addr": "module.aci.module.aci_endpoint_group[\"tf-vms-1/vms-1/vlan-3711\"].var.trust_control_policy",
          "status": "unknown"
        },
        {
          "object_addr": "module.aci.module.aci_endpoint_group[\"tf-vms-1/vms-1/vlan-3712\"].var.trust_control_policy",
          "status": "unknown"
        },
        {
          "object_addr": "module.aci.module.aci_endpoint_group[\"tf-vms-1/vms-2/vlan-3713\"].var.trust_control_policy",
          "status": "unknown"
        },
        {
          "object_addr": "module.aci.module.aci_endpoint_group[\"tf-vms-1/vms-2/vlan-3714\"].var.trust_control_policy",
          "status": "unknown"
        }
      ]
    },
    {
      "object_kind": "var",
      "config_addr": "module.aci.module.aci_qos_policy.var.dot1p_classifiers",
      "status": "pass",
      "objects": null
    },
    {
      "object_kind": "var",
      "config_addr": "module.aci.module.aci_sr_mpls_l3out_node_profile_manual.var.mpls_custom_qos_policy",
      "status": "pass",
      "objects": null
    },
    {
      "object_kind": "var",
      "config_addr": "module.aci.module.aci_dhcp_relay_policy.var.description",
      "status": "pass",
      "objects": null
    },
    {
      "object_kind": "var",
      "config_addr": "module.aci.module.aci_ldap.var.group_maps",
      "status": "unknown",
      "objects": [
        {
          "object_addr": "module.aci.module.aci_ldap.var.group_maps",
          "status": "unknown"
        }
      ]
    },
    {
      "object_kind": "var",
      "config_addr": "module.aci.module.aci_contract.var.subjects",
      "status": "pass",
      "objects": null
    },
    {
      "object_kind": "var",
      "config_addr": "module.aci.module.aci_ptp.var.announce_interval",
      "status": "pass",
      "objects": null
    },
    {
      "object_kind": "var",
      "config_addr": "module.aci.module.aci_ospf_timer_policy.var.lsa_group_pacing_interval",
      "status": "pass",
      "objects": null
    },
    {
      "object_kind": "var",
      "config_addr": "module.aci.module.aci_storm_control_policy.var.rate",
      "status": "pass",
      "objects": null
    },
    {
      "object_kind": "var",
      "config_addr": "module.aci.module.aci_access_leaf_interface_policy_group.var.port_channel_policy",
      "status": "pass",
      "objects": null
    },
    {
      "object_kind": "var",
      "config_addr": "module.aci.module.aci_device_selection_policy.var.service_graph_template",
      "status": "pass",
      "objects": null
    },
    {
      "object_kind": "var",
      "config_addr": "module.aci.module.aci_access_spine_interface_selector_manual.var.name",
      "status": "pass",
      "objects": null
    },
    {
      "object_kind": "var",
      "config_addr": "module.aci.module.aci_l3out_interface_profile_manual.var.node_profile",
      "status": "pass",
      "objects": null
    },
    {
      "object_kind": "var",
      "config_addr": "module.aci.module.aci_endpoint_group.var.contract_imported_consumers",
      "status": "unknown",
      "objects": [
        {
          "object_addr": "module.aci.module.aci_endpoint_group[\"tf-vms-1/vms-2/vlan-3714\"].var.contract_imported_consumers",
          "status": "unknown"
        },
        {
          "object_addr": "module.aci.module.aci_endpoint_group[\"tf-vms-1/vms-2/vlan-3715\"].var.contract_imported_consumers",
          "status": "unknown"
        },
        {
          "object_addr": "module.aci.module.aci_endpoint_group[\"tf-vms-1/vms-1/vlan-3710\"].var.contract_imported_consumers",
          "status": "unknown"
        },
        {
          "object_addr": "module.aci.module.aci_endpoint_group[\"tf-vms-1/vms-1/vlan-3711\"].var.contract_imported_consumers",
          "status": "unknown"
        },
        {
          "object_addr": "module.aci.module.aci_endpoint_group[\"tf-vms-1/vms-1/vlan-3712\"].var.contract_imported_consumers",
          "status": "unknown"
        },
        {
          "object_addr": "module.aci.module.aci_endpoint_group[\"tf-vms-1/vms-2/vlan-3713\"].var.contract_imported_consumers",
          "status": "unknown"
        }
      ]
    },
    {
      "object_kind": "var",
      "config_addr": "module.aci.module.aci_useg_endpoint_group.var.description",
      "status": "pass",
      "objects": null
    },
    {
      "object_kind": "var",
      "config_addr": "module.aci.module.aci_sr_mpls_l3out.var.eigrp_asn",
      "status": "pass",
      "objects": null
    },
    {
      "object_kind": "var",
      "config_addr": "module.aci.module.aci_ospf_interface_policy.var.lsa_retransmit_interval",
      "status": "pass",
      "objects": null
    },
    {
      "object_kind": "var",
      "config_addr": "module.aci.module.aci_config_export.var.remote_location",
      "status": "pass",
      "objects": null
    },
    {
      "object_kind": "var",
      "config_addr": "module.aci.module.aci_access_leaf_interface_selector_auto.var.fex_id",
      "status": "pass",
      "objects": null
    },
    {
      "object_kind": "var",
      "config_addr": "module.aci.module.aci_syslog_policy.var.name",
      "status": "pass",
      "objects": null
    },
    {
      "object_kind": "var",
      "config_addr": "module.aci.module.aci_sr_mpls_l3out.var.default_route_leak_policy_criteria",
      "status": "pass",
      "objects": null
    },
    {
      "object_kind": "var",
      "config_addr": "module.aci.module.aci_ospf_interface_policy.var.tenant",
      "status": "pass",
      "objects": null
    },
    {
      "object_kind": "var",
      "config_addr": "module.aci.module.aci_spine_interface_configuration.var.module",
      "status": "pass",
      "objects": null
    },
    {
      "object_kind": "var",
      "config_addr": "module.aci.module.aci_rogue_endpoint_control.var.detection_multiplier",
      "status": "pass",
      "objects": null
    },
    {
      "object_kind": "var",
      "config_addr": "module.aci.module.aci_igmp_interface_policy.var.max_mcast_entries",
      "status": "pass",
      "objects": null
    },
    {
      "object_kind": "var",
      "config_addr": "module.aci.module.aci_ospf_timer_policy.var.spf_hold_interval",
      "status": "pass",
      "objects": null
    },
    {
      "object_kind": "var",
      "config_addr": "module.aci.module.aci_imported_l4l7_device.var.tenant",
      "status": "pass",
      "objects": null
    },
    {
      "object_kind": "var",
      "config_addr": "module.aci.module.aci_port_channel_policy.var.name",
      "status": "pass",
      "objects": null
    },
    {
      "object_kind": "var",
      "config_addr": "module.aci.module.aci_l4l7_device.var.vmm_provider",
      "status": "pass",
      "objects": null
    },
    {
      "object_kind": "var",
      "config_addr": "module.aci.module.aci_dhcp_relay_policy.var.providers_",
      "status": "pass",
      "objects": null
    },
    {
      "object_kind": "var",
      "config_addr": "module.aci.module.aci_infra_dhcp_relay_policy.var.providers_",
      "status": "pass",
      "objects": null
    },
    {
      "object_kind": "var",
      "config_addr": "module.aci.module.aci_multicast_route_map.var.tenant",
      "status": "pass",
      "objects": null
    },
    {
      "object_kind": "var",
      "config_addr": "module.aci.module.aci_fabric_spine_switch_configuration.var.node_id",
      "status": "pass",
      "objects": null
    },
    {
      "object_kind": "var",
      "config_addr": "module.aci.module.aci_l3out_interface_profile_manual.var.name",
      "status": "pass",
      "objects": null
    },
    {
      "object_kind": "var",
      "config_addr": "module.aci.module.aci_l3out_node_profile_manual.var.bgp_infra_peers",
      "status": "pass",
      "objects": null
    },
    {
      "object_kind": "var",
      "config_addr": "module.aci.module.aci_port_channel_policy.var.min_links",
      "status": "pass",
      "objects": null
    },
    {
      "object_kind": "var",
      "config_addr": "module.aci.module.aci_endpoint_security_group.var.name",
      "status": "pass",
      "objects": null
    },
    {
      "object_kind": "var",
      "config_addr": "module.aci.module.aci_ptp_profile.var.name",
      "status": "pass",
      "objects": null
    },
    {
      "object_kind": "var",
      "config_addr": "module.aci.module.aci_useg_endpoint_group.var.l4l7_address_pools",
      "status": "pass",
      "objects": null
    },
    {
      "object_kind": "var",
      "config_addr": "module.aci.module.aci_syslog_policy.var.format",
      "status": "pass",
      "objects": null
    },
    {
      "object_kind": "var",
      "config_addr": "module.aci.module.aci_nd_interface_policy.var.name",
      "status": "pass",
      "objects": null
    },
    {
      "object_kind": "var",
      "config_addr": "module.aci.module.aci_access_leaf_interface_profile_manual.var.name",
      "status": "pass",
      "objects": null
    },
    {
      "object_kind": "var",
      "config_addr": "module.aci.module.aci_vmware_vmm_domain.var.delimiter",
      "status": "pass",
      "objects": null
    },
    {
      "object_kind": "var",
      "config_addr": "module.aci.module.aci_dns_policy.var.mgmt_epg_type",
      "status": "pass",
      "objects": null
    },
    {
      "object_kind": "var",
      "config_addr": "module.aci.module.aci_imported_contract.var.tenant",
      "status": "pass",
      "objects": null
    },
    {
      "object_kind": "var",
      "config_addr": "module.aci.module.aci_ospf_interface_policy.var.name",
      "status": "pass",
      "objects": null
    },
    {
      "object_kind": "var",
      "config_addr": "module.aci.module.aci_useg_endpoint_group.var.contract_intra_epgs",
      "status": "pass",
      "objects": null
    },
    {
      "object_kind": "var",
      "config_addr": "module.aci.module.aci_route_tag_policy.var.description",
      "status": "pass",
      "objects": null
    },
    {
      "object_kind": "var",
      "config_addr": "module.aci.module.aci_cdp_policy.var.name",
      "status": "pass",
      "objects": null
    },
    {
      "object_kind": "var",
      "config_addr": "module.aci.module.aci_fabric_scheduler.var.name",
      "status": "pass",
      "objects": null
    },
    {
      "object_kind": "var",
      "config_addr": "module.aci.module.aci_bfd_ipv6_policy.var.description",
      "status": "pass",
      "objects": null
    },
    {
      "object_kind": "var",
      "config_addr": "module.aci.module.aci_l3out_node_profile_auto.var.bfd_multihop_node_policy",
      "status": "pass",
      "objects": null
    },
    {
      "object_kind": "var",
      "config_addr": "module.aci.module.aci_aaep.var.description",
      "status": "pass",
      "objects": [
        {
          "object_addr": "module.aci.module.aci_aaep[\"ocp_sr_iov_secondary_interfaces\"].var.description",
          "status": "pass"
        }
      ]
    },
    {
      "object_kind": "var",
      "config_addr": "module.aci.module.aci_tacacs.var.mgmt_epg_type",
      "status": "pass",
      "objects": null
    },
    {
      "object_kind": "var",
      "config_addr": "module.aci.module.aci_bgp_timer_policy.var.keepalive_interval",
      "status": "pass",
      "objects": null
    },
    {
      "object_kind": "var",
      "config_addr": "module.aci.module.aci_link_level_policy.var.name",
      "status": "pass",
      "objects": null
    },
    {
      "object_kind": "var",
      "config_addr": "module.aci.module.aci_aaa.var.remote_user_login_policy",
      "status": "pass",
      "objects": null
    },
    {
      "object_kind": "var",
      "config_addr": "module.aci.module.aci_access_spine_interface_policy_group.var.name",
      "status": "pass",
      "objects": null
    },
    {
      "object_kind": "var",
      "config_addr": "module.aci.module.aci_device_selection_policy.var.consumer_bridge_domain_tenant",
      "status": "pass",
      "objects": null
    },
    {
      "object_kind": "var",
      "config_addr": "module.aci.module.aci_vmware_vmm_domain.var.access_mode",
      "status": "pass",
      "objects": null
    },
    {
      "object_kind": "var",
      "config_addr": "module.aci.module.aci_access_spine_switch_profile_manual.var.name",
      "status": "pass",
      "objects": null
    },
    {
      "object_kind": "var",
      "config_addr": "module.aci.module.aci_aaa.var.console_realm",
      "status": "pass",
      "objects": null
    },
    {
      "object_kind": "var",
      "config_addr": "module.aci.module.aci_aaa.var.password_no_change_interval",
      "status": "pass",
      "objects": null
    },
    {
      "object_kind": "var",
      "config_addr": "module.aci.module.aci_redirect_policy.var.name",
      "status": "pass",
      "objects": null
    },
    {
      "object_kind": "var",
      "config_addr": "module.aci.module.aci_date_time_policy.var.ntp_keys",
      "status": "pass",
      "objects": null
    },
    {
      "object_kind": "var",
      "config_addr": "module.aci.module.aci_endpoint_security_group.var.tag_selectors",
      "status": "pass",
      "objects": null
    },
    {
      "object_kind": "var",
      "config_addr": "module.aci.module.aci_leaf_interface_configuration.var.policy_group",
      "status": "pass",
      "objects": null
    },
    {
      "object_kind": "var",
      "config_addr": "module.aci.module.aci_storm_control_policy.var.broadcast_pps",
      "status": "pass",
      "objects": null
    },
    {
      "object_kind": "var",
      "config_addr": "module.aci.module.aci_fabric_leaf_switch_policy_group.var.psu_policy",
      "status": "pass",
      "objects": null
    },
    {
      "object_kind": "var",
      "config_addr": "module.aci.module.aci_tacacs.var.port",
      "status": "pass",
      "objects": null
    },
    {
      "object_kind": "var",
      "config_addr": "module.aci.module.aci_sr_mpls_l3out.var.tenant",
      "status": "pass",
      "objects": null
    },
    {
      "object_kind": "var",
      "config_addr": "module.aci.module.aci_device_selection_policy.var.copy_custom_qos_policy",
      "status": "pass",
      "objects": null
    },
    {
      "object_kind": "var",
      "config_addr": "module.aci.module.aci_imported_contract.var.name",
      "status": "pass",
      "objects": null
    },
    {
      "object_kind": "var",
      "config_addr": "module.aci.module.aci_access_span_destination_group.var.module",
      "status": "pass",
      "objects": null
    },
    {
      "object_kind": "var",
      "config_addr": "module.aci.module.aci_nd_ra_prefix_policy.var.description",
      "status": "pass",
      "objects": null
    },
    {
      "object_kind": "var",
      "config_addr": "module.aci.module.aci_useg_endpoint_group.var.static_leafs",
      "status": "pass",
      "objects": null
    },
    {
      "object_kind": "var",
      "config_addr": "module.aci.module.aci_access_span_filter_group.var.name",
      "status": "pass",
      "objects": null
    },
    {
      "object_kind": "var",
      "config_addr": "module.aci.module.aci_dhcp_relay_policy.var.tenant",
      "status": "pass",
      "objects": null
    },
    {
      "object_kind": "var",
      "config_addr": "module.aci.module.aci_sr_mpls_external_endpoint_group.var.l3out",
      "status": "pass",
      "objects": null
    },
    {
      "object_kind": "var",
      "config_addr": "module.aci.module.aci_l3out_interface_profile_manual.var.ospf_authentication_type",
      "status": "pass",
      "objects": null
    },
    {
      "object_kind": "var",
      "config_addr": "module.aci.module.aci_geolocation.var.buildings",
      "status": "pass",
      "objects": null
    },
    {
      "object_kind": "var",
      "config_addr": "module.aci.module.aci_igmp_interface_policy.var.query_response_interval",
      "status": "pass",
      "objects": null
    },
    {
      "object_kind": "var",
      "config_addr": "module.aci.module.aci_endpoint_security_group.var.application_profile",
      "status": "pass",
      "objects": null
    },
    {
      "object_kind": "var",
      "config_addr": "module.aci.module.aci_device_selection_policy.var.consumer_service_epg_policy",
      "status": "pass",
      "objects": null
    },
    {
      "object_kind": "var",
      "config_addr": "module.aci.module.aci_endpoint_security_group.var.contract_consumers",
      "status": "pass",
      "objects": null
    },
    {
      "object_kind": "var",
      "config_addr": "module.aci.module.aci_useg_endpoint_group.var.contract_masters",
      "status": "pass",
      "objects": null
    },
    {
      "object_kind": "var",
      "config_addr": "module.aci.module.aci_match_rule.var.tenant",
      "status": "pass",
      "objects": null
    },
    {
      "object_kind": "var",
      "config_addr": "module.aci.module.aci_vrf.var.leaked_external_prefixes",
      "status": "unknown",
      "objects": [
        {
          "object_addr": "module.aci.module.aci_vrf[\"tf-vms-1/vrf\"].var.leaked_external_prefixes",
          "status": "unknown"
        }
      ]
    },
    {
      "object_kind": "var",
      "config_addr": "module.aci.module.aci_sr_mpls_l3out.var.ospf_area_type",
      "status": "pass",
      "objects": null
    },
    {
      "object_kind": "var",
      "config_addr": "module.aci.module.aci_l3out.var.vrf",
      "status": "pass",
      "objects": null
    },
    {
      "object_kind": "var",
      "config_addr": "module.aci.module.aci_redirect_policy.var.alias",
      "status": "pass",
      "objects": null
    },
    {
      "object_kind": "var",
      "config_addr": "module.aci.module.aci_eigrp_interface_policy.var.delay",
      "status": "pass",
      "objects": null
    },
    {
      "object_kind": "var",
      "config_addr": "module.aci.module.aci_device_selection_policy.var.consumer_redirect_policy_tenant",
      "status": "pass",
      "objects": null
    },
    {
      "object_kind": "var",
      "config_addr": "module.aci.module.aci_redirect_health_group.var.description",
      "status": "pass",
      "objects": null
    },
    {
      "object_kind": "var",
      "config_addr": "module.aci.module.aci_ospf_timer_policy.var.max_lsa_sleep_interval",
      "status": "pass",
      "objects": null
    },
    {
      "object_kind": "var",
      "config_addr": "module.aci.module.aci_bfd_ipv6_policy.var.min_rx_interval",
      "status": "pass",
      "objects": null
    },
    {
      "object_kind": "var",
      "config_addr": "module.aci.module.aci_nd_interface_policy.var.router_lifetime",
      "status": "pass",
      "objects": null
    },
    {
      "object_kind": "var",
      "config_addr": "module.aci.module.aci_fabric_spine_interface_profile_auto.var.name",
      "status": "pass",
      "objects": null
    },
    {
      "object_kind": "var",
      "config_addr": "module.aci.module.aci_interface_configuration_fex.var.description",
      "status": "pass",
      "objects": null
    },
    {
      "object_kind": "var",
      "config_addr": "module.aci.module.aci_igmp_interface_policy.var.startup_query_interval",
      "status": "pass",
      "objects": null
    },
    {
      "object_kind": "var",
      "config_addr": "module.aci.module.aci_ospf_timer_policy.var.max_lsa_sleep_count",
      "status": "pass",
      "objects": null
    },
    {
      "object_kind": "var",
      "config_addr": "module.aci.module.aci_fabric_span_destination_group.var.description",
      "status": "pass",
      "objects": null
    },
    {
      "object_kind": "var",
      "config_addr": "module.aci.module.aci_ip_sla_policy.var.port",
      "status": "pass",
      "objects": null
    },
    {
      "object_kind": "var",
      "config_addr": "module.aci.module.aci_fabric_scheduler.var.recurring_windows",
      "status": "pass",
      "objects": null
    },
    {
      "object_kind": "var",
      "config_addr": "module.aci.module.aci_l3out_interface_profile_manual.var.igmp_interface_policy",
      "status": "pass",
      "objects": null
    },
    {
      "object_kind": "var",
      "config_addr": "module.aci.module.aci_bfd_ipv4_policy.var.startup_timer_interval",
      "status": "pass",
      "objects": null
    },
    {
      "object_kind": "var",
      "config_addr": "module.aci.module.aci_access_leaf_switch_policy_group.var.bfd_ipv4_policy",
      "status": "pass",
      "objects": null
    },
    {
      "object_kind": "var",
      "config_addr": "module.aci.module.aci_access_leaf_interface_selector_manual.var.interface_profile",
      "status": "pass",
      "objects": null
    },
    {
      "object_kind": "var",
      "config_addr": "module.aci.module.aci_device_selection_policy.var.provider_service_epg_policy",
      "status": "pass",
      "objects": null
    },
    {
      "object_kind": "var",
      "config_addr": "module.aci.module.aci_aaa.var.min_password_length",
      "status": "pass",
      "objects": null
    },
    {
      "object_kind": "var",
      "config_addr": "module.aci.module.aci_ospf_timer_policy.var.tenant",
      "status": "pass",
      "objects": null
    },
    {
      "object_kind": "var",
      "config_addr": "module.aci.module.aci_l3out.var.sr_mpls_infra_l3outs",
      "status": "pass",
      "objects": null
    },
    {
      "object_kind": "var",
      "config_addr": "module.aci.module.aci_access_spine_switch_profile_auto.var.selectors",
      "status": "pass",
      "objects": null
    },
    {
      "object_kind": "var",
      "config_addr": "module.aci.module.aci_external_endpoint_group.var.name",
      "status": "pass",
      "objects": null
    },
    {
      "object_kind": "var",
      "config_addr": "module.aci.module.aci_sr_mpls_l3out_node_profile_manual.var.l3out",
      "status": "pass",
      "objects": null
    },
    {
      "object_kind": "var",
      "config_addr": "module.aci.module.aci_useg_endpoint_group.var.bridge_domain",
      "status": "pass",
      "objects": null
    },
    {
      "object_kind": "var",
      "config_addr": "module.aci.module.aci_igmp_snooping_policy.var.description",
      "status": "pass",
      "objects": null
    },
    {
      "object_kind": "var",
      "config_addr": "module.aci.module.aci_igmp_snooping_policy.var.tenant",
      "status": "pass",
      "objects": null
    },
    {
      "object_kind": "var",
      "config_addr": "module.aci.module.aci_l4l7_device.var.tenant",
      "status": "pass",
      "objects": null
    },
    {
      "object_kind": "var",
      "config_addr": "module.aci.module.aci_application_profile.var.name",
      "status": "pass",
      "objects": [
        {
          "object_addr": "module.aci.module.aci_application_profile[\"tf-vms-1/vms-1\"].var.name",
          "status": "pass"
        },
        {
          "object_addr": "module.aci.module.aci_application_profile[\"tf-vms-1/vms-2\"].var.name",
          "status": "pass"
        }
      ]
    },
    {
      "object_kind": "var",
      "config_addr": "module.aci.module.aci_l3out_interface_profile_auto.var.eigrp_interface_profile_name",
      "status": "pass",
      "objects": null
    },
    {
      "object_kind": "var",
      "config_addr": "module.aci.module.aci_access_span_destination_group.var.application_profile",
      "status": "pass",
      "objects": null
    },
    {
      "object_kind": "var",
      "config_addr": "module.aci.module.aci_redirect_health_group.var.tenant",
      "status": "pass",
      "objects": null
    },
    {
      "object_kind": "var",
      "config_addr": "module.aci.module.aci_oob_contract.var.scope",
      "status": "pass",
      "objects": null
    },
    {
      "object_kind": "var",
      "config_addr": "module.aci.module.aci_fabric_spine_switch_profile_auto.var.selectors",
      "status": "pass",
      "objects": null
    },
    {
      "object_kind": "var",
      "config_addr": "module.aci.module.aci_snmp_policy.var.contact",
      "status": "pass",
      "objects": null
    },
    {
      "object_kind": "var",
      "config_addr": "module.aci.module.aci_oob_contract.var.name",
      "status": "pass",
      "objects": null
    },
    {
      "object_kind": "var",
      "config_addr": "module.aci.module.aci_aaep.var.vmware_vmm_domains",
      "status": "unknown",
      "objects": [
        {
          "object_addr": "module.aci.module.aci_aaep[\"ocp_sr_iov_secondary_interfaces\"].var.vmware_vmm_domains",
          "status": "unknown"
        }
      ]
    },
    {
      "object_kind": "var",
      "config_addr": "module.aci.module.aci_l4l7_device.var.function",
      "status": "pass",
      "objects": null
    },
    {
      "object_kind": "var",
      "config_addr": "module.aci.module.aci_mcp.var.loop_detection",
      "status": "unknown",
      "objects": [
        {
          "object_addr": "module.aci.module.aci_mcp[0].var.loop_detection",
          "status": "unknown"
        }
      ]
    },
    {
      "object_kind": "var",
      "config_addr": "module.aci.module.aci_endpoint_security_group.var.ip_subnet_selectors",
      "status": "pass",
      "objects": null
    },
    {
      "object_kind": "var",
      "config_addr": "module.aci.module.aci_l3out.var.dampening_ipv4_route_map",
      "status": "pass",
      "objects": null
    },
    {
      "object_kind": "var",
      "config_addr": "module.aci.module.aci_infra_dscp_translation_policy.var.level_6",
      "status": "pass",
      "objects": null
    },
    {
      "object_kind": "var",
      "config_addr": "module.aci.module.aci_fabric_pod_profile_auto.var.name",
      "status": "pass",
      "objects": null
    },
    {
      "object_kind": "var",
      "config_addr": "module.aci.module.aci_sr_mpls_l3out.var.dampening_ipv4_route_map",
      "status": "pass",
      "objects": null
    },
    {
      "object_kind": "var",
      "config_addr": "module.aci.module.aci_sr_mpls_l3out.var.interleak_route_map",
      "status": "pass",
      "objects": null
    },
    {
      "object_kind": "var",
      "config_addr": "module.aci.module.aci_access_leaf_interface_selector_auto.var.fex_interface_profile",
      "status": "pass",
      "objects": null
    },
    {
      "object_kind": "var",
      "config_addr": "module.aci.module.aci_vrf.var.name",
      "status": "pass",
      "objects": [
        {
          "object_addr": "module.aci.module.aci_vrf[\"tf-vms-1/vrf\"].var.name",
          "status": "pass"
        }
      ]
    },
    {
      "object_kind": "var",
      "config_addr": "module.aci.module.aci_l3out_interface_profile_manual.var.ospf_authentication_key_id",
      "status": "pass",
      "objects": null
    },
    {
      "object_kind": "var",
      "config_addr": "module.aci.module.aci_storm_control_policy.var.name",
      "status": "pass",
      "objects": null
    },
    {
      "object_kind": "var",
      "config_addr": "module.aci.module.aci_device_selection_policy.var.consumer_bridge_domain",
      "status": "pass",
      "objects": null
    },
    {
      "object_kind": "var",
      "config_addr": "module.aci.module.aci_device_selection_policy.var.provider_bridge_domain",
      "status": "pass",
      "objects": null
    },
    {
      "object_kind": "var",
      "config_addr": "module.aci.module.aci_leaf_interface_configuration.var.module",
      "status": "pass",
      "objects": null
    },
    {
      "object_kind": "var",
      "config_addr": "module.aci.module.aci_storm_control_policy.var.broadcast_rate",
      "status": "pass",
      "objects": null
    },
    {
      "object_kind": "var",
      "config_addr": "module.aci.module.aci_user.var.certificates",
      "status": "pass",
      "objects": null
    },
    {
      "object_kind": "var",
      "config_addr": "module.aci.module.aci_leaf_interface_configuration_sub.var.role",
      "status": "pass",
      "objects": null
    },
    {
      "object_kind": "var",
      "config_addr": "module.aci.module.aci_bfd_ipv4_policy.var.type",
      "status": "pass",
      "objects": null
    },
    {
      "object_kind": "var",
      "config_addr": "module.aci.module.aci_tenant_span_source_group.var.tenant",
      "status": "pass",
      "objects": null
    },
    {
      "object_kind": "var",
      "config_addr": "module.aci.module.aci_physical_domain.var.vlan_pool_allocation",
      "status": "unknown",
      "objects": [
        {
          "object_addr": "module.aci.module.aci_physical_domain[\"ocp_sr_iov-secondary\"].var.vlan_pool_allocation",
          "status": "unknown"
        }
      ]
    },
    {
      "object_kind": "var",
      "config_addr": "module.aci.module.aci_inband_node_address.var.pod_id",
      "status": "pass",
      "objects": null
    },
    {
      "object_kind": "var",
      "config_addr": "module.aci.module.aci_nd_interface_policy.var.retransmit_timer",
      "status": "pass",
      "objects": null
    },
    {
      "object_kind": "var",
      "config_addr": "module.aci.module.aci_access_spine_switch_policy_group.var.bfd_ipv4_policy",
      "status": "pass",
      "objects": null
    },
    {
      "object_kind": "var",
      "config_addr": "module.aci.module.aci_aaep.var.name",
      "status": "pass",
      "objects": [
        {
          "object_addr": "module.aci.module.aci_aaep[\"ocp_sr_iov_secondary_interfaces\"].var.name",
          "status": "pass"
        }
      ]
    },
    {
      "object_kind": "var",
      "config_addr": "module.aci.module.aci_fabric_leaf_switch_profile_manual.var.name",
      "status": "pass",
      "objects": null
    },
    {
      "object_kind": "var",
      "config_addr": "module.aci.module.aci_remote_location.var.name",
      "status": "pass",
      "objects": null
    },
    {
      "object_kind": "var",
      "config_addr": "module.aci.module.aci_l2_mtu_policy.var.name",
      "status": "pass",
      "objects": null
    },
    {
      "object_kind": "var",
      "config_addr": "module.aci.module.aci_sr_mpls_l3out.var.routed_domain",
      "status": "pass",
      "objects": null
    },
    {
      "object_kind": "var",
      "config_addr": "module.aci.module.aci_l3out_node_profile_auto.var.nodes",
      "status": "pass",
      "objects": null
    },
    {
      "object_kind": "var",
      "config_addr": "module.aci.module.aci_l3out_node_profile_manual.var.bgp_peers",
      "status": "pass",
      "objects": null
    },
    {
      "object_kind": "var",
      "config_addr": "module.aci.module.aci_set_rule.var.dampening_half_life",
      "status": "pass",
      "objects": null
    },
    {
      "object_kind": "var",
      "config_addr": "module.aci.module.aci_access_span_destination_group.var.flow_id",
      "status": "pass",
      "objects": null
    },
    {
      "object_kind": "var",
      "config_addr": "module.aci.module.aci_fabric_scheduler.var.description",
      "status": "pass",
      "objects": null
    },
    {
      "object_kind": "var",
      "config_addr": "module.aci.module.aci_access_leaf_switch_configuration.var.fabric_policy_group",
      "status": "pass",
      "objects": null
    },
    {
      "object_kind": "var",
      "config_addr": "module.aci.module.aci_leaf_interface_configuration_sub.var.breakout",
      "status": "pass",
      "objects": null
    },
    {
      "object_kind": "var",
      "config_addr": "module.aci.module.aci_access_span_source_group.var.filter_group",
      "status": "pass",
      "objects": null
    },
    {
      "object_kind": "var",
      "config_addr": "module.aci.module.aci_sr_mpls_external_endpoint_group.var.description",
      "status": "pass",
      "objects": null
    },
    {
      "object_kind": "var",
      "config_addr": "module.aci.module.aci_aaa.var.web_session_idle_timeout",
      "status": "pass",
      "objects": null
    },
    {
      "object_kind": "var",
      "config_addr": "module.aci.module.aci_sr_mpls_l3out_interface_profile_manual.var.tenant",
      "status": "pass",
      "objects": null
    },
    {
      "object_kind": "var",
      "config_addr": "module.aci.module.aci_access_fex_interface_profile_manual.var.name",
      "status": "pass",
      "objects": null
    },
    {
      "object_kind": "var",
      "config_addr": "module.aci.module.aci_vrf.var.pim_ssm_group_range_multicast_route_map",
      "status": "unknown",
      "objects": [
        {
          "object_addr": "module.aci.module.aci_vrf[\"tf-vms-1/vrf\"].var.pim_ssm_group_range_multicast_route_map",
          "status": "unknown"
        }
      ]
    },
    {
      "object_kind": "var",
      "config_addr": "module.aci.module.aci_l3out_node_profile_auto.var.tenant",
      "status": "pass",
      "objects": null
    },
    {
      "object_kind": "var",
      "config_addr": "module.aci.module.aci_trust_control_policy.var.name",
      "status": "pass",
      "objects": null
    },
    {
      "object_kind": "var",
      "config_addr": "module.aci.module.aci_access_span_source_group.var.destination_description",
      "status": "pass",
      "objects": null
    },
    {
      "object_kind": "var",
      "config_addr": "module.aci.module.aci_pod_setup.var.pod_id",
      "status": "pass",
      "objects": null
    },
    {
      "object_kind": "var",
      "config_addr": "module.aci.module.aci_track_list.var.weight_up",
      "status": "pass",
      "objects": null
    },
    {
      "object_kind": "var",
      "config_addr": "module.aci.module.aci_spine_fabric_interface_configuration.var.port",
      "status": "pass",
      "objects": null
    },
    {
      "object_kind": "var",
      "config_addr": "module.aci.module.aci_l4l7_device.var.service_type",
      "status": "pass",
      "objects": null
    },
    {
      "object_kind": "var",
      "config_addr": "module.aci.module.aci_login_domain.var.auth_choice",
      "status": "pass",
      "objects": null
    },
    {
      "object_kind": "var",
      "config_addr": "module.aci.module.aci_bfd_ipv4_policy.var.echo_rx_interval",
      "status": "pass",
      "objects": null
    },
    {
      "object_kind": "var",
      "config_addr": "module.aci.module.aci_remote_location.var.username",
      "status": "pass",
      "objects": null
    },
    {
      "object_kind": "var",
      "config_addr": "module.aci.module.aci_endpoint_loop_protection.var.detection_multiplier",
      "status": "pass",
      "objects": null
    },
    {
      "object_kind": "var",
      "config_addr": "module.aci.module.aci_useg_endpoint_group.var.contract_providers",
      "status": "pass",
      "objects": null
    },
    {
      "object_kind": "var",
      "config_addr": "module.aci.module.aci_external_endpoint_group.var.contract_imported_consumers",
      "status": "pass",
      "objects": null
    },
    {
      "object_kind": "var",
      "config_addr": "module.aci.module.aci_radius.var.retries",
      "status": "pass",
      "objects": null
    },
    {
      "object_kind": "var",
      "config_addr": "module.aci.module.aci_bfd_ipv6_policy.var.name",
      "status": "pass",
      "objects": null
    },
    {
      "object_kind": "var",
      "config_addr": "module.aci.module.aci_device_selection_policy.var.provider_external_endpoint_group",
      "status": "pass",
      "objects": null
    },
    {
      "object_kind": "var",
      "config_addr": "module.aci.module.aci_sr_mpls_l3out.var.import_route_map_description",
      "status": "pass",
      "objects": null
    },
    {
      "object_kind": "var",
      "config_addr": "module.aci.module.aci_ospf_timer_policy.var.lsa_arrival_interval",
      "status": "pass",
      "objects": null
    },
    {
      "object_kind": "var",
      "config_addr": "module.aci.module.aci_leaf_interface_configuration.var.sub_port",
      "status": "pass",
      "objects": null
    },
    {
      "object_kind": "var",
      "config_addr": "module.aci.module.aci_bgp_timer_policy.var.description",
      "status": "pass",
      "objects": null
    },
    {
      "object_kind": "var",
      "config_addr": "module.aci.module.aci_match_rule.var.community_terms",
      "status": "pass",
      "objects": null
    },
    {
      "object_kind": "var",
      "config_addr": "module.aci.module.aci_access_leaf_switch_profile_manual.var.interface_profiles",
      "status": "pass",
      "objects": null
    },
    {
      "object_kind": "var",
      "config_addr": "module.aci.module.aci_pim_policy.var.hello_interval",
      "status": "pass",
      "objects": null
    },
    {
      "object_kind": "var",
      "config_addr": "module.aci.module.aci_endpoint_group.var.application_profile",
      "status": "pass",
      "objects": [
        {
          "object_addr": "module.aci.module.aci_endpoint_group[\"tf-vms-1/vms-1/vlan-3712\"].var.application_profile",
          "status": "pass"
        },
        {
          "object_addr": "module.aci.module.aci_endpoint_group[\"tf-vms-1/vms-2/vlan-3713\"].var.application_profile",
          "status": "pass"
        },
        {
          "object_addr": "module.aci.module.aci_endpoint_group[\"tf-vms-1/vms-2/vlan-3714\"].var.application_profile",
          "status": "pass"
        },
        {
          "object_addr": "module.aci.module.aci_endpoint_group[\"tf-vms-1/vms-2/vlan-3715\"].var.application_profile",
          "status": "pass"
        },
        {
          "object_addr": "module.aci.module.aci_endpoint_group[\"tf-vms-1/vms-1/vlan-3710\"].var.application_profile",
          "status": "pass"
        },
        {
          "object_addr": "module.aci.module.aci_endpoint_group[\"tf-vms-1/vms-1/vlan-3711\"].var.application_profile",
          "status": "pass"
        }
      ]
    },
    {
      "object_kind": "var",
      "config_addr": "module.aci.module.aci_qos.var.qos_classes",
      "status": "unknown",
      "objects": [
        {
          "object_addr": "module.aci.module.aci_qos[0].var.qos_classes",
          "status": "unknown"
        }
      ]
    },
    {
      "object_kind": "var",
      "config_addr": "module.aci.module.aci_igmp_interface_policy.var.version_",
      "status": "pass",
      "objects": null
    },
    {
      "object_kind": "var",
      "config_addr": "module.aci.module.aci_access_span_destination_group.var.node_id",
      "status": "pass",
      "objects": null
    },
    {
      "object_kind": "var",
      "config_addr": "module.aci.module.aci_nd_ra_prefix_policy.var.name",
      "status": "pass",
      "objects": null
    },
    {
      "object_kind": "var",
      "config_addr": "module.aci.module.aci_spine_fabric_interface_configuration.var.sub_port",
      "status": "pass",
      "objects": null
    },
    {
      "object_kind": "var",
      "config_addr": "module.aci.module.aci_mcp_policy.var.name",
      "status": "pass",
      "objects": null
    },
    {
      "object_kind": "var",
      "config_addr": "module.aci.module.aci_access_leaf_interface_policy_group.var.mcp_policy",
      "status": "pass",
      "objects": null
    },
    {
      "object_kind": "var",
      "config_addr": "module.aci.module.aci_spine_interface_configuration.var.port",
      "status": "pass",
      "objects": null
    },
    {
      "object_kind": "var",
      "config_addr": "module.aci.module.aci_bgp_peer_prefix_policy.var.description",
      "status": "pass",
      "objects": null
    },
    {
      "object_kind": "var",
      "config_addr": "module.aci.module.aci_fabric_leaf_switch_configuration.var.node_id",
      "status": "pass",
      "objects": null
    },
    {
      "object_kind": "var",
      "config_addr": "module.aci.module.aci_nd_interface_policy.var.reachable_time",
      "status": "pass",
      "objects": null
    },
    {
      "object_kind": "var",
      "config_addr": "module.aci.module.aci_nd_ra_prefix_policy.var.tenant",
      "status": "pass",
      "objects": null
    },
    {
      "object_kind": "var",
      "config_addr": "module.aci.module.aci_storm_control_policy.var.rate_pps",
      "status": "pass",
      "objects": null
    },
    {
      "object_kind": "var",
      "config_addr": "module.aci.module.aci_ospf_timer_policy.var.spf_init_interval",
      "status": "pass",
      "objects": null
    },
    {
      "object_kind": "var",
      "config_addr": "module.aci.module.aci_dns_policy.var.mgmt_epg_name",
      "status": "pass",
      "objects": null
    },
    {
      "object_kind": "var",
      "config_addr": "module.aci.module.aci_mst_policy.var.instances",
      "status": "pass",
      "objects": null
    },
    {
      "object_kind": "var",
      "config_addr": "module.aci.module.aci_ospf_timer_policy.var.lsa_start_interval",
      "status": "pass",
      "objects": null
    },
    {
      "object_kind": "var",
      "config_addr": "module.aci.module.aci_sr_mpls_l3out.var.ospf_area",
      "status": "pass",
      "objects": null
    },
    {
      "object_kind": "var",
      "config_addr": "module.aci.module.aci_external_endpoint_group.var.route_control_profiles",
      "status": "pass",
      "objects": null
    },
    {
      "object_kind": "var",
      "config_addr": "module.aci.module.aci_fabric_spine_switch_profile_auto.var.name",
      "status": "pass",
      "objects": null
    },
    {
      "object_kind": "var",
      "config_addr": "module.aci.module.aci_fabric_pod_policy_group.var.management_access_policy",
      "status": "pass",
      "objects": null
    },
    {
      "object_kind": "var",
      "config_addr": "module.aci.module.aci_ptp.var.profile",
      "status": "pass",
      "objects": null
    },
    {
      "object_kind": "var",
      "config_addr": "module.aci.module.aci_igmp_interface_policy.var.state_limit_multicast_route_map",
      "status": "pass",
      "objects": null
    },
    {
      "object_kind": "var",
      "config_addr": "module.aci.module.aci_access_spine_switch_profile_auto.var.interface_profiles",
      "status": "pass",
      "objects": null
    },
    {
      "object_kind": "var",
      "config_addr": "module.aci.module.aci_management_access_policy.var.http_port",
      "status": "pass",
      "objects": null
    },
    {
      "object_kind": "var",
      "config_addr": "module.aci.module.aci_eigrp_interface_policy.var.bandwidth",
      "status": "pass",
      "objects": null
    },
    {
      "object_kind": "var",
      "config_addr": "module.aci.module.aci_aaa.var.password_history_count",
      "status": "pass",
      "objects": null
    },
    {
      "object_kind": "var",
      "config_addr": "module.aci.module.aci_routed_domain.var.vlan_pool",
      "status": "unknown",
      "objects": [
        {
          "object_addr": "module.aci.module.aci_routed_domain[\"ocp_sr_iov-secondary\"].var.vlan_pool",
          "status": "unknown"
        }
      ]
    },
    {
      "object_kind": "var",
      "config_addr": "module.aci.module.aci_route_control_route_map.var.description",
      "status": "pass",
      "objects": null
    },
    {
      "object_kind": "var",
      "config_addr": "module.aci.module.aci_fabric_pod_profile_auto.var.selectors",
      "status": "pass",
      "objects": null
    },
    {
      "object_kind": "var",
      "config_addr": "module.aci.module.aci_redirect_policy.var.max_threshold",
      "status": "pass",
      "objects": null
    },
    {
      "object_kind": "var",
      "config_addr": "module.aci.module.aci_leaf_interface_configuration_sub.var.description",
      "status": "pass",
      "objects": null
    },
    {
      "object_kind": "var",
      "config_addr": "module.aci.module.aci_l3out_interface_profile_auto.var.eigrp_keychain_policy",
      "status": "pass",
      "objects": null
    },
    {
      "object_kind": "var",
      "config_addr": "module.aci.module.aci_spine_fabric_interface_configuration.var.module",
      "status": "pass",
      "objects": null
    },
    {
      "object_kind": "var",
      "config_addr": "module.aci.module.aci_access_leaf_interface_selector_auto.var.name",
      "status": "pass",
      "objects": null
    },
    {
      "object_kind": "var",
      "config_addr": "module.aci.module.aci_user.var.description",
      "status": "pass",
      "objects": null
    },
    {
      "object_kind": "var",
      "config_addr": "module.aci.module.aci_monitoring_policy.var.snmp_trap_policies",
      "status": "pass",
      "objects": null
    },
    {
      "object_kind": "var",
      "config_addr": "module.aci.module.aci_l4l7_device.var.concrete_devices",
      "status": "pass",
      "objects": null
    },
    {
      "object_kind": "var",
      "config_addr": "module.aci.module.aci_aaep.var.routed_domains",
      "status": "unknown",
      "objects": [
        {
          "object_addr": "module.aci.module.aci_aaep[\"ocp_sr_iov_secondary_interfaces\"].var.routed_domains",
          "status": "unknown"
        }
      ]
    },
    {
      "object_kind": "var",
      "config_addr": "module.aci.module.aci_l3out_interface_profile_auto.var.qos_class",
      "status": "pass",
      "objects": null
    },
    {
      "object_kind": "var",
      "config_addr": "module.aci.module.aci_leaf_fabric_interface_configuration.var.module",
      "status": "pass",
      "objects": null
    },
    {
      "object_kind": "var",
      "config_addr": "module.aci.module.aci_bfd_multihop_node_policy.var.min_tx_interval",
      "status": "pass",
      "objects": null
    },
    {
      "object_kind": "var",
      "config_addr": "module.aci.module.aci_leaf_interface_configuration_sub.var.node_id",
      "status": "pass",
      "objects": null
    },
    {
      "object_kind": "var",
      "config_addr": "module.aci.module.aci_bgp_peer_prefix_policy.var.threshold",
      "status": "pass",
      "objects": null
    },
    {
      "object_kind": "var",
      "config_addr": "module.aci.module.aci_vrf.var.pim_asm_traffic_registry_max_rate",
      "status": "unknown",
      "objects": [
        {
          "object_addr": "module.aci.module.aci_vrf[\"tf-vms-1/vrf\"].var.pim_asm_traffic_registry_max_rate",
          "status": "unknown"
        }
      ]
    },
    {
      "object_kind": "var",
      "config_addr": "module.aci.module.aci_sr_mpls_l3out_interface_profile_manual.var.ospf_authentication_type",
      "status": "pass",
      "objects": null
    },
    {
      "object_kind": "var",
      "config_addr": "module.aci.module.aci_inband_endpoint_group.var.static_routes",
      "status": "pass",
      "objects": null
    },
    {
      "object_kind": "var",
      "config_addr": "module.aci.module.aci_external_endpoint_group.var.target_dscp",
      "status": "pass",
      "objects": null
    },
    {
      "object_kind": "var",
      "config_addr": "module.aci.module.aci_radius.var.port",
      "status": "pass",
      "objects": null
    },
    {
      "object_kind": "var",
      "config_addr": "module.aci.module.aci_vspan_session.var.description",
      "status": "pass",
      "objects": null
    },
    {
      "object_kind": "var",
      "config_addr": "module.aci.module.aci_sr_mpls_external_endpoint_group.var.alias",
      "status": "pass",
      "objects": null
    },
    {
      "object_kind": "var",
      "config_addr": "module.aci.module.aci_radius.var.mgmt_epg_type",
      "status": "pass",
      "objects": null
    },
    {
      "object_kind": "var",
      "config_addr": "module.aci.module.aci_port_channel_policy.var.max_links",
      "status": "pass",
      "objects": null
    },
    {
      "object_kind": "var",
      "config_addr": "module.aci.module.aci_dhcp_relay_policy.var.name",
      "status": "pass",
      "objects": null
    },
    {
      "object_kind": "var",
      "config_addr": "module.aci.module.aci_ip_sla_policy.var.tenant",
      "status": "pass",
      "objects": null
    },
    {
      "object_kind": "var",
      "config_addr": "module.aci.module.aci_l3out_interface_profile_auto.var.node_profile",
      "status": "pass",
      "objects": null
    },
    {
      "object_kind": "var",
      "config_addr": "module.aci.module.aci_fabric_leaf_switch_configuration.var.role",
      "status": "pass",
      "objects": null
    },
    {
      "object_kind": "var",
      "config_addr": "module.aci.module.aci_l3out_interface_profile_auto.var.ospf_interface_profile_name",
      "status": "pass",
      "objects": null
    },
    {
      "object_kind": "var",
      "config_addr": "module.aci.module.aci_interface_configuration_fex.var.sub_port",
      "status": "pass",
      "objects": null
    },
    {
      "object_kind": "var",
      "config_addr": "module.aci.module.aci_endpoint_security_group.var.contract_providers",
      "status": "pass",
      "objects": null
    },
    {
      "object_kind": "var",
      "config_addr": "module.aci.module.aci_filter.var.entries",
      "status": "pass",
      "objects": null
    },
    {
      "object_kind": "var",
      "config_addr": "module.aci.module.aci_interface_type.var.node_id",
      "status": "pass",
      "objects": null
    },
    {
      "object_kind": "var",
      "config_addr": "module.aci.module.aci_bfd_ipv6_policy.var.detection_multiplier",
      "status": "pass",
      "objects": null
    },
    {
      "object_kind": "var",
      "config_addr": "module.aci.module.aci_contract.var.target_dscp",
      "status": "pass",
      "objects": null
    },
    {
      "object_kind": "var",
      "config_addr": "module.aci.module.aci_set_rule.var.tenant",
      "status": "pass",
      "objects": null
    },
    {
      "object_kind": "var",
      "config_addr": "module.aci.module.aci_endpoint_group.var.qos_class",
      "status": "pass",
      "objects": [
        {
          "object_addr": "module.aci.module.aci_endpoint_group[\"tf-vms-1/vms-2/vlan-3713\"].var.qos_class",
          "status": "pass"
        },
        {
          "object_addr": "module.aci.module.aci_endpoint_group[\"tf-vms-1/vms-2/vlan-3714\"].var.qos_class",
          "status": "pass"
        },
        {
          "object_addr": "module.aci.module.aci_endpoint_group[\"tf-vms-1/vms-2/vlan-3715\"].var.qos_class",
          "status": "pass"
        },
        {
          "object_addr": "module.aci.module.aci_endpoint_group[\"tf-vms-1/vms-1/vlan-3710\"].var.qos_class",
          "status": "pass"
        },
        {
          "object_addr": "module.aci.module.aci_endpoint_group[\"tf-vms-1/vms-1/vlan-3711\"].var.qos_class",
          "status": "pass"
        },
        {
          "object_addr": "module.aci.module.aci_endpoint_group[\"tf-vms-1/vms-1/vlan-3712\"].var.qos_class",
          "status": "pass"
        }
      ]
    },
    {
      "object_kind": "var",
      "config_addr": "module.aci.module.aci_contract.var.qos_class",
      "status": "pass",
      "objects": null
    },
    {
      "object_kind": "var",
      "config_addr": "module.aci.module.aci_access_leaf_interface_selector_auto.var.port_blocks",
      "status": "pass",
      "objects": null
    },
    {
      "object_kind": "var",
      "config_addr": "module.aci.module.aci_vmware_vmm_domain.var.vswitch_cdp_policy",
      "status": "pass",
      "objects": null
    },
    {
      "object_kind": "var",
      "config_addr": "module.aci.module.aci_access_span_destination_group.var.ttl",
      "status": "pass",
      "objects": null
    },
    {
      "object_kind": "var",
      "config_addr": "module.aci.module.aci_storm_control_policy.var.multicast_pps",
      "status": "pass",
      "objects": null
    },
    {
      "object_kind": "var",
      "config_addr": "module.aci.module.aci_sr_mpls_l3out_interface_profile_manual.var.qos_class",
      "status": "pass",
      "objects": null
    },
    {
      "object_kind": "var",
      "config_addr": "module.aci.module.aci_access_leaf_switch_profile_auto.var.name",
      "status": "pass",
      "objects": null
    },
    {
      "object_kind": "var",
      "config_addr": "module.aci.module.aci_node_control_policy.var.name",
      "status": "pass",
      "objects": null
    },
    {
      "object_kind": "var",
      "config_addr": "module.aci.module.aci_vrf.var.bgp_ipv4_import_route_target",
      "status": "unknown",
      "objects": [
        {
          "object_addr": "module.aci.module.aci_vrf[\"tf-vms-1/vrf\"].var.bgp_ipv4_import_route_target",
          "status": "unknown"
        }
      ]
    },
    {
      "object_kind": "var",
      "config_addr": "module.aci.module.aci_access_leaf_interface_selector_manual.var.policy_group",
      "status": "pass",
      "objects": null
    },
    {
      "object_kind": "var",
      "config_addr": "module.aci.module.aci_infra_dhcp_relay_policy.var.tenant",
      "status": "pass",
      "objects": null
    },
    {
      "object_kind": "var",
      "config_addr": "module.aci.module.aci_ospf_interface_policy.var.description",
      "status": "pass",
      "objects": null
    },
    {
      "object_kind": "var",
      "config_addr": "module.aci.module.aci_igmp_interface_policy.var.querier_timeout",
      "status": "pass",
      "objects": null
    },
    {
      "object_kind": "var",
      "config_addr": "module.aci.module.aci_oob_contract.var.subjects",
      "status": "pass",
      "objects": null
    },
    {
      "object_kind": "var",
      "config_addr": "module.aci.module.aci_sr_mpls_l3out_node_profile_manual.var.nodes",
      "status": "pass",
      "objects": null
    },
    {
      "object_kind": "var",
      "config_addr": "module.aci.module.aci_l3out_interface_profile_auto.var.bfd_policy",
      "status": "pass",
      "objects": null
    },
    {
      "object_kind": "var",
      "config_addr": "module.aci.module.aci_bfd_interface_policy.var.min_tx_interval",
      "status": "pass",
      "objects": null
    },
    {
      "object_kind": "var",
      "config_addr": "module.aci.module.aci_l3out_interface_profile_manual.var.interfaces",
      "status": "pass",
      "objects": null
    },
    {
      "object_kind": "var",
      "config_addr": "module.aci.module.aci_set_rule.var.metric_type",
      "status": "pass",
      "objects": null
    },
    {
      "object_kind": "var",
      "config_addr": "module.aci.module.aci_vmware_vmm_domain.var.vcenters",
      "status": "pass",
      "objects": null
    },
    {
      "object_kind": "var",
      "config_addr": "module.aci.module.aci_syslog_policy.var.description",
      "status": "pass",
      "objects": null
    },
    {
      "object_kind": "var",
      "config_addr": "module.aci.module.aci_vrf.var.dns_labels",
      "status": "unknown",
      "objects": [
        {
          "object_addr": "module.aci.module.aci_vrf[\"tf-vms-1/vrf\"].var.dns_labels",
          "status": "unknown"
        }
      ]
    },
    {
      "object_kind": "var",
      "config_addr": "module.aci.module.aci_vmware_vmm_domain.var.name",
      "status": "pass",
      "objects": null
    },
    {
      "object_kind": "var",
      "config_addr": "module.aci.module.aci_routed_domain.var.name",
      "status": "pass",
      "objects": [
        {
          "object_addr": "module.aci.module.aci_routed_domain[\"ocp_sr_iov-secondary\"].var.name",
          "status": "pass"
        }
      ]
    },
    {
      "object_kind": "var",
      "config_addr": "module.aci.module.aci_service_graph_template.var.tenant",
      "status": "pass",
      "objects": null
    },
    {
      "object_kind": "var",
      "config_addr": "module.aci.module.aci_tenant_span_destination_group.var.destination_application_profile",
      "status": "pass",
      "objects": null
    },
    {
      "object_kind": "var",
      "config_addr": "module.aci.module.aci_l3out_interface_profile_auto.var.pim_policy",
      "status": "pass",
      "objects": null
    },
    {
      "object_kind": "var",
      "config_addr": "module.aci.module.aci_interface_type.var.pod_id",
      "status": "pass",
      "objects": null
    },
    {
      "object_kind": "var",
      "config_addr": "module.aci.module.aci_access_span_destination_group.var.port",
      "status": "pass",
      "objects": null
    },
    {
      "object_kind": "var",
      "config_addr": "module.aci.module.aci_l3out_interface_profile_auto.var.igmp_interface_policy",
      "status": "pass",
      "objects": null
    },
    {
      "object_kind": "var",
      "config_addr": "module.aci.module.aci_date_time_format.var.display_format",
      "status": "pass",
      "objects": null
    },
    {
      "object_kind": "var",
      "config_addr": "module.aci.module.aci_storm_control_policy.var.unknown_unicast_burst_rate",
      "status": "pass",
      "objects": null
    },
    {
      "object_kind": "var",
      "config_addr": "module.aci.module.aci_useg_endpoint_group.var.custom_qos_policy",
      "status": "pass",
      "objects": null
    }
  ]
}
